{
  "version": 4,
  "terraform_version": "1.5.7",
  "serial": 962,
  "lineage": "6c524404-9309-28b6-5aff-6049ec736db4",
  "outputs": {},
  "resources": [
    {
      "module": "module.os_policy",
      "mode": "data",
      "type": "google_compute_zones",
      "name": "this",
      "provider": "provider[\"registry.terraform.io/hashicorp/google\"]",
      "instances": [
        {
          "index_key": "asia-northeast3",
          "schema_version": 0,
          "attributes": {
            "id": "projects/swit-alpha/regions/asia-northeast3",
            "names": [
              "asia-northeast3-a",
              "asia-northeast3-b",
              "asia-northeast3-c"
            ],
            "project": "swit-alpha",
            "region": "asia-northeast3",
            "status": null
          },
          "sensitive_attributes": []
        },
        {
          "index_key": "us-west1",
          "schema_version": 0,
          "attributes": {
            "id": "projects/swit-alpha/regions/us-west1",
            "names": [
              "us-west1-a",
              "us-west1-b",
              "us-west1-c"
            ],
            "project": "swit-alpha",
            "region": "us-west1",
            "status": null
          },
          "sensitive_attributes": []
        }
      ]
    },
    {
      "module": "module.os_policy",
      "mode": "data",
      "type": "google_project",
      "name": "default",
      "provider": "provider[\"registry.terraform.io/hashicorp/google\"]",
      "instances": [
        {
          "schema_version": 0,
          "attributes": {
            "auto_create_network": null,
            "billing_account": "01197D-D4ABFB-FF02C6",
            "effective_labels": {
              "target": "true"
            },
            "folder_id": "293253156891",
            "id": "projects/swit-alpha",
            "labels": {
              "target": "true"
            },
            "name": "swit-alpha",
            "number": "316604776272",
            "org_id": "",
            "project_id": "swit-alpha",
            "skip_delete": null,
            "terraform_labels": {
              "target": "true"
            }
          },
          "sensitive_attributes": []
        }
      ]
    },
    {
      "module": "module.os_policy",
      "mode": "managed",
      "type": "google_compute_project_metadata",
      "name": "default",
      "provider": "provider[\"registry.terraform.io/hashicorp/google\"]",
      "instances": [
        {
          "schema_version": 0,
          "attributes": {
            "id": "swit-alpha",
            "metadata": {
              "enable-os-inventory": "true",
              "enable-osconfig": "true",
              "enable-oslogin": "true"
            },
            "project": "swit-alpha",
            "timeouts": null
          },
          "sensitive_attributes": [],
          "private": "eyJlMmJmYjczMC1lY2FhLTExZTYtOGY4OC0zNDM2M2JjN2M0YzAiOnsiY3JlYXRlIjoyNDAwMDAwMDAwMDAsImRlbGV0ZSI6MjQwMDAwMDAwMDAwfX0=",
          "dependencies": [
            "module.os_policy.data.google_project.default"
          ]
        }
      ]
    },
    {
      "module": "module.os_policy",
      "mode": "managed",
      "type": "google_os_config_os_policy_assignment",
      "name": "history",
      "provider": "provider[\"registry.terraform.io/hashicorp/google\"]",
      "instances": [
        {
          "index_key": "asia-northeast3-a",
          "schema_version": 0,
          "attributes": {
            "baseline": true,
            "deleted": false,
            "description": "",
            "etag": "d57b1a2b-f948-42c6-a7ea-d610194aa346",
            "id": "projects/swit-alpha/locations/asia-northeast3-a/osPolicyAssignments/asia-northeast3-a-history",
            "instance_filter": [
              {
                "all": false,
                "exclusion_labels": [
                  {
                    "labels": {
                      "goog-gke-node": ""
                    }
                  },
                  {
                    "labels": {
                      "serverless-vpc-access": "swit-alpha-serverless-uw1"
                    }
                  }
                ],
                "inclusion_labels": [],
                "inventories": []
              }
            ],
            "location": "asia-northeast3-a",
            "name": "asia-northeast3-a-history",
            "os_policies": [
              {
                "allow_no_resource_group_match": false,
                "description": "",
                "id": "history",
                "mode": "ENFORCEMENT",
                "resource_groups": [
                  {
                    "inventory_filters": [
                      {
                        "os_short_name": "debian",
                        "os_version": "10"
                      },
                      {
                        "os_short_name": "debian",
                        "os_version": "11"
                      },
                      {
                        "os_short_name": "debian",
                        "os_version": "12"
                      },
                      {
                        "os_short_name": "rocky",
                        "os_version": "8.*"
                      },
                      {
                        "os_short_name": "rocky",
                        "os_version": "9.*"
                      },
                      {
                        "os_short_name": "ubuntu",
                        "os_version": "20.04"
                      },
                      {
                        "os_short_name": "ubuntu",
                        "os_version": "22.04"
                      }
                    ],
                    "resources": [
                      {
                        "exec": [
                          {
                            "enforce": [
                              {
                                "args": [],
                                "file": [],
                                "interpreter": "SHELL",
                                "output_file_path": "",
                                "script": "cat \u003c\u003c EOF | sudo tee /etc/profile.d/history.sh\nfunction logging {\n  LOGGING_LAST_COMMAND=\\$(history 1 | sed 's/^[ ]*[0-9]*[ ]*//')\n  LOGGING_WHO=\\$(whoami)\n  logger -p local0.notice -t history \"\\$LOGGING_WHO COMMAND: \\$LOGGING_LAST_COMMAND\"\n}\n\nPROMPT_COMMAND=\"logging\"\nEOF\ncat \u003c\u003c EOF | sudo tee /etc/rsyslog.d/89-history.conf\nlocal0.notice /var/log/messages\nEOF\nsudo systemctl restart rsyslog\nif [ ! -f /var/log/messages ] ; then\n  sudo touch /var/log/messages\nfi\nsudo chown root:adm /var/log/messages\nsudo chmod 640 /var/log/messages\nexit 100\n"
                              }
                            ],
                            "validate": [
                              {
                                "args": [],
                                "file": [],
                                "interpreter": "SHELL",
                                "output_file_path": "",
                                "script": "if [ ! -f /etc/profile.d/history.sh ] ; then\n  exit 101\nelif [ \"$(sudo stat -c %a /etc/profile.d/history.sh)\" != \"644\" ] ; then\n  exit 101\nelif [ ! -f /etc/rsyslog.d/89-history.conf ] ; then\n  exit 101\nelif [ \"$(sudo stat -c %a /etc/rsyslog.d/89-history.conf)\" != \"644\" ] ; then\n  exit 101\nelse\n  exit 100\nfi\n"
                              }
                            ]
                          }
                        ],
                        "file": [],
                        "id": "configuration",
                        "pkg": [],
                        "repository": []
                      }
                    ]
                  }
                ]
              }
            ],
            "project": "swit-alpha",
            "reconciling": false,
            "revision_create_time": "2024-03-31T16:12:13.224534Z",
            "revision_id": "222374a9-b092-42c0-a469-fd997c2bcb98",
            "rollout": [
              {
                "disruption_budget": [
                  {
                    "fixed": 0,
                    "percent": 100
                  }
                ],
                "min_wait_duration": "0s"
              }
            ],
            "rollout_state": "SUCCEEDED",
            "skip_await_rollout": true,
            "timeouts": null,
            "uid": "8580d1a0-6b66-4f04-966e-5edc47911745"
          },
          "sensitive_attributes": [],
          "private": "eyJlMmJmYjczMC1lY2FhLTExZTYtOGY4OC0zNDM2M2JjN2M0YzAiOnsiY3JlYXRlIjoxMjAwMDAwMDAwMDAwLCJkZWxldGUiOjEyMDAwMDAwMDAwMDAsInVwZGF0ZSI6MTIwMDAwMDAwMDAwMH19",
          "dependencies": [
            "module.os_policy.data.google_compute_zones.this",
            "module.os_policy.data.google_project.default"
          ]
        },
        {
          "index_key": "asia-northeast3-b",
          "schema_version": 0,
          "attributes": {
            "baseline": true,
            "deleted": false,
            "description": "",
            "etag": "7e16072d-0c9d-4ce9-bb0c-7d03cd461366",
            "id": "projects/swit-alpha/locations/asia-northeast3-b/osPolicyAssignments/asia-northeast3-b-history",
            "instance_filter": [
              {
                "all": false,
                "exclusion_labels": [
                  {
                    "labels": {
                      "goog-gke-node": ""
                    }
                  },
                  {
                    "labels": {
                      "serverless-vpc-access": "swit-alpha-serverless-uw1"
                    }
                  }
                ],
                "inclusion_labels": [],
                "inventories": []
              }
            ],
            "location": "asia-northeast3-b",
            "name": "asia-northeast3-b-history",
            "os_policies": [
              {
                "allow_no_resource_group_match": false,
                "description": "",
                "id": "history",
                "mode": "ENFORCEMENT",
                "resource_groups": [
                  {
                    "inventory_filters": [
                      {
                        "os_short_name": "debian",
                        "os_version": "10"
                      },
                      {
                        "os_short_name": "debian",
                        "os_version": "11"
                      },
                      {
                        "os_short_name": "debian",
                        "os_version": "12"
                      },
                      {
                        "os_short_name": "rocky",
                        "os_version": "8.*"
                      },
                      {
                        "os_short_name": "rocky",
                        "os_version": "9.*"
                      },
                      {
                        "os_short_name": "ubuntu",
                        "os_version": "20.04"
                      },
                      {
                        "os_short_name": "ubuntu",
                        "os_version": "22.04"
                      }
                    ],
                    "resources": [
                      {
                        "exec": [
                          {
                            "enforce": [
                              {
                                "args": [],
                                "file": [],
                                "interpreter": "SHELL",
                                "output_file_path": "",
                                "script": "cat \u003c\u003c EOF | sudo tee /etc/profile.d/history.sh\nfunction logging {\n  LOGGING_LAST_COMMAND=\\$(history 1 | sed 's/^[ ]*[0-9]*[ ]*//')\n  LOGGING_WHO=\\$(whoami)\n  logger -p local0.notice -t history \"\\$LOGGING_WHO COMMAND: \\$LOGGING_LAST_COMMAND\"\n}\n\nPROMPT_COMMAND=\"logging\"\nEOF\ncat \u003c\u003c EOF | sudo tee /etc/rsyslog.d/89-history.conf\nlocal0.notice /var/log/messages\nEOF\nsudo systemctl restart rsyslog\nif [ ! -f /var/log/messages ] ; then\n  sudo touch /var/log/messages\nfi\nsudo chown root:adm /var/log/messages\nsudo chmod 640 /var/log/messages\nexit 100\n"
                              }
                            ],
                            "validate": [
                              {
                                "args": [],
                                "file": [],
                                "interpreter": "SHELL",
                                "output_file_path": "",
                                "script": "if [ ! -f /etc/profile.d/history.sh ] ; then\n  exit 101\nelif [ \"$(sudo stat -c %a /etc/profile.d/history.sh)\" != \"644\" ] ; then\n  exit 101\nelif [ ! -f /etc/rsyslog.d/89-history.conf ] ; then\n  exit 101\nelif [ \"$(sudo stat -c %a /etc/rsyslog.d/89-history.conf)\" != \"644\" ] ; then\n  exit 101\nelse\n  exit 100\nfi\n"
                              }
                            ]
                          }
                        ],
                        "file": [],
                        "id": "configuration",
                        "pkg": [],
                        "repository": []
                      }
                    ]
                  }
                ]
              }
            ],
            "project": "swit-alpha",
            "reconciling": false,
            "revision_create_time": "2024-03-31T16:12:13.110103Z",
            "revision_id": "d7ef9cc2-197b-4303-adb5-2965df1749e1",
            "rollout": [
              {
                "disruption_budget": [
                  {
                    "fixed": 0,
                    "percent": 100
                  }
                ],
                "min_wait_duration": "0s"
              }
            ],
            "rollout_state": "SUCCEEDED",
            "skip_await_rollout": true,
            "timeouts": null,
            "uid": "3e7c67ba-7df2-4aa4-a6e9-892383ea0eb0"
          },
          "sensitive_attributes": [],
          "private": "eyJlMmJmYjczMC1lY2FhLTExZTYtOGY4OC0zNDM2M2JjN2M0YzAiOnsiY3JlYXRlIjoxMjAwMDAwMDAwMDAwLCJkZWxldGUiOjEyMDAwMDAwMDAwMDAsInVwZGF0ZSI6MTIwMDAwMDAwMDAwMH19",
          "dependencies": [
            "module.os_policy.data.google_compute_zones.this",
            "module.os_policy.data.google_project.default"
          ]
        },
        {
          "index_key": "asia-northeast3-c",
          "schema_version": 0,
          "attributes": {
            "baseline": true,
            "deleted": false,
            "description": "",
            "etag": "fbe9f9b3-6eeb-453b-a067-bfe9d13a09a5",
            "id": "projects/swit-alpha/locations/asia-northeast3-c/osPolicyAssignments/asia-northeast3-c-history",
            "instance_filter": [
              {
                "all": false,
                "exclusion_labels": [
                  {
                    "labels": {
                      "goog-gke-node": ""
                    }
                  },
                  {
                    "labels": {
                      "serverless-vpc-access": "swit-alpha-serverless-uw1"
                    }
                  }
                ],
                "inclusion_labels": [],
                "inventories": []
              }
            ],
            "location": "asia-northeast3-c",
            "name": "asia-northeast3-c-history",
            "os_policies": [
              {
                "allow_no_resource_group_match": false,
                "description": "",
                "id": "history",
                "mode": "ENFORCEMENT",
                "resource_groups": [
                  {
                    "inventory_filters": [
                      {
                        "os_short_name": "debian",
                        "os_version": "10"
                      },
                      {
                        "os_short_name": "debian",
                        "os_version": "11"
                      },
                      {
                        "os_short_name": "debian",
                        "os_version": "12"
                      },
                      {
                        "os_short_name": "rocky",
                        "os_version": "8.*"
                      },
                      {
                        "os_short_name": "rocky",
                        "os_version": "9.*"
                      },
                      {
                        "os_short_name": "ubuntu",
                        "os_version": "20.04"
                      },
                      {
                        "os_short_name": "ubuntu",
                        "os_version": "22.04"
                      }
                    ],
                    "resources": [
                      {
                        "exec": [
                          {
                            "enforce": [
                              {
                                "args": [],
                                "file": [],
                                "interpreter": "SHELL",
                                "output_file_path": "",
                                "script": "cat \u003c\u003c EOF | sudo tee /etc/profile.d/history.sh\nfunction logging {\n  LOGGING_LAST_COMMAND=\\$(history 1 | sed 's/^[ ]*[0-9]*[ ]*//')\n  LOGGING_WHO=\\$(whoami)\n  logger -p local0.notice -t history \"\\$LOGGING_WHO COMMAND: \\$LOGGING_LAST_COMMAND\"\n}\n\nPROMPT_COMMAND=\"logging\"\nEOF\ncat \u003c\u003c EOF | sudo tee /etc/rsyslog.d/89-history.conf\nlocal0.notice /var/log/messages\nEOF\nsudo systemctl restart rsyslog\nif [ ! -f /var/log/messages ] ; then\n  sudo touch /var/log/messages\nfi\nsudo chown root:adm /var/log/messages\nsudo chmod 640 /var/log/messages\nexit 100\n"
                              }
                            ],
                            "validate": [
                              {
                                "args": [],
                                "file": [],
                                "interpreter": "SHELL",
                                "output_file_path": "",
                                "script": "if [ ! -f /etc/profile.d/history.sh ] ; then\n  exit 101\nelif [ \"$(sudo stat -c %a /etc/profile.d/history.sh)\" != \"644\" ] ; then\n  exit 101\nelif [ ! -f /etc/rsyslog.d/89-history.conf ] ; then\n  exit 101\nelif [ \"$(sudo stat -c %a /etc/rsyslog.d/89-history.conf)\" != \"644\" ] ; then\n  exit 101\nelse\n  exit 100\nfi\n"
                              }
                            ]
                          }
                        ],
                        "file": [],
                        "id": "configuration",
                        "pkg": [],
                        "repository": []
                      }
                    ]
                  }
                ]
              }
            ],
            "project": "swit-alpha",
            "reconciling": false,
            "revision_create_time": "2024-03-31T16:12:13.213369Z",
            "revision_id": "40ac377c-8068-478e-9d17-1ecf7ab13303",
            "rollout": [
              {
                "disruption_budget": [
                  {
                    "fixed": 0,
                    "percent": 100
                  }
                ],
                "min_wait_duration": "0s"
              }
            ],
            "rollout_state": "SUCCEEDED",
            "skip_await_rollout": true,
            "timeouts": null,
            "uid": "d2a8885d-3692-41b2-b6df-274ae54d7e49"
          },
          "sensitive_attributes": [],
          "private": "eyJlMmJmYjczMC1lY2FhLTExZTYtOGY4OC0zNDM2M2JjN2M0YzAiOnsiY3JlYXRlIjoxMjAwMDAwMDAwMDAwLCJkZWxldGUiOjEyMDAwMDAwMDAwMDAsInVwZGF0ZSI6MTIwMDAwMDAwMDAwMH19",
          "dependencies": [
            "module.os_policy.data.google_compute_zones.this",
            "module.os_policy.data.google_project.default"
          ]
        },
        {
          "index_key": "us-west1-a",
          "schema_version": 0,
          "attributes": {
            "baseline": true,
            "deleted": false,
            "description": "",
            "etag": "0505eb38-bdfc-4a14-bc2b-fc6a712ae092",
            "id": "projects/swit-alpha/locations/us-west1-a/osPolicyAssignments/us-west1-a-history",
            "instance_filter": [
              {
                "all": false,
                "exclusion_labels": [
                  {
                    "labels": {
                      "goog-gke-node": ""
                    }
                  },
                  {
                    "labels": {
                      "serverless-vpc-access": "swit-alpha-serverless-uw1"
                    }
                  }
                ],
                "inclusion_labels": [],
                "inventories": []
              }
            ],
            "location": "us-west1-a",
            "name": "us-west1-a-history",
            "os_policies": [
              {
                "allow_no_resource_group_match": false,
                "description": "",
                "id": "history",
                "mode": "ENFORCEMENT",
                "resource_groups": [
                  {
                    "inventory_filters": [
                      {
                        "os_short_name": "debian",
                        "os_version": "10"
                      },
                      {
                        "os_short_name": "debian",
                        "os_version": "11"
                      },
                      {
                        "os_short_name": "debian",
                        "os_version": "12"
                      },
                      {
                        "os_short_name": "rocky",
                        "os_version": "8.*"
                      },
                      {
                        "os_short_name": "rocky",
                        "os_version": "9.*"
                      },
                      {
                        "os_short_name": "ubuntu",
                        "os_version": "20.04"
                      },
                      {
                        "os_short_name": "ubuntu",
                        "os_version": "22.04"
                      }
                    ],
                    "resources": [
                      {
                        "exec": [
                          {
                            "enforce": [
                              {
                                "args": [],
                                "file": [],
                                "interpreter": "SHELL",
                                "output_file_path": "",
                                "script": "cat \u003c\u003c EOF | sudo tee /etc/profile.d/history.sh\nfunction logging {\n  LOGGING_LAST_COMMAND=\\$(history 1 | sed 's/^[ ]*[0-9]*[ ]*//')\n  LOGGING_WHO=\\$(whoami)\n  logger -p local0.notice -t history \"\\$LOGGING_WHO COMMAND: \\$LOGGING_LAST_COMMAND\"\n}\n\nPROMPT_COMMAND=\"logging\"\nEOF\ncat \u003c\u003c EOF | sudo tee /etc/rsyslog.d/89-history.conf\nlocal0.notice /var/log/messages\nEOF\nsudo systemctl restart rsyslog\nif [ ! -f /var/log/messages ] ; then\n  sudo touch /var/log/messages\nfi\nsudo chown root:adm /var/log/messages\nsudo chmod 640 /var/log/messages\nexit 100\n"
                              }
                            ],
                            "validate": [
                              {
                                "args": [],
                                "file": [],
                                "interpreter": "SHELL",
                                "output_file_path": "",
                                "script": "if [ ! -f /etc/profile.d/history.sh ] ; then\n  exit 101\nelif [ \"$(sudo stat -c %a /etc/profile.d/history.sh)\" != \"644\" ] ; then\n  exit 101\nelif [ ! -f /etc/rsyslog.d/89-history.conf ] ; then\n  exit 101\nelif [ \"$(sudo stat -c %a /etc/rsyslog.d/89-history.conf)\" != \"644\" ] ; then\n  exit 101\nelse\n  exit 100\nfi\n"
                              }
                            ]
                          }
                        ],
                        "file": [],
                        "id": "configuration",
                        "pkg": [],
                        "repository": []
                      }
                    ]
                  }
                ]
              }
            ],
            "project": "swit-alpha",
            "reconciling": false,
            "revision_create_time": "2024-03-31T16:12:12.582407Z",
            "revision_id": "5a8b5007-79d5-484e-aaeb-6face30a808e",
            "rollout": [
              {
                "disruption_budget": [
                  {
                    "fixed": 0,
                    "percent": 100
                  }
                ],
                "min_wait_duration": "0s"
              }
            ],
            "rollout_state": "SUCCEEDED",
            "skip_await_rollout": true,
            "timeouts": null,
            "uid": "5fe08971-d368-4e0f-a86e-ce1976e3ff1e"
          },
          "sensitive_attributes": [],
          "private": "eyJlMmJmYjczMC1lY2FhLTExZTYtOGY4OC0zNDM2M2JjN2M0YzAiOnsiY3JlYXRlIjoxMjAwMDAwMDAwMDAwLCJkZWxldGUiOjEyMDAwMDAwMDAwMDAsInVwZGF0ZSI6MTIwMDAwMDAwMDAwMH19",
          "dependencies": [
            "module.os_policy.data.google_compute_zones.this",
            "module.os_policy.data.google_project.default"
          ]
        },
        {
          "index_key": "us-west1-b",
          "schema_version": 0,
          "attributes": {
            "baseline": true,
            "deleted": false,
            "description": "",
            "etag": "7ce6a5e3-8f0f-4b98-8bb7-bcc5fac59c05",
            "id": "projects/swit-alpha/locations/us-west1-b/osPolicyAssignments/us-west1-b-history",
            "instance_filter": [
              {
                "all": false,
                "exclusion_labels": [
                  {
                    "labels": {
                      "goog-gke-node": ""
                    }
                  },
                  {
                    "labels": {
                      "serverless-vpc-access": "swit-alpha-serverless-uw1"
                    }
                  }
                ],
                "inclusion_labels": [],
                "inventories": []
              }
            ],
            "location": "us-west1-b",
            "name": "us-west1-b-history",
            "os_policies": [
              {
                "allow_no_resource_group_match": false,
                "description": "",
                "id": "history",
                "mode": "ENFORCEMENT",
                "resource_groups": [
                  {
                    "inventory_filters": [
                      {
                        "os_short_name": "debian",
                        "os_version": "10"
                      },
                      {
                        "os_short_name": "debian",
                        "os_version": "11"
                      },
                      {
                        "os_short_name": "debian",
                        "os_version": "12"
                      },
                      {
                        "os_short_name": "rocky",
                        "os_version": "8.*"
                      },
                      {
                        "os_short_name": "rocky",
                        "os_version": "9.*"
                      },
                      {
                        "os_short_name": "ubuntu",
                        "os_version": "20.04"
                      },
                      {
                        "os_short_name": "ubuntu",
                        "os_version": "22.04"
                      }
                    ],
                    "resources": [
                      {
                        "exec": [
                          {
                            "enforce": [
                              {
                                "args": [],
                                "file": [],
                                "interpreter": "SHELL",
                                "output_file_path": "",
                                "script": "cat \u003c\u003c EOF | sudo tee /etc/profile.d/history.sh\nfunction logging {\n  LOGGING_LAST_COMMAND=\\$(history 1 | sed 's/^[ ]*[0-9]*[ ]*//')\n  LOGGING_WHO=\\$(whoami)\n  logger -p local0.notice -t history \"\\$LOGGING_WHO COMMAND: \\$LOGGING_LAST_COMMAND\"\n}\n\nPROMPT_COMMAND=\"logging\"\nEOF\ncat \u003c\u003c EOF | sudo tee /etc/rsyslog.d/89-history.conf\nlocal0.notice /var/log/messages\nEOF\nsudo systemctl restart rsyslog\nif [ ! -f /var/log/messages ] ; then\n  sudo touch /var/log/messages\nfi\nsudo chown root:adm /var/log/messages\nsudo chmod 640 /var/log/messages\nexit 100\n"
                              }
                            ],
                            "validate": [
                              {
                                "args": [],
                                "file": [],
                                "interpreter": "SHELL",
                                "output_file_path": "",
                                "script": "if [ ! -f /etc/profile.d/history.sh ] ; then\n  exit 101\nelif [ \"$(sudo stat -c %a /etc/profile.d/history.sh)\" != \"644\" ] ; then\n  exit 101\nelif [ ! -f /etc/rsyslog.d/89-history.conf ] ; then\n  exit 101\nelif [ \"$(sudo stat -c %a /etc/rsyslog.d/89-history.conf)\" != \"644\" ] ; then\n  exit 101\nelse\n  exit 100\nfi\n"
                              }
                            ]
                          }
                        ],
                        "file": [],
                        "id": "configuration",
                        "pkg": [],
                        "repository": []
                      }
                    ]
                  }
                ]
              }
            ],
            "project": "swit-alpha",
            "reconciling": false,
            "revision_create_time": "2024-03-31T16:12:12.559061Z",
            "revision_id": "8bb40701-cddf-4f2f-ac9b-29a6a3398876",
            "rollout": [
              {
                "disruption_budget": [
                  {
                    "fixed": 0,
                    "percent": 100
                  }
                ],
                "min_wait_duration": "0s"
              }
            ],
            "rollout_state": "SUCCEEDED",
            "skip_await_rollout": true,
            "timeouts": null,
            "uid": "2205ed98-c566-44d4-832d-98ad5ad889b7"
          },
          "sensitive_attributes": [],
          "private": "eyJlMmJmYjczMC1lY2FhLTExZTYtOGY4OC0zNDM2M2JjN2M0YzAiOnsiY3JlYXRlIjoxMjAwMDAwMDAwMDAwLCJkZWxldGUiOjEyMDAwMDAwMDAwMDAsInVwZGF0ZSI6MTIwMDAwMDAwMDAwMH19",
          "dependencies": [
            "module.os_policy.data.google_compute_zones.this",
            "module.os_policy.data.google_project.default"
          ]
        },
        {
          "index_key": "us-west1-c",
          "schema_version": 0,
          "attributes": {
            "baseline": true,
            "deleted": false,
            "description": "",
            "etag": "b638ea43-8717-43b6-b57b-cea8cfbf898a",
            "id": "projects/swit-alpha/locations/us-west1-c/osPolicyAssignments/us-west1-c-history",
            "instance_filter": [
              {
                "all": false,
                "exclusion_labels": [
                  {
                    "labels": {
                      "goog-gke-node": ""
                    }
                  },
                  {
                    "labels": {
                      "serverless-vpc-access": "swit-alpha-serverless-uw1"
                    }
                  }
                ],
                "inclusion_labels": [],
                "inventories": []
              }
            ],
            "location": "us-west1-c",
            "name": "us-west1-c-history",
            "os_policies": [
              {
                "allow_no_resource_group_match": false,
                "description": "",
                "id": "history",
                "mode": "ENFORCEMENT",
                "resource_groups": [
                  {
                    "inventory_filters": [
                      {
                        "os_short_name": "debian",
                        "os_version": "10"
                      },
                      {
                        "os_short_name": "debian",
                        "os_version": "11"
                      },
                      {
                        "os_short_name": "debian",
                        "os_version": "12"
                      },
                      {
                        "os_short_name": "rocky",
                        "os_version": "8.*"
                      },
                      {
                        "os_short_name": "rocky",
                        "os_version": "9.*"
                      },
                      {
                        "os_short_name": "ubuntu",
                        "os_version": "20.04"
                      },
                      {
                        "os_short_name": "ubuntu",
                        "os_version": "22.04"
                      }
                    ],
                    "resources": [
                      {
                        "exec": [
                          {
                            "enforce": [
                              {
                                "args": [],
                                "file": [],
                                "interpreter": "SHELL",
                                "output_file_path": "",
                                "script": "cat \u003c\u003c EOF | sudo tee /etc/profile.d/history.sh\nfunction logging {\n  LOGGING_LAST_COMMAND=\\$(history 1 | sed 's/^[ ]*[0-9]*[ ]*//')\n  LOGGING_WHO=\\$(whoami)\n  logger -p local0.notice -t history \"\\$LOGGING_WHO COMMAND: \\$LOGGING_LAST_COMMAND\"\n}\n\nPROMPT_COMMAND=\"logging\"\nEOF\ncat \u003c\u003c EOF | sudo tee /etc/rsyslog.d/89-history.conf\nlocal0.notice /var/log/messages\nEOF\nsudo systemctl restart rsyslog\nif [ ! -f /var/log/messages ] ; then\n  sudo touch /var/log/messages\nfi\nsudo chown root:adm /var/log/messages\nsudo chmod 640 /var/log/messages\nexit 100\n"
                              }
                            ],
                            "validate": [
                              {
                                "args": [],
                                "file": [],
                                "interpreter": "SHELL",
                                "output_file_path": "",
                                "script": "if [ ! -f /etc/profile.d/history.sh ] ; then\n  exit 101\nelif [ \"$(sudo stat -c %a /etc/profile.d/history.sh)\" != \"644\" ] ; then\n  exit 101\nelif [ ! -f /etc/rsyslog.d/89-history.conf ] ; then\n  exit 101\nelif [ \"$(sudo stat -c %a /etc/rsyslog.d/89-history.conf)\" != \"644\" ] ; then\n  exit 101\nelse\n  exit 100\nfi\n"
                              }
                            ]
                          }
                        ],
                        "file": [],
                        "id": "configuration",
                        "pkg": [],
                        "repository": []
                      }
                    ]
                  }
                ]
              }
            ],
            "project": "swit-alpha",
            "reconciling": false,
            "revision_create_time": "2024-03-31T16:12:12.450901Z",
            "revision_id": "9876c32c-cdc4-40a4-a265-44471d0c002e",
            "rollout": [
              {
                "disruption_budget": [
                  {
                    "fixed": 0,
                    "percent": 100
                  }
                ],
                "min_wait_duration": "0s"
              }
            ],
            "rollout_state": "SUCCEEDED",
            "skip_await_rollout": true,
            "timeouts": null,
            "uid": "cdbe8b80-5af0-4bbe-b5de-178c2a34e998"
          },
          "sensitive_attributes": [],
          "private": "eyJlMmJmYjczMC1lY2FhLTExZTYtOGY4OC0zNDM2M2JjN2M0YzAiOnsiY3JlYXRlIjoxMjAwMDAwMDAwMDAwLCJkZWxldGUiOjEyMDAwMDAwMDAwMDAsInVwZGF0ZSI6MTIwMDAwMDAwMDAwMH19",
          "dependencies": [
            "module.os_policy.data.google_compute_zones.this",
            "module.os_policy.data.google_project.default"
          ]
        }
      ]
    },
    {
      "module": "module.os_policy",
      "mode": "managed",
      "type": "google_os_config_os_policy_assignment",
      "name": "hostname",
      "provider": "provider[\"registry.terraform.io/hashicorp/google\"]",
      "instances": [
        {
          "index_key": "asia-northeast3-a",
          "schema_version": 0,
          "attributes": {
            "baseline": true,
            "deleted": false,
            "description": "",
            "etag": "4f71c778-91af-4d74-b5e6-4fdc3b7d68c1",
            "id": "projects/swit-alpha/locations/asia-northeast3-a/osPolicyAssignments/asia-northeast3-a-hostname",
            "instance_filter": [
              {
                "all": false,
                "exclusion_labels": [
                  {
                    "labels": {
                      "goog-gke-node": ""
                    }
                  },
                  {
                    "labels": {
                      "serverless-vpc-access": "swit-alpha-serverless-uw1"
                    }
                  }
                ],
                "inclusion_labels": [],
                "inventories": []
              }
            ],
            "location": "asia-northeast3-a",
            "name": "asia-northeast3-a-hostname",
            "os_policies": [
              {
                "allow_no_resource_group_match": false,
                "description": "",
                "id": "hostname",
                "mode": "ENFORCEMENT",
                "resource_groups": [
                  {
                    "inventory_filters": [
                      {
                        "os_short_name": "debian",
                        "os_version": "10"
                      },
                      {
                        "os_short_name": "debian",
                        "os_version": "11"
                      },
                      {
                        "os_short_name": "debian",
                        "os_version": "12"
                      },
                      {
                        "os_short_name": "rocky",
                        "os_version": "8.*"
                      },
                      {
                        "os_short_name": "rocky",
                        "os_version": "9.*"
                      },
                      {
                        "os_short_name": "ubuntu",
                        "os_version": "20.04"
                      },
                      {
                        "os_short_name": "ubuntu",
                        "os_version": "22.04"
                      }
                    ],
                    "resources": [
                      {
                        "exec": [
                          {
                            "enforce": [
                              {
                                "args": [],
                                "file": [],
                                "interpreter": "SHELL",
                                "output_file_path": "",
                                "script": "METADATA_HOSTNAME=$(curl -H \"Metadata-Flavor: Google\" \"http://metadata.google.internal/computeMetadata/v1/instance/name\")\nsudo hostnamectl set-hostname \"$METADATA_HOSTNAME\"\nexit 100\n"
                              }
                            ],
                            "validate": [
                              {
                                "args": [],
                                "file": [],
                                "interpreter": "SHELL",
                                "output_file_path": "",
                                "script": "METADATA_HOSTNAME=$(curl -H \"Metadata-Flavor: Google\" \"http://metadata.google.internal/computeMetadata/v1/instance/name\")\nHOSTNAME=$(hostname)\nif [ \"$METADATA_HOSTNAME\" != \"$HOSTNAME\" ] ; then\n  exit 101\nelse\n  exit 100\nfi\n"
                              }
                            ]
                          }
                        ],
                        "file": [],
                        "id": "configuration",
                        "pkg": [],
                        "repository": []
                      }
                    ]
                  }
                ]
              }
            ],
            "project": "swit-alpha",
            "reconciling": false,
            "revision_create_time": "2024-03-31T13:53:37.698245Z",
            "revision_id": "403e0997-e920-4d13-b9c4-77efa83560b5",
            "rollout": [
              {
                "disruption_budget": [
                  {
                    "fixed": 0,
                    "percent": 100
                  }
                ],
                "min_wait_duration": "0s"
              }
            ],
            "rollout_state": "SUCCEEDED",
            "skip_await_rollout": true,
            "timeouts": null,
            "uid": "ce1b8b05-0360-4b3e-8537-8dccdbebd084"
          },
          "sensitive_attributes": [],
          "private": "eyJlMmJmYjczMC1lY2FhLTExZTYtOGY4OC0zNDM2M2JjN2M0YzAiOnsiY3JlYXRlIjoxMjAwMDAwMDAwMDAwLCJkZWxldGUiOjEyMDAwMDAwMDAwMDAsInVwZGF0ZSI6MTIwMDAwMDAwMDAwMH19",
          "dependencies": [
            "module.os_policy.data.google_compute_zones.this",
            "module.os_policy.data.google_project.default"
          ]
        },
        {
          "index_key": "asia-northeast3-b",
          "schema_version": 0,
          "attributes": {
            "baseline": true,
            "deleted": false,
            "description": "",
            "etag": "366527b7-4afa-4f0a-95d5-88f86754ff97",
            "id": "projects/swit-alpha/locations/asia-northeast3-b/osPolicyAssignments/asia-northeast3-b-hostname",
            "instance_filter": [
              {
                "all": false,
                "exclusion_labels": [
                  {
                    "labels": {
                      "goog-gke-node": ""
                    }
                  },
                  {
                    "labels": {
                      "serverless-vpc-access": "swit-alpha-serverless-uw1"
                    }
                  }
                ],
                "inclusion_labels": [],
                "inventories": []
              }
            ],
            "location": "asia-northeast3-b",
            "name": "asia-northeast3-b-hostname",
            "os_policies": [
              {
                "allow_no_resource_group_match": false,
                "description": "",
                "id": "hostname",
                "mode": "ENFORCEMENT",
                "resource_groups": [
                  {
                    "inventory_filters": [
                      {
                        "os_short_name": "debian",
                        "os_version": "10"
                      },
                      {
                        "os_short_name": "debian",
                        "os_version": "11"
                      },
                      {
                        "os_short_name": "debian",
                        "os_version": "12"
                      },
                      {
                        "os_short_name": "rocky",
                        "os_version": "8.*"
                      },
                      {
                        "os_short_name": "rocky",
                        "os_version": "9.*"
                      },
                      {
                        "os_short_name": "ubuntu",
                        "os_version": "20.04"
                      },
                      {
                        "os_short_name": "ubuntu",
                        "os_version": "22.04"
                      }
                    ],
                    "resources": [
                      {
                        "exec": [
                          {
                            "enforce": [
                              {
                                "args": [],
                                "file": [],
                                "interpreter": "SHELL",
                                "output_file_path": "",
                                "script": "METADATA_HOSTNAME=$(curl -H \"Metadata-Flavor: Google\" \"http://metadata.google.internal/computeMetadata/v1/instance/name\")\nsudo hostnamectl set-hostname \"$METADATA_HOSTNAME\"\nexit 100\n"
                              }
                            ],
                            "validate": [
                              {
                                "args": [],
                                "file": [],
                                "interpreter": "SHELL",
                                "output_file_path": "",
                                "script": "METADATA_HOSTNAME=$(curl -H \"Metadata-Flavor: Google\" \"http://metadata.google.internal/computeMetadata/v1/instance/name\")\nHOSTNAME=$(hostname)\nif [ \"$METADATA_HOSTNAME\" != \"$HOSTNAME\" ] ; then\n  exit 101\nelse\n  exit 100\nfi\n"
                              }
                            ]
                          }
                        ],
                        "file": [],
                        "id": "configuration",
                        "pkg": [],
                        "repository": []
                      }
                    ]
                  }
                ]
              }
            ],
            "project": "swit-alpha",
            "reconciling": false,
            "revision_create_time": "2024-03-31T13:53:38.510005Z",
            "revision_id": "a17295ce-f9e4-4f17-8d60-37fe20423a11",
            "rollout": [
              {
                "disruption_budget": [
                  {
                    "fixed": 0,
                    "percent": 100
                  }
                ],
                "min_wait_duration": "0s"
              }
            ],
            "rollout_state": "SUCCEEDED",
            "skip_await_rollout": true,
            "timeouts": null,
            "uid": "73286184-75c2-45c8-b953-efb98d85d767"
          },
          "sensitive_attributes": [],
          "private": "eyJlMmJmYjczMC1lY2FhLTExZTYtOGY4OC0zNDM2M2JjN2M0YzAiOnsiY3JlYXRlIjoxMjAwMDAwMDAwMDAwLCJkZWxldGUiOjEyMDAwMDAwMDAwMDAsInVwZGF0ZSI6MTIwMDAwMDAwMDAwMH19",
          "dependencies": [
            "module.os_policy.data.google_compute_zones.this",
            "module.os_policy.data.google_project.default"
          ]
        },
        {
          "index_key": "asia-northeast3-c",
          "schema_version": 0,
          "attributes": {
            "baseline": true,
            "deleted": false,
            "description": "",
            "etag": "e77ed102-1d21-487e-91fb-22604c9e9284",
            "id": "projects/swit-alpha/locations/asia-northeast3-c/osPolicyAssignments/asia-northeast3-c-hostname",
            "instance_filter": [
              {
                "all": false,
                "exclusion_labels": [
                  {
                    "labels": {
                      "goog-gke-node": ""
                    }
                  },
                  {
                    "labels": {
                      "serverless-vpc-access": "swit-alpha-serverless-uw1"
                    }
                  }
                ],
                "inclusion_labels": [],
                "inventories": []
              }
            ],
            "location": "asia-northeast3-c",
            "name": "asia-northeast3-c-hostname",
            "os_policies": [
              {
                "allow_no_resource_group_match": false,
                "description": "",
                "id": "hostname",
                "mode": "ENFORCEMENT",
                "resource_groups": [
                  {
                    "inventory_filters": [
                      {
                        "os_short_name": "debian",
                        "os_version": "10"
                      },
                      {
                        "os_short_name": "debian",
                        "os_version": "11"
                      },
                      {
                        "os_short_name": "debian",
                        "os_version": "12"
                      },
                      {
                        "os_short_name": "rocky",
                        "os_version": "8.*"
                      },
                      {
                        "os_short_name": "rocky",
                        "os_version": "9.*"
                      },
                      {
                        "os_short_name": "ubuntu",
                        "os_version": "20.04"
                      },
                      {
                        "os_short_name": "ubuntu",
                        "os_version": "22.04"
                      }
                    ],
                    "resources": [
                      {
                        "exec": [
                          {
                            "enforce": [
                              {
                                "args": [],
                                "file": [],
                                "interpreter": "SHELL",
                                "output_file_path": "",
                                "script": "METADATA_HOSTNAME=$(curl -H \"Metadata-Flavor: Google\" \"http://metadata.google.internal/computeMetadata/v1/instance/name\")\nsudo hostnamectl set-hostname \"$METADATA_HOSTNAME\"\nexit 100\n"
                              }
                            ],
                            "validate": [
                              {
                                "args": [],
                                "file": [],
                                "interpreter": "SHELL",
                                "output_file_path": "",
                                "script": "METADATA_HOSTNAME=$(curl -H \"Metadata-Flavor: Google\" \"http://metadata.google.internal/computeMetadata/v1/instance/name\")\nHOSTNAME=$(hostname)\nif [ \"$METADATA_HOSTNAME\" != \"$HOSTNAME\" ] ; then\n  exit 101\nelse\n  exit 100\nfi\n"
                              }
                            ]
                          }
                        ],
                        "file": [],
                        "id": "configuration",
                        "pkg": [],
                        "repository": []
                      }
                    ]
                  }
                ]
              }
            ],
            "project": "swit-alpha",
            "reconciling": false,
            "revision_create_time": "2024-03-31T13:53:37.614039Z",
            "revision_id": "b31ae2f3-e158-4375-9326-e82c5eed8862",
            "rollout": [
              {
                "disruption_budget": [
                  {
                    "fixed": 0,
                    "percent": 100
                  }
                ],
                "min_wait_duration": "0s"
              }
            ],
            "rollout_state": "SUCCEEDED",
            "skip_await_rollout": true,
            "timeouts": null,
            "uid": "fb5c089e-b5e4-4d92-94e0-8f81d18916bd"
          },
          "sensitive_attributes": [],
          "private": "eyJlMmJmYjczMC1lY2FhLTExZTYtOGY4OC0zNDM2M2JjN2M0YzAiOnsiY3JlYXRlIjoxMjAwMDAwMDAwMDAwLCJkZWxldGUiOjEyMDAwMDAwMDAwMDAsInVwZGF0ZSI6MTIwMDAwMDAwMDAwMH19",
          "dependencies": [
            "module.os_policy.data.google_compute_zones.this",
            "module.os_policy.data.google_project.default"
          ]
        },
        {
          "index_key": "us-west1-a",
          "schema_version": 0,
          "attributes": {
            "baseline": true,
            "deleted": false,
            "description": "",
            "etag": "8e1afaaa-8dc8-4d15-aa3b-2def22bac1fd",
            "id": "projects/swit-alpha/locations/us-west1-a/osPolicyAssignments/us-west1-a-hostname",
            "instance_filter": [
              {
                "all": false,
                "exclusion_labels": [
                  {
                    "labels": {
                      "goog-gke-node": ""
                    }
                  },
                  {
                    "labels": {
                      "serverless-vpc-access": "swit-alpha-serverless-uw1"
                    }
                  }
                ],
                "inclusion_labels": [],
                "inventories": []
              }
            ],
            "location": "us-west1-a",
            "name": "us-west1-a-hostname",
            "os_policies": [
              {
                "allow_no_resource_group_match": false,
                "description": "",
                "id": "hostname",
                "mode": "ENFORCEMENT",
                "resource_groups": [
                  {
                    "inventory_filters": [
                      {
                        "os_short_name": "debian",
                        "os_version": "10"
                      },
                      {
                        "os_short_name": "debian",
                        "os_version": "11"
                      },
                      {
                        "os_short_name": "debian",
                        "os_version": "12"
                      },
                      {
                        "os_short_name": "rocky",
                        "os_version": "8.*"
                      },
                      {
                        "os_short_name": "rocky",
                        "os_version": "9.*"
                      },
                      {
                        "os_short_name": "ubuntu",
                        "os_version": "20.04"
                      },
                      {
                        "os_short_name": "ubuntu",
                        "os_version": "22.04"
                      }
                    ],
                    "resources": [
                      {
                        "exec": [
                          {
                            "enforce": [
                              {
                                "args": [],
                                "file": [],
                                "interpreter": "SHELL",
                                "output_file_path": "",
                                "script": "METADATA_HOSTNAME=$(curl -H \"Metadata-Flavor: Google\" \"http://metadata.google.internal/computeMetadata/v1/instance/name\")\nsudo hostnamectl set-hostname \"$METADATA_HOSTNAME\"\nexit 100\n"
                              }
                            ],
                            "validate": [
                              {
                                "args": [],
                                "file": [],
                                "interpreter": "SHELL",
                                "output_file_path": "",
                                "script": "METADATA_HOSTNAME=$(curl -H \"Metadata-Flavor: Google\" \"http://metadata.google.internal/computeMetadata/v1/instance/name\")\nHOSTNAME=$(hostname)\nif [ \"$METADATA_HOSTNAME\" != \"$HOSTNAME\" ] ; then\n  exit 101\nelse\n  exit 100\nfi\n"
                              }
                            ]
                          }
                        ],
                        "file": [],
                        "id": "configuration",
                        "pkg": [],
                        "repository": []
                      }
                    ]
                  }
                ]
              }
            ],
            "project": "swit-alpha",
            "reconciling": false,
            "revision_create_time": "2024-03-31T13:53:38.270476Z",
            "revision_id": "9d4dc52a-e9a0-44a0-aae2-dc130a4fa03d",
            "rollout": [
              {
                "disruption_budget": [
                  {
                    "fixed": 0,
                    "percent": 100
                  }
                ],
                "min_wait_duration": "0s"
              }
            ],
            "rollout_state": "SUCCEEDED",
            "skip_await_rollout": true,
            "timeouts": null,
            "uid": "084e101d-7619-420e-a543-ecce251bfbc3"
          },
          "sensitive_attributes": [],
          "private": "eyJlMmJmYjczMC1lY2FhLTExZTYtOGY4OC0zNDM2M2JjN2M0YzAiOnsiY3JlYXRlIjoxMjAwMDAwMDAwMDAwLCJkZWxldGUiOjEyMDAwMDAwMDAwMDAsInVwZGF0ZSI6MTIwMDAwMDAwMDAwMH19",
          "dependencies": [
            "module.os_policy.data.google_compute_zones.this",
            "module.os_policy.data.google_project.default"
          ]
        },
        {
          "index_key": "us-west1-b",
          "schema_version": 0,
          "attributes": {
            "baseline": true,
            "deleted": false,
            "description": "",
            "etag": "044ad169-e9b4-4ddf-8f46-a5c8aace5fd1",
            "id": "projects/swit-alpha/locations/us-west1-b/osPolicyAssignments/us-west1-b-hostname",
            "instance_filter": [
              {
                "all": false,
                "exclusion_labels": [
                  {
                    "labels": {
                      "goog-gke-node": ""
                    }
                  },
                  {
                    "labels": {
                      "serverless-vpc-access": "swit-alpha-serverless-uw1"
                    }
                  }
                ],
                "inclusion_labels": [],
                "inventories": []
              }
            ],
            "location": "us-west1-b",
            "name": "us-west1-b-hostname",
            "os_policies": [
              {
                "allow_no_resource_group_match": false,
                "description": "",
                "id": "hostname",
                "mode": "ENFORCEMENT",
                "resource_groups": [
                  {
                    "inventory_filters": [
                      {
                        "os_short_name": "debian",
                        "os_version": "10"
                      },
                      {
                        "os_short_name": "debian",
                        "os_version": "11"
                      },
                      {
                        "os_short_name": "debian",
                        "os_version": "12"
                      },
                      {
                        "os_short_name": "rocky",
                        "os_version": "8.*"
                      },
                      {
                        "os_short_name": "rocky",
                        "os_version": "9.*"
                      },
                      {
                        "os_short_name": "ubuntu",
                        "os_version": "20.04"
                      },
                      {
                        "os_short_name": "ubuntu",
                        "os_version": "22.04"
                      }
                    ],
                    "resources": [
                      {
                        "exec": [
                          {
                            "enforce": [
                              {
                                "args": [],
                                "file": [],
                                "interpreter": "SHELL",
                                "output_file_path": "",
                                "script": "METADATA_HOSTNAME=$(curl -H \"Metadata-Flavor: Google\" \"http://metadata.google.internal/computeMetadata/v1/instance/name\")\nsudo hostnamectl set-hostname \"$METADATA_HOSTNAME\"\nexit 100\n"
                              }
                            ],
                            "validate": [
                              {
                                "args": [],
                                "file": [],
                                "interpreter": "SHELL",
                                "output_file_path": "",
                                "script": "METADATA_HOSTNAME=$(curl -H \"Metadata-Flavor: Google\" \"http://metadata.google.internal/computeMetadata/v1/instance/name\")\nHOSTNAME=$(hostname)\nif [ \"$METADATA_HOSTNAME\" != \"$HOSTNAME\" ] ; then\n  exit 101\nelse\n  exit 100\nfi\n"
                              }
                            ]
                          }
                        ],
                        "file": [],
                        "id": "configuration",
                        "pkg": [],
                        "repository": []
                      }
                    ]
                  }
                ]
              }
            ],
            "project": "swit-alpha",
            "reconciling": false,
            "revision_create_time": "2024-03-31T13:53:38.672734Z",
            "revision_id": "96f0c127-7569-4d97-9701-a188906037e5",
            "rollout": [
              {
                "disruption_budget": [
                  {
                    "fixed": 0,
                    "percent": 100
                  }
                ],
                "min_wait_duration": "0s"
              }
            ],
            "rollout_state": "SUCCEEDED",
            "skip_await_rollout": true,
            "timeouts": null,
            "uid": "638be161-b945-41f3-bb49-82c37f18fda5"
          },
          "sensitive_attributes": [],
          "private": "eyJlMmJmYjczMC1lY2FhLTExZTYtOGY4OC0zNDM2M2JjN2M0YzAiOnsiY3JlYXRlIjoxMjAwMDAwMDAwMDAwLCJkZWxldGUiOjEyMDAwMDAwMDAwMDAsInVwZGF0ZSI6MTIwMDAwMDAwMDAwMH19",
          "dependencies": [
            "module.os_policy.data.google_compute_zones.this",
            "module.os_policy.data.google_project.default"
          ]
        },
        {
          "index_key": "us-west1-c",
          "schema_version": 0,
          "attributes": {
            "baseline": true,
            "deleted": false,
            "description": "",
            "etag": "d50449d4-ea21-40a7-a892-d236df7992f3",
            "id": "projects/swit-alpha/locations/us-west1-c/osPolicyAssignments/us-west1-c-hostname",
            "instance_filter": [
              {
                "all": false,
                "exclusion_labels": [
                  {
                    "labels": {
                      "goog-gke-node": ""
                    }
                  },
                  {
                    "labels": {
                      "serverless-vpc-access": "swit-alpha-serverless-uw1"
                    }
                  }
                ],
                "inclusion_labels": [],
                "inventories": []
              }
            ],
            "location": "us-west1-c",
            "name": "us-west1-c-hostname",
            "os_policies": [
              {
                "allow_no_resource_group_match": false,
                "description": "",
                "id": "hostname",
                "mode": "ENFORCEMENT",
                "resource_groups": [
                  {
                    "inventory_filters": [
                      {
                        "os_short_name": "debian",
                        "os_version": "10"
                      },
                      {
                        "os_short_name": "debian",
                        "os_version": "11"
                      },
                      {
                        "os_short_name": "debian",
                        "os_version": "12"
                      },
                      {
                        "os_short_name": "rocky",
                        "os_version": "8.*"
                      },
                      {
                        "os_short_name": "rocky",
                        "os_version": "9.*"
                      },
                      {
                        "os_short_name": "ubuntu",
                        "os_version": "20.04"
                      },
                      {
                        "os_short_name": "ubuntu",
                        "os_version": "22.04"
                      }
                    ],
                    "resources": [
                      {
                        "exec": [
                          {
                            "enforce": [
                              {
                                "args": [],
                                "file": [],
                                "interpreter": "SHELL",
                                "output_file_path": "",
                                "script": "METADATA_HOSTNAME=$(curl -H \"Metadata-Flavor: Google\" \"http://metadata.google.internal/computeMetadata/v1/instance/name\")\nsudo hostnamectl set-hostname \"$METADATA_HOSTNAME\"\nexit 100\n"
                              }
                            ],
                            "validate": [
                              {
                                "args": [],
                                "file": [],
                                "interpreter": "SHELL",
                                "output_file_path": "",
                                "script": "METADATA_HOSTNAME=$(curl -H \"Metadata-Flavor: Google\" \"http://metadata.google.internal/computeMetadata/v1/instance/name\")\nHOSTNAME=$(hostname)\nif [ \"$METADATA_HOSTNAME\" != \"$HOSTNAME\" ] ; then\n  exit 101\nelse\n  exit 100\nfi\n"
                              }
                            ]
                          }
                        ],
                        "file": [],
                        "id": "configuration",
                        "pkg": [],
                        "repository": []
                      }
                    ]
                  }
                ]
              }
            ],
            "project": "swit-alpha",
            "reconciling": false,
            "revision_create_time": "2024-03-31T13:53:38.217499Z",
            "revision_id": "b23f7024-ef28-4503-ac5e-f13753c59811",
            "rollout": [
              {
                "disruption_budget": [
                  {
                    "fixed": 0,
                    "percent": 100
                  }
                ],
                "min_wait_duration": "0s"
              }
            ],
            "rollout_state": "SUCCEEDED",
            "skip_await_rollout": true,
            "timeouts": null,
            "uid": "e5753a5b-359d-47f9-8297-c9539c647549"
          },
          "sensitive_attributes": [],
          "private": "eyJlMmJmYjczMC1lY2FhLTExZTYtOGY4OC0zNDM2M2JjN2M0YzAiOnsiY3JlYXRlIjoxMjAwMDAwMDAwMDAwLCJkZWxldGUiOjEyMDAwMDAwMDAwMDAsInVwZGF0ZSI6MTIwMDAwMDAwMDAwMH19",
          "dependencies": [
            "module.os_policy.data.google_compute_zones.this",
            "module.os_policy.data.google_project.default"
          ]
        }
      ]
    },
    {
      "module": "module.os_policy",
      "mode": "managed",
      "type": "google_os_config_os_policy_assignment",
      "name": "inspection",
      "provider": "provider[\"registry.terraform.io/hashicorp/google\"]",
      "instances": [
        {
          "index_key": "asia-northeast3-a",
          "schema_version": 0,
          "attributes": {
            "baseline": true,
            "deleted": false,
            "description": "",
            "etag": "a2be991d-f78d-4a87-b8ce-3f115d040f4c",
            "id": "projects/swit-alpha/locations/asia-northeast3-a/osPolicyAssignments/asia-northeast3-a-inspection",
            "instance_filter": [
              {
                "all": false,
                "exclusion_labels": [
                  {
                    "labels": {
                      "goog-gke-node": ""
                    }
                  },
                  {
                    "labels": {
                      "serverless-vpc-access": "swit-alpha-serverless-uw1"
                    }
                  }
                ],
                "inclusion_labels": [],
                "inventories": []
              }
            ],
            "location": "asia-northeast3-a",
            "name": "asia-northeast3-a-inspection",
            "os_policies": [
              {
                "allow_no_resource_group_match": false,
                "description": "",
                "id": "inspection",
                "mode": "ENFORCEMENT",
                "resource_groups": [
                  {
                    "inventory_filters": [
                      {
                        "os_short_name": "debian",
                        "os_version": "10"
                      },
                      {
                        "os_short_name": "debian",
                        "os_version": "11"
                      },
                      {
                        "os_short_name": "debian",
                        "os_version": "12"
                      },
                      {
                        "os_short_name": "rocky",
                        "os_version": "8.*"
                      },
                      {
                        "os_short_name": "rocky",
                        "os_version": "9.*"
                      },
                      {
                        "os_short_name": "ubuntu",
                        "os_version": "20.04"
                      },
                      {
                        "os_short_name": "ubuntu",
                        "os_version": "22.04"
                      }
                    ],
                    "resources": [
                      {
                        "exec": [
                          {
                            "enforce": [
                              {
                                "args": [],
                                "file": [],
                                "interpreter": "SHELL",
                                "output_file_path": "",
                                "script": "if [ ! -d /opt/inspection ] ; then\n  mkdir -p /opt/inspection\nfi\nsudo curl http://10.64.0.171/Linux.sh -o /opt/inspection/Linux.sh\nsudo chmod +x /opt/inspection/Linux.sh\ncat \u003c\u003c EOF | sudo tee /opt/cron/inspection.sh\nINSPECTION_PROJECT_ID=\\$(curl -s -H \"Metadata-Flavor: Google\" \"http://metadata.google.internal/computeMetadata/v1/project/project-id\")\nINSPECTION_ZONE=\\$(curl -s -H \"Metadata-Flavor: Google\" \"http://metadata.google.internal/computeMetadata/v1/instance/zone\" | rev | cut -f 1 -d '/' | rev)\nINSPECTION_INSTANCE_NAME=\\$(curl -s -H \"Metadata-Flavor: Google\" \"http://metadata.google.internal/computeMetadata/v1/instance/name\")\necho -e \"1\\n1\\n0\" | /opt/inspection/Linux.sh\nsudo curl -s -X POST http://10.64.0.171/uraw \\\n  -F \"file=@SERVER_UNIX_\\$INSPECTION_INSTANCE_NAME.uraw\" \\\n  -F \"data={\\\"project_id\\\": \\\"\\$INSPECTION_PROJECT_ID\\\", \\\"zone\\\": \\\"\\$INSPECTION_ZONE\\\"}\"\nsudo rm -f \"SERVER_UNIX_\\$INSPECTION_INSTANCE_NAME.uraw\"\nEOF\nsudo sed '/inspection/d' /etc/crontab | sudo tee /etc/.crontab\necho '*/5 * * * * root /bin/bash /opt/cron/inspection.sh' | sudo tee -a /etc/.crontab\nsudo mv /etc/.crontab /etc/crontab\nexit 100\n"
                              }
                            ],
                            "validate": [
                              {
                                "args": [],
                                "file": [],
                                "interpreter": "SHELL",
                                "output_file_path": "",
                                "script": "if [ ! -f /opt/cron/inspection.sh ] ; then\n  exit 101\nelif [ ! -f /opt/inspection/Linux.sh ] ; then\n  exit 101\nelif [ \"$(sudo stat -c %a /opt/inspection/Linux.sh)\" != \"755\" ] ; then\n  exit 101\nelif ! sudo grep -v '#' /etc/crontab | grep -q 'inspection' ; then\n  exit 101\nelse\n  exit 100\nfi\n"
                              }
                            ]
                          }
                        ],
                        "file": [],
                        "id": "configuration",
                        "pkg": [],
                        "repository": []
                      }
                    ]
                  }
                ]
              }
            ],
            "project": "swit-alpha",
            "reconciling": false,
            "revision_create_time": "2024-03-31T17:23:26.622370Z",
            "revision_id": "57c37006-4404-4e53-91a0-85da60948b88",
            "rollout": [
              {
                "disruption_budget": [
                  {
                    "fixed": 0,
                    "percent": 100
                  }
                ],
                "min_wait_duration": "0s"
              }
            ],
            "rollout_state": "SUCCEEDED",
            "skip_await_rollout": true,
            "timeouts": null,
            "uid": "69899468-ea37-490e-ab79-464cfdbfedb5"
          },
          "sensitive_attributes": [],
          "private": "eyJlMmJmYjczMC1lY2FhLTExZTYtOGY4OC0zNDM2M2JjN2M0YzAiOnsiY3JlYXRlIjoxMjAwMDAwMDAwMDAwLCJkZWxldGUiOjEyMDAwMDAwMDAwMDAsInVwZGF0ZSI6MTIwMDAwMDAwMDAwMH19",
          "dependencies": [
            "module.os_policy.data.google_compute_zones.this",
            "module.os_policy.data.google_project.default"
          ]
        },
        {
          "index_key": "asia-northeast3-b",
          "schema_version": 0,
          "attributes": {
            "baseline": true,
            "deleted": false,
            "description": "",
            "etag": "a212a9e3-d5fb-4ea6-964f-cbac573ebc46",
            "id": "projects/swit-alpha/locations/asia-northeast3-b/osPolicyAssignments/asia-northeast3-b-inspection",
            "instance_filter": [
              {
                "all": false,
                "exclusion_labels": [
                  {
                    "labels": {
                      "goog-gke-node": ""
                    }
                  },
                  {
                    "labels": {
                      "serverless-vpc-access": "swit-alpha-serverless-uw1"
                    }
                  }
                ],
                "inclusion_labels": [],
                "inventories": []
              }
            ],
            "location": "asia-northeast3-b",
            "name": "asia-northeast3-b-inspection",
            "os_policies": [
              {
                "allow_no_resource_group_match": false,
                "description": "",
                "id": "inspection",
                "mode": "ENFORCEMENT",
                "resource_groups": [
                  {
                    "inventory_filters": [
                      {
                        "os_short_name": "debian",
                        "os_version": "10"
                      },
                      {
                        "os_short_name": "debian",
                        "os_version": "11"
                      },
                      {
                        "os_short_name": "debian",
                        "os_version": "12"
                      },
                      {
                        "os_short_name": "rocky",
                        "os_version": "8.*"
                      },
                      {
                        "os_short_name": "rocky",
                        "os_version": "9.*"
                      },
                      {
                        "os_short_name": "ubuntu",
                        "os_version": "20.04"
                      },
                      {
                        "os_short_name": "ubuntu",
                        "os_version": "22.04"
                      }
                    ],
                    "resources": [
                      {
                        "exec": [
                          {
                            "enforce": [
                              {
                                "args": [],
                                "file": [],
                                "interpreter": "SHELL",
                                "output_file_path": "",
                                "script": "if [ ! -d /opt/inspection ] ; then\n  mkdir -p /opt/inspection\nfi\nsudo curl http://10.64.0.171/Linux.sh -o /opt/inspection/Linux.sh\nsudo chmod +x /opt/inspection/Linux.sh\ncat \u003c\u003c EOF | sudo tee /opt/cron/inspection.sh\nINSPECTION_PROJECT_ID=\\$(curl -s -H \"Metadata-Flavor: Google\" \"http://metadata.google.internal/computeMetadata/v1/project/project-id\")\nINSPECTION_ZONE=\\$(curl -s -H \"Metadata-Flavor: Google\" \"http://metadata.google.internal/computeMetadata/v1/instance/zone\" | rev | cut -f 1 -d '/' | rev)\nINSPECTION_INSTANCE_NAME=\\$(curl -s -H \"Metadata-Flavor: Google\" \"http://metadata.google.internal/computeMetadata/v1/instance/name\")\necho -e \"1\\n1\\n0\" | /opt/inspection/Linux.sh\nsudo curl -s -X POST http://10.64.0.171/uraw \\\n  -F \"file=@SERVER_UNIX_\\$INSPECTION_INSTANCE_NAME.uraw\" \\\n  -F \"data={\\\"project_id\\\": \\\"\\$INSPECTION_PROJECT_ID\\\", \\\"zone\\\": \\\"\\$INSPECTION_ZONE\\\"}\"\nsudo rm -f \"SERVER_UNIX_\\$INSPECTION_INSTANCE_NAME.uraw\"\nEOF\nsudo sed '/inspection/d' /etc/crontab | sudo tee /etc/.crontab\necho '*/5 * * * * root /bin/bash /opt/cron/inspection.sh' | sudo tee -a /etc/.crontab\nsudo mv /etc/.crontab /etc/crontab\nexit 100\n"
                              }
                            ],
                            "validate": [
                              {
                                "args": [],
                                "file": [],
                                "interpreter": "SHELL",
                                "output_file_path": "",
                                "script": "if [ ! -f /opt/cron/inspection.sh ] ; then\n  exit 101\nelif [ ! -f /opt/inspection/Linux.sh ] ; then\n  exit 101\nelif [ \"$(sudo stat -c %a /opt/inspection/Linux.sh)\" != \"755\" ] ; then\n  exit 101\nelif ! sudo grep -v '#' /etc/crontab | grep -q 'inspection' ; then\n  exit 101\nelse\n  exit 100\nfi\n"
                              }
                            ]
                          }
                        ],
                        "file": [],
                        "id": "configuration",
                        "pkg": [],
                        "repository": []
                      }
                    ]
                  }
                ]
              }
            ],
            "project": "swit-alpha",
            "reconciling": false,
            "revision_create_time": "2024-03-31T17:23:26.594003Z",
            "revision_id": "9e42a931-bf5a-4d79-9174-acd54dbdbe8c",
            "rollout": [
              {
                "disruption_budget": [
                  {
                    "fixed": 0,
                    "percent": 100
                  }
                ],
                "min_wait_duration": "0s"
              }
            ],
            "rollout_state": "SUCCEEDED",
            "skip_await_rollout": true,
            "timeouts": null,
            "uid": "36dc0044-105e-4ef5-9947-b5dbdb62297f"
          },
          "sensitive_attributes": [],
          "private": "eyJlMmJmYjczMC1lY2FhLTExZTYtOGY4OC0zNDM2M2JjN2M0YzAiOnsiY3JlYXRlIjoxMjAwMDAwMDAwMDAwLCJkZWxldGUiOjEyMDAwMDAwMDAwMDAsInVwZGF0ZSI6MTIwMDAwMDAwMDAwMH19",
          "dependencies": [
            "module.os_policy.data.google_compute_zones.this",
            "module.os_policy.data.google_project.default"
          ]
        },
        {
          "index_key": "asia-northeast3-c",
          "schema_version": 0,
          "attributes": {
            "baseline": true,
            "deleted": false,
            "description": "",
            "etag": "8e387f9c-5dff-4ec0-bd7e-cc9dcbc555c9",
            "id": "projects/swit-alpha/locations/asia-northeast3-c/osPolicyAssignments/asia-northeast3-c-inspection",
            "instance_filter": [
              {
                "all": false,
                "exclusion_labels": [
                  {
                    "labels": {
                      "goog-gke-node": ""
                    }
                  },
                  {
                    "labels": {
                      "serverless-vpc-access": "swit-alpha-serverless-uw1"
                    }
                  }
                ],
                "inclusion_labels": [],
                "inventories": []
              }
            ],
            "location": "asia-northeast3-c",
            "name": "asia-northeast3-c-inspection",
            "os_policies": [
              {
                "allow_no_resource_group_match": false,
                "description": "",
                "id": "inspection",
                "mode": "ENFORCEMENT",
                "resource_groups": [
                  {
                    "inventory_filters": [
                      {
                        "os_short_name": "debian",
                        "os_version": "10"
                      },
                      {
                        "os_short_name": "debian",
                        "os_version": "11"
                      },
                      {
                        "os_short_name": "debian",
                        "os_version": "12"
                      },
                      {
                        "os_short_name": "rocky",
                        "os_version": "8.*"
                      },
                      {
                        "os_short_name": "rocky",
                        "os_version": "9.*"
                      },
                      {
                        "os_short_name": "ubuntu",
                        "os_version": "20.04"
                      },
                      {
                        "os_short_name": "ubuntu",
                        "os_version": "22.04"
                      }
                    ],
                    "resources": [
                      {
                        "exec": [
                          {
                            "enforce": [
                              {
                                "args": [],
                                "file": [],
                                "interpreter": "SHELL",
                                "output_file_path": "",
                                "script": "if [ ! -d /opt/inspection ] ; then\n  mkdir -p /opt/inspection\nfi\nsudo curl http://10.64.0.171/Linux.sh -o /opt/inspection/Linux.sh\nsudo chmod +x /opt/inspection/Linux.sh\ncat \u003c\u003c EOF | sudo tee /opt/cron/inspection.sh\nINSPECTION_PROJECT_ID=\\$(curl -s -H \"Metadata-Flavor: Google\" \"http://metadata.google.internal/computeMetadata/v1/project/project-id\")\nINSPECTION_ZONE=\\$(curl -s -H \"Metadata-Flavor: Google\" \"http://metadata.google.internal/computeMetadata/v1/instance/zone\" | rev | cut -f 1 -d '/' | rev)\nINSPECTION_INSTANCE_NAME=\\$(curl -s -H \"Metadata-Flavor: Google\" \"http://metadata.google.internal/computeMetadata/v1/instance/name\")\necho -e \"1\\n1\\n0\" | /opt/inspection/Linux.sh\nsudo curl -s -X POST http://10.64.0.171/uraw \\\n  -F \"file=@SERVER_UNIX_\\$INSPECTION_INSTANCE_NAME.uraw\" \\\n  -F \"data={\\\"project_id\\\": \\\"\\$INSPECTION_PROJECT_ID\\\", \\\"zone\\\": \\\"\\$INSPECTION_ZONE\\\"}\"\nsudo rm -f \"SERVER_UNIX_\\$INSPECTION_INSTANCE_NAME.uraw\"\nEOF\nsudo sed '/inspection/d' /etc/crontab | sudo tee /etc/.crontab\necho '*/5 * * * * root /bin/bash /opt/cron/inspection.sh' | sudo tee -a /etc/.crontab\nsudo mv /etc/.crontab /etc/crontab\nexit 100\n"
                              }
                            ],
                            "validate": [
                              {
                                "args": [],
                                "file": [],
                                "interpreter": "SHELL",
                                "output_file_path": "",
                                "script": "if [ ! -f /opt/cron/inspection.sh ] ; then\n  exit 101\nelif [ ! -f /opt/inspection/Linux.sh ] ; then\n  exit 101\nelif [ \"$(sudo stat -c %a /opt/inspection/Linux.sh)\" != \"755\" ] ; then\n  exit 101\nelif ! sudo grep -v '#' /etc/crontab | grep -q 'inspection' ; then\n  exit 101\nelse\n  exit 100\nfi\n"
                              }
                            ]
                          }
                        ],
                        "file": [],
                        "id": "configuration",
                        "pkg": [],
                        "repository": []
                      }
                    ]
                  }
                ]
              }
            ],
            "project": "swit-alpha",
            "reconciling": false,
            "revision_create_time": "2024-03-31T17:23:26.602753Z",
            "revision_id": "45c01116-1802-4a35-bc0d-affe383d5fcf",
            "rollout": [
              {
                "disruption_budget": [
                  {
                    "fixed": 0,
                    "percent": 100
                  }
                ],
                "min_wait_duration": "0s"
              }
            ],
            "rollout_state": "SUCCEEDED",
            "skip_await_rollout": true,
            "timeouts": null,
            "uid": "c309f33c-75ec-48f9-83d9-381feb79f7af"
          },
          "sensitive_attributes": [],
          "private": "eyJlMmJmYjczMC1lY2FhLTExZTYtOGY4OC0zNDM2M2JjN2M0YzAiOnsiY3JlYXRlIjoxMjAwMDAwMDAwMDAwLCJkZWxldGUiOjEyMDAwMDAwMDAwMDAsInVwZGF0ZSI6MTIwMDAwMDAwMDAwMH19",
          "dependencies": [
            "module.os_policy.data.google_compute_zones.this",
            "module.os_policy.data.google_project.default"
          ]
        },
        {
          "index_key": "us-west1-a",
          "schema_version": 0,
          "attributes": {
            "baseline": true,
            "deleted": false,
            "description": "",
            "etag": "ccd6d124-d6d0-449a-bbf0-c6dafcf7a98d",
            "id": "projects/swit-alpha/locations/us-west1-a/osPolicyAssignments/us-west1-a-inspection",
            "instance_filter": [
              {
                "all": false,
                "exclusion_labels": [
                  {
                    "labels": {
                      "goog-gke-node": ""
                    }
                  },
                  {
                    "labels": {
                      "serverless-vpc-access": "swit-alpha-serverless-uw1"
                    }
                  }
                ],
                "inclusion_labels": [],
                "inventories": []
              }
            ],
            "location": "us-west1-a",
            "name": "us-west1-a-inspection",
            "os_policies": [
              {
                "allow_no_resource_group_match": false,
                "description": "",
                "id": "inspection",
                "mode": "ENFORCEMENT",
                "resource_groups": [
                  {
                    "inventory_filters": [
                      {
                        "os_short_name": "debian",
                        "os_version": "10"
                      },
                      {
                        "os_short_name": "debian",
                        "os_version": "11"
                      },
                      {
                        "os_short_name": "debian",
                        "os_version": "12"
                      },
                      {
                        "os_short_name": "rocky",
                        "os_version": "8.*"
                      },
                      {
                        "os_short_name": "rocky",
                        "os_version": "9.*"
                      },
                      {
                        "os_short_name": "ubuntu",
                        "os_version": "20.04"
                      },
                      {
                        "os_short_name": "ubuntu",
                        "os_version": "22.04"
                      }
                    ],
                    "resources": [
                      {
                        "exec": [
                          {
                            "enforce": [
                              {
                                "args": [],
                                "file": [],
                                "interpreter": "SHELL",
                                "output_file_path": "",
                                "script": "if [ ! -d /opt/inspection ] ; then\n  mkdir -p /opt/inspection\nfi\nsudo curl http://10.64.0.171/Linux.sh -o /opt/inspection/Linux.sh\nsudo chmod +x /opt/inspection/Linux.sh\ncat \u003c\u003c EOF | sudo tee /opt/cron/inspection.sh\nINSPECTION_PROJECT_ID=\\$(curl -s -H \"Metadata-Flavor: Google\" \"http://metadata.google.internal/computeMetadata/v1/project/project-id\")\nINSPECTION_ZONE=\\$(curl -s -H \"Metadata-Flavor: Google\" \"http://metadata.google.internal/computeMetadata/v1/instance/zone\" | rev | cut -f 1 -d '/' | rev)\nINSPECTION_INSTANCE_NAME=\\$(curl -s -H \"Metadata-Flavor: Google\" \"http://metadata.google.internal/computeMetadata/v1/instance/name\")\necho -e \"1\\n1\\n0\" | /opt/inspection/Linux.sh\nsudo curl -s -X POST http://10.64.0.171/uraw \\\n  -F \"file=@SERVER_UNIX_\\$INSPECTION_INSTANCE_NAME.uraw\" \\\n  -F \"data={\\\"project_id\\\": \\\"\\$INSPECTION_PROJECT_ID\\\", \\\"zone\\\": \\\"\\$INSPECTION_ZONE\\\"}\"\nsudo rm -f \"SERVER_UNIX_\\$INSPECTION_INSTANCE_NAME.uraw\"\nEOF\nsudo sed '/inspection/d' /etc/crontab | sudo tee /etc/.crontab\necho '*/5 * * * * root /bin/bash /opt/cron/inspection.sh' | sudo tee -a /etc/.crontab\nsudo mv /etc/.crontab /etc/crontab\nexit 100\n"
                              }
                            ],
                            "validate": [
                              {
                                "args": [],
                                "file": [],
                                "interpreter": "SHELL",
                                "output_file_path": "",
                                "script": "if [ ! -f /opt/cron/inspection.sh ] ; then\n  exit 101\nelif [ ! -f /opt/inspection/Linux.sh ] ; then\n  exit 101\nelif [ \"$(sudo stat -c %a /opt/inspection/Linux.sh)\" != \"755\" ] ; then\n  exit 101\nelif ! sudo grep -v '#' /etc/crontab | grep -q 'inspection' ; then\n  exit 101\nelse\n  exit 100\nfi\n"
                              }
                            ]
                          }
                        ],
                        "file": [],
                        "id": "configuration",
                        "pkg": [],
                        "repository": []
                      }
                    ]
                  }
                ]
              }
            ],
            "project": "swit-alpha",
            "reconciling": false,
            "revision_create_time": "2024-03-31T17:23:25.936596Z",
            "revision_id": "c5b2dc16-c332-4f2f-a327-734aca4a9aa5",
            "rollout": [
              {
                "disruption_budget": [
                  {
                    "fixed": 0,
                    "percent": 100
                  }
                ],
                "min_wait_duration": "0s"
              }
            ],
            "rollout_state": "SUCCEEDED",
            "skip_await_rollout": true,
            "timeouts": null,
            "uid": "f6d0001a-e62a-4ccb-9f7d-a82ef1d9d9a3"
          },
          "sensitive_attributes": [],
          "private": "eyJlMmJmYjczMC1lY2FhLTExZTYtOGY4OC0zNDM2M2JjN2M0YzAiOnsiY3JlYXRlIjoxMjAwMDAwMDAwMDAwLCJkZWxldGUiOjEyMDAwMDAwMDAwMDAsInVwZGF0ZSI6MTIwMDAwMDAwMDAwMH19",
          "dependencies": [
            "module.os_policy.data.google_compute_zones.this",
            "module.os_policy.data.google_project.default"
          ]
        },
        {
          "index_key": "us-west1-b",
          "schema_version": 0,
          "attributes": {
            "baseline": true,
            "deleted": false,
            "description": "",
            "etag": "6909d12e-12e3-451b-b923-4fd348856d25",
            "id": "projects/swit-alpha/locations/us-west1-b/osPolicyAssignments/us-west1-b-inspection",
            "instance_filter": [
              {
                "all": false,
                "exclusion_labels": [
                  {
                    "labels": {
                      "goog-gke-node": ""
                    }
                  },
                  {
                    "labels": {
                      "serverless-vpc-access": "swit-alpha-serverless-uw1"
                    }
                  }
                ],
                "inclusion_labels": [],
                "inventories": []
              }
            ],
            "location": "us-west1-b",
            "name": "us-west1-b-inspection",
            "os_policies": [
              {
                "allow_no_resource_group_match": false,
                "description": "",
                "id": "inspection",
                "mode": "ENFORCEMENT",
                "resource_groups": [
                  {
                    "inventory_filters": [
                      {
                        "os_short_name": "debian",
                        "os_version": "10"
                      },
                      {
                        "os_short_name": "debian",
                        "os_version": "11"
                      },
                      {
                        "os_short_name": "debian",
                        "os_version": "12"
                      },
                      {
                        "os_short_name": "rocky",
                        "os_version": "8.*"
                      },
                      {
                        "os_short_name": "rocky",
                        "os_version": "9.*"
                      },
                      {
                        "os_short_name": "ubuntu",
                        "os_version": "20.04"
                      },
                      {
                        "os_short_name": "ubuntu",
                        "os_version": "22.04"
                      }
                    ],
                    "resources": [
                      {
                        "exec": [
                          {
                            "enforce": [
                              {
                                "args": [],
                                "file": [],
                                "interpreter": "SHELL",
                                "output_file_path": "",
                                "script": "if [ ! -d /opt/inspection ] ; then\n  mkdir -p /opt/inspection\nfi\nsudo curl http://10.64.0.171/Linux.sh -o /opt/inspection/Linux.sh\nsudo chmod +x /opt/inspection/Linux.sh\ncat \u003c\u003c EOF | sudo tee /opt/cron/inspection.sh\nINSPECTION_PROJECT_ID=\\$(curl -s -H \"Metadata-Flavor: Google\" \"http://metadata.google.internal/computeMetadata/v1/project/project-id\")\nINSPECTION_ZONE=\\$(curl -s -H \"Metadata-Flavor: Google\" \"http://metadata.google.internal/computeMetadata/v1/instance/zone\" | rev | cut -f 1 -d '/' | rev)\nINSPECTION_INSTANCE_NAME=\\$(curl -s -H \"Metadata-Flavor: Google\" \"http://metadata.google.internal/computeMetadata/v1/instance/name\")\necho -e \"1\\n1\\n0\" | /opt/inspection/Linux.sh\nsudo curl -s -X POST http://10.64.0.171/uraw \\\n  -F \"file=@SERVER_UNIX_\\$INSPECTION_INSTANCE_NAME.uraw\" \\\n  -F \"data={\\\"project_id\\\": \\\"\\$INSPECTION_PROJECT_ID\\\", \\\"zone\\\": \\\"\\$INSPECTION_ZONE\\\"}\"\nsudo rm -f \"SERVER_UNIX_\\$INSPECTION_INSTANCE_NAME.uraw\"\nEOF\nsudo sed '/inspection/d' /etc/crontab | sudo tee /etc/.crontab\necho '*/5 * * * * root /bin/bash /opt/cron/inspection.sh' | sudo tee -a /etc/.crontab\nsudo mv /etc/.crontab /etc/crontab\nexit 100\n"
                              }
                            ],
                            "validate": [
                              {
                                "args": [],
                                "file": [],
                                "interpreter": "SHELL",
                                "output_file_path": "",
                                "script": "if [ ! -f /opt/cron/inspection.sh ] ; then\n  exit 101\nelif [ ! -f /opt/inspection/Linux.sh ] ; then\n  exit 101\nelif [ \"$(sudo stat -c %a /opt/inspection/Linux.sh)\" != \"755\" ] ; then\n  exit 101\nelif ! sudo grep -v '#' /etc/crontab | grep -q 'inspection' ; then\n  exit 101\nelse\n  exit 100\nfi\n"
                              }
                            ]
                          }
                        ],
                        "file": [],
                        "id": "configuration",
                        "pkg": [],
                        "repository": []
                      }
                    ]
                  }
                ]
              }
            ],
            "project": "swit-alpha",
            "reconciling": false,
            "revision_create_time": "2024-03-31T17:23:26.062307Z",
            "revision_id": "263ae2c6-a79e-49f6-92bf-704fba9de82f",
            "rollout": [
              {
                "disruption_budget": [
                  {
                    "fixed": 0,
                    "percent": 100
                  }
                ],
                "min_wait_duration": "0s"
              }
            ],
            "rollout_state": "SUCCEEDED",
            "skip_await_rollout": true,
            "timeouts": null,
            "uid": "a6b3d8f3-74fc-4b97-b991-c92be0bb2594"
          },
          "sensitive_attributes": [],
          "private": "eyJlMmJmYjczMC1lY2FhLTExZTYtOGY4OC0zNDM2M2JjN2M0YzAiOnsiY3JlYXRlIjoxMjAwMDAwMDAwMDAwLCJkZWxldGUiOjEyMDAwMDAwMDAwMDAsInVwZGF0ZSI6MTIwMDAwMDAwMDAwMH19",
          "dependencies": [
            "module.os_policy.data.google_compute_zones.this",
            "module.os_policy.data.google_project.default"
          ]
        },
        {
          "index_key": "us-west1-c",
          "schema_version": 0,
          "attributes": {
            "baseline": true,
            "deleted": false,
            "description": "",
            "etag": "3297618c-d766-4c99-a82b-6f78ac01282b",
            "id": "projects/swit-alpha/locations/us-west1-c/osPolicyAssignments/us-west1-c-inspection",
            "instance_filter": [
              {
                "all": false,
                "exclusion_labels": [
                  {
                    "labels": {
                      "goog-gke-node": ""
                    }
                  },
                  {
                    "labels": {
                      "serverless-vpc-access": "swit-alpha-serverless-uw1"
                    }
                  }
                ],
                "inclusion_labels": [],
                "inventories": []
              }
            ],
            "location": "us-west1-c",
            "name": "us-west1-c-inspection",
            "os_policies": [
              {
                "allow_no_resource_group_match": false,
                "description": "",
                "id": "inspection",
                "mode": "ENFORCEMENT",
                "resource_groups": [
                  {
                    "inventory_filters": [
                      {
                        "os_short_name": "debian",
                        "os_version": "10"
                      },
                      {
                        "os_short_name": "debian",
                        "os_version": "11"
                      },
                      {
                        "os_short_name": "debian",
                        "os_version": "12"
                      },
                      {
                        "os_short_name": "rocky",
                        "os_version": "8.*"
                      },
                      {
                        "os_short_name": "rocky",
                        "os_version": "9.*"
                      },
                      {
                        "os_short_name": "ubuntu",
                        "os_version": "20.04"
                      },
                      {
                        "os_short_name": "ubuntu",
                        "os_version": "22.04"
                      }
                    ],
                    "resources": [
                      {
                        "exec": [
                          {
                            "enforce": [
                              {
                                "args": [],
                                "file": [],
                                "interpreter": "SHELL",
                                "output_file_path": "",
                                "script": "if [ ! -d /opt/inspection ] ; then\n  mkdir -p /opt/inspection\nfi\nsudo curl http://10.64.0.171/Linux.sh -o /opt/inspection/Linux.sh\nsudo chmod +x /opt/inspection/Linux.sh\ncat \u003c\u003c EOF | sudo tee /opt/cron/inspection.sh\nINSPECTION_PROJECT_ID=\\$(curl -s -H \"Metadata-Flavor: Google\" \"http://metadata.google.internal/computeMetadata/v1/project/project-id\")\nINSPECTION_ZONE=\\$(curl -s -H \"Metadata-Flavor: Google\" \"http://metadata.google.internal/computeMetadata/v1/instance/zone\" | rev | cut -f 1 -d '/' | rev)\nINSPECTION_INSTANCE_NAME=\\$(curl -s -H \"Metadata-Flavor: Google\" \"http://metadata.google.internal/computeMetadata/v1/instance/name\")\necho -e \"1\\n1\\n0\" | /opt/inspection/Linux.sh\nsudo curl -s -X POST http://10.64.0.171/uraw \\\n  -F \"file=@SERVER_UNIX_\\$INSPECTION_INSTANCE_NAME.uraw\" \\\n  -F \"data={\\\"project_id\\\": \\\"\\$INSPECTION_PROJECT_ID\\\", \\\"zone\\\": \\\"\\$INSPECTION_ZONE\\\"}\"\nsudo rm -f \"SERVER_UNIX_\\$INSPECTION_INSTANCE_NAME.uraw\"\nEOF\nsudo sed '/inspection/d' /etc/crontab | sudo tee /etc/.crontab\necho '*/5 * * * * root /bin/bash /opt/cron/inspection.sh' | sudo tee -a /etc/.crontab\nsudo mv /etc/.crontab /etc/crontab\nexit 100\n"
                              }
                            ],
                            "validate": [
                              {
                                "args": [],
                                "file": [],
                                "interpreter": "SHELL",
                                "output_file_path": "",
                                "script": "if [ ! -f /opt/cron/inspection.sh ] ; then\n  exit 101\nelif [ ! -f /opt/inspection/Linux.sh ] ; then\n  exit 101\nelif [ \"$(sudo stat -c %a /opt/inspection/Linux.sh)\" != \"755\" ] ; then\n  exit 101\nelif ! sudo grep -v '#' /etc/crontab | grep -q 'inspection' ; then\n  exit 101\nelse\n  exit 100\nfi\n"
                              }
                            ]
                          }
                        ],
                        "file": [],
                        "id": "configuration",
                        "pkg": [],
                        "repository": []
                      }
                    ]
                  }
                ]
              }
            ],
            "project": "swit-alpha",
            "reconciling": false,
            "revision_create_time": "2024-03-31T17:23:25.957078Z",
            "revision_id": "f7c6229d-7005-4600-bdd3-04f6173f5946",
            "rollout": [
              {
                "disruption_budget": [
                  {
                    "fixed": 0,
                    "percent": 100
                  }
                ],
                "min_wait_duration": "0s"
              }
            ],
            "rollout_state": "SUCCEEDED",
            "skip_await_rollout": true,
            "timeouts": null,
            "uid": "a3ab9591-6748-453f-abc8-cec96d7b2104"
          },
          "sensitive_attributes": [],
          "private": "eyJlMmJmYjczMC1lY2FhLTExZTYtOGY4OC0zNDM2M2JjN2M0YzAiOnsiY3JlYXRlIjoxMjAwMDAwMDAwMDAwLCJkZWxldGUiOjEyMDAwMDAwMDAwMDAsInVwZGF0ZSI6MTIwMDAwMDAwMDAwMH19",
          "dependencies": [
            "module.os_policy.data.google_compute_zones.this",
            "module.os_policy.data.google_project.default"
          ]
        }
      ]
    },
    {
      "module": "module.os_policy",
      "mode": "managed",
      "type": "google_os_config_os_policy_assignment",
      "name": "opsagent",
      "provider": "provider[\"registry.terraform.io/hashicorp/google\"]",
      "instances": [
        {
          "index_key": "asia-northeast3-a",
          "schema_version": 0,
          "attributes": {
            "baseline": true,
            "deleted": false,
            "description": "",
            "etag": "0dd7ef8f-0a4b-4e62-91df-ba223e762b57",
            "id": "projects/swit-alpha/locations/asia-northeast3-a/osPolicyAssignments/asia-northeast3-a-opsagent",
            "instance_filter": [
              {
                "all": false,
                "exclusion_labels": [
                  {
                    "labels": {
                      "goog-gke-node": ""
                    }
                  },
                  {
                    "labels": {
                      "serverless-vpc-access": "swit-alpha-serverless-uw1"
                    }
                  }
                ],
                "inclusion_labels": [],
                "inventories": []
              }
            ],
            "location": "asia-northeast3-a",
            "name": "asia-northeast3-a-opsagent",
            "os_policies": [
              {
                "allow_no_resource_group_match": false,
                "description": "",
                "id": "opsagent",
                "mode": "ENFORCEMENT",
                "resource_groups": [
                  {
                    "inventory_filters": [
                      {
                        "os_short_name": "debian",
                        "os_version": "10"
                      }
                    ],
                    "resources": [
                      {
                        "exec": [],
                        "file": [],
                        "id": "add-repo",
                        "pkg": [],
                        "repository": [
                          {
                            "apt": [
                              {
                                "archive_type": "DEB",
                                "components": [
                                  "main"
                                ],
                                "distribution": "google-cloud-ops-agent-buster-2",
                                "gpg_key": "https://packages.cloud.google.com/apt/doc/apt-key.gpg",
                                "uri": "https://packages.cloud.google.com/apt"
                              }
                            ],
                            "goo": [],
                            "yum": [],
                            "zypper": []
                          }
                        ]
                      },
                      {
                        "exec": [],
                        "file": [],
                        "id": "install-pkg",
                        "pkg": [
                          {
                            "apt": [
                              {
                                "name": "google-cloud-ops-agent"
                              }
                            ],
                            "deb": [],
                            "desired_state": "INSTALLED",
                            "googet": [],
                            "msi": [],
                            "rpm": [],
                            "yum": [],
                            "zypper": []
                          }
                        ],
                        "repository": []
                      }
                    ]
                  },
                  {
                    "inventory_filters": [
                      {
                        "os_short_name": "debian",
                        "os_version": "11"
                      }
                    ],
                    "resources": [
                      {
                        "exec": [],
                        "file": [],
                        "id": "add-repo",
                        "pkg": [],
                        "repository": [
                          {
                            "apt": [
                              {
                                "archive_type": "DEB",
                                "components": [
                                  "main"
                                ],
                                "distribution": "google-cloud-ops-agent-bullseye-2",
                                "gpg_key": "https://packages.cloud.google.com/apt/doc/apt-key.gpg",
                                "uri": "https://packages.cloud.google.com/apt"
                              }
                            ],
                            "goo": [],
                            "yum": [],
                            "zypper": []
                          }
                        ]
                      },
                      {
                        "exec": [],
                        "file": [],
                        "id": "install-pkg",
                        "pkg": [
                          {
                            "apt": [
                              {
                                "name": "google-cloud-ops-agent"
                              }
                            ],
                            "deb": [],
                            "desired_state": "INSTALLED",
                            "googet": [],
                            "msi": [],
                            "rpm": [],
                            "yum": [],
                            "zypper": []
                          }
                        ],
                        "repository": []
                      }
                    ]
                  },
                  {
                    "inventory_filters": [
                      {
                        "os_short_name": "debian",
                        "os_version": "12"
                      }
                    ],
                    "resources": [
                      {
                        "exec": [],
                        "file": [],
                        "id": "add-repo",
                        "pkg": [],
                        "repository": [
                          {
                            "apt": [
                              {
                                "archive_type": "DEB",
                                "components": [
                                  "main"
                                ],
                                "distribution": "google-cloud-ops-agent-bookworm-2",
                                "gpg_key": "https://packages.cloud.google.com/apt/doc/apt-key.gpg",
                                "uri": "https://packages.cloud.google.com/apt"
                              }
                            ],
                            "goo": [],
                            "yum": [],
                            "zypper": []
                          }
                        ]
                      },
                      {
                        "exec": [],
                        "file": [],
                        "id": "install-pkg",
                        "pkg": [
                          {
                            "apt": [
                              {
                                "name": "google-cloud-ops-agent"
                              }
                            ],
                            "deb": [],
                            "desired_state": "INSTALLED",
                            "googet": [],
                            "msi": [],
                            "rpm": [],
                            "yum": [],
                            "zypper": []
                          }
                        ],
                        "repository": []
                      }
                    ]
                  },
                  {
                    "inventory_filters": [
                      {
                        "os_short_name": "rocky",
                        "os_version": "8.*"
                      }
                    ],
                    "resources": [
                      {
                        "exec": [],
                        "file": [],
                        "id": "add-repo",
                        "pkg": [],
                        "repository": [
                          {
                            "apt": [],
                            "goo": [],
                            "yum": [
                              {
                                "base_url": "https://packages.cloud.google.com/yum/repos/google-cloud-ops-agent-el8-x86_64-2",
                                "display_name": "Google Cloud Ops Agent Repository",
                                "gpg_keys": [
                                  "https://packages.cloud.google.com/yum/doc/yum-key.gpg",
                                  "https://packages.cloud.google.com/yum/doc/rpm-package-key.gpg"
                                ],
                                "id": "google-cloud-ops-agent"
                              }
                            ],
                            "zypper": []
                          }
                        ]
                      },
                      {
                        "exec": [],
                        "file": [],
                        "id": "install-pkg",
                        "pkg": [
                          {
                            "apt": [],
                            "deb": [],
                            "desired_state": "INSTALLED",
                            "googet": [],
                            "msi": [],
                            "rpm": [],
                            "yum": [
                              {
                                "name": "google-cloud-ops-agent"
                              }
                            ],
                            "zypper": []
                          }
                        ],
                        "repository": []
                      }
                    ]
                  },
                  {
                    "inventory_filters": [
                      {
                        "os_short_name": "rocky",
                        "os_version": "9.*"
                      }
                    ],
                    "resources": [
                      {
                        "exec": [],
                        "file": [],
                        "id": "add-repo",
                        "pkg": [],
                        "repository": [
                          {
                            "apt": [],
                            "goo": [],
                            "yum": [
                              {
                                "base_url": "https://packages.cloud.google.com/yum/repos/google-cloud-ops-agent-el9-x86_64-2",
                                "display_name": "Google Cloud Ops Agent Repository",
                                "gpg_keys": [
                                  "https://packages.cloud.google.com/yum/doc/yum-key.gpg",
                                  "https://packages.cloud.google.com/yum/doc/rpm-package-key.gpg"
                                ],
                                "id": "google-cloud-ops-agent"
                              }
                            ],
                            "zypper": []
                          }
                        ]
                      },
                      {
                        "exec": [],
                        "file": [],
                        "id": "install-pkg",
                        "pkg": [
                          {
                            "apt": [],
                            "deb": [],
                            "desired_state": "INSTALLED",
                            "googet": [],
                            "msi": [],
                            "rpm": [],
                            "yum": [
                              {
                                "name": "google-cloud-ops-agent"
                              }
                            ],
                            "zypper": []
                          }
                        ],
                        "repository": []
                      }
                    ]
                  },
                  {
                    "inventory_filters": [
                      {
                        "os_short_name": "ubuntu",
                        "os_version": "20.04"
                      }
                    ],
                    "resources": [
                      {
                        "exec": [
                          {
                            "enforce": [
                              {
                                "args": [],
                                "file": [],
                                "interpreter": "SHELL",
                                "output_file_path": "",
                                "script": "echo hello"
                              }
                            ],
                            "validate": [
                              {
                                "args": [],
                                "file": [],
                                "interpreter": "SHELL",
                                "output_file_path": "",
                                "script": "cloud-init status --wait; exit 100;"
                              }
                            ]
                          }
                        ],
                        "file": [],
                        "id": "wait-for-cloud-init",
                        "pkg": [],
                        "repository": []
                      },
                      {
                        "exec": [],
                        "file": [],
                        "id": "add-repo",
                        "pkg": [],
                        "repository": [
                          {
                            "apt": [
                              {
                                "archive_type": "DEB",
                                "components": [
                                  "main"
                                ],
                                "distribution": "google-cloud-ops-agent-focal-2",
                                "gpg_key": "https://packages.cloud.google.com/apt/doc/apt-key.gpg",
                                "uri": "https://packages.cloud.google.com/apt"
                              }
                            ],
                            "goo": [],
                            "yum": [],
                            "zypper": []
                          }
                        ]
                      },
                      {
                        "exec": [],
                        "file": [],
                        "id": "install-pkg",
                        "pkg": [
                          {
                            "apt": [
                              {
                                "name": "google-cloud-ops-agent"
                              }
                            ],
                            "deb": [],
                            "desired_state": "INSTALLED",
                            "googet": [],
                            "msi": [],
                            "rpm": [],
                            "yum": [],
                            "zypper": []
                          }
                        ],
                        "repository": []
                      }
                    ]
                  },
                  {
                    "inventory_filters": [
                      {
                        "os_short_name": "ubuntu",
                        "os_version": "22.04"
                      }
                    ],
                    "resources": [
                      {
                        "exec": [
                          {
                            "enforce": [
                              {
                                "args": [],
                                "file": [],
                                "interpreter": "SHELL",
                                "output_file_path": "",
                                "script": "echo hello"
                              }
                            ],
                            "validate": [
                              {
                                "args": [],
                                "file": [],
                                "interpreter": "SHELL",
                                "output_file_path": "",
                                "script": "cloud-init status --wait; exit 100;"
                              }
                            ]
                          }
                        ],
                        "file": [],
                        "id": "wait-for-cloud-init",
                        "pkg": [],
                        "repository": []
                      },
                      {
                        "exec": [],
                        "file": [],
                        "id": "add-repo",
                        "pkg": [],
                        "repository": [
                          {
                            "apt": [
                              {
                                "archive_type": "DEB",
                                "components": [
                                  "main"
                                ],
                                "distribution": "google-cloud-ops-agent-jammy-2",
                                "gpg_key": "https://packages.cloud.google.com/apt/doc/apt-key.gpg",
                                "uri": "https://packages.cloud.google.com/apt"
                              }
                            ],
                            "goo": [],
                            "yum": [],
                            "zypper": []
                          }
                        ]
                      },
                      {
                        "exec": [],
                        "file": [],
                        "id": "install-pkg",
                        "pkg": [
                          {
                            "apt": [
                              {
                                "name": "google-cloud-ops-agent"
                              }
                            ],
                            "deb": [],
                            "desired_state": "INSTALLED",
                            "googet": [],
                            "msi": [],
                            "rpm": [],
                            "yum": [],
                            "zypper": []
                          }
                        ],
                        "repository": []
                      }
                    ]
                  }
                ]
              }
            ],
            "project": "swit-alpha",
            "reconciling": false,
            "revision_create_time": "2024-03-31T13:40:50.525149Z",
            "revision_id": "156c2f30-4a86-4f24-9ee9-175ba5d334d4",
            "rollout": [
              {
                "disruption_budget": [
                  {
                    "fixed": 0,
                    "percent": 100
                  }
                ],
                "min_wait_duration": "0s"
              }
            ],
            "rollout_state": "SUCCEEDED",
            "skip_await_rollout": true,
            "timeouts": null,
            "uid": "fa2b74df-a8f9-4c23-beb5-eb94674cd218"
          },
          "sensitive_attributes": [],
          "private": "eyJlMmJmYjczMC1lY2FhLTExZTYtOGY4OC0zNDM2M2JjN2M0YzAiOnsiY3JlYXRlIjoxMjAwMDAwMDAwMDAwLCJkZWxldGUiOjEyMDAwMDAwMDAwMDAsInVwZGF0ZSI6MTIwMDAwMDAwMDAwMH19",
          "dependencies": [
            "module.os_policy.data.google_compute_zones.this",
            "module.os_policy.data.google_project.default"
          ]
        },
        {
          "index_key": "asia-northeast3-b",
          "schema_version": 0,
          "attributes": {
            "baseline": true,
            "deleted": false,
            "description": "",
            "etag": "f54e3f03-5580-404b-9e9a-b4a6d23a20e8",
            "id": "projects/swit-alpha/locations/asia-northeast3-b/osPolicyAssignments/asia-northeast3-b-opsagent",
            "instance_filter": [
              {
                "all": false,
                "exclusion_labels": [
                  {
                    "labels": {
                      "goog-gke-node": ""
                    }
                  },
                  {
                    "labels": {
                      "serverless-vpc-access": "swit-alpha-serverless-uw1"
                    }
                  }
                ],
                "inclusion_labels": [],
                "inventories": []
              }
            ],
            "location": "asia-northeast3-b",
            "name": "asia-northeast3-b-opsagent",
            "os_policies": [
              {
                "allow_no_resource_group_match": false,
                "description": "",
                "id": "opsagent",
                "mode": "ENFORCEMENT",
                "resource_groups": [
                  {
                    "inventory_filters": [
                      {
                        "os_short_name": "debian",
                        "os_version": "10"
                      }
                    ],
                    "resources": [
                      {
                        "exec": [],
                        "file": [],
                        "id": "add-repo",
                        "pkg": [],
                        "repository": [
                          {
                            "apt": [
                              {
                                "archive_type": "DEB",
                                "components": [
                                  "main"
                                ],
                                "distribution": "google-cloud-ops-agent-buster-2",
                                "gpg_key": "https://packages.cloud.google.com/apt/doc/apt-key.gpg",
                                "uri": "https://packages.cloud.google.com/apt"
                              }
                            ],
                            "goo": [],
                            "yum": [],
                            "zypper": []
                          }
                        ]
                      },
                      {
                        "exec": [],
                        "file": [],
                        "id": "install-pkg",
                        "pkg": [
                          {
                            "apt": [
                              {
                                "name": "google-cloud-ops-agent"
                              }
                            ],
                            "deb": [],
                            "desired_state": "INSTALLED",
                            "googet": [],
                            "msi": [],
                            "rpm": [],
                            "yum": [],
                            "zypper": []
                          }
                        ],
                        "repository": []
                      }
                    ]
                  },
                  {
                    "inventory_filters": [
                      {
                        "os_short_name": "debian",
                        "os_version": "11"
                      }
                    ],
                    "resources": [
                      {
                        "exec": [],
                        "file": [],
                        "id": "add-repo",
                        "pkg": [],
                        "repository": [
                          {
                            "apt": [
                              {
                                "archive_type": "DEB",
                                "components": [
                                  "main"
                                ],
                                "distribution": "google-cloud-ops-agent-bullseye-2",
                                "gpg_key": "https://packages.cloud.google.com/apt/doc/apt-key.gpg",
                                "uri": "https://packages.cloud.google.com/apt"
                              }
                            ],
                            "goo": [],
                            "yum": [],
                            "zypper": []
                          }
                        ]
                      },
                      {
                        "exec": [],
                        "file": [],
                        "id": "install-pkg",
                        "pkg": [
                          {
                            "apt": [
                              {
                                "name": "google-cloud-ops-agent"
                              }
                            ],
                            "deb": [],
                            "desired_state": "INSTALLED",
                            "googet": [],
                            "msi": [],
                            "rpm": [],
                            "yum": [],
                            "zypper": []
                          }
                        ],
                        "repository": []
                      }
                    ]
                  },
                  {
                    "inventory_filters": [
                      {
                        "os_short_name": "debian",
                        "os_version": "12"
                      }
                    ],
                    "resources": [
                      {
                        "exec": [],
                        "file": [],
                        "id": "add-repo",
                        "pkg": [],
                        "repository": [
                          {
                            "apt": [
                              {
                                "archive_type": "DEB",
                                "components": [
                                  "main"
                                ],
                                "distribution": "google-cloud-ops-agent-bookworm-2",
                                "gpg_key": "https://packages.cloud.google.com/apt/doc/apt-key.gpg",
                                "uri": "https://packages.cloud.google.com/apt"
                              }
                            ],
                            "goo": [],
                            "yum": [],
                            "zypper": []
                          }
                        ]
                      },
                      {
                        "exec": [],
                        "file": [],
                        "id": "install-pkg",
                        "pkg": [
                          {
                            "apt": [
                              {
                                "name": "google-cloud-ops-agent"
                              }
                            ],
                            "deb": [],
                            "desired_state": "INSTALLED",
                            "googet": [],
                            "msi": [],
                            "rpm": [],
                            "yum": [],
                            "zypper": []
                          }
                        ],
                        "repository": []
                      }
                    ]
                  },
                  {
                    "inventory_filters": [
                      {
                        "os_short_name": "rocky",
                        "os_version": "8.*"
                      }
                    ],
                    "resources": [
                      {
                        "exec": [],
                        "file": [],
                        "id": "add-repo",
                        "pkg": [],
                        "repository": [
                          {
                            "apt": [],
                            "goo": [],
                            "yum": [
                              {
                                "base_url": "https://packages.cloud.google.com/yum/repos/google-cloud-ops-agent-el8-x86_64-2",
                                "display_name": "Google Cloud Ops Agent Repository",
                                "gpg_keys": [
                                  "https://packages.cloud.google.com/yum/doc/yum-key.gpg",
                                  "https://packages.cloud.google.com/yum/doc/rpm-package-key.gpg"
                                ],
                                "id": "google-cloud-ops-agent"
                              }
                            ],
                            "zypper": []
                          }
                        ]
                      },
                      {
                        "exec": [],
                        "file": [],
                        "id": "install-pkg",
                        "pkg": [
                          {
                            "apt": [],
                            "deb": [],
                            "desired_state": "INSTALLED",
                            "googet": [],
                            "msi": [],
                            "rpm": [],
                            "yum": [
                              {
                                "name": "google-cloud-ops-agent"
                              }
                            ],
                            "zypper": []
                          }
                        ],
                        "repository": []
                      }
                    ]
                  },
                  {
                    "inventory_filters": [
                      {
                        "os_short_name": "rocky",
                        "os_version": "9.*"
                      }
                    ],
                    "resources": [
                      {
                        "exec": [],
                        "file": [],
                        "id": "add-repo",
                        "pkg": [],
                        "repository": [
                          {
                            "apt": [],
                            "goo": [],
                            "yum": [
                              {
                                "base_url": "https://packages.cloud.google.com/yum/repos/google-cloud-ops-agent-el9-x86_64-2",
                                "display_name": "Google Cloud Ops Agent Repository",
                                "gpg_keys": [
                                  "https://packages.cloud.google.com/yum/doc/yum-key.gpg",
                                  "https://packages.cloud.google.com/yum/doc/rpm-package-key.gpg"
                                ],
                                "id": "google-cloud-ops-agent"
                              }
                            ],
                            "zypper": []
                          }
                        ]
                      },
                      {
                        "exec": [],
                        "file": [],
                        "id": "install-pkg",
                        "pkg": [
                          {
                            "apt": [],
                            "deb": [],
                            "desired_state": "INSTALLED",
                            "googet": [],
                            "msi": [],
                            "rpm": [],
                            "yum": [
                              {
                                "name": "google-cloud-ops-agent"
                              }
                            ],
                            "zypper": []
                          }
                        ],
                        "repository": []
                      }
                    ]
                  },
                  {
                    "inventory_filters": [
                      {
                        "os_short_name": "ubuntu",
                        "os_version": "20.04"
                      }
                    ],
                    "resources": [
                      {
                        "exec": [
                          {
                            "enforce": [
                              {
                                "args": [],
                                "file": [],
                                "interpreter": "SHELL",
                                "output_file_path": "",
                                "script": "echo hello"
                              }
                            ],
                            "validate": [
                              {
                                "args": [],
                                "file": [],
                                "interpreter": "SHELL",
                                "output_file_path": "",
                                "script": "cloud-init status --wait; exit 100;"
                              }
                            ]
                          }
                        ],
                        "file": [],
                        "id": "wait-for-cloud-init",
                        "pkg": [],
                        "repository": []
                      },
                      {
                        "exec": [],
                        "file": [],
                        "id": "add-repo",
                        "pkg": [],
                        "repository": [
                          {
                            "apt": [
                              {
                                "archive_type": "DEB",
                                "components": [
                                  "main"
                                ],
                                "distribution": "google-cloud-ops-agent-focal-2",
                                "gpg_key": "https://packages.cloud.google.com/apt/doc/apt-key.gpg",
                                "uri": "https://packages.cloud.google.com/apt"
                              }
                            ],
                            "goo": [],
                            "yum": [],
                            "zypper": []
                          }
                        ]
                      },
                      {
                        "exec": [],
                        "file": [],
                        "id": "install-pkg",
                        "pkg": [
                          {
                            "apt": [
                              {
                                "name": "google-cloud-ops-agent"
                              }
                            ],
                            "deb": [],
                            "desired_state": "INSTALLED",
                            "googet": [],
                            "msi": [],
                            "rpm": [],
                            "yum": [],
                            "zypper": []
                          }
                        ],
                        "repository": []
                      }
                    ]
                  },
                  {
                    "inventory_filters": [
                      {
                        "os_short_name": "ubuntu",
                        "os_version": "22.04"
                      }
                    ],
                    "resources": [
                      {
                        "exec": [
                          {
                            "enforce": [
                              {
                                "args": [],
                                "file": [],
                                "interpreter": "SHELL",
                                "output_file_path": "",
                                "script": "echo hello"
                              }
                            ],
                            "validate": [
                              {
                                "args": [],
                                "file": [],
                                "interpreter": "SHELL",
                                "output_file_path": "",
                                "script": "cloud-init status --wait; exit 100;"
                              }
                            ]
                          }
                        ],
                        "file": [],
                        "id": "wait-for-cloud-init",
                        "pkg": [],
                        "repository": []
                      },
                      {
                        "exec": [],
                        "file": [],
                        "id": "add-repo",
                        "pkg": [],
                        "repository": [
                          {
                            "apt": [
                              {
                                "archive_type": "DEB",
                                "components": [
                                  "main"
                                ],
                                "distribution": "google-cloud-ops-agent-jammy-2",
                                "gpg_key": "https://packages.cloud.google.com/apt/doc/apt-key.gpg",
                                "uri": "https://packages.cloud.google.com/apt"
                              }
                            ],
                            "goo": [],
                            "yum": [],
                            "zypper": []
                          }
                        ]
                      },
                      {
                        "exec": [],
                        "file": [],
                        "id": "install-pkg",
                        "pkg": [
                          {
                            "apt": [
                              {
                                "name": "google-cloud-ops-agent"
                              }
                            ],
                            "deb": [],
                            "desired_state": "INSTALLED",
                            "googet": [],
                            "msi": [],
                            "rpm": [],
                            "yum": [],
                            "zypper": []
                          }
                        ],
                        "repository": []
                      }
                    ]
                  }
                ]
              }
            ],
            "project": "swit-alpha",
            "reconciling": false,
            "revision_create_time": "2024-03-31T13:40:47.868815Z",
            "revision_id": "043caf4f-49d8-4221-a1ae-40a520e2aa2a",
            "rollout": [
              {
                "disruption_budget": [
                  {
                    "fixed": 0,
                    "percent": 100
                  }
                ],
                "min_wait_duration": "0s"
              }
            ],
            "rollout_state": "SUCCEEDED",
            "skip_await_rollout": true,
            "timeouts": null,
            "uid": "2b252a4a-2e4d-41fc-b171-bd3a115d208c"
          },
          "sensitive_attributes": [],
          "private": "eyJlMmJmYjczMC1lY2FhLTExZTYtOGY4OC0zNDM2M2JjN2M0YzAiOnsiY3JlYXRlIjoxMjAwMDAwMDAwMDAwLCJkZWxldGUiOjEyMDAwMDAwMDAwMDAsInVwZGF0ZSI6MTIwMDAwMDAwMDAwMH19",
          "dependencies": [
            "module.os_policy.data.google_compute_zones.this",
            "module.os_policy.data.google_project.default"
          ]
        },
        {
          "index_key": "asia-northeast3-c",
          "schema_version": 0,
          "attributes": {
            "baseline": true,
            "deleted": false,
            "description": "",
            "etag": "8357a97d-b4f8-43e8-9834-131fe87bab5f",
            "id": "projects/swit-alpha/locations/asia-northeast3-c/osPolicyAssignments/asia-northeast3-c-opsagent",
            "instance_filter": [
              {
                "all": false,
                "exclusion_labels": [
                  {
                    "labels": {
                      "goog-gke-node": ""
                    }
                  },
                  {
                    "labels": {
                      "serverless-vpc-access": "swit-alpha-serverless-uw1"
                    }
                  }
                ],
                "inclusion_labels": [],
                "inventories": []
              }
            ],
            "location": "asia-northeast3-c",
            "name": "asia-northeast3-c-opsagent",
            "os_policies": [
              {
                "allow_no_resource_group_match": false,
                "description": "",
                "id": "opsagent",
                "mode": "ENFORCEMENT",
                "resource_groups": [
                  {
                    "inventory_filters": [
                      {
                        "os_short_name": "debian",
                        "os_version": "10"
                      }
                    ],
                    "resources": [
                      {
                        "exec": [],
                        "file": [],
                        "id": "add-repo",
                        "pkg": [],
                        "repository": [
                          {
                            "apt": [
                              {
                                "archive_type": "DEB",
                                "components": [
                                  "main"
                                ],
                                "distribution": "google-cloud-ops-agent-buster-2",
                                "gpg_key": "https://packages.cloud.google.com/apt/doc/apt-key.gpg",
                                "uri": "https://packages.cloud.google.com/apt"
                              }
                            ],
                            "goo": [],
                            "yum": [],
                            "zypper": []
                          }
                        ]
                      },
                      {
                        "exec": [],
                        "file": [],
                        "id": "install-pkg",
                        "pkg": [
                          {
                            "apt": [
                              {
                                "name": "google-cloud-ops-agent"
                              }
                            ],
                            "deb": [],
                            "desired_state": "INSTALLED",
                            "googet": [],
                            "msi": [],
                            "rpm": [],
                            "yum": [],
                            "zypper": []
                          }
                        ],
                        "repository": []
                      }
                    ]
                  },
                  {
                    "inventory_filters": [
                      {
                        "os_short_name": "debian",
                        "os_version": "11"
                      }
                    ],
                    "resources": [
                      {
                        "exec": [],
                        "file": [],
                        "id": "add-repo",
                        "pkg": [],
                        "repository": [
                          {
                            "apt": [
                              {
                                "archive_type": "DEB",
                                "components": [
                                  "main"
                                ],
                                "distribution": "google-cloud-ops-agent-bullseye-2",
                                "gpg_key": "https://packages.cloud.google.com/apt/doc/apt-key.gpg",
                                "uri": "https://packages.cloud.google.com/apt"
                              }
                            ],
                            "goo": [],
                            "yum": [],
                            "zypper": []
                          }
                        ]
                      },
                      {
                        "exec": [],
                        "file": [],
                        "id": "install-pkg",
                        "pkg": [
                          {
                            "apt": [
                              {
                                "name": "google-cloud-ops-agent"
                              }
                            ],
                            "deb": [],
                            "desired_state": "INSTALLED",
                            "googet": [],
                            "msi": [],
                            "rpm": [],
                            "yum": [],
                            "zypper": []
                          }
                        ],
                        "repository": []
                      }
                    ]
                  },
                  {
                    "inventory_filters": [
                      {
                        "os_short_name": "debian",
                        "os_version": "12"
                      }
                    ],
                    "resources": [
                      {
                        "exec": [],
                        "file": [],
                        "id": "add-repo",
                        "pkg": [],
                        "repository": [
                          {
                            "apt": [
                              {
                                "archive_type": "DEB",
                                "components": [
                                  "main"
                                ],
                                "distribution": "google-cloud-ops-agent-bookworm-2",
                                "gpg_key": "https://packages.cloud.google.com/apt/doc/apt-key.gpg",
                                "uri": "https://packages.cloud.google.com/apt"
                              }
                            ],
                            "goo": [],
                            "yum": [],
                            "zypper": []
                          }
                        ]
                      },
                      {
                        "exec": [],
                        "file": [],
                        "id": "install-pkg",
                        "pkg": [
                          {
                            "apt": [
                              {
                                "name": "google-cloud-ops-agent"
                              }
                            ],
                            "deb": [],
                            "desired_state": "INSTALLED",
                            "googet": [],
                            "msi": [],
                            "rpm": [],
                            "yum": [],
                            "zypper": []
                          }
                        ],
                        "repository": []
                      }
                    ]
                  },
                  {
                    "inventory_filters": [
                      {
                        "os_short_name": "rocky",
                        "os_version": "8.*"
                      }
                    ],
                    "resources": [
                      {
                        "exec": [],
                        "file": [],
                        "id": "add-repo",
                        "pkg": [],
                        "repository": [
                          {
                            "apt": [],
                            "goo": [],
                            "yum": [
                              {
                                "base_url": "https://packages.cloud.google.com/yum/repos/google-cloud-ops-agent-el8-x86_64-2",
                                "display_name": "Google Cloud Ops Agent Repository",
                                "gpg_keys": [
                                  "https://packages.cloud.google.com/yum/doc/yum-key.gpg",
                                  "https://packages.cloud.google.com/yum/doc/rpm-package-key.gpg"
                                ],
                                "id": "google-cloud-ops-agent"
                              }
                            ],
                            "zypper": []
                          }
                        ]
                      },
                      {
                        "exec": [],
                        "file": [],
                        "id": "install-pkg",
                        "pkg": [
                          {
                            "apt": [],
                            "deb": [],
                            "desired_state": "INSTALLED",
                            "googet": [],
                            "msi": [],
                            "rpm": [],
                            "yum": [
                              {
                                "name": "google-cloud-ops-agent"
                              }
                            ],
                            "zypper": []
                          }
                        ],
                        "repository": []
                      }
                    ]
                  },
                  {
                    "inventory_filters": [
                      {
                        "os_short_name": "rocky",
                        "os_version": "9.*"
                      }
                    ],
                    "resources": [
                      {
                        "exec": [],
                        "file": [],
                        "id": "add-repo",
                        "pkg": [],
                        "repository": [
                          {
                            "apt": [],
                            "goo": [],
                            "yum": [
                              {
                                "base_url": "https://packages.cloud.google.com/yum/repos/google-cloud-ops-agent-el9-x86_64-2",
                                "display_name": "Google Cloud Ops Agent Repository",
                                "gpg_keys": [
                                  "https://packages.cloud.google.com/yum/doc/yum-key.gpg",
                                  "https://packages.cloud.google.com/yum/doc/rpm-package-key.gpg"
                                ],
                                "id": "google-cloud-ops-agent"
                              }
                            ],
                            "zypper": []
                          }
                        ]
                      },
                      {
                        "exec": [],
                        "file": [],
                        "id": "install-pkg",
                        "pkg": [
                          {
                            "apt": [],
                            "deb": [],
                            "desired_state": "INSTALLED",
                            "googet": [],
                            "msi": [],
                            "rpm": [],
                            "yum": [
                              {
                                "name": "google-cloud-ops-agent"
                              }
                            ],
                            "zypper": []
                          }
                        ],
                        "repository": []
                      }
                    ]
                  },
                  {
                    "inventory_filters": [
                      {
                        "os_short_name": "ubuntu",
                        "os_version": "20.04"
                      }
                    ],
                    "resources": [
                      {
                        "exec": [
                          {
                            "enforce": [
                              {
                                "args": [],
                                "file": [],
                                "interpreter": "SHELL",
                                "output_file_path": "",
                                "script": "echo hello"
                              }
                            ],
                            "validate": [
                              {
                                "args": [],
                                "file": [],
                                "interpreter": "SHELL",
                                "output_file_path": "",
                                "script": "cloud-init status --wait; exit 100;"
                              }
                            ]
                          }
                        ],
                        "file": [],
                        "id": "wait-for-cloud-init",
                        "pkg": [],
                        "repository": []
                      },
                      {
                        "exec": [],
                        "file": [],
                        "id": "add-repo",
                        "pkg": [],
                        "repository": [
                          {
                            "apt": [
                              {
                                "archive_type": "DEB",
                                "components": [
                                  "main"
                                ],
                                "distribution": "google-cloud-ops-agent-focal-2",
                                "gpg_key": "https://packages.cloud.google.com/apt/doc/apt-key.gpg",
                                "uri": "https://packages.cloud.google.com/apt"
                              }
                            ],
                            "goo": [],
                            "yum": [],
                            "zypper": []
                          }
                        ]
                      },
                      {
                        "exec": [],
                        "file": [],
                        "id": "install-pkg",
                        "pkg": [
                          {
                            "apt": [
                              {
                                "name": "google-cloud-ops-agent"
                              }
                            ],
                            "deb": [],
                            "desired_state": "INSTALLED",
                            "googet": [],
                            "msi": [],
                            "rpm": [],
                            "yum": [],
                            "zypper": []
                          }
                        ],
                        "repository": []
                      }
                    ]
                  },
                  {
                    "inventory_filters": [
                      {
                        "os_short_name": "ubuntu",
                        "os_version": "22.04"
                      }
                    ],
                    "resources": [
                      {
                        "exec": [
                          {
                            "enforce": [
                              {
                                "args": [],
                                "file": [],
                                "interpreter": "SHELL",
                                "output_file_path": "",
                                "script": "echo hello"
                              }
                            ],
                            "validate": [
                              {
                                "args": [],
                                "file": [],
                                "interpreter": "SHELL",
                                "output_file_path": "",
                                "script": "cloud-init status --wait; exit 100;"
                              }
                            ]
                          }
                        ],
                        "file": [],
                        "id": "wait-for-cloud-init",
                        "pkg": [],
                        "repository": []
                      },
                      {
                        "exec": [],
                        "file": [],
                        "id": "add-repo",
                        "pkg": [],
                        "repository": [
                          {
                            "apt": [
                              {
                                "archive_type": "DEB",
                                "components": [
                                  "main"
                                ],
                                "distribution": "google-cloud-ops-agent-jammy-2",
                                "gpg_key": "https://packages.cloud.google.com/apt/doc/apt-key.gpg",
                                "uri": "https://packages.cloud.google.com/apt"
                              }
                            ],
                            "goo": [],
                            "yum": [],
                            "zypper": []
                          }
                        ]
                      },
                      {
                        "exec": [],
                        "file": [],
                        "id": "install-pkg",
                        "pkg": [
                          {
                            "apt": [
                              {
                                "name": "google-cloud-ops-agent"
                              }
                            ],
                            "deb": [],
                            "desired_state": "INSTALLED",
                            "googet": [],
                            "msi": [],
                            "rpm": [],
                            "yum": [],
                            "zypper": []
                          }
                        ],
                        "repository": []
                      }
                    ]
                  }
                ]
              }
            ],
            "project": "swit-alpha",
            "reconciling": false,
            "revision_create_time": "2024-03-31T13:40:50.205134Z",
            "revision_id": "9852344b-7ba8-4ec4-b967-06cbef002294",
            "rollout": [
              {
                "disruption_budget": [
                  {
                    "fixed": 0,
                    "percent": 100
                  }
                ],
                "min_wait_duration": "0s"
              }
            ],
            "rollout_state": "SUCCEEDED",
            "skip_await_rollout": true,
            "timeouts": null,
            "uid": "116401de-02d4-47d8-a899-7098d20c2e49"
          },
          "sensitive_attributes": [],
          "private": "eyJlMmJmYjczMC1lY2FhLTExZTYtOGY4OC0zNDM2M2JjN2M0YzAiOnsiY3JlYXRlIjoxMjAwMDAwMDAwMDAwLCJkZWxldGUiOjEyMDAwMDAwMDAwMDAsInVwZGF0ZSI6MTIwMDAwMDAwMDAwMH19",
          "dependencies": [
            "module.os_policy.data.google_compute_zones.this",
            "module.os_policy.data.google_project.default"
          ]
        },
        {
          "index_key": "us-west1-a",
          "schema_version": 0,
          "attributes": {
            "baseline": true,
            "deleted": false,
            "description": "",
            "etag": "e4a781eb-c4bf-493a-bcec-528b16100fad",
            "id": "projects/swit-alpha/locations/us-west1-a/osPolicyAssignments/us-west1-a-opsagent",
            "instance_filter": [
              {
                "all": false,
                "exclusion_labels": [
                  {
                    "labels": {
                      "goog-gke-node": ""
                    }
                  },
                  {
                    "labels": {
                      "serverless-vpc-access": "swit-alpha-serverless-uw1"
                    }
                  }
                ],
                "inclusion_labels": [],
                "inventories": []
              }
            ],
            "location": "us-west1-a",
            "name": "us-west1-a-opsagent",
            "os_policies": [
              {
                "allow_no_resource_group_match": false,
                "description": "",
                "id": "opsagent",
                "mode": "ENFORCEMENT",
                "resource_groups": [
                  {
                    "inventory_filters": [
                      {
                        "os_short_name": "debian",
                        "os_version": "10"
                      }
                    ],
                    "resources": [
                      {
                        "exec": [],
                        "file": [],
                        "id": "add-repo",
                        "pkg": [],
                        "repository": [
                          {
                            "apt": [
                              {
                                "archive_type": "DEB",
                                "components": [
                                  "main"
                                ],
                                "distribution": "google-cloud-ops-agent-buster-2",
                                "gpg_key": "https://packages.cloud.google.com/apt/doc/apt-key.gpg",
                                "uri": "https://packages.cloud.google.com/apt"
                              }
                            ],
                            "goo": [],
                            "yum": [],
                            "zypper": []
                          }
                        ]
                      },
                      {
                        "exec": [],
                        "file": [],
                        "id": "install-pkg",
                        "pkg": [
                          {
                            "apt": [
                              {
                                "name": "google-cloud-ops-agent"
                              }
                            ],
                            "deb": [],
                            "desired_state": "INSTALLED",
                            "googet": [],
                            "msi": [],
                            "rpm": [],
                            "yum": [],
                            "zypper": []
                          }
                        ],
                        "repository": []
                      }
                    ]
                  },
                  {
                    "inventory_filters": [
                      {
                        "os_short_name": "debian",
                        "os_version": "11"
                      }
                    ],
                    "resources": [
                      {
                        "exec": [],
                        "file": [],
                        "id": "add-repo",
                        "pkg": [],
                        "repository": [
                          {
                            "apt": [
                              {
                                "archive_type": "DEB",
                                "components": [
                                  "main"
                                ],
                                "distribution": "google-cloud-ops-agent-bullseye-2",
                                "gpg_key": "https://packages.cloud.google.com/apt/doc/apt-key.gpg",
                                "uri": "https://packages.cloud.google.com/apt"
                              }
                            ],
                            "goo": [],
                            "yum": [],
                            "zypper": []
                          }
                        ]
                      },
                      {
                        "exec": [],
                        "file": [],
                        "id": "install-pkg",
                        "pkg": [
                          {
                            "apt": [
                              {
                                "name": "google-cloud-ops-agent"
                              }
                            ],
                            "deb": [],
                            "desired_state": "INSTALLED",
                            "googet": [],
                            "msi": [],
                            "rpm": [],
                            "yum": [],
                            "zypper": []
                          }
                        ],
                        "repository": []
                      }
                    ]
                  },
                  {
                    "inventory_filters": [
                      {
                        "os_short_name": "debian",
                        "os_version": "12"
                      }
                    ],
                    "resources": [
                      {
                        "exec": [],
                        "file": [],
                        "id": "add-repo",
                        "pkg": [],
                        "repository": [
                          {
                            "apt": [
                              {
                                "archive_type": "DEB",
                                "components": [
                                  "main"
                                ],
                                "distribution": "google-cloud-ops-agent-bookworm-2",
                                "gpg_key": "https://packages.cloud.google.com/apt/doc/apt-key.gpg",
                                "uri": "https://packages.cloud.google.com/apt"
                              }
                            ],
                            "goo": [],
                            "yum": [],
                            "zypper": []
                          }
                        ]
                      },
                      {
                        "exec": [],
                        "file": [],
                        "id": "install-pkg",
                        "pkg": [
                          {
                            "apt": [
                              {
                                "name": "google-cloud-ops-agent"
                              }
                            ],
                            "deb": [],
                            "desired_state": "INSTALLED",
                            "googet": [],
                            "msi": [],
                            "rpm": [],
                            "yum": [],
                            "zypper": []
                          }
                        ],
                        "repository": []
                      }
                    ]
                  },
                  {
                    "inventory_filters": [
                      {
                        "os_short_name": "rocky",
                        "os_version": "8.*"
                      }
                    ],
                    "resources": [
                      {
                        "exec": [],
                        "file": [],
                        "id": "add-repo",
                        "pkg": [],
                        "repository": [
                          {
                            "apt": [],
                            "goo": [],
                            "yum": [
                              {
                                "base_url": "https://packages.cloud.google.com/yum/repos/google-cloud-ops-agent-el8-x86_64-2",
                                "display_name": "Google Cloud Ops Agent Repository",
                                "gpg_keys": [
                                  "https://packages.cloud.google.com/yum/doc/yum-key.gpg",
                                  "https://packages.cloud.google.com/yum/doc/rpm-package-key.gpg"
                                ],
                                "id": "google-cloud-ops-agent"
                              }
                            ],
                            "zypper": []
                          }
                        ]
                      },
                      {
                        "exec": [],
                        "file": [],
                        "id": "install-pkg",
                        "pkg": [
                          {
                            "apt": [],
                            "deb": [],
                            "desired_state": "INSTALLED",
                            "googet": [],
                            "msi": [],
                            "rpm": [],
                            "yum": [
                              {
                                "name": "google-cloud-ops-agent"
                              }
                            ],
                            "zypper": []
                          }
                        ],
                        "repository": []
                      }
                    ]
                  },
                  {
                    "inventory_filters": [
                      {
                        "os_short_name": "rocky",
                        "os_version": "9.*"
                      }
                    ],
                    "resources": [
                      {
                        "exec": [],
                        "file": [],
                        "id": "add-repo",
                        "pkg": [],
                        "repository": [
                          {
                            "apt": [],
                            "goo": [],
                            "yum": [
                              {
                                "base_url": "https://packages.cloud.google.com/yum/repos/google-cloud-ops-agent-el9-x86_64-2",
                                "display_name": "Google Cloud Ops Agent Repository",
                                "gpg_keys": [
                                  "https://packages.cloud.google.com/yum/doc/yum-key.gpg",
                                  "https://packages.cloud.google.com/yum/doc/rpm-package-key.gpg"
                                ],
                                "id": "google-cloud-ops-agent"
                              }
                            ],
                            "zypper": []
                          }
                        ]
                      },
                      {
                        "exec": [],
                        "file": [],
                        "id": "install-pkg",
                        "pkg": [
                          {
                            "apt": [],
                            "deb": [],
                            "desired_state": "INSTALLED",
                            "googet": [],
                            "msi": [],
                            "rpm": [],
                            "yum": [
                              {
                                "name": "google-cloud-ops-agent"
                              }
                            ],
                            "zypper": []
                          }
                        ],
                        "repository": []
                      }
                    ]
                  },
                  {
                    "inventory_filters": [
                      {
                        "os_short_name": "ubuntu",
                        "os_version": "20.04"
                      }
                    ],
                    "resources": [
                      {
                        "exec": [
                          {
                            "enforce": [
                              {
                                "args": [],
                                "file": [],
                                "interpreter": "SHELL",
                                "output_file_path": "",
                                "script": "echo hello"
                              }
                            ],
                            "validate": [
                              {
                                "args": [],
                                "file": [],
                                "interpreter": "SHELL",
                                "output_file_path": "",
                                "script": "cloud-init status --wait; exit 100;"
                              }
                            ]
                          }
                        ],
                        "file": [],
                        "id": "wait-for-cloud-init",
                        "pkg": [],
                        "repository": []
                      },
                      {
                        "exec": [],
                        "file": [],
                        "id": "add-repo",
                        "pkg": [],
                        "repository": [
                          {
                            "apt": [
                              {
                                "archive_type": "DEB",
                                "components": [
                                  "main"
                                ],
                                "distribution": "google-cloud-ops-agent-focal-2",
                                "gpg_key": "https://packages.cloud.google.com/apt/doc/apt-key.gpg",
                                "uri": "https://packages.cloud.google.com/apt"
                              }
                            ],
                            "goo": [],
                            "yum": [],
                            "zypper": []
                          }
                        ]
                      },
                      {
                        "exec": [],
                        "file": [],
                        "id": "install-pkg",
                        "pkg": [
                          {
                            "apt": [
                              {
                                "name": "google-cloud-ops-agent"
                              }
                            ],
                            "deb": [],
                            "desired_state": "INSTALLED",
                            "googet": [],
                            "msi": [],
                            "rpm": [],
                            "yum": [],
                            "zypper": []
                          }
                        ],
                        "repository": []
                      }
                    ]
                  },
                  {
                    "inventory_filters": [
                      {
                        "os_short_name": "ubuntu",
                        "os_version": "22.04"
                      }
                    ],
                    "resources": [
                      {
                        "exec": [
                          {
                            "enforce": [
                              {
                                "args": [],
                                "file": [],
                                "interpreter": "SHELL",
                                "output_file_path": "",
                                "script": "echo hello"
                              }
                            ],
                            "validate": [
                              {
                                "args": [],
                                "file": [],
                                "interpreter": "SHELL",
                                "output_file_path": "",
                                "script": "cloud-init status --wait; exit 100;"
                              }
                            ]
                          }
                        ],
                        "file": [],
                        "id": "wait-for-cloud-init",
                        "pkg": [],
                        "repository": []
                      },
                      {
                        "exec": [],
                        "file": [],
                        "id": "add-repo",
                        "pkg": [],
                        "repository": [
                          {
                            "apt": [
                              {
                                "archive_type": "DEB",
                                "components": [
                                  "main"
                                ],
                                "distribution": "google-cloud-ops-agent-jammy-2",
                                "gpg_key": "https://packages.cloud.google.com/apt/doc/apt-key.gpg",
                                "uri": "https://packages.cloud.google.com/apt"
                              }
                            ],
                            "goo": [],
                            "yum": [],
                            "zypper": []
                          }
                        ]
                      },
                      {
                        "exec": [],
                        "file": [],
                        "id": "install-pkg",
                        "pkg": [
                          {
                            "apt": [
                              {
                                "name": "google-cloud-ops-agent"
                              }
                            ],
                            "deb": [],
                            "desired_state": "INSTALLED",
                            "googet": [],
                            "msi": [],
                            "rpm": [],
                            "yum": [],
                            "zypper": []
                          }
                        ],
                        "repository": []
                      }
                    ]
                  }
                ]
              }
            ],
            "project": "swit-alpha",
            "reconciling": false,
            "revision_create_time": "2024-03-31T13:40:50.595487Z",
            "revision_id": "ff27791f-d91a-419b-a753-b27194b5a374",
            "rollout": [
              {
                "disruption_budget": [
                  {
                    "fixed": 0,
                    "percent": 100
                  }
                ],
                "min_wait_duration": "0s"
              }
            ],
            "rollout_state": "SUCCEEDED",
            "skip_await_rollout": true,
            "timeouts": null,
            "uid": "0ddda533-5d86-4a30-8e75-4220dc514dde"
          },
          "sensitive_attributes": [],
          "private": "eyJlMmJmYjczMC1lY2FhLTExZTYtOGY4OC0zNDM2M2JjN2M0YzAiOnsiY3JlYXRlIjoxMjAwMDAwMDAwMDAwLCJkZWxldGUiOjEyMDAwMDAwMDAwMDAsInVwZGF0ZSI6MTIwMDAwMDAwMDAwMH19",
          "dependencies": [
            "module.os_policy.data.google_compute_zones.this",
            "module.os_policy.data.google_project.default"
          ]
        },
        {
          "index_key": "us-west1-b",
          "schema_version": 0,
          "attributes": {
            "baseline": true,
            "deleted": false,
            "description": "",
            "etag": "d09342f6-2977-4297-9091-1b9b55f31776",
            "id": "projects/swit-alpha/locations/us-west1-b/osPolicyAssignments/us-west1-b-opsagent",
            "instance_filter": [
              {
                "all": false,
                "exclusion_labels": [
                  {
                    "labels": {
                      "goog-gke-node": ""
                    }
                  },
                  {
                    "labels": {
                      "serverless-vpc-access": "swit-alpha-serverless-uw1"
                    }
                  }
                ],
                "inclusion_labels": [],
                "inventories": []
              }
            ],
            "location": "us-west1-b",
            "name": "us-west1-b-opsagent",
            "os_policies": [
              {
                "allow_no_resource_group_match": false,
                "description": "",
                "id": "opsagent",
                "mode": "ENFORCEMENT",
                "resource_groups": [
                  {
                    "inventory_filters": [
                      {
                        "os_short_name": "debian",
                        "os_version": "10"
                      }
                    ],
                    "resources": [
                      {
                        "exec": [],
                        "file": [],
                        "id": "add-repo",
                        "pkg": [],
                        "repository": [
                          {
                            "apt": [
                              {
                                "archive_type": "DEB",
                                "components": [
                                  "main"
                                ],
                                "distribution": "google-cloud-ops-agent-buster-2",
                                "gpg_key": "https://packages.cloud.google.com/apt/doc/apt-key.gpg",
                                "uri": "https://packages.cloud.google.com/apt"
                              }
                            ],
                            "goo": [],
                            "yum": [],
                            "zypper": []
                          }
                        ]
                      },
                      {
                        "exec": [],
                        "file": [],
                        "id": "install-pkg",
                        "pkg": [
                          {
                            "apt": [
                              {
                                "name": "google-cloud-ops-agent"
                              }
                            ],
                            "deb": [],
                            "desired_state": "INSTALLED",
                            "googet": [],
                            "msi": [],
                            "rpm": [],
                            "yum": [],
                            "zypper": []
                          }
                        ],
                        "repository": []
                      }
                    ]
                  },
                  {
                    "inventory_filters": [
                      {
                        "os_short_name": "debian",
                        "os_version": "11"
                      }
                    ],
                    "resources": [
                      {
                        "exec": [],
                        "file": [],
                        "id": "add-repo",
                        "pkg": [],
                        "repository": [
                          {
                            "apt": [
                              {
                                "archive_type": "DEB",
                                "components": [
                                  "main"
                                ],
                                "distribution": "google-cloud-ops-agent-bullseye-2",
                                "gpg_key": "https://packages.cloud.google.com/apt/doc/apt-key.gpg",
                                "uri": "https://packages.cloud.google.com/apt"
                              }
                            ],
                            "goo": [],
                            "yum": [],
                            "zypper": []
                          }
                        ]
                      },
                      {
                        "exec": [],
                        "file": [],
                        "id": "install-pkg",
                        "pkg": [
                          {
                            "apt": [
                              {
                                "name": "google-cloud-ops-agent"
                              }
                            ],
                            "deb": [],
                            "desired_state": "INSTALLED",
                            "googet": [],
                            "msi": [],
                            "rpm": [],
                            "yum": [],
                            "zypper": []
                          }
                        ],
                        "repository": []
                      }
                    ]
                  },
                  {
                    "inventory_filters": [
                      {
                        "os_short_name": "debian",
                        "os_version": "12"
                      }
                    ],
                    "resources": [
                      {
                        "exec": [],
                        "file": [],
                        "id": "add-repo",
                        "pkg": [],
                        "repository": [
                          {
                            "apt": [
                              {
                                "archive_type": "DEB",
                                "components": [
                                  "main"
                                ],
                                "distribution": "google-cloud-ops-agent-bookworm-2",
                                "gpg_key": "https://packages.cloud.google.com/apt/doc/apt-key.gpg",
                                "uri": "https://packages.cloud.google.com/apt"
                              }
                            ],
                            "goo": [],
                            "yum": [],
                            "zypper": []
                          }
                        ]
                      },
                      {
                        "exec": [],
                        "file": [],
                        "id": "install-pkg",
                        "pkg": [
                          {
                            "apt": [
                              {
                                "name": "google-cloud-ops-agent"
                              }
                            ],
                            "deb": [],
                            "desired_state": "INSTALLED",
                            "googet": [],
                            "msi": [],
                            "rpm": [],
                            "yum": [],
                            "zypper": []
                          }
                        ],
                        "repository": []
                      }
                    ]
                  },
                  {
                    "inventory_filters": [
                      {
                        "os_short_name": "rocky",
                        "os_version": "8.*"
                      }
                    ],
                    "resources": [
                      {
                        "exec": [],
                        "file": [],
                        "id": "add-repo",
                        "pkg": [],
                        "repository": [
                          {
                            "apt": [],
                            "goo": [],
                            "yum": [
                              {
                                "base_url": "https://packages.cloud.google.com/yum/repos/google-cloud-ops-agent-el8-x86_64-2",
                                "display_name": "Google Cloud Ops Agent Repository",
                                "gpg_keys": [
                                  "https://packages.cloud.google.com/yum/doc/yum-key.gpg",
                                  "https://packages.cloud.google.com/yum/doc/rpm-package-key.gpg"
                                ],
                                "id": "google-cloud-ops-agent"
                              }
                            ],
                            "zypper": []
                          }
                        ]
                      },
                      {
                        "exec": [],
                        "file": [],
                        "id": "install-pkg",
                        "pkg": [
                          {
                            "apt": [],
                            "deb": [],
                            "desired_state": "INSTALLED",
                            "googet": [],
                            "msi": [],
                            "rpm": [],
                            "yum": [
                              {
                                "name": "google-cloud-ops-agent"
                              }
                            ],
                            "zypper": []
                          }
                        ],
                        "repository": []
                      }
                    ]
                  },
                  {
                    "inventory_filters": [
                      {
                        "os_short_name": "rocky",
                        "os_version": "9.*"
                      }
                    ],
                    "resources": [
                      {
                        "exec": [],
                        "file": [],
                        "id": "add-repo",
                        "pkg": [],
                        "repository": [
                          {
                            "apt": [],
                            "goo": [],
                            "yum": [
                              {
                                "base_url": "https://packages.cloud.google.com/yum/repos/google-cloud-ops-agent-el9-x86_64-2",
                                "display_name": "Google Cloud Ops Agent Repository",
                                "gpg_keys": [
                                  "https://packages.cloud.google.com/yum/doc/yum-key.gpg",
                                  "https://packages.cloud.google.com/yum/doc/rpm-package-key.gpg"
                                ],
                                "id": "google-cloud-ops-agent"
                              }
                            ],
                            "zypper": []
                          }
                        ]
                      },
                      {
                        "exec": [],
                        "file": [],
                        "id": "install-pkg",
                        "pkg": [
                          {
                            "apt": [],
                            "deb": [],
                            "desired_state": "INSTALLED",
                            "googet": [],
                            "msi": [],
                            "rpm": [],
                            "yum": [
                              {
                                "name": "google-cloud-ops-agent"
                              }
                            ],
                            "zypper": []
                          }
                        ],
                        "repository": []
                      }
                    ]
                  },
                  {
                    "inventory_filters": [
                      {
                        "os_short_name": "ubuntu",
                        "os_version": "20.04"
                      }
                    ],
                    "resources": [
                      {
                        "exec": [
                          {
                            "enforce": [
                              {
                                "args": [],
                                "file": [],
                                "interpreter": "SHELL",
                                "output_file_path": "",
                                "script": "echo hello"
                              }
                            ],
                            "validate": [
                              {
                                "args": [],
                                "file": [],
                                "interpreter": "SHELL",
                                "output_file_path": "",
                                "script": "cloud-init status --wait; exit 100;"
                              }
                            ]
                          }
                        ],
                        "file": [],
                        "id": "wait-for-cloud-init",
                        "pkg": [],
                        "repository": []
                      },
                      {
                        "exec": [],
                        "file": [],
                        "id": "add-repo",
                        "pkg": [],
                        "repository": [
                          {
                            "apt": [
                              {
                                "archive_type": "DEB",
                                "components": [
                                  "main"
                                ],
                                "distribution": "google-cloud-ops-agent-focal-2",
                                "gpg_key": "https://packages.cloud.google.com/apt/doc/apt-key.gpg",
                                "uri": "https://packages.cloud.google.com/apt"
                              }
                            ],
                            "goo": [],
                            "yum": [],
                            "zypper": []
                          }
                        ]
                      },
                      {
                        "exec": [],
                        "file": [],
                        "id": "install-pkg",
                        "pkg": [
                          {
                            "apt": [
                              {
                                "name": "google-cloud-ops-agent"
                              }
                            ],
                            "deb": [],
                            "desired_state": "INSTALLED",
                            "googet": [],
                            "msi": [],
                            "rpm": [],
                            "yum": [],
                            "zypper": []
                          }
                        ],
                        "repository": []
                      }
                    ]
                  },
                  {
                    "inventory_filters": [
                      {
                        "os_short_name": "ubuntu",
                        "os_version": "22.04"
                      }
                    ],
                    "resources": [
                      {
                        "exec": [
                          {
                            "enforce": [
                              {
                                "args": [],
                                "file": [],
                                "interpreter": "SHELL",
                                "output_file_path": "",
                                "script": "echo hello"
                              }
                            ],
                            "validate": [
                              {
                                "args": [],
                                "file": [],
                                "interpreter": "SHELL",
                                "output_file_path": "",
                                "script": "cloud-init status --wait; exit 100;"
                              }
                            ]
                          }
                        ],
                        "file": [],
                        "id": "wait-for-cloud-init",
                        "pkg": [],
                        "repository": []
                      },
                      {
                        "exec": [],
                        "file": [],
                        "id": "add-repo",
                        "pkg": [],
                        "repository": [
                          {
                            "apt": [
                              {
                                "archive_type": "DEB",
                                "components": [
                                  "main"
                                ],
                                "distribution": "google-cloud-ops-agent-jammy-2",
                                "gpg_key": "https://packages.cloud.google.com/apt/doc/apt-key.gpg",
                                "uri": "https://packages.cloud.google.com/apt"
                              }
                            ],
                            "goo": [],
                            "yum": [],
                            "zypper": []
                          }
                        ]
                      },
                      {
                        "exec": [],
                        "file": [],
                        "id": "install-pkg",
                        "pkg": [
                          {
                            "apt": [
                              {
                                "name": "google-cloud-ops-agent"
                              }
                            ],
                            "deb": [],
                            "desired_state": "INSTALLED",
                            "googet": [],
                            "msi": [],
                            "rpm": [],
                            "yum": [],
                            "zypper": []
                          }
                        ],
                        "repository": []
                      }
                    ]
                  }
                ]
              }
            ],
            "project": "swit-alpha",
            "reconciling": false,
            "revision_create_time": "2024-03-31T13:40:53.344789Z",
            "revision_id": "84e3d9e6-6df8-4ba2-8d61-f07012b8a941",
            "rollout": [
              {
                "disruption_budget": [
                  {
                    "fixed": 0,
                    "percent": 100
                  }
                ],
                "min_wait_duration": "0s"
              }
            ],
            "rollout_state": "SUCCEEDED",
            "skip_await_rollout": true,
            "timeouts": null,
            "uid": "190a8dff-c294-4ad6-9161-f34f3e73a131"
          },
          "sensitive_attributes": [],
          "private": "eyJlMmJmYjczMC1lY2FhLTExZTYtOGY4OC0zNDM2M2JjN2M0YzAiOnsiY3JlYXRlIjoxMjAwMDAwMDAwMDAwLCJkZWxldGUiOjEyMDAwMDAwMDAwMDAsInVwZGF0ZSI6MTIwMDAwMDAwMDAwMH19",
          "dependencies": [
            "module.os_policy.data.google_compute_zones.this",
            "module.os_policy.data.google_project.default"
          ]
        },
        {
          "index_key": "us-west1-c",
          "schema_version": 0,
          "attributes": {
            "baseline": true,
            "deleted": false,
            "description": "",
            "etag": "c79b7184-49ab-411a-a0a4-14e5204876e1",
            "id": "projects/swit-alpha/locations/us-west1-c/osPolicyAssignments/us-west1-c-opsagent",
            "instance_filter": [
              {
                "all": false,
                "exclusion_labels": [
                  {
                    "labels": {
                      "goog-gke-node": ""
                    }
                  },
                  {
                    "labels": {
                      "serverless-vpc-access": "swit-alpha-serverless-uw1"
                    }
                  }
                ],
                "inclusion_labels": [],
                "inventories": []
              }
            ],
            "location": "us-west1-c",
            "name": "us-west1-c-opsagent",
            "os_policies": [
              {
                "allow_no_resource_group_match": false,
                "description": "",
                "id": "opsagent",
                "mode": "ENFORCEMENT",
                "resource_groups": [
                  {
                    "inventory_filters": [
                      {
                        "os_short_name": "debian",
                        "os_version": "10"
                      }
                    ],
                    "resources": [
                      {
                        "exec": [],
                        "file": [],
                        "id": "add-repo",
                        "pkg": [],
                        "repository": [
                          {
                            "apt": [
                              {
                                "archive_type": "DEB",
                                "components": [
                                  "main"
                                ],
                                "distribution": "google-cloud-ops-agent-buster-2",
                                "gpg_key": "https://packages.cloud.google.com/apt/doc/apt-key.gpg",
                                "uri": "https://packages.cloud.google.com/apt"
                              }
                            ],
                            "goo": [],
                            "yum": [],
                            "zypper": []
                          }
                        ]
                      },
                      {
                        "exec": [],
                        "file": [],
                        "id": "install-pkg",
                        "pkg": [
                          {
                            "apt": [
                              {
                                "name": "google-cloud-ops-agent"
                              }
                            ],
                            "deb": [],
                            "desired_state": "INSTALLED",
                            "googet": [],
                            "msi": [],
                            "rpm": [],
                            "yum": [],
                            "zypper": []
                          }
                        ],
                        "repository": []
                      }
                    ]
                  },
                  {
                    "inventory_filters": [
                      {
                        "os_short_name": "debian",
                        "os_version": "11"
                      }
                    ],
                    "resources": [
                      {
                        "exec": [],
                        "file": [],
                        "id": "add-repo",
                        "pkg": [],
                        "repository": [
                          {
                            "apt": [
                              {
                                "archive_type": "DEB",
                                "components": [
                                  "main"
                                ],
                                "distribution": "google-cloud-ops-agent-bullseye-2",
                                "gpg_key": "https://packages.cloud.google.com/apt/doc/apt-key.gpg",
                                "uri": "https://packages.cloud.google.com/apt"
                              }
                            ],
                            "goo": [],
                            "yum": [],
                            "zypper": []
                          }
                        ]
                      },
                      {
                        "exec": [],
                        "file": [],
                        "id": "install-pkg",
                        "pkg": [
                          {
                            "apt": [
                              {
                                "name": "google-cloud-ops-agent"
                              }
                            ],
                            "deb": [],
                            "desired_state": "INSTALLED",
                            "googet": [],
                            "msi": [],
                            "rpm": [],
                            "yum": [],
                            "zypper": []
                          }
                        ],
                        "repository": []
                      }
                    ]
                  },
                  {
                    "inventory_filters": [
                      {
                        "os_short_name": "debian",
                        "os_version": "12"
                      }
                    ],
                    "resources": [
                      {
                        "exec": [],
                        "file": [],
                        "id": "add-repo",
                        "pkg": [],
                        "repository": [
                          {
                            "apt": [
                              {
                                "archive_type": "DEB",
                                "components": [
                                  "main"
                                ],
                                "distribution": "google-cloud-ops-agent-bookworm-2",
                                "gpg_key": "https://packages.cloud.google.com/apt/doc/apt-key.gpg",
                                "uri": "https://packages.cloud.google.com/apt"
                              }
                            ],
                            "goo": [],
                            "yum": [],
                            "zypper": []
                          }
                        ]
                      },
                      {
                        "exec": [],
                        "file": [],
                        "id": "install-pkg",
                        "pkg": [
                          {
                            "apt": [
                              {
                                "name": "google-cloud-ops-agent"
                              }
                            ],
                            "deb": [],
                            "desired_state": "INSTALLED",
                            "googet": [],
                            "msi": [],
                            "rpm": [],
                            "yum": [],
                            "zypper": []
                          }
                        ],
                        "repository": []
                      }
                    ]
                  },
                  {
                    "inventory_filters": [
                      {
                        "os_short_name": "rocky",
                        "os_version": "8.*"
                      }
                    ],
                    "resources": [
                      {
                        "exec": [],
                        "file": [],
                        "id": "add-repo",
                        "pkg": [],
                        "repository": [
                          {
                            "apt": [],
                            "goo": [],
                            "yum": [
                              {
                                "base_url": "https://packages.cloud.google.com/yum/repos/google-cloud-ops-agent-el8-x86_64-2",
                                "display_name": "Google Cloud Ops Agent Repository",
                                "gpg_keys": [
                                  "https://packages.cloud.google.com/yum/doc/yum-key.gpg",
                                  "https://packages.cloud.google.com/yum/doc/rpm-package-key.gpg"
                                ],
                                "id": "google-cloud-ops-agent"
                              }
                            ],
                            "zypper": []
                          }
                        ]
                      },
                      {
                        "exec": [],
                        "file": [],
                        "id": "install-pkg",
                        "pkg": [
                          {
                            "apt": [],
                            "deb": [],
                            "desired_state": "INSTALLED",
                            "googet": [],
                            "msi": [],
                            "rpm": [],
                            "yum": [
                              {
                                "name": "google-cloud-ops-agent"
                              }
                            ],
                            "zypper": []
                          }
                        ],
                        "repository": []
                      }
                    ]
                  },
                  {
                    "inventory_filters": [
                      {
                        "os_short_name": "rocky",
                        "os_version": "9.*"
                      }
                    ],
                    "resources": [
                      {
                        "exec": [],
                        "file": [],
                        "id": "add-repo",
                        "pkg": [],
                        "repository": [
                          {
                            "apt": [],
                            "goo": [],
                            "yum": [
                              {
                                "base_url": "https://packages.cloud.google.com/yum/repos/google-cloud-ops-agent-el9-x86_64-2",
                                "display_name": "Google Cloud Ops Agent Repository",
                                "gpg_keys": [
                                  "https://packages.cloud.google.com/yum/doc/yum-key.gpg",
                                  "https://packages.cloud.google.com/yum/doc/rpm-package-key.gpg"
                                ],
                                "id": "google-cloud-ops-agent"
                              }
                            ],
                            "zypper": []
                          }
                        ]
                      },
                      {
                        "exec": [],
                        "file": [],
                        "id": "install-pkg",
                        "pkg": [
                          {
                            "apt": [],
                            "deb": [],
                            "desired_state": "INSTALLED",
                            "googet": [],
                            "msi": [],
                            "rpm": [],
                            "yum": [
                              {
                                "name": "google-cloud-ops-agent"
                              }
                            ],
                            "zypper": []
                          }
                        ],
                        "repository": []
                      }
                    ]
                  },
                  {
                    "inventory_filters": [
                      {
                        "os_short_name": "ubuntu",
                        "os_version": "20.04"
                      }
                    ],
                    "resources": [
                      {
                        "exec": [
                          {
                            "enforce": [
                              {
                                "args": [],
                                "file": [],
                                "interpreter": "SHELL",
                                "output_file_path": "",
                                "script": "echo hello"
                              }
                            ],
                            "validate": [
                              {
                                "args": [],
                                "file": [],
                                "interpreter": "SHELL",
                                "output_file_path": "",
                                "script": "cloud-init status --wait; exit 100;"
                              }
                            ]
                          }
                        ],
                        "file": [],
                        "id": "wait-for-cloud-init",
                        "pkg": [],
                        "repository": []
                      },
                      {
                        "exec": [],
                        "file": [],
                        "id": "add-repo",
                        "pkg": [],
                        "repository": [
                          {
                            "apt": [
                              {
                                "archive_type": "DEB",
                                "components": [
                                  "main"
                                ],
                                "distribution": "google-cloud-ops-agent-focal-2",
                                "gpg_key": "https://packages.cloud.google.com/apt/doc/apt-key.gpg",
                                "uri": "https://packages.cloud.google.com/apt"
                              }
                            ],
                            "goo": [],
                            "yum": [],
                            "zypper": []
                          }
                        ]
                      },
                      {
                        "exec": [],
                        "file": [],
                        "id": "install-pkg",
                        "pkg": [
                          {
                            "apt": [
                              {
                                "name": "google-cloud-ops-agent"
                              }
                            ],
                            "deb": [],
                            "desired_state": "INSTALLED",
                            "googet": [],
                            "msi": [],
                            "rpm": [],
                            "yum": [],
                            "zypper": []
                          }
                        ],
                        "repository": []
                      }
                    ]
                  },
                  {
                    "inventory_filters": [
                      {
                        "os_short_name": "ubuntu",
                        "os_version": "22.04"
                      }
                    ],
                    "resources": [
                      {
                        "exec": [
                          {
                            "enforce": [
                              {
                                "args": [],
                                "file": [],
                                "interpreter": "SHELL",
                                "output_file_path": "",
                                "script": "echo hello"
                              }
                            ],
                            "validate": [
                              {
                                "args": [],
                                "file": [],
                                "interpreter": "SHELL",
                                "output_file_path": "",
                                "script": "cloud-init status --wait; exit 100;"
                              }
                            ]
                          }
                        ],
                        "file": [],
                        "id": "wait-for-cloud-init",
                        "pkg": [],
                        "repository": []
                      },
                      {
                        "exec": [],
                        "file": [],
                        "id": "add-repo",
                        "pkg": [],
                        "repository": [
                          {
                            "apt": [
                              {
                                "archive_type": "DEB",
                                "components": [
                                  "main"
                                ],
                                "distribution": "google-cloud-ops-agent-jammy-2",
                                "gpg_key": "https://packages.cloud.google.com/apt/doc/apt-key.gpg",
                                "uri": "https://packages.cloud.google.com/apt"
                              }
                            ],
                            "goo": [],
                            "yum": [],
                            "zypper": []
                          }
                        ]
                      },
                      {
                        "exec": [],
                        "file": [],
                        "id": "install-pkg",
                        "pkg": [
                          {
                            "apt": [
                              {
                                "name": "google-cloud-ops-agent"
                              }
                            ],
                            "deb": [],
                            "desired_state": "INSTALLED",
                            "googet": [],
                            "msi": [],
                            "rpm": [],
                            "yum": [],
                            "zypper": []
                          }
                        ],
                        "repository": []
                      }
                    ]
                  }
                ]
              }
            ],
            "project": "swit-alpha",
            "reconciling": false,
            "revision_create_time": "2024-03-31T13:40:51.580127Z",
            "revision_id": "df594092-fc65-45e9-8bf8-b6bbae99b6e7",
            "rollout": [
              {
                "disruption_budget": [
                  {
                    "fixed": 0,
                    "percent": 100
                  }
                ],
                "min_wait_duration": "0s"
              }
            ],
            "rollout_state": "SUCCEEDED",
            "skip_await_rollout": true,
            "timeouts": null,
            "uid": "f4658f87-b710-4817-a2ce-f7eddc174f16"
          },
          "sensitive_attributes": [],
          "private": "eyJlMmJmYjczMC1lY2FhLTExZTYtOGY4OC0zNDM2M2JjN2M0YzAiOnsiY3JlYXRlIjoxMjAwMDAwMDAwMDAwLCJkZWxldGUiOjEyMDAwMDAwMDAwMDAsInVwZGF0ZSI6MTIwMDAwMDAwMDAwMH19",
          "dependencies": [
            "module.os_policy.data.google_compute_zones.this",
            "module.os_policy.data.google_project.default"
          ]
        }
      ]
    },
    {
      "module": "module.os_policy",
      "mode": "managed",
      "type": "google_os_config_os_policy_assignment",
      "name": "screen",
      "provider": "provider[\"registry.terraform.io/hashicorp/google\"]",
      "instances": [
        {
          "index_key": "asia-northeast3-a",
          "schema_version": 0,
          "attributes": {
            "baseline": true,
            "deleted": false,
            "description": "",
            "etag": "0981c1d3-0706-4ef1-b0f4-caaa204b553a",
            "id": "projects/swit-alpha/locations/asia-northeast3-a/osPolicyAssignments/asia-northeast3-a-screen",
            "instance_filter": [
              {
                "all": false,
                "exclusion_labels": [
                  {
                    "labels": {
                      "goog-gke-node": ""
                    }
                  },
                  {
                    "labels": {
                      "serverless-vpc-access": "swit-alpha-serverless-uw1"
                    }
                  }
                ],
                "inclusion_labels": [],
                "inventories": []
              }
            ],
            "location": "asia-northeast3-a",
            "name": "asia-northeast3-a-screen",
            "os_policies": [
              {
                "allow_no_resource_group_match": false,
                "description": "",
                "id": "screen",
                "mode": "ENFORCEMENT",
                "resource_groups": [
                  {
                    "inventory_filters": [
                      {
                        "os_short_name": "debian",
                        "os_version": "10"
                      },
                      {
                        "os_short_name": "debian",
                        "os_version": "11"
                      },
                      {
                        "os_short_name": "debian",
                        "os_version": "12"
                      },
                      {
                        "os_short_name": "rocky",
                        "os_version": "8.*"
                      },
                      {
                        "os_short_name": "rocky",
                        "os_version": "9.*"
                      },
                      {
                        "os_short_name": "ubuntu",
                        "os_version": "20.04"
                      },
                      {
                        "os_short_name": "ubuntu",
                        "os_version": "22.04"
                      }
                    ],
                    "resources": [
                      {
                        "exec": [
                          {
                            "enforce": [
                              {
                                "args": [],
                                "file": [],
                                "interpreter": "SHELL",
                                "output_file_path": "",
                                "script": "sudo sed '/detach/d' /etc/screenrc | sudo tee /etc/.screenrc\necho 'idle 600 detach' | sudo tee -a /etc/.screenrc\nsudo mv /etc/.screenrc /etc/screenrc\ncat \u003c\u003c EOF | sudo tee /etc/profile.d/screen.sh\nif [ \"\\$USER\" != \"root\" ] \u0026\u0026 [ -z \"\\$STY\" ]; then\n  SCREEN_START=\\$(date -d '+9 hour' '+%y%m%d%H%M%S.%s')\n  SCREEN_SESSION=\\$(echo \"\\$SCREEN_START\" | sed 's/\\./_/g')\n  SCREEN_WHO=\\$(whoami)\n  if [ ! -d /tmp/.screen ] ; then\n    mkdir -p /tmp/.screen\n  fi\n  screen -L -Logfile \"/tmp/.screen/\\$SCREEN_WHO.\\$SCREEN_START.log\" -S \"\\$SCREEN_SESSION\" /bin/bash --rcfile /etc/profile\n  exit\nfi\nif [ -n \"\\$STY\" ] ; then\n  clear\n  cat /etc/issue\n  source ~/.bashrc\nfi\nEOF\nif [ ! -d /opt/cron ] ; then\n  mkdir -p /opt/cron\nfi\ncat \u003c\u003c EOF | sudo tee /opt/cron/screen_left.sh\nSCREEN_PROJECT_ID=\\$(curl -s -H \"Metadata-Flavor: Google\" \"http://metadata.google.internal/computeMetadata/v1/project/project-id\")\nSCREEN_ZONE=\\$(curl -s -H \"Metadata-Flavor: Google\" \"http://metadata.google.internal/computeMetadata/v1/instance/zone\" | rev | cut -f 1 -d '/' | rev)\nSCREEN_INSTANCE_NAME=\\$(curl -s -H \"Metadata-Flavor: Google\" \"http://metadata.google.internal/computeMetadata/v1/instance/name\")\nfind /tmp/.screen ! -path '/tmp/.screen' -not -wholename \"\\$(ps aux | grep 'SCREEN' | grep -v 'root' | sed -n 's/.*\\(\\(\\/tmp\\/\\.screen\\/[^ ]*\\)\\).*/\\1/p')\" | while read -r SCREEN_LEFT_FILE ; do\n  curl -s -X POST http://10.64.0.171/history \\\n    -F \"file=@\\$SCREEN_LEFT_FILE\" \\\n    -F \"data={\\\"project_id\\\": \\\"\\$SCREEN_PROJECT_ID\\\", \\\"zone\\\": \\\"\\$SCREEN_ZONE\\\", \\\"instance_name\\\": \\\"\\$SCREEN_INSTANCE_NAME\\\"}\"\n  rm -f \"\\$SCREEN_LEFT_FILE\"\ndone\nEOF\nsudo sed '/screen_left/d' /etc/crontab | sudo tee /etc/.crontab\necho '* * * * * root /bin/bash /opt/cron/screen_left.sh' | sudo tee -a /etc/.crontab\nsudo mv /etc/.crontab /etc/crontab\nexit 100\n"
                              }
                            ],
                            "validate": [
                              {
                                "args": [],
                                "file": [],
                                "interpreter": "SHELL",
                                "output_file_path": "",
                                "script": "if ! sudo grep -q 'idle' /etc/screenrc ; then\n  exit 101\nelif [ ! -f /etc/profile.d/screen.sh ] ; then\n  exit 101\nelif [ \"$(sudo stat -c %a /etc/profile.d/screen.sh)\" != \"644\" ] ; then\n  exit 101\nelif [ ! -f /opt/cron/screen_left.sh ] ; then\n  exit 101\nelif ! sudo grep -v '#' /etc/crontab | grep -q 'screen_left' ; then\n  exit 101\nelse\n  exit 100\nfi\n"
                              }
                            ]
                          }
                        ],
                        "file": [],
                        "id": "configuration",
                        "pkg": [],
                        "repository": []
                      }
                    ]
                  }
                ]
              }
            ],
            "project": "swit-alpha",
            "reconciling": false,
            "revision_create_time": "2024-03-31T18:36:12.592648Z",
            "revision_id": "b0c521e6-16a7-4464-b961-f59c667d86ba",
            "rollout": [
              {
                "disruption_budget": [
                  {
                    "fixed": 0,
                    "percent": 100
                  }
                ],
                "min_wait_duration": "0s"
              }
            ],
            "rollout_state": "SUCCEEDED",
            "skip_await_rollout": true,
            "timeouts": null,
            "uid": "8f26f105-4dcd-43a1-a062-5cf3d8284797"
          },
          "sensitive_attributes": [],
          "private": "eyJlMmJmYjczMC1lY2FhLTExZTYtOGY4OC0zNDM2M2JjN2M0YzAiOnsiY3JlYXRlIjoxMjAwMDAwMDAwMDAwLCJkZWxldGUiOjEyMDAwMDAwMDAwMDAsInVwZGF0ZSI6MTIwMDAwMDAwMDAwMH19",
          "dependencies": [
            "module.os_policy.data.google_compute_zones.this",
            "module.os_policy.data.google_project.default"
          ]
        },
        {
          "index_key": "asia-northeast3-b",
          "schema_version": 0,
          "attributes": {
            "baseline": true,
            "deleted": false,
            "description": "",
            "etag": "4225e777-731e-4d5f-ad97-00c6632de38b",
            "id": "projects/swit-alpha/locations/asia-northeast3-b/osPolicyAssignments/asia-northeast3-b-screen",
            "instance_filter": [
              {
                "all": false,
                "exclusion_labels": [
                  {
                    "labels": {
                      "goog-gke-node": ""
                    }
                  },
                  {
                    "labels": {
                      "serverless-vpc-access": "swit-alpha-serverless-uw1"
                    }
                  }
                ],
                "inclusion_labels": [],
                "inventories": []
              }
            ],
            "location": "asia-northeast3-b",
            "name": "asia-northeast3-b-screen",
            "os_policies": [
              {
                "allow_no_resource_group_match": false,
                "description": "",
                "id": "screen",
                "mode": "ENFORCEMENT",
                "resource_groups": [
                  {
                    "inventory_filters": [
                      {
                        "os_short_name": "debian",
                        "os_version": "10"
                      },
                      {
                        "os_short_name": "debian",
                        "os_version": "11"
                      },
                      {
                        "os_short_name": "debian",
                        "os_version": "12"
                      },
                      {
                        "os_short_name": "rocky",
                        "os_version": "8.*"
                      },
                      {
                        "os_short_name": "rocky",
                        "os_version": "9.*"
                      },
                      {
                        "os_short_name": "ubuntu",
                        "os_version": "20.04"
                      },
                      {
                        "os_short_name": "ubuntu",
                        "os_version": "22.04"
                      }
                    ],
                    "resources": [
                      {
                        "exec": [
                          {
                            "enforce": [
                              {
                                "args": [],
                                "file": [],
                                "interpreter": "SHELL",
                                "output_file_path": "",
                                "script": "sudo sed '/detach/d' /etc/screenrc | sudo tee /etc/.screenrc\necho 'idle 600 detach' | sudo tee -a /etc/.screenrc\nsudo mv /etc/.screenrc /etc/screenrc\ncat \u003c\u003c EOF | sudo tee /etc/profile.d/screen.sh\nif [ \"\\$USER\" != \"root\" ] \u0026\u0026 [ -z \"\\$STY\" ]; then\n  SCREEN_START=\\$(date -d '+9 hour' '+%y%m%d%H%M%S.%s')\n  SCREEN_SESSION=\\$(echo \"\\$SCREEN_START\" | sed 's/\\./_/g')\n  SCREEN_WHO=\\$(whoami)\n  if [ ! -d /tmp/.screen ] ; then\n    mkdir -p /tmp/.screen\n  fi\n  screen -L -Logfile \"/tmp/.screen/\\$SCREEN_WHO.\\$SCREEN_START.log\" -S \"\\$SCREEN_SESSION\" /bin/bash --rcfile /etc/profile\n  exit\nfi\nif [ -n \"\\$STY\" ] ; then\n  clear\n  cat /etc/issue\n  source ~/.bashrc\nfi\nEOF\nif [ ! -d /opt/cron ] ; then\n  mkdir -p /opt/cron\nfi\ncat \u003c\u003c EOF | sudo tee /opt/cron/screen_left.sh\nSCREEN_PROJECT_ID=\\$(curl -s -H \"Metadata-Flavor: Google\" \"http://metadata.google.internal/computeMetadata/v1/project/project-id\")\nSCREEN_ZONE=\\$(curl -s -H \"Metadata-Flavor: Google\" \"http://metadata.google.internal/computeMetadata/v1/instance/zone\" | rev | cut -f 1 -d '/' | rev)\nSCREEN_INSTANCE_NAME=\\$(curl -s -H \"Metadata-Flavor: Google\" \"http://metadata.google.internal/computeMetadata/v1/instance/name\")\nfind /tmp/.screen ! -path '/tmp/.screen' -not -wholename \"\\$(ps aux | grep 'SCREEN' | grep -v 'root' | sed -n 's/.*\\(\\(\\/tmp\\/\\.screen\\/[^ ]*\\)\\).*/\\1/p')\" | while read -r SCREEN_LEFT_FILE ; do\n  curl -s -X POST http://10.64.0.171/history \\\n    -F \"file=@\\$SCREEN_LEFT_FILE\" \\\n    -F \"data={\\\"project_id\\\": \\\"\\$SCREEN_PROJECT_ID\\\", \\\"zone\\\": \\\"\\$SCREEN_ZONE\\\", \\\"instance_name\\\": \\\"\\$SCREEN_INSTANCE_NAME\\\"}\"\n  rm -f \"\\$SCREEN_LEFT_FILE\"\ndone\nEOF\nsudo sed '/screen_left/d' /etc/crontab | sudo tee /etc/.crontab\necho '* * * * * root /bin/bash /opt/cron/screen_left.sh' | sudo tee -a /etc/.crontab\nsudo mv /etc/.crontab /etc/crontab\nexit 100\n"
                              }
                            ],
                            "validate": [
                              {
                                "args": [],
                                "file": [],
                                "interpreter": "SHELL",
                                "output_file_path": "",
                                "script": "if ! sudo grep -q 'idle' /etc/screenrc ; then\n  exit 101\nelif [ ! -f /etc/profile.d/screen.sh ] ; then\n  exit 101\nelif [ \"$(sudo stat -c %a /etc/profile.d/screen.sh)\" != \"644\" ] ; then\n  exit 101\nelif [ ! -f /opt/cron/screen_left.sh ] ; then\n  exit 101\nelif ! sudo grep -v '#' /etc/crontab | grep -q 'screen_left' ; then\n  exit 101\nelse\n  exit 100\nfi\n"
                              }
                            ]
                          }
                        ],
                        "file": [],
                        "id": "configuration",
                        "pkg": [],
                        "repository": []
                      }
                    ]
                  }
                ]
              }
            ],
            "project": "swit-alpha",
            "reconciling": false,
            "revision_create_time": "2024-03-31T18:36:12.466162Z",
            "revision_id": "b499adb5-f509-4a9f-b759-2a00c4cd98f6",
            "rollout": [
              {
                "disruption_budget": [
                  {
                    "fixed": 0,
                    "percent": 100
                  }
                ],
                "min_wait_duration": "0s"
              }
            ],
            "rollout_state": "SUCCEEDED",
            "skip_await_rollout": true,
            "timeouts": null,
            "uid": "236a4344-9913-4973-acab-90980761e157"
          },
          "sensitive_attributes": [],
          "private": "eyJlMmJmYjczMC1lY2FhLTExZTYtOGY4OC0zNDM2M2JjN2M0YzAiOnsiY3JlYXRlIjoxMjAwMDAwMDAwMDAwLCJkZWxldGUiOjEyMDAwMDAwMDAwMDAsInVwZGF0ZSI6MTIwMDAwMDAwMDAwMH19",
          "dependencies": [
            "module.os_policy.data.google_compute_zones.this",
            "module.os_policy.data.google_project.default"
          ]
        },
        {
          "index_key": "asia-northeast3-c",
          "schema_version": 0,
          "attributes": {
            "baseline": true,
            "deleted": false,
            "description": "",
            "etag": "374b26c4-ba9c-4a22-88b5-0a2784486611",
            "id": "projects/swit-alpha/locations/asia-northeast3-c/osPolicyAssignments/asia-northeast3-c-screen",
            "instance_filter": [
              {
                "all": false,
                "exclusion_labels": [
                  {
                    "labels": {
                      "goog-gke-node": ""
                    }
                  },
                  {
                    "labels": {
                      "serverless-vpc-access": "swit-alpha-serverless-uw1"
                    }
                  }
                ],
                "inclusion_labels": [],
                "inventories": []
              }
            ],
            "location": "asia-northeast3-c",
            "name": "asia-northeast3-c-screen",
            "os_policies": [
              {
                "allow_no_resource_group_match": false,
                "description": "",
                "id": "screen",
                "mode": "ENFORCEMENT",
                "resource_groups": [
                  {
                    "inventory_filters": [
                      {
                        "os_short_name": "debian",
                        "os_version": "10"
                      },
                      {
                        "os_short_name": "debian",
                        "os_version": "11"
                      },
                      {
                        "os_short_name": "debian",
                        "os_version": "12"
                      },
                      {
                        "os_short_name": "rocky",
                        "os_version": "8.*"
                      },
                      {
                        "os_short_name": "rocky",
                        "os_version": "9.*"
                      },
                      {
                        "os_short_name": "ubuntu",
                        "os_version": "20.04"
                      },
                      {
                        "os_short_name": "ubuntu",
                        "os_version": "22.04"
                      }
                    ],
                    "resources": [
                      {
                        "exec": [
                          {
                            "enforce": [
                              {
                                "args": [],
                                "file": [],
                                "interpreter": "SHELL",
                                "output_file_path": "",
                                "script": "sudo sed '/detach/d' /etc/screenrc | sudo tee /etc/.screenrc\necho 'idle 600 detach' | sudo tee -a /etc/.screenrc\nsudo mv /etc/.screenrc /etc/screenrc\ncat \u003c\u003c EOF | sudo tee /etc/profile.d/screen.sh\nif [ \"\\$USER\" != \"root\" ] \u0026\u0026 [ -z \"\\$STY\" ]; then\n  SCREEN_START=\\$(date -d '+9 hour' '+%y%m%d%H%M%S.%s')\n  SCREEN_SESSION=\\$(echo \"\\$SCREEN_START\" | sed 's/\\./_/g')\n  SCREEN_WHO=\\$(whoami)\n  if [ ! -d /tmp/.screen ] ; then\n    mkdir -p /tmp/.screen\n  fi\n  screen -L -Logfile \"/tmp/.screen/\\$SCREEN_WHO.\\$SCREEN_START.log\" -S \"\\$SCREEN_SESSION\" /bin/bash --rcfile /etc/profile\n  exit\nfi\nif [ -n \"\\$STY\" ] ; then\n  clear\n  cat /etc/issue\n  source ~/.bashrc\nfi\nEOF\nif [ ! -d /opt/cron ] ; then\n  mkdir -p /opt/cron\nfi\ncat \u003c\u003c EOF | sudo tee /opt/cron/screen_left.sh\nSCREEN_PROJECT_ID=\\$(curl -s -H \"Metadata-Flavor: Google\" \"http://metadata.google.internal/computeMetadata/v1/project/project-id\")\nSCREEN_ZONE=\\$(curl -s -H \"Metadata-Flavor: Google\" \"http://metadata.google.internal/computeMetadata/v1/instance/zone\" | rev | cut -f 1 -d '/' | rev)\nSCREEN_INSTANCE_NAME=\\$(curl -s -H \"Metadata-Flavor: Google\" \"http://metadata.google.internal/computeMetadata/v1/instance/name\")\nfind /tmp/.screen ! -path '/tmp/.screen' -not -wholename \"\\$(ps aux | grep 'SCREEN' | grep -v 'root' | sed -n 's/.*\\(\\(\\/tmp\\/\\.screen\\/[^ ]*\\)\\).*/\\1/p')\" | while read -r SCREEN_LEFT_FILE ; do\n  curl -s -X POST http://10.64.0.171/history \\\n    -F \"file=@\\$SCREEN_LEFT_FILE\" \\\n    -F \"data={\\\"project_id\\\": \\\"\\$SCREEN_PROJECT_ID\\\", \\\"zone\\\": \\\"\\$SCREEN_ZONE\\\", \\\"instance_name\\\": \\\"\\$SCREEN_INSTANCE_NAME\\\"}\"\n  rm -f \"\\$SCREEN_LEFT_FILE\"\ndone\nEOF\nsudo sed '/screen_left/d' /etc/crontab | sudo tee /etc/.crontab\necho '* * * * * root /bin/bash /opt/cron/screen_left.sh' | sudo tee -a /etc/.crontab\nsudo mv /etc/.crontab /etc/crontab\nexit 100\n"
                              }
                            ],
                            "validate": [
                              {
                                "args": [],
                                "file": [],
                                "interpreter": "SHELL",
                                "output_file_path": "",
                                "script": "if ! sudo grep -q 'idle' /etc/screenrc ; then\n  exit 101\nelif [ ! -f /etc/profile.d/screen.sh ] ; then\n  exit 101\nelif [ \"$(sudo stat -c %a /etc/profile.d/screen.sh)\" != \"644\" ] ; then\n  exit 101\nelif [ ! -f /opt/cron/screen_left.sh ] ; then\n  exit 101\nelif ! sudo grep -v '#' /etc/crontab | grep -q 'screen_left' ; then\n  exit 101\nelse\n  exit 100\nfi\n"
                              }
                            ]
                          }
                        ],
                        "file": [],
                        "id": "configuration",
                        "pkg": [],
                        "repository": []
                      }
                    ]
                  }
                ]
              }
            ],
            "project": "swit-alpha",
            "reconciling": false,
            "revision_create_time": "2024-03-31T18:36:12.470180Z",
            "revision_id": "d0ced737-6547-4469-9397-a293a435445f",
            "rollout": [
              {
                "disruption_budget": [
                  {
                    "fixed": 0,
                    "percent": 100
                  }
                ],
                "min_wait_duration": "0s"
              }
            ],
            "rollout_state": "SUCCEEDED",
            "skip_await_rollout": true,
            "timeouts": null,
            "uid": "efde6ad1-e6e7-4b1b-bda9-b3d196b339b9"
          },
          "sensitive_attributes": [],
          "private": "eyJlMmJmYjczMC1lY2FhLTExZTYtOGY4OC0zNDM2M2JjN2M0YzAiOnsiY3JlYXRlIjoxMjAwMDAwMDAwMDAwLCJkZWxldGUiOjEyMDAwMDAwMDAwMDAsInVwZGF0ZSI6MTIwMDAwMDAwMDAwMH19",
          "dependencies": [
            "module.os_policy.data.google_compute_zones.this",
            "module.os_policy.data.google_project.default"
          ]
        },
        {
          "index_key": "us-west1-a",
          "schema_version": 0,
          "attributes": {
            "baseline": true,
            "deleted": false,
            "description": "",
            "etag": "7bf84272-aeb2-4ee1-b107-229647fe3660",
            "id": "projects/swit-alpha/locations/us-west1-a/osPolicyAssignments/us-west1-a-screen",
            "instance_filter": [
              {
                "all": false,
                "exclusion_labels": [
                  {
                    "labels": {
                      "goog-gke-node": ""
                    }
                  },
                  {
                    "labels": {
                      "serverless-vpc-access": "swit-alpha-serverless-uw1"
                    }
                  }
                ],
                "inclusion_labels": [],
                "inventories": []
              }
            ],
            "location": "us-west1-a",
            "name": "us-west1-a-screen",
            "os_policies": [
              {
                "allow_no_resource_group_match": false,
                "description": "",
                "id": "screen",
                "mode": "ENFORCEMENT",
                "resource_groups": [
                  {
                    "inventory_filters": [
                      {
                        "os_short_name": "debian",
                        "os_version": "10"
                      },
                      {
                        "os_short_name": "debian",
                        "os_version": "11"
                      },
                      {
                        "os_short_name": "debian",
                        "os_version": "12"
                      },
                      {
                        "os_short_name": "rocky",
                        "os_version": "8.*"
                      },
                      {
                        "os_short_name": "rocky",
                        "os_version": "9.*"
                      },
                      {
                        "os_short_name": "ubuntu",
                        "os_version": "20.04"
                      },
                      {
                        "os_short_name": "ubuntu",
                        "os_version": "22.04"
                      }
                    ],
                    "resources": [
                      {
                        "exec": [
                          {
                            "enforce": [
                              {
                                "args": [],
                                "file": [],
                                "interpreter": "SHELL",
                                "output_file_path": "",
                                "script": "sudo sed '/detach/d' /etc/screenrc | sudo tee /etc/.screenrc\necho 'idle 600 detach' | sudo tee -a /etc/.screenrc\nsudo mv /etc/.screenrc /etc/screenrc\ncat \u003c\u003c EOF | sudo tee /etc/profile.d/screen.sh\nif [ \"\\$USER\" != \"root\" ] \u0026\u0026 [ -z \"\\$STY\" ]; then\n  SCREEN_START=\\$(date -d '+9 hour' '+%y%m%d%H%M%S.%s')\n  SCREEN_SESSION=\\$(echo \"\\$SCREEN_START\" | sed 's/\\./_/g')\n  SCREEN_WHO=\\$(whoami)\n  if [ ! -d /tmp/.screen ] ; then\n    mkdir -p /tmp/.screen\n  fi\n  screen -L -Logfile \"/tmp/.screen/\\$SCREEN_WHO.\\$SCREEN_START.log\" -S \"\\$SCREEN_SESSION\" /bin/bash --rcfile /etc/profile\n  exit\nfi\nif [ -n \"\\$STY\" ] ; then\n  clear\n  cat /etc/issue\n  source ~/.bashrc\nfi\nEOF\nif [ ! -d /opt/cron ] ; then\n  mkdir -p /opt/cron\nfi\ncat \u003c\u003c EOF | sudo tee /opt/cron/screen_left.sh\nSCREEN_PROJECT_ID=\\$(curl -s -H \"Metadata-Flavor: Google\" \"http://metadata.google.internal/computeMetadata/v1/project/project-id\")\nSCREEN_ZONE=\\$(curl -s -H \"Metadata-Flavor: Google\" \"http://metadata.google.internal/computeMetadata/v1/instance/zone\" | rev | cut -f 1 -d '/' | rev)\nSCREEN_INSTANCE_NAME=\\$(curl -s -H \"Metadata-Flavor: Google\" \"http://metadata.google.internal/computeMetadata/v1/instance/name\")\nfind /tmp/.screen ! -path '/tmp/.screen' -not -wholename \"\\$(ps aux | grep 'SCREEN' | grep -v 'root' | sed -n 's/.*\\(\\(\\/tmp\\/\\.screen\\/[^ ]*\\)\\).*/\\1/p')\" | while read -r SCREEN_LEFT_FILE ; do\n  curl -s -X POST http://10.64.0.171/history \\\n    -F \"file=@\\$SCREEN_LEFT_FILE\" \\\n    -F \"data={\\\"project_id\\\": \\\"\\$SCREEN_PROJECT_ID\\\", \\\"zone\\\": \\\"\\$SCREEN_ZONE\\\", \\\"instance_name\\\": \\\"\\$SCREEN_INSTANCE_NAME\\\"}\"\n  rm -f \"\\$SCREEN_LEFT_FILE\"\ndone\nEOF\nsudo sed '/screen_left/d' /etc/crontab | sudo tee /etc/.crontab\necho '* * * * * root /bin/bash /opt/cron/screen_left.sh' | sudo tee -a /etc/.crontab\nsudo mv /etc/.crontab /etc/crontab\nexit 100\n"
                              }
                            ],
                            "validate": [
                              {
                                "args": [],
                                "file": [],
                                "interpreter": "SHELL",
                                "output_file_path": "",
                                "script": "if ! sudo grep -q 'idle' /etc/screenrc ; then\n  exit 101\nelif [ ! -f /etc/profile.d/screen.sh ] ; then\n  exit 101\nelif [ \"$(sudo stat -c %a /etc/profile.d/screen.sh)\" != \"644\" ] ; then\n  exit 101\nelif [ ! -f /opt/cron/screen_left.sh ] ; then\n  exit 101\nelif ! sudo grep -v '#' /etc/crontab | grep -q 'screen_left' ; then\n  exit 101\nelse\n  exit 100\nfi\n"
                              }
                            ]
                          }
                        ],
                        "file": [],
                        "id": "configuration",
                        "pkg": [],
                        "repository": []
                      }
                    ]
                  }
                ]
              }
            ],
            "project": "swit-alpha",
            "reconciling": false,
            "revision_create_time": "2024-03-31T18:36:11.931558Z",
            "revision_id": "5e13b1d5-fb4f-4d7c-a520-02f077af2b6a",
            "rollout": [
              {
                "disruption_budget": [
                  {
                    "fixed": 0,
                    "percent": 100
                  }
                ],
                "min_wait_duration": "0s"
              }
            ],
            "rollout_state": "SUCCEEDED",
            "skip_await_rollout": true,
            "timeouts": null,
            "uid": "b2b25724-5dd7-47ca-ac5e-9ebe1021b6ca"
          },
          "sensitive_attributes": [],
          "private": "eyJlMmJmYjczMC1lY2FhLTExZTYtOGY4OC0zNDM2M2JjN2M0YzAiOnsiY3JlYXRlIjoxMjAwMDAwMDAwMDAwLCJkZWxldGUiOjEyMDAwMDAwMDAwMDAsInVwZGF0ZSI6MTIwMDAwMDAwMDAwMH19",
          "dependencies": [
            "module.os_policy.data.google_compute_zones.this",
            "module.os_policy.data.google_project.default"
          ]
        },
        {
          "index_key": "us-west1-b",
          "schema_version": 0,
          "attributes": {
            "baseline": true,
            "deleted": false,
            "description": "",
            "etag": "e4a57786-2707-4866-8a91-d9011ccfc9e7",
            "id": "projects/swit-alpha/locations/us-west1-b/osPolicyAssignments/us-west1-b-screen",
            "instance_filter": [
              {
                "all": false,
                "exclusion_labels": [
                  {
                    "labels": {
                      "goog-gke-node": ""
                    }
                  },
                  {
                    "labels": {
                      "serverless-vpc-access": "swit-alpha-serverless-uw1"
                    }
                  }
                ],
                "inclusion_labels": [],
                "inventories": []
              }
            ],
            "location": "us-west1-b",
            "name": "us-west1-b-screen",
            "os_policies": [
              {
                "allow_no_resource_group_match": false,
                "description": "",
                "id": "screen",
                "mode": "ENFORCEMENT",
                "resource_groups": [
                  {
                    "inventory_filters": [
                      {
                        "os_short_name": "debian",
                        "os_version": "10"
                      },
                      {
                        "os_short_name": "debian",
                        "os_version": "11"
                      },
                      {
                        "os_short_name": "debian",
                        "os_version": "12"
                      },
                      {
                        "os_short_name": "rocky",
                        "os_version": "8.*"
                      },
                      {
                        "os_short_name": "rocky",
                        "os_version": "9.*"
                      },
                      {
                        "os_short_name": "ubuntu",
                        "os_version": "20.04"
                      },
                      {
                        "os_short_name": "ubuntu",
                        "os_version": "22.04"
                      }
                    ],
                    "resources": [
                      {
                        "exec": [
                          {
                            "enforce": [
                              {
                                "args": [],
                                "file": [],
                                "interpreter": "SHELL",
                                "output_file_path": "",
                                "script": "sudo sed '/detach/d' /etc/screenrc | sudo tee /etc/.screenrc\necho 'idle 600 detach' | sudo tee -a /etc/.screenrc\nsudo mv /etc/.screenrc /etc/screenrc\ncat \u003c\u003c EOF | sudo tee /etc/profile.d/screen.sh\nif [ \"\\$USER\" != \"root\" ] \u0026\u0026 [ -z \"\\$STY\" ]; then\n  SCREEN_START=\\$(date -d '+9 hour' '+%y%m%d%H%M%S.%s')\n  SCREEN_SESSION=\\$(echo \"\\$SCREEN_START\" | sed 's/\\./_/g')\n  SCREEN_WHO=\\$(whoami)\n  if [ ! -d /tmp/.screen ] ; then\n    mkdir -p /tmp/.screen\n  fi\n  screen -L -Logfile \"/tmp/.screen/\\$SCREEN_WHO.\\$SCREEN_START.log\" -S \"\\$SCREEN_SESSION\" /bin/bash --rcfile /etc/profile\n  exit\nfi\nif [ -n \"\\$STY\" ] ; then\n  clear\n  cat /etc/issue\n  source ~/.bashrc\nfi\nEOF\nif [ ! -d /opt/cron ] ; then\n  mkdir -p /opt/cron\nfi\ncat \u003c\u003c EOF | sudo tee /opt/cron/screen_left.sh\nSCREEN_PROJECT_ID=\\$(curl -s -H \"Metadata-Flavor: Google\" \"http://metadata.google.internal/computeMetadata/v1/project/project-id\")\nSCREEN_ZONE=\\$(curl -s -H \"Metadata-Flavor: Google\" \"http://metadata.google.internal/computeMetadata/v1/instance/zone\" | rev | cut -f 1 -d '/' | rev)\nSCREEN_INSTANCE_NAME=\\$(curl -s -H \"Metadata-Flavor: Google\" \"http://metadata.google.internal/computeMetadata/v1/instance/name\")\nfind /tmp/.screen ! -path '/tmp/.screen' -not -wholename \"\\$(ps aux | grep 'SCREEN' | grep -v 'root' | sed -n 's/.*\\(\\(\\/tmp\\/\\.screen\\/[^ ]*\\)\\).*/\\1/p')\" | while read -r SCREEN_LEFT_FILE ; do\n  curl -s -X POST http://10.64.0.171/history \\\n    -F \"file=@\\$SCREEN_LEFT_FILE\" \\\n    -F \"data={\\\"project_id\\\": \\\"\\$SCREEN_PROJECT_ID\\\", \\\"zone\\\": \\\"\\$SCREEN_ZONE\\\", \\\"instance_name\\\": \\\"\\$SCREEN_INSTANCE_NAME\\\"}\"\n  rm -f \"\\$SCREEN_LEFT_FILE\"\ndone\nEOF\nsudo sed '/screen_left/d' /etc/crontab | sudo tee /etc/.crontab\necho '* * * * * root /bin/bash /opt/cron/screen_left.sh' | sudo tee -a /etc/.crontab\nsudo mv /etc/.crontab /etc/crontab\nexit 100\n"
                              }
                            ],
                            "validate": [
                              {
                                "args": [],
                                "file": [],
                                "interpreter": "SHELL",
                                "output_file_path": "",
                                "script": "if ! sudo grep -q 'idle' /etc/screenrc ; then\n  exit 101\nelif [ ! -f /etc/profile.d/screen.sh ] ; then\n  exit 101\nelif [ \"$(sudo stat -c %a /etc/profile.d/screen.sh)\" != \"644\" ] ; then\n  exit 101\nelif [ ! -f /opt/cron/screen_left.sh ] ; then\n  exit 101\nelif ! sudo grep -v '#' /etc/crontab | grep -q 'screen_left' ; then\n  exit 101\nelse\n  exit 100\nfi\n"
                              }
                            ]
                          }
                        ],
                        "file": [],
                        "id": "configuration",
                        "pkg": [],
                        "repository": []
                      }
                    ]
                  }
                ]
              }
            ],
            "project": "swit-alpha",
            "reconciling": false,
            "revision_create_time": "2024-03-31T18:36:11.816297Z",
            "revision_id": "c5b215ca-2b55-433c-9540-747a4b4d9c05",
            "rollout": [
              {
                "disruption_budget": [
                  {
                    "fixed": 0,
                    "percent": 100
                  }
                ],
                "min_wait_duration": "0s"
              }
            ],
            "rollout_state": "SUCCEEDED",
            "skip_await_rollout": true,
            "timeouts": null,
            "uid": "0b6646e4-8687-4cc6-a25b-e2e18b931133"
          },
          "sensitive_attributes": [],
          "private": "eyJlMmJmYjczMC1lY2FhLTExZTYtOGY4OC0zNDM2M2JjN2M0YzAiOnsiY3JlYXRlIjoxMjAwMDAwMDAwMDAwLCJkZWxldGUiOjEyMDAwMDAwMDAwMDAsInVwZGF0ZSI6MTIwMDAwMDAwMDAwMH19",
          "dependencies": [
            "module.os_policy.data.google_compute_zones.this",
            "module.os_policy.data.google_project.default"
          ]
        },
        {
          "index_key": "us-west1-c",
          "schema_version": 0,
          "attributes": {
            "baseline": true,
            "deleted": false,
            "description": "",
            "etag": "e526eb70-4337-4321-8595-00306408d436",
            "id": "projects/swit-alpha/locations/us-west1-c/osPolicyAssignments/us-west1-c-screen",
            "instance_filter": [
              {
                "all": false,
                "exclusion_labels": [
                  {
                    "labels": {
                      "goog-gke-node": ""
                    }
                  },
                  {
                    "labels": {
                      "serverless-vpc-access": "swit-alpha-serverless-uw1"
                    }
                  }
                ],
                "inclusion_labels": [],
                "inventories": []
              }
            ],
            "location": "us-west1-c",
            "name": "us-west1-c-screen",
            "os_policies": [
              {
                "allow_no_resource_group_match": false,
                "description": "",
                "id": "screen",
                "mode": "ENFORCEMENT",
                "resource_groups": [
                  {
                    "inventory_filters": [
                      {
                        "os_short_name": "debian",
                        "os_version": "10"
                      },
                      {
                        "os_short_name": "debian",
                        "os_version": "11"
                      },
                      {
                        "os_short_name": "debian",
                        "os_version": "12"
                      },
                      {
                        "os_short_name": "rocky",
                        "os_version": "8.*"
                      },
                      {
                        "os_short_name": "rocky",
                        "os_version": "9.*"
                      },
                      {
                        "os_short_name": "ubuntu",
                        "os_version": "20.04"
                      },
                      {
                        "os_short_name": "ubuntu",
                        "os_version": "22.04"
                      }
                    ],
                    "resources": [
                      {
                        "exec": [
                          {
                            "enforce": [
                              {
                                "args": [],
                                "file": [],
                                "interpreter": "SHELL",
                                "output_file_path": "",
                                "script": "sudo sed '/detach/d' /etc/screenrc | sudo tee /etc/.screenrc\necho 'idle 600 detach' | sudo tee -a /etc/.screenrc\nsudo mv /etc/.screenrc /etc/screenrc\ncat \u003c\u003c EOF | sudo tee /etc/profile.d/screen.sh\nif [ \"\\$USER\" != \"root\" ] \u0026\u0026 [ -z \"\\$STY\" ]; then\n  SCREEN_START=\\$(date -d '+9 hour' '+%y%m%d%H%M%S.%s')\n  SCREEN_SESSION=\\$(echo \"\\$SCREEN_START\" | sed 's/\\./_/g')\n  SCREEN_WHO=\\$(whoami)\n  if [ ! -d /tmp/.screen ] ; then\n    mkdir -p /tmp/.screen\n  fi\n  screen -L -Logfile \"/tmp/.screen/\\$SCREEN_WHO.\\$SCREEN_START.log\" -S \"\\$SCREEN_SESSION\" /bin/bash --rcfile /etc/profile\n  exit\nfi\nif [ -n \"\\$STY\" ] ; then\n  clear\n  cat /etc/issue\n  source ~/.bashrc\nfi\nEOF\nif [ ! -d /opt/cron ] ; then\n  mkdir -p /opt/cron\nfi\ncat \u003c\u003c EOF | sudo tee /opt/cron/screen_left.sh\nSCREEN_PROJECT_ID=\\$(curl -s -H \"Metadata-Flavor: Google\" \"http://metadata.google.internal/computeMetadata/v1/project/project-id\")\nSCREEN_ZONE=\\$(curl -s -H \"Metadata-Flavor: Google\" \"http://metadata.google.internal/computeMetadata/v1/instance/zone\" | rev | cut -f 1 -d '/' | rev)\nSCREEN_INSTANCE_NAME=\\$(curl -s -H \"Metadata-Flavor: Google\" \"http://metadata.google.internal/computeMetadata/v1/instance/name\")\nfind /tmp/.screen ! -path '/tmp/.screen' -not -wholename \"\\$(ps aux | grep 'SCREEN' | grep -v 'root' | sed -n 's/.*\\(\\(\\/tmp\\/\\.screen\\/[^ ]*\\)\\).*/\\1/p')\" | while read -r SCREEN_LEFT_FILE ; do\n  curl -s -X POST http://10.64.0.171/history \\\n    -F \"file=@\\$SCREEN_LEFT_FILE\" \\\n    -F \"data={\\\"project_id\\\": \\\"\\$SCREEN_PROJECT_ID\\\", \\\"zone\\\": \\\"\\$SCREEN_ZONE\\\", \\\"instance_name\\\": \\\"\\$SCREEN_INSTANCE_NAME\\\"}\"\n  rm -f \"\\$SCREEN_LEFT_FILE\"\ndone\nEOF\nsudo sed '/screen_left/d' /etc/crontab | sudo tee /etc/.crontab\necho '* * * * * root /bin/bash /opt/cron/screen_left.sh' | sudo tee -a /etc/.crontab\nsudo mv /etc/.crontab /etc/crontab\nexit 100\n"
                              }
                            ],
                            "validate": [
                              {
                                "args": [],
                                "file": [],
                                "interpreter": "SHELL",
                                "output_file_path": "",
                                "script": "if ! sudo grep -q 'idle' /etc/screenrc ; then\n  exit 101\nelif [ ! -f /etc/profile.d/screen.sh ] ; then\n  exit 101\nelif [ \"$(sudo stat -c %a /etc/profile.d/screen.sh)\" != \"644\" ] ; then\n  exit 101\nelif [ ! -f /opt/cron/screen_left.sh ] ; then\n  exit 101\nelif ! sudo grep -v '#' /etc/crontab | grep -q 'screen_left' ; then\n  exit 101\nelse\n  exit 100\nfi\n"
                              }
                            ]
                          }
                        ],
                        "file": [],
                        "id": "configuration",
                        "pkg": [],
                        "repository": []
                      }
                    ]
                  }
                ]
              }
            ],
            "project": "swit-alpha",
            "reconciling": false,
            "revision_create_time": "2024-03-31T18:36:11.819353Z",
            "revision_id": "50db963f-70b5-4223-98af-c553e507ec0f",
            "rollout": [
              {
                "disruption_budget": [
                  {
                    "fixed": 0,
                    "percent": 100
                  }
                ],
                "min_wait_duration": "0s"
              }
            ],
            "rollout_state": "SUCCEEDED",
            "skip_await_rollout": true,
            "timeouts": null,
            "uid": "41f156b0-3c6b-40f6-a57e-bc2c52b86d81"
          },
          "sensitive_attributes": [],
          "private": "eyJlMmJmYjczMC1lY2FhLTExZTYtOGY4OC0zNDM2M2JjN2M0YzAiOnsiY3JlYXRlIjoxMjAwMDAwMDAwMDAwLCJkZWxldGUiOjEyMDAwMDAwMDAwMDAsInVwZGF0ZSI6MTIwMDAwMDAwMDAwMH19",
          "dependencies": [
            "module.os_policy.data.google_compute_zones.this",
            "module.os_policy.data.google_project.default"
          ]
        }
      ]
    },
    {
      "module": "module.os_policy",
      "mode": "managed",
      "type": "google_os_config_os_policy_assignment",
      "name": "screenpkg",
      "provider": "provider[\"registry.terraform.io/hashicorp/google\"]",
      "instances": [
        {
          "index_key": "asia-northeast3-a",
          "schema_version": 0,
          "attributes": {
            "baseline": true,
            "deleted": false,
            "description": "",
            "etag": "8fcfb39c-b4a6-4947-b929-b433e47c6836",
            "id": "projects/swit-alpha/locations/asia-northeast3-a/osPolicyAssignments/asia-northeast3-a-screenpkg",
            "instance_filter": [
              {
                "all": false,
                "exclusion_labels": [
                  {
                    "labels": {
                      "goog-gke-node": ""
                    }
                  },
                  {
                    "labels": {
                      "serverless-vpc-access": "swit-alpha-serverless-uw1"
                    }
                  }
                ],
                "inclusion_labels": [],
                "inventories": []
              }
            ],
            "location": "asia-northeast3-a",
            "name": "asia-northeast3-a-screenpkg",
            "os_policies": [
              {
                "allow_no_resource_group_match": false,
                "description": "",
                "id": "screenpkg",
                "mode": "ENFORCEMENT",
                "resource_groups": [
                  {
                    "inventory_filters": [
                      {
                        "os_short_name": "debian",
                        "os_version": "10"
                      },
                      {
                        "os_short_name": "debian",
                        "os_version": "11"
                      },
                      {
                        "os_short_name": "debian",
                        "os_version": "12"
                      }
                    ],
                    "resources": [
                      {
                        "exec": [],
                        "file": [],
                        "id": "install-pkg",
                        "pkg": [
                          {
                            "apt": [
                              {
                                "name": "screen"
                              }
                            ],
                            "deb": [],
                            "desired_state": "INSTALLED",
                            "googet": [],
                            "msi": [],
                            "rpm": [],
                            "yum": [],
                            "zypper": []
                          }
                        ],
                        "repository": []
                      }
                    ]
                  },
                  {
                    "inventory_filters": [
                      {
                        "os_short_name": "rocky",
                        "os_version": "8.*"
                      },
                      {
                        "os_short_name": "rocky",
                        "os_version": "9.*"
                      }
                    ],
                    "resources": [
                      {
                        "exec": [],
                        "file": [],
                        "id": "epel",
                        "pkg": [
                          {
                            "apt": [],
                            "deb": [],
                            "desired_state": "INSTALLED",
                            "googet": [],
                            "msi": [],
                            "rpm": [],
                            "yum": [
                              {
                                "name": "epel-release"
                              }
                            ],
                            "zypper": []
                          }
                        ],
                        "repository": []
                      },
                      {
                        "exec": [],
                        "file": [],
                        "id": "install-pkg",
                        "pkg": [
                          {
                            "apt": [],
                            "deb": [],
                            "desired_state": "INSTALLED",
                            "googet": [],
                            "msi": [],
                            "rpm": [],
                            "yum": [
                              {
                                "name": "screen"
                              }
                            ],
                            "zypper": []
                          }
                        ],
                        "repository": []
                      }
                    ]
                  },
                  {
                    "inventory_filters": [
                      {
                        "os_short_name": "ubuntu",
                        "os_version": "20.04"
                      },
                      {
                        "os_short_name": "ubuntu",
                        "os_version": "22.04"
                      }
                    ],
                    "resources": [
                      {
                        "exec": [
                          {
                            "enforce": [
                              {
                                "args": [],
                                "file": [],
                                "interpreter": "SHELL",
                                "output_file_path": "",
                                "script": "echo hello"
                              }
                            ],
                            "validate": [
                              {
                                "args": [],
                                "file": [],
                                "interpreter": "SHELL",
                                "output_file_path": "",
                                "script": "cloud-init status --wait; exit 100;"
                              }
                            ]
                          }
                        ],
                        "file": [],
                        "id": "wait-for-cloud-init",
                        "pkg": [],
                        "repository": []
                      },
                      {
                        "exec": [],
                        "file": [],
                        "id": "install-pkg",
                        "pkg": [
                          {
                            "apt": [
                              {
                                "name": "screen"
                              }
                            ],
                            "deb": [],
                            "desired_state": "INSTALLED",
                            "googet": [],
                            "msi": [],
                            "rpm": [],
                            "yum": [],
                            "zypper": []
                          }
                        ],
                        "repository": []
                      }
                    ]
                  }
                ]
              }
            ],
            "project": "swit-alpha",
            "reconciling": false,
            "revision_create_time": "2024-03-31T18:23:36.870089Z",
            "revision_id": "22c06469-9834-490d-82b4-08348e8c0504",
            "rollout": [
              {
                "disruption_budget": [
                  {
                    "fixed": 0,
                    "percent": 100
                  }
                ],
                "min_wait_duration": "0s"
              }
            ],
            "rollout_state": "SUCCEEDED",
            "skip_await_rollout": true,
            "timeouts": null,
            "uid": "6bb80f6e-7612-45ff-9f38-91d963f438a1"
          },
          "sensitive_attributes": [],
          "private": "eyJlMmJmYjczMC1lY2FhLTExZTYtOGY4OC0zNDM2M2JjN2M0YzAiOnsiY3JlYXRlIjoxMjAwMDAwMDAwMDAwLCJkZWxldGUiOjEyMDAwMDAwMDAwMDAsInVwZGF0ZSI6MTIwMDAwMDAwMDAwMH19",
          "dependencies": [
            "module.os_policy.data.google_compute_zones.this",
            "module.os_policy.data.google_project.default"
          ]
        },
        {
          "index_key": "asia-northeast3-b",
          "schema_version": 0,
          "attributes": {
            "baseline": true,
            "deleted": false,
            "description": "",
            "etag": "ad97549d-c75f-4460-b169-8a6f8fe92003",
            "id": "projects/swit-alpha/locations/asia-northeast3-b/osPolicyAssignments/asia-northeast3-b-screenpkg",
            "instance_filter": [
              {
                "all": false,
                "exclusion_labels": [
                  {
                    "labels": {
                      "goog-gke-node": ""
                    }
                  },
                  {
                    "labels": {
                      "serverless-vpc-access": "swit-alpha-serverless-uw1"
                    }
                  }
                ],
                "inclusion_labels": [],
                "inventories": []
              }
            ],
            "location": "asia-northeast3-b",
            "name": "asia-northeast3-b-screenpkg",
            "os_policies": [
              {
                "allow_no_resource_group_match": false,
                "description": "",
                "id": "screenpkg",
                "mode": "ENFORCEMENT",
                "resource_groups": [
                  {
                    "inventory_filters": [
                      {
                        "os_short_name": "debian",
                        "os_version": "10"
                      },
                      {
                        "os_short_name": "debian",
                        "os_version": "11"
                      },
                      {
                        "os_short_name": "debian",
                        "os_version": "12"
                      }
                    ],
                    "resources": [
                      {
                        "exec": [],
                        "file": [],
                        "id": "install-pkg",
                        "pkg": [
                          {
                            "apt": [
                              {
                                "name": "screen"
                              }
                            ],
                            "deb": [],
                            "desired_state": "INSTALLED",
                            "googet": [],
                            "msi": [],
                            "rpm": [],
                            "yum": [],
                            "zypper": []
                          }
                        ],
                        "repository": []
                      }
                    ]
                  },
                  {
                    "inventory_filters": [
                      {
                        "os_short_name": "rocky",
                        "os_version": "8.*"
                      },
                      {
                        "os_short_name": "rocky",
                        "os_version": "9.*"
                      }
                    ],
                    "resources": [
                      {
                        "exec": [],
                        "file": [],
                        "id": "epel",
                        "pkg": [
                          {
                            "apt": [],
                            "deb": [],
                            "desired_state": "INSTALLED",
                            "googet": [],
                            "msi": [],
                            "rpm": [],
                            "yum": [
                              {
                                "name": "epel-release"
                              }
                            ],
                            "zypper": []
                          }
                        ],
                        "repository": []
                      },
                      {
                        "exec": [],
                        "file": [],
                        "id": "install-pkg",
                        "pkg": [
                          {
                            "apt": [],
                            "deb": [],
                            "desired_state": "INSTALLED",
                            "googet": [],
                            "msi": [],
                            "rpm": [],
                            "yum": [
                              {
                                "name": "screen"
                              }
                            ],
                            "zypper": []
                          }
                        ],
                        "repository": []
                      }
                    ]
                  },
                  {
                    "inventory_filters": [
                      {
                        "os_short_name": "ubuntu",
                        "os_version": "20.04"
                      },
                      {
                        "os_short_name": "ubuntu",
                        "os_version": "22.04"
                      }
                    ],
                    "resources": [
                      {
                        "exec": [
                          {
                            "enforce": [
                              {
                                "args": [],
                                "file": [],
                                "interpreter": "SHELL",
                                "output_file_path": "",
                                "script": "echo hello"
                              }
                            ],
                            "validate": [
                              {
                                "args": [],
                                "file": [],
                                "interpreter": "SHELL",
                                "output_file_path": "",
                                "script": "cloud-init status --wait; exit 100;"
                              }
                            ]
                          }
                        ],
                        "file": [],
                        "id": "wait-for-cloud-init",
                        "pkg": [],
                        "repository": []
                      },
                      {
                        "exec": [],
                        "file": [],
                        "id": "install-pkg",
                        "pkg": [
                          {
                            "apt": [
                              {
                                "name": "screen"
                              }
                            ],
                            "deb": [],
                            "desired_state": "INSTALLED",
                            "googet": [],
                            "msi": [],
                            "rpm": [],
                            "yum": [],
                            "zypper": []
                          }
                        ],
                        "repository": []
                      }
                    ]
                  }
                ]
              }
            ],
            "project": "swit-alpha",
            "reconciling": false,
            "revision_create_time": "2024-03-31T18:23:36.862097Z",
            "revision_id": "5b1e8bb1-d338-4799-afe7-c2514a73717c",
            "rollout": [
              {
                "disruption_budget": [
                  {
                    "fixed": 0,
                    "percent": 100
                  }
                ],
                "min_wait_duration": "0s"
              }
            ],
            "rollout_state": "SUCCEEDED",
            "skip_await_rollout": true,
            "timeouts": null,
            "uid": "49f31ab8-b1f4-4a26-ba46-6f0a02d6f594"
          },
          "sensitive_attributes": [],
          "private": "eyJlMmJmYjczMC1lY2FhLTExZTYtOGY4OC0zNDM2M2JjN2M0YzAiOnsiY3JlYXRlIjoxMjAwMDAwMDAwMDAwLCJkZWxldGUiOjEyMDAwMDAwMDAwMDAsInVwZGF0ZSI6MTIwMDAwMDAwMDAwMH19",
          "dependencies": [
            "module.os_policy.data.google_compute_zones.this",
            "module.os_policy.data.google_project.default"
          ]
        },
        {
          "index_key": "asia-northeast3-c",
          "schema_version": 0,
          "attributes": {
            "baseline": true,
            "deleted": false,
            "description": "",
            "etag": "e7aeff76-ca3d-4227-a405-f32c9a51da09",
            "id": "projects/swit-alpha/locations/asia-northeast3-c/osPolicyAssignments/asia-northeast3-c-screenpkg",
            "instance_filter": [
              {
                "all": false,
                "exclusion_labels": [
                  {
                    "labels": {
                      "goog-gke-node": ""
                    }
                  },
                  {
                    "labels": {
                      "serverless-vpc-access": "swit-alpha-serverless-uw1"
                    }
                  }
                ],
                "inclusion_labels": [],
                "inventories": []
              }
            ],
            "location": "asia-northeast3-c",
            "name": "asia-northeast3-c-screenpkg",
            "os_policies": [
              {
                "allow_no_resource_group_match": false,
                "description": "",
                "id": "screenpkg",
                "mode": "ENFORCEMENT",
                "resource_groups": [
                  {
                    "inventory_filters": [
                      {
                        "os_short_name": "debian",
                        "os_version": "10"
                      },
                      {
                        "os_short_name": "debian",
                        "os_version": "11"
                      },
                      {
                        "os_short_name": "debian",
                        "os_version": "12"
                      }
                    ],
                    "resources": [
                      {
                        "exec": [],
                        "file": [],
                        "id": "install-pkg",
                        "pkg": [
                          {
                            "apt": [
                              {
                                "name": "screen"
                              }
                            ],
                            "deb": [],
                            "desired_state": "INSTALLED",
                            "googet": [],
                            "msi": [],
                            "rpm": [],
                            "yum": [],
                            "zypper": []
                          }
                        ],
                        "repository": []
                      }
                    ]
                  },
                  {
                    "inventory_filters": [
                      {
                        "os_short_name": "rocky",
                        "os_version": "8.*"
                      },
                      {
                        "os_short_name": "rocky",
                        "os_version": "9.*"
                      }
                    ],
                    "resources": [
                      {
                        "exec": [],
                        "file": [],
                        "id": "epel",
                        "pkg": [
                          {
                            "apt": [],
                            "deb": [],
                            "desired_state": "INSTALLED",
                            "googet": [],
                            "msi": [],
                            "rpm": [],
                            "yum": [
                              {
                                "name": "epel-release"
                              }
                            ],
                            "zypper": []
                          }
                        ],
                        "repository": []
                      },
                      {
                        "exec": [],
                        "file": [],
                        "id": "install-pkg",
                        "pkg": [
                          {
                            "apt": [],
                            "deb": [],
                            "desired_state": "INSTALLED",
                            "googet": [],
                            "msi": [],
                            "rpm": [],
                            "yum": [
                              {
                                "name": "screen"
                              }
                            ],
                            "zypper": []
                          }
                        ],
                        "repository": []
                      }
                    ]
                  },
                  {
                    "inventory_filters": [
                      {
                        "os_short_name": "ubuntu",
                        "os_version": "20.04"
                      },
                      {
                        "os_short_name": "ubuntu",
                        "os_version": "22.04"
                      }
                    ],
                    "resources": [
                      {
                        "exec": [
                          {
                            "enforce": [
                              {
                                "args": [],
                                "file": [],
                                "interpreter": "SHELL",
                                "output_file_path": "",
                                "script": "echo hello"
                              }
                            ],
                            "validate": [
                              {
                                "args": [],
                                "file": [],
                                "interpreter": "SHELL",
                                "output_file_path": "",
                                "script": "cloud-init status --wait; exit 100;"
                              }
                            ]
                          }
                        ],
                        "file": [],
                        "id": "wait-for-cloud-init",
                        "pkg": [],
                        "repository": []
                      },
                      {
                        "exec": [],
                        "file": [],
                        "id": "install-pkg",
                        "pkg": [
                          {
                            "apt": [
                              {
                                "name": "screen"
                              }
                            ],
                            "deb": [],
                            "desired_state": "INSTALLED",
                            "googet": [],
                            "msi": [],
                            "rpm": [],
                            "yum": [],
                            "zypper": []
                          }
                        ],
                        "repository": []
                      }
                    ]
                  }
                ]
              }
            ],
            "project": "swit-alpha",
            "reconciling": false,
            "revision_create_time": "2024-03-31T18:23:36.866242Z",
            "revision_id": "76d474b9-a543-42d4-9cd9-63f91695a141",
            "rollout": [
              {
                "disruption_budget": [
                  {
                    "fixed": 0,
                    "percent": 100
                  }
                ],
                "min_wait_duration": "0s"
              }
            ],
            "rollout_state": "SUCCEEDED",
            "skip_await_rollout": true,
            "timeouts": null,
            "uid": "13caf293-b70a-4bf6-aa22-4e60b32e1673"
          },
          "sensitive_attributes": [],
          "private": "eyJlMmJmYjczMC1lY2FhLTExZTYtOGY4OC0zNDM2M2JjN2M0YzAiOnsiY3JlYXRlIjoxMjAwMDAwMDAwMDAwLCJkZWxldGUiOjEyMDAwMDAwMDAwMDAsInVwZGF0ZSI6MTIwMDAwMDAwMDAwMH19",
          "dependencies": [
            "module.os_policy.data.google_compute_zones.this",
            "module.os_policy.data.google_project.default"
          ]
        },
        {
          "index_key": "us-west1-a",
          "schema_version": 0,
          "attributes": {
            "baseline": true,
            "deleted": false,
            "description": "",
            "etag": "d370532a-6481-46a6-af94-2ac167e91a9e",
            "id": "projects/swit-alpha/locations/us-west1-a/osPolicyAssignments/us-west1-a-screenpkg",
            "instance_filter": [
              {
                "all": false,
                "exclusion_labels": [
                  {
                    "labels": {
                      "goog-gke-node": ""
                    }
                  },
                  {
                    "labels": {
                      "serverless-vpc-access": "swit-alpha-serverless-uw1"
                    }
                  }
                ],
                "inclusion_labels": [],
                "inventories": []
              }
            ],
            "location": "us-west1-a",
            "name": "us-west1-a-screenpkg",
            "os_policies": [
              {
                "allow_no_resource_group_match": false,
                "description": "",
                "id": "screenpkg",
                "mode": "ENFORCEMENT",
                "resource_groups": [
                  {
                    "inventory_filters": [
                      {
                        "os_short_name": "debian",
                        "os_version": "10"
                      },
                      {
                        "os_short_name": "debian",
                        "os_version": "11"
                      },
                      {
                        "os_short_name": "debian",
                        "os_version": "12"
                      }
                    ],
                    "resources": [
                      {
                        "exec": [],
                        "file": [],
                        "id": "install-pkg",
                        "pkg": [
                          {
                            "apt": [
                              {
                                "name": "screen"
                              }
                            ],
                            "deb": [],
                            "desired_state": "INSTALLED",
                            "googet": [],
                            "msi": [],
                            "rpm": [],
                            "yum": [],
                            "zypper": []
                          }
                        ],
                        "repository": []
                      }
                    ]
                  },
                  {
                    "inventory_filters": [
                      {
                        "os_short_name": "rocky",
                        "os_version": "8.*"
                      },
                      {
                        "os_short_name": "rocky",
                        "os_version": "9.*"
                      }
                    ],
                    "resources": [
                      {
                        "exec": [],
                        "file": [],
                        "id": "epel",
                        "pkg": [
                          {
                            "apt": [],
                            "deb": [],
                            "desired_state": "INSTALLED",
                            "googet": [],
                            "msi": [],
                            "rpm": [],
                            "yum": [
                              {
                                "name": "epel-release"
                              }
                            ],
                            "zypper": []
                          }
                        ],
                        "repository": []
                      },
                      {
                        "exec": [],
                        "file": [],
                        "id": "install-pkg",
                        "pkg": [
                          {
                            "apt": [],
                            "deb": [],
                            "desired_state": "INSTALLED",
                            "googet": [],
                            "msi": [],
                            "rpm": [],
                            "yum": [
                              {
                                "name": "screen"
                              }
                            ],
                            "zypper": []
                          }
                        ],
                        "repository": []
                      }
                    ]
                  },
                  {
                    "inventory_filters": [
                      {
                        "os_short_name": "ubuntu",
                        "os_version": "20.04"
                      },
                      {
                        "os_short_name": "ubuntu",
                        "os_version": "22.04"
                      }
                    ],
                    "resources": [
                      {
                        "exec": [
                          {
                            "enforce": [
                              {
                                "args": [],
                                "file": [],
                                "interpreter": "SHELL",
                                "output_file_path": "",
                                "script": "echo hello"
                              }
                            ],
                            "validate": [
                              {
                                "args": [],
                                "file": [],
                                "interpreter": "SHELL",
                                "output_file_path": "",
                                "script": "cloud-init status --wait; exit 100;"
                              }
                            ]
                          }
                        ],
                        "file": [],
                        "id": "wait-for-cloud-init",
                        "pkg": [],
                        "repository": []
                      },
                      {
                        "exec": [],
                        "file": [],
                        "id": "install-pkg",
                        "pkg": [
                          {
                            "apt": [
                              {
                                "name": "screen"
                              }
                            ],
                            "deb": [],
                            "desired_state": "INSTALLED",
                            "googet": [],
                            "msi": [],
                            "rpm": [],
                            "yum": [],
                            "zypper": []
                          }
                        ],
                        "repository": []
                      }
                    ]
                  }
                ]
              }
            ],
            "project": "swit-alpha",
            "reconciling": false,
            "revision_create_time": "2024-03-31T18:23:36.248430Z",
            "revision_id": "bf03e696-76d9-458d-baca-640f36ab7b4b",
            "rollout": [
              {
                "disruption_budget": [
                  {
                    "fixed": 0,
                    "percent": 100
                  }
                ],
                "min_wait_duration": "0s"
              }
            ],
            "rollout_state": "SUCCEEDED",
            "skip_await_rollout": true,
            "timeouts": null,
            "uid": "5988767e-460e-4202-a901-2d7b7b184447"
          },
          "sensitive_attributes": [],
          "private": "eyJlMmJmYjczMC1lY2FhLTExZTYtOGY4OC0zNDM2M2JjN2M0YzAiOnsiY3JlYXRlIjoxMjAwMDAwMDAwMDAwLCJkZWxldGUiOjEyMDAwMDAwMDAwMDAsInVwZGF0ZSI6MTIwMDAwMDAwMDAwMH19",
          "dependencies": [
            "module.os_policy.data.google_compute_zones.this",
            "module.os_policy.data.google_project.default"
          ]
        },
        {
          "index_key": "us-west1-b",
          "schema_version": 0,
          "attributes": {
            "baseline": true,
            "deleted": false,
            "description": "",
            "etag": "9b333ce4-96cc-4c45-973a-3427a80281af",
            "id": "projects/swit-alpha/locations/us-west1-b/osPolicyAssignments/us-west1-b-screenpkg",
            "instance_filter": [
              {
                "all": false,
                "exclusion_labels": [
                  {
                    "labels": {
                      "goog-gke-node": ""
                    }
                  },
                  {
                    "labels": {
                      "serverless-vpc-access": "swit-alpha-serverless-uw1"
                    }
                  }
                ],
                "inclusion_labels": [],
                "inventories": []
              }
            ],
            "location": "us-west1-b",
            "name": "us-west1-b-screenpkg",
            "os_policies": [
              {
                "allow_no_resource_group_match": false,
                "description": "",
                "id": "screenpkg",
                "mode": "ENFORCEMENT",
                "resource_groups": [
                  {
                    "inventory_filters": [
                      {
                        "os_short_name": "debian",
                        "os_version": "10"
                      },
                      {
                        "os_short_name": "debian",
                        "os_version": "11"
                      },
                      {
                        "os_short_name": "debian",
                        "os_version": "12"
                      }
                    ],
                    "resources": [
                      {
                        "exec": [],
                        "file": [],
                        "id": "install-pkg",
                        "pkg": [
                          {
                            "apt": [
                              {
                                "name": "screen"
                              }
                            ],
                            "deb": [],
                            "desired_state": "INSTALLED",
                            "googet": [],
                            "msi": [],
                            "rpm": [],
                            "yum": [],
                            "zypper": []
                          }
                        ],
                        "repository": []
                      }
                    ]
                  },
                  {
                    "inventory_filters": [
                      {
                        "os_short_name": "rocky",
                        "os_version": "8.*"
                      },
                      {
                        "os_short_name": "rocky",
                        "os_version": "9.*"
                      }
                    ],
                    "resources": [
                      {
                        "exec": [],
                        "file": [],
                        "id": "epel",
                        "pkg": [
                          {
                            "apt": [],
                            "deb": [],
                            "desired_state": "INSTALLED",
                            "googet": [],
                            "msi": [],
                            "rpm": [],
                            "yum": [
                              {
                                "name": "epel-release"
                              }
                            ],
                            "zypper": []
                          }
                        ],
                        "repository": []
                      },
                      {
                        "exec": [],
                        "file": [],
                        "id": "install-pkg",
                        "pkg": [
                          {
                            "apt": [],
                            "deb": [],
                            "desired_state": "INSTALLED",
                            "googet": [],
                            "msi": [],
                            "rpm": [],
                            "yum": [
                              {
                                "name": "screen"
                              }
                            ],
                            "zypper": []
                          }
                        ],
                        "repository": []
                      }
                    ]
                  },
                  {
                    "inventory_filters": [
                      {
                        "os_short_name": "ubuntu",
                        "os_version": "20.04"
                      },
                      {
                        "os_short_name": "ubuntu",
                        "os_version": "22.04"
                      }
                    ],
                    "resources": [
                      {
                        "exec": [
                          {
                            "enforce": [
                              {
                                "args": [],
                                "file": [],
                                "interpreter": "SHELL",
                                "output_file_path": "",
                                "script": "echo hello"
                              }
                            ],
                            "validate": [
                              {
                                "args": [],
                                "file": [],
                                "interpreter": "SHELL",
                                "output_file_path": "",
                                "script": "cloud-init status --wait; exit 100;"
                              }
                            ]
                          }
                        ],
                        "file": [],
                        "id": "wait-for-cloud-init",
                        "pkg": [],
                        "repository": []
                      },
                      {
                        "exec": [],
                        "file": [],
                        "id": "install-pkg",
                        "pkg": [
                          {
                            "apt": [
                              {
                                "name": "screen"
                              }
                            ],
                            "deb": [],
                            "desired_state": "INSTALLED",
                            "googet": [],
                            "msi": [],
                            "rpm": [],
                            "yum": [],
                            "zypper": []
                          }
                        ],
                        "repository": []
                      }
                    ]
                  }
                ]
              }
            ],
            "project": "swit-alpha",
            "reconciling": false,
            "revision_create_time": "2024-03-31T18:23:36.209604Z",
            "revision_id": "4606095a-179c-464f-b20b-386a377d918b",
            "rollout": [
              {
                "disruption_budget": [
                  {
                    "fixed": 0,
                    "percent": 100
                  }
                ],
                "min_wait_duration": "0s"
              }
            ],
            "rollout_state": "SUCCEEDED",
            "skip_await_rollout": true,
            "timeouts": null,
            "uid": "110aba2e-e382-4b0e-9bf1-2f907e3b9437"
          },
          "sensitive_attributes": [],
          "private": "eyJlMmJmYjczMC1lY2FhLTExZTYtOGY4OC0zNDM2M2JjN2M0YzAiOnsiY3JlYXRlIjoxMjAwMDAwMDAwMDAwLCJkZWxldGUiOjEyMDAwMDAwMDAwMDAsInVwZGF0ZSI6MTIwMDAwMDAwMDAwMH19",
          "dependencies": [
            "module.os_policy.data.google_compute_zones.this",
            "module.os_policy.data.google_project.default"
          ]
        },
        {
          "index_key": "us-west1-c",
          "schema_version": 0,
          "attributes": {
            "baseline": true,
            "deleted": false,
            "description": "",
            "etag": "2c972542-e571-4234-8fa1-a02065178e0d",
            "id": "projects/swit-alpha/locations/us-west1-c/osPolicyAssignments/us-west1-c-screenpkg",
            "instance_filter": [
              {
                "all": false,
                "exclusion_labels": [
                  {
                    "labels": {
                      "goog-gke-node": ""
                    }
                  },
                  {
                    "labels": {
                      "serverless-vpc-access": "swit-alpha-serverless-uw1"
                    }
                  }
                ],
                "inclusion_labels": [],
                "inventories": []
              }
            ],
            "location": "us-west1-c",
            "name": "us-west1-c-screenpkg",
            "os_policies": [
              {
                "allow_no_resource_group_match": false,
                "description": "",
                "id": "screenpkg",
                "mode": "ENFORCEMENT",
                "resource_groups": [
                  {
                    "inventory_filters": [
                      {
                        "os_short_name": "debian",
                        "os_version": "10"
                      },
                      {
                        "os_short_name": "debian",
                        "os_version": "11"
                      },
                      {
                        "os_short_name": "debian",
                        "os_version": "12"
                      }
                    ],
                    "resources": [
                      {
                        "exec": [],
                        "file": [],
                        "id": "install-pkg",
                        "pkg": [
                          {
                            "apt": [
                              {
                                "name": "screen"
                              }
                            ],
                            "deb": [],
                            "desired_state": "INSTALLED",
                            "googet": [],
                            "msi": [],
                            "rpm": [],
                            "yum": [],
                            "zypper": []
                          }
                        ],
                        "repository": []
                      }
                    ]
                  },
                  {
                    "inventory_filters": [
                      {
                        "os_short_name": "rocky",
                        "os_version": "8.*"
                      },
                      {
                        "os_short_name": "rocky",
                        "os_version": "9.*"
                      }
                    ],
                    "resources": [
                      {
                        "exec": [],
                        "file": [],
                        "id": "epel",
                        "pkg": [
                          {
                            "apt": [],
                            "deb": [],
                            "desired_state": "INSTALLED",
                            "googet": [],
                            "msi": [],
                            "rpm": [],
                            "yum": [
                              {
                                "name": "epel-release"
                              }
                            ],
                            "zypper": []
                          }
                        ],
                        "repository": []
                      },
                      {
                        "exec": [],
                        "file": [],
                        "id": "install-pkg",
                        "pkg": [
                          {
                            "apt": [],
                            "deb": [],
                            "desired_state": "INSTALLED",
                            "googet": [],
                            "msi": [],
                            "rpm": [],
                            "yum": [
                              {
                                "name": "screen"
                              }
                            ],
                            "zypper": []
                          }
                        ],
                        "repository": []
                      }
                    ]
                  },
                  {
                    "inventory_filters": [
                      {
                        "os_short_name": "ubuntu",
                        "os_version": "20.04"
                      },
                      {
                        "os_short_name": "ubuntu",
                        "os_version": "22.04"
                      }
                    ],
                    "resources": [
                      {
                        "exec": [
                          {
                            "enforce": [
                              {
                                "args": [],
                                "file": [],
                                "interpreter": "SHELL",
                                "output_file_path": "",
                                "script": "echo hello"
                              }
                            ],
                            "validate": [
                              {
                                "args": [],
                                "file": [],
                                "interpreter": "SHELL",
                                "output_file_path": "",
                                "script": "cloud-init status --wait; exit 100;"
                              }
                            ]
                          }
                        ],
                        "file": [],
                        "id": "wait-for-cloud-init",
                        "pkg": [],
                        "repository": []
                      },
                      {
                        "exec": [],
                        "file": [],
                        "id": "install-pkg",
                        "pkg": [
                          {
                            "apt": [
                              {
                                "name": "screen"
                              }
                            ],
                            "deb": [],
                            "desired_state": "INSTALLED",
                            "googet": [],
                            "msi": [],
                            "rpm": [],
                            "yum": [],
                            "zypper": []
                          }
                        ],
                        "repository": []
                      }
                    ]
                  }
                ]
              }
            ],
            "project": "swit-alpha",
            "reconciling": false,
            "revision_create_time": "2024-03-31T18:23:36.215367Z",
            "revision_id": "18a333c3-f3ce-4062-9730-94ee593677d6",
            "rollout": [
              {
                "disruption_budget": [
                  {
                    "fixed": 0,
                    "percent": 100
                  }
                ],
                "min_wait_duration": "0s"
              }
            ],
            "rollout_state": "SUCCEEDED",
            "skip_await_rollout": true,
            "timeouts": null,
            "uid": "d9d34e90-3d74-4328-bc7d-024fbc50a05e"
          },
          "sensitive_attributes": [],
          "private": "eyJlMmJmYjczMC1lY2FhLTExZTYtOGY4OC0zNDM2M2JjN2M0YzAiOnsiY3JlYXRlIjoxMjAwMDAwMDAwMDAwLCJkZWxldGUiOjEyMDAwMDAwMDAwMDAsInVwZGF0ZSI6MTIwMDAwMDAwMDAwMH19",
          "dependencies": [
            "module.os_policy.data.google_compute_zones.this",
            "module.os_policy.data.google_project.default"
          ]
        }
      ]
    },
    {
      "module": "module.os_policy",
      "mode": "managed",
      "type": "google_os_config_os_policy_assignment",
      "name": "selinux",
      "provider": "provider[\"registry.terraform.io/hashicorp/google\"]",
      "instances": [
        {
          "index_key": "asia-northeast3-a",
          "schema_version": 0,
          "attributes": {
            "baseline": false,
            "deleted": false,
            "description": "",
            "etag": "a10bbe2a-2c62-4aab-802e-141212344ba3",
            "id": "projects/swit-alpha/locations/asia-northeast3-a/osPolicyAssignments/asia-northeast3-a-selinux",
            "instance_filter": [
              {
                "all": false,
                "exclusion_labels": [
                  {
                    "labels": {
                      "goog-gke-node": ""
                    }
                  },
                  {
                    "labels": {
                      "serverless-vpc-access": "swit-alpha-serverless-uw1"
                    }
                  }
                ],
                "inclusion_labels": [],
                "inventories": []
              }
            ],
            "location": "asia-northeast3-a",
            "name": "asia-northeast3-a-selinux",
            "os_policies": [
              {
                "allow_no_resource_group_match": true,
                "description": "",
                "id": "selinux",
                "mode": "ENFORCEMENT",
                "resource_groups": [
                  {
                    "inventory_filters": [
                      {
                        "os_short_name": "rocky",
                        "os_version": "8.*"
                      },
                      {
                        "os_short_name": "rocky",
                        "os_version": "9.*"
                      }
                    ],
                    "resources": [
                      {
                        "exec": [
                          {
                            "enforce": [
                              {
                                "args": [],
                                "file": [],
                                "interpreter": "SHELL",
                                "output_file_path": "",
                                "script": "sudo sed 's/enforcing/disabled/g' /etc/selinux/config | sudo tee /etc/selinux/.config\nsudo mv /etc/selinux/.config /etc/selinux/config\nsudo setenforce 0\nexit 100\n"
                              }
                            ],
                            "validate": [
                              {
                                "args": [],
                                "file": [],
                                "interpreter": "SHELL",
                                "output_file_path": "",
                                "script": "if ! sudo grep -v '#' /etc/selinux/config | grep -q 'disabled' ; then\n  exit 101\nelif sudo getenforce | grep -q 'Enforcing' ; then\n  exit 101\nelse\n  exit 100\nfi\n"
                              }
                            ]
                          }
                        ],
                        "file": [],
                        "id": "configuration",
                        "pkg": [],
                        "repository": []
                      }
                    ]
                  }
                ]
              }
            ],
            "project": "swit-alpha",
            "reconciling": true,
            "revision_create_time": "2024-03-31T18:55:32.153363Z",
            "revision_id": "fb66ab1d-fdfc-4f83-8546-cd120a12bdb7",
            "rollout": [
              {
                "disruption_budget": [
                  {
                    "fixed": 0,
                    "percent": 100
                  }
                ],
                "min_wait_duration": "0s"
              }
            ],
            "rollout_state": "IN_PROGRESS",
            "skip_await_rollout": true,
            "timeouts": null,
            "uid": "1ca65a80-e786-4b66-96ec-16340106175e"
          },
          "sensitive_attributes": [],
          "private": "eyJlMmJmYjczMC1lY2FhLTExZTYtOGY4OC0zNDM2M2JjN2M0YzAiOnsiY3JlYXRlIjoxMjAwMDAwMDAwMDAwLCJkZWxldGUiOjEyMDAwMDAwMDAwMDAsInVwZGF0ZSI6MTIwMDAwMDAwMDAwMH19",
          "dependencies": [
            "module.os_policy.data.google_compute_zones.this",
            "module.os_policy.data.google_project.default"
          ]
        },
        {
          "index_key": "asia-northeast3-b",
          "schema_version": 0,
          "attributes": {
            "baseline": false,
            "deleted": false,
            "description": "",
            "etag": "920a5d2f-c0fc-497a-8e3a-9fc457bbf3a2",
            "id": "projects/swit-alpha/locations/asia-northeast3-b/osPolicyAssignments/asia-northeast3-b-selinux",
            "instance_filter": [
              {
                "all": false,
                "exclusion_labels": [
                  {
                    "labels": {
                      "goog-gke-node": ""
                    }
                  },
                  {
                    "labels": {
                      "serverless-vpc-access": "swit-alpha-serverless-uw1"
                    }
                  }
                ],
                "inclusion_labels": [],
                "inventories": []
              }
            ],
            "location": "asia-northeast3-b",
            "name": "asia-northeast3-b-selinux",
            "os_policies": [
              {
                "allow_no_resource_group_match": true,
                "description": "",
                "id": "selinux",
                "mode": "ENFORCEMENT",
                "resource_groups": [
                  {
                    "inventory_filters": [
                      {
                        "os_short_name": "rocky",
                        "os_version": "8.*"
                      },
                      {
                        "os_short_name": "rocky",
                        "os_version": "9.*"
                      }
                    ],
                    "resources": [
                      {
                        "exec": [
                          {
                            "enforce": [
                              {
                                "args": [],
                                "file": [],
                                "interpreter": "SHELL",
                                "output_file_path": "",
                                "script": "sudo sed 's/enforcing/disabled/g' /etc/selinux/config | sudo tee /etc/selinux/.config\nsudo mv /etc/selinux/.config /etc/selinux/config\nsudo setenforce 0\nexit 100\n"
                              }
                            ],
                            "validate": [
                              {
                                "args": [],
                                "file": [],
                                "interpreter": "SHELL",
                                "output_file_path": "",
                                "script": "if ! sudo grep -v '#' /etc/selinux/config | grep -q 'disabled' ; then\n  exit 101\nelif sudo getenforce | grep -q 'Enforcing' ; then\n  exit 101\nelse\n  exit 100\nfi\n"
                              }
                            ]
                          }
                        ],
                        "file": [],
                        "id": "configuration",
                        "pkg": [],
                        "repository": []
                      }
                    ]
                  }
                ]
              }
            ],
            "project": "swit-alpha",
            "reconciling": true,
            "revision_create_time": "2024-03-31T18:55:32.150691Z",
            "revision_id": "d3500fb7-6a5e-43f5-8fff-b99b2032df21",
            "rollout": [
              {
                "disruption_budget": [
                  {
                    "fixed": 0,
                    "percent": 100
                  }
                ],
                "min_wait_duration": "0s"
              }
            ],
            "rollout_state": "IN_PROGRESS",
            "skip_await_rollout": true,
            "timeouts": null,
            "uid": "c940073a-6c4e-47f2-bc12-77ab647d9fd0"
          },
          "sensitive_attributes": [],
          "private": "eyJlMmJmYjczMC1lY2FhLTExZTYtOGY4OC0zNDM2M2JjN2M0YzAiOnsiY3JlYXRlIjoxMjAwMDAwMDAwMDAwLCJkZWxldGUiOjEyMDAwMDAwMDAwMDAsInVwZGF0ZSI6MTIwMDAwMDAwMDAwMH19",
          "dependencies": [
            "module.os_policy.data.google_compute_zones.this",
            "module.os_policy.data.google_project.default"
          ]
        },
        {
          "index_key": "asia-northeast3-c",
          "schema_version": 0,
          "attributes": {
            "baseline": false,
            "deleted": false,
            "description": "",
            "etag": "38f12719-59a9-4957-8b86-5ec8d64cf89c",
            "id": "projects/swit-alpha/locations/asia-northeast3-c/osPolicyAssignments/asia-northeast3-c-selinux",
            "instance_filter": [
              {
                "all": false,
                "exclusion_labels": [
                  {
                    "labels": {
                      "goog-gke-node": ""
                    }
                  },
                  {
                    "labels": {
                      "serverless-vpc-access": "swit-alpha-serverless-uw1"
                    }
                  }
                ],
                "inclusion_labels": [],
                "inventories": []
              }
            ],
            "location": "asia-northeast3-c",
            "name": "asia-northeast3-c-selinux",
            "os_policies": [
              {
                "allow_no_resource_group_match": true,
                "description": "",
                "id": "selinux",
                "mode": "ENFORCEMENT",
                "resource_groups": [
                  {
                    "inventory_filters": [
                      {
                        "os_short_name": "rocky",
                        "os_version": "8.*"
                      },
                      {
                        "os_short_name": "rocky",
                        "os_version": "9.*"
                      }
                    ],
                    "resources": [
                      {
                        "exec": [
                          {
                            "enforce": [
                              {
                                "args": [],
                                "file": [],
                                "interpreter": "SHELL",
                                "output_file_path": "",
                                "script": "sudo sed 's/enforcing/disabled/g' /etc/selinux/config | sudo tee /etc/selinux/.config\nsudo mv /etc/selinux/.config /etc/selinux/config\nsudo setenforce 0\nexit 100\n"
                              }
                            ],
                            "validate": [
                              {
                                "args": [],
                                "file": [],
                                "interpreter": "SHELL",
                                "output_file_path": "",
                                "script": "if ! sudo grep -v '#' /etc/selinux/config | grep -q 'disabled' ; then\n  exit 101\nelif sudo getenforce | grep -q 'Enforcing' ; then\n  exit 101\nelse\n  exit 100\nfi\n"
                              }
                            ]
                          }
                        ],
                        "file": [],
                        "id": "configuration",
                        "pkg": [],
                        "repository": []
                      }
                    ]
                  }
                ]
              }
            ],
            "project": "swit-alpha",
            "reconciling": true,
            "revision_create_time": "2024-03-31T18:55:32.158075Z",
            "revision_id": "14b65201-6d67-451e-a4e2-a66d40e4a589",
            "rollout": [
              {
                "disruption_budget": [
                  {
                    "fixed": 0,
                    "percent": 100
                  }
                ],
                "min_wait_duration": "0s"
              }
            ],
            "rollout_state": "IN_PROGRESS",
            "skip_await_rollout": true,
            "timeouts": null,
            "uid": "0d2bb6a1-f8e5-4609-bcca-43fae678ccf1"
          },
          "sensitive_attributes": [],
          "private": "eyJlMmJmYjczMC1lY2FhLTExZTYtOGY4OC0zNDM2M2JjN2M0YzAiOnsiY3JlYXRlIjoxMjAwMDAwMDAwMDAwLCJkZWxldGUiOjEyMDAwMDAwMDAwMDAsInVwZGF0ZSI6MTIwMDAwMDAwMDAwMH19",
          "dependencies": [
            "module.os_policy.data.google_compute_zones.this",
            "module.os_policy.data.google_project.default"
          ]
        },
        {
          "index_key": "us-west1-a",
          "schema_version": 0,
          "attributes": {
            "baseline": false,
            "deleted": false,
            "description": "",
            "etag": "3ec3b22f-3a13-48d8-b51d-8d69335e91d5",
            "id": "projects/swit-alpha/locations/us-west1-a/osPolicyAssignments/us-west1-a-selinux",
            "instance_filter": [
              {
                "all": false,
                "exclusion_labels": [
                  {
                    "labels": {
                      "goog-gke-node": ""
                    }
                  },
                  {
                    "labels": {
                      "serverless-vpc-access": "swit-alpha-serverless-uw1"
                    }
                  }
                ],
                "inclusion_labels": [],
                "inventories": []
              }
            ],
            "location": "us-west1-a",
            "name": "us-west1-a-selinux",
            "os_policies": [
              {
                "allow_no_resource_group_match": true,
                "description": "",
                "id": "selinux",
                "mode": "ENFORCEMENT",
                "resource_groups": [
                  {
                    "inventory_filters": [
                      {
                        "os_short_name": "rocky",
                        "os_version": "8.*"
                      },
                      {
                        "os_short_name": "rocky",
                        "os_version": "9.*"
                      }
                    ],
                    "resources": [
                      {
                        "exec": [
                          {
                            "enforce": [
                              {
                                "args": [],
                                "file": [],
                                "interpreter": "SHELL",
                                "output_file_path": "",
                                "script": "sudo sed 's/enforcing/disabled/g' /etc/selinux/config | sudo tee /etc/selinux/.config\nsudo mv /etc/selinux/.config /etc/selinux/config\nsudo setenforce 0\nexit 100\n"
                              }
                            ],
                            "validate": [
                              {
                                "args": [],
                                "file": [],
                                "interpreter": "SHELL",
                                "output_file_path": "",
                                "script": "if ! sudo grep -v '#' /etc/selinux/config | grep -q 'disabled' ; then\n  exit 101\nelif sudo getenforce | grep -q 'Enforcing' ; then\n  exit 101\nelse\n  exit 100\nfi\n"
                              }
                            ]
                          }
                        ],
                        "file": [],
                        "id": "configuration",
                        "pkg": [],
                        "repository": []
                      }
                    ]
                  }
                ]
              }
            ],
            "project": "swit-alpha",
            "reconciling": true,
            "revision_create_time": "2024-03-31T18:55:31.494516Z",
            "revision_id": "83dff2f1-d97c-48e8-a4da-a5114d31b1c2",
            "rollout": [
              {
                "disruption_budget": [
                  {
                    "fixed": 0,
                    "percent": 100
                  }
                ],
                "min_wait_duration": "0s"
              }
            ],
            "rollout_state": "IN_PROGRESS",
            "skip_await_rollout": true,
            "timeouts": null,
            "uid": "e8d52c72-258b-4fa1-8668-e580fc8d3bb7"
          },
          "sensitive_attributes": [],
          "private": "eyJlMmJmYjczMC1lY2FhLTExZTYtOGY4OC0zNDM2M2JjN2M0YzAiOnsiY3JlYXRlIjoxMjAwMDAwMDAwMDAwLCJkZWxldGUiOjEyMDAwMDAwMDAwMDAsInVwZGF0ZSI6MTIwMDAwMDAwMDAwMH19",
          "dependencies": [
            "module.os_policy.data.google_compute_zones.this",
            "module.os_policy.data.google_project.default"
          ]
        },
        {
          "index_key": "us-west1-b",
          "schema_version": 0,
          "attributes": {
            "baseline": false,
            "deleted": false,
            "description": "",
            "etag": "14a03637-d7c9-41e1-a131-0959d80f713a",
            "id": "projects/swit-alpha/locations/us-west1-b/osPolicyAssignments/us-west1-b-selinux",
            "instance_filter": [
              {
                "all": false,
                "exclusion_labels": [
                  {
                    "labels": {
                      "goog-gke-node": ""
                    }
                  },
                  {
                    "labels": {
                      "serverless-vpc-access": "swit-alpha-serverless-uw1"
                    }
                  }
                ],
                "inclusion_labels": [],
                "inventories": []
              }
            ],
            "location": "us-west1-b",
            "name": "us-west1-b-selinux",
            "os_policies": [
              {
                "allow_no_resource_group_match": true,
                "description": "",
                "id": "selinux",
                "mode": "ENFORCEMENT",
                "resource_groups": [
                  {
                    "inventory_filters": [
                      {
                        "os_short_name": "rocky",
                        "os_version": "8.*"
                      },
                      {
                        "os_short_name": "rocky",
                        "os_version": "9.*"
                      }
                    ],
                    "resources": [
                      {
                        "exec": [
                          {
                            "enforce": [
                              {
                                "args": [],
                                "file": [],
                                "interpreter": "SHELL",
                                "output_file_path": "",
                                "script": "sudo sed 's/enforcing/disabled/g' /etc/selinux/config | sudo tee /etc/selinux/.config\nsudo mv /etc/selinux/.config /etc/selinux/config\nsudo setenforce 0\nexit 100\n"
                              }
                            ],
                            "validate": [
                              {
                                "args": [],
                                "file": [],
                                "interpreter": "SHELL",
                                "output_file_path": "",
                                "script": "if ! sudo grep -v '#' /etc/selinux/config | grep -q 'disabled' ; then\n  exit 101\nelif sudo getenforce | grep -q 'Enforcing' ; then\n  exit 101\nelse\n  exit 100\nfi\n"
                              }
                            ]
                          }
                        ],
                        "file": [],
                        "id": "configuration",
                        "pkg": [],
                        "repository": []
                      }
                    ]
                  }
                ]
              }
            ],
            "project": "swit-alpha",
            "reconciling": true,
            "revision_create_time": "2024-03-31T18:55:31.496842Z",
            "revision_id": "b8a83a6d-d265-4511-969a-18e7ddac4025",
            "rollout": [
              {
                "disruption_budget": [
                  {
                    "fixed": 0,
                    "percent": 100
                  }
                ],
                "min_wait_duration": "0s"
              }
            ],
            "rollout_state": "IN_PROGRESS",
            "skip_await_rollout": true,
            "timeouts": null,
            "uid": "890ebde2-ab84-4bb6-b65f-8a03afc9b85a"
          },
          "sensitive_attributes": [],
          "private": "eyJlMmJmYjczMC1lY2FhLTExZTYtOGY4OC0zNDM2M2JjN2M0YzAiOnsiY3JlYXRlIjoxMjAwMDAwMDAwMDAwLCJkZWxldGUiOjEyMDAwMDAwMDAwMDAsInVwZGF0ZSI6MTIwMDAwMDAwMDAwMH19",
          "dependencies": [
            "module.os_policy.data.google_compute_zones.this",
            "module.os_policy.data.google_project.default"
          ]
        },
        {
          "index_key": "us-west1-c",
          "schema_version": 0,
          "attributes": {
            "baseline": false,
            "deleted": false,
            "description": "",
            "etag": "eb7b5b56-186b-4096-97c6-75a18b548794",
            "id": "projects/swit-alpha/locations/us-west1-c/osPolicyAssignments/us-west1-c-selinux",
            "instance_filter": [
              {
                "all": false,
                "exclusion_labels": [
                  {
                    "labels": {
                      "goog-gke-node": ""
                    }
                  },
                  {
                    "labels": {
                      "serverless-vpc-access": "swit-alpha-serverless-uw1"
                    }
                  }
                ],
                "inclusion_labels": [],
                "inventories": []
              }
            ],
            "location": "us-west1-c",
            "name": "us-west1-c-selinux",
            "os_policies": [
              {
                "allow_no_resource_group_match": true,
                "description": "",
                "id": "selinux",
                "mode": "ENFORCEMENT",
                "resource_groups": [
                  {
                    "inventory_filters": [
                      {
                        "os_short_name": "rocky",
                        "os_version": "8.*"
                      },
                      {
                        "os_short_name": "rocky",
                        "os_version": "9.*"
                      }
                    ],
                    "resources": [
                      {
                        "exec": [
                          {
                            "enforce": [
                              {
                                "args": [],
                                "file": [],
                                "interpreter": "SHELL",
                                "output_file_path": "",
                                "script": "sudo sed 's/enforcing/disabled/g' /etc/selinux/config | sudo tee /etc/selinux/.config\nsudo mv /etc/selinux/.config /etc/selinux/config\nsudo setenforce 0\nexit 100\n"
                              }
                            ],
                            "validate": [
                              {
                                "args": [],
                                "file": [],
                                "interpreter": "SHELL",
                                "output_file_path": "",
                                "script": "if ! sudo grep -v '#' /etc/selinux/config | grep -q 'disabled' ; then\n  exit 101\nelif sudo getenforce | grep -q 'Enforcing' ; then\n  exit 101\nelse\n  exit 100\nfi\n"
                              }
                            ]
                          }
                        ],
                        "file": [],
                        "id": "configuration",
                        "pkg": [],
                        "repository": []
                      }
                    ]
                  }
                ]
              }
            ],
            "project": "swit-alpha",
            "reconciling": true,
            "revision_create_time": "2024-03-31T18:55:31.496218Z",
            "revision_id": "a0337df4-4602-4cec-a0f7-a530f44d9518",
            "rollout": [
              {
                "disruption_budget": [
                  {
                    "fixed": 0,
                    "percent": 100
                  }
                ],
                "min_wait_duration": "0s"
              }
            ],
            "rollout_state": "IN_PROGRESS",
            "skip_await_rollout": true,
            "timeouts": null,
            "uid": "d7ac6110-19c4-4fb1-9ceb-98a74ff4484c"
          },
          "sensitive_attributes": [],
          "private": "eyJlMmJmYjczMC1lY2FhLTExZTYtOGY4OC0zNDM2M2JjN2M0YzAiOnsiY3JlYXRlIjoxMjAwMDAwMDAwMDAwLCJkZWxldGUiOjEyMDAwMDAwMDAwMDAsInVwZGF0ZSI6MTIwMDAwMDAwMDAwMH19",
          "dependencies": [
            "module.os_policy.data.google_compute_zones.this",
            "module.os_policy.data.google_project.default"
          ]
        }
      ]
    },
    {
      "module": "module.os_policy",
      "mode": "managed",
      "type": "google_os_config_os_policy_assignment",
      "name": "unx101",
      "provider": "provider[\"registry.terraform.io/hashicorp/google\"]",
      "instances": [
        {
          "index_key": "asia-northeast3-a",
          "schema_version": 0,
          "attributes": {
            "baseline": true,
            "deleted": false,
            "description": "",
            "etag": "00218b0f-6aa0-4d32-8fd5-6e1957c4ff18",
            "id": "projects/swit-alpha/locations/asia-northeast3-a/osPolicyAssignments/asia-northeast3-a-unx101",
            "instance_filter": [
              {
                "all": false,
                "exclusion_labels": [
                  {
                    "labels": {
                      "goog-gke-node": ""
                    }
                  },
                  {
                    "labels": {
                      "serverless-vpc-access": "swit-alpha-serverless-uw1"
                    }
                  }
                ],
                "inclusion_labels": [],
                "inventories": []
              }
            ],
            "location": "asia-northeast3-a",
            "name": "asia-northeast3-a-unx101",
            "os_policies": [
              {
                "allow_no_resource_group_match": false,
                "description": "",
                "id": "unx101",
                "mode": "ENFORCEMENT",
                "resource_groups": [
                  {
                    "inventory_filters": [
                      {
                        "os_short_name": "debian",
                        "os_version": "10"
                      },
                      {
                        "os_short_name": "debian",
                        "os_version": "11"
                      },
                      {
                        "os_short_name": "debian",
                        "os_version": "12"
                      },
                      {
                        "os_short_name": "rocky",
                        "os_version": "8.*"
                      },
                      {
                        "os_short_name": "rocky",
                        "os_version": "9.*"
                      },
                      {
                        "os_short_name": "ubuntu",
                        "os_version": "20.04"
                      },
                      {
                        "os_short_name": "ubuntu",
                        "os_version": "22.04"
                      }
                    ],
                    "resources": [
                      {
                        "exec": [
                          {
                            "enforce": [
                              {
                                "args": [],
                                "file": [],
                                "interpreter": "SHELL",
                                "output_file_path": "",
                                "script": "if grep -v '#' /etc/ssh/sshd_config | grep -q 'Port'; then\n  sed 's/Port/#Port/g' /etc/ssh/sshd_config | sudo tee /etc/ssh/.sshd_config\n  sudo mv /etc/ssh/.sshd_config /etc/ssh/sshd_config\nfi\nif ! grep -v '#' /etc/ssh/sshd_config | grep -qw 'PermitRootLogin no' ; then\n  sed '/PermitRootLogin/d' /etc/ssh/sshd_config | sudo tee /etc/ssh/.sshd_config\n  echo 'PermitRootLogin no' | sudo tee -a /etc/ssh/.sshd_config\n  sudo mv /etc/ssh/.sshd_config /etc/ssh/sshd_config\nfi\nif ! grep -v '#' /etc/ssh/sshd_config | grep -qw 'ClientAliveInterval 120' ; then\n  sed '/ClientAliveInterval/d' /etc/ssh/sshd_config | sudo tee /etc/ssh/.sshd_config\n  echo 'ClientAliveInterval 120' | sudo tee -a /etc/ssh/.sshd_config\n  sudo mv /etc/ssh/.sshd_config /etc/ssh/sshd_config\nfi\nif ! grep -v '#' /etc/ssh/sshd_config | grep -qw 'PrintMotd no' ; then\n  sed '/PrintMotd/d' /etc/ssh/sshd_config | sudo tee /etc/ssh/.sshd_config\n  echo 'PrintMotd no' | sudo tee -a /etc/ssh/.sshd_config\n  sudo mv /etc/ssh/.sshd_config /etc/ssh/sshd_config\nfi\nif ! grep -v '#' /etc/ssh/sshd_config | grep -qw 'Banner /etc/issue.net' ; then\n  sed '/Banner/d' /etc/ssh/sshd_config | sudo tee /etc/ssh/.sshd_config\n  echo 'Banner /etc/issue.net' | sudo tee -a /etc/ssh/.sshd_config\n  sudo mv /etc/ssh/.sshd_config /etc/ssh/sshd_config\nfi\nsudo systemctl restart sshd\nexit 100\n"
                              }
                            ],
                            "validate": [
                              {
                                "args": [],
                                "file": [],
                                "interpreter": "SHELL",
                                "output_file_path": "",
                                "script": "if grep -v '#' /etc/ssh/sshd_config | grep -q 'Port'; then\n  exit 101\nelif ! grep -v '#' /etc/ssh/sshd_config | grep -qw 'PermitRootLogin no' ; then\n  exit 101\nelif ! grep -v '#' /etc/ssh/sshd_config | grep -qw 'ClientAliveInterval 120' ; then\n  exit 101\nelif ! grep -v '#' /etc/ssh/sshd_config | grep -qw 'PrintMotd no' ; then\n  exit 101\nelif ! grep -v '#' /etc/ssh/sshd_config | grep -qw 'Banner /etc/issue.net' ; then\n  exit 101\nelse\n  exit 100\nfi\n"
                              }
                            ]
                          }
                        ],
                        "file": [],
                        "id": "configuration",
                        "pkg": [],
                        "repository": []
                      }
                    ]
                  }
                ]
              }
            ],
            "project": "swit-alpha",
            "reconciling": false,
            "revision_create_time": "2024-03-31T13:40:46.050139Z",
            "revision_id": "07239300-86af-4ef9-9015-22af0eded265",
            "rollout": [
              {
                "disruption_budget": [
                  {
                    "fixed": 0,
                    "percent": 100
                  }
                ],
                "min_wait_duration": "0s"
              }
            ],
            "rollout_state": "SUCCEEDED",
            "skip_await_rollout": true,
            "timeouts": null,
            "uid": "b92f169c-c559-4288-b188-6ea6a4e56a18"
          },
          "sensitive_attributes": [],
          "private": "eyJlMmJmYjczMC1lY2FhLTExZTYtOGY4OC0zNDM2M2JjN2M0YzAiOnsiY3JlYXRlIjoxMjAwMDAwMDAwMDAwLCJkZWxldGUiOjEyMDAwMDAwMDAwMDAsInVwZGF0ZSI6MTIwMDAwMDAwMDAwMH19",
          "dependencies": [
            "module.os_policy.data.google_compute_zones.this",
            "module.os_policy.data.google_project.default"
          ]
        },
        {
          "index_key": "asia-northeast3-b",
          "schema_version": 0,
          "attributes": {
            "baseline": true,
            "deleted": false,
            "description": "",
            "etag": "a11e263d-ae66-4c9e-9966-644f24aa0133",
            "id": "projects/swit-alpha/locations/asia-northeast3-b/osPolicyAssignments/asia-northeast3-b-unx101",
            "instance_filter": [
              {
                "all": false,
                "exclusion_labels": [
                  {
                    "labels": {
                      "goog-gke-node": ""
                    }
                  },
                  {
                    "labels": {
                      "serverless-vpc-access": "swit-alpha-serverless-uw1"
                    }
                  }
                ],
                "inclusion_labels": [],
                "inventories": []
              }
            ],
            "location": "asia-northeast3-b",
            "name": "asia-northeast3-b-unx101",
            "os_policies": [
              {
                "allow_no_resource_group_match": false,
                "description": "",
                "id": "unx101",
                "mode": "ENFORCEMENT",
                "resource_groups": [
                  {
                    "inventory_filters": [
                      {
                        "os_short_name": "debian",
                        "os_version": "10"
                      },
                      {
                        "os_short_name": "debian",
                        "os_version": "11"
                      },
                      {
                        "os_short_name": "debian",
                        "os_version": "12"
                      },
                      {
                        "os_short_name": "rocky",
                        "os_version": "8.*"
                      },
                      {
                        "os_short_name": "rocky",
                        "os_version": "9.*"
                      },
                      {
                        "os_short_name": "ubuntu",
                        "os_version": "20.04"
                      },
                      {
                        "os_short_name": "ubuntu",
                        "os_version": "22.04"
                      }
                    ],
                    "resources": [
                      {
                        "exec": [
                          {
                            "enforce": [
                              {
                                "args": [],
                                "file": [],
                                "interpreter": "SHELL",
                                "output_file_path": "",
                                "script": "if grep -v '#' /etc/ssh/sshd_config | grep -q 'Port'; then\n  sed 's/Port/#Port/g' /etc/ssh/sshd_config | sudo tee /etc/ssh/.sshd_config\n  sudo mv /etc/ssh/.sshd_config /etc/ssh/sshd_config\nfi\nif ! grep -v '#' /etc/ssh/sshd_config | grep -qw 'PermitRootLogin no' ; then\n  sed '/PermitRootLogin/d' /etc/ssh/sshd_config | sudo tee /etc/ssh/.sshd_config\n  echo 'PermitRootLogin no' | sudo tee -a /etc/ssh/.sshd_config\n  sudo mv /etc/ssh/.sshd_config /etc/ssh/sshd_config\nfi\nif ! grep -v '#' /etc/ssh/sshd_config | grep -qw 'ClientAliveInterval 120' ; then\n  sed '/ClientAliveInterval/d' /etc/ssh/sshd_config | sudo tee /etc/ssh/.sshd_config\n  echo 'ClientAliveInterval 120' | sudo tee -a /etc/ssh/.sshd_config\n  sudo mv /etc/ssh/.sshd_config /etc/ssh/sshd_config\nfi\nif ! grep -v '#' /etc/ssh/sshd_config | grep -qw 'PrintMotd no' ; then\n  sed '/PrintMotd/d' /etc/ssh/sshd_config | sudo tee /etc/ssh/.sshd_config\n  echo 'PrintMotd no' | sudo tee -a /etc/ssh/.sshd_config\n  sudo mv /etc/ssh/.sshd_config /etc/ssh/sshd_config\nfi\nif ! grep -v '#' /etc/ssh/sshd_config | grep -qw 'Banner /etc/issue.net' ; then\n  sed '/Banner/d' /etc/ssh/sshd_config | sudo tee /etc/ssh/.sshd_config\n  echo 'Banner /etc/issue.net' | sudo tee -a /etc/ssh/.sshd_config\n  sudo mv /etc/ssh/.sshd_config /etc/ssh/sshd_config\nfi\nsudo systemctl restart sshd\nexit 100\n"
                              }
                            ],
                            "validate": [
                              {
                                "args": [],
                                "file": [],
                                "interpreter": "SHELL",
                                "output_file_path": "",
                                "script": "if grep -v '#' /etc/ssh/sshd_config | grep -q 'Port'; then\n  exit 101\nelif ! grep -v '#' /etc/ssh/sshd_config | grep -qw 'PermitRootLogin no' ; then\n  exit 101\nelif ! grep -v '#' /etc/ssh/sshd_config | grep -qw 'ClientAliveInterval 120' ; then\n  exit 101\nelif ! grep -v '#' /etc/ssh/sshd_config | grep -qw 'PrintMotd no' ; then\n  exit 101\nelif ! grep -v '#' /etc/ssh/sshd_config | grep -qw 'Banner /etc/issue.net' ; then\n  exit 101\nelse\n  exit 100\nfi\n"
                              }
                            ]
                          }
                        ],
                        "file": [],
                        "id": "configuration",
                        "pkg": [],
                        "repository": []
                      }
                    ]
                  }
                ]
              }
            ],
            "project": "swit-alpha",
            "reconciling": false,
            "revision_create_time": "2024-03-31T13:53:39.416230Z",
            "revision_id": "9e4ad6a4-cc51-4c54-a8fa-bc94f7b3627f",
            "rollout": [
              {
                "disruption_budget": [
                  {
                    "fixed": 0,
                    "percent": 100
                  }
                ],
                "min_wait_duration": "0s"
              }
            ],
            "rollout_state": "SUCCEEDED",
            "skip_await_rollout": true,
            "timeouts": null,
            "uid": "d98aa33a-e12c-4e86-bf2c-6641d1f0a638"
          },
          "sensitive_attributes": [],
          "private": "eyJlMmJmYjczMC1lY2FhLTExZTYtOGY4OC0zNDM2M2JjN2M0YzAiOnsiY3JlYXRlIjoxMjAwMDAwMDAwMDAwLCJkZWxldGUiOjEyMDAwMDAwMDAwMDAsInVwZGF0ZSI6MTIwMDAwMDAwMDAwMH19",
          "dependencies": [
            "module.os_policy.data.google_compute_zones.this",
            "module.os_policy.data.google_project.default"
          ]
        },
        {
          "index_key": "asia-northeast3-c",
          "schema_version": 0,
          "attributes": {
            "baseline": true,
            "deleted": false,
            "description": "",
            "etag": "e8456927-c940-47eb-8565-90f5ad4bd2b4",
            "id": "projects/swit-alpha/locations/asia-northeast3-c/osPolicyAssignments/asia-northeast3-c-unx101",
            "instance_filter": [
              {
                "all": false,
                "exclusion_labels": [
                  {
                    "labels": {
                      "goog-gke-node": ""
                    }
                  },
                  {
                    "labels": {
                      "serverless-vpc-access": "swit-alpha-serverless-uw1"
                    }
                  }
                ],
                "inclusion_labels": [],
                "inventories": []
              }
            ],
            "location": "asia-northeast3-c",
            "name": "asia-northeast3-c-unx101",
            "os_policies": [
              {
                "allow_no_resource_group_match": false,
                "description": "",
                "id": "unx101",
                "mode": "ENFORCEMENT",
                "resource_groups": [
                  {
                    "inventory_filters": [
                      {
                        "os_short_name": "debian",
                        "os_version": "10"
                      },
                      {
                        "os_short_name": "debian",
                        "os_version": "11"
                      },
                      {
                        "os_short_name": "debian",
                        "os_version": "12"
                      },
                      {
                        "os_short_name": "rocky",
                        "os_version": "8.*"
                      },
                      {
                        "os_short_name": "rocky",
                        "os_version": "9.*"
                      },
                      {
                        "os_short_name": "ubuntu",
                        "os_version": "20.04"
                      },
                      {
                        "os_short_name": "ubuntu",
                        "os_version": "22.04"
                      }
                    ],
                    "resources": [
                      {
                        "exec": [
                          {
                            "enforce": [
                              {
                                "args": [],
                                "file": [],
                                "interpreter": "SHELL",
                                "output_file_path": "",
                                "script": "if grep -v '#' /etc/ssh/sshd_config | grep -q 'Port'; then\n  sed 's/Port/#Port/g' /etc/ssh/sshd_config | sudo tee /etc/ssh/.sshd_config\n  sudo mv /etc/ssh/.sshd_config /etc/ssh/sshd_config\nfi\nif ! grep -v '#' /etc/ssh/sshd_config | grep -qw 'PermitRootLogin no' ; then\n  sed '/PermitRootLogin/d' /etc/ssh/sshd_config | sudo tee /etc/ssh/.sshd_config\n  echo 'PermitRootLogin no' | sudo tee -a /etc/ssh/.sshd_config\n  sudo mv /etc/ssh/.sshd_config /etc/ssh/sshd_config\nfi\nif ! grep -v '#' /etc/ssh/sshd_config | grep -qw 'ClientAliveInterval 120' ; then\n  sed '/ClientAliveInterval/d' /etc/ssh/sshd_config | sudo tee /etc/ssh/.sshd_config\n  echo 'ClientAliveInterval 120' | sudo tee -a /etc/ssh/.sshd_config\n  sudo mv /etc/ssh/.sshd_config /etc/ssh/sshd_config\nfi\nif ! grep -v '#' /etc/ssh/sshd_config | grep -qw 'PrintMotd no' ; then\n  sed '/PrintMotd/d' /etc/ssh/sshd_config | sudo tee /etc/ssh/.sshd_config\n  echo 'PrintMotd no' | sudo tee -a /etc/ssh/.sshd_config\n  sudo mv /etc/ssh/.sshd_config /etc/ssh/sshd_config\nfi\nif ! grep -v '#' /etc/ssh/sshd_config | grep -qw 'Banner /etc/issue.net' ; then\n  sed '/Banner/d' /etc/ssh/sshd_config | sudo tee /etc/ssh/.sshd_config\n  echo 'Banner /etc/issue.net' | sudo tee -a /etc/ssh/.sshd_config\n  sudo mv /etc/ssh/.sshd_config /etc/ssh/sshd_config\nfi\nsudo systemctl restart sshd\nexit 100\n"
                              }
                            ],
                            "validate": [
                              {
                                "args": [],
                                "file": [],
                                "interpreter": "SHELL",
                                "output_file_path": "",
                                "script": "if grep -v '#' /etc/ssh/sshd_config | grep -q 'Port'; then\n  exit 101\nelif ! grep -v '#' /etc/ssh/sshd_config | grep -qw 'PermitRootLogin no' ; then\n  exit 101\nelif ! grep -v '#' /etc/ssh/sshd_config | grep -qw 'ClientAliveInterval 120' ; then\n  exit 101\nelif ! grep -v '#' /etc/ssh/sshd_config | grep -qw 'PrintMotd no' ; then\n  exit 101\nelif ! grep -v '#' /etc/ssh/sshd_config | grep -qw 'Banner /etc/issue.net' ; then\n  exit 101\nelse\n  exit 100\nfi\n"
                              }
                            ]
                          }
                        ],
                        "file": [],
                        "id": "configuration",
                        "pkg": [],
                        "repository": []
                      }
                    ]
                  }
                ]
              }
            ],
            "project": "swit-alpha",
            "reconciling": false,
            "revision_create_time": "2024-03-31T13:40:46.016636Z",
            "revision_id": "32dd029b-78e3-47d7-a146-9851c3dbfd53",
            "rollout": [
              {
                "disruption_budget": [
                  {
                    "fixed": 0,
                    "percent": 100
                  }
                ],
                "min_wait_duration": "0s"
              }
            ],
            "rollout_state": "SUCCEEDED",
            "skip_await_rollout": true,
            "timeouts": null,
            "uid": "36d12a37-77c2-4146-a1ac-57605d52f7e6"
          },
          "sensitive_attributes": [],
          "private": "eyJlMmJmYjczMC1lY2FhLTExZTYtOGY4OC0zNDM2M2JjN2M0YzAiOnsiY3JlYXRlIjoxMjAwMDAwMDAwMDAwLCJkZWxldGUiOjEyMDAwMDAwMDAwMDAsInVwZGF0ZSI6MTIwMDAwMDAwMDAwMH19",
          "dependencies": [
            "module.os_policy.data.google_compute_zones.this",
            "module.os_policy.data.google_project.default"
          ]
        },
        {
          "index_key": "us-west1-a",
          "schema_version": 0,
          "attributes": {
            "baseline": true,
            "deleted": false,
            "description": "",
            "etag": "b1116c39-f6e0-494a-a9c1-dcce560a16b4",
            "id": "projects/swit-alpha/locations/us-west1-a/osPolicyAssignments/us-west1-a-unx101",
            "instance_filter": [
              {
                "all": false,
                "exclusion_labels": [
                  {
                    "labels": {
                      "goog-gke-node": ""
                    }
                  },
                  {
                    "labels": {
                      "serverless-vpc-access": "swit-alpha-serverless-uw1"
                    }
                  }
                ],
                "inclusion_labels": [],
                "inventories": []
              }
            ],
            "location": "us-west1-a",
            "name": "us-west1-a-unx101",
            "os_policies": [
              {
                "allow_no_resource_group_match": false,
                "description": "",
                "id": "unx101",
                "mode": "ENFORCEMENT",
                "resource_groups": [
                  {
                    "inventory_filters": [
                      {
                        "os_short_name": "debian",
                        "os_version": "10"
                      },
                      {
                        "os_short_name": "debian",
                        "os_version": "11"
                      },
                      {
                        "os_short_name": "debian",
                        "os_version": "12"
                      },
                      {
                        "os_short_name": "rocky",
                        "os_version": "8.*"
                      },
                      {
                        "os_short_name": "rocky",
                        "os_version": "9.*"
                      },
                      {
                        "os_short_name": "ubuntu",
                        "os_version": "20.04"
                      },
                      {
                        "os_short_name": "ubuntu",
                        "os_version": "22.04"
                      }
                    ],
                    "resources": [
                      {
                        "exec": [
                          {
                            "enforce": [
                              {
                                "args": [],
                                "file": [],
                                "interpreter": "SHELL",
                                "output_file_path": "",
                                "script": "if grep -v '#' /etc/ssh/sshd_config | grep -q 'Port'; then\n  sed 's/Port/#Port/g' /etc/ssh/sshd_config | sudo tee /etc/ssh/.sshd_config\n  sudo mv /etc/ssh/.sshd_config /etc/ssh/sshd_config\nfi\nif ! grep -v '#' /etc/ssh/sshd_config | grep -qw 'PermitRootLogin no' ; then\n  sed '/PermitRootLogin/d' /etc/ssh/sshd_config | sudo tee /etc/ssh/.sshd_config\n  echo 'PermitRootLogin no' | sudo tee -a /etc/ssh/.sshd_config\n  sudo mv /etc/ssh/.sshd_config /etc/ssh/sshd_config\nfi\nif ! grep -v '#' /etc/ssh/sshd_config | grep -qw 'ClientAliveInterval 120' ; then\n  sed '/ClientAliveInterval/d' /etc/ssh/sshd_config | sudo tee /etc/ssh/.sshd_config\n  echo 'ClientAliveInterval 120' | sudo tee -a /etc/ssh/.sshd_config\n  sudo mv /etc/ssh/.sshd_config /etc/ssh/sshd_config\nfi\nif ! grep -v '#' /etc/ssh/sshd_config | grep -qw 'PrintMotd no' ; then\n  sed '/PrintMotd/d' /etc/ssh/sshd_config | sudo tee /etc/ssh/.sshd_config\n  echo 'PrintMotd no' | sudo tee -a /etc/ssh/.sshd_config\n  sudo mv /etc/ssh/.sshd_config /etc/ssh/sshd_config\nfi\nif ! grep -v '#' /etc/ssh/sshd_config | grep -qw 'Banner /etc/issue.net' ; then\n  sed '/Banner/d' /etc/ssh/sshd_config | sudo tee /etc/ssh/.sshd_config\n  echo 'Banner /etc/issue.net' | sudo tee -a /etc/ssh/.sshd_config\n  sudo mv /etc/ssh/.sshd_config /etc/ssh/sshd_config\nfi\nsudo systemctl restart sshd\nexit 100\n"
                              }
                            ],
                            "validate": [
                              {
                                "args": [],
                                "file": [],
                                "interpreter": "SHELL",
                                "output_file_path": "",
                                "script": "if grep -v '#' /etc/ssh/sshd_config | grep -q 'Port'; then\n  exit 101\nelif ! grep -v '#' /etc/ssh/sshd_config | grep -qw 'PermitRootLogin no' ; then\n  exit 101\nelif ! grep -v '#' /etc/ssh/sshd_config | grep -qw 'ClientAliveInterval 120' ; then\n  exit 101\nelif ! grep -v '#' /etc/ssh/sshd_config | grep -qw 'PrintMotd no' ; then\n  exit 101\nelif ! grep -v '#' /etc/ssh/sshd_config | grep -qw 'Banner /etc/issue.net' ; then\n  exit 101\nelse\n  exit 100\nfi\n"
                              }
                            ]
                          }
                        ],
                        "file": [],
                        "id": "configuration",
                        "pkg": [],
                        "repository": []
                      }
                    ]
                  }
                ]
              }
            ],
            "project": "swit-alpha",
            "reconciling": false,
            "revision_create_time": "2024-03-31T13:53:39.869292Z",
            "revision_id": "071076a5-91cd-4491-a1f9-f270fdd24e04",
            "rollout": [
              {
                "disruption_budget": [
                  {
                    "fixed": 0,
                    "percent": 100
                  }
                ],
                "min_wait_duration": "0s"
              }
            ],
            "rollout_state": "SUCCEEDED",
            "skip_await_rollout": true,
            "timeouts": null,
            "uid": "17d5e10b-9418-4136-b7d3-8d08553594ac"
          },
          "sensitive_attributes": [],
          "private": "eyJlMmJmYjczMC1lY2FhLTExZTYtOGY4OC0zNDM2M2JjN2M0YzAiOnsiY3JlYXRlIjoxMjAwMDAwMDAwMDAwLCJkZWxldGUiOjEyMDAwMDAwMDAwMDAsInVwZGF0ZSI6MTIwMDAwMDAwMDAwMH19",
          "dependencies": [
            "module.os_policy.data.google_compute_zones.this",
            "module.os_policy.data.google_project.default"
          ]
        },
        {
          "index_key": "us-west1-b",
          "schema_version": 0,
          "attributes": {
            "baseline": true,
            "deleted": false,
            "description": "",
            "etag": "cfad3818-3c66-4887-a6ca-32b8ce48eac4",
            "id": "projects/swit-alpha/locations/us-west1-b/osPolicyAssignments/us-west1-b-unx101",
            "instance_filter": [
              {
                "all": false,
                "exclusion_labels": [
                  {
                    "labels": {
                      "goog-gke-node": ""
                    }
                  },
                  {
                    "labels": {
                      "serverless-vpc-access": "swit-alpha-serverless-uw1"
                    }
                  }
                ],
                "inclusion_labels": [],
                "inventories": []
              }
            ],
            "location": "us-west1-b",
            "name": "us-west1-b-unx101",
            "os_policies": [
              {
                "allow_no_resource_group_match": false,
                "description": "",
                "id": "unx101",
                "mode": "ENFORCEMENT",
                "resource_groups": [
                  {
                    "inventory_filters": [
                      {
                        "os_short_name": "debian",
                        "os_version": "10"
                      },
                      {
                        "os_short_name": "debian",
                        "os_version": "11"
                      },
                      {
                        "os_short_name": "debian",
                        "os_version": "12"
                      },
                      {
                        "os_short_name": "rocky",
                        "os_version": "8.*"
                      },
                      {
                        "os_short_name": "rocky",
                        "os_version": "9.*"
                      },
                      {
                        "os_short_name": "ubuntu",
                        "os_version": "20.04"
                      },
                      {
                        "os_short_name": "ubuntu",
                        "os_version": "22.04"
                      }
                    ],
                    "resources": [
                      {
                        "exec": [
                          {
                            "enforce": [
                              {
                                "args": [],
                                "file": [],
                                "interpreter": "SHELL",
                                "output_file_path": "",
                                "script": "if grep -v '#' /etc/ssh/sshd_config | grep -q 'Port'; then\n  sed 's/Port/#Port/g' /etc/ssh/sshd_config | sudo tee /etc/ssh/.sshd_config\n  sudo mv /etc/ssh/.sshd_config /etc/ssh/sshd_config\nfi\nif ! grep -v '#' /etc/ssh/sshd_config | grep -qw 'PermitRootLogin no' ; then\n  sed '/PermitRootLogin/d' /etc/ssh/sshd_config | sudo tee /etc/ssh/.sshd_config\n  echo 'PermitRootLogin no' | sudo tee -a /etc/ssh/.sshd_config\n  sudo mv /etc/ssh/.sshd_config /etc/ssh/sshd_config\nfi\nif ! grep -v '#' /etc/ssh/sshd_config | grep -qw 'ClientAliveInterval 120' ; then\n  sed '/ClientAliveInterval/d' /etc/ssh/sshd_config | sudo tee /etc/ssh/.sshd_config\n  echo 'ClientAliveInterval 120' | sudo tee -a /etc/ssh/.sshd_config\n  sudo mv /etc/ssh/.sshd_config /etc/ssh/sshd_config\nfi\nif ! grep -v '#' /etc/ssh/sshd_config | grep -qw 'PrintMotd no' ; then\n  sed '/PrintMotd/d' /etc/ssh/sshd_config | sudo tee /etc/ssh/.sshd_config\n  echo 'PrintMotd no' | sudo tee -a /etc/ssh/.sshd_config\n  sudo mv /etc/ssh/.sshd_config /etc/ssh/sshd_config\nfi\nif ! grep -v '#' /etc/ssh/sshd_config | grep -qw 'Banner /etc/issue.net' ; then\n  sed '/Banner/d' /etc/ssh/sshd_config | sudo tee /etc/ssh/.sshd_config\n  echo 'Banner /etc/issue.net' | sudo tee -a /etc/ssh/.sshd_config\n  sudo mv /etc/ssh/.sshd_config /etc/ssh/sshd_config\nfi\nsudo systemctl restart sshd\nexit 100\n"
                              }
                            ],
                            "validate": [
                              {
                                "args": [],
                                "file": [],
                                "interpreter": "SHELL",
                                "output_file_path": "",
                                "script": "if grep -v '#' /etc/ssh/sshd_config | grep -q 'Port'; then\n  exit 101\nelif ! grep -v '#' /etc/ssh/sshd_config | grep -qw 'PermitRootLogin no' ; then\n  exit 101\nelif ! grep -v '#' /etc/ssh/sshd_config | grep -qw 'ClientAliveInterval 120' ; then\n  exit 101\nelif ! grep -v '#' /etc/ssh/sshd_config | grep -qw 'PrintMotd no' ; then\n  exit 101\nelif ! grep -v '#' /etc/ssh/sshd_config | grep -qw 'Banner /etc/issue.net' ; then\n  exit 101\nelse\n  exit 100\nfi\n"
                              }
                            ]
                          }
                        ],
                        "file": [],
                        "id": "configuration",
                        "pkg": [],
                        "repository": []
                      }
                    ]
                  }
                ]
              }
            ],
            "project": "swit-alpha",
            "reconciling": false,
            "revision_create_time": "2024-03-31T13:53:39.926922Z",
            "revision_id": "1a583a21-1fed-415e-9490-dda312f042ce",
            "rollout": [
              {
                "disruption_budget": [
                  {
                    "fixed": 0,
                    "percent": 100
                  }
                ],
                "min_wait_duration": "0s"
              }
            ],
            "rollout_state": "SUCCEEDED",
            "skip_await_rollout": true,
            "timeouts": null,
            "uid": "0a694a10-38d5-44ec-ad19-d39e93ded07d"
          },
          "sensitive_attributes": [],
          "private": "eyJlMmJmYjczMC1lY2FhLTExZTYtOGY4OC0zNDM2M2JjN2M0YzAiOnsiY3JlYXRlIjoxMjAwMDAwMDAwMDAwLCJkZWxldGUiOjEyMDAwMDAwMDAwMDAsInVwZGF0ZSI6MTIwMDAwMDAwMDAwMH19",
          "dependencies": [
            "module.os_policy.data.google_compute_zones.this",
            "module.os_policy.data.google_project.default"
          ]
        },
        {
          "index_key": "us-west1-c",
          "schema_version": 0,
          "attributes": {
            "baseline": true,
            "deleted": false,
            "description": "",
            "etag": "ebffc746-6009-4bc8-bf02-92e7569c82a4",
            "id": "projects/swit-alpha/locations/us-west1-c/osPolicyAssignments/us-west1-c-unx101",
            "instance_filter": [
              {
                "all": false,
                "exclusion_labels": [
                  {
                    "labels": {
                      "goog-gke-node": ""
                    }
                  },
                  {
                    "labels": {
                      "serverless-vpc-access": "swit-alpha-serverless-uw1"
                    }
                  }
                ],
                "inclusion_labels": [],
                "inventories": []
              }
            ],
            "location": "us-west1-c",
            "name": "us-west1-c-unx101",
            "os_policies": [
              {
                "allow_no_resource_group_match": false,
                "description": "",
                "id": "unx101",
                "mode": "ENFORCEMENT",
                "resource_groups": [
                  {
                    "inventory_filters": [
                      {
                        "os_short_name": "debian",
                        "os_version": "10"
                      },
                      {
                        "os_short_name": "debian",
                        "os_version": "11"
                      },
                      {
                        "os_short_name": "debian",
                        "os_version": "12"
                      },
                      {
                        "os_short_name": "rocky",
                        "os_version": "8.*"
                      },
                      {
                        "os_short_name": "rocky",
                        "os_version": "9.*"
                      },
                      {
                        "os_short_name": "ubuntu",
                        "os_version": "20.04"
                      },
                      {
                        "os_short_name": "ubuntu",
                        "os_version": "22.04"
                      }
                    ],
                    "resources": [
                      {
                        "exec": [
                          {
                            "enforce": [
                              {
                                "args": [],
                                "file": [],
                                "interpreter": "SHELL",
                                "output_file_path": "",
                                "script": "if grep -v '#' /etc/ssh/sshd_config | grep -q 'Port'; then\n  sed 's/Port/#Port/g' /etc/ssh/sshd_config | sudo tee /etc/ssh/.sshd_config\n  sudo mv /etc/ssh/.sshd_config /etc/ssh/sshd_config\nfi\nif ! grep -v '#' /etc/ssh/sshd_config | grep -qw 'PermitRootLogin no' ; then\n  sed '/PermitRootLogin/d' /etc/ssh/sshd_config | sudo tee /etc/ssh/.sshd_config\n  echo 'PermitRootLogin no' | sudo tee -a /etc/ssh/.sshd_config\n  sudo mv /etc/ssh/.sshd_config /etc/ssh/sshd_config\nfi\nif ! grep -v '#' /etc/ssh/sshd_config | grep -qw 'ClientAliveInterval 120' ; then\n  sed '/ClientAliveInterval/d' /etc/ssh/sshd_config | sudo tee /etc/ssh/.sshd_config\n  echo 'ClientAliveInterval 120' | sudo tee -a /etc/ssh/.sshd_config\n  sudo mv /etc/ssh/.sshd_config /etc/ssh/sshd_config\nfi\nif ! grep -v '#' /etc/ssh/sshd_config | grep -qw 'PrintMotd no' ; then\n  sed '/PrintMotd/d' /etc/ssh/sshd_config | sudo tee /etc/ssh/.sshd_config\n  echo 'PrintMotd no' | sudo tee -a /etc/ssh/.sshd_config\n  sudo mv /etc/ssh/.sshd_config /etc/ssh/sshd_config\nfi\nif ! grep -v '#' /etc/ssh/sshd_config | grep -qw 'Banner /etc/issue.net' ; then\n  sed '/Banner/d' /etc/ssh/sshd_config | sudo tee /etc/ssh/.sshd_config\n  echo 'Banner /etc/issue.net' | sudo tee -a /etc/ssh/.sshd_config\n  sudo mv /etc/ssh/.sshd_config /etc/ssh/sshd_config\nfi\nsudo systemctl restart sshd\nexit 100\n"
                              }
                            ],
                            "validate": [
                              {
                                "args": [],
                                "file": [],
                                "interpreter": "SHELL",
                                "output_file_path": "",
                                "script": "if grep -v '#' /etc/ssh/sshd_config | grep -q 'Port'; then\n  exit 101\nelif ! grep -v '#' /etc/ssh/sshd_config | grep -qw 'PermitRootLogin no' ; then\n  exit 101\nelif ! grep -v '#' /etc/ssh/sshd_config | grep -qw 'ClientAliveInterval 120' ; then\n  exit 101\nelif ! grep -v '#' /etc/ssh/sshd_config | grep -qw 'PrintMotd no' ; then\n  exit 101\nelif ! grep -v '#' /etc/ssh/sshd_config | grep -qw 'Banner /etc/issue.net' ; then\n  exit 101\nelse\n  exit 100\nfi\n"
                              }
                            ]
                          }
                        ],
                        "file": [],
                        "id": "configuration",
                        "pkg": [],
                        "repository": []
                      }
                    ]
                  }
                ]
              }
            ],
            "project": "swit-alpha",
            "reconciling": false,
            "revision_create_time": "2024-03-31T13:53:39.922518Z",
            "revision_id": "25b3f52f-fbc5-4e24-98d5-f6b005a5ecdb",
            "rollout": [
              {
                "disruption_budget": [
                  {
                    "fixed": 0,
                    "percent": 100
                  }
                ],
                "min_wait_duration": "0s"
              }
            ],
            "rollout_state": "SUCCEEDED",
            "skip_await_rollout": true,
            "timeouts": null,
            "uid": "bb16b42a-cc94-4c9a-998c-96f6d5a21fcb"
          },
          "sensitive_attributes": [],
          "private": "eyJlMmJmYjczMC1lY2FhLTExZTYtOGY4OC0zNDM2M2JjN2M0YzAiOnsiY3JlYXRlIjoxMjAwMDAwMDAwMDAwLCJkZWxldGUiOjEyMDAwMDAwMDAwMDAsInVwZGF0ZSI6MTIwMDAwMDAwMDAwMH19",
          "dependencies": [
            "module.os_policy.data.google_compute_zones.this",
            "module.os_policy.data.google_project.default"
          ]
        }
      ]
    },
    {
      "module": "module.os_policy",
      "mode": "managed",
      "type": "google_os_config_os_policy_assignment",
      "name": "unx105",
      "provider": "provider[\"registry.terraform.io/hashicorp/google\"]",
      "instances": [
        {
          "index_key": "asia-northeast3-a",
          "schema_version": 0,
          "attributes": {
            "baseline": true,
            "deleted": false,
            "description": "",
            "etag": "39d83e54-4743-485c-bd9c-437e8747d6a7",
            "id": "projects/swit-alpha/locations/asia-northeast3-a/osPolicyAssignments/asia-northeast3-a-unx105",
            "instance_filter": [
              {
                "all": false,
                "exclusion_labels": [
                  {
                    "labels": {
                      "goog-gke-node": ""
                    }
                  },
                  {
                    "labels": {
                      "serverless-vpc-access": "swit-alpha-serverless-uw1"
                    }
                  }
                ],
                "inclusion_labels": [],
                "inventories": []
              }
            ],
            "location": "asia-northeast3-a",
            "name": "asia-northeast3-a-unx105",
            "os_policies": [
              {
                "allow_no_resource_group_match": false,
                "description": "",
                "id": "unx105",
                "mode": "ENFORCEMENT",
                "resource_groups": [
                  {
                    "inventory_filters": [
                      {
                        "os_short_name": "debian",
                        "os_version": "10"
                      },
                      {
                        "os_short_name": "debian",
                        "os_version": "11"
                      },
                      {
                        "os_short_name": "debian",
                        "os_version": "12"
                      },
                      {
                        "os_short_name": "rocky",
                        "os_version": "8.*"
                      },
                      {
                        "os_short_name": "rocky",
                        "os_version": "9.*"
                      },
                      {
                        "os_short_name": "ubuntu",
                        "os_version": "20.04"
                      },
                      {
                        "os_short_name": "ubuntu",
                        "os_version": "22.04"
                      }
                    ],
                    "resources": [
                      {
                        "exec": [
                          {
                            "enforce": [
                              {
                                "args": [],
                                "file": [],
                                "interpreter": "SHELL",
                                "output_file_path": "",
                                "script": "if ! sudo grep -q 'wheel' /etc/group ; then\n  sudo addgroup --system wheel\nfi\nsudo chown root:wheel /bin/su\nsudo chmod 4750 /bin/su\nexit 100\n"
                              }
                            ],
                            "validate": [
                              {
                                "args": [],
                                "file": [],
                                "interpreter": "SHELL",
                                "output_file_path": "",
                                "script": "if ! sudo stat -c %a /bin/su | grep -qw 4750 ; then\n  exit 101\nelif ! sudo stat -c %U /bin/su | grep -qw root ; then\n  exit 101\nelif ! sudo stat -c %G /bin/su | grep -qw wheel ; then\n  exit 101\nelse\n  exit 100\nfi\n"
                              }
                            ]
                          }
                        ],
                        "file": [],
                        "id": "configuration",
                        "pkg": [],
                        "repository": []
                      }
                    ]
                  }
                ]
              }
            ],
            "project": "swit-alpha",
            "reconciling": false,
            "revision_create_time": "2024-03-31T13:40:49.225058Z",
            "revision_id": "9237b519-24cd-45a3-8c3d-7fba0a599306",
            "rollout": [
              {
                "disruption_budget": [
                  {
                    "fixed": 0,
                    "percent": 100
                  }
                ],
                "min_wait_duration": "0s"
              }
            ],
            "rollout_state": "SUCCEEDED",
            "skip_await_rollout": true,
            "timeouts": null,
            "uid": "bf9e2085-9c72-43b7-bb12-5860bb538243"
          },
          "sensitive_attributes": [],
          "private": "eyJlMmJmYjczMC1lY2FhLTExZTYtOGY4OC0zNDM2M2JjN2M0YzAiOnsiY3JlYXRlIjoxMjAwMDAwMDAwMDAwLCJkZWxldGUiOjEyMDAwMDAwMDAwMDAsInVwZGF0ZSI6MTIwMDAwMDAwMDAwMH19",
          "dependencies": [
            "module.os_policy.data.google_compute_zones.this",
            "module.os_policy.data.google_project.default"
          ]
        },
        {
          "index_key": "asia-northeast3-b",
          "schema_version": 0,
          "attributes": {
            "baseline": true,
            "deleted": false,
            "description": "",
            "etag": "34957884-a683-45f6-bfda-bd1095f363c5",
            "id": "projects/swit-alpha/locations/asia-northeast3-b/osPolicyAssignments/asia-northeast3-b-unx105",
            "instance_filter": [
              {
                "all": false,
                "exclusion_labels": [
                  {
                    "labels": {
                      "goog-gke-node": ""
                    }
                  },
                  {
                    "labels": {
                      "serverless-vpc-access": "swit-alpha-serverless-uw1"
                    }
                  }
                ],
                "inclusion_labels": [],
                "inventories": []
              }
            ],
            "location": "asia-northeast3-b",
            "name": "asia-northeast3-b-unx105",
            "os_policies": [
              {
                "allow_no_resource_group_match": false,
                "description": "",
                "id": "unx105",
                "mode": "ENFORCEMENT",
                "resource_groups": [
                  {
                    "inventory_filters": [
                      {
                        "os_short_name": "debian",
                        "os_version": "10"
                      },
                      {
                        "os_short_name": "debian",
                        "os_version": "11"
                      },
                      {
                        "os_short_name": "debian",
                        "os_version": "12"
                      },
                      {
                        "os_short_name": "rocky",
                        "os_version": "8.*"
                      },
                      {
                        "os_short_name": "rocky",
                        "os_version": "9.*"
                      },
                      {
                        "os_short_name": "ubuntu",
                        "os_version": "20.04"
                      },
                      {
                        "os_short_name": "ubuntu",
                        "os_version": "22.04"
                      }
                    ],
                    "resources": [
                      {
                        "exec": [
                          {
                            "enforce": [
                              {
                                "args": [],
                                "file": [],
                                "interpreter": "SHELL",
                                "output_file_path": "",
                                "script": "if ! sudo grep -q 'wheel' /etc/group ; then\n  sudo addgroup --system wheel\nfi\nsudo chown root:wheel /bin/su\nsudo chmod 4750 /bin/su\nexit 100\n"
                              }
                            ],
                            "validate": [
                              {
                                "args": [],
                                "file": [],
                                "interpreter": "SHELL",
                                "output_file_path": "",
                                "script": "if ! sudo stat -c %a /bin/su | grep -qw 4750 ; then\n  exit 101\nelif ! sudo stat -c %U /bin/su | grep -qw root ; then\n  exit 101\nelif ! sudo stat -c %G /bin/su | grep -qw wheel ; then\n  exit 101\nelse\n  exit 100\nfi\n"
                              }
                            ]
                          }
                        ],
                        "file": [],
                        "id": "configuration",
                        "pkg": [],
                        "repository": []
                      }
                    ]
                  }
                ]
              }
            ],
            "project": "swit-alpha",
            "reconciling": false,
            "revision_create_time": "2024-03-31T13:40:48.866609Z",
            "revision_id": "b8f9d270-a7b4-4bec-b1ab-5808d99e8d2e",
            "rollout": [
              {
                "disruption_budget": [
                  {
                    "fixed": 0,
                    "percent": 100
                  }
                ],
                "min_wait_duration": "0s"
              }
            ],
            "rollout_state": "SUCCEEDED",
            "skip_await_rollout": true,
            "timeouts": null,
            "uid": "27d89261-e2ce-49a7-8901-0ffffe8032d3"
          },
          "sensitive_attributes": [],
          "private": "eyJlMmJmYjczMC1lY2FhLTExZTYtOGY4OC0zNDM2M2JjN2M0YzAiOnsiY3JlYXRlIjoxMjAwMDAwMDAwMDAwLCJkZWxldGUiOjEyMDAwMDAwMDAwMDAsInVwZGF0ZSI6MTIwMDAwMDAwMDAwMH19",
          "dependencies": [
            "module.os_policy.data.google_compute_zones.this",
            "module.os_policy.data.google_project.default"
          ]
        },
        {
          "index_key": "asia-northeast3-c",
          "schema_version": 0,
          "attributes": {
            "baseline": true,
            "deleted": false,
            "description": "",
            "etag": "3e127c33-e514-4880-b951-1e385e5f5e0f",
            "id": "projects/swit-alpha/locations/asia-northeast3-c/osPolicyAssignments/asia-northeast3-c-unx105",
            "instance_filter": [
              {
                "all": false,
                "exclusion_labels": [
                  {
                    "labels": {
                      "goog-gke-node": ""
                    }
                  },
                  {
                    "labels": {
                      "serverless-vpc-access": "swit-alpha-serverless-uw1"
                    }
                  }
                ],
                "inclusion_labels": [],
                "inventories": []
              }
            ],
            "location": "asia-northeast3-c",
            "name": "asia-northeast3-c-unx105",
            "os_policies": [
              {
                "allow_no_resource_group_match": false,
                "description": "",
                "id": "unx105",
                "mode": "ENFORCEMENT",
                "resource_groups": [
                  {
                    "inventory_filters": [
                      {
                        "os_short_name": "debian",
                        "os_version": "10"
                      },
                      {
                        "os_short_name": "debian",
                        "os_version": "11"
                      },
                      {
                        "os_short_name": "debian",
                        "os_version": "12"
                      },
                      {
                        "os_short_name": "rocky",
                        "os_version": "8.*"
                      },
                      {
                        "os_short_name": "rocky",
                        "os_version": "9.*"
                      },
                      {
                        "os_short_name": "ubuntu",
                        "os_version": "20.04"
                      },
                      {
                        "os_short_name": "ubuntu",
                        "os_version": "22.04"
                      }
                    ],
                    "resources": [
                      {
                        "exec": [
                          {
                            "enforce": [
                              {
                                "args": [],
                                "file": [],
                                "interpreter": "SHELL",
                                "output_file_path": "",
                                "script": "if ! sudo grep -q 'wheel' /etc/group ; then\n  sudo addgroup --system wheel\nfi\nsudo chown root:wheel /bin/su\nsudo chmod 4750 /bin/su\nexit 100\n"
                              }
                            ],
                            "validate": [
                              {
                                "args": [],
                                "file": [],
                                "interpreter": "SHELL",
                                "output_file_path": "",
                                "script": "if ! sudo stat -c %a /bin/su | grep -qw 4750 ; then\n  exit 101\nelif ! sudo stat -c %U /bin/su | grep -qw root ; then\n  exit 101\nelif ! sudo stat -c %G /bin/su | grep -qw wheel ; then\n  exit 101\nelse\n  exit 100\nfi\n"
                              }
                            ]
                          }
                        ],
                        "file": [],
                        "id": "configuration",
                        "pkg": [],
                        "repository": []
                      }
                    ]
                  }
                ]
              }
            ],
            "project": "swit-alpha",
            "reconciling": false,
            "revision_create_time": "2024-03-31T13:40:49.571213Z",
            "revision_id": "ef22a64c-3e9f-449f-aeb0-43d36c4d1604",
            "rollout": [
              {
                "disruption_budget": [
                  {
                    "fixed": 0,
                    "percent": 100
                  }
                ],
                "min_wait_duration": "0s"
              }
            ],
            "rollout_state": "SUCCEEDED",
            "skip_await_rollout": true,
            "timeouts": null,
            "uid": "95823ab2-ebf5-4e73-859a-905be83e57a5"
          },
          "sensitive_attributes": [],
          "private": "eyJlMmJmYjczMC1lY2FhLTExZTYtOGY4OC0zNDM2M2JjN2M0YzAiOnsiY3JlYXRlIjoxMjAwMDAwMDAwMDAwLCJkZWxldGUiOjEyMDAwMDAwMDAwMDAsInVwZGF0ZSI6MTIwMDAwMDAwMDAwMH19",
          "dependencies": [
            "module.os_policy.data.google_compute_zones.this",
            "module.os_policy.data.google_project.default"
          ]
        },
        {
          "index_key": "us-west1-a",
          "schema_version": 0,
          "attributes": {
            "baseline": true,
            "deleted": false,
            "description": "",
            "etag": "255a3b95-3bf3-45b3-9db5-af0208f1e11c",
            "id": "projects/swit-alpha/locations/us-west1-a/osPolicyAssignments/us-west1-a-unx105",
            "instance_filter": [
              {
                "all": false,
                "exclusion_labels": [
                  {
                    "labels": {
                      "goog-gke-node": ""
                    }
                  },
                  {
                    "labels": {
                      "serverless-vpc-access": "swit-alpha-serverless-uw1"
                    }
                  }
                ],
                "inclusion_labels": [],
                "inventories": []
              }
            ],
            "location": "us-west1-a",
            "name": "us-west1-a-unx105",
            "os_policies": [
              {
                "allow_no_resource_group_match": false,
                "description": "",
                "id": "unx105",
                "mode": "ENFORCEMENT",
                "resource_groups": [
                  {
                    "inventory_filters": [
                      {
                        "os_short_name": "debian",
                        "os_version": "10"
                      },
                      {
                        "os_short_name": "debian",
                        "os_version": "11"
                      },
                      {
                        "os_short_name": "debian",
                        "os_version": "12"
                      },
                      {
                        "os_short_name": "rocky",
                        "os_version": "8.*"
                      },
                      {
                        "os_short_name": "rocky",
                        "os_version": "9.*"
                      },
                      {
                        "os_short_name": "ubuntu",
                        "os_version": "20.04"
                      },
                      {
                        "os_short_name": "ubuntu",
                        "os_version": "22.04"
                      }
                    ],
                    "resources": [
                      {
                        "exec": [
                          {
                            "enforce": [
                              {
                                "args": [],
                                "file": [],
                                "interpreter": "SHELL",
                                "output_file_path": "",
                                "script": "if ! sudo grep -q 'wheel' /etc/group ; then\n  sudo addgroup --system wheel\nfi\nsudo chown root:wheel /bin/su\nsudo chmod 4750 /bin/su\nexit 100\n"
                              }
                            ],
                            "validate": [
                              {
                                "args": [],
                                "file": [],
                                "interpreter": "SHELL",
                                "output_file_path": "",
                                "script": "if ! sudo stat -c %a /bin/su | grep -qw 4750 ; then\n  exit 101\nelif ! sudo stat -c %U /bin/su | grep -qw root ; then\n  exit 101\nelif ! sudo stat -c %G /bin/su | grep -qw wheel ; then\n  exit 101\nelse\n  exit 100\nfi\n"
                              }
                            ]
                          }
                        ],
                        "file": [],
                        "id": "configuration",
                        "pkg": [],
                        "repository": []
                      }
                    ]
                  }
                ]
              }
            ],
            "project": "swit-alpha",
            "reconciling": false,
            "revision_create_time": "2024-03-31T13:53:34.860544Z",
            "revision_id": "4558c2f4-8550-499c-938f-0bab2e367c14",
            "rollout": [
              {
                "disruption_budget": [
                  {
                    "fixed": 0,
                    "percent": 100
                  }
                ],
                "min_wait_duration": "0s"
              }
            ],
            "rollout_state": "SUCCEEDED",
            "skip_await_rollout": true,
            "timeouts": null,
            "uid": "36763f22-e685-4085-b937-2512eb867afe"
          },
          "sensitive_attributes": [],
          "private": "eyJlMmJmYjczMC1lY2FhLTExZTYtOGY4OC0zNDM2M2JjN2M0YzAiOnsiY3JlYXRlIjoxMjAwMDAwMDAwMDAwLCJkZWxldGUiOjEyMDAwMDAwMDAwMDAsInVwZGF0ZSI6MTIwMDAwMDAwMDAwMH19",
          "dependencies": [
            "module.os_policy.data.google_compute_zones.this",
            "module.os_policy.data.google_project.default"
          ]
        },
        {
          "index_key": "us-west1-b",
          "schema_version": 0,
          "attributes": {
            "baseline": true,
            "deleted": false,
            "description": "",
            "etag": "ff88db9b-c5f3-47f9-8f11-bb9aa1448962",
            "id": "projects/swit-alpha/locations/us-west1-b/osPolicyAssignments/us-west1-b-unx105",
            "instance_filter": [
              {
                "all": false,
                "exclusion_labels": [
                  {
                    "labels": {
                      "goog-gke-node": ""
                    }
                  },
                  {
                    "labels": {
                      "serverless-vpc-access": "swit-alpha-serverless-uw1"
                    }
                  }
                ],
                "inclusion_labels": [],
                "inventories": []
              }
            ],
            "location": "us-west1-b",
            "name": "us-west1-b-unx105",
            "os_policies": [
              {
                "allow_no_resource_group_match": false,
                "description": "",
                "id": "unx105",
                "mode": "ENFORCEMENT",
                "resource_groups": [
                  {
                    "inventory_filters": [
                      {
                        "os_short_name": "debian",
                        "os_version": "10"
                      },
                      {
                        "os_short_name": "debian",
                        "os_version": "11"
                      },
                      {
                        "os_short_name": "debian",
                        "os_version": "12"
                      },
                      {
                        "os_short_name": "rocky",
                        "os_version": "8.*"
                      },
                      {
                        "os_short_name": "rocky",
                        "os_version": "9.*"
                      },
                      {
                        "os_short_name": "ubuntu",
                        "os_version": "20.04"
                      },
                      {
                        "os_short_name": "ubuntu",
                        "os_version": "22.04"
                      }
                    ],
                    "resources": [
                      {
                        "exec": [
                          {
                            "enforce": [
                              {
                                "args": [],
                                "file": [],
                                "interpreter": "SHELL",
                                "output_file_path": "",
                                "script": "if ! sudo grep -q 'wheel' /etc/group ; then\n  sudo addgroup --system wheel\nfi\nsudo chown root:wheel /bin/su\nsudo chmod 4750 /bin/su\nexit 100\n"
                              }
                            ],
                            "validate": [
                              {
                                "args": [],
                                "file": [],
                                "interpreter": "SHELL",
                                "output_file_path": "",
                                "script": "if ! sudo stat -c %a /bin/su | grep -qw 4750 ; then\n  exit 101\nelif ! sudo stat -c %U /bin/su | grep -qw root ; then\n  exit 101\nelif ! sudo stat -c %G /bin/su | grep -qw wheel ; then\n  exit 101\nelse\n  exit 100\nfi\n"
                              }
                            ]
                          }
                        ],
                        "file": [],
                        "id": "configuration",
                        "pkg": [],
                        "repository": []
                      }
                    ]
                  }
                ]
              }
            ],
            "project": "swit-alpha",
            "reconciling": false,
            "revision_create_time": "2024-03-31T13:53:36.019213Z",
            "revision_id": "afa5ff03-863f-43b9-aa80-4e69190103c1",
            "rollout": [
              {
                "disruption_budget": [
                  {
                    "fixed": 0,
                    "percent": 100
                  }
                ],
                "min_wait_duration": "0s"
              }
            ],
            "rollout_state": "SUCCEEDED",
            "skip_await_rollout": true,
            "timeouts": null,
            "uid": "95d80471-42ab-419a-ab65-93a2a9749d6d"
          },
          "sensitive_attributes": [],
          "private": "eyJlMmJmYjczMC1lY2FhLTExZTYtOGY4OC0zNDM2M2JjN2M0YzAiOnsiY3JlYXRlIjoxMjAwMDAwMDAwMDAwLCJkZWxldGUiOjEyMDAwMDAwMDAwMDAsInVwZGF0ZSI6MTIwMDAwMDAwMDAwMH19",
          "dependencies": [
            "module.os_policy.data.google_compute_zones.this",
            "module.os_policy.data.google_project.default"
          ]
        },
        {
          "index_key": "us-west1-c",
          "schema_version": 0,
          "attributes": {
            "baseline": true,
            "deleted": false,
            "description": "",
            "etag": "52fdb234-e5e4-4f1a-ac40-58fd59cf3afb",
            "id": "projects/swit-alpha/locations/us-west1-c/osPolicyAssignments/us-west1-c-unx105",
            "instance_filter": [
              {
                "all": false,
                "exclusion_labels": [
                  {
                    "labels": {
                      "goog-gke-node": ""
                    }
                  },
                  {
                    "labels": {
                      "serverless-vpc-access": "swit-alpha-serverless-uw1"
                    }
                  }
                ],
                "inclusion_labels": [],
                "inventories": []
              }
            ],
            "location": "us-west1-c",
            "name": "us-west1-c-unx105",
            "os_policies": [
              {
                "allow_no_resource_group_match": false,
                "description": "",
                "id": "unx105",
                "mode": "ENFORCEMENT",
                "resource_groups": [
                  {
                    "inventory_filters": [
                      {
                        "os_short_name": "debian",
                        "os_version": "10"
                      },
                      {
                        "os_short_name": "debian",
                        "os_version": "11"
                      },
                      {
                        "os_short_name": "debian",
                        "os_version": "12"
                      },
                      {
                        "os_short_name": "rocky",
                        "os_version": "8.*"
                      },
                      {
                        "os_short_name": "rocky",
                        "os_version": "9.*"
                      },
                      {
                        "os_short_name": "ubuntu",
                        "os_version": "20.04"
                      },
                      {
                        "os_short_name": "ubuntu",
                        "os_version": "22.04"
                      }
                    ],
                    "resources": [
                      {
                        "exec": [
                          {
                            "enforce": [
                              {
                                "args": [],
                                "file": [],
                                "interpreter": "SHELL",
                                "output_file_path": "",
                                "script": "if ! sudo grep -q 'wheel' /etc/group ; then\n  sudo addgroup --system wheel\nfi\nsudo chown root:wheel /bin/su\nsudo chmod 4750 /bin/su\nexit 100\n"
                              }
                            ],
                            "validate": [
                              {
                                "args": [],
                                "file": [],
                                "interpreter": "SHELL",
                                "output_file_path": "",
                                "script": "if ! sudo stat -c %a /bin/su | grep -qw 4750 ; then\n  exit 101\nelif ! sudo stat -c %U /bin/su | grep -qw root ; then\n  exit 101\nelif ! sudo stat -c %G /bin/su | grep -qw wheel ; then\n  exit 101\nelse\n  exit 100\nfi\n"
                              }
                            ]
                          }
                        ],
                        "file": [],
                        "id": "configuration",
                        "pkg": [],
                        "repository": []
                      }
                    ]
                  }
                ]
              }
            ],
            "project": "swit-alpha",
            "reconciling": false,
            "revision_create_time": "2024-03-31T13:53:36.858974Z",
            "revision_id": "b8eee7ef-f7ab-4229-afda-64b21b57f412",
            "rollout": [
              {
                "disruption_budget": [
                  {
                    "fixed": 0,
                    "percent": 100
                  }
                ],
                "min_wait_duration": "0s"
              }
            ],
            "rollout_state": "SUCCEEDED",
            "skip_await_rollout": true,
            "timeouts": null,
            "uid": "8dfde9bf-b9bc-4e4b-8f40-5e7ca0734f2c"
          },
          "sensitive_attributes": [],
          "private": "eyJlMmJmYjczMC1lY2FhLTExZTYtOGY4OC0zNDM2M2JjN2M0YzAiOnsiY3JlYXRlIjoxMjAwMDAwMDAwMDAwLCJkZWxldGUiOjEyMDAwMDAwMDAwMDAsInVwZGF0ZSI6MTIwMDAwMDAwMDAwMH19",
          "dependencies": [
            "module.os_policy.data.google_compute_zones.this",
            "module.os_policy.data.google_project.default"
          ]
        }
      ]
    },
    {
      "module": "module.os_policy",
      "mode": "managed",
      "type": "google_os_config_os_policy_assignment",
      "name": "unx109",
      "provider": "provider[\"registry.terraform.io/hashicorp/google\"]",
      "instances": [
        {
          "index_key": "asia-northeast3-a",
          "schema_version": 0,
          "attributes": {
            "baseline": true,
            "deleted": false,
            "description": "",
            "etag": "dae18701-d9e1-4554-bb33-a6f8331e71be",
            "id": "projects/swit-alpha/locations/asia-northeast3-a/osPolicyAssignments/asia-northeast3-a-unx109",
            "instance_filter": [
              {
                "all": false,
                "exclusion_labels": [
                  {
                    "labels": {
                      "goog-gke-node": ""
                    }
                  },
                  {
                    "labels": {
                      "serverless-vpc-access": "swit-alpha-serverless-uw1"
                    }
                  }
                ],
                "inclusion_labels": [],
                "inventories": []
              }
            ],
            "location": "asia-northeast3-a",
            "name": "asia-northeast3-a-unx109",
            "os_policies": [
              {
                "allow_no_resource_group_match": false,
                "description": "",
                "id": "unx109",
                "mode": "ENFORCEMENT",
                "resource_groups": [
                  {
                    "inventory_filters": [
                      {
                        "os_short_name": "debian",
                        "os_version": "10"
                      },
                      {
                        "os_short_name": "debian",
                        "os_version": "11"
                      },
                      {
                        "os_short_name": "debian",
                        "os_version": "12"
                      },
                      {
                        "os_short_name": "rocky",
                        "os_version": "8.*"
                      },
                      {
                        "os_short_name": "rocky",
                        "os_version": "9.*"
                      },
                      {
                        "os_short_name": "ubuntu",
                        "os_version": "20.04"
                      },
                      {
                        "os_short_name": "ubuntu",
                        "os_version": "22.04"
                      }
                    ],
                    "resources": [
                      {
                        "exec": [
                          {
                            "enforce": [
                              {
                                "args": [],
                                "file": [],
                                "interpreter": "SHELL",
                                "output_file_path": "",
                                "script": "sudo sed '/userdel/d' /etc/crontab | sudo tee /etc/.crontab\necho '00 15 * * * root ls /home | while read -r USER ; do if [ -d \"/home/$USER\" ] ; then if [ \"$(find /home/$USER -mindepth 1 -maxdepth 1 ! -name \".*\" -type f | wc -l) == '0' ] ; then userdel -r \\$USER\" ; fi ; fi ; done' | sudo tee -a /etc/.crontab\nsudo mv /etc/.crontab /etc/crontab\nfor TARGET in games lp mail news uucp ; do\n  if sudo grep -q \"$TARGET\" /etc/passwd ; then\n    sudo userdel \"$TARGET\"\n  elif sudo grep -q \"$TARGET\" /etc/group ; then\n    sudo groupdel \"$TARGET\"\n  fi\ndone\nexit 100\n"
                              }
                            ],
                            "validate": [
                              {
                                "args": [],
                                "file": [],
                                "interpreter": "SHELL",
                                "output_file_path": "",
                                "script": "if ! sudo grep -v '#' /etc/crontab | grep -q 'ls /home' ; then\n  exit 101\nfi\nfor TARGET in games lp mail news uucp ; do\n  if sudo cut -f 1 -d ':' /etc/passwd | grep -q \"$TARGET\" ; then\n    exit 101\n  elif sudo cut -f 1 -d ':' /etc/group | grep -q \"$TARGET\" ; then\n    exit 101\n  fi\ndone\nexit 100\n"
                              }
                            ]
                          }
                        ],
                        "file": [],
                        "id": "configuration",
                        "pkg": [],
                        "repository": []
                      }
                    ]
                  }
                ]
              }
            ],
            "project": "swit-alpha",
            "reconciling": false,
            "revision_create_time": "2024-03-31T17:11:06.185756Z",
            "revision_id": "19ca2296-3647-4c4b-9c1d-a463d36baa73",
            "rollout": [
              {
                "disruption_budget": [
                  {
                    "fixed": 0,
                    "percent": 100
                  }
                ],
                "min_wait_duration": "0s"
              }
            ],
            "rollout_state": "SUCCEEDED",
            "skip_await_rollout": true,
            "timeouts": null,
            "uid": "96282f44-d7ba-4281-84b4-b0d77a8815bb"
          },
          "sensitive_attributes": [],
          "private": "eyJlMmJmYjczMC1lY2FhLTExZTYtOGY4OC0zNDM2M2JjN2M0YzAiOnsiY3JlYXRlIjoxMjAwMDAwMDAwMDAwLCJkZWxldGUiOjEyMDAwMDAwMDAwMDAsInVwZGF0ZSI6MTIwMDAwMDAwMDAwMH19",
          "dependencies": [
            "module.os_policy.data.google_compute_zones.this",
            "module.os_policy.data.google_project.default"
          ]
        },
        {
          "index_key": "asia-northeast3-b",
          "schema_version": 0,
          "attributes": {
            "baseline": true,
            "deleted": false,
            "description": "",
            "etag": "8d4d2639-f685-44a1-801d-59003883bd1d",
            "id": "projects/swit-alpha/locations/asia-northeast3-b/osPolicyAssignments/asia-northeast3-b-unx109",
            "instance_filter": [
              {
                "all": false,
                "exclusion_labels": [
                  {
                    "labels": {
                      "goog-gke-node": ""
                    }
                  },
                  {
                    "labels": {
                      "serverless-vpc-access": "swit-alpha-serverless-uw1"
                    }
                  }
                ],
                "inclusion_labels": [],
                "inventories": []
              }
            ],
            "location": "asia-northeast3-b",
            "name": "asia-northeast3-b-unx109",
            "os_policies": [
              {
                "allow_no_resource_group_match": false,
                "description": "",
                "id": "unx109",
                "mode": "ENFORCEMENT",
                "resource_groups": [
                  {
                    "inventory_filters": [
                      {
                        "os_short_name": "debian",
                        "os_version": "10"
                      },
                      {
                        "os_short_name": "debian",
                        "os_version": "11"
                      },
                      {
                        "os_short_name": "debian",
                        "os_version": "12"
                      },
                      {
                        "os_short_name": "rocky",
                        "os_version": "8.*"
                      },
                      {
                        "os_short_name": "rocky",
                        "os_version": "9.*"
                      },
                      {
                        "os_short_name": "ubuntu",
                        "os_version": "20.04"
                      },
                      {
                        "os_short_name": "ubuntu",
                        "os_version": "22.04"
                      }
                    ],
                    "resources": [
                      {
                        "exec": [
                          {
                            "enforce": [
                              {
                                "args": [],
                                "file": [],
                                "interpreter": "SHELL",
                                "output_file_path": "",
                                "script": "sudo sed '/userdel/d' /etc/crontab | sudo tee /etc/.crontab\necho '00 15 * * * root ls /home | while read -r USER ; do if [ -d \"/home/$USER\" ] ; then if [ \"$(find /home/$USER -mindepth 1 -maxdepth 1 ! -name \".*\" -type f | wc -l) == '0' ] ; then userdel -r \\$USER\" ; fi ; fi ; done' | sudo tee -a /etc/.crontab\nsudo mv /etc/.crontab /etc/crontab\nfor TARGET in games lp mail news uucp ; do\n  if sudo grep -q \"$TARGET\" /etc/passwd ; then\n    sudo userdel \"$TARGET\"\n  elif sudo grep -q \"$TARGET\" /etc/group ; then\n    sudo groupdel \"$TARGET\"\n  fi\ndone\nexit 100\n"
                              }
                            ],
                            "validate": [
                              {
                                "args": [],
                                "file": [],
                                "interpreter": "SHELL",
                                "output_file_path": "",
                                "script": "if ! sudo grep -v '#' /etc/crontab | grep -q 'ls /home' ; then\n  exit 101\nfi\nfor TARGET in games lp mail news uucp ; do\n  if sudo cut -f 1 -d ':' /etc/passwd | grep -q \"$TARGET\" ; then\n    exit 101\n  elif sudo cut -f 1 -d ':' /etc/group | grep -q \"$TARGET\" ; then\n    exit 101\n  fi\ndone\nexit 100\n"
                              }
                            ]
                          }
                        ],
                        "file": [],
                        "id": "configuration",
                        "pkg": [],
                        "repository": []
                      }
                    ]
                  }
                ]
              }
            ],
            "project": "swit-alpha",
            "reconciling": false,
            "revision_create_time": "2024-03-31T17:11:06.195922Z",
            "revision_id": "4a06b5ef-15db-4dac-8b77-5ab1e04c0c75",
            "rollout": [
              {
                "disruption_budget": [
                  {
                    "fixed": 0,
                    "percent": 100
                  }
                ],
                "min_wait_duration": "0s"
              }
            ],
            "rollout_state": "SUCCEEDED",
            "skip_await_rollout": true,
            "timeouts": null,
            "uid": "5487c2f2-5d58-49f6-912a-fb6ffd51ae5b"
          },
          "sensitive_attributes": [],
          "private": "eyJlMmJmYjczMC1lY2FhLTExZTYtOGY4OC0zNDM2M2JjN2M0YzAiOnsiY3JlYXRlIjoxMjAwMDAwMDAwMDAwLCJkZWxldGUiOjEyMDAwMDAwMDAwMDAsInVwZGF0ZSI6MTIwMDAwMDAwMDAwMH19",
          "dependencies": [
            "module.os_policy.data.google_compute_zones.this",
            "module.os_policy.data.google_project.default"
          ]
        },
        {
          "index_key": "asia-northeast3-c",
          "schema_version": 0,
          "attributes": {
            "baseline": true,
            "deleted": false,
            "description": "",
            "etag": "3aa02aa2-0b7c-4a4c-984a-1567c4c207d1",
            "id": "projects/swit-alpha/locations/asia-northeast3-c/osPolicyAssignments/asia-northeast3-c-unx109",
            "instance_filter": [
              {
                "all": false,
                "exclusion_labels": [
                  {
                    "labels": {
                      "goog-gke-node": ""
                    }
                  },
                  {
                    "labels": {
                      "serverless-vpc-access": "swit-alpha-serverless-uw1"
                    }
                  }
                ],
                "inclusion_labels": [],
                "inventories": []
              }
            ],
            "location": "asia-northeast3-c",
            "name": "asia-northeast3-c-unx109",
            "os_policies": [
              {
                "allow_no_resource_group_match": false,
                "description": "",
                "id": "unx109",
                "mode": "ENFORCEMENT",
                "resource_groups": [
                  {
                    "inventory_filters": [
                      {
                        "os_short_name": "debian",
                        "os_version": "10"
                      },
                      {
                        "os_short_name": "debian",
                        "os_version": "11"
                      },
                      {
                        "os_short_name": "debian",
                        "os_version": "12"
                      },
                      {
                        "os_short_name": "rocky",
                        "os_version": "8.*"
                      },
                      {
                        "os_short_name": "rocky",
                        "os_version": "9.*"
                      },
                      {
                        "os_short_name": "ubuntu",
                        "os_version": "20.04"
                      },
                      {
                        "os_short_name": "ubuntu",
                        "os_version": "22.04"
                      }
                    ],
                    "resources": [
                      {
                        "exec": [
                          {
                            "enforce": [
                              {
                                "args": [],
                                "file": [],
                                "interpreter": "SHELL",
                                "output_file_path": "",
                                "script": "sudo sed '/userdel/d' /etc/crontab | sudo tee /etc/.crontab\necho '00 15 * * * root ls /home | while read -r USER ; do if [ -d \"/home/$USER\" ] ; then if [ \"$(find /home/$USER -mindepth 1 -maxdepth 1 ! -name \".*\" -type f | wc -l) == '0' ] ; then userdel -r \\$USER\" ; fi ; fi ; done' | sudo tee -a /etc/.crontab\nsudo mv /etc/.crontab /etc/crontab\nfor TARGET in games lp mail news uucp ; do\n  if sudo grep -q \"$TARGET\" /etc/passwd ; then\n    sudo userdel \"$TARGET\"\n  elif sudo grep -q \"$TARGET\" /etc/group ; then\n    sudo groupdel \"$TARGET\"\n  fi\ndone\nexit 100\n"
                              }
                            ],
                            "validate": [
                              {
                                "args": [],
                                "file": [],
                                "interpreter": "SHELL",
                                "output_file_path": "",
                                "script": "if ! sudo grep -v '#' /etc/crontab | grep -q 'ls /home' ; then\n  exit 101\nfi\nfor TARGET in games lp mail news uucp ; do\n  if sudo cut -f 1 -d ':' /etc/passwd | grep -q \"$TARGET\" ; then\n    exit 101\n  elif sudo cut -f 1 -d ':' /etc/group | grep -q \"$TARGET\" ; then\n    exit 101\n  fi\ndone\nexit 100\n"
                              }
                            ]
                          }
                        ],
                        "file": [],
                        "id": "configuration",
                        "pkg": [],
                        "repository": []
                      }
                    ]
                  }
                ]
              }
            ],
            "project": "swit-alpha",
            "reconciling": false,
            "revision_create_time": "2024-03-31T17:11:06.685403Z",
            "revision_id": "a5227157-144a-4c47-86d3-e9766cde15ca",
            "rollout": [
              {
                "disruption_budget": [
                  {
                    "fixed": 0,
                    "percent": 100
                  }
                ],
                "min_wait_duration": "0s"
              }
            ],
            "rollout_state": "SUCCEEDED",
            "skip_await_rollout": true,
            "timeouts": null,
            "uid": "39e30d44-46bf-40b1-9ca3-d98fa7682609"
          },
          "sensitive_attributes": [],
          "private": "eyJlMmJmYjczMC1lY2FhLTExZTYtOGY4OC0zNDM2M2JjN2M0YzAiOnsiY3JlYXRlIjoxMjAwMDAwMDAwMDAwLCJkZWxldGUiOjEyMDAwMDAwMDAwMDAsInVwZGF0ZSI6MTIwMDAwMDAwMDAwMH19",
          "dependencies": [
            "module.os_policy.data.google_compute_zones.this",
            "module.os_policy.data.google_project.default"
          ]
        },
        {
          "index_key": "us-west1-a",
          "schema_version": 0,
          "attributes": {
            "baseline": true,
            "deleted": false,
            "description": "",
            "etag": "bea964e5-8196-4f1f-b08e-16ba28df5e9e",
            "id": "projects/swit-alpha/locations/us-west1-a/osPolicyAssignments/us-west1-a-unx109",
            "instance_filter": [
              {
                "all": false,
                "exclusion_labels": [
                  {
                    "labels": {
                      "goog-gke-node": ""
                    }
                  },
                  {
                    "labels": {
                      "serverless-vpc-access": "swit-alpha-serverless-uw1"
                    }
                  }
                ],
                "inclusion_labels": [],
                "inventories": []
              }
            ],
            "location": "us-west1-a",
            "name": "us-west1-a-unx109",
            "os_policies": [
              {
                "allow_no_resource_group_match": false,
                "description": "",
                "id": "unx109",
                "mode": "ENFORCEMENT",
                "resource_groups": [
                  {
                    "inventory_filters": [
                      {
                        "os_short_name": "debian",
                        "os_version": "10"
                      },
                      {
                        "os_short_name": "debian",
                        "os_version": "11"
                      },
                      {
                        "os_short_name": "debian",
                        "os_version": "12"
                      },
                      {
                        "os_short_name": "rocky",
                        "os_version": "8.*"
                      },
                      {
                        "os_short_name": "rocky",
                        "os_version": "9.*"
                      },
                      {
                        "os_short_name": "ubuntu",
                        "os_version": "20.04"
                      },
                      {
                        "os_short_name": "ubuntu",
                        "os_version": "22.04"
                      }
                    ],
                    "resources": [
                      {
                        "exec": [
                          {
                            "enforce": [
                              {
                                "args": [],
                                "file": [],
                                "interpreter": "SHELL",
                                "output_file_path": "",
                                "script": "sudo sed '/userdel/d' /etc/crontab | sudo tee /etc/.crontab\necho '00 15 * * * root ls /home | while read -r USER ; do if [ -d \"/home/$USER\" ] ; then if [ \"$(find /home/$USER -mindepth 1 -maxdepth 1 ! -name \".*\" -type f | wc -l) == '0' ] ; then userdel -r \\$USER\" ; fi ; fi ; done' | sudo tee -a /etc/.crontab\nsudo mv /etc/.crontab /etc/crontab\nfor TARGET in games lp mail news uucp ; do\n  if sudo grep -q \"$TARGET\" /etc/passwd ; then\n    sudo userdel \"$TARGET\"\n  elif sudo grep -q \"$TARGET\" /etc/group ; then\n    sudo groupdel \"$TARGET\"\n  fi\ndone\nexit 100\n"
                              }
                            ],
                            "validate": [
                              {
                                "args": [],
                                "file": [],
                                "interpreter": "SHELL",
                                "output_file_path": "",
                                "script": "if ! sudo grep -v '#' /etc/crontab | grep -q 'ls /home' ; then\n  exit 101\nfi\nfor TARGET in games lp mail news uucp ; do\n  if sudo cut -f 1 -d ':' /etc/passwd | grep -q \"$TARGET\" ; then\n    exit 101\n  elif sudo cut -f 1 -d ':' /etc/group | grep -q \"$TARGET\" ; then\n    exit 101\n  fi\ndone\nexit 100\n"
                              }
                            ]
                          }
                        ],
                        "file": [],
                        "id": "configuration",
                        "pkg": [],
                        "repository": []
                      }
                    ]
                  }
                ]
              }
            ],
            "project": "swit-alpha",
            "reconciling": false,
            "revision_create_time": "2024-03-31T17:11:05.537826Z",
            "revision_id": "626550ae-b2fe-4929-ab3a-378fad1c96f9",
            "rollout": [
              {
                "disruption_budget": [
                  {
                    "fixed": 0,
                    "percent": 100
                  }
                ],
                "min_wait_duration": "0s"
              }
            ],
            "rollout_state": "SUCCEEDED",
            "skip_await_rollout": true,
            "timeouts": null,
            "uid": "7fa80f42-b73c-4fa2-91e8-79678c2cbf1b"
          },
          "sensitive_attributes": [],
          "private": "eyJlMmJmYjczMC1lY2FhLTExZTYtOGY4OC0zNDM2M2JjN2M0YzAiOnsiY3JlYXRlIjoxMjAwMDAwMDAwMDAwLCJkZWxldGUiOjEyMDAwMDAwMDAwMDAsInVwZGF0ZSI6MTIwMDAwMDAwMDAwMH19",
          "dependencies": [
            "module.os_policy.data.google_compute_zones.this",
            "module.os_policy.data.google_project.default"
          ]
        },
        {
          "index_key": "us-west1-b",
          "schema_version": 0,
          "attributes": {
            "baseline": true,
            "deleted": false,
            "description": "",
            "etag": "bd179657-752a-4d7d-b3b9-ce41c0461e79",
            "id": "projects/swit-alpha/locations/us-west1-b/osPolicyAssignments/us-west1-b-unx109",
            "instance_filter": [
              {
                "all": false,
                "exclusion_labels": [
                  {
                    "labels": {
                      "goog-gke-node": ""
                    }
                  },
                  {
                    "labels": {
                      "serverless-vpc-access": "swit-alpha-serverless-uw1"
                    }
                  }
                ],
                "inclusion_labels": [],
                "inventories": []
              }
            ],
            "location": "us-west1-b",
            "name": "us-west1-b-unx109",
            "os_policies": [
              {
                "allow_no_resource_group_match": false,
                "description": "",
                "id": "unx109",
                "mode": "ENFORCEMENT",
                "resource_groups": [
                  {
                    "inventory_filters": [
                      {
                        "os_short_name": "debian",
                        "os_version": "10"
                      },
                      {
                        "os_short_name": "debian",
                        "os_version": "11"
                      },
                      {
                        "os_short_name": "debian",
                        "os_version": "12"
                      },
                      {
                        "os_short_name": "rocky",
                        "os_version": "8.*"
                      },
                      {
                        "os_short_name": "rocky",
                        "os_version": "9.*"
                      },
                      {
                        "os_short_name": "ubuntu",
                        "os_version": "20.04"
                      },
                      {
                        "os_short_name": "ubuntu",
                        "os_version": "22.04"
                      }
                    ],
                    "resources": [
                      {
                        "exec": [
                          {
                            "enforce": [
                              {
                                "args": [],
                                "file": [],
                                "interpreter": "SHELL",
                                "output_file_path": "",
                                "script": "sudo sed '/userdel/d' /etc/crontab | sudo tee /etc/.crontab\necho '00 15 * * * root ls /home | while read -r USER ; do if [ -d \"/home/$USER\" ] ; then if [ \"$(find /home/$USER -mindepth 1 -maxdepth 1 ! -name \".*\" -type f | wc -l) == '0' ] ; then userdel -r \\$USER\" ; fi ; fi ; done' | sudo tee -a /etc/.crontab\nsudo mv /etc/.crontab /etc/crontab\nfor TARGET in games lp mail news uucp ; do\n  if sudo grep -q \"$TARGET\" /etc/passwd ; then\n    sudo userdel \"$TARGET\"\n  elif sudo grep -q \"$TARGET\" /etc/group ; then\n    sudo groupdel \"$TARGET\"\n  fi\ndone\nexit 100\n"
                              }
                            ],
                            "validate": [
                              {
                                "args": [],
                                "file": [],
                                "interpreter": "SHELL",
                                "output_file_path": "",
                                "script": "if ! sudo grep -v '#' /etc/crontab | grep -q 'ls /home' ; then\n  exit 101\nfi\nfor TARGET in games lp mail news uucp ; do\n  if sudo cut -f 1 -d ':' /etc/passwd | grep -q \"$TARGET\" ; then\n    exit 101\n  elif sudo cut -f 1 -d ':' /etc/group | grep -q \"$TARGET\" ; then\n    exit 101\n  fi\ndone\nexit 100\n"
                              }
                            ]
                          }
                        ],
                        "file": [],
                        "id": "configuration",
                        "pkg": [],
                        "repository": []
                      }
                    ]
                  }
                ]
              }
            ],
            "project": "swit-alpha",
            "reconciling": false,
            "revision_create_time": "2024-03-31T17:11:05.518191Z",
            "revision_id": "e235be19-11da-4264-8acd-fec8ab1e3ae2",
            "rollout": [
              {
                "disruption_budget": [
                  {
                    "fixed": 0,
                    "percent": 100
                  }
                ],
                "min_wait_duration": "0s"
              }
            ],
            "rollout_state": "SUCCEEDED",
            "skip_await_rollout": true,
            "timeouts": null,
            "uid": "d2186117-e2da-4433-b9f6-ebc28216491d"
          },
          "sensitive_attributes": [],
          "private": "eyJlMmJmYjczMC1lY2FhLTExZTYtOGY4OC0zNDM2M2JjN2M0YzAiOnsiY3JlYXRlIjoxMjAwMDAwMDAwMDAwLCJkZWxldGUiOjEyMDAwMDAwMDAwMDAsInVwZGF0ZSI6MTIwMDAwMDAwMDAwMH19",
          "dependencies": [
            "module.os_policy.data.google_compute_zones.this",
            "module.os_policy.data.google_project.default"
          ]
        },
        {
          "index_key": "us-west1-c",
          "schema_version": 0,
          "attributes": {
            "baseline": true,
            "deleted": false,
            "description": "",
            "etag": "495dc0f4-ae2b-49b3-8713-2cb0b880c2ba",
            "id": "projects/swit-alpha/locations/us-west1-c/osPolicyAssignments/us-west1-c-unx109",
            "instance_filter": [
              {
                "all": false,
                "exclusion_labels": [
                  {
                    "labels": {
                      "goog-gke-node": ""
                    }
                  },
                  {
                    "labels": {
                      "serverless-vpc-access": "swit-alpha-serverless-uw1"
                    }
                  }
                ],
                "inclusion_labels": [],
                "inventories": []
              }
            ],
            "location": "us-west1-c",
            "name": "us-west1-c-unx109",
            "os_policies": [
              {
                "allow_no_resource_group_match": false,
                "description": "",
                "id": "unx109",
                "mode": "ENFORCEMENT",
                "resource_groups": [
                  {
                    "inventory_filters": [
                      {
                        "os_short_name": "debian",
                        "os_version": "10"
                      },
                      {
                        "os_short_name": "debian",
                        "os_version": "11"
                      },
                      {
                        "os_short_name": "debian",
                        "os_version": "12"
                      },
                      {
                        "os_short_name": "rocky",
                        "os_version": "8.*"
                      },
                      {
                        "os_short_name": "rocky",
                        "os_version": "9.*"
                      },
                      {
                        "os_short_name": "ubuntu",
                        "os_version": "20.04"
                      },
                      {
                        "os_short_name": "ubuntu",
                        "os_version": "22.04"
                      }
                    ],
                    "resources": [
                      {
                        "exec": [
                          {
                            "enforce": [
                              {
                                "args": [],
                                "file": [],
                                "interpreter": "SHELL",
                                "output_file_path": "",
                                "script": "sudo sed '/userdel/d' /etc/crontab | sudo tee /etc/.crontab\necho '00 15 * * * root ls /home | while read -r USER ; do if [ -d \"/home/$USER\" ] ; then if [ \"$(find /home/$USER -mindepth 1 -maxdepth 1 ! -name \".*\" -type f | wc -l) == '0' ] ; then userdel -r \\$USER\" ; fi ; fi ; done' | sudo tee -a /etc/.crontab\nsudo mv /etc/.crontab /etc/crontab\nfor TARGET in games lp mail news uucp ; do\n  if sudo grep -q \"$TARGET\" /etc/passwd ; then\n    sudo userdel \"$TARGET\"\n  elif sudo grep -q \"$TARGET\" /etc/group ; then\n    sudo groupdel \"$TARGET\"\n  fi\ndone\nexit 100\n"
                              }
                            ],
                            "validate": [
                              {
                                "args": [],
                                "file": [],
                                "interpreter": "SHELL",
                                "output_file_path": "",
                                "script": "if ! sudo grep -v '#' /etc/crontab | grep -q 'ls /home' ; then\n  exit 101\nfi\nfor TARGET in games lp mail news uucp ; do\n  if sudo cut -f 1 -d ':' /etc/passwd | grep -q \"$TARGET\" ; then\n    exit 101\n  elif sudo cut -f 1 -d ':' /etc/group | grep -q \"$TARGET\" ; then\n    exit 101\n  fi\ndone\nexit 100\n"
                              }
                            ]
                          }
                        ],
                        "file": [],
                        "id": "configuration",
                        "pkg": [],
                        "repository": []
                      }
                    ]
                  }
                ]
              }
            ],
            "project": "swit-alpha",
            "reconciling": false,
            "revision_create_time": "2024-03-31T17:11:05.652042Z",
            "revision_id": "2eaede08-e4d0-4bde-965d-b9142ecf3ea5",
            "rollout": [
              {
                "disruption_budget": [
                  {
                    "fixed": 0,
                    "percent": 100
                  }
                ],
                "min_wait_duration": "0s"
              }
            ],
            "rollout_state": "SUCCEEDED",
            "skip_await_rollout": true,
            "timeouts": null,
            "uid": "1b8a7d27-1fcb-44a7-be63-681783a96014"
          },
          "sensitive_attributes": [],
          "private": "eyJlMmJmYjczMC1lY2FhLTExZTYtOGY4OC0zNDM2M2JjN2M0YzAiOnsiY3JlYXRlIjoxMjAwMDAwMDAwMDAwLCJkZWxldGUiOjEyMDAwMDAwMDAwMDAsInVwZGF0ZSI6MTIwMDAwMDAwMDAwMH19",
          "dependencies": [
            "module.os_policy.data.google_compute_zones.this",
            "module.os_policy.data.google_project.default"
          ]
        }
      ]
    },
    {
      "module": "module.os_policy",
      "mode": "managed",
      "type": "google_os_config_os_policy_assignment",
      "name": "unx111",
      "provider": "provider[\"registry.terraform.io/hashicorp/google\"]",
      "instances": [
        {
          "index_key": "asia-northeast3-a",
          "schema_version": 0,
          "attributes": {
            "baseline": true,
            "deleted": false,
            "description": "",
            "etag": "8ee3e80b-97a8-4779-9a36-06c2bbea61a1",
            "id": "projects/swit-alpha/locations/asia-northeast3-a/osPolicyAssignments/asia-northeast3-a-unx111",
            "instance_filter": [
              {
                "all": false,
                "exclusion_labels": [
                  {
                    "labels": {
                      "goog-gke-node": ""
                    }
                  },
                  {
                    "labels": {
                      "serverless-vpc-access": "swit-alpha-serverless-uw1"
                    }
                  }
                ],
                "inclusion_labels": [],
                "inventories": []
              }
            ],
            "location": "asia-northeast3-a",
            "name": "asia-northeast3-a-unx111",
            "os_policies": [
              {
                "allow_no_resource_group_match": false,
                "description": "",
                "id": "unx111",
                "mode": "ENFORCEMENT",
                "resource_groups": [
                  {
                    "inventory_filters": [
                      {
                        "os_short_name": "debian",
                        "os_version": "10"
                      },
                      {
                        "os_short_name": "debian",
                        "os_version": "11"
                      },
                      {
                        "os_short_name": "debian",
                        "os_version": "12"
                      },
                      {
                        "os_short_name": "rocky",
                        "os_version": "8.*"
                      },
                      {
                        "os_short_name": "rocky",
                        "os_version": "9.*"
                      },
                      {
                        "os_short_name": "ubuntu",
                        "os_version": "20.04"
                      },
                      {
                        "os_short_name": "ubuntu",
                        "os_version": "22.04"
                      }
                    ],
                    "resources": [
                      {
                        "exec": [
                          {
                            "enforce": [
                              {
                                "args": [],
                                "file": [],
                                "interpreter": "SHELL",
                                "output_file_path": "",
                                "script": "cat \u003c\u003c EOF | sudo tee /etc/profile.d/timeout.sh\nexport TMOUT=600\nEOF\nexit 100\n"
                              }
                            ],
                            "validate": [
                              {
                                "args": [],
                                "file": [],
                                "interpreter": "SHELL",
                                "output_file_path": "",
                                "script": "if [ ! -f /etc/profile.d/timeout.sh ] ; then\n  exit 101\nelif ! sudo stat -c %a /etc/profile.d/timeout.sh | grep -qw '644' ; then\n  exit 101\nelse\n  exit 100\nfi\n"
                              }
                            ]
                          }
                        ],
                        "file": [],
                        "id": "configuration",
                        "pkg": [],
                        "repository": []
                      }
                    ]
                  }
                ]
              }
            ],
            "project": "swit-alpha",
            "reconciling": false,
            "revision_create_time": "2024-03-31T13:53:36.679424Z",
            "revision_id": "4e56a8fa-146b-4c43-a1fa-38a5e33edb6d",
            "rollout": [
              {
                "disruption_budget": [
                  {
                    "fixed": 0,
                    "percent": 100
                  }
                ],
                "min_wait_duration": "0s"
              }
            ],
            "rollout_state": "SUCCEEDED",
            "skip_await_rollout": true,
            "timeouts": null,
            "uid": "292e536d-b24e-4bc5-ba55-46e7c92c79f0"
          },
          "sensitive_attributes": [],
          "private": "eyJlMmJmYjczMC1lY2FhLTExZTYtOGY4OC0zNDM2M2JjN2M0YzAiOnsiY3JlYXRlIjoxMjAwMDAwMDAwMDAwLCJkZWxldGUiOjEyMDAwMDAwMDAwMDAsInVwZGF0ZSI6MTIwMDAwMDAwMDAwMH19",
          "dependencies": [
            "module.os_policy.data.google_compute_zones.this",
            "module.os_policy.data.google_project.default"
          ]
        },
        {
          "index_key": "asia-northeast3-b",
          "schema_version": 0,
          "attributes": {
            "baseline": true,
            "deleted": false,
            "description": "",
            "etag": "fb952ce8-e7c8-4373-9b38-eaa8c7344d48",
            "id": "projects/swit-alpha/locations/asia-northeast3-b/osPolicyAssignments/asia-northeast3-b-unx111",
            "instance_filter": [
              {
                "all": false,
                "exclusion_labels": [
                  {
                    "labels": {
                      "goog-gke-node": ""
                    }
                  },
                  {
                    "labels": {
                      "serverless-vpc-access": "swit-alpha-serverless-uw1"
                    }
                  }
                ],
                "inclusion_labels": [],
                "inventories": []
              }
            ],
            "location": "asia-northeast3-b",
            "name": "asia-northeast3-b-unx111",
            "os_policies": [
              {
                "allow_no_resource_group_match": false,
                "description": "",
                "id": "unx111",
                "mode": "ENFORCEMENT",
                "resource_groups": [
                  {
                    "inventory_filters": [
                      {
                        "os_short_name": "debian",
                        "os_version": "10"
                      },
                      {
                        "os_short_name": "debian",
                        "os_version": "11"
                      },
                      {
                        "os_short_name": "debian",
                        "os_version": "12"
                      },
                      {
                        "os_short_name": "rocky",
                        "os_version": "8.*"
                      },
                      {
                        "os_short_name": "rocky",
                        "os_version": "9.*"
                      },
                      {
                        "os_short_name": "ubuntu",
                        "os_version": "20.04"
                      },
                      {
                        "os_short_name": "ubuntu",
                        "os_version": "22.04"
                      }
                    ],
                    "resources": [
                      {
                        "exec": [
                          {
                            "enforce": [
                              {
                                "args": [],
                                "file": [],
                                "interpreter": "SHELL",
                                "output_file_path": "",
                                "script": "cat \u003c\u003c EOF | sudo tee /etc/profile.d/timeout.sh\nexport TMOUT=600\nEOF\nexit 100\n"
                              }
                            ],
                            "validate": [
                              {
                                "args": [],
                                "file": [],
                                "interpreter": "SHELL",
                                "output_file_path": "",
                                "script": "if [ ! -f /etc/profile.d/timeout.sh ] ; then\n  exit 101\nelif ! sudo stat -c %a /etc/profile.d/timeout.sh | grep -qw '644' ; then\n  exit 101\nelse\n  exit 100\nfi\n"
                              }
                            ]
                          }
                        ],
                        "file": [],
                        "id": "configuration",
                        "pkg": [],
                        "repository": []
                      }
                    ]
                  }
                ]
              }
            ],
            "project": "swit-alpha",
            "reconciling": false,
            "revision_create_time": "2024-03-31T13:53:36.587727Z",
            "revision_id": "5adcdaa7-4f6f-4448-9098-c1336913c35b",
            "rollout": [
              {
                "disruption_budget": [
                  {
                    "fixed": 0,
                    "percent": 100
                  }
                ],
                "min_wait_duration": "0s"
              }
            ],
            "rollout_state": "SUCCEEDED",
            "skip_await_rollout": true,
            "timeouts": null,
            "uid": "b8c1223b-3e4e-4f7f-a17c-185471759987"
          },
          "sensitive_attributes": [],
          "private": "eyJlMmJmYjczMC1lY2FhLTExZTYtOGY4OC0zNDM2M2JjN2M0YzAiOnsiY3JlYXRlIjoxMjAwMDAwMDAwMDAwLCJkZWxldGUiOjEyMDAwMDAwMDAwMDAsInVwZGF0ZSI6MTIwMDAwMDAwMDAwMH19",
          "dependencies": [
            "module.os_policy.data.google_compute_zones.this",
            "module.os_policy.data.google_project.default"
          ]
        },
        {
          "index_key": "asia-northeast3-c",
          "schema_version": 0,
          "attributes": {
            "baseline": true,
            "deleted": false,
            "description": "",
            "etag": "27f1c244-309a-4a00-a52d-8d90cc86a241",
            "id": "projects/swit-alpha/locations/asia-northeast3-c/osPolicyAssignments/asia-northeast3-c-unx111",
            "instance_filter": [
              {
                "all": false,
                "exclusion_labels": [
                  {
                    "labels": {
                      "goog-gke-node": ""
                    }
                  },
                  {
                    "labels": {
                      "serverless-vpc-access": "swit-alpha-serverless-uw1"
                    }
                  }
                ],
                "inclusion_labels": [],
                "inventories": []
              }
            ],
            "location": "asia-northeast3-c",
            "name": "asia-northeast3-c-unx111",
            "os_policies": [
              {
                "allow_no_resource_group_match": false,
                "description": "",
                "id": "unx111",
                "mode": "ENFORCEMENT",
                "resource_groups": [
                  {
                    "inventory_filters": [
                      {
                        "os_short_name": "debian",
                        "os_version": "10"
                      },
                      {
                        "os_short_name": "debian",
                        "os_version": "11"
                      },
                      {
                        "os_short_name": "debian",
                        "os_version": "12"
                      },
                      {
                        "os_short_name": "rocky",
                        "os_version": "8.*"
                      },
                      {
                        "os_short_name": "rocky",
                        "os_version": "9.*"
                      },
                      {
                        "os_short_name": "ubuntu",
                        "os_version": "20.04"
                      },
                      {
                        "os_short_name": "ubuntu",
                        "os_version": "22.04"
                      }
                    ],
                    "resources": [
                      {
                        "exec": [
                          {
                            "enforce": [
                              {
                                "args": [],
                                "file": [],
                                "interpreter": "SHELL",
                                "output_file_path": "",
                                "script": "cat \u003c\u003c EOF | sudo tee /etc/profile.d/timeout.sh\nexport TMOUT=600\nEOF\nexit 100\n"
                              }
                            ],
                            "validate": [
                              {
                                "args": [],
                                "file": [],
                                "interpreter": "SHELL",
                                "output_file_path": "",
                                "script": "if [ ! -f /etc/profile.d/timeout.sh ] ; then\n  exit 101\nelif ! sudo stat -c %a /etc/profile.d/timeout.sh | grep -qw '644' ; then\n  exit 101\nelse\n  exit 100\nfi\n"
                              }
                            ]
                          }
                        ],
                        "file": [],
                        "id": "configuration",
                        "pkg": [],
                        "repository": []
                      }
                    ]
                  }
                ]
              }
            ],
            "project": "swit-alpha",
            "reconciling": false,
            "revision_create_time": "2024-03-31T13:53:36.642879Z",
            "revision_id": "dcfbe50b-5b64-4789-a944-207738f82873",
            "rollout": [
              {
                "disruption_budget": [
                  {
                    "fixed": 0,
                    "percent": 100
                  }
                ],
                "min_wait_duration": "0s"
              }
            ],
            "rollout_state": "SUCCEEDED",
            "skip_await_rollout": true,
            "timeouts": null,
            "uid": "aa46be24-e35b-4ae4-aaa3-2b3d71169289"
          },
          "sensitive_attributes": [],
          "private": "eyJlMmJmYjczMC1lY2FhLTExZTYtOGY4OC0zNDM2M2JjN2M0YzAiOnsiY3JlYXRlIjoxMjAwMDAwMDAwMDAwLCJkZWxldGUiOjEyMDAwMDAwMDAwMDAsInVwZGF0ZSI6MTIwMDAwMDAwMDAwMH19",
          "dependencies": [
            "module.os_policy.data.google_compute_zones.this",
            "module.os_policy.data.google_project.default"
          ]
        },
        {
          "index_key": "us-west1-a",
          "schema_version": 0,
          "attributes": {
            "baseline": true,
            "deleted": false,
            "description": "",
            "etag": "890865d5-aee7-479e-9840-785ea3e370ac",
            "id": "projects/swit-alpha/locations/us-west1-a/osPolicyAssignments/us-west1-a-unx111",
            "instance_filter": [
              {
                "all": false,
                "exclusion_labels": [
                  {
                    "labels": {
                      "goog-gke-node": ""
                    }
                  },
                  {
                    "labels": {
                      "serverless-vpc-access": "swit-alpha-serverless-uw1"
                    }
                  }
                ],
                "inclusion_labels": [],
                "inventories": []
              }
            ],
            "location": "us-west1-a",
            "name": "us-west1-a-unx111",
            "os_policies": [
              {
                "allow_no_resource_group_match": false,
                "description": "",
                "id": "unx111",
                "mode": "ENFORCEMENT",
                "resource_groups": [
                  {
                    "inventory_filters": [
                      {
                        "os_short_name": "debian",
                        "os_version": "10"
                      },
                      {
                        "os_short_name": "debian",
                        "os_version": "11"
                      },
                      {
                        "os_short_name": "debian",
                        "os_version": "12"
                      },
                      {
                        "os_short_name": "rocky",
                        "os_version": "8.*"
                      },
                      {
                        "os_short_name": "rocky",
                        "os_version": "9.*"
                      },
                      {
                        "os_short_name": "ubuntu",
                        "os_version": "20.04"
                      },
                      {
                        "os_short_name": "ubuntu",
                        "os_version": "22.04"
                      }
                    ],
                    "resources": [
                      {
                        "exec": [
                          {
                            "enforce": [
                              {
                                "args": [],
                                "file": [],
                                "interpreter": "SHELL",
                                "output_file_path": "",
                                "script": "cat \u003c\u003c EOF | sudo tee /etc/profile.d/timeout.sh\nexport TMOUT=600\nEOF\nexit 100\n"
                              }
                            ],
                            "validate": [
                              {
                                "args": [],
                                "file": [],
                                "interpreter": "SHELL",
                                "output_file_path": "",
                                "script": "if [ ! -f /etc/profile.d/timeout.sh ] ; then\n  exit 101\nelif ! sudo stat -c %a /etc/profile.d/timeout.sh | grep -qw '644' ; then\n  exit 101\nelse\n  exit 100\nfi\n"
                              }
                            ]
                          }
                        ],
                        "file": [],
                        "id": "configuration",
                        "pkg": [],
                        "repository": []
                      }
                    ]
                  }
                ]
              }
            ],
            "project": "swit-alpha",
            "reconciling": false,
            "revision_create_time": "2024-03-31T13:40:51.537328Z",
            "revision_id": "a2007d54-d9fb-4aba-b26c-6c154ecc66c9",
            "rollout": [
              {
                "disruption_budget": [
                  {
                    "fixed": 0,
                    "percent": 100
                  }
                ],
                "min_wait_duration": "0s"
              }
            ],
            "rollout_state": "SUCCEEDED",
            "skip_await_rollout": true,
            "timeouts": null,
            "uid": "99eaab65-5289-43da-9f3c-d936211ceb6b"
          },
          "sensitive_attributes": [],
          "private": "eyJlMmJmYjczMC1lY2FhLTExZTYtOGY4OC0zNDM2M2JjN2M0YzAiOnsiY3JlYXRlIjoxMjAwMDAwMDAwMDAwLCJkZWxldGUiOjEyMDAwMDAwMDAwMDAsInVwZGF0ZSI6MTIwMDAwMDAwMDAwMH19",
          "dependencies": [
            "module.os_policy.data.google_compute_zones.this",
            "module.os_policy.data.google_project.default"
          ]
        },
        {
          "index_key": "us-west1-b",
          "schema_version": 0,
          "attributes": {
            "baseline": true,
            "deleted": false,
            "description": "",
            "etag": "71f52129-daff-4285-aa4c-53c96153b5df",
            "id": "projects/swit-alpha/locations/us-west1-b/osPolicyAssignments/us-west1-b-unx111",
            "instance_filter": [
              {
                "all": false,
                "exclusion_labels": [
                  {
                    "labels": {
                      "goog-gke-node": ""
                    }
                  },
                  {
                    "labels": {
                      "serverless-vpc-access": "swit-alpha-serverless-uw1"
                    }
                  }
                ],
                "inclusion_labels": [],
                "inventories": []
              }
            ],
            "location": "us-west1-b",
            "name": "us-west1-b-unx111",
            "os_policies": [
              {
                "allow_no_resource_group_match": false,
                "description": "",
                "id": "unx111",
                "mode": "ENFORCEMENT",
                "resource_groups": [
                  {
                    "inventory_filters": [
                      {
                        "os_short_name": "debian",
                        "os_version": "10"
                      },
                      {
                        "os_short_name": "debian",
                        "os_version": "11"
                      },
                      {
                        "os_short_name": "debian",
                        "os_version": "12"
                      },
                      {
                        "os_short_name": "rocky",
                        "os_version": "8.*"
                      },
                      {
                        "os_short_name": "rocky",
                        "os_version": "9.*"
                      },
                      {
                        "os_short_name": "ubuntu",
                        "os_version": "20.04"
                      },
                      {
                        "os_short_name": "ubuntu",
                        "os_version": "22.04"
                      }
                    ],
                    "resources": [
                      {
                        "exec": [
                          {
                            "enforce": [
                              {
                                "args": [],
                                "file": [],
                                "interpreter": "SHELL",
                                "output_file_path": "",
                                "script": "cat \u003c\u003c EOF | sudo tee /etc/profile.d/timeout.sh\nexport TMOUT=600\nEOF\nexit 100\n"
                              }
                            ],
                            "validate": [
                              {
                                "args": [],
                                "file": [],
                                "interpreter": "SHELL",
                                "output_file_path": "",
                                "script": "if [ ! -f /etc/profile.d/timeout.sh ] ; then\n  exit 101\nelif ! sudo stat -c %a /etc/profile.d/timeout.sh | grep -qw '644' ; then\n  exit 101\nelse\n  exit 100\nfi\n"
                              }
                            ]
                          }
                        ],
                        "file": [],
                        "id": "configuration",
                        "pkg": [],
                        "repository": []
                      }
                    ]
                  }
                ]
              }
            ],
            "project": "swit-alpha",
            "reconciling": false,
            "revision_create_time": "2024-03-31T13:53:37.115388Z",
            "revision_id": "8b95df83-5c37-4fb5-8e25-a20400abc6c0",
            "rollout": [
              {
                "disruption_budget": [
                  {
                    "fixed": 0,
                    "percent": 100
                  }
                ],
                "min_wait_duration": "0s"
              }
            ],
            "rollout_state": "SUCCEEDED",
            "skip_await_rollout": true,
            "timeouts": null,
            "uid": "280bfa74-a3e8-4f49-96e3-8145495b1c2f"
          },
          "sensitive_attributes": [],
          "private": "eyJlMmJmYjczMC1lY2FhLTExZTYtOGY4OC0zNDM2M2JjN2M0YzAiOnsiY3JlYXRlIjoxMjAwMDAwMDAwMDAwLCJkZWxldGUiOjEyMDAwMDAwMDAwMDAsInVwZGF0ZSI6MTIwMDAwMDAwMDAwMH19",
          "dependencies": [
            "module.os_policy.data.google_compute_zones.this",
            "module.os_policy.data.google_project.default"
          ]
        },
        {
          "index_key": "us-west1-c",
          "schema_version": 0,
          "attributes": {
            "baseline": true,
            "deleted": false,
            "description": "",
            "etag": "a7d524c8-810a-4f01-b8cf-862ba548f923",
            "id": "projects/swit-alpha/locations/us-west1-c/osPolicyAssignments/us-west1-c-unx111",
            "instance_filter": [
              {
                "all": false,
                "exclusion_labels": [
                  {
                    "labels": {
                      "goog-gke-node": ""
                    }
                  },
                  {
                    "labels": {
                      "serverless-vpc-access": "swit-alpha-serverless-uw1"
                    }
                  }
                ],
                "inclusion_labels": [],
                "inventories": []
              }
            ],
            "location": "us-west1-c",
            "name": "us-west1-c-unx111",
            "os_policies": [
              {
                "allow_no_resource_group_match": false,
                "description": "",
                "id": "unx111",
                "mode": "ENFORCEMENT",
                "resource_groups": [
                  {
                    "inventory_filters": [
                      {
                        "os_short_name": "debian",
                        "os_version": "10"
                      },
                      {
                        "os_short_name": "debian",
                        "os_version": "11"
                      },
                      {
                        "os_short_name": "debian",
                        "os_version": "12"
                      },
                      {
                        "os_short_name": "rocky",
                        "os_version": "8.*"
                      },
                      {
                        "os_short_name": "rocky",
                        "os_version": "9.*"
                      },
                      {
                        "os_short_name": "ubuntu",
                        "os_version": "20.04"
                      },
                      {
                        "os_short_name": "ubuntu",
                        "os_version": "22.04"
                      }
                    ],
                    "resources": [
                      {
                        "exec": [
                          {
                            "enforce": [
                              {
                                "args": [],
                                "file": [],
                                "interpreter": "SHELL",
                                "output_file_path": "",
                                "script": "cat \u003c\u003c EOF | sudo tee /etc/profile.d/timeout.sh\nexport TMOUT=600\nEOF\nexit 100\n"
                              }
                            ],
                            "validate": [
                              {
                                "args": [],
                                "file": [],
                                "interpreter": "SHELL",
                                "output_file_path": "",
                                "script": "if [ ! -f /etc/profile.d/timeout.sh ] ; then\n  exit 101\nelif ! sudo stat -c %a /etc/profile.d/timeout.sh | grep -qw '644' ; then\n  exit 101\nelse\n  exit 100\nfi\n"
                              }
                            ]
                          }
                        ],
                        "file": [],
                        "id": "configuration",
                        "pkg": [],
                        "repository": []
                      }
                    ]
                  }
                ]
              }
            ],
            "project": "swit-alpha",
            "reconciling": false,
            "revision_create_time": "2024-03-31T13:40:51.723902Z",
            "revision_id": "e72b8c5d-cec8-49a1-80ba-75015109342d",
            "rollout": [
              {
                "disruption_budget": [
                  {
                    "fixed": 0,
                    "percent": 100
                  }
                ],
                "min_wait_duration": "0s"
              }
            ],
            "rollout_state": "SUCCEEDED",
            "skip_await_rollout": true,
            "timeouts": null,
            "uid": "d340a633-2b95-4fa6-a133-49afba6373e2"
          },
          "sensitive_attributes": [],
          "private": "eyJlMmJmYjczMC1lY2FhLTExZTYtOGY4OC0zNDM2M2JjN2M0YzAiOnsiY3JlYXRlIjoxMjAwMDAwMDAwMDAwLCJkZWxldGUiOjEyMDAwMDAwMDAwMDAsInVwZGF0ZSI6MTIwMDAwMDAwMDAwMH19",
          "dependencies": [
            "module.os_policy.data.google_compute_zones.this",
            "module.os_policy.data.google_project.default"
          ]
        }
      ]
    },
    {
      "module": "module.os_policy",
      "mode": "managed",
      "type": "google_os_config_os_policy_assignment",
      "name": "unx203",
      "provider": "provider[\"registry.terraform.io/hashicorp/google\"]",
      "instances": [
        {
          "index_key": "asia-northeast3-a",
          "schema_version": 0,
          "attributes": {
            "baseline": true,
            "deleted": false,
            "description": "",
            "etag": "566b32e9-62b4-4144-be30-2ef61bdc900f",
            "id": "projects/swit-alpha/locations/asia-northeast3-a/osPolicyAssignments/asia-northeast3-a-unx203",
            "instance_filter": [
              {
                "all": false,
                "exclusion_labels": [
                  {
                    "labels": {
                      "goog-gke-node": ""
                    }
                  },
                  {
                    "labels": {
                      "serverless-vpc-access": "swit-alpha-serverless-uw1"
                    }
                  }
                ],
                "inclusion_labels": [],
                "inventories": []
              }
            ],
            "location": "asia-northeast3-a",
            "name": "asia-northeast3-a-unx203",
            "os_policies": [
              {
                "allow_no_resource_group_match": false,
                "description": "",
                "id": "unx203",
                "mode": "ENFORCEMENT",
                "resource_groups": [
                  {
                    "inventory_filters": [
                      {
                        "os_short_name": "debian",
                        "os_version": "10"
                      },
                      {
                        "os_short_name": "debian",
                        "os_version": "11"
                      },
                      {
                        "os_short_name": "debian",
                        "os_version": "12"
                      },
                      {
                        "os_short_name": "rocky",
                        "os_version": "8.*"
                      },
                      {
                        "os_short_name": "rocky",
                        "os_version": "9.*"
                      },
                      {
                        "os_short_name": "ubuntu",
                        "os_version": "20.04"
                      },
                      {
                        "os_short_name": "ubuntu",
                        "os_version": "22.04"
                      }
                    ],
                    "resources": [
                      {
                        "exec": [
                          {
                            "enforce": [
                              {
                                "args": [],
                                "file": [],
                                "interpreter": "SHELL",
                                "output_file_path": "",
                                "script": "sudo chmod 000 /etc/shadow\nexit 100\n"
                              }
                            ],
                            "validate": [
                              {
                                "args": [],
                                "file": [],
                                "interpreter": "SHELL",
                                "output_file_path": "",
                                "script": "if ! sudo stat -c %a /etc/shadow | grep -qw '0' ; then\n  exit 101\nelse\n  exit 100\nfi\n"
                              }
                            ]
                          }
                        ],
                        "file": [],
                        "id": "configuration",
                        "pkg": [],
                        "repository": []
                      }
                    ]
                  }
                ]
              }
            ],
            "project": "swit-alpha",
            "reconciling": false,
            "revision_create_time": "2024-03-31T13:53:36.212129Z",
            "revision_id": "ab657249-1040-457e-9642-e6022b676c78",
            "rollout": [
              {
                "disruption_budget": [
                  {
                    "fixed": 0,
                    "percent": 100
                  }
                ],
                "min_wait_duration": "0s"
              }
            ],
            "rollout_state": "SUCCEEDED",
            "skip_await_rollout": true,
            "timeouts": null,
            "uid": "f7d763f1-18a7-4737-bb4a-d8a90e99c057"
          },
          "sensitive_attributes": [],
          "private": "eyJlMmJmYjczMC1lY2FhLTExZTYtOGY4OC0zNDM2M2JjN2M0YzAiOnsiY3JlYXRlIjoxMjAwMDAwMDAwMDAwLCJkZWxldGUiOjEyMDAwMDAwMDAwMDAsInVwZGF0ZSI6MTIwMDAwMDAwMDAwMH19",
          "dependencies": [
            "module.os_policy.data.google_compute_zones.this",
            "module.os_policy.data.google_project.default"
          ]
        },
        {
          "index_key": "asia-northeast3-b",
          "schema_version": 0,
          "attributes": {
            "baseline": true,
            "deleted": false,
            "description": "",
            "etag": "1a022d78-e003-4f45-8e0b-b8ebecf1727f",
            "id": "projects/swit-alpha/locations/asia-northeast3-b/osPolicyAssignments/asia-northeast3-b-unx203",
            "instance_filter": [
              {
                "all": false,
                "exclusion_labels": [
                  {
                    "labels": {
                      "goog-gke-node": ""
                    }
                  },
                  {
                    "labels": {
                      "serverless-vpc-access": "swit-alpha-serverless-uw1"
                    }
                  }
                ],
                "inclusion_labels": [],
                "inventories": []
              }
            ],
            "location": "asia-northeast3-b",
            "name": "asia-northeast3-b-unx203",
            "os_policies": [
              {
                "allow_no_resource_group_match": false,
                "description": "",
                "id": "unx203",
                "mode": "ENFORCEMENT",
                "resource_groups": [
                  {
                    "inventory_filters": [
                      {
                        "os_short_name": "debian",
                        "os_version": "10"
                      },
                      {
                        "os_short_name": "debian",
                        "os_version": "11"
                      },
                      {
                        "os_short_name": "debian",
                        "os_version": "12"
                      },
                      {
                        "os_short_name": "rocky",
                        "os_version": "8.*"
                      },
                      {
                        "os_short_name": "rocky",
                        "os_version": "9.*"
                      },
                      {
                        "os_short_name": "ubuntu",
                        "os_version": "20.04"
                      },
                      {
                        "os_short_name": "ubuntu",
                        "os_version": "22.04"
                      }
                    ],
                    "resources": [
                      {
                        "exec": [
                          {
                            "enforce": [
                              {
                                "args": [],
                                "file": [],
                                "interpreter": "SHELL",
                                "output_file_path": "",
                                "script": "sudo chmod 000 /etc/shadow\nexit 100\n"
                              }
                            ],
                            "validate": [
                              {
                                "args": [],
                                "file": [],
                                "interpreter": "SHELL",
                                "output_file_path": "",
                                "script": "if ! sudo stat -c %a /etc/shadow | grep -qw '0' ; then\n  exit 101\nelse\n  exit 100\nfi\n"
                              }
                            ]
                          }
                        ],
                        "file": [],
                        "id": "configuration",
                        "pkg": [],
                        "repository": []
                      }
                    ]
                  }
                ]
              }
            ],
            "project": "swit-alpha",
            "reconciling": false,
            "revision_create_time": "2024-03-31T13:53:34.441512Z",
            "revision_id": "cbc9f003-a7d2-4cb3-a2a3-a6836ecbbb92",
            "rollout": [
              {
                "disruption_budget": [
                  {
                    "fixed": 0,
                    "percent": 100
                  }
                ],
                "min_wait_duration": "0s"
              }
            ],
            "rollout_state": "SUCCEEDED",
            "skip_await_rollout": true,
            "timeouts": null,
            "uid": "cf6a49c8-4c79-4163-8a2d-5e6e3f67bdf0"
          },
          "sensitive_attributes": [],
          "private": "eyJlMmJmYjczMC1lY2FhLTExZTYtOGY4OC0zNDM2M2JjN2M0YzAiOnsiY3JlYXRlIjoxMjAwMDAwMDAwMDAwLCJkZWxldGUiOjEyMDAwMDAwMDAwMDAsInVwZGF0ZSI6MTIwMDAwMDAwMDAwMH19",
          "dependencies": [
            "module.os_policy.data.google_compute_zones.this",
            "module.os_policy.data.google_project.default"
          ]
        },
        {
          "index_key": "asia-northeast3-c",
          "schema_version": 0,
          "attributes": {
            "baseline": true,
            "deleted": false,
            "description": "",
            "etag": "b4cc1799-3b90-41cd-86b8-5a00436211d8",
            "id": "projects/swit-alpha/locations/asia-northeast3-c/osPolicyAssignments/asia-northeast3-c-unx203",
            "instance_filter": [
              {
                "all": false,
                "exclusion_labels": [
                  {
                    "labels": {
                      "goog-gke-node": ""
                    }
                  },
                  {
                    "labels": {
                      "serverless-vpc-access": "swit-alpha-serverless-uw1"
                    }
                  }
                ],
                "inclusion_labels": [],
                "inventories": []
              }
            ],
            "location": "asia-northeast3-c",
            "name": "asia-northeast3-c-unx203",
            "os_policies": [
              {
                "allow_no_resource_group_match": false,
                "description": "",
                "id": "unx203",
                "mode": "ENFORCEMENT",
                "resource_groups": [
                  {
                    "inventory_filters": [
                      {
                        "os_short_name": "debian",
                        "os_version": "10"
                      },
                      {
                        "os_short_name": "debian",
                        "os_version": "11"
                      },
                      {
                        "os_short_name": "debian",
                        "os_version": "12"
                      },
                      {
                        "os_short_name": "rocky",
                        "os_version": "8.*"
                      },
                      {
                        "os_short_name": "rocky",
                        "os_version": "9.*"
                      },
                      {
                        "os_short_name": "ubuntu",
                        "os_version": "20.04"
                      },
                      {
                        "os_short_name": "ubuntu",
                        "os_version": "22.04"
                      }
                    ],
                    "resources": [
                      {
                        "exec": [
                          {
                            "enforce": [
                              {
                                "args": [],
                                "file": [],
                                "interpreter": "SHELL",
                                "output_file_path": "",
                                "script": "sudo chmod 000 /etc/shadow\nexit 100\n"
                              }
                            ],
                            "validate": [
                              {
                                "args": [],
                                "file": [],
                                "interpreter": "SHELL",
                                "output_file_path": "",
                                "script": "if ! sudo stat -c %a /etc/shadow | grep -qw '0' ; then\n  exit 101\nelse\n  exit 100\nfi\n"
                              }
                            ]
                          }
                        ],
                        "file": [],
                        "id": "configuration",
                        "pkg": [],
                        "repository": []
                      }
                    ]
                  }
                ]
              }
            ],
            "project": "swit-alpha",
            "reconciling": false,
            "revision_create_time": "2024-03-31T13:40:52.890043Z",
            "revision_id": "ccc18ebf-c1c4-4ffd-b8a7-8600c15b3728",
            "rollout": [
              {
                "disruption_budget": [
                  {
                    "fixed": 0,
                    "percent": 100
                  }
                ],
                "min_wait_duration": "0s"
              }
            ],
            "rollout_state": "SUCCEEDED",
            "skip_await_rollout": true,
            "timeouts": null,
            "uid": "7d41483b-8ef5-423a-872d-d41fc9ab41a5"
          },
          "sensitive_attributes": [],
          "private": "eyJlMmJmYjczMC1lY2FhLTExZTYtOGY4OC0zNDM2M2JjN2M0YzAiOnsiY3JlYXRlIjoxMjAwMDAwMDAwMDAwLCJkZWxldGUiOjEyMDAwMDAwMDAwMDAsInVwZGF0ZSI6MTIwMDAwMDAwMDAwMH19",
          "dependencies": [
            "module.os_policy.data.google_compute_zones.this",
            "module.os_policy.data.google_project.default"
          ]
        },
        {
          "index_key": "us-west1-a",
          "schema_version": 0,
          "attributes": {
            "baseline": true,
            "deleted": false,
            "description": "",
            "etag": "4771287a-e1e2-428e-97d3-26751b141de8",
            "id": "projects/swit-alpha/locations/us-west1-a/osPolicyAssignments/us-west1-a-unx203",
            "instance_filter": [
              {
                "all": false,
                "exclusion_labels": [
                  {
                    "labels": {
                      "goog-gke-node": ""
                    }
                  },
                  {
                    "labels": {
                      "serverless-vpc-access": "swit-alpha-serverless-uw1"
                    }
                  }
                ],
                "inclusion_labels": [],
                "inventories": []
              }
            ],
            "location": "us-west1-a",
            "name": "us-west1-a-unx203",
            "os_policies": [
              {
                "allow_no_resource_group_match": false,
                "description": "",
                "id": "unx203",
                "mode": "ENFORCEMENT",
                "resource_groups": [
                  {
                    "inventory_filters": [
                      {
                        "os_short_name": "debian",
                        "os_version": "10"
                      },
                      {
                        "os_short_name": "debian",
                        "os_version": "11"
                      },
                      {
                        "os_short_name": "debian",
                        "os_version": "12"
                      },
                      {
                        "os_short_name": "rocky",
                        "os_version": "8.*"
                      },
                      {
                        "os_short_name": "rocky",
                        "os_version": "9.*"
                      },
                      {
                        "os_short_name": "ubuntu",
                        "os_version": "20.04"
                      },
                      {
                        "os_short_name": "ubuntu",
                        "os_version": "22.04"
                      }
                    ],
                    "resources": [
                      {
                        "exec": [
                          {
                            "enforce": [
                              {
                                "args": [],
                                "file": [],
                                "interpreter": "SHELL",
                                "output_file_path": "",
                                "script": "sudo chmod 000 /etc/shadow\nexit 100\n"
                              }
                            ],
                            "validate": [
                              {
                                "args": [],
                                "file": [],
                                "interpreter": "SHELL",
                                "output_file_path": "",
                                "script": "if ! sudo stat -c %a /etc/shadow | grep -qw '0' ; then\n  exit 101\nelse\n  exit 100\nfi\n"
                              }
                            ]
                          }
                        ],
                        "file": [],
                        "id": "configuration",
                        "pkg": [],
                        "repository": []
                      }
                    ]
                  }
                ]
              }
            ],
            "project": "swit-alpha",
            "reconciling": false,
            "revision_create_time": "2024-03-31T13:40:53.707987Z",
            "revision_id": "0b0f1db2-c4b4-4155-8e6e-b77ecadfedd9",
            "rollout": [
              {
                "disruption_budget": [
                  {
                    "fixed": 0,
                    "percent": 100
                  }
                ],
                "min_wait_duration": "0s"
              }
            ],
            "rollout_state": "SUCCEEDED",
            "skip_await_rollout": true,
            "timeouts": null,
            "uid": "a9a32cab-fdeb-4ef0-b6d5-640fd965425d"
          },
          "sensitive_attributes": [],
          "private": "eyJlMmJmYjczMC1lY2FhLTExZTYtOGY4OC0zNDM2M2JjN2M0YzAiOnsiY3JlYXRlIjoxMjAwMDAwMDAwMDAwLCJkZWxldGUiOjEyMDAwMDAwMDAwMDAsInVwZGF0ZSI6MTIwMDAwMDAwMDAwMH19",
          "dependencies": [
            "module.os_policy.data.google_compute_zones.this",
            "module.os_policy.data.google_project.default"
          ]
        },
        {
          "index_key": "us-west1-b",
          "schema_version": 0,
          "attributes": {
            "baseline": true,
            "deleted": false,
            "description": "",
            "etag": "484533a0-a2e1-4861-9623-ad488a3b8b08",
            "id": "projects/swit-alpha/locations/us-west1-b/osPolicyAssignments/us-west1-b-unx203",
            "instance_filter": [
              {
                "all": false,
                "exclusion_labels": [
                  {
                    "labels": {
                      "goog-gke-node": ""
                    }
                  },
                  {
                    "labels": {
                      "serverless-vpc-access": "swit-alpha-serverless-uw1"
                    }
                  }
                ],
                "inclusion_labels": [],
                "inventories": []
              }
            ],
            "location": "us-west1-b",
            "name": "us-west1-b-unx203",
            "os_policies": [
              {
                "allow_no_resource_group_match": false,
                "description": "",
                "id": "unx203",
                "mode": "ENFORCEMENT",
                "resource_groups": [
                  {
                    "inventory_filters": [
                      {
                        "os_short_name": "debian",
                        "os_version": "10"
                      },
                      {
                        "os_short_name": "debian",
                        "os_version": "11"
                      },
                      {
                        "os_short_name": "debian",
                        "os_version": "12"
                      },
                      {
                        "os_short_name": "rocky",
                        "os_version": "8.*"
                      },
                      {
                        "os_short_name": "rocky",
                        "os_version": "9.*"
                      },
                      {
                        "os_short_name": "ubuntu",
                        "os_version": "20.04"
                      },
                      {
                        "os_short_name": "ubuntu",
                        "os_version": "22.04"
                      }
                    ],
                    "resources": [
                      {
                        "exec": [
                          {
                            "enforce": [
                              {
                                "args": [],
                                "file": [],
                                "interpreter": "SHELL",
                                "output_file_path": "",
                                "script": "sudo chmod 000 /etc/shadow\nexit 100\n"
                              }
                            ],
                            "validate": [
                              {
                                "args": [],
                                "file": [],
                                "interpreter": "SHELL",
                                "output_file_path": "",
                                "script": "if ! sudo stat -c %a /etc/shadow | grep -qw '0' ; then\n  exit 101\nelse\n  exit 100\nfi\n"
                              }
                            ]
                          }
                        ],
                        "file": [],
                        "id": "configuration",
                        "pkg": [],
                        "repository": []
                      }
                    ]
                  }
                ]
              }
            ],
            "project": "swit-alpha",
            "reconciling": false,
            "revision_create_time": "2024-03-31T13:40:53.952880Z",
            "revision_id": "522d35a7-8b5c-41bf-a1a2-bdbda169183c",
            "rollout": [
              {
                "disruption_budget": [
                  {
                    "fixed": 0,
                    "percent": 100
                  }
                ],
                "min_wait_duration": "0s"
              }
            ],
            "rollout_state": "SUCCEEDED",
            "skip_await_rollout": true,
            "timeouts": null,
            "uid": "228519ca-a7f0-47dd-8816-8e484b84d3c5"
          },
          "sensitive_attributes": [],
          "private": "eyJlMmJmYjczMC1lY2FhLTExZTYtOGY4OC0zNDM2M2JjN2M0YzAiOnsiY3JlYXRlIjoxMjAwMDAwMDAwMDAwLCJkZWxldGUiOjEyMDAwMDAwMDAwMDAsInVwZGF0ZSI6MTIwMDAwMDAwMDAwMH19",
          "dependencies": [
            "module.os_policy.data.google_compute_zones.this",
            "module.os_policy.data.google_project.default"
          ]
        },
        {
          "index_key": "us-west1-c",
          "schema_version": 0,
          "attributes": {
            "baseline": true,
            "deleted": false,
            "description": "",
            "etag": "46c028d8-d9a2-446d-a841-0a5d29a85c6e",
            "id": "projects/swit-alpha/locations/us-west1-c/osPolicyAssignments/us-west1-c-unx203",
            "instance_filter": [
              {
                "all": false,
                "exclusion_labels": [
                  {
                    "labels": {
                      "goog-gke-node": ""
                    }
                  },
                  {
                    "labels": {
                      "serverless-vpc-access": "swit-alpha-serverless-uw1"
                    }
                  }
                ],
                "inclusion_labels": [],
                "inventories": []
              }
            ],
            "location": "us-west1-c",
            "name": "us-west1-c-unx203",
            "os_policies": [
              {
                "allow_no_resource_group_match": false,
                "description": "",
                "id": "unx203",
                "mode": "ENFORCEMENT",
                "resource_groups": [
                  {
                    "inventory_filters": [
                      {
                        "os_short_name": "debian",
                        "os_version": "10"
                      },
                      {
                        "os_short_name": "debian",
                        "os_version": "11"
                      },
                      {
                        "os_short_name": "debian",
                        "os_version": "12"
                      },
                      {
                        "os_short_name": "rocky",
                        "os_version": "8.*"
                      },
                      {
                        "os_short_name": "rocky",
                        "os_version": "9.*"
                      },
                      {
                        "os_short_name": "ubuntu",
                        "os_version": "20.04"
                      },
                      {
                        "os_short_name": "ubuntu",
                        "os_version": "22.04"
                      }
                    ],
                    "resources": [
                      {
                        "exec": [
                          {
                            "enforce": [
                              {
                                "args": [],
                                "file": [],
                                "interpreter": "SHELL",
                                "output_file_path": "",
                                "script": "sudo chmod 000 /etc/shadow\nexit 100\n"
                              }
                            ],
                            "validate": [
                              {
                                "args": [],
                                "file": [],
                                "interpreter": "SHELL",
                                "output_file_path": "",
                                "script": "if ! sudo stat -c %a /etc/shadow | grep -qw '0' ; then\n  exit 101\nelse\n  exit 100\nfi\n"
                              }
                            ]
                          }
                        ],
                        "file": [],
                        "id": "configuration",
                        "pkg": [],
                        "repository": []
                      }
                    ]
                  }
                ]
              }
            ],
            "project": "swit-alpha",
            "reconciling": false,
            "revision_create_time": "2024-03-31T13:40:53.127298Z",
            "revision_id": "be935e1d-c6e9-499f-8562-451b4b920c6a",
            "rollout": [
              {
                "disruption_budget": [
                  {
                    "fixed": 0,
                    "percent": 100
                  }
                ],
                "min_wait_duration": "0s"
              }
            ],
            "rollout_state": "SUCCEEDED",
            "skip_await_rollout": true,
            "timeouts": null,
            "uid": "c01c990b-b996-46e4-be79-38942cdc8c75"
          },
          "sensitive_attributes": [],
          "private": "eyJlMmJmYjczMC1lY2FhLTExZTYtOGY4OC0zNDM2M2JjN2M0YzAiOnsiY3JlYXRlIjoxMjAwMDAwMDAwMDAwLCJkZWxldGUiOjEyMDAwMDAwMDAwMDAsInVwZGF0ZSI6MTIwMDAwMDAwMDAwMH19",
          "dependencies": [
            "module.os_policy.data.google_compute_zones.this",
            "module.os_policy.data.google_project.default"
          ]
        }
      ]
    },
    {
      "module": "module.os_policy",
      "mode": "managed",
      "type": "google_os_config_os_policy_assignment",
      "name": "unx207",
      "provider": "provider[\"registry.terraform.io/hashicorp/google\"]",
      "instances": [
        {
          "index_key": "asia-northeast3-a",
          "schema_version": 0,
          "attributes": {
            "baseline": true,
            "deleted": false,
            "description": "",
            "etag": "6db0a0e1-d116-4edd-b51e-ad62117c99e6",
            "id": "projects/swit-alpha/locations/asia-northeast3-a/osPolicyAssignments/asia-northeast3-a-unx207",
            "instance_filter": [
              {
                "all": false,
                "exclusion_labels": [
                  {
                    "labels": {
                      "goog-gke-node": ""
                    }
                  },
                  {
                    "labels": {
                      "serverless-vpc-access": "swit-alpha-serverless-uw1"
                    }
                  }
                ],
                "inclusion_labels": [],
                "inventories": []
              }
            ],
            "location": "asia-northeast3-a",
            "name": "asia-northeast3-a-unx207",
            "os_policies": [
              {
                "allow_no_resource_group_match": false,
                "description": "",
                "id": "unx207",
                "mode": "ENFORCEMENT",
                "resource_groups": [
                  {
                    "inventory_filters": [
                      {
                        "os_short_name": "debian",
                        "os_version": "10"
                      },
                      {
                        "os_short_name": "debian",
                        "os_version": "11"
                      },
                      {
                        "os_short_name": "debian",
                        "os_version": "12"
                      },
                      {
                        "os_short_name": "rocky",
                        "os_version": "8.*"
                      },
                      {
                        "os_short_name": "rocky",
                        "os_version": "9.*"
                      },
                      {
                        "os_short_name": "ubuntu",
                        "os_version": "20.04"
                      },
                      {
                        "os_short_name": "ubuntu",
                        "os_version": "22.04"
                      }
                    ],
                    "resources": [
                      {
                        "exec": [
                          {
                            "enforce": [
                              {
                                "args": [],
                                "file": [],
                                "interpreter": "SHELL",
                                "output_file_path": "",
                                "script": "sudo chmod 755 /sbin/unix_chkpwd\nsudo chmod 755 /usr/bin/newgrp\nif [ -f /usr/bin/at ] ; then\n  sudo chmod 755 /usr/bin/at\nfi\nexit 100\n"
                              }
                            ],
                            "validate": [
                              {
                                "args": [],
                                "file": [],
                                "interpreter": "SHELL",
                                "output_file_path": "",
                                "script": "if ! sudo stat -c %a /sbin/unix_chkpwd | grep -qw '755' ; then\n  exit 101\nelif ! sudo stat -c %a /usr/bin/newgrp | grep -qw '755' ; then\n  exit 101\nelif [ -f /usr/bin/at ] \u0026\u0026 ! sudo stat -c %a /usr/bin/at | grep -qw '755' ; then\n  exit 101\nelse\n  exit 100\nfi\n"
                              }
                            ]
                          }
                        ],
                        "file": [],
                        "id": "configuration",
                        "pkg": [],
                        "repository": []
                      }
                    ]
                  }
                ]
              }
            ],
            "project": "swit-alpha",
            "reconciling": false,
            "revision_create_time": "2024-03-31T13:40:49.209075Z",
            "revision_id": "7c2979ad-295f-40a5-8860-e609f7d7c7bd",
            "rollout": [
              {
                "disruption_budget": [
                  {
                    "fixed": 0,
                    "percent": 100
                  }
                ],
                "min_wait_duration": "0s"
              }
            ],
            "rollout_state": "SUCCEEDED",
            "skip_await_rollout": true,
            "timeouts": null,
            "uid": "22d2d216-4083-455c-bd07-1a3f97827936"
          },
          "sensitive_attributes": [],
          "private": "eyJlMmJmYjczMC1lY2FhLTExZTYtOGY4OC0zNDM2M2JjN2M0YzAiOnsiY3JlYXRlIjoxMjAwMDAwMDAwMDAwLCJkZWxldGUiOjEyMDAwMDAwMDAwMDAsInVwZGF0ZSI6MTIwMDAwMDAwMDAwMH19",
          "dependencies": [
            "module.os_policy.data.google_compute_zones.this",
            "module.os_policy.data.google_project.default"
          ]
        },
        {
          "index_key": "asia-northeast3-b",
          "schema_version": 0,
          "attributes": {
            "baseline": true,
            "deleted": false,
            "description": "",
            "etag": "b153028e-8d2d-46ce-9274-dd314f0bc9e1",
            "id": "projects/swit-alpha/locations/asia-northeast3-b/osPolicyAssignments/asia-northeast3-b-unx207",
            "instance_filter": [
              {
                "all": false,
                "exclusion_labels": [
                  {
                    "labels": {
                      "goog-gke-node": ""
                    }
                  },
                  {
                    "labels": {
                      "serverless-vpc-access": "swit-alpha-serverless-uw1"
                    }
                  }
                ],
                "inclusion_labels": [],
                "inventories": []
              }
            ],
            "location": "asia-northeast3-b",
            "name": "asia-northeast3-b-unx207",
            "os_policies": [
              {
                "allow_no_resource_group_match": false,
                "description": "",
                "id": "unx207",
                "mode": "ENFORCEMENT",
                "resource_groups": [
                  {
                    "inventory_filters": [
                      {
                        "os_short_name": "debian",
                        "os_version": "10"
                      },
                      {
                        "os_short_name": "debian",
                        "os_version": "11"
                      },
                      {
                        "os_short_name": "debian",
                        "os_version": "12"
                      },
                      {
                        "os_short_name": "rocky",
                        "os_version": "8.*"
                      },
                      {
                        "os_short_name": "rocky",
                        "os_version": "9.*"
                      },
                      {
                        "os_short_name": "ubuntu",
                        "os_version": "20.04"
                      },
                      {
                        "os_short_name": "ubuntu",
                        "os_version": "22.04"
                      }
                    ],
                    "resources": [
                      {
                        "exec": [
                          {
                            "enforce": [
                              {
                                "args": [],
                                "file": [],
                                "interpreter": "SHELL",
                                "output_file_path": "",
                                "script": "sudo chmod 755 /sbin/unix_chkpwd\nsudo chmod 755 /usr/bin/newgrp\nif [ -f /usr/bin/at ] ; then\n  sudo chmod 755 /usr/bin/at\nfi\nexit 100\n"
                              }
                            ],
                            "validate": [
                              {
                                "args": [],
                                "file": [],
                                "interpreter": "SHELL",
                                "output_file_path": "",
                                "script": "if ! sudo stat -c %a /sbin/unix_chkpwd | grep -qw '755' ; then\n  exit 101\nelif ! sudo stat -c %a /usr/bin/newgrp | grep -qw '755' ; then\n  exit 101\nelif [ -f /usr/bin/at ] \u0026\u0026 ! sudo stat -c %a /usr/bin/at | grep -qw '755' ; then\n  exit 101\nelse\n  exit 100\nfi\n"
                              }
                            ]
                          }
                        ],
                        "file": [],
                        "id": "configuration",
                        "pkg": [],
                        "repository": []
                      }
                    ]
                  }
                ]
              }
            ],
            "project": "swit-alpha",
            "reconciling": false,
            "revision_create_time": "2024-03-31T13:40:47.881055Z",
            "revision_id": "3b0214b8-db55-4389-b4cc-0d80b5954934",
            "rollout": [
              {
                "disruption_budget": [
                  {
                    "fixed": 0,
                    "percent": 100
                  }
                ],
                "min_wait_duration": "0s"
              }
            ],
            "rollout_state": "SUCCEEDED",
            "skip_await_rollout": true,
            "timeouts": null,
            "uid": "4ef80386-7666-42f5-a0f8-161fa484fd39"
          },
          "sensitive_attributes": [],
          "private": "eyJlMmJmYjczMC1lY2FhLTExZTYtOGY4OC0zNDM2M2JjN2M0YzAiOnsiY3JlYXRlIjoxMjAwMDAwMDAwMDAwLCJkZWxldGUiOjEyMDAwMDAwMDAwMDAsInVwZGF0ZSI6MTIwMDAwMDAwMDAwMH19",
          "dependencies": [
            "module.os_policy.data.google_compute_zones.this",
            "module.os_policy.data.google_project.default"
          ]
        },
        {
          "index_key": "asia-northeast3-c",
          "schema_version": 0,
          "attributes": {
            "baseline": true,
            "deleted": false,
            "description": "",
            "etag": "c5b544bc-b151-4f98-9081-05e4a9866c96",
            "id": "projects/swit-alpha/locations/asia-northeast3-c/osPolicyAssignments/asia-northeast3-c-unx207",
            "instance_filter": [
              {
                "all": false,
                "exclusion_labels": [
                  {
                    "labels": {
                      "goog-gke-node": ""
                    }
                  },
                  {
                    "labels": {
                      "serverless-vpc-access": "swit-alpha-serverless-uw1"
                    }
                  }
                ],
                "inclusion_labels": [],
                "inventories": []
              }
            ],
            "location": "asia-northeast3-c",
            "name": "asia-northeast3-c-unx207",
            "os_policies": [
              {
                "allow_no_resource_group_match": false,
                "description": "",
                "id": "unx207",
                "mode": "ENFORCEMENT",
                "resource_groups": [
                  {
                    "inventory_filters": [
                      {
                        "os_short_name": "debian",
                        "os_version": "10"
                      },
                      {
                        "os_short_name": "debian",
                        "os_version": "11"
                      },
                      {
                        "os_short_name": "debian",
                        "os_version": "12"
                      },
                      {
                        "os_short_name": "rocky",
                        "os_version": "8.*"
                      },
                      {
                        "os_short_name": "rocky",
                        "os_version": "9.*"
                      },
                      {
                        "os_short_name": "ubuntu",
                        "os_version": "20.04"
                      },
                      {
                        "os_short_name": "ubuntu",
                        "os_version": "22.04"
                      }
                    ],
                    "resources": [
                      {
                        "exec": [
                          {
                            "enforce": [
                              {
                                "args": [],
                                "file": [],
                                "interpreter": "SHELL",
                                "output_file_path": "",
                                "script": "sudo chmod 755 /sbin/unix_chkpwd\nsudo chmod 755 /usr/bin/newgrp\nif [ -f /usr/bin/at ] ; then\n  sudo chmod 755 /usr/bin/at\nfi\nexit 100\n"
                              }
                            ],
                            "validate": [
                              {
                                "args": [],
                                "file": [],
                                "interpreter": "SHELL",
                                "output_file_path": "",
                                "script": "if ! sudo stat -c %a /sbin/unix_chkpwd | grep -qw '755' ; then\n  exit 101\nelif ! sudo stat -c %a /usr/bin/newgrp | grep -qw '755' ; then\n  exit 101\nelif [ -f /usr/bin/at ] \u0026\u0026 ! sudo stat -c %a /usr/bin/at | grep -qw '755' ; then\n  exit 101\nelse\n  exit 100\nfi\n"
                              }
                            ]
                          }
                        ],
                        "file": [],
                        "id": "configuration",
                        "pkg": [],
                        "repository": []
                      }
                    ]
                  }
                ]
              }
            ],
            "project": "swit-alpha",
            "reconciling": false,
            "revision_create_time": "2024-03-31T13:40:49.317696Z",
            "revision_id": "dae75c1f-ebfd-4f9c-aaea-43424ea49c52",
            "rollout": [
              {
                "disruption_budget": [
                  {
                    "fixed": 0,
                    "percent": 100
                  }
                ],
                "min_wait_duration": "0s"
              }
            ],
            "rollout_state": "SUCCEEDED",
            "skip_await_rollout": true,
            "timeouts": null,
            "uid": "cd4fdb27-9809-4bbe-866a-e2e30f0d0365"
          },
          "sensitive_attributes": [],
          "private": "eyJlMmJmYjczMC1lY2FhLTExZTYtOGY4OC0zNDM2M2JjN2M0YzAiOnsiY3JlYXRlIjoxMjAwMDAwMDAwMDAwLCJkZWxldGUiOjEyMDAwMDAwMDAwMDAsInVwZGF0ZSI6MTIwMDAwMDAwMDAwMH19",
          "dependencies": [
            "module.os_policy.data.google_compute_zones.this",
            "module.os_policy.data.google_project.default"
          ]
        },
        {
          "index_key": "us-west1-a",
          "schema_version": 0,
          "attributes": {
            "baseline": true,
            "deleted": false,
            "description": "",
            "etag": "a7709a8e-173e-4907-819f-8d7c9f644e36",
            "id": "projects/swit-alpha/locations/us-west1-a/osPolicyAssignments/us-west1-a-unx207",
            "instance_filter": [
              {
                "all": false,
                "exclusion_labels": [
                  {
                    "labels": {
                      "goog-gke-node": ""
                    }
                  },
                  {
                    "labels": {
                      "serverless-vpc-access": "swit-alpha-serverless-uw1"
                    }
                  }
                ],
                "inclusion_labels": [],
                "inventories": []
              }
            ],
            "location": "us-west1-a",
            "name": "us-west1-a-unx207",
            "os_policies": [
              {
                "allow_no_resource_group_match": false,
                "description": "",
                "id": "unx207",
                "mode": "ENFORCEMENT",
                "resource_groups": [
                  {
                    "inventory_filters": [
                      {
                        "os_short_name": "debian",
                        "os_version": "10"
                      },
                      {
                        "os_short_name": "debian",
                        "os_version": "11"
                      },
                      {
                        "os_short_name": "debian",
                        "os_version": "12"
                      },
                      {
                        "os_short_name": "rocky",
                        "os_version": "8.*"
                      },
                      {
                        "os_short_name": "rocky",
                        "os_version": "9.*"
                      },
                      {
                        "os_short_name": "ubuntu",
                        "os_version": "20.04"
                      },
                      {
                        "os_short_name": "ubuntu",
                        "os_version": "22.04"
                      }
                    ],
                    "resources": [
                      {
                        "exec": [
                          {
                            "enforce": [
                              {
                                "args": [],
                                "file": [],
                                "interpreter": "SHELL",
                                "output_file_path": "",
                                "script": "sudo chmod 755 /sbin/unix_chkpwd\nsudo chmod 755 /usr/bin/newgrp\nif [ -f /usr/bin/at ] ; then\n  sudo chmod 755 /usr/bin/at\nfi\nexit 100\n"
                              }
                            ],
                            "validate": [
                              {
                                "args": [],
                                "file": [],
                                "interpreter": "SHELL",
                                "output_file_path": "",
                                "script": "if ! sudo stat -c %a /sbin/unix_chkpwd | grep -qw '755' ; then\n  exit 101\nelif ! sudo stat -c %a /usr/bin/newgrp | grep -qw '755' ; then\n  exit 101\nelif [ -f /usr/bin/at ] \u0026\u0026 ! sudo stat -c %a /usr/bin/at | grep -qw '755' ; then\n  exit 101\nelse\n  exit 100\nfi\n"
                              }
                            ]
                          }
                        ],
                        "file": [],
                        "id": "configuration",
                        "pkg": [],
                        "repository": []
                      }
                    ]
                  }
                ]
              }
            ],
            "project": "swit-alpha",
            "reconciling": false,
            "revision_create_time": "2024-03-31T13:40:49.614200Z",
            "revision_id": "b24a0704-7c37-4bac-ae79-95be5b2c0fa8",
            "rollout": [
              {
                "disruption_budget": [
                  {
                    "fixed": 0,
                    "percent": 100
                  }
                ],
                "min_wait_duration": "0s"
              }
            ],
            "rollout_state": "SUCCEEDED",
            "skip_await_rollout": true,
            "timeouts": null,
            "uid": "6d5a8c46-c210-4d8c-a826-e68a8e4ff1cb"
          },
          "sensitive_attributes": [],
          "private": "eyJlMmJmYjczMC1lY2FhLTExZTYtOGY4OC0zNDM2M2JjN2M0YzAiOnsiY3JlYXRlIjoxMjAwMDAwMDAwMDAwLCJkZWxldGUiOjEyMDAwMDAwMDAwMDAsInVwZGF0ZSI6MTIwMDAwMDAwMDAwMH19",
          "dependencies": [
            "module.os_policy.data.google_compute_zones.this",
            "module.os_policy.data.google_project.default"
          ]
        },
        {
          "index_key": "us-west1-b",
          "schema_version": 0,
          "attributes": {
            "baseline": true,
            "deleted": false,
            "description": "",
            "etag": "0bc03291-46a3-4b54-a374-c4ef894adc5f",
            "id": "projects/swit-alpha/locations/us-west1-b/osPolicyAssignments/us-west1-b-unx207",
            "instance_filter": [
              {
                "all": false,
                "exclusion_labels": [
                  {
                    "labels": {
                      "goog-gke-node": ""
                    }
                  },
                  {
                    "labels": {
                      "serverless-vpc-access": "swit-alpha-serverless-uw1"
                    }
                  }
                ],
                "inclusion_labels": [],
                "inventories": []
              }
            ],
            "location": "us-west1-b",
            "name": "us-west1-b-unx207",
            "os_policies": [
              {
                "allow_no_resource_group_match": false,
                "description": "",
                "id": "unx207",
                "mode": "ENFORCEMENT",
                "resource_groups": [
                  {
                    "inventory_filters": [
                      {
                        "os_short_name": "debian",
                        "os_version": "10"
                      },
                      {
                        "os_short_name": "debian",
                        "os_version": "11"
                      },
                      {
                        "os_short_name": "debian",
                        "os_version": "12"
                      },
                      {
                        "os_short_name": "rocky",
                        "os_version": "8.*"
                      },
                      {
                        "os_short_name": "rocky",
                        "os_version": "9.*"
                      },
                      {
                        "os_short_name": "ubuntu",
                        "os_version": "20.04"
                      },
                      {
                        "os_short_name": "ubuntu",
                        "os_version": "22.04"
                      }
                    ],
                    "resources": [
                      {
                        "exec": [
                          {
                            "enforce": [
                              {
                                "args": [],
                                "file": [],
                                "interpreter": "SHELL",
                                "output_file_path": "",
                                "script": "sudo chmod 755 /sbin/unix_chkpwd\nsudo chmod 755 /usr/bin/newgrp\nif [ -f /usr/bin/at ] ; then\n  sudo chmod 755 /usr/bin/at\nfi\nexit 100\n"
                              }
                            ],
                            "validate": [
                              {
                                "args": [],
                                "file": [],
                                "interpreter": "SHELL",
                                "output_file_path": "",
                                "script": "if ! sudo stat -c %a /sbin/unix_chkpwd | grep -qw '755' ; then\n  exit 101\nelif ! sudo stat -c %a /usr/bin/newgrp | grep -qw '755' ; then\n  exit 101\nelif [ -f /usr/bin/at ] \u0026\u0026 ! sudo stat -c %a /usr/bin/at | grep -qw '755' ; then\n  exit 101\nelse\n  exit 100\nfi\n"
                              }
                            ]
                          }
                        ],
                        "file": [],
                        "id": "configuration",
                        "pkg": [],
                        "repository": []
                      }
                    ]
                  }
                ]
              }
            ],
            "project": "swit-alpha",
            "reconciling": false,
            "revision_create_time": "2024-03-31T13:53:34.871215Z",
            "revision_id": "92d11759-82dd-4aff-b0c8-155264a43241",
            "rollout": [
              {
                "disruption_budget": [
                  {
                    "fixed": 0,
                    "percent": 100
                  }
                ],
                "min_wait_duration": "0s"
              }
            ],
            "rollout_state": "SUCCEEDED",
            "skip_await_rollout": true,
            "timeouts": null,
            "uid": "a39a9e00-027f-4346-b927-64c0f4df4d70"
          },
          "sensitive_attributes": [],
          "private": "eyJlMmJmYjczMC1lY2FhLTExZTYtOGY4OC0zNDM2M2JjN2M0YzAiOnsiY3JlYXRlIjoxMjAwMDAwMDAwMDAwLCJkZWxldGUiOjEyMDAwMDAwMDAwMDAsInVwZGF0ZSI6MTIwMDAwMDAwMDAwMH19",
          "dependencies": [
            "module.os_policy.data.google_compute_zones.this",
            "module.os_policy.data.google_project.default"
          ]
        },
        {
          "index_key": "us-west1-c",
          "schema_version": 0,
          "attributes": {
            "baseline": true,
            "deleted": false,
            "description": "",
            "etag": "b0fbaafe-fa05-43ac-ab73-03c50c1f7fb3",
            "id": "projects/swit-alpha/locations/us-west1-c/osPolicyAssignments/us-west1-c-unx207",
            "instance_filter": [
              {
                "all": false,
                "exclusion_labels": [
                  {
                    "labels": {
                      "goog-gke-node": ""
                    }
                  },
                  {
                    "labels": {
                      "serverless-vpc-access": "swit-alpha-serverless-uw1"
                    }
                  }
                ],
                "inclusion_labels": [],
                "inventories": []
              }
            ],
            "location": "us-west1-c",
            "name": "us-west1-c-unx207",
            "os_policies": [
              {
                "allow_no_resource_group_match": false,
                "description": "",
                "id": "unx207",
                "mode": "ENFORCEMENT",
                "resource_groups": [
                  {
                    "inventory_filters": [
                      {
                        "os_short_name": "debian",
                        "os_version": "10"
                      },
                      {
                        "os_short_name": "debian",
                        "os_version": "11"
                      },
                      {
                        "os_short_name": "debian",
                        "os_version": "12"
                      },
                      {
                        "os_short_name": "rocky",
                        "os_version": "8.*"
                      },
                      {
                        "os_short_name": "rocky",
                        "os_version": "9.*"
                      },
                      {
                        "os_short_name": "ubuntu",
                        "os_version": "20.04"
                      },
                      {
                        "os_short_name": "ubuntu",
                        "os_version": "22.04"
                      }
                    ],
                    "resources": [
                      {
                        "exec": [
                          {
                            "enforce": [
                              {
                                "args": [],
                                "file": [],
                                "interpreter": "SHELL",
                                "output_file_path": "",
                                "script": "sudo chmod 755 /sbin/unix_chkpwd\nsudo chmod 755 /usr/bin/newgrp\nif [ -f /usr/bin/at ] ; then\n  sudo chmod 755 /usr/bin/at\nfi\nexit 100\n"
                              }
                            ],
                            "validate": [
                              {
                                "args": [],
                                "file": [],
                                "interpreter": "SHELL",
                                "output_file_path": "",
                                "script": "if ! sudo stat -c %a /sbin/unix_chkpwd | grep -qw '755' ; then\n  exit 101\nelif ! sudo stat -c %a /usr/bin/newgrp | grep -qw '755' ; then\n  exit 101\nelif [ -f /usr/bin/at ] \u0026\u0026 ! sudo stat -c %a /usr/bin/at | grep -qw '755' ; then\n  exit 101\nelse\n  exit 100\nfi\n"
                              }
                            ]
                          }
                        ],
                        "file": [],
                        "id": "configuration",
                        "pkg": [],
                        "repository": []
                      }
                    ]
                  }
                ]
              }
            ],
            "project": "swit-alpha",
            "reconciling": false,
            "revision_create_time": "2024-03-31T13:53:34.890524Z",
            "revision_id": "f04ad936-4294-46d7-9743-a57e79a4f8e6",
            "rollout": [
              {
                "disruption_budget": [
                  {
                    "fixed": 0,
                    "percent": 100
                  }
                ],
                "min_wait_duration": "0s"
              }
            ],
            "rollout_state": "SUCCEEDED",
            "skip_await_rollout": true,
            "timeouts": null,
            "uid": "1a2e2923-15f0-4d8e-9258-e62f6dbb2238"
          },
          "sensitive_attributes": [],
          "private": "eyJlMmJmYjczMC1lY2FhLTExZTYtOGY4OC0zNDM2M2JjN2M0YzAiOnsiY3JlYXRlIjoxMjAwMDAwMDAwMDAwLCJkZWxldGUiOjEyMDAwMDAwMDAwMDAsInVwZGF0ZSI6MTIwMDAwMDAwMDAwMH19",
          "dependencies": [
            "module.os_policy.data.google_compute_zones.this",
            "module.os_policy.data.google_project.default"
          ]
        }
      ]
    },
    {
      "module": "module.os_policy",
      "mode": "managed",
      "type": "google_os_config_os_policy_assignment",
      "name": "unx302",
      "provider": "provider[\"registry.terraform.io/hashicorp/google\"]",
      "instances": [
        {
          "index_key": "asia-northeast3-a",
          "schema_version": 0,
          "attributes": {
            "baseline": true,
            "deleted": false,
            "description": "",
            "etag": "708e697e-84cd-4fa1-90f7-d4d7e16a73e6",
            "id": "projects/swit-alpha/locations/asia-northeast3-a/osPolicyAssignments/asia-northeast3-a-unx302",
            "instance_filter": [
              {
                "all": false,
                "exclusion_labels": [
                  {
                    "labels": {
                      "goog-gke-node": ""
                    }
                  },
                  {
                    "labels": {
                      "serverless-vpc-access": "swit-alpha-serverless-uw1"
                    }
                  }
                ],
                "inclusion_labels": [],
                "inventories": []
              }
            ],
            "location": "asia-northeast3-a",
            "name": "asia-northeast3-a-unx302",
            "os_policies": [
              {
                "allow_no_resource_group_match": false,
                "description": "",
                "id": "unx302",
                "mode": "ENFORCEMENT",
                "resource_groups": [
                  {
                    "inventory_filters": [
                      {
                        "os_short_name": "debian",
                        "os_version": "10"
                      },
                      {
                        "os_short_name": "debian",
                        "os_version": "11"
                      },
                      {
                        "os_short_name": "debian",
                        "os_version": "12"
                      },
                      {
                        "os_short_name": "rocky",
                        "os_version": "8.*"
                      },
                      {
                        "os_short_name": "rocky",
                        "os_version": "9.*"
                      },
                      {
                        "os_short_name": "ubuntu",
                        "os_version": "20.04"
                      },
                      {
                        "os_short_name": "ubuntu",
                        "os_version": "22.04"
                      }
                    ],
                    "resources": [
                      {
                        "exec": [
                          {
                            "enforce": [
                              {
                                "args": [],
                                "file": [],
                                "interpreter": "SHELL",
                                "output_file_path": "",
                                "script": "if [ ! -f /etc/cron.allow ] ; then\n  sudo touch /etc/cron.allow\nfi\nsudo chown root /etc/cron.allow\nsudo chmod 640 /etc/cron.allow\nif [ ! -f /etc/cron.deny ] ; then\n  sudo touch /etc/cron.deny\nfi\nsudo chown root /etc/cron.deny\nsudo chmod 640 /etc/cron.deny\nexit 100\n"
                              }
                            ],
                            "validate": [
                              {
                                "args": [],
                                "file": [],
                                "interpreter": "SHELL",
                                "output_file_path": "",
                                "script": "if [ ! -f /etc/cron.allow ] ; then\n  exit 101\nelif ! sudo stat -c %a /etc/cron.allow | grep -qw '640' ; then\n  exit 101\nelif ! sudo stat -c %U /etc/cron.allow | grep -qw 'root' ; then\n  exit 101\nelif [ ! -f /etc/cron.deny ] ; then\n  exit 101\nelif ! sudo stat -c %a /etc/cron.deny | grep -qw '640' ; then\n  exit 101\nelif ! sudo stat -c %U /etc/cron.deny | grep -qw 'root' ; then\n  exit 101\nelse\n  exit 100\nfi\n"
                              }
                            ]
                          }
                        ],
                        "file": [],
                        "id": "configuration",
                        "pkg": [],
                        "repository": []
                      }
                    ]
                  }
                ]
              }
            ],
            "project": "swit-alpha",
            "reconciling": false,
            "revision_create_time": "2024-03-31T13:53:38.512946Z",
            "revision_id": "342cfb79-c639-4bed-9652-e6ceb08ea6ed",
            "rollout": [
              {
                "disruption_budget": [
                  {
                    "fixed": 0,
                    "percent": 100
                  }
                ],
                "min_wait_duration": "0s"
              }
            ],
            "rollout_state": "SUCCEEDED",
            "skip_await_rollout": true,
            "timeouts": null,
            "uid": "7f8e6ea0-927b-4f43-829c-9558a1356e21"
          },
          "sensitive_attributes": [],
          "private": "eyJlMmJmYjczMC1lY2FhLTExZTYtOGY4OC0zNDM2M2JjN2M0YzAiOnsiY3JlYXRlIjoxMjAwMDAwMDAwMDAwLCJkZWxldGUiOjEyMDAwMDAwMDAwMDAsInVwZGF0ZSI6MTIwMDAwMDAwMDAwMH19",
          "dependencies": [
            "module.os_policy.data.google_compute_zones.this",
            "module.os_policy.data.google_project.default"
          ]
        },
        {
          "index_key": "asia-northeast3-b",
          "schema_version": 0,
          "attributes": {
            "baseline": true,
            "deleted": false,
            "description": "",
            "etag": "3fe8b71f-1db9-4018-af82-5ed3f397294d",
            "id": "projects/swit-alpha/locations/asia-northeast3-b/osPolicyAssignments/asia-northeast3-b-unx302",
            "instance_filter": [
              {
                "all": false,
                "exclusion_labels": [
                  {
                    "labels": {
                      "goog-gke-node": ""
                    }
                  },
                  {
                    "labels": {
                      "serverless-vpc-access": "swit-alpha-serverless-uw1"
                    }
                  }
                ],
                "inclusion_labels": [],
                "inventories": []
              }
            ],
            "location": "asia-northeast3-b",
            "name": "asia-northeast3-b-unx302",
            "os_policies": [
              {
                "allow_no_resource_group_match": false,
                "description": "",
                "id": "unx302",
                "mode": "ENFORCEMENT",
                "resource_groups": [
                  {
                    "inventory_filters": [
                      {
                        "os_short_name": "debian",
                        "os_version": "10"
                      },
                      {
                        "os_short_name": "debian",
                        "os_version": "11"
                      },
                      {
                        "os_short_name": "debian",
                        "os_version": "12"
                      },
                      {
                        "os_short_name": "rocky",
                        "os_version": "8.*"
                      },
                      {
                        "os_short_name": "rocky",
                        "os_version": "9.*"
                      },
                      {
                        "os_short_name": "ubuntu",
                        "os_version": "20.04"
                      },
                      {
                        "os_short_name": "ubuntu",
                        "os_version": "22.04"
                      }
                    ],
                    "resources": [
                      {
                        "exec": [
                          {
                            "enforce": [
                              {
                                "args": [],
                                "file": [],
                                "interpreter": "SHELL",
                                "output_file_path": "",
                                "script": "if [ ! -f /etc/cron.allow ] ; then\n  sudo touch /etc/cron.allow\nfi\nsudo chown root /etc/cron.allow\nsudo chmod 640 /etc/cron.allow\nif [ ! -f /etc/cron.deny ] ; then\n  sudo touch /etc/cron.deny\nfi\nsudo chown root /etc/cron.deny\nsudo chmod 640 /etc/cron.deny\nexit 100\n"
                              }
                            ],
                            "validate": [
                              {
                                "args": [],
                                "file": [],
                                "interpreter": "SHELL",
                                "output_file_path": "",
                                "script": "if [ ! -f /etc/cron.allow ] ; then\n  exit 101\nelif ! sudo stat -c %a /etc/cron.allow | grep -qw '640' ; then\n  exit 101\nelif ! sudo stat -c %U /etc/cron.allow | grep -qw 'root' ; then\n  exit 101\nelif [ ! -f /etc/cron.deny ] ; then\n  exit 101\nelif ! sudo stat -c %a /etc/cron.deny | grep -qw '640' ; then\n  exit 101\nelif ! sudo stat -c %U /etc/cron.deny | grep -qw 'root' ; then\n  exit 101\nelse\n  exit 100\nfi\n"
                              }
                            ]
                          }
                        ],
                        "file": [],
                        "id": "configuration",
                        "pkg": [],
                        "repository": []
                      }
                    ]
                  }
                ]
              }
            ],
            "project": "swit-alpha",
            "reconciling": false,
            "revision_create_time": "2024-03-31T13:40:52.836269Z",
            "revision_id": "044f6f70-70cd-4038-bb32-93e350664fda",
            "rollout": [
              {
                "disruption_budget": [
                  {
                    "fixed": 0,
                    "percent": 100
                  }
                ],
                "min_wait_duration": "0s"
              }
            ],
            "rollout_state": "SUCCEEDED",
            "skip_await_rollout": true,
            "timeouts": null,
            "uid": "7f02ab43-5d8a-4a8b-a37f-3ab9a3bdb388"
          },
          "sensitive_attributes": [],
          "private": "eyJlMmJmYjczMC1lY2FhLTExZTYtOGY4OC0zNDM2M2JjN2M0YzAiOnsiY3JlYXRlIjoxMjAwMDAwMDAwMDAwLCJkZWxldGUiOjEyMDAwMDAwMDAwMDAsInVwZGF0ZSI6MTIwMDAwMDAwMDAwMH19",
          "dependencies": [
            "module.os_policy.data.google_compute_zones.this",
            "module.os_policy.data.google_project.default"
          ]
        },
        {
          "index_key": "asia-northeast3-c",
          "schema_version": 0,
          "attributes": {
            "baseline": true,
            "deleted": false,
            "description": "",
            "etag": "db40f4d7-11e0-4d20-b568-f7a906f30486",
            "id": "projects/swit-alpha/locations/asia-northeast3-c/osPolicyAssignments/asia-northeast3-c-unx302",
            "instance_filter": [
              {
                "all": false,
                "exclusion_labels": [
                  {
                    "labels": {
                      "goog-gke-node": ""
                    }
                  },
                  {
                    "labels": {
                      "serverless-vpc-access": "swit-alpha-serverless-uw1"
                    }
                  }
                ],
                "inclusion_labels": [],
                "inventories": []
              }
            ],
            "location": "asia-northeast3-c",
            "name": "asia-northeast3-c-unx302",
            "os_policies": [
              {
                "allow_no_resource_group_match": false,
                "description": "",
                "id": "unx302",
                "mode": "ENFORCEMENT",
                "resource_groups": [
                  {
                    "inventory_filters": [
                      {
                        "os_short_name": "debian",
                        "os_version": "10"
                      },
                      {
                        "os_short_name": "debian",
                        "os_version": "11"
                      },
                      {
                        "os_short_name": "debian",
                        "os_version": "12"
                      },
                      {
                        "os_short_name": "rocky",
                        "os_version": "8.*"
                      },
                      {
                        "os_short_name": "rocky",
                        "os_version": "9.*"
                      },
                      {
                        "os_short_name": "ubuntu",
                        "os_version": "20.04"
                      },
                      {
                        "os_short_name": "ubuntu",
                        "os_version": "22.04"
                      }
                    ],
                    "resources": [
                      {
                        "exec": [
                          {
                            "enforce": [
                              {
                                "args": [],
                                "file": [],
                                "interpreter": "SHELL",
                                "output_file_path": "",
                                "script": "if [ ! -f /etc/cron.allow ] ; then\n  sudo touch /etc/cron.allow\nfi\nsudo chown root /etc/cron.allow\nsudo chmod 640 /etc/cron.allow\nif [ ! -f /etc/cron.deny ] ; then\n  sudo touch /etc/cron.deny\nfi\nsudo chown root /etc/cron.deny\nsudo chmod 640 /etc/cron.deny\nexit 100\n"
                              }
                            ],
                            "validate": [
                              {
                                "args": [],
                                "file": [],
                                "interpreter": "SHELL",
                                "output_file_path": "",
                                "script": "if [ ! -f /etc/cron.allow ] ; then\n  exit 101\nelif ! sudo stat -c %a /etc/cron.allow | grep -qw '640' ; then\n  exit 101\nelif ! sudo stat -c %U /etc/cron.allow | grep -qw 'root' ; then\n  exit 101\nelif [ ! -f /etc/cron.deny ] ; then\n  exit 101\nelif ! sudo stat -c %a /etc/cron.deny | grep -qw '640' ; then\n  exit 101\nelif ! sudo stat -c %U /etc/cron.deny | grep -qw 'root' ; then\n  exit 101\nelse\n  exit 100\nfi\n"
                              }
                            ]
                          }
                        ],
                        "file": [],
                        "id": "configuration",
                        "pkg": [],
                        "repository": []
                      }
                    ]
                  }
                ]
              }
            ],
            "project": "swit-alpha",
            "reconciling": false,
            "revision_create_time": "2024-03-31T13:53:38.529704Z",
            "revision_id": "887f2ae7-14dd-4f90-aa84-94fbeafaea3d",
            "rollout": [
              {
                "disruption_budget": [
                  {
                    "fixed": 0,
                    "percent": 100
                  }
                ],
                "min_wait_duration": "0s"
              }
            ],
            "rollout_state": "SUCCEEDED",
            "skip_await_rollout": true,
            "timeouts": null,
            "uid": "a550388f-8534-44a0-915c-0abd4dac6a91"
          },
          "sensitive_attributes": [],
          "private": "eyJlMmJmYjczMC1lY2FhLTExZTYtOGY4OC0zNDM2M2JjN2M0YzAiOnsiY3JlYXRlIjoxMjAwMDAwMDAwMDAwLCJkZWxldGUiOjEyMDAwMDAwMDAwMDAsInVwZGF0ZSI6MTIwMDAwMDAwMDAwMH19",
          "dependencies": [
            "module.os_policy.data.google_compute_zones.this",
            "module.os_policy.data.google_project.default"
          ]
        },
        {
          "index_key": "us-west1-a",
          "schema_version": 0,
          "attributes": {
            "baseline": true,
            "deleted": false,
            "description": "",
            "etag": "321a1c3e-fc4f-485a-8534-3643fe5ca4c7",
            "id": "projects/swit-alpha/locations/us-west1-a/osPolicyAssignments/us-west1-a-unx302",
            "instance_filter": [
              {
                "all": false,
                "exclusion_labels": [
                  {
                    "labels": {
                      "goog-gke-node": ""
                    }
                  },
                  {
                    "labels": {
                      "serverless-vpc-access": "swit-alpha-serverless-uw1"
                    }
                  }
                ],
                "inclusion_labels": [],
                "inventories": []
              }
            ],
            "location": "us-west1-a",
            "name": "us-west1-a-unx302",
            "os_policies": [
              {
                "allow_no_resource_group_match": false,
                "description": "",
                "id": "unx302",
                "mode": "ENFORCEMENT",
                "resource_groups": [
                  {
                    "inventory_filters": [
                      {
                        "os_short_name": "debian",
                        "os_version": "10"
                      },
                      {
                        "os_short_name": "debian",
                        "os_version": "11"
                      },
                      {
                        "os_short_name": "debian",
                        "os_version": "12"
                      },
                      {
                        "os_short_name": "rocky",
                        "os_version": "8.*"
                      },
                      {
                        "os_short_name": "rocky",
                        "os_version": "9.*"
                      },
                      {
                        "os_short_name": "ubuntu",
                        "os_version": "20.04"
                      },
                      {
                        "os_short_name": "ubuntu",
                        "os_version": "22.04"
                      }
                    ],
                    "resources": [
                      {
                        "exec": [
                          {
                            "enforce": [
                              {
                                "args": [],
                                "file": [],
                                "interpreter": "SHELL",
                                "output_file_path": "",
                                "script": "if [ ! -f /etc/cron.allow ] ; then\n  sudo touch /etc/cron.allow\nfi\nsudo chown root /etc/cron.allow\nsudo chmod 640 /etc/cron.allow\nif [ ! -f /etc/cron.deny ] ; then\n  sudo touch /etc/cron.deny\nfi\nsudo chown root /etc/cron.deny\nsudo chmod 640 /etc/cron.deny\nexit 100\n"
                              }
                            ],
                            "validate": [
                              {
                                "args": [],
                                "file": [],
                                "interpreter": "SHELL",
                                "output_file_path": "",
                                "script": "if [ ! -f /etc/cron.allow ] ; then\n  exit 101\nelif ! sudo stat -c %a /etc/cron.allow | grep -qw '640' ; then\n  exit 101\nelif ! sudo stat -c %U /etc/cron.allow | grep -qw 'root' ; then\n  exit 101\nelif [ ! -f /etc/cron.deny ] ; then\n  exit 101\nelif ! sudo stat -c %a /etc/cron.deny | grep -qw '640' ; then\n  exit 101\nelif ! sudo stat -c %U /etc/cron.deny | grep -qw 'root' ; then\n  exit 101\nelse\n  exit 100\nfi\n"
                              }
                            ]
                          }
                        ],
                        "file": [],
                        "id": "configuration",
                        "pkg": [],
                        "repository": []
                      }
                    ]
                  }
                ]
              }
            ],
            "project": "swit-alpha",
            "reconciling": false,
            "revision_create_time": "2024-03-31T13:40:52.716638Z",
            "revision_id": "e07d54cd-d6b2-40df-b9ea-9fc2d0c334fb",
            "rollout": [
              {
                "disruption_budget": [
                  {
                    "fixed": 0,
                    "percent": 100
                  }
                ],
                "min_wait_duration": "0s"
              }
            ],
            "rollout_state": "SUCCEEDED",
            "skip_await_rollout": true,
            "timeouts": null,
            "uid": "455a04ef-e428-4acd-a7a2-198a10742fd3"
          },
          "sensitive_attributes": [],
          "private": "eyJlMmJmYjczMC1lY2FhLTExZTYtOGY4OC0zNDM2M2JjN2M0YzAiOnsiY3JlYXRlIjoxMjAwMDAwMDAwMDAwLCJkZWxldGUiOjEyMDAwMDAwMDAwMDAsInVwZGF0ZSI6MTIwMDAwMDAwMDAwMH19",
          "dependencies": [
            "module.os_policy.data.google_compute_zones.this",
            "module.os_policy.data.google_project.default"
          ]
        },
        {
          "index_key": "us-west1-b",
          "schema_version": 0,
          "attributes": {
            "baseline": true,
            "deleted": false,
            "description": "",
            "etag": "ac772cfd-a5eb-49ef-a438-f0e642d0fafe",
            "id": "projects/swit-alpha/locations/us-west1-b/osPolicyAssignments/us-west1-b-unx302",
            "instance_filter": [
              {
                "all": false,
                "exclusion_labels": [
                  {
                    "labels": {
                      "goog-gke-node": ""
                    }
                  },
                  {
                    "labels": {
                      "serverless-vpc-access": "swit-alpha-serverless-uw1"
                    }
                  }
                ],
                "inclusion_labels": [],
                "inventories": []
              }
            ],
            "location": "us-west1-b",
            "name": "us-west1-b-unx302",
            "os_policies": [
              {
                "allow_no_resource_group_match": false,
                "description": "",
                "id": "unx302",
                "mode": "ENFORCEMENT",
                "resource_groups": [
                  {
                    "inventory_filters": [
                      {
                        "os_short_name": "debian",
                        "os_version": "10"
                      },
                      {
                        "os_short_name": "debian",
                        "os_version": "11"
                      },
                      {
                        "os_short_name": "debian",
                        "os_version": "12"
                      },
                      {
                        "os_short_name": "rocky",
                        "os_version": "8.*"
                      },
                      {
                        "os_short_name": "rocky",
                        "os_version": "9.*"
                      },
                      {
                        "os_short_name": "ubuntu",
                        "os_version": "20.04"
                      },
                      {
                        "os_short_name": "ubuntu",
                        "os_version": "22.04"
                      }
                    ],
                    "resources": [
                      {
                        "exec": [
                          {
                            "enforce": [
                              {
                                "args": [],
                                "file": [],
                                "interpreter": "SHELL",
                                "output_file_path": "",
                                "script": "if [ ! -f /etc/cron.allow ] ; then\n  sudo touch /etc/cron.allow\nfi\nsudo chown root /etc/cron.allow\nsudo chmod 640 /etc/cron.allow\nif [ ! -f /etc/cron.deny ] ; then\n  sudo touch /etc/cron.deny\nfi\nsudo chown root /etc/cron.deny\nsudo chmod 640 /etc/cron.deny\nexit 100\n"
                              }
                            ],
                            "validate": [
                              {
                                "args": [],
                                "file": [],
                                "interpreter": "SHELL",
                                "output_file_path": "",
                                "script": "if [ ! -f /etc/cron.allow ] ; then\n  exit 101\nelif ! sudo stat -c %a /etc/cron.allow | grep -qw '640' ; then\n  exit 101\nelif ! sudo stat -c %U /etc/cron.allow | grep -qw 'root' ; then\n  exit 101\nelif [ ! -f /etc/cron.deny ] ; then\n  exit 101\nelif ! sudo stat -c %a /etc/cron.deny | grep -qw '640' ; then\n  exit 101\nelif ! sudo stat -c %U /etc/cron.deny | grep -qw 'root' ; then\n  exit 101\nelse\n  exit 100\nfi\n"
                              }
                            ]
                          }
                        ],
                        "file": [],
                        "id": "configuration",
                        "pkg": [],
                        "repository": []
                      }
                    ]
                  }
                ]
              }
            ],
            "project": "swit-alpha",
            "reconciling": false,
            "revision_create_time": "2024-03-31T13:40:50.555522Z",
            "revision_id": "82a9660f-6531-4fd3-97e9-64767eaa17ea",
            "rollout": [
              {
                "disruption_budget": [
                  {
                    "fixed": 0,
                    "percent": 100
                  }
                ],
                "min_wait_duration": "0s"
              }
            ],
            "rollout_state": "SUCCEEDED",
            "skip_await_rollout": true,
            "timeouts": null,
            "uid": "f5072a64-9d73-4043-9afd-a04c524a01df"
          },
          "sensitive_attributes": [],
          "private": "eyJlMmJmYjczMC1lY2FhLTExZTYtOGY4OC0zNDM2M2JjN2M0YzAiOnsiY3JlYXRlIjoxMjAwMDAwMDAwMDAwLCJkZWxldGUiOjEyMDAwMDAwMDAwMDAsInVwZGF0ZSI6MTIwMDAwMDAwMDAwMH19",
          "dependencies": [
            "module.os_policy.data.google_compute_zones.this",
            "module.os_policy.data.google_project.default"
          ]
        },
        {
          "index_key": "us-west1-c",
          "schema_version": 0,
          "attributes": {
            "baseline": true,
            "deleted": false,
            "description": "",
            "etag": "13de716a-4c56-4973-b766-dfbcd5029dd2",
            "id": "projects/swit-alpha/locations/us-west1-c/osPolicyAssignments/us-west1-c-unx302",
            "instance_filter": [
              {
                "all": false,
                "exclusion_labels": [
                  {
                    "labels": {
                      "goog-gke-node": ""
                    }
                  },
                  {
                    "labels": {
                      "serverless-vpc-access": "swit-alpha-serverless-uw1"
                    }
                  }
                ],
                "inclusion_labels": [],
                "inventories": []
              }
            ],
            "location": "us-west1-c",
            "name": "us-west1-c-unx302",
            "os_policies": [
              {
                "allow_no_resource_group_match": false,
                "description": "",
                "id": "unx302",
                "mode": "ENFORCEMENT",
                "resource_groups": [
                  {
                    "inventory_filters": [
                      {
                        "os_short_name": "debian",
                        "os_version": "10"
                      },
                      {
                        "os_short_name": "debian",
                        "os_version": "11"
                      },
                      {
                        "os_short_name": "debian",
                        "os_version": "12"
                      },
                      {
                        "os_short_name": "rocky",
                        "os_version": "8.*"
                      },
                      {
                        "os_short_name": "rocky",
                        "os_version": "9.*"
                      },
                      {
                        "os_short_name": "ubuntu",
                        "os_version": "20.04"
                      },
                      {
                        "os_short_name": "ubuntu",
                        "os_version": "22.04"
                      }
                    ],
                    "resources": [
                      {
                        "exec": [
                          {
                            "enforce": [
                              {
                                "args": [],
                                "file": [],
                                "interpreter": "SHELL",
                                "output_file_path": "",
                                "script": "if [ ! -f /etc/cron.allow ] ; then\n  sudo touch /etc/cron.allow\nfi\nsudo chown root /etc/cron.allow\nsudo chmod 640 /etc/cron.allow\nif [ ! -f /etc/cron.deny ] ; then\n  sudo touch /etc/cron.deny\nfi\nsudo chown root /etc/cron.deny\nsudo chmod 640 /etc/cron.deny\nexit 100\n"
                              }
                            ],
                            "validate": [
                              {
                                "args": [],
                                "file": [],
                                "interpreter": "SHELL",
                                "output_file_path": "",
                                "script": "if [ ! -f /etc/cron.allow ] ; then\n  exit 101\nelif ! sudo stat -c %a /etc/cron.allow | grep -qw '640' ; then\n  exit 101\nelif ! sudo stat -c %U /etc/cron.allow | grep -qw 'root' ; then\n  exit 101\nelif [ ! -f /etc/cron.deny ] ; then\n  exit 101\nelif ! sudo stat -c %a /etc/cron.deny | grep -qw '640' ; then\n  exit 101\nelif ! sudo stat -c %U /etc/cron.deny | grep -qw 'root' ; then\n  exit 101\nelse\n  exit 100\nfi\n"
                              }
                            ]
                          }
                        ],
                        "file": [],
                        "id": "configuration",
                        "pkg": [],
                        "repository": []
                      }
                    ]
                  }
                ]
              }
            ],
            "project": "swit-alpha",
            "reconciling": false,
            "revision_create_time": "2024-03-31T13:40:53.248402Z",
            "revision_id": "17e55048-67bf-49a5-965d-69430520b47d",
            "rollout": [
              {
                "disruption_budget": [
                  {
                    "fixed": 0,
                    "percent": 100
                  }
                ],
                "min_wait_duration": "0s"
              }
            ],
            "rollout_state": "SUCCEEDED",
            "skip_await_rollout": true,
            "timeouts": null,
            "uid": "d47e417d-6f89-4312-8780-02ffab148ab7"
          },
          "sensitive_attributes": [],
          "private": "eyJlMmJmYjczMC1lY2FhLTExZTYtOGY4OC0zNDM2M2JjN2M0YzAiOnsiY3JlYXRlIjoxMjAwMDAwMDAwMDAwLCJkZWxldGUiOjEyMDAwMDAwMDAwMDAsInVwZGF0ZSI6MTIwMDAwMDAwMDAwMH19",
          "dependencies": [
            "module.os_policy.data.google_compute_zones.this",
            "module.os_policy.data.google_project.default"
          ]
        }
      ]
    },
    {
      "module": "module.os_policy",
      "mode": "managed",
      "type": "google_os_config_os_policy_assignment",
      "name": "unx314",
      "provider": "provider[\"registry.terraform.io/hashicorp/google\"]",
      "instances": [
        {
          "index_key": "asia-northeast3-a",
          "schema_version": 0,
          "attributes": {
            "baseline": true,
            "deleted": false,
            "description": "",
            "etag": "1ac92add-f04f-4b7f-8804-fbb4e9703495",
            "id": "projects/swit-alpha/locations/asia-northeast3-a/osPolicyAssignments/asia-northeast3-a-unx314",
            "instance_filter": [
              {
                "all": false,
                "exclusion_labels": [
                  {
                    "labels": {
                      "goog-gke-node": ""
                    }
                  },
                  {
                    "labels": {
                      "serverless-vpc-access": "swit-alpha-serverless-uw1"
                    }
                  }
                ],
                "inclusion_labels": [],
                "inventories": []
              }
            ],
            "location": "asia-northeast3-a",
            "name": "asia-northeast3-a-unx314",
            "os_policies": [
              {
                "allow_no_resource_group_match": false,
                "description": "",
                "id": "unx314",
                "mode": "ENFORCEMENT",
                "resource_groups": [
                  {
                    "inventory_filters": [
                      {
                        "os_short_name": "debian",
                        "os_version": "10"
                      },
                      {
                        "os_short_name": "debian",
                        "os_version": "11"
                      },
                      {
                        "os_short_name": "debian",
                        "os_version": "12"
                      },
                      {
                        "os_short_name": "rocky",
                        "os_version": "8.*"
                      },
                      {
                        "os_short_name": "rocky",
                        "os_version": "9.*"
                      },
                      {
                        "os_short_name": "ubuntu",
                        "os_version": "20.04"
                      },
                      {
                        "os_short_name": "ubuntu",
                        "os_version": "22.04"
                      }
                    ],
                    "resources": [
                      {
                        "exec": [
                          {
                            "enforce": [
                              {
                                "args": [],
                                "file": [],
                                "interpreter": "SHELL",
                                "output_file_path": "",
                                "script": "sudo rm -f /etc/motd\nif sudo grep -v '#' /etc/pam.d/login | grep -q 'pam_motd' ; then\n  sudo sed '/pam_motd/d' /etc/pam.d/login | sudo tee /etc/pam.d/.login\n  sudo mv /etc/pam.d/.login /etc/pam.d/login\nfi\nif sudo grep -v '#' /etc/pam.d/sshd | grep -q 'pam_motd' ; then\n  sudo sed '/pam_motd/d' /etc/pam.d/sshd | sudo tee /etc/pam.d/.sshd\n  sudo mv /etc/pam.d/.sshd /etc/pam.d/sshd\nfi\ncat \u003c\u003c EOF | sudo tee /etc/issue\n********************************************************************\n  This system is for the use of authorized users only. Usage of\n  this system may be monitored and recorded by system personnel.\n\n  Anyone using this system expressly consents to such monitoring\n  and is advised that if such monitoring reveals possible\n  evidence of criminal activity, system personnel may provide the\n  evidence from such monitoring to law enforcement officials.\n\n  Illegal access may be subject to legal sanctions\n\n  © 2019 by Swit Technologies Inc. All rights reserved.\n********************************************************************\nEOF\ncat \u003c\u003c EOF | sudo tee /etc/issue.net\n********************************************************************\n  This system is for the use of authorized users only. Usage of\n  this system may be monitored and recorded by system personnel.\n\n  Anyone using this system expressly consents to such monitoring\n  and is advised that if such monitoring reveals possible\n  evidence of criminal activity, system personnel may provide the\n  evidence from such monitoring to law enforcement officials.\n\n  Illegal access may be subject to legal sanctions\n\n  © 2019 by Swit Technologies Inc. All rights reserved.\n********************************************************************\nEOF\nexit 100\n"
                              }
                            ],
                            "validate": [
                              {
                                "args": [],
                                "file": [],
                                "interpreter": "SHELL",
                                "output_file_path": "",
                                "script": "if [ -f /etc/motd ] ; then\n  exit 101\nelif sudo grep -v '#' /etc/pam.d/login | grep -q 'pam_motd' ; then\n  exit 101\nelif sudo grep -v '#' /etc/pam.d/sshd | grep -q 'pam_motd' ; then\n  exit 101\nelif ! sudo grep -q 'Swit' /etc/issue ; then\n  exit 101\nelif ! sudo grep -q 'Swit' /etc/issue.net ; then\n  exit 101\nelse\n  exit 100\nfi\n"
                              }
                            ]
                          }
                        ],
                        "file": [],
                        "id": "configuration",
                        "pkg": [],
                        "repository": []
                      }
                    ]
                  }
                ]
              }
            ],
            "project": "swit-alpha",
            "reconciling": false,
            "revision_create_time": "2024-03-31T13:40:51.950150Z",
            "revision_id": "d7678d17-585d-4b06-8b93-b046598e80a5",
            "rollout": [
              {
                "disruption_budget": [
                  {
                    "fixed": 0,
                    "percent": 100
                  }
                ],
                "min_wait_duration": "0s"
              }
            ],
            "rollout_state": "SUCCEEDED",
            "skip_await_rollout": true,
            "timeouts": null,
            "uid": "5b95cce5-8c9e-4ac4-8f26-1a8651aca7e4"
          },
          "sensitive_attributes": [],
          "private": "eyJlMmJmYjczMC1lY2FhLTExZTYtOGY4OC0zNDM2M2JjN2M0YzAiOnsiY3JlYXRlIjoxMjAwMDAwMDAwMDAwLCJkZWxldGUiOjEyMDAwMDAwMDAwMDAsInVwZGF0ZSI6MTIwMDAwMDAwMDAwMH19",
          "dependencies": [
            "module.os_policy.data.google_compute_zones.this",
            "module.os_policy.data.google_project.default"
          ]
        },
        {
          "index_key": "asia-northeast3-b",
          "schema_version": 0,
          "attributes": {
            "baseline": true,
            "deleted": false,
            "description": "",
            "etag": "f01f91b6-f053-441c-a3a3-f38af113cc0a",
            "id": "projects/swit-alpha/locations/asia-northeast3-b/osPolicyAssignments/asia-northeast3-b-unx314",
            "instance_filter": [
              {
                "all": false,
                "exclusion_labels": [
                  {
                    "labels": {
                      "goog-gke-node": ""
                    }
                  },
                  {
                    "labels": {
                      "serverless-vpc-access": "swit-alpha-serverless-uw1"
                    }
                  }
                ],
                "inclusion_labels": [],
                "inventories": []
              }
            ],
            "location": "asia-northeast3-b",
            "name": "asia-northeast3-b-unx314",
            "os_policies": [
              {
                "allow_no_resource_group_match": false,
                "description": "",
                "id": "unx314",
                "mode": "ENFORCEMENT",
                "resource_groups": [
                  {
                    "inventory_filters": [
                      {
                        "os_short_name": "debian",
                        "os_version": "10"
                      },
                      {
                        "os_short_name": "debian",
                        "os_version": "11"
                      },
                      {
                        "os_short_name": "debian",
                        "os_version": "12"
                      },
                      {
                        "os_short_name": "rocky",
                        "os_version": "8.*"
                      },
                      {
                        "os_short_name": "rocky",
                        "os_version": "9.*"
                      },
                      {
                        "os_short_name": "ubuntu",
                        "os_version": "20.04"
                      },
                      {
                        "os_short_name": "ubuntu",
                        "os_version": "22.04"
                      }
                    ],
                    "resources": [
                      {
                        "exec": [
                          {
                            "enforce": [
                              {
                                "args": [],
                                "file": [],
                                "interpreter": "SHELL",
                                "output_file_path": "",
                                "script": "sudo rm -f /etc/motd\nif sudo grep -v '#' /etc/pam.d/login | grep -q 'pam_motd' ; then\n  sudo sed '/pam_motd/d' /etc/pam.d/login | sudo tee /etc/pam.d/.login\n  sudo mv /etc/pam.d/.login /etc/pam.d/login\nfi\nif sudo grep -v '#' /etc/pam.d/sshd | grep -q 'pam_motd' ; then\n  sudo sed '/pam_motd/d' /etc/pam.d/sshd | sudo tee /etc/pam.d/.sshd\n  sudo mv /etc/pam.d/.sshd /etc/pam.d/sshd\nfi\ncat \u003c\u003c EOF | sudo tee /etc/issue\n********************************************************************\n  This system is for the use of authorized users only. Usage of\n  this system may be monitored and recorded by system personnel.\n\n  Anyone using this system expressly consents to such monitoring\n  and is advised that if such monitoring reveals possible\n  evidence of criminal activity, system personnel may provide the\n  evidence from such monitoring to law enforcement officials.\n\n  Illegal access may be subject to legal sanctions\n\n  © 2019 by Swit Technologies Inc. All rights reserved.\n********************************************************************\nEOF\ncat \u003c\u003c EOF | sudo tee /etc/issue.net\n********************************************************************\n  This system is for the use of authorized users only. Usage of\n  this system may be monitored and recorded by system personnel.\n\n  Anyone using this system expressly consents to such monitoring\n  and is advised that if such monitoring reveals possible\n  evidence of criminal activity, system personnel may provide the\n  evidence from such monitoring to law enforcement officials.\n\n  Illegal access may be subject to legal sanctions\n\n  © 2019 by Swit Technologies Inc. All rights reserved.\n********************************************************************\nEOF\nexit 100\n"
                              }
                            ],
                            "validate": [
                              {
                                "args": [],
                                "file": [],
                                "interpreter": "SHELL",
                                "output_file_path": "",
                                "script": "if [ -f /etc/motd ] ; then\n  exit 101\nelif sudo grep -v '#' /etc/pam.d/login | grep -q 'pam_motd' ; then\n  exit 101\nelif sudo grep -v '#' /etc/pam.d/sshd | grep -q 'pam_motd' ; then\n  exit 101\nelif ! sudo grep -q 'Swit' /etc/issue ; then\n  exit 101\nelif ! sudo grep -q 'Swit' /etc/issue.net ; then\n  exit 101\nelse\n  exit 100\nfi\n"
                              }
                            ]
                          }
                        ],
                        "file": [],
                        "id": "configuration",
                        "pkg": [],
                        "repository": []
                      }
                    ]
                  }
                ]
              }
            ],
            "project": "swit-alpha",
            "reconciling": false,
            "revision_create_time": "2024-03-31T13:40:50.656939Z",
            "revision_id": "33485811-eba4-4146-98e1-fbe72aa09f91",
            "rollout": [
              {
                "disruption_budget": [
                  {
                    "fixed": 0,
                    "percent": 100
                  }
                ],
                "min_wait_duration": "0s"
              }
            ],
            "rollout_state": "SUCCEEDED",
            "skip_await_rollout": true,
            "timeouts": null,
            "uid": "aaa2215b-b76c-4edb-b44c-b547cbe74dd5"
          },
          "sensitive_attributes": [],
          "private": "eyJlMmJmYjczMC1lY2FhLTExZTYtOGY4OC0zNDM2M2JjN2M0YzAiOnsiY3JlYXRlIjoxMjAwMDAwMDAwMDAwLCJkZWxldGUiOjEyMDAwMDAwMDAwMDAsInVwZGF0ZSI6MTIwMDAwMDAwMDAwMH19",
          "dependencies": [
            "module.os_policy.data.google_compute_zones.this",
            "module.os_policy.data.google_project.default"
          ]
        },
        {
          "index_key": "asia-northeast3-c",
          "schema_version": 0,
          "attributes": {
            "baseline": true,
            "deleted": false,
            "description": "",
            "etag": "828c2ee0-b048-4976-ab8a-21ebd844748d",
            "id": "projects/swit-alpha/locations/asia-northeast3-c/osPolicyAssignments/asia-northeast3-c-unx314",
            "instance_filter": [
              {
                "all": false,
                "exclusion_labels": [
                  {
                    "labels": {
                      "goog-gke-node": ""
                    }
                  },
                  {
                    "labels": {
                      "serverless-vpc-access": "swit-alpha-serverless-uw1"
                    }
                  }
                ],
                "inclusion_labels": [],
                "inventories": []
              }
            ],
            "location": "asia-northeast3-c",
            "name": "asia-northeast3-c-unx314",
            "os_policies": [
              {
                "allow_no_resource_group_match": false,
                "description": "",
                "id": "unx314",
                "mode": "ENFORCEMENT",
                "resource_groups": [
                  {
                    "inventory_filters": [
                      {
                        "os_short_name": "debian",
                        "os_version": "10"
                      },
                      {
                        "os_short_name": "debian",
                        "os_version": "11"
                      },
                      {
                        "os_short_name": "debian",
                        "os_version": "12"
                      },
                      {
                        "os_short_name": "rocky",
                        "os_version": "8.*"
                      },
                      {
                        "os_short_name": "rocky",
                        "os_version": "9.*"
                      },
                      {
                        "os_short_name": "ubuntu",
                        "os_version": "20.04"
                      },
                      {
                        "os_short_name": "ubuntu",
                        "os_version": "22.04"
                      }
                    ],
                    "resources": [
                      {
                        "exec": [
                          {
                            "enforce": [
                              {
                                "args": [],
                                "file": [],
                                "interpreter": "SHELL",
                                "output_file_path": "",
                                "script": "sudo rm -f /etc/motd\nif sudo grep -v '#' /etc/pam.d/login | grep -q 'pam_motd' ; then\n  sudo sed '/pam_motd/d' /etc/pam.d/login | sudo tee /etc/pam.d/.login\n  sudo mv /etc/pam.d/.login /etc/pam.d/login\nfi\nif sudo grep -v '#' /etc/pam.d/sshd | grep -q 'pam_motd' ; then\n  sudo sed '/pam_motd/d' /etc/pam.d/sshd | sudo tee /etc/pam.d/.sshd\n  sudo mv /etc/pam.d/.sshd /etc/pam.d/sshd\nfi\ncat \u003c\u003c EOF | sudo tee /etc/issue\n********************************************************************\n  This system is for the use of authorized users only. Usage of\n  this system may be monitored and recorded by system personnel.\n\n  Anyone using this system expressly consents to such monitoring\n  and is advised that if such monitoring reveals possible\n  evidence of criminal activity, system personnel may provide the\n  evidence from such monitoring to law enforcement officials.\n\n  Illegal access may be subject to legal sanctions\n\n  © 2019 by Swit Technologies Inc. All rights reserved.\n********************************************************************\nEOF\ncat \u003c\u003c EOF | sudo tee /etc/issue.net\n********************************************************************\n  This system is for the use of authorized users only. Usage of\n  this system may be monitored and recorded by system personnel.\n\n  Anyone using this system expressly consents to such monitoring\n  and is advised that if such monitoring reveals possible\n  evidence of criminal activity, system personnel may provide the\n  evidence from such monitoring to law enforcement officials.\n\n  Illegal access may be subject to legal sanctions\n\n  © 2019 by Swit Technologies Inc. All rights reserved.\n********************************************************************\nEOF\nexit 100\n"
                              }
                            ],
                            "validate": [
                              {
                                "args": [],
                                "file": [],
                                "interpreter": "SHELL",
                                "output_file_path": "",
                                "script": "if [ -f /etc/motd ] ; then\n  exit 101\nelif sudo grep -v '#' /etc/pam.d/login | grep -q 'pam_motd' ; then\n  exit 101\nelif sudo grep -v '#' /etc/pam.d/sshd | grep -q 'pam_motd' ; then\n  exit 101\nelif ! sudo grep -q 'Swit' /etc/issue ; then\n  exit 101\nelif ! sudo grep -q 'Swit' /etc/issue.net ; then\n  exit 101\nelse\n  exit 100\nfi\n"
                              }
                            ]
                          }
                        ],
                        "file": [],
                        "id": "configuration",
                        "pkg": [],
                        "repository": []
                      }
                    ]
                  }
                ]
              }
            ],
            "project": "swit-alpha",
            "reconciling": false,
            "revision_create_time": "2024-03-31T13:40:49.813752Z",
            "revision_id": "77a69ff1-51fa-48aa-9b3b-e0d4a8847bb2",
            "rollout": [
              {
                "disruption_budget": [
                  {
                    "fixed": 0,
                    "percent": 100
                  }
                ],
                "min_wait_duration": "0s"
              }
            ],
            "rollout_state": "SUCCEEDED",
            "skip_await_rollout": true,
            "timeouts": null,
            "uid": "fa771126-7e00-471a-9a0f-0bf6998cc211"
          },
          "sensitive_attributes": [],
          "private": "eyJlMmJmYjczMC1lY2FhLTExZTYtOGY4OC0zNDM2M2JjN2M0YzAiOnsiY3JlYXRlIjoxMjAwMDAwMDAwMDAwLCJkZWxldGUiOjEyMDAwMDAwMDAwMDAsInVwZGF0ZSI6MTIwMDAwMDAwMDAwMH19",
          "dependencies": [
            "module.os_policy.data.google_compute_zones.this",
            "module.os_policy.data.google_project.default"
          ]
        },
        {
          "index_key": "us-west1-a",
          "schema_version": 0,
          "attributes": {
            "baseline": true,
            "deleted": false,
            "description": "",
            "etag": "9946df5f-fe7a-4686-8309-2a6c94093ac1",
            "id": "projects/swit-alpha/locations/us-west1-a/osPolicyAssignments/us-west1-a-unx314",
            "instance_filter": [
              {
                "all": false,
                "exclusion_labels": [
                  {
                    "labels": {
                      "goog-gke-node": ""
                    }
                  },
                  {
                    "labels": {
                      "serverless-vpc-access": "swit-alpha-serverless-uw1"
                    }
                  }
                ],
                "inclusion_labels": [],
                "inventories": []
              }
            ],
            "location": "us-west1-a",
            "name": "us-west1-a-unx314",
            "os_policies": [
              {
                "allow_no_resource_group_match": false,
                "description": "",
                "id": "unx314",
                "mode": "ENFORCEMENT",
                "resource_groups": [
                  {
                    "inventory_filters": [
                      {
                        "os_short_name": "debian",
                        "os_version": "10"
                      },
                      {
                        "os_short_name": "debian",
                        "os_version": "11"
                      },
                      {
                        "os_short_name": "debian",
                        "os_version": "12"
                      },
                      {
                        "os_short_name": "rocky",
                        "os_version": "8.*"
                      },
                      {
                        "os_short_name": "rocky",
                        "os_version": "9.*"
                      },
                      {
                        "os_short_name": "ubuntu",
                        "os_version": "20.04"
                      },
                      {
                        "os_short_name": "ubuntu",
                        "os_version": "22.04"
                      }
                    ],
                    "resources": [
                      {
                        "exec": [
                          {
                            "enforce": [
                              {
                                "args": [],
                                "file": [],
                                "interpreter": "SHELL",
                                "output_file_path": "",
                                "script": "sudo rm -f /etc/motd\nif sudo grep -v '#' /etc/pam.d/login | grep -q 'pam_motd' ; then\n  sudo sed '/pam_motd/d' /etc/pam.d/login | sudo tee /etc/pam.d/.login\n  sudo mv /etc/pam.d/.login /etc/pam.d/login\nfi\nif sudo grep -v '#' /etc/pam.d/sshd | grep -q 'pam_motd' ; then\n  sudo sed '/pam_motd/d' /etc/pam.d/sshd | sudo tee /etc/pam.d/.sshd\n  sudo mv /etc/pam.d/.sshd /etc/pam.d/sshd\nfi\ncat \u003c\u003c EOF | sudo tee /etc/issue\n********************************************************************\n  This system is for the use of authorized users only. Usage of\n  this system may be monitored and recorded by system personnel.\n\n  Anyone using this system expressly consents to such monitoring\n  and is advised that if such monitoring reveals possible\n  evidence of criminal activity, system personnel may provide the\n  evidence from such monitoring to law enforcement officials.\n\n  Illegal access may be subject to legal sanctions\n\n  © 2019 by Swit Technologies Inc. All rights reserved.\n********************************************************************\nEOF\ncat \u003c\u003c EOF | sudo tee /etc/issue.net\n********************************************************************\n  This system is for the use of authorized users only. Usage of\n  this system may be monitored and recorded by system personnel.\n\n  Anyone using this system expressly consents to such monitoring\n  and is advised that if such monitoring reveals possible\n  evidence of criminal activity, system personnel may provide the\n  evidence from such monitoring to law enforcement officials.\n\n  Illegal access may be subject to legal sanctions\n\n  © 2019 by Swit Technologies Inc. All rights reserved.\n********************************************************************\nEOF\nexit 100\n"
                              }
                            ],
                            "validate": [
                              {
                                "args": [],
                                "file": [],
                                "interpreter": "SHELL",
                                "output_file_path": "",
                                "script": "if [ -f /etc/motd ] ; then\n  exit 101\nelif sudo grep -v '#' /etc/pam.d/login | grep -q 'pam_motd' ; then\n  exit 101\nelif sudo grep -v '#' /etc/pam.d/sshd | grep -q 'pam_motd' ; then\n  exit 101\nelif ! sudo grep -q 'Swit' /etc/issue ; then\n  exit 101\nelif ! sudo grep -q 'Swit' /etc/issue.net ; then\n  exit 101\nelse\n  exit 100\nfi\n"
                              }
                            ]
                          }
                        ],
                        "file": [],
                        "id": "configuration",
                        "pkg": [],
                        "repository": []
                      }
                    ]
                  }
                ]
              }
            ],
            "project": "swit-alpha",
            "reconciling": false,
            "revision_create_time": "2024-03-31T13:40:51.762961Z",
            "revision_id": "92393055-7554-4f6f-896c-e96f0dbf9da6",
            "rollout": [
              {
                "disruption_budget": [
                  {
                    "fixed": 0,
                    "percent": 100
                  }
                ],
                "min_wait_duration": "0s"
              }
            ],
            "rollout_state": "SUCCEEDED",
            "skip_await_rollout": true,
            "timeouts": null,
            "uid": "aa43824a-1c1d-4727-8462-4f6089ab8c19"
          },
          "sensitive_attributes": [],
          "private": "eyJlMmJmYjczMC1lY2FhLTExZTYtOGY4OC0zNDM2M2JjN2M0YzAiOnsiY3JlYXRlIjoxMjAwMDAwMDAwMDAwLCJkZWxldGUiOjEyMDAwMDAwMDAwMDAsInVwZGF0ZSI6MTIwMDAwMDAwMDAwMH19",
          "dependencies": [
            "module.os_policy.data.google_compute_zones.this",
            "module.os_policy.data.google_project.default"
          ]
        },
        {
          "index_key": "us-west1-b",
          "schema_version": 0,
          "attributes": {
            "baseline": true,
            "deleted": false,
            "description": "",
            "etag": "6a983bfd-0f6c-4882-950f-d37a641edf84",
            "id": "projects/swit-alpha/locations/us-west1-b/osPolicyAssignments/us-west1-b-unx314",
            "instance_filter": [
              {
                "all": false,
                "exclusion_labels": [
                  {
                    "labels": {
                      "goog-gke-node": ""
                    }
                  },
                  {
                    "labels": {
                      "serverless-vpc-access": "swit-alpha-serverless-uw1"
                    }
                  }
                ],
                "inclusion_labels": [],
                "inventories": []
              }
            ],
            "location": "us-west1-b",
            "name": "us-west1-b-unx314",
            "os_policies": [
              {
                "allow_no_resource_group_match": false,
                "description": "",
                "id": "unx314",
                "mode": "ENFORCEMENT",
                "resource_groups": [
                  {
                    "inventory_filters": [
                      {
                        "os_short_name": "debian",
                        "os_version": "10"
                      },
                      {
                        "os_short_name": "debian",
                        "os_version": "11"
                      },
                      {
                        "os_short_name": "debian",
                        "os_version": "12"
                      },
                      {
                        "os_short_name": "rocky",
                        "os_version": "8.*"
                      },
                      {
                        "os_short_name": "rocky",
                        "os_version": "9.*"
                      },
                      {
                        "os_short_name": "ubuntu",
                        "os_version": "20.04"
                      },
                      {
                        "os_short_name": "ubuntu",
                        "os_version": "22.04"
                      }
                    ],
                    "resources": [
                      {
                        "exec": [
                          {
                            "enforce": [
                              {
                                "args": [],
                                "file": [],
                                "interpreter": "SHELL",
                                "output_file_path": "",
                                "script": "sudo rm -f /etc/motd\nif sudo grep -v '#' /etc/pam.d/login | grep -q 'pam_motd' ; then\n  sudo sed '/pam_motd/d' /etc/pam.d/login | sudo tee /etc/pam.d/.login\n  sudo mv /etc/pam.d/.login /etc/pam.d/login\nfi\nif sudo grep -v '#' /etc/pam.d/sshd | grep -q 'pam_motd' ; then\n  sudo sed '/pam_motd/d' /etc/pam.d/sshd | sudo tee /etc/pam.d/.sshd\n  sudo mv /etc/pam.d/.sshd /etc/pam.d/sshd\nfi\ncat \u003c\u003c EOF | sudo tee /etc/issue\n********************************************************************\n  This system is for the use of authorized users only. Usage of\n  this system may be monitored and recorded by system personnel.\n\n  Anyone using this system expressly consents to such monitoring\n  and is advised that if such monitoring reveals possible\n  evidence of criminal activity, system personnel may provide the\n  evidence from such monitoring to law enforcement officials.\n\n  Illegal access may be subject to legal sanctions\n\n  © 2019 by Swit Technologies Inc. All rights reserved.\n********************************************************************\nEOF\ncat \u003c\u003c EOF | sudo tee /etc/issue.net\n********************************************************************\n  This system is for the use of authorized users only. Usage of\n  this system may be monitored and recorded by system personnel.\n\n  Anyone using this system expressly consents to such monitoring\n  and is advised that if such monitoring reveals possible\n  evidence of criminal activity, system personnel may provide the\n  evidence from such monitoring to law enforcement officials.\n\n  Illegal access may be subject to legal sanctions\n\n  © 2019 by Swit Technologies Inc. All rights reserved.\n********************************************************************\nEOF\nexit 100\n"
                              }
                            ],
                            "validate": [
                              {
                                "args": [],
                                "file": [],
                                "interpreter": "SHELL",
                                "output_file_path": "",
                                "script": "if [ -f /etc/motd ] ; then\n  exit 101\nelif sudo grep -v '#' /etc/pam.d/login | grep -q 'pam_motd' ; then\n  exit 101\nelif sudo grep -v '#' /etc/pam.d/sshd | grep -q 'pam_motd' ; then\n  exit 101\nelif ! sudo grep -q 'Swit' /etc/issue ; then\n  exit 101\nelif ! sudo grep -q 'Swit' /etc/issue.net ; then\n  exit 101\nelse\n  exit 100\nfi\n"
                              }
                            ]
                          }
                        ],
                        "file": [],
                        "id": "configuration",
                        "pkg": [],
                        "repository": []
                      }
                    ]
                  }
                ]
              }
            ],
            "project": "swit-alpha",
            "reconciling": false,
            "revision_create_time": "2024-03-31T13:53:34.859746Z",
            "revision_id": "3b31f433-6ce3-47b9-ae9c-90f916de55de",
            "rollout": [
              {
                "disruption_budget": [
                  {
                    "fixed": 0,
                    "percent": 100
                  }
                ],
                "min_wait_duration": "0s"
              }
            ],
            "rollout_state": "SUCCEEDED",
            "skip_await_rollout": true,
            "timeouts": null,
            "uid": "0e28c90c-7d07-4440-a0fd-5bcfa38e024c"
          },
          "sensitive_attributes": [],
          "private": "eyJlMmJmYjczMC1lY2FhLTExZTYtOGY4OC0zNDM2M2JjN2M0YzAiOnsiY3JlYXRlIjoxMjAwMDAwMDAwMDAwLCJkZWxldGUiOjEyMDAwMDAwMDAwMDAsInVwZGF0ZSI6MTIwMDAwMDAwMDAwMH19",
          "dependencies": [
            "module.os_policy.data.google_compute_zones.this",
            "module.os_policy.data.google_project.default"
          ]
        },
        {
          "index_key": "us-west1-c",
          "schema_version": 0,
          "attributes": {
            "baseline": true,
            "deleted": false,
            "description": "",
            "etag": "787241f7-606c-4c8b-b695-f23bc251fd07",
            "id": "projects/swit-alpha/locations/us-west1-c/osPolicyAssignments/us-west1-c-unx314",
            "instance_filter": [
              {
                "all": false,
                "exclusion_labels": [
                  {
                    "labels": {
                      "goog-gke-node": ""
                    }
                  },
                  {
                    "labels": {
                      "serverless-vpc-access": "swit-alpha-serverless-uw1"
                    }
                  }
                ],
                "inclusion_labels": [],
                "inventories": []
              }
            ],
            "location": "us-west1-c",
            "name": "us-west1-c-unx314",
            "os_policies": [
              {
                "allow_no_resource_group_match": false,
                "description": "",
                "id": "unx314",
                "mode": "ENFORCEMENT",
                "resource_groups": [
                  {
                    "inventory_filters": [
                      {
                        "os_short_name": "debian",
                        "os_version": "10"
                      },
                      {
                        "os_short_name": "debian",
                        "os_version": "11"
                      },
                      {
                        "os_short_name": "debian",
                        "os_version": "12"
                      },
                      {
                        "os_short_name": "rocky",
                        "os_version": "8.*"
                      },
                      {
                        "os_short_name": "rocky",
                        "os_version": "9.*"
                      },
                      {
                        "os_short_name": "ubuntu",
                        "os_version": "20.04"
                      },
                      {
                        "os_short_name": "ubuntu",
                        "os_version": "22.04"
                      }
                    ],
                    "resources": [
                      {
                        "exec": [
                          {
                            "enforce": [
                              {
                                "args": [],
                                "file": [],
                                "interpreter": "SHELL",
                                "output_file_path": "",
                                "script": "sudo rm -f /etc/motd\nif sudo grep -v '#' /etc/pam.d/login | grep -q 'pam_motd' ; then\n  sudo sed '/pam_motd/d' /etc/pam.d/login | sudo tee /etc/pam.d/.login\n  sudo mv /etc/pam.d/.login /etc/pam.d/login\nfi\nif sudo grep -v '#' /etc/pam.d/sshd | grep -q 'pam_motd' ; then\n  sudo sed '/pam_motd/d' /etc/pam.d/sshd | sudo tee /etc/pam.d/.sshd\n  sudo mv /etc/pam.d/.sshd /etc/pam.d/sshd\nfi\ncat \u003c\u003c EOF | sudo tee /etc/issue\n********************************************************************\n  This system is for the use of authorized users only. Usage of\n  this system may be monitored and recorded by system personnel.\n\n  Anyone using this system expressly consents to such monitoring\n  and is advised that if such monitoring reveals possible\n  evidence of criminal activity, system personnel may provide the\n  evidence from such monitoring to law enforcement officials.\n\n  Illegal access may be subject to legal sanctions\n\n  © 2019 by Swit Technologies Inc. All rights reserved.\n********************************************************************\nEOF\ncat \u003c\u003c EOF | sudo tee /etc/issue.net\n********************************************************************\n  This system is for the use of authorized users only. Usage of\n  this system may be monitored and recorded by system personnel.\n\n  Anyone using this system expressly consents to such monitoring\n  and is advised that if such monitoring reveals possible\n  evidence of criminal activity, system personnel may provide the\n  evidence from such monitoring to law enforcement officials.\n\n  Illegal access may be subject to legal sanctions\n\n  © 2019 by Swit Technologies Inc. All rights reserved.\n********************************************************************\nEOF\nexit 100\n"
                              }
                            ],
                            "validate": [
                              {
                                "args": [],
                                "file": [],
                                "interpreter": "SHELL",
                                "output_file_path": "",
                                "script": "if [ -f /etc/motd ] ; then\n  exit 101\nelif sudo grep -v '#' /etc/pam.d/login | grep -q 'pam_motd' ; then\n  exit 101\nelif sudo grep -v '#' /etc/pam.d/sshd | grep -q 'pam_motd' ; then\n  exit 101\nelif ! sudo grep -q 'Swit' /etc/issue ; then\n  exit 101\nelif ! sudo grep -q 'Swit' /etc/issue.net ; then\n  exit 101\nelse\n  exit 100\nfi\n"
                              }
                            ]
                          }
                        ],
                        "file": [],
                        "id": "configuration",
                        "pkg": [],
                        "repository": []
                      }
                    ]
                  }
                ]
              }
            ],
            "project": "swit-alpha",
            "reconciling": false,
            "revision_create_time": "2024-03-31T13:53:34.861694Z",
            "revision_id": "63cf53f5-3554-442d-a005-4a1d2317080b",
            "rollout": [
              {
                "disruption_budget": [
                  {
                    "fixed": 0,
                    "percent": 100
                  }
                ],
                "min_wait_duration": "0s"
              }
            ],
            "rollout_state": "SUCCEEDED",
            "skip_await_rollout": true,
            "timeouts": null,
            "uid": "015b6610-244e-435f-8778-4624f59c3f85"
          },
          "sensitive_attributes": [],
          "private": "eyJlMmJmYjczMC1lY2FhLTExZTYtOGY4OC0zNDM2M2JjN2M0YzAiOnsiY3JlYXRlIjoxMjAwMDAwMDAwMDAwLCJkZWxldGUiOjEyMDAwMDAwMDAwMDAsInVwZGF0ZSI6MTIwMDAwMDAwMDAwMH19",
          "dependencies": [
            "module.os_policy.data.google_compute_zones.this",
            "module.os_policy.data.google_project.default"
          ]
        }
      ]
    },
    {
      "module": "module.os_policy",
      "mode": "managed",
      "type": "google_os_config_os_policy_assignment",
      "name": "unx501",
      "provider": "provider[\"registry.terraform.io/hashicorp/google\"]",
      "instances": [
        {
          "index_key": "asia-northeast3-a",
          "schema_version": 0,
          "attributes": {
            "baseline": true,
            "deleted": false,
            "description": "",
            "etag": "488c64c5-6b89-44b8-9229-89e9e1c6c602",
            "id": "projects/swit-alpha/locations/asia-northeast3-a/osPolicyAssignments/asia-northeast3-a-unx501",
            "instance_filter": [
              {
                "all": false,
                "exclusion_labels": [
                  {
                    "labels": {
                      "goog-gke-node": ""
                    }
                  },
                  {
                    "labels": {
                      "serverless-vpc-access": "swit-alpha-serverless-uw1"
                    }
                  }
                ],
                "inclusion_labels": [],
                "inventories": []
              }
            ],
            "location": "asia-northeast3-a",
            "name": "asia-northeast3-a-unx501",
            "os_policies": [
              {
                "allow_no_resource_group_match": false,
                "description": "",
                "id": "unx501",
                "mode": "ENFORCEMENT",
                "resource_groups": [
                  {
                    "inventory_filters": [
                      {
                        "os_short_name": "debian",
                        "os_version": "10"
                      },
                      {
                        "os_short_name": "debian",
                        "os_version": "11"
                      },
                      {
                        "os_short_name": "debian",
                        "os_version": "12"
                      },
                      {
                        "os_short_name": "rocky",
                        "os_version": "8.*"
                      },
                      {
                        "os_short_name": "rocky",
                        "os_version": "9.*"
                      },
                      {
                        "os_short_name": "ubuntu",
                        "os_version": "20.04"
                      },
                      {
                        "os_short_name": "ubuntu",
                        "os_version": "22.04"
                      }
                    ],
                    "resources": [
                      {
                        "exec": [
                          {
                            "enforce": [
                              {
                                "args": [],
                                "file": [],
                                "interpreter": "SHELL",
                                "output_file_path": "",
                                "script": "cat \u003c\u003c EOF | sudo tee /etc/rsyslog.d/91-unx501.conf\n*.info;mail.none;authpriv.none;cron.none /var/log/messages\nauthpriv.* /var/log/secure\nmail.* /var/log/maillog\ncron.* /var/log/cron\n*.alert /dev/console\n*.emerg *\nEOF\nsudo systemctl restart rsyslog\nexit 100\n"
                              }
                            ],
                            "validate": [
                              {
                                "args": [],
                                "file": [],
                                "interpreter": "SHELL",
                                "output_file_path": "",
                                "script": "if [ ! -f /etc/rsyslog.d/91-unx501.conf ] ; then\n  exit 101\nelif ! sudo stat -c %a /etc/rsyslog.d/91-unx501.conf | grep -qw '644' ; then\n  exit 101\nelse\n  exit 100\nfi\n"
                              }
                            ]
                          }
                        ],
                        "file": [],
                        "id": "configuration",
                        "pkg": [],
                        "repository": []
                      }
                    ]
                  }
                ]
              }
            ],
            "project": "swit-alpha",
            "reconciling": false,
            "revision_create_time": "2024-03-31T13:53:39.310346Z",
            "revision_id": "58a500ff-5831-4ea7-8afe-f7883f58f1f1",
            "rollout": [
              {
                "disruption_budget": [
                  {
                    "fixed": 0,
                    "percent": 100
                  }
                ],
                "min_wait_duration": "0s"
              }
            ],
            "rollout_state": "SUCCEEDED",
            "skip_await_rollout": true,
            "timeouts": null,
            "uid": "6634c5d9-2bc8-43a3-878b-63ffc2b40c6c"
          },
          "sensitive_attributes": [],
          "private": "eyJlMmJmYjczMC1lY2FhLTExZTYtOGY4OC0zNDM2M2JjN2M0YzAiOnsiY3JlYXRlIjoxMjAwMDAwMDAwMDAwLCJkZWxldGUiOjEyMDAwMDAwMDAwMDAsInVwZGF0ZSI6MTIwMDAwMDAwMDAwMH19",
          "dependencies": [
            "module.os_policy.data.google_compute_zones.this",
            "module.os_policy.data.google_project.default"
          ]
        },
        {
          "index_key": "asia-northeast3-b",
          "schema_version": 0,
          "attributes": {
            "baseline": true,
            "deleted": false,
            "description": "",
            "etag": "88c5377f-07a9-440a-88c9-3598fcb908ad",
            "id": "projects/swit-alpha/locations/asia-northeast3-b/osPolicyAssignments/asia-northeast3-b-unx501",
            "instance_filter": [
              {
                "all": false,
                "exclusion_labels": [
                  {
                    "labels": {
                      "goog-gke-node": ""
                    }
                  },
                  {
                    "labels": {
                      "serverless-vpc-access": "swit-alpha-serverless-uw1"
                    }
                  }
                ],
                "inclusion_labels": [],
                "inventories": []
              }
            ],
            "location": "asia-northeast3-b",
            "name": "asia-northeast3-b-unx501",
            "os_policies": [
              {
                "allow_no_resource_group_match": false,
                "description": "",
                "id": "unx501",
                "mode": "ENFORCEMENT",
                "resource_groups": [
                  {
                    "inventory_filters": [
                      {
                        "os_short_name": "debian",
                        "os_version": "10"
                      },
                      {
                        "os_short_name": "debian",
                        "os_version": "11"
                      },
                      {
                        "os_short_name": "debian",
                        "os_version": "12"
                      },
                      {
                        "os_short_name": "rocky",
                        "os_version": "8.*"
                      },
                      {
                        "os_short_name": "rocky",
                        "os_version": "9.*"
                      },
                      {
                        "os_short_name": "ubuntu",
                        "os_version": "20.04"
                      },
                      {
                        "os_short_name": "ubuntu",
                        "os_version": "22.04"
                      }
                    ],
                    "resources": [
                      {
                        "exec": [
                          {
                            "enforce": [
                              {
                                "args": [],
                                "file": [],
                                "interpreter": "SHELL",
                                "output_file_path": "",
                                "script": "cat \u003c\u003c EOF | sudo tee /etc/rsyslog.d/91-unx501.conf\n*.info;mail.none;authpriv.none;cron.none /var/log/messages\nauthpriv.* /var/log/secure\nmail.* /var/log/maillog\ncron.* /var/log/cron\n*.alert /dev/console\n*.emerg *\nEOF\nsudo systemctl restart rsyslog\nexit 100\n"
                              }
                            ],
                            "validate": [
                              {
                                "args": [],
                                "file": [],
                                "interpreter": "SHELL",
                                "output_file_path": "",
                                "script": "if [ ! -f /etc/rsyslog.d/91-unx501.conf ] ; then\n  exit 101\nelif ! sudo stat -c %a /etc/rsyslog.d/91-unx501.conf | grep -qw '644' ; then\n  exit 101\nelse\n  exit 100\nfi\n"
                              }
                            ]
                          }
                        ],
                        "file": [],
                        "id": "configuration",
                        "pkg": [],
                        "repository": []
                      }
                    ]
                  }
                ]
              }
            ],
            "project": "swit-alpha",
            "reconciling": false,
            "revision_create_time": "2024-03-31T13:53:38.783162Z",
            "revision_id": "8119c577-cb35-48ca-b138-7aed0f1ed00e",
            "rollout": [
              {
                "disruption_budget": [
                  {
                    "fixed": 0,
                    "percent": 100
                  }
                ],
                "min_wait_duration": "0s"
              }
            ],
            "rollout_state": "SUCCEEDED",
            "skip_await_rollout": true,
            "timeouts": null,
            "uid": "6b555818-ec50-4853-bf2c-fe05c3a86de6"
          },
          "sensitive_attributes": [],
          "private": "eyJlMmJmYjczMC1lY2FhLTExZTYtOGY4OC0zNDM2M2JjN2M0YzAiOnsiY3JlYXRlIjoxMjAwMDAwMDAwMDAwLCJkZWxldGUiOjEyMDAwMDAwMDAwMDAsInVwZGF0ZSI6MTIwMDAwMDAwMDAwMH19",
          "dependencies": [
            "module.os_policy.data.google_compute_zones.this",
            "module.os_policy.data.google_project.default"
          ]
        },
        {
          "index_key": "asia-northeast3-c",
          "schema_version": 0,
          "attributes": {
            "baseline": true,
            "deleted": false,
            "description": "",
            "etag": "ceb66460-b8c6-4c52-9237-a47d5881840e",
            "id": "projects/swit-alpha/locations/asia-northeast3-c/osPolicyAssignments/asia-northeast3-c-unx501",
            "instance_filter": [
              {
                "all": false,
                "exclusion_labels": [
                  {
                    "labels": {
                      "goog-gke-node": ""
                    }
                  },
                  {
                    "labels": {
                      "serverless-vpc-access": "swit-alpha-serverless-uw1"
                    }
                  }
                ],
                "inclusion_labels": [],
                "inventories": []
              }
            ],
            "location": "asia-northeast3-c",
            "name": "asia-northeast3-c-unx501",
            "os_policies": [
              {
                "allow_no_resource_group_match": false,
                "description": "",
                "id": "unx501",
                "mode": "ENFORCEMENT",
                "resource_groups": [
                  {
                    "inventory_filters": [
                      {
                        "os_short_name": "debian",
                        "os_version": "10"
                      },
                      {
                        "os_short_name": "debian",
                        "os_version": "11"
                      },
                      {
                        "os_short_name": "debian",
                        "os_version": "12"
                      },
                      {
                        "os_short_name": "rocky",
                        "os_version": "8.*"
                      },
                      {
                        "os_short_name": "rocky",
                        "os_version": "9.*"
                      },
                      {
                        "os_short_name": "ubuntu",
                        "os_version": "20.04"
                      },
                      {
                        "os_short_name": "ubuntu",
                        "os_version": "22.04"
                      }
                    ],
                    "resources": [
                      {
                        "exec": [
                          {
                            "enforce": [
                              {
                                "args": [],
                                "file": [],
                                "interpreter": "SHELL",
                                "output_file_path": "",
                                "script": "cat \u003c\u003c EOF | sudo tee /etc/rsyslog.d/91-unx501.conf\n*.info;mail.none;authpriv.none;cron.none /var/log/messages\nauthpriv.* /var/log/secure\nmail.* /var/log/maillog\ncron.* /var/log/cron\n*.alert /dev/console\n*.emerg *\nEOF\nsudo systemctl restart rsyslog\nexit 100\n"
                              }
                            ],
                            "validate": [
                              {
                                "args": [],
                                "file": [],
                                "interpreter": "SHELL",
                                "output_file_path": "",
                                "script": "if [ ! -f /etc/rsyslog.d/91-unx501.conf ] ; then\n  exit 101\nelif ! sudo stat -c %a /etc/rsyslog.d/91-unx501.conf | grep -qw '644' ; then\n  exit 101\nelse\n  exit 100\nfi\n"
                              }
                            ]
                          }
                        ],
                        "file": [],
                        "id": "configuration",
                        "pkg": [],
                        "repository": []
                      }
                    ]
                  }
                ]
              }
            ],
            "project": "swit-alpha",
            "reconciling": false,
            "revision_create_time": "2024-03-31T13:53:39.144718Z",
            "revision_id": "f530b46d-4835-4028-b986-d6c2581b6d7a",
            "rollout": [
              {
                "disruption_budget": [
                  {
                    "fixed": 0,
                    "percent": 100
                  }
                ],
                "min_wait_duration": "0s"
              }
            ],
            "rollout_state": "SUCCEEDED",
            "skip_await_rollout": true,
            "timeouts": null,
            "uid": "dbba7851-e071-4034-8cb0-c6a6785308e1"
          },
          "sensitive_attributes": [],
          "private": "eyJlMmJmYjczMC1lY2FhLTExZTYtOGY4OC0zNDM2M2JjN2M0YzAiOnsiY3JlYXRlIjoxMjAwMDAwMDAwMDAwLCJkZWxldGUiOjEyMDAwMDAwMDAwMDAsInVwZGF0ZSI6MTIwMDAwMDAwMDAwMH19",
          "dependencies": [
            "module.os_policy.data.google_compute_zones.this",
            "module.os_policy.data.google_project.default"
          ]
        },
        {
          "index_key": "us-west1-a",
          "schema_version": 0,
          "attributes": {
            "baseline": true,
            "deleted": false,
            "description": "",
            "etag": "c771cfcd-ec44-4629-858b-4aa04c35ad58",
            "id": "projects/swit-alpha/locations/us-west1-a/osPolicyAssignments/us-west1-a-unx501",
            "instance_filter": [
              {
                "all": false,
                "exclusion_labels": [
                  {
                    "labels": {
                      "goog-gke-node": ""
                    }
                  },
                  {
                    "labels": {
                      "serverless-vpc-access": "swit-alpha-serverless-uw1"
                    }
                  }
                ],
                "inclusion_labels": [],
                "inventories": []
              }
            ],
            "location": "us-west1-a",
            "name": "us-west1-a-unx501",
            "os_policies": [
              {
                "allow_no_resource_group_match": false,
                "description": "",
                "id": "unx501",
                "mode": "ENFORCEMENT",
                "resource_groups": [
                  {
                    "inventory_filters": [
                      {
                        "os_short_name": "debian",
                        "os_version": "10"
                      },
                      {
                        "os_short_name": "debian",
                        "os_version": "11"
                      },
                      {
                        "os_short_name": "debian",
                        "os_version": "12"
                      },
                      {
                        "os_short_name": "rocky",
                        "os_version": "8.*"
                      },
                      {
                        "os_short_name": "rocky",
                        "os_version": "9.*"
                      },
                      {
                        "os_short_name": "ubuntu",
                        "os_version": "20.04"
                      },
                      {
                        "os_short_name": "ubuntu",
                        "os_version": "22.04"
                      }
                    ],
                    "resources": [
                      {
                        "exec": [
                          {
                            "enforce": [
                              {
                                "args": [],
                                "file": [],
                                "interpreter": "SHELL",
                                "output_file_path": "",
                                "script": "cat \u003c\u003c EOF | sudo tee /etc/rsyslog.d/91-unx501.conf\n*.info;mail.none;authpriv.none;cron.none /var/log/messages\nauthpriv.* /var/log/secure\nmail.* /var/log/maillog\ncron.* /var/log/cron\n*.alert /dev/console\n*.emerg *\nEOF\nsudo systemctl restart rsyslog\nexit 100\n"
                              }
                            ],
                            "validate": [
                              {
                                "args": [],
                                "file": [],
                                "interpreter": "SHELL",
                                "output_file_path": "",
                                "script": "if [ ! -f /etc/rsyslog.d/91-unx501.conf ] ; then\n  exit 101\nelif ! sudo stat -c %a /etc/rsyslog.d/91-unx501.conf | grep -qw '644' ; then\n  exit 101\nelse\n  exit 100\nfi\n"
                              }
                            ]
                          }
                        ],
                        "file": [],
                        "id": "configuration",
                        "pkg": [],
                        "repository": []
                      }
                    ]
                  }
                ]
              }
            ],
            "project": "swit-alpha",
            "reconciling": false,
            "revision_create_time": "2024-03-31T13:40:46.428662Z",
            "revision_id": "80fe38b5-81c4-4240-8e9a-fea2240e77ae",
            "rollout": [
              {
                "disruption_budget": [
                  {
                    "fixed": 0,
                    "percent": 100
                  }
                ],
                "min_wait_duration": "0s"
              }
            ],
            "rollout_state": "SUCCEEDED",
            "skip_await_rollout": true,
            "timeouts": null,
            "uid": "739579d5-0dd2-49c1-9902-c9058c0ffc78"
          },
          "sensitive_attributes": [],
          "private": "eyJlMmJmYjczMC1lY2FhLTExZTYtOGY4OC0zNDM2M2JjN2M0YzAiOnsiY3JlYXRlIjoxMjAwMDAwMDAwMDAwLCJkZWxldGUiOjEyMDAwMDAwMDAwMDAsInVwZGF0ZSI6MTIwMDAwMDAwMDAwMH19",
          "dependencies": [
            "module.os_policy.data.google_compute_zones.this",
            "module.os_policy.data.google_project.default"
          ]
        },
        {
          "index_key": "us-west1-b",
          "schema_version": 0,
          "attributes": {
            "baseline": true,
            "deleted": false,
            "description": "",
            "etag": "fb601295-b58e-4fcf-aa24-b0add53a1ce1",
            "id": "projects/swit-alpha/locations/us-west1-b/osPolicyAssignments/us-west1-b-unx501",
            "instance_filter": [
              {
                "all": false,
                "exclusion_labels": [
                  {
                    "labels": {
                      "goog-gke-node": ""
                    }
                  },
                  {
                    "labels": {
                      "serverless-vpc-access": "swit-alpha-serverless-uw1"
                    }
                  }
                ],
                "inclusion_labels": [],
                "inventories": []
              }
            ],
            "location": "us-west1-b",
            "name": "us-west1-b-unx501",
            "os_policies": [
              {
                "allow_no_resource_group_match": false,
                "description": "",
                "id": "unx501",
                "mode": "ENFORCEMENT",
                "resource_groups": [
                  {
                    "inventory_filters": [
                      {
                        "os_short_name": "debian",
                        "os_version": "10"
                      },
                      {
                        "os_short_name": "debian",
                        "os_version": "11"
                      },
                      {
                        "os_short_name": "debian",
                        "os_version": "12"
                      },
                      {
                        "os_short_name": "rocky",
                        "os_version": "8.*"
                      },
                      {
                        "os_short_name": "rocky",
                        "os_version": "9.*"
                      },
                      {
                        "os_short_name": "ubuntu",
                        "os_version": "20.04"
                      },
                      {
                        "os_short_name": "ubuntu",
                        "os_version": "22.04"
                      }
                    ],
                    "resources": [
                      {
                        "exec": [
                          {
                            "enforce": [
                              {
                                "args": [],
                                "file": [],
                                "interpreter": "SHELL",
                                "output_file_path": "",
                                "script": "cat \u003c\u003c EOF | sudo tee /etc/rsyslog.d/91-unx501.conf\n*.info;mail.none;authpriv.none;cron.none /var/log/messages\nauthpriv.* /var/log/secure\nmail.* /var/log/maillog\ncron.* /var/log/cron\n*.alert /dev/console\n*.emerg *\nEOF\nsudo systemctl restart rsyslog\nexit 100\n"
                              }
                            ],
                            "validate": [
                              {
                                "args": [],
                                "file": [],
                                "interpreter": "SHELL",
                                "output_file_path": "",
                                "script": "if [ ! -f /etc/rsyslog.d/91-unx501.conf ] ; then\n  exit 101\nelif ! sudo stat -c %a /etc/rsyslog.d/91-unx501.conf | grep -qw '644' ; then\n  exit 101\nelse\n  exit 100\nfi\n"
                              }
                            ]
                          }
                        ],
                        "file": [],
                        "id": "configuration",
                        "pkg": [],
                        "repository": []
                      }
                    ]
                  }
                ]
              }
            ],
            "project": "swit-alpha",
            "reconciling": false,
            "revision_create_time": "2024-03-31T13:40:46.462588Z",
            "revision_id": "2dbd6ca0-e911-4369-b190-cfb74cb14caa",
            "rollout": [
              {
                "disruption_budget": [
                  {
                    "fixed": 0,
                    "percent": 100
                  }
                ],
                "min_wait_duration": "0s"
              }
            ],
            "rollout_state": "SUCCEEDED",
            "skip_await_rollout": true,
            "timeouts": null,
            "uid": "dcf93c09-b2db-44ae-841a-9cbd08747744"
          },
          "sensitive_attributes": [],
          "private": "eyJlMmJmYjczMC1lY2FhLTExZTYtOGY4OC0zNDM2M2JjN2M0YzAiOnsiY3JlYXRlIjoxMjAwMDAwMDAwMDAwLCJkZWxldGUiOjEyMDAwMDAwMDAwMDAsInVwZGF0ZSI6MTIwMDAwMDAwMDAwMH19",
          "dependencies": [
            "module.os_policy.data.google_compute_zones.this",
            "module.os_policy.data.google_project.default"
          ]
        },
        {
          "index_key": "us-west1-c",
          "schema_version": 0,
          "attributes": {
            "baseline": true,
            "deleted": false,
            "description": "",
            "etag": "53f0f8ec-e684-400a-b103-ac5eb9c7e81b",
            "id": "projects/swit-alpha/locations/us-west1-c/osPolicyAssignments/us-west1-c-unx501",
            "instance_filter": [
              {
                "all": false,
                "exclusion_labels": [
                  {
                    "labels": {
                      "goog-gke-node": ""
                    }
                  },
                  {
                    "labels": {
                      "serverless-vpc-access": "swit-alpha-serverless-uw1"
                    }
                  }
                ],
                "inclusion_labels": [],
                "inventories": []
              }
            ],
            "location": "us-west1-c",
            "name": "us-west1-c-unx501",
            "os_policies": [
              {
                "allow_no_resource_group_match": false,
                "description": "",
                "id": "unx501",
                "mode": "ENFORCEMENT",
                "resource_groups": [
                  {
                    "inventory_filters": [
                      {
                        "os_short_name": "debian",
                        "os_version": "10"
                      },
                      {
                        "os_short_name": "debian",
                        "os_version": "11"
                      },
                      {
                        "os_short_name": "debian",
                        "os_version": "12"
                      },
                      {
                        "os_short_name": "rocky",
                        "os_version": "8.*"
                      },
                      {
                        "os_short_name": "rocky",
                        "os_version": "9.*"
                      },
                      {
                        "os_short_name": "ubuntu",
                        "os_version": "20.04"
                      },
                      {
                        "os_short_name": "ubuntu",
                        "os_version": "22.04"
                      }
                    ],
                    "resources": [
                      {
                        "exec": [
                          {
                            "enforce": [
                              {
                                "args": [],
                                "file": [],
                                "interpreter": "SHELL",
                                "output_file_path": "",
                                "script": "cat \u003c\u003c EOF | sudo tee /etc/rsyslog.d/91-unx501.conf\n*.info;mail.none;authpriv.none;cron.none /var/log/messages\nauthpriv.* /var/log/secure\nmail.* /var/log/maillog\ncron.* /var/log/cron\n*.alert /dev/console\n*.emerg *\nEOF\nsudo systemctl restart rsyslog\nexit 100\n"
                              }
                            ],
                            "validate": [
                              {
                                "args": [],
                                "file": [],
                                "interpreter": "SHELL",
                                "output_file_path": "",
                                "script": "if [ ! -f /etc/rsyslog.d/91-unx501.conf ] ; then\n  exit 101\nelif ! sudo stat -c %a /etc/rsyslog.d/91-unx501.conf | grep -qw '644' ; then\n  exit 101\nelse\n  exit 100\nfi\n"
                              }
                            ]
                          }
                        ],
                        "file": [],
                        "id": "configuration",
                        "pkg": [],
                        "repository": []
                      }
                    ]
                  }
                ]
              }
            ],
            "project": "swit-alpha",
            "reconciling": false,
            "revision_create_time": "2024-03-31T13:40:46.460176Z",
            "revision_id": "429442dc-2f21-40bc-97b0-7eafa0c5113c",
            "rollout": [
              {
                "disruption_budget": [
                  {
                    "fixed": 0,
                    "percent": 100
                  }
                ],
                "min_wait_duration": "0s"
              }
            ],
            "rollout_state": "SUCCEEDED",
            "skip_await_rollout": true,
            "timeouts": null,
            "uid": "e19afedf-cff7-4889-b68f-f669a5f21d93"
          },
          "sensitive_attributes": [],
          "private": "eyJlMmJmYjczMC1lY2FhLTExZTYtOGY4OC0zNDM2M2JjN2M0YzAiOnsiY3JlYXRlIjoxMjAwMDAwMDAwMDAwLCJkZWxldGUiOjEyMDAwMDAwMDAwMDAsInVwZGF0ZSI6MTIwMDAwMDAwMDAwMH19",
          "dependencies": [
            "module.os_policy.data.google_compute_zones.this",
            "module.os_policy.data.google_project.default"
          ]
        }
      ]
    }
  ],
  "check_results": null
}
