{
  "version": 4,
  "terraform_version": "1.5.7",
  "serial": 1059,
  "lineage": "6c524404-9309-28b6-5aff-6049ec736db4",
  "outputs": {},
  "resources": [
    {
      "module": "module.os_policy",
      "mode": "data",
      "type": "google_compute_zones",
      "name": "this",
      "provider": "provider[\"registry.terraform.io/hashicorp/google\"]",
      "instances": [
        {
          "index_key": "asia-northeast3",
          "schema_version": 0,
          "attributes": {
            "id": "projects/swit-alpha/regions/asia-northeast3",
            "names": [
              "asia-northeast3-a",
              "asia-northeast3-b",
              "asia-northeast3-c"
            ],
            "project": "swit-alpha",
            "region": "asia-northeast3",
            "status": null
          },
          "sensitive_attributes": []
        },
        {
          "index_key": "us-west1",
          "schema_version": 0,
          "attributes": {
            "id": "projects/swit-alpha/regions/us-west1",
            "names": [
              "us-west1-a",
              "us-west1-b",
              "us-west1-c"
            ],
            "project": "swit-alpha",
            "region": "us-west1",
            "status": null
          },
          "sensitive_attributes": []
        }
      ]
    },
    {
      "module": "module.os_policy",
      "mode": "data",
      "type": "google_project",
      "name": "default",
      "provider": "provider[\"registry.terraform.io/hashicorp/google\"]",
      "instances": [
        {
          "schema_version": 0,
          "attributes": {
            "auto_create_network": null,
            "billing_account": "01197D-D4ABFB-FF02C6",
            "effective_labels": {
              "target": "true"
            },
            "folder_id": "293253156891",
            "id": "projects/swit-alpha",
            "labels": {
              "target": "true"
            },
            "name": "swit-alpha",
            "number": "316604776272",
            "org_id": "",
            "project_id": "swit-alpha",
            "skip_delete": null,
            "terraform_labels": {
              "target": "true"
            }
          },
          "sensitive_attributes": []
        }
      ]
    },
    {
      "module": "module.os_policy",
      "mode": "managed",
      "type": "google_compute_project_metadata",
      "name": "default",
      "provider": "provider[\"registry.terraform.io/hashicorp/google\"]",
      "instances": [
        {
          "schema_version": 0,
          "attributes": {
            "id": "swit-alpha",
            "metadata": {
              "enable-os-inventory": "true",
              "enable-osconfig": "true",
              "enable-oslogin": "true"
            },
            "project": "swit-alpha",
            "timeouts": null
          },
          "sensitive_attributes": [],
          "private": "eyJlMmJmYjczMC1lY2FhLTExZTYtOGY4OC0zNDM2M2JjN2M0YzAiOnsiY3JlYXRlIjoyNDAwMDAwMDAwMDAsImRlbGV0ZSI6MjQwMDAwMDAwMDAwfX0=",
          "dependencies": [
            "module.os_policy.data.google_project.default"
          ]
        }
      ]
    },
    {
      "module": "module.os_policy",
      "mode": "managed",
      "type": "google_os_config_os_policy_assignment",
      "name": "history",
      "provider": "provider[\"registry.terraform.io/hashicorp/google\"]",
      "instances": [
        {
          "index_key": "asia-northeast3-a",
          "schema_version": 0,
          "attributes": {
            "baseline": false,
            "deleted": false,
            "description": "",
            "etag": "ff31d628-e1a4-4111-a9ef-4908a048f26d",
            "id": "projects/swit-alpha/locations/asia-northeast3-a/osPolicyAssignments/asia-northeast3-a-history",
            "instance_filter": [
              {
                "all": false,
                "exclusion_labels": [
                  {
                    "labels": {
                      "goog-gke-node": ""
                    }
                  },
                  {
                    "labels": {
                      "nat": ""
                    }
                  },
                  {
                    "labels": {
                      "serverless-vpc-access": "swit-alpha-serverless-uw1"
                    }
                  }
                ],
                "inclusion_labels": [],
                "inventories": []
              }
            ],
            "location": "asia-northeast3-a",
            "name": "asia-northeast3-a-history",
            "os_policies": [
              {
                "allow_no_resource_group_match": false,
                "description": "",
                "id": "history",
                "mode": "ENFORCEMENT",
                "resource_groups": [
                  {
                    "inventory_filters": [
                      {
                        "os_short_name": "debian",
                        "os_version": "10"
                      },
                      {
                        "os_short_name": "debian",
                        "os_version": "11"
                      },
                      {
                        "os_short_name": "debian",
                        "os_version": "12"
                      },
                      {
                        "os_short_name": "rocky",
                        "os_version": "8.*"
                      },
                      {
                        "os_short_name": "rocky",
                        "os_version": "9.*"
                      },
                      {
                        "os_short_name": "ubuntu",
                        "os_version": "20.04"
                      },
                      {
                        "os_short_name": "ubuntu",
                        "os_version": "22.04"
                      }
                    ],
                    "resources": [
                      {
                        "exec": [
                          {
                            "enforce": [
                              {
                                "args": [],
                                "file": [],
                                "interpreter": "SHELL",
                                "output_file_path": "",
                                "script": "cat \u003c\u003c EOF | sudo tee /etc/profile.d/history.sh\nfunction logging {\n  LOGGING_LAST_COMMAND=\\$(history 1 | sed 's/^[ ]*[0-9]*[ ]*//')\n  LOGGING_WHO=\\$(whoami)\n  logger -p local0.notice -t history \"\\$LOGGING_WHO COMMAND: \\$LOGGING_LAST_COMMAND\"\n}\n\nPROMPT_COMMAND=\"logging\"\nEOF\ncat \u003c\u003c EOF | sudo tee /etc/rsyslog.d/89-history.conf\nlocal0.notice /var/log/messages\nEOF\nsudo systemctl restart rsyslog\nif [ ! -f /var/log/messages ] ; then\n  sudo touch /var/log/messages\nfi\nsudo chown root:adm /var/log/messages\nsudo chmod 640 /var/log/messages\nexit 100\n"
                              }
                            ],
                            "validate": [
                              {
                                "args": [],
                                "file": [],
                                "interpreter": "SHELL",
                                "output_file_path": "",
                                "script": "if [ ! -f /etc/profile.d/history.sh ] ; then\n  exit 101\nelif [ \"$(sudo stat -c %a /etc/profile.d/history.sh)\" != \"644\" ] ; then\n  exit 101\nelif [ ! -f /etc/rsyslog.d/89-history.conf ] ; then\n  exit 101\nelif [ \"$(sudo stat -c %a /etc/rsyslog.d/89-history.conf)\" != \"644\" ] ; then\n  exit 101\nelse\n  exit 100\nfi\n"
                              }
                            ]
                          }
                        ],
                        "file": [],
                        "id": "configuration",
                        "pkg": [],
                        "repository": []
                      }
                    ]
                  }
                ]
              }
            ],
            "project": "swit-alpha",
            "reconciling": true,
            "revision_create_time": "2024-04-02T10:48:33.154375Z",
            "revision_id": "e562a1c0-645c-4933-9fac-6495b8656f01",
            "rollout": [
              {
                "disruption_budget": [
                  {
                    "fixed": 0,
                    "percent": 100
                  }
                ],
                "min_wait_duration": "0s"
              }
            ],
            "rollout_state": "IN_PROGRESS",
            "skip_await_rollout": true,
            "timeouts": null,
            "uid": "8580d1a0-6b66-4f04-966e-5edc47911745"
          },
          "sensitive_attributes": [],
          "private": "eyJlMmJmYjczMC1lY2FhLTExZTYtOGY4OC0zNDM2M2JjN2M0YzAiOnsiY3JlYXRlIjoxMjAwMDAwMDAwMDAwLCJkZWxldGUiOjEyMDAwMDAwMDAwMDAsInVwZGF0ZSI6MTIwMDAwMDAwMDAwMH19",
          "dependencies": [
            "module.os_policy.data.google_compute_zones.this",
            "module.os_policy.data.google_project.default"
          ]
        },
        {
          "index_key": "asia-northeast3-b",
          "schema_version": 0,
          "attributes": {
            "baseline": false,
            "deleted": false,
            "description": "",
            "etag": "579f115e-e800-43fa-a103-cc49b0f12b35",
            "id": "projects/swit-alpha/locations/asia-northeast3-b/osPolicyAssignments/asia-northeast3-b-history",
            "instance_filter": [
              {
                "all": false,
                "exclusion_labels": [
                  {
                    "labels": {
                      "goog-gke-node": ""
                    }
                  },
                  {
                    "labels": {
                      "nat": ""
                    }
                  },
                  {
                    "labels": {
                      "serverless-vpc-access": "swit-alpha-serverless-uw1"
                    }
                  }
                ],
                "inclusion_labels": [],
                "inventories": []
              }
            ],
            "location": "asia-northeast3-b",
            "name": "asia-northeast3-b-history",
            "os_policies": [
              {
                "allow_no_resource_group_match": false,
                "description": "",
                "id": "history",
                "mode": "ENFORCEMENT",
                "resource_groups": [
                  {
                    "inventory_filters": [
                      {
                        "os_short_name": "debian",
                        "os_version": "10"
                      },
                      {
                        "os_short_name": "debian",
                        "os_version": "11"
                      },
                      {
                        "os_short_name": "debian",
                        "os_version": "12"
                      },
                      {
                        "os_short_name": "rocky",
                        "os_version": "8.*"
                      },
                      {
                        "os_short_name": "rocky",
                        "os_version": "9.*"
                      },
                      {
                        "os_short_name": "ubuntu",
                        "os_version": "20.04"
                      },
                      {
                        "os_short_name": "ubuntu",
                        "os_version": "22.04"
                      }
                    ],
                    "resources": [
                      {
                        "exec": [
                          {
                            "enforce": [
                              {
                                "args": [],
                                "file": [],
                                "interpreter": "SHELL",
                                "output_file_path": "",
                                "script": "cat \u003c\u003c EOF | sudo tee /etc/profile.d/history.sh\nfunction logging {\n  LOGGING_LAST_COMMAND=\\$(history 1 | sed 's/^[ ]*[0-9]*[ ]*//')\n  LOGGING_WHO=\\$(whoami)\n  logger -p local0.notice -t history \"\\$LOGGING_WHO COMMAND: \\$LOGGING_LAST_COMMAND\"\n}\n\nPROMPT_COMMAND=\"logging\"\nEOF\ncat \u003c\u003c EOF | sudo tee /etc/rsyslog.d/89-history.conf\nlocal0.notice /var/log/messages\nEOF\nsudo systemctl restart rsyslog\nif [ ! -f /var/log/messages ] ; then\n  sudo touch /var/log/messages\nfi\nsudo chown root:adm /var/log/messages\nsudo chmod 640 /var/log/messages\nexit 100\n"
                              }
                            ],
                            "validate": [
                              {
                                "args": [],
                                "file": [],
                                "interpreter": "SHELL",
                                "output_file_path": "",
                                "script": "if [ ! -f /etc/profile.d/history.sh ] ; then\n  exit 101\nelif [ \"$(sudo stat -c %a /etc/profile.d/history.sh)\" != \"644\" ] ; then\n  exit 101\nelif [ ! -f /etc/rsyslog.d/89-history.conf ] ; then\n  exit 101\nelif [ \"$(sudo stat -c %a /etc/rsyslog.d/89-history.conf)\" != \"644\" ] ; then\n  exit 101\nelse\n  exit 100\nfi\n"
                              }
                            ]
                          }
                        ],
                        "file": [],
                        "id": "configuration",
                        "pkg": [],
                        "repository": []
                      }
                    ]
                  }
                ]
              }
            ],
            "project": "swit-alpha",
            "reconciling": true,
            "revision_create_time": "2024-04-02T10:48:33.311814Z",
            "revision_id": "8f41b60d-96c5-4dcd-98ce-eaec1e69b8e0",
            "rollout": [
              {
                "disruption_budget": [
                  {
                    "fixed": 0,
                    "percent": 100
                  }
                ],
                "min_wait_duration": "0s"
              }
            ],
            "rollout_state": "IN_PROGRESS",
            "skip_await_rollout": true,
            "timeouts": null,
            "uid": "3e7c67ba-7df2-4aa4-a6e9-892383ea0eb0"
          },
          "sensitive_attributes": [],
          "private": "eyJlMmJmYjczMC1lY2FhLTExZTYtOGY4OC0zNDM2M2JjN2M0YzAiOnsiY3JlYXRlIjoxMjAwMDAwMDAwMDAwLCJkZWxldGUiOjEyMDAwMDAwMDAwMDAsInVwZGF0ZSI6MTIwMDAwMDAwMDAwMH19",
          "dependencies": [
            "module.os_policy.data.google_compute_zones.this",
            "module.os_policy.data.google_project.default"
          ]
        },
        {
          "index_key": "asia-northeast3-c",
          "schema_version": 0,
          "attributes": {
            "baseline": false,
            "deleted": false,
            "description": "",
            "etag": "9c2d9bbc-5489-49ed-9807-03da2aa245f2",
            "id": "projects/swit-alpha/locations/asia-northeast3-c/osPolicyAssignments/asia-northeast3-c-history",
            "instance_filter": [
              {
                "all": false,
                "exclusion_labels": [
                  {
                    "labels": {
                      "goog-gke-node": ""
                    }
                  },
                  {
                    "labels": {
                      "nat": ""
                    }
                  },
                  {
                    "labels": {
                      "serverless-vpc-access": "swit-alpha-serverless-uw1"
                    }
                  }
                ],
                "inclusion_labels": [],
                "inventories": []
              }
            ],
            "location": "asia-northeast3-c",
            "name": "asia-northeast3-c-history",
            "os_policies": [
              {
                "allow_no_resource_group_match": false,
                "description": "",
                "id": "history",
                "mode": "ENFORCEMENT",
                "resource_groups": [
                  {
                    "inventory_filters": [
                      {
                        "os_short_name": "debian",
                        "os_version": "10"
                      },
                      {
                        "os_short_name": "debian",
                        "os_version": "11"
                      },
                      {
                        "os_short_name": "debian",
                        "os_version": "12"
                      },
                      {
                        "os_short_name": "rocky",
                        "os_version": "8.*"
                      },
                      {
                        "os_short_name": "rocky",
                        "os_version": "9.*"
                      },
                      {
                        "os_short_name": "ubuntu",
                        "os_version": "20.04"
                      },
                      {
                        "os_short_name": "ubuntu",
                        "os_version": "22.04"
                      }
                    ],
                    "resources": [
                      {
                        "exec": [
                          {
                            "enforce": [
                              {
                                "args": [],
                                "file": [],
                                "interpreter": "SHELL",
                                "output_file_path": "",
                                "script": "cat \u003c\u003c EOF | sudo tee /etc/profile.d/history.sh\nfunction logging {\n  LOGGING_LAST_COMMAND=\\$(history 1 | sed 's/^[ ]*[0-9]*[ ]*//')\n  LOGGING_WHO=\\$(whoami)\n  logger -p local0.notice -t history \"\\$LOGGING_WHO COMMAND: \\$LOGGING_LAST_COMMAND\"\n}\n\nPROMPT_COMMAND=\"logging\"\nEOF\ncat \u003c\u003c EOF | sudo tee /etc/rsyslog.d/89-history.conf\nlocal0.notice /var/log/messages\nEOF\nsudo systemctl restart rsyslog\nif [ ! -f /var/log/messages ] ; then\n  sudo touch /var/log/messages\nfi\nsudo chown root:adm /var/log/messages\nsudo chmod 640 /var/log/messages\nexit 100\n"
                              }
                            ],
                            "validate": [
                              {
                                "args": [],
                                "file": [],
                                "interpreter": "SHELL",
                                "output_file_path": "",
                                "script": "if [ ! -f /etc/profile.d/history.sh ] ; then\n  exit 101\nelif [ \"$(sudo stat -c %a /etc/profile.d/history.sh)\" != \"644\" ] ; then\n  exit 101\nelif [ ! -f /etc/rsyslog.d/89-history.conf ] ; then\n  exit 101\nelif [ \"$(sudo stat -c %a /etc/rsyslog.d/89-history.conf)\" != \"644\" ] ; then\n  exit 101\nelse\n  exit 100\nfi\n"
                              }
                            ]
                          }
                        ],
                        "file": [],
                        "id": "configuration",
                        "pkg": [],
                        "repository": []
                      }
                    ]
                  }
                ]
              }
            ],
            "project": "swit-alpha",
            "reconciling": true,
            "revision_create_time": "2024-04-02T10:48:32.460561Z",
            "revision_id": "9934df03-dc72-48ee-80ad-7cb70ae1e51b",
            "rollout": [
              {
                "disruption_budget": [
                  {
                    "fixed": 0,
                    "percent": 100
                  }
                ],
                "min_wait_duration": "0s"
              }
            ],
            "rollout_state": "IN_PROGRESS",
            "skip_await_rollout": true,
            "timeouts": null,
            "uid": "d2a8885d-3692-41b2-b6df-274ae54d7e49"
          },
          "sensitive_attributes": [],
          "private": "eyJlMmJmYjczMC1lY2FhLTExZTYtOGY4OC0zNDM2M2JjN2M0YzAiOnsiY3JlYXRlIjoxMjAwMDAwMDAwMDAwLCJkZWxldGUiOjEyMDAwMDAwMDAwMDAsInVwZGF0ZSI6MTIwMDAwMDAwMDAwMH19",
          "dependencies": [
            "module.os_policy.data.google_compute_zones.this",
            "module.os_policy.data.google_project.default"
          ]
        },
        {
          "index_key": "us-west1-a",
          "schema_version": 0,
          "attributes": {
            "baseline": false,
            "deleted": false,
            "description": "",
            "etag": "059d9f36-9501-4a8c-a2b7-f507fb06fc9b",
            "id": "projects/swit-alpha/locations/us-west1-a/osPolicyAssignments/us-west1-a-history",
            "instance_filter": [
              {
                "all": false,
                "exclusion_labels": [
                  {
                    "labels": {
                      "goog-gke-node": ""
                    }
                  },
                  {
                    "labels": {
                      "nat": ""
                    }
                  },
                  {
                    "labels": {
                      "serverless-vpc-access": "swit-alpha-serverless-uw1"
                    }
                  }
                ],
                "inclusion_labels": [],
                "inventories": []
              }
            ],
            "location": "us-west1-a",
            "name": "us-west1-a-history",
            "os_policies": [
              {
                "allow_no_resource_group_match": false,
                "description": "",
                "id": "history",
                "mode": "ENFORCEMENT",
                "resource_groups": [
                  {
                    "inventory_filters": [
                      {
                        "os_short_name": "debian",
                        "os_version": "10"
                      },
                      {
                        "os_short_name": "debian",
                        "os_version": "11"
                      },
                      {
                        "os_short_name": "debian",
                        "os_version": "12"
                      },
                      {
                        "os_short_name": "rocky",
                        "os_version": "8.*"
                      },
                      {
                        "os_short_name": "rocky",
                        "os_version": "9.*"
                      },
                      {
                        "os_short_name": "ubuntu",
                        "os_version": "20.04"
                      },
                      {
                        "os_short_name": "ubuntu",
                        "os_version": "22.04"
                      }
                    ],
                    "resources": [
                      {
                        "exec": [
                          {
                            "enforce": [
                              {
                                "args": [],
                                "file": [],
                                "interpreter": "SHELL",
                                "output_file_path": "",
                                "script": "cat \u003c\u003c EOF | sudo tee /etc/profile.d/history.sh\nfunction logging {\n  LOGGING_LAST_COMMAND=\\$(history 1 | sed 's/^[ ]*[0-9]*[ ]*//')\n  LOGGING_WHO=\\$(whoami)\n  logger -p local0.notice -t history \"\\$LOGGING_WHO COMMAND: \\$LOGGING_LAST_COMMAND\"\n}\n\nPROMPT_COMMAND=\"logging\"\nEOF\ncat \u003c\u003c EOF | sudo tee /etc/rsyslog.d/89-history.conf\nlocal0.notice /var/log/messages\nEOF\nsudo systemctl restart rsyslog\nif [ ! -f /var/log/messages ] ; then\n  sudo touch /var/log/messages\nfi\nsudo chown root:adm /var/log/messages\nsudo chmod 640 /var/log/messages\nexit 100\n"
                              }
                            ],
                            "validate": [
                              {
                                "args": [],
                                "file": [],
                                "interpreter": "SHELL",
                                "output_file_path": "",
                                "script": "if [ ! -f /etc/profile.d/history.sh ] ; then\n  exit 101\nelif [ \"$(sudo stat -c %a /etc/profile.d/history.sh)\" != \"644\" ] ; then\n  exit 101\nelif [ ! -f /etc/rsyslog.d/89-history.conf ] ; then\n  exit 101\nelif [ \"$(sudo stat -c %a /etc/rsyslog.d/89-history.conf)\" != \"644\" ] ; then\n  exit 101\nelse\n  exit 100\nfi\n"
                              }
                            ]
                          }
                        ],
                        "file": [],
                        "id": "configuration",
                        "pkg": [],
                        "repository": []
                      }
                    ]
                  }
                ]
              }
            ],
            "project": "swit-alpha",
            "reconciling": true,
            "revision_create_time": "2024-04-02T10:48:30.999967Z",
            "revision_id": "f1c7b731-c28a-4b86-b266-69bbc1f27ee6",
            "rollout": [
              {
                "disruption_budget": [
                  {
                    "fixed": 0,
                    "percent": 100
                  }
                ],
                "min_wait_duration": "0s"
              }
            ],
            "rollout_state": "IN_PROGRESS",
            "skip_await_rollout": true,
            "timeouts": null,
            "uid": "5fe08971-d368-4e0f-a86e-ce1976e3ff1e"
          },
          "sensitive_attributes": [],
          "private": "eyJlMmJmYjczMC1lY2FhLTExZTYtOGY4OC0zNDM2M2JjN2M0YzAiOnsiY3JlYXRlIjoxMjAwMDAwMDAwMDAwLCJkZWxldGUiOjEyMDAwMDAwMDAwMDAsInVwZGF0ZSI6MTIwMDAwMDAwMDAwMH19",
          "dependencies": [
            "module.os_policy.data.google_compute_zones.this",
            "module.os_policy.data.google_project.default"
          ]
        },
        {
          "index_key": "us-west1-b",
          "schema_version": 0,
          "attributes": {
            "baseline": false,
            "deleted": false,
            "description": "",
            "etag": "f61fb238-02b2-46ae-8d86-1bdb65946863",
            "id": "projects/swit-alpha/locations/us-west1-b/osPolicyAssignments/us-west1-b-history",
            "instance_filter": [
              {
                "all": false,
                "exclusion_labels": [
                  {
                    "labels": {
                      "goog-gke-node": ""
                    }
                  },
                  {
                    "labels": {
                      "nat": ""
                    }
                  },
                  {
                    "labels": {
                      "serverless-vpc-access": "swit-alpha-serverless-uw1"
                    }
                  }
                ],
                "inclusion_labels": [],
                "inventories": []
              }
            ],
            "location": "us-west1-b",
            "name": "us-west1-b-history",
            "os_policies": [
              {
                "allow_no_resource_group_match": false,
                "description": "",
                "id": "history",
                "mode": "ENFORCEMENT",
                "resource_groups": [
                  {
                    "inventory_filters": [
                      {
                        "os_short_name": "debian",
                        "os_version": "10"
                      },
                      {
                        "os_short_name": "debian",
                        "os_version": "11"
                      },
                      {
                        "os_short_name": "debian",
                        "os_version": "12"
                      },
                      {
                        "os_short_name": "rocky",
                        "os_version": "8.*"
                      },
                      {
                        "os_short_name": "rocky",
                        "os_version": "9.*"
                      },
                      {
                        "os_short_name": "ubuntu",
                        "os_version": "20.04"
                      },
                      {
                        "os_short_name": "ubuntu",
                        "os_version": "22.04"
                      }
                    ],
                    "resources": [
                      {
                        "exec": [
                          {
                            "enforce": [
                              {
                                "args": [],
                                "file": [],
                                "interpreter": "SHELL",
                                "output_file_path": "",
                                "script": "cat \u003c\u003c EOF | sudo tee /etc/profile.d/history.sh\nfunction logging {\n  LOGGING_LAST_COMMAND=\\$(history 1 | sed 's/^[ ]*[0-9]*[ ]*//')\n  LOGGING_WHO=\\$(whoami)\n  logger -p local0.notice -t history \"\\$LOGGING_WHO COMMAND: \\$LOGGING_LAST_COMMAND\"\n}\n\nPROMPT_COMMAND=\"logging\"\nEOF\ncat \u003c\u003c EOF | sudo tee /etc/rsyslog.d/89-history.conf\nlocal0.notice /var/log/messages\nEOF\nsudo systemctl restart rsyslog\nif [ ! -f /var/log/messages ] ; then\n  sudo touch /var/log/messages\nfi\nsudo chown root:adm /var/log/messages\nsudo chmod 640 /var/log/messages\nexit 100\n"
                              }
                            ],
                            "validate": [
                              {
                                "args": [],
                                "file": [],
                                "interpreter": "SHELL",
                                "output_file_path": "",
                                "script": "if [ ! -f /etc/profile.d/history.sh ] ; then\n  exit 101\nelif [ \"$(sudo stat -c %a /etc/profile.d/history.sh)\" != \"644\" ] ; then\n  exit 101\nelif [ ! -f /etc/rsyslog.d/89-history.conf ] ; then\n  exit 101\nelif [ \"$(sudo stat -c %a /etc/rsyslog.d/89-history.conf)\" != \"644\" ] ; then\n  exit 101\nelse\n  exit 100\nfi\n"
                              }
                            ]
                          }
                        ],
                        "file": [],
                        "id": "configuration",
                        "pkg": [],
                        "repository": []
                      }
                    ]
                  }
                ]
              }
            ],
            "project": "swit-alpha",
            "reconciling": true,
            "revision_create_time": "2024-04-02T10:48:33.198059Z",
            "revision_id": "4f1862d6-df4b-4044-80e6-0465748191ca",
            "rollout": [
              {
                "disruption_budget": [
                  {
                    "fixed": 0,
                    "percent": 100
                  }
                ],
                "min_wait_duration": "0s"
              }
            ],
            "rollout_state": "IN_PROGRESS",
            "skip_await_rollout": true,
            "timeouts": null,
            "uid": "2205ed98-c566-44d4-832d-98ad5ad889b7"
          },
          "sensitive_attributes": [],
          "private": "eyJlMmJmYjczMC1lY2FhLTExZTYtOGY4OC0zNDM2M2JjN2M0YzAiOnsiY3JlYXRlIjoxMjAwMDAwMDAwMDAwLCJkZWxldGUiOjEyMDAwMDAwMDAwMDAsInVwZGF0ZSI6MTIwMDAwMDAwMDAwMH19",
          "dependencies": [
            "module.os_policy.data.google_compute_zones.this",
            "module.os_policy.data.google_project.default"
          ]
        },
        {
          "index_key": "us-west1-c",
          "schema_version": 0,
          "attributes": {
            "baseline": false,
            "deleted": false,
            "description": "",
            "etag": "9ffab4ed-f0e6-432d-a18b-0f8f83e94c89",
            "id": "projects/swit-alpha/locations/us-west1-c/osPolicyAssignments/us-west1-c-history",
            "instance_filter": [
              {
                "all": false,
                "exclusion_labels": [
                  {
                    "labels": {
                      "goog-gke-node": ""
                    }
                  },
                  {
                    "labels": {
                      "nat": ""
                    }
                  },
                  {
                    "labels": {
                      "serverless-vpc-access": "swit-alpha-serverless-uw1"
                    }
                  }
                ],
                "inclusion_labels": [],
                "inventories": []
              }
            ],
            "location": "us-west1-c",
            "name": "us-west1-c-history",
            "os_policies": [
              {
                "allow_no_resource_group_match": false,
                "description": "",
                "id": "history",
                "mode": "ENFORCEMENT",
                "resource_groups": [
                  {
                    "inventory_filters": [
                      {
                        "os_short_name": "debian",
                        "os_version": "10"
                      },
                      {
                        "os_short_name": "debian",
                        "os_version": "11"
                      },
                      {
                        "os_short_name": "debian",
                        "os_version": "12"
                      },
                      {
                        "os_short_name": "rocky",
                        "os_version": "8.*"
                      },
                      {
                        "os_short_name": "rocky",
                        "os_version": "9.*"
                      },
                      {
                        "os_short_name": "ubuntu",
                        "os_version": "20.04"
                      },
                      {
                        "os_short_name": "ubuntu",
                        "os_version": "22.04"
                      }
                    ],
                    "resources": [
                      {
                        "exec": [
                          {
                            "enforce": [
                              {
                                "args": [],
                                "file": [],
                                "interpreter": "SHELL",
                                "output_file_path": "",
                                "script": "cat \u003c\u003c EOF | sudo tee /etc/profile.d/history.sh\nfunction logging {\n  LOGGING_LAST_COMMAND=\\$(history 1 | sed 's/^[ ]*[0-9]*[ ]*//')\n  LOGGING_WHO=\\$(whoami)\n  logger -p local0.notice -t history \"\\$LOGGING_WHO COMMAND: \\$LOGGING_LAST_COMMAND\"\n}\n\nPROMPT_COMMAND=\"logging\"\nEOF\ncat \u003c\u003c EOF | sudo tee /etc/rsyslog.d/89-history.conf\nlocal0.notice /var/log/messages\nEOF\nsudo systemctl restart rsyslog\nif [ ! -f /var/log/messages ] ; then\n  sudo touch /var/log/messages\nfi\nsudo chown root:adm /var/log/messages\nsudo chmod 640 /var/log/messages\nexit 100\n"
                              }
                            ],
                            "validate": [
                              {
                                "args": [],
                                "file": [],
                                "interpreter": "SHELL",
                                "output_file_path": "",
                                "script": "if [ ! -f /etc/profile.d/history.sh ] ; then\n  exit 101\nelif [ \"$(sudo stat -c %a /etc/profile.d/history.sh)\" != \"644\" ] ; then\n  exit 101\nelif [ ! -f /etc/rsyslog.d/89-history.conf ] ; then\n  exit 101\nelif [ \"$(sudo stat -c %a /etc/rsyslog.d/89-history.conf)\" != \"644\" ] ; then\n  exit 101\nelse\n  exit 100\nfi\n"
                              }
                            ]
                          }
                        ],
                        "file": [],
                        "id": "configuration",
                        "pkg": [],
                        "repository": []
                      }
                    ]
                  }
                ]
              }
            ],
            "project": "swit-alpha",
            "reconciling": true,
            "revision_create_time": "2024-04-02T10:48:34.447409Z",
            "revision_id": "7d17bf0a-f22e-48eb-a872-e0ea13efed41",
            "rollout": [
              {
                "disruption_budget": [
                  {
                    "fixed": 0,
                    "percent": 100
                  }
                ],
                "min_wait_duration": "0s"
              }
            ],
            "rollout_state": "IN_PROGRESS",
            "skip_await_rollout": true,
            "timeouts": null,
            "uid": "cdbe8b80-5af0-4bbe-b5de-178c2a34e998"
          },
          "sensitive_attributes": [],
          "private": "eyJlMmJmYjczMC1lY2FhLTExZTYtOGY4OC0zNDM2M2JjN2M0YzAiOnsiY3JlYXRlIjoxMjAwMDAwMDAwMDAwLCJkZWxldGUiOjEyMDAwMDAwMDAwMDAsInVwZGF0ZSI6MTIwMDAwMDAwMDAwMH19",
          "dependencies": [
            "module.os_policy.data.google_compute_zones.this",
            "module.os_policy.data.google_project.default"
          ]
        }
      ]
    },
    {
      "module": "module.os_policy",
      "mode": "managed",
      "type": "google_os_config_os_policy_assignment",
      "name": "hostname",
      "provider": "provider[\"registry.terraform.io/hashicorp/google\"]",
      "instances": [
        {
          "index_key": "asia-northeast3-a",
          "schema_version": 0,
          "attributes": {
            "baseline": false,
            "deleted": false,
            "description": "",
            "etag": "34463955-1227-4792-96de-3c28df2f9bbc",
            "id": "projects/swit-alpha/locations/asia-northeast3-a/osPolicyAssignments/asia-northeast3-a-hostname",
            "instance_filter": [
              {
                "all": false,
                "exclusion_labels": [
                  {
                    "labels": {
                      "goog-gke-node": ""
                    }
                  },
                  {
                    "labels": {
                      "nat": ""
                    }
                  },
                  {
                    "labels": {
                      "serverless-vpc-access": "swit-alpha-serverless-uw1"
                    }
                  }
                ],
                "inclusion_labels": [],
                "inventories": []
              }
            ],
            "location": "asia-northeast3-a",
            "name": "asia-northeast3-a-hostname",
            "os_policies": [
              {
                "allow_no_resource_group_match": false,
                "description": "",
                "id": "hostname",
                "mode": "ENFORCEMENT",
                "resource_groups": [
                  {
                    "inventory_filters": [
                      {
                        "os_short_name": "debian",
                        "os_version": "10"
                      },
                      {
                        "os_short_name": "debian",
                        "os_version": "11"
                      },
                      {
                        "os_short_name": "debian",
                        "os_version": "12"
                      },
                      {
                        "os_short_name": "rocky",
                        "os_version": "8.*"
                      },
                      {
                        "os_short_name": "rocky",
                        "os_version": "9.*"
                      },
                      {
                        "os_short_name": "ubuntu",
                        "os_version": "20.04"
                      },
                      {
                        "os_short_name": "ubuntu",
                        "os_version": "22.04"
                      }
                    ],
                    "resources": [
                      {
                        "exec": [
                          {
                            "enforce": [
                              {
                                "args": [],
                                "file": [],
                                "interpreter": "SHELL",
                                "output_file_path": "",
                                "script": "METADATA_HOSTNAME=$(curl -H \"Metadata-Flavor: Google\" \"http://metadata.google.internal/computeMetadata/v1/instance/name\")\nsudo hostnamectl set-hostname \"$METADATA_HOSTNAME\"\nexit 100\n"
                              }
                            ],
                            "validate": [
                              {
                                "args": [],
                                "file": [],
                                "interpreter": "SHELL",
                                "output_file_path": "",
                                "script": "METADATA_HOSTNAME=$(curl -H \"Metadata-Flavor: Google\" \"http://metadata.google.internal/computeMetadata/v1/instance/name\")\nHOSTNAME=$(hostname)\nif [ \"$METADATA_HOSTNAME\" != \"$HOSTNAME\" ] ; then\n  exit 101\nelse\n  exit 100\nfi\n"
                              }
                            ]
                          }
                        ],
                        "file": [],
                        "id": "configuration",
                        "pkg": [],
                        "repository": []
                      }
                    ]
                  }
                ]
              }
            ],
            "project": "swit-alpha",
            "reconciling": true,
            "revision_create_time": "2024-04-02T10:48:31.082620Z",
            "revision_id": "a603cd00-0992-4fdc-85e7-e459ea9ec840",
            "rollout": [
              {
                "disruption_budget": [
                  {
                    "fixed": 0,
                    "percent": 100
                  }
                ],
                "min_wait_duration": "0s"
              }
            ],
            "rollout_state": "IN_PROGRESS",
            "skip_await_rollout": true,
            "timeouts": null,
            "uid": "ce1b8b05-0360-4b3e-8537-8dccdbebd084"
          },
          "sensitive_attributes": [],
          "private": "eyJlMmJmYjczMC1lY2FhLTExZTYtOGY4OC0zNDM2M2JjN2M0YzAiOnsiY3JlYXRlIjoxMjAwMDAwMDAwMDAwLCJkZWxldGUiOjEyMDAwMDAwMDAwMDAsInVwZGF0ZSI6MTIwMDAwMDAwMDAwMH19",
          "dependencies": [
            "module.os_policy.data.google_compute_zones.this",
            "module.os_policy.data.google_project.default"
          ]
        },
        {
          "index_key": "asia-northeast3-b",
          "schema_version": 0,
          "attributes": {
            "baseline": false,
            "deleted": false,
            "description": "",
            "etag": "c87d7feb-98e3-44f0-be0a-8bf46db06c05",
            "id": "projects/swit-alpha/locations/asia-northeast3-b/osPolicyAssignments/asia-northeast3-b-hostname",
            "instance_filter": [
              {
                "all": false,
                "exclusion_labels": [
                  {
                    "labels": {
                      "goog-gke-node": ""
                    }
                  },
                  {
                    "labels": {
                      "nat": ""
                    }
                  },
                  {
                    "labels": {
                      "serverless-vpc-access": "swit-alpha-serverless-uw1"
                    }
                  }
                ],
                "inclusion_labels": [],
                "inventories": []
              }
            ],
            "location": "asia-northeast3-b",
            "name": "asia-northeast3-b-hostname",
            "os_policies": [
              {
                "allow_no_resource_group_match": false,
                "description": "",
                "id": "hostname",
                "mode": "ENFORCEMENT",
                "resource_groups": [
                  {
                    "inventory_filters": [
                      {
                        "os_short_name": "debian",
                        "os_version": "10"
                      },
                      {
                        "os_short_name": "debian",
                        "os_version": "11"
                      },
                      {
                        "os_short_name": "debian",
                        "os_version": "12"
                      },
                      {
                        "os_short_name": "rocky",
                        "os_version": "8.*"
                      },
                      {
                        "os_short_name": "rocky",
                        "os_version": "9.*"
                      },
                      {
                        "os_short_name": "ubuntu",
                        "os_version": "20.04"
                      },
                      {
                        "os_short_name": "ubuntu",
                        "os_version": "22.04"
                      }
                    ],
                    "resources": [
                      {
                        "exec": [
                          {
                            "enforce": [
                              {
                                "args": [],
                                "file": [],
                                "interpreter": "SHELL",
                                "output_file_path": "",
                                "script": "METADATA_HOSTNAME=$(curl -H \"Metadata-Flavor: Google\" \"http://metadata.google.internal/computeMetadata/v1/instance/name\")\nsudo hostnamectl set-hostname \"$METADATA_HOSTNAME\"\nexit 100\n"
                              }
                            ],
                            "validate": [
                              {
                                "args": [],
                                "file": [],
                                "interpreter": "SHELL",
                                "output_file_path": "",
                                "script": "METADATA_HOSTNAME=$(curl -H \"Metadata-Flavor: Google\" \"http://metadata.google.internal/computeMetadata/v1/instance/name\")\nHOSTNAME=$(hostname)\nif [ \"$METADATA_HOSTNAME\" != \"$HOSTNAME\" ] ; then\n  exit 101\nelse\n  exit 100\nfi\n"
                              }
                            ]
                          }
                        ],
                        "file": [],
                        "id": "configuration",
                        "pkg": [],
                        "repository": []
                      }
                    ]
                  }
                ]
              }
            ],
            "project": "swit-alpha",
            "reconciling": true,
            "revision_create_time": "2024-04-02T10:48:29.576287Z",
            "revision_id": "4daf197f-c164-42e0-b2dc-96bd6df8ae38",
            "rollout": [
              {
                "disruption_budget": [
                  {
                    "fixed": 0,
                    "percent": 100
                  }
                ],
                "min_wait_duration": "0s"
              }
            ],
            "rollout_state": "IN_PROGRESS",
            "skip_await_rollout": true,
            "timeouts": null,
            "uid": "73286184-75c2-45c8-b953-efb98d85d767"
          },
          "sensitive_attributes": [],
          "private": "eyJlMmJmYjczMC1lY2FhLTExZTYtOGY4OC0zNDM2M2JjN2M0YzAiOnsiY3JlYXRlIjoxMjAwMDAwMDAwMDAwLCJkZWxldGUiOjEyMDAwMDAwMDAwMDAsInVwZGF0ZSI6MTIwMDAwMDAwMDAwMH19",
          "dependencies": [
            "module.os_policy.data.google_compute_zones.this",
            "module.os_policy.data.google_project.default"
          ]
        },
        {
          "index_key": "asia-northeast3-c",
          "schema_version": 0,
          "attributes": {
            "baseline": false,
            "deleted": false,
            "description": "",
            "etag": "31bf6d87-c012-4642-a61e-48cb8a875f89",
            "id": "projects/swit-alpha/locations/asia-northeast3-c/osPolicyAssignments/asia-northeast3-c-hostname",
            "instance_filter": [
              {
                "all": false,
                "exclusion_labels": [
                  {
                    "labels": {
                      "goog-gke-node": ""
                    }
                  },
                  {
                    "labels": {
                      "nat": ""
                    }
                  },
                  {
                    "labels": {
                      "serverless-vpc-access": "swit-alpha-serverless-uw1"
                    }
                  }
                ],
                "inclusion_labels": [],
                "inventories": []
              }
            ],
            "location": "asia-northeast3-c",
            "name": "asia-northeast3-c-hostname",
            "os_policies": [
              {
                "allow_no_resource_group_match": false,
                "description": "",
                "id": "hostname",
                "mode": "ENFORCEMENT",
                "resource_groups": [
                  {
                    "inventory_filters": [
                      {
                        "os_short_name": "debian",
                        "os_version": "10"
                      },
                      {
                        "os_short_name": "debian",
                        "os_version": "11"
                      },
                      {
                        "os_short_name": "debian",
                        "os_version": "12"
                      },
                      {
                        "os_short_name": "rocky",
                        "os_version": "8.*"
                      },
                      {
                        "os_short_name": "rocky",
                        "os_version": "9.*"
                      },
                      {
                        "os_short_name": "ubuntu",
                        "os_version": "20.04"
                      },
                      {
                        "os_short_name": "ubuntu",
                        "os_version": "22.04"
                      }
                    ],
                    "resources": [
                      {
                        "exec": [
                          {
                            "enforce": [
                              {
                                "args": [],
                                "file": [],
                                "interpreter": "SHELL",
                                "output_file_path": "",
                                "script": "METADATA_HOSTNAME=$(curl -H \"Metadata-Flavor: Google\" \"http://metadata.google.internal/computeMetadata/v1/instance/name\")\nsudo hostnamectl set-hostname \"$METADATA_HOSTNAME\"\nexit 100\n"
                              }
                            ],
                            "validate": [
                              {
                                "args": [],
                                "file": [],
                                "interpreter": "SHELL",
                                "output_file_path": "",
                                "script": "METADATA_HOSTNAME=$(curl -H \"Metadata-Flavor: Google\" \"http://metadata.google.internal/computeMetadata/v1/instance/name\")\nHOSTNAME=$(hostname)\nif [ \"$METADATA_HOSTNAME\" != \"$HOSTNAME\" ] ; then\n  exit 101\nelse\n  exit 100\nfi\n"
                              }
                            ]
                          }
                        ],
                        "file": [],
                        "id": "configuration",
                        "pkg": [],
                        "repository": []
                      }
                    ]
                  }
                ]
              }
            ],
            "project": "swit-alpha",
            "reconciling": true,
            "revision_create_time": "2024-04-02T10:48:33.317653Z",
            "revision_id": "c33a9e39-c4f2-40f8-aada-9065def69823",
            "rollout": [
              {
                "disruption_budget": [
                  {
                    "fixed": 0,
                    "percent": 100
                  }
                ],
                "min_wait_duration": "0s"
              }
            ],
            "rollout_state": "IN_PROGRESS",
            "skip_await_rollout": true,
            "timeouts": null,
            "uid": "fb5c089e-b5e4-4d92-94e0-8f81d18916bd"
          },
          "sensitive_attributes": [],
          "private": "eyJlMmJmYjczMC1lY2FhLTExZTYtOGY4OC0zNDM2M2JjN2M0YzAiOnsiY3JlYXRlIjoxMjAwMDAwMDAwMDAwLCJkZWxldGUiOjEyMDAwMDAwMDAwMDAsInVwZGF0ZSI6MTIwMDAwMDAwMDAwMH19",
          "dependencies": [
            "module.os_policy.data.google_compute_zones.this",
            "module.os_policy.data.google_project.default"
          ]
        },
        {
          "index_key": "us-west1-a",
          "schema_version": 0,
          "attributes": {
            "baseline": false,
            "deleted": false,
            "description": "",
            "etag": "5715307e-0666-4950-837c-04b13517d487",
            "id": "projects/swit-alpha/locations/us-west1-a/osPolicyAssignments/us-west1-a-hostname",
            "instance_filter": [
              {
                "all": false,
                "exclusion_labels": [
                  {
                    "labels": {
                      "goog-gke-node": ""
                    }
                  },
                  {
                    "labels": {
                      "nat": ""
                    }
                  },
                  {
                    "labels": {
                      "serverless-vpc-access": "swit-alpha-serverless-uw1"
                    }
                  }
                ],
                "inclusion_labels": [],
                "inventories": []
              }
            ],
            "location": "us-west1-a",
            "name": "us-west1-a-hostname",
            "os_policies": [
              {
                "allow_no_resource_group_match": false,
                "description": "",
                "id": "hostname",
                "mode": "ENFORCEMENT",
                "resource_groups": [
                  {
                    "inventory_filters": [
                      {
                        "os_short_name": "debian",
                        "os_version": "10"
                      },
                      {
                        "os_short_name": "debian",
                        "os_version": "11"
                      },
                      {
                        "os_short_name": "debian",
                        "os_version": "12"
                      },
                      {
                        "os_short_name": "rocky",
                        "os_version": "8.*"
                      },
                      {
                        "os_short_name": "rocky",
                        "os_version": "9.*"
                      },
                      {
                        "os_short_name": "ubuntu",
                        "os_version": "20.04"
                      },
                      {
                        "os_short_name": "ubuntu",
                        "os_version": "22.04"
                      }
                    ],
                    "resources": [
                      {
                        "exec": [
                          {
                            "enforce": [
                              {
                                "args": [],
                                "file": [],
                                "interpreter": "SHELL",
                                "output_file_path": "",
                                "script": "METADATA_HOSTNAME=$(curl -H \"Metadata-Flavor: Google\" \"http://metadata.google.internal/computeMetadata/v1/instance/name\")\nsudo hostnamectl set-hostname \"$METADATA_HOSTNAME\"\nexit 100\n"
                              }
                            ],
                            "validate": [
                              {
                                "args": [],
                                "file": [],
                                "interpreter": "SHELL",
                                "output_file_path": "",
                                "script": "METADATA_HOSTNAME=$(curl -H \"Metadata-Flavor: Google\" \"http://metadata.google.internal/computeMetadata/v1/instance/name\")\nHOSTNAME=$(hostname)\nif [ \"$METADATA_HOSTNAME\" != \"$HOSTNAME\" ] ; then\n  exit 101\nelse\n  exit 100\nfi\n"
                              }
                            ]
                          }
                        ],
                        "file": [],
                        "id": "configuration",
                        "pkg": [],
                        "repository": []
                      }
                    ]
                  }
                ]
              }
            ],
            "project": "swit-alpha",
            "reconciling": true,
            "revision_create_time": "2024-04-02T10:48:32.394221Z",
            "revision_id": "a9b4f6fd-1da7-497c-933c-87119e923e1e",
            "rollout": [
              {
                "disruption_budget": [
                  {
                    "fixed": 0,
                    "percent": 100
                  }
                ],
                "min_wait_duration": "0s"
              }
            ],
            "rollout_state": "IN_PROGRESS",
            "skip_await_rollout": true,
            "timeouts": null,
            "uid": "084e101d-7619-420e-a543-ecce251bfbc3"
          },
          "sensitive_attributes": [],
          "private": "eyJlMmJmYjczMC1lY2FhLTExZTYtOGY4OC0zNDM2M2JjN2M0YzAiOnsiY3JlYXRlIjoxMjAwMDAwMDAwMDAwLCJkZWxldGUiOjEyMDAwMDAwMDAwMDAsInVwZGF0ZSI6MTIwMDAwMDAwMDAwMH19",
          "dependencies": [
            "module.os_policy.data.google_compute_zones.this",
            "module.os_policy.data.google_project.default"
          ]
        },
        {
          "index_key": "us-west1-b",
          "schema_version": 0,
          "attributes": {
            "baseline": false,
            "deleted": false,
            "description": "",
            "etag": "25b81bde-6bea-487a-bd80-d1a9d74f3e44",
            "id": "projects/swit-alpha/locations/us-west1-b/osPolicyAssignments/us-west1-b-hostname",
            "instance_filter": [
              {
                "all": false,
                "exclusion_labels": [
                  {
                    "labels": {
                      "goog-gke-node": ""
                    }
                  },
                  {
                    "labels": {
                      "nat": ""
                    }
                  },
                  {
                    "labels": {
                      "serverless-vpc-access": "swit-alpha-serverless-uw1"
                    }
                  }
                ],
                "inclusion_labels": [],
                "inventories": []
              }
            ],
            "location": "us-west1-b",
            "name": "us-west1-b-hostname",
            "os_policies": [
              {
                "allow_no_resource_group_match": false,
                "description": "",
                "id": "hostname",
                "mode": "ENFORCEMENT",
                "resource_groups": [
                  {
                    "inventory_filters": [
                      {
                        "os_short_name": "debian",
                        "os_version": "10"
                      },
                      {
                        "os_short_name": "debian",
                        "os_version": "11"
                      },
                      {
                        "os_short_name": "debian",
                        "os_version": "12"
                      },
                      {
                        "os_short_name": "rocky",
                        "os_version": "8.*"
                      },
                      {
                        "os_short_name": "rocky",
                        "os_version": "9.*"
                      },
                      {
                        "os_short_name": "ubuntu",
                        "os_version": "20.04"
                      },
                      {
                        "os_short_name": "ubuntu",
                        "os_version": "22.04"
                      }
                    ],
                    "resources": [
                      {
                        "exec": [
                          {
                            "enforce": [
                              {
                                "args": [],
                                "file": [],
                                "interpreter": "SHELL",
                                "output_file_path": "",
                                "script": "METADATA_HOSTNAME=$(curl -H \"Metadata-Flavor: Google\" \"http://metadata.google.internal/computeMetadata/v1/instance/name\")\nsudo hostnamectl set-hostname \"$METADATA_HOSTNAME\"\nexit 100\n"
                              }
                            ],
                            "validate": [
                              {
                                "args": [],
                                "file": [],
                                "interpreter": "SHELL",
                                "output_file_path": "",
                                "script": "METADATA_HOSTNAME=$(curl -H \"Metadata-Flavor: Google\" \"http://metadata.google.internal/computeMetadata/v1/instance/name\")\nHOSTNAME=$(hostname)\nif [ \"$METADATA_HOSTNAME\" != \"$HOSTNAME\" ] ; then\n  exit 101\nelse\n  exit 100\nfi\n"
                              }
                            ]
                          }
                        ],
                        "file": [],
                        "id": "configuration",
                        "pkg": [],
                        "repository": []
                      }
                    ]
                  }
                ]
              }
            ],
            "project": "swit-alpha",
            "reconciling": true,
            "revision_create_time": "2024-04-02T10:48:34.127001Z",
            "revision_id": "9a50391a-a73f-4401-9e8c-4dfbdd56bb0e",
            "rollout": [
              {
                "disruption_budget": [
                  {
                    "fixed": 0,
                    "percent": 100
                  }
                ],
                "min_wait_duration": "0s"
              }
            ],
            "rollout_state": "IN_PROGRESS",
            "skip_await_rollout": true,
            "timeouts": null,
            "uid": "638be161-b945-41f3-bb49-82c37f18fda5"
          },
          "sensitive_attributes": [],
          "private": "eyJlMmJmYjczMC1lY2FhLTExZTYtOGY4OC0zNDM2M2JjN2M0YzAiOnsiY3JlYXRlIjoxMjAwMDAwMDAwMDAwLCJkZWxldGUiOjEyMDAwMDAwMDAwMDAsInVwZGF0ZSI6MTIwMDAwMDAwMDAwMH19",
          "dependencies": [
            "module.os_policy.data.google_compute_zones.this",
            "module.os_policy.data.google_project.default"
          ]
        },
        {
          "index_key": "us-west1-c",
          "schema_version": 0,
          "attributes": {
            "baseline": false,
            "deleted": false,
            "description": "",
            "etag": "546f885c-0399-4491-9174-79bc9ec8336a",
            "id": "projects/swit-alpha/locations/us-west1-c/osPolicyAssignments/us-west1-c-hostname",
            "instance_filter": [
              {
                "all": false,
                "exclusion_labels": [
                  {
                    "labels": {
                      "goog-gke-node": ""
                    }
                  },
                  {
                    "labels": {
                      "nat": ""
                    }
                  },
                  {
                    "labels": {
                      "serverless-vpc-access": "swit-alpha-serverless-uw1"
                    }
                  }
                ],
                "inclusion_labels": [],
                "inventories": []
              }
            ],
            "location": "us-west1-c",
            "name": "us-west1-c-hostname",
            "os_policies": [
              {
                "allow_no_resource_group_match": false,
                "description": "",
                "id": "hostname",
                "mode": "ENFORCEMENT",
                "resource_groups": [
                  {
                    "inventory_filters": [
                      {
                        "os_short_name": "debian",
                        "os_version": "10"
                      },
                      {
                        "os_short_name": "debian",
                        "os_version": "11"
                      },
                      {
                        "os_short_name": "debian",
                        "os_version": "12"
                      },
                      {
                        "os_short_name": "rocky",
                        "os_version": "8.*"
                      },
                      {
                        "os_short_name": "rocky",
                        "os_version": "9.*"
                      },
                      {
                        "os_short_name": "ubuntu",
                        "os_version": "20.04"
                      },
                      {
                        "os_short_name": "ubuntu",
                        "os_version": "22.04"
                      }
                    ],
                    "resources": [
                      {
                        "exec": [
                          {
                            "enforce": [
                              {
                                "args": [],
                                "file": [],
                                "interpreter": "SHELL",
                                "output_file_path": "",
                                "script": "METADATA_HOSTNAME=$(curl -H \"Metadata-Flavor: Google\" \"http://metadata.google.internal/computeMetadata/v1/instance/name\")\nsudo hostnamectl set-hostname \"$METADATA_HOSTNAME\"\nexit 100\n"
                              }
                            ],
                            "validate": [
                              {
                                "args": [],
                                "file": [],
                                "interpreter": "SHELL",
                                "output_file_path": "",
                                "script": "METADATA_HOSTNAME=$(curl -H \"Metadata-Flavor: Google\" \"http://metadata.google.internal/computeMetadata/v1/instance/name\")\nHOSTNAME=$(hostname)\nif [ \"$METADATA_HOSTNAME\" != \"$HOSTNAME\" ] ; then\n  exit 101\nelse\n  exit 100\nfi\n"
                              }
                            ]
                          }
                        ],
                        "file": [],
                        "id": "configuration",
                        "pkg": [],
                        "repository": []
                      }
                    ]
                  }
                ]
              }
            ],
            "project": "swit-alpha",
            "reconciling": true,
            "revision_create_time": "2024-04-02T10:48:34.259985Z",
            "revision_id": "5b7b1021-57ad-45ac-8dc8-c6a65eb35a30",
            "rollout": [
              {
                "disruption_budget": [
                  {
                    "fixed": 0,
                    "percent": 100
                  }
                ],
                "min_wait_duration": "0s"
              }
            ],
            "rollout_state": "IN_PROGRESS",
            "skip_await_rollout": true,
            "timeouts": null,
            "uid": "e5753a5b-359d-47f9-8297-c9539c647549"
          },
          "sensitive_attributes": [],
          "private": "eyJlMmJmYjczMC1lY2FhLTExZTYtOGY4OC0zNDM2M2JjN2M0YzAiOnsiY3JlYXRlIjoxMjAwMDAwMDAwMDAwLCJkZWxldGUiOjEyMDAwMDAwMDAwMDAsInVwZGF0ZSI6MTIwMDAwMDAwMDAwMH19",
          "dependencies": [
            "module.os_policy.data.google_compute_zones.this",
            "module.os_policy.data.google_project.default"
          ]
        }
      ]
    },
    {
      "module": "module.os_policy",
      "mode": "managed",
      "type": "google_os_config_os_policy_assignment",
      "name": "inspection",
      "provider": "provider[\"registry.terraform.io/hashicorp/google\"]",
      "instances": [
        {
          "index_key": "asia-northeast3-a",
          "schema_version": 0,
          "attributes": {
            "baseline": false,
            "deleted": false,
            "description": "",
            "etag": "7b549789-b3ac-471b-9fb3-b2827b554fae",
            "id": "projects/swit-alpha/locations/asia-northeast3-a/osPolicyAssignments/asia-northeast3-a-inspection",
            "instance_filter": [
              {
                "all": false,
                "exclusion_labels": [
                  {
                    "labels": {
                      "goog-gke-node": ""
                    }
                  },
                  {
                    "labels": {
                      "nat": ""
                    }
                  },
                  {
                    "labels": {
                      "serverless-vpc-access": "swit-alpha-serverless-uw1"
                    }
                  }
                ],
                "inclusion_labels": [],
                "inventories": []
              }
            ],
            "location": "asia-northeast3-a",
            "name": "asia-northeast3-a-inspection",
            "os_policies": [
              {
                "allow_no_resource_group_match": false,
                "description": "",
                "id": "inspection",
                "mode": "ENFORCEMENT",
                "resource_groups": [
                  {
                    "inventory_filters": [
                      {
                        "os_short_name": "debian",
                        "os_version": "10"
                      },
                      {
                        "os_short_name": "debian",
                        "os_version": "11"
                      },
                      {
                        "os_short_name": "debian",
                        "os_version": "12"
                      },
                      {
                        "os_short_name": "rocky",
                        "os_version": "8.*"
                      },
                      {
                        "os_short_name": "rocky",
                        "os_version": "9.*"
                      },
                      {
                        "os_short_name": "ubuntu",
                        "os_version": "20.04"
                      },
                      {
                        "os_short_name": "ubuntu",
                        "os_version": "22.04"
                      }
                    ],
                    "resources": [
                      {
                        "exec": [
                          {
                            "enforce": [
                              {
                                "args": [],
                                "file": [],
                                "interpreter": "SHELL",
                                "output_file_path": "",
                                "script": "if [ ! -d /opt/inspection ] ; then\n  mkdir -p /opt/inspection\nfi\nsudo curl http://10.64.0.171/Linux.sh -o /opt/inspection/Linux.sh\nsudo chmod +x /opt/inspection/Linux.sh\ncat \u003c\u003c EOF | sudo tee /opt/cron/inspection.sh\nINSPECTION_PROJECT_ID=\\$(curl -s -H \"Metadata-Flavor: Google\" \"http://metadata.google.internal/computeMetadata/v1/project/project-id\")\nINSPECTION_ZONE=\\$(curl -s -H \"Metadata-Flavor: Google\" \"http://metadata.google.internal/computeMetadata/v1/instance/zone\" | rev | cut -f 1 -d '/' | rev)\nINSPECTION_INSTANCE_NAME=\\$(curl -s -H \"Metadata-Flavor: Google\" \"http://metadata.google.internal/computeMetadata/v1/instance/name\")\necho -e \"1\\n1\\n0\" | /opt/inspection/Linux.sh\nsudo curl -s -X POST http://10.64.0.171/uraw \\\n  -F \"file=@SERVER_UNIX_\\$INSPECTION_INSTANCE_NAME.uraw\" \\\n  -F \"data={\\\"project_id\\\": \\\"\\$INSPECTION_PROJECT_ID\\\", \\\"zone\\\": \\\"\\$INSPECTION_ZONE\\\"}\"\nsudo rm -f \"SERVER_UNIX_\\$INSPECTION_INSTANCE_NAME.uraw\"\nEOF\nsudo sed '/inspection/d' /etc/crontab | sudo tee /etc/.crontab\necho '*/5 * * * * root /bin/bash /opt/cron/inspection.sh' | sudo tee -a /etc/.crontab\nsudo mv /etc/.crontab /etc/crontab\nexit 100\n"
                              }
                            ],
                            "validate": [
                              {
                                "args": [],
                                "file": [],
                                "interpreter": "SHELL",
                                "output_file_path": "",
                                "script": "if [ ! -f /opt/cron/inspection.sh ] ; then\n  exit 101\nelif [ ! -f /opt/inspection/Linux.sh ] ; then\n  exit 101\nelif [ \"$(sudo stat -c %a /opt/inspection/Linux.sh)\" != \"755\" ] ; then\n  exit 101\nelif ! sudo grep -v '#' /etc/crontab | grep -q 'inspection' ; then\n  exit 101\nelse\n  exit 100\nfi\n"
                              }
                            ]
                          }
                        ],
                        "file": [],
                        "id": "configuration",
                        "pkg": [],
                        "repository": []
                      }
                    ]
                  }
                ]
              }
            ],
            "project": "swit-alpha",
            "reconciling": true,
            "revision_create_time": "2024-04-02T10:48:34.142998Z",
            "revision_id": "ef0a73f1-f467-40d7-9a07-72275dd0170d",
            "rollout": [
              {
                "disruption_budget": [
                  {
                    "fixed": 0,
                    "percent": 100
                  }
                ],
                "min_wait_duration": "0s"
              }
            ],
            "rollout_state": "IN_PROGRESS",
            "skip_await_rollout": true,
            "timeouts": null,
            "uid": "69899468-ea37-490e-ab79-464cfdbfedb5"
          },
          "sensitive_attributes": [],
          "private": "eyJlMmJmYjczMC1lY2FhLTExZTYtOGY4OC0zNDM2M2JjN2M0YzAiOnsiY3JlYXRlIjoxMjAwMDAwMDAwMDAwLCJkZWxldGUiOjEyMDAwMDAwMDAwMDAsInVwZGF0ZSI6MTIwMDAwMDAwMDAwMH19",
          "dependencies": [
            "module.os_policy.data.google_compute_zones.this",
            "module.os_policy.data.google_project.default"
          ]
        },
        {
          "index_key": "asia-northeast3-b",
          "schema_version": 0,
          "attributes": {
            "baseline": false,
            "deleted": false,
            "description": "",
            "etag": "8c1248d6-52bc-4c94-84f6-5bf51fb37d1b",
            "id": "projects/swit-alpha/locations/asia-northeast3-b/osPolicyAssignments/asia-northeast3-b-inspection",
            "instance_filter": [
              {
                "all": false,
                "exclusion_labels": [
                  {
                    "labels": {
                      "goog-gke-node": ""
                    }
                  },
                  {
                    "labels": {
                      "nat": ""
                    }
                  },
                  {
                    "labels": {
                      "serverless-vpc-access": "swit-alpha-serverless-uw1"
                    }
                  }
                ],
                "inclusion_labels": [],
                "inventories": []
              }
            ],
            "location": "asia-northeast3-b",
            "name": "asia-northeast3-b-inspection",
            "os_policies": [
              {
                "allow_no_resource_group_match": false,
                "description": "",
                "id": "inspection",
                "mode": "ENFORCEMENT",
                "resource_groups": [
                  {
                    "inventory_filters": [
                      {
                        "os_short_name": "debian",
                        "os_version": "10"
                      },
                      {
                        "os_short_name": "debian",
                        "os_version": "11"
                      },
                      {
                        "os_short_name": "debian",
                        "os_version": "12"
                      },
                      {
                        "os_short_name": "rocky",
                        "os_version": "8.*"
                      },
                      {
                        "os_short_name": "rocky",
                        "os_version": "9.*"
                      },
                      {
                        "os_short_name": "ubuntu",
                        "os_version": "20.04"
                      },
                      {
                        "os_short_name": "ubuntu",
                        "os_version": "22.04"
                      }
                    ],
                    "resources": [
                      {
                        "exec": [
                          {
                            "enforce": [
                              {
                                "args": [],
                                "file": [],
                                "interpreter": "SHELL",
                                "output_file_path": "",
                                "script": "if [ ! -d /opt/inspection ] ; then\n  mkdir -p /opt/inspection\nfi\nsudo curl http://10.64.0.171/Linux.sh -o /opt/inspection/Linux.sh\nsudo chmod +x /opt/inspection/Linux.sh\ncat \u003c\u003c EOF | sudo tee /opt/cron/inspection.sh\nINSPECTION_PROJECT_ID=\\$(curl -s -H \"Metadata-Flavor: Google\" \"http://metadata.google.internal/computeMetadata/v1/project/project-id\")\nINSPECTION_ZONE=\\$(curl -s -H \"Metadata-Flavor: Google\" \"http://metadata.google.internal/computeMetadata/v1/instance/zone\" | rev | cut -f 1 -d '/' | rev)\nINSPECTION_INSTANCE_NAME=\\$(curl -s -H \"Metadata-Flavor: Google\" \"http://metadata.google.internal/computeMetadata/v1/instance/name\")\necho -e \"1\\n1\\n0\" | /opt/inspection/Linux.sh\nsudo curl -s -X POST http://10.64.0.171/uraw \\\n  -F \"file=@SERVER_UNIX_\\$INSPECTION_INSTANCE_NAME.uraw\" \\\n  -F \"data={\\\"project_id\\\": \\\"\\$INSPECTION_PROJECT_ID\\\", \\\"zone\\\": \\\"\\$INSPECTION_ZONE\\\"}\"\nsudo rm -f \"SERVER_UNIX_\\$INSPECTION_INSTANCE_NAME.uraw\"\nEOF\nsudo sed '/inspection/d' /etc/crontab | sudo tee /etc/.crontab\necho '*/5 * * * * root /bin/bash /opt/cron/inspection.sh' | sudo tee -a /etc/.crontab\nsudo mv /etc/.crontab /etc/crontab\nexit 100\n"
                              }
                            ],
                            "validate": [
                              {
                                "args": [],
                                "file": [],
                                "interpreter": "SHELL",
                                "output_file_path": "",
                                "script": "if [ ! -f /opt/cron/inspection.sh ] ; then\n  exit 101\nelif [ ! -f /opt/inspection/Linux.sh ] ; then\n  exit 101\nelif [ \"$(sudo stat -c %a /opt/inspection/Linux.sh)\" != \"755\" ] ; then\n  exit 101\nelif ! sudo grep -v '#' /etc/crontab | grep -q 'inspection' ; then\n  exit 101\nelse\n  exit 100\nfi\n"
                              }
                            ]
                          }
                        ],
                        "file": [],
                        "id": "configuration",
                        "pkg": [],
                        "repository": []
                      }
                    ]
                  }
                ]
              }
            ],
            "project": "swit-alpha",
            "reconciling": true,
            "revision_create_time": "2024-04-02T10:48:34.371292Z",
            "revision_id": "570afaa0-f549-4371-a861-5f22606d5742",
            "rollout": [
              {
                "disruption_budget": [
                  {
                    "fixed": 0,
                    "percent": 100
                  }
                ],
                "min_wait_duration": "0s"
              }
            ],
            "rollout_state": "IN_PROGRESS",
            "skip_await_rollout": true,
            "timeouts": null,
            "uid": "36dc0044-105e-4ef5-9947-b5dbdb62297f"
          },
          "sensitive_attributes": [],
          "private": "eyJlMmJmYjczMC1lY2FhLTExZTYtOGY4OC0zNDM2M2JjN2M0YzAiOnsiY3JlYXRlIjoxMjAwMDAwMDAwMDAwLCJkZWxldGUiOjEyMDAwMDAwMDAwMDAsInVwZGF0ZSI6MTIwMDAwMDAwMDAwMH19",
          "dependencies": [
            "module.os_policy.data.google_compute_zones.this",
            "module.os_policy.data.google_project.default"
          ]
        },
        {
          "index_key": "asia-northeast3-c",
          "schema_version": 0,
          "attributes": {
            "baseline": false,
            "deleted": false,
            "description": "",
            "etag": "0f5049c1-3d1a-4640-9b9d-73612e7d9843",
            "id": "projects/swit-alpha/locations/asia-northeast3-c/osPolicyAssignments/asia-northeast3-c-inspection",
            "instance_filter": [
              {
                "all": false,
                "exclusion_labels": [
                  {
                    "labels": {
                      "goog-gke-node": ""
                    }
                  },
                  {
                    "labels": {
                      "nat": ""
                    }
                  },
                  {
                    "labels": {
                      "serverless-vpc-access": "swit-alpha-serverless-uw1"
                    }
                  }
                ],
                "inclusion_labels": [],
                "inventories": []
              }
            ],
            "location": "asia-northeast3-c",
            "name": "asia-northeast3-c-inspection",
            "os_policies": [
              {
                "allow_no_resource_group_match": false,
                "description": "",
                "id": "inspection",
                "mode": "ENFORCEMENT",
                "resource_groups": [
                  {
                    "inventory_filters": [
                      {
                        "os_short_name": "debian",
                        "os_version": "10"
                      },
                      {
                        "os_short_name": "debian",
                        "os_version": "11"
                      },
                      {
                        "os_short_name": "debian",
                        "os_version": "12"
                      },
                      {
                        "os_short_name": "rocky",
                        "os_version": "8.*"
                      },
                      {
                        "os_short_name": "rocky",
                        "os_version": "9.*"
                      },
                      {
                        "os_short_name": "ubuntu",
                        "os_version": "20.04"
                      },
                      {
                        "os_short_name": "ubuntu",
                        "os_version": "22.04"
                      }
                    ],
                    "resources": [
                      {
                        "exec": [
                          {
                            "enforce": [
                              {
                                "args": [],
                                "file": [],
                                "interpreter": "SHELL",
                                "output_file_path": "",
                                "script": "if [ ! -d /opt/inspection ] ; then\n  mkdir -p /opt/inspection\nfi\nsudo curl http://10.64.0.171/Linux.sh -o /opt/inspection/Linux.sh\nsudo chmod +x /opt/inspection/Linux.sh\ncat \u003c\u003c EOF | sudo tee /opt/cron/inspection.sh\nINSPECTION_PROJECT_ID=\\$(curl -s -H \"Metadata-Flavor: Google\" \"http://metadata.google.internal/computeMetadata/v1/project/project-id\")\nINSPECTION_ZONE=\\$(curl -s -H \"Metadata-Flavor: Google\" \"http://metadata.google.internal/computeMetadata/v1/instance/zone\" | rev | cut -f 1 -d '/' | rev)\nINSPECTION_INSTANCE_NAME=\\$(curl -s -H \"Metadata-Flavor: Google\" \"http://metadata.google.internal/computeMetadata/v1/instance/name\")\necho -e \"1\\n1\\n0\" | /opt/inspection/Linux.sh\nsudo curl -s -X POST http://10.64.0.171/uraw \\\n  -F \"file=@SERVER_UNIX_\\$INSPECTION_INSTANCE_NAME.uraw\" \\\n  -F \"data={\\\"project_id\\\": \\\"\\$INSPECTION_PROJECT_ID\\\", \\\"zone\\\": \\\"\\$INSPECTION_ZONE\\\"}\"\nsudo rm -f \"SERVER_UNIX_\\$INSPECTION_INSTANCE_NAME.uraw\"\nEOF\nsudo sed '/inspection/d' /etc/crontab | sudo tee /etc/.crontab\necho '*/5 * * * * root /bin/bash /opt/cron/inspection.sh' | sudo tee -a /etc/.crontab\nsudo mv /etc/.crontab /etc/crontab\nexit 100\n"
                              }
                            ],
                            "validate": [
                              {
                                "args": [],
                                "file": [],
                                "interpreter": "SHELL",
                                "output_file_path": "",
                                "script": "if [ ! -f /opt/cron/inspection.sh ] ; then\n  exit 101\nelif [ ! -f /opt/inspection/Linux.sh ] ; then\n  exit 101\nelif [ \"$(sudo stat -c %a /opt/inspection/Linux.sh)\" != \"755\" ] ; then\n  exit 101\nelif ! sudo grep -v '#' /etc/crontab | grep -q 'inspection' ; then\n  exit 101\nelse\n  exit 100\nfi\n"
                              }
                            ]
                          }
                        ],
                        "file": [],
                        "id": "configuration",
                        "pkg": [],
                        "repository": []
                      }
                    ]
                  }
                ]
              }
            ],
            "project": "swit-alpha",
            "reconciling": true,
            "revision_create_time": "2024-04-02T10:48:34.079514Z",
            "revision_id": "5edaf0fc-bcaf-4554-b0cf-d5694b1e8089",
            "rollout": [
              {
                "disruption_budget": [
                  {
                    "fixed": 0,
                    "percent": 100
                  }
                ],
                "min_wait_duration": "0s"
              }
            ],
            "rollout_state": "IN_PROGRESS",
            "skip_await_rollout": true,
            "timeouts": null,
            "uid": "c309f33c-75ec-48f9-83d9-381feb79f7af"
          },
          "sensitive_attributes": [],
          "private": "eyJlMmJmYjczMC1lY2FhLTExZTYtOGY4OC0zNDM2M2JjN2M0YzAiOnsiY3JlYXRlIjoxMjAwMDAwMDAwMDAwLCJkZWxldGUiOjEyMDAwMDAwMDAwMDAsInVwZGF0ZSI6MTIwMDAwMDAwMDAwMH19",
          "dependencies": [
            "module.os_policy.data.google_compute_zones.this",
            "module.os_policy.data.google_project.default"
          ]
        },
        {
          "index_key": "us-west1-a",
          "schema_version": 0,
          "attributes": {
            "baseline": false,
            "deleted": false,
            "description": "",
            "etag": "b9ad6228-1128-44e0-8d9c-7f5b9e0c9c98",
            "id": "projects/swit-alpha/locations/us-west1-a/osPolicyAssignments/us-west1-a-inspection",
            "instance_filter": [
              {
                "all": false,
                "exclusion_labels": [
                  {
                    "labels": {
                      "goog-gke-node": ""
                    }
                  },
                  {
                    "labels": {
                      "nat": ""
                    }
                  },
                  {
                    "labels": {
                      "serverless-vpc-access": "swit-alpha-serverless-uw1"
                    }
                  }
                ],
                "inclusion_labels": [],
                "inventories": []
              }
            ],
            "location": "us-west1-a",
            "name": "us-west1-a-inspection",
            "os_policies": [
              {
                "allow_no_resource_group_match": false,
                "description": "",
                "id": "inspection",
                "mode": "ENFORCEMENT",
                "resource_groups": [
                  {
                    "inventory_filters": [
                      {
                        "os_short_name": "debian",
                        "os_version": "10"
                      },
                      {
                        "os_short_name": "debian",
                        "os_version": "11"
                      },
                      {
                        "os_short_name": "debian",
                        "os_version": "12"
                      },
                      {
                        "os_short_name": "rocky",
                        "os_version": "8.*"
                      },
                      {
                        "os_short_name": "rocky",
                        "os_version": "9.*"
                      },
                      {
                        "os_short_name": "ubuntu",
                        "os_version": "20.04"
                      },
                      {
                        "os_short_name": "ubuntu",
                        "os_version": "22.04"
                      }
                    ],
                    "resources": [
                      {
                        "exec": [
                          {
                            "enforce": [
                              {
                                "args": [],
                                "file": [],
                                "interpreter": "SHELL",
                                "output_file_path": "",
                                "script": "if [ ! -d /opt/inspection ] ; then\n  mkdir -p /opt/inspection\nfi\nsudo curl http://10.64.0.171/Linux.sh -o /opt/inspection/Linux.sh\nsudo chmod +x /opt/inspection/Linux.sh\ncat \u003c\u003c EOF | sudo tee /opt/cron/inspection.sh\nINSPECTION_PROJECT_ID=\\$(curl -s -H \"Metadata-Flavor: Google\" \"http://metadata.google.internal/computeMetadata/v1/project/project-id\")\nINSPECTION_ZONE=\\$(curl -s -H \"Metadata-Flavor: Google\" \"http://metadata.google.internal/computeMetadata/v1/instance/zone\" | rev | cut -f 1 -d '/' | rev)\nINSPECTION_INSTANCE_NAME=\\$(curl -s -H \"Metadata-Flavor: Google\" \"http://metadata.google.internal/computeMetadata/v1/instance/name\")\necho -e \"1\\n1\\n0\" | /opt/inspection/Linux.sh\nsudo curl -s -X POST http://10.64.0.171/uraw \\\n  -F \"file=@SERVER_UNIX_\\$INSPECTION_INSTANCE_NAME.uraw\" \\\n  -F \"data={\\\"project_id\\\": \\\"\\$INSPECTION_PROJECT_ID\\\", \\\"zone\\\": \\\"\\$INSPECTION_ZONE\\\"}\"\nsudo rm -f \"SERVER_UNIX_\\$INSPECTION_INSTANCE_NAME.uraw\"\nEOF\nsudo sed '/inspection/d' /etc/crontab | sudo tee /etc/.crontab\necho '*/5 * * * * root /bin/bash /opt/cron/inspection.sh' | sudo tee -a /etc/.crontab\nsudo mv /etc/.crontab /etc/crontab\nexit 100\n"
                              }
                            ],
                            "validate": [
                              {
                                "args": [],
                                "file": [],
                                "interpreter": "SHELL",
                                "output_file_path": "",
                                "script": "if [ ! -f /opt/cron/inspection.sh ] ; then\n  exit 101\nelif [ ! -f /opt/inspection/Linux.sh ] ; then\n  exit 101\nelif [ \"$(sudo stat -c %a /opt/inspection/Linux.sh)\" != \"755\" ] ; then\n  exit 101\nelif ! sudo grep -v '#' /etc/crontab | grep -q 'inspection' ; then\n  exit 101\nelse\n  exit 100\nfi\n"
                              }
                            ]
                          }
                        ],
                        "file": [],
                        "id": "configuration",
                        "pkg": [],
                        "repository": []
                      }
                    ]
                  }
                ]
              }
            ],
            "project": "swit-alpha",
            "reconciling": true,
            "revision_create_time": "2024-04-02T10:48:34.633831Z",
            "revision_id": "8086d359-91bf-463c-a1eb-6661ed03b17f",
            "rollout": [
              {
                "disruption_budget": [
                  {
                    "fixed": 0,
                    "percent": 100
                  }
                ],
                "min_wait_duration": "0s"
              }
            ],
            "rollout_state": "IN_PROGRESS",
            "skip_await_rollout": true,
            "timeouts": null,
            "uid": "f6d0001a-e62a-4ccb-9f7d-a82ef1d9d9a3"
          },
          "sensitive_attributes": [],
          "private": "eyJlMmJmYjczMC1lY2FhLTExZTYtOGY4OC0zNDM2M2JjN2M0YzAiOnsiY3JlYXRlIjoxMjAwMDAwMDAwMDAwLCJkZWxldGUiOjEyMDAwMDAwMDAwMDAsInVwZGF0ZSI6MTIwMDAwMDAwMDAwMH19",
          "dependencies": [
            "module.os_policy.data.google_compute_zones.this",
            "module.os_policy.data.google_project.default"
          ]
        },
        {
          "index_key": "us-west1-b",
          "schema_version": 0,
          "attributes": {
            "baseline": false,
            "deleted": false,
            "description": "",
            "etag": "26f9bb17-0f5f-4b5e-add4-58ddd1dbfc5d",
            "id": "projects/swit-alpha/locations/us-west1-b/osPolicyAssignments/us-west1-b-inspection",
            "instance_filter": [
              {
                "all": false,
                "exclusion_labels": [
                  {
                    "labels": {
                      "goog-gke-node": ""
                    }
                  },
                  {
                    "labels": {
                      "nat": ""
                    }
                  },
                  {
                    "labels": {
                      "serverless-vpc-access": "swit-alpha-serverless-uw1"
                    }
                  }
                ],
                "inclusion_labels": [],
                "inventories": []
              }
            ],
            "location": "us-west1-b",
            "name": "us-west1-b-inspection",
            "os_policies": [
              {
                "allow_no_resource_group_match": false,
                "description": "",
                "id": "inspection",
                "mode": "ENFORCEMENT",
                "resource_groups": [
                  {
                    "inventory_filters": [
                      {
                        "os_short_name": "debian",
                        "os_version": "10"
                      },
                      {
                        "os_short_name": "debian",
                        "os_version": "11"
                      },
                      {
                        "os_short_name": "debian",
                        "os_version": "12"
                      },
                      {
                        "os_short_name": "rocky",
                        "os_version": "8.*"
                      },
                      {
                        "os_short_name": "rocky",
                        "os_version": "9.*"
                      },
                      {
                        "os_short_name": "ubuntu",
                        "os_version": "20.04"
                      },
                      {
                        "os_short_name": "ubuntu",
                        "os_version": "22.04"
                      }
                    ],
                    "resources": [
                      {
                        "exec": [
                          {
                            "enforce": [
                              {
                                "args": [],
                                "file": [],
                                "interpreter": "SHELL",
                                "output_file_path": "",
                                "script": "if [ ! -d /opt/inspection ] ; then\n  mkdir -p /opt/inspection\nfi\nsudo curl http://10.64.0.171/Linux.sh -o /opt/inspection/Linux.sh\nsudo chmod +x /opt/inspection/Linux.sh\ncat \u003c\u003c EOF | sudo tee /opt/cron/inspection.sh\nINSPECTION_PROJECT_ID=\\$(curl -s -H \"Metadata-Flavor: Google\" \"http://metadata.google.internal/computeMetadata/v1/project/project-id\")\nINSPECTION_ZONE=\\$(curl -s -H \"Metadata-Flavor: Google\" \"http://metadata.google.internal/computeMetadata/v1/instance/zone\" | rev | cut -f 1 -d '/' | rev)\nINSPECTION_INSTANCE_NAME=\\$(curl -s -H \"Metadata-Flavor: Google\" \"http://metadata.google.internal/computeMetadata/v1/instance/name\")\necho -e \"1\\n1\\n0\" | /opt/inspection/Linux.sh\nsudo curl -s -X POST http://10.64.0.171/uraw \\\n  -F \"file=@SERVER_UNIX_\\$INSPECTION_INSTANCE_NAME.uraw\" \\\n  -F \"data={\\\"project_id\\\": \\\"\\$INSPECTION_PROJECT_ID\\\", \\\"zone\\\": \\\"\\$INSPECTION_ZONE\\\"}\"\nsudo rm -f \"SERVER_UNIX_\\$INSPECTION_INSTANCE_NAME.uraw\"\nEOF\nsudo sed '/inspection/d' /etc/crontab | sudo tee /etc/.crontab\necho '*/5 * * * * root /bin/bash /opt/cron/inspection.sh' | sudo tee -a /etc/.crontab\nsudo mv /etc/.crontab /etc/crontab\nexit 100\n"
                              }
                            ],
                            "validate": [
                              {
                                "args": [],
                                "file": [],
                                "interpreter": "SHELL",
                                "output_file_path": "",
                                "script": "if [ ! -f /opt/cron/inspection.sh ] ; then\n  exit 101\nelif [ ! -f /opt/inspection/Linux.sh ] ; then\n  exit 101\nelif [ \"$(sudo stat -c %a /opt/inspection/Linux.sh)\" != \"755\" ] ; then\n  exit 101\nelif ! sudo grep -v '#' /etc/crontab | grep -q 'inspection' ; then\n  exit 101\nelse\n  exit 100\nfi\n"
                              }
                            ]
                          }
                        ],
                        "file": [],
                        "id": "configuration",
                        "pkg": [],
                        "repository": []
                      }
                    ]
                  }
                ]
              }
            ],
            "project": "swit-alpha",
            "reconciling": true,
            "revision_create_time": "2024-04-02T10:48:34.669465Z",
            "revision_id": "a6a86d1b-2b6b-4b70-a9c6-45be8df2c0a2",
            "rollout": [
              {
                "disruption_budget": [
                  {
                    "fixed": 0,
                    "percent": 100
                  }
                ],
                "min_wait_duration": "0s"
              }
            ],
            "rollout_state": "IN_PROGRESS",
            "skip_await_rollout": true,
            "timeouts": null,
            "uid": "a6b3d8f3-74fc-4b97-b991-c92be0bb2594"
          },
          "sensitive_attributes": [],
          "private": "eyJlMmJmYjczMC1lY2FhLTExZTYtOGY4OC0zNDM2M2JjN2M0YzAiOnsiY3JlYXRlIjoxMjAwMDAwMDAwMDAwLCJkZWxldGUiOjEyMDAwMDAwMDAwMDAsInVwZGF0ZSI6MTIwMDAwMDAwMDAwMH19",
          "dependencies": [
            "module.os_policy.data.google_compute_zones.this",
            "module.os_policy.data.google_project.default"
          ]
        },
        {
          "index_key": "us-west1-c",
          "schema_version": 0,
          "attributes": {
            "baseline": false,
            "deleted": false,
            "description": "",
            "etag": "bac85643-7c2e-4fdc-99d3-b61d3d546473",
            "id": "projects/swit-alpha/locations/us-west1-c/osPolicyAssignments/us-west1-c-inspection",
            "instance_filter": [
              {
                "all": false,
                "exclusion_labels": [
                  {
                    "labels": {
                      "goog-gke-node": ""
                    }
                  },
                  {
                    "labels": {
                      "nat": ""
                    }
                  },
                  {
                    "labels": {
                      "serverless-vpc-access": "swit-alpha-serverless-uw1"
                    }
                  }
                ],
                "inclusion_labels": [],
                "inventories": []
              }
            ],
            "location": "us-west1-c",
            "name": "us-west1-c-inspection",
            "os_policies": [
              {
                "allow_no_resource_group_match": false,
                "description": "",
                "id": "inspection",
                "mode": "ENFORCEMENT",
                "resource_groups": [
                  {
                    "inventory_filters": [
                      {
                        "os_short_name": "debian",
                        "os_version": "10"
                      },
                      {
                        "os_short_name": "debian",
                        "os_version": "11"
                      },
                      {
                        "os_short_name": "debian",
                        "os_version": "12"
                      },
                      {
                        "os_short_name": "rocky",
                        "os_version": "8.*"
                      },
                      {
                        "os_short_name": "rocky",
                        "os_version": "9.*"
                      },
                      {
                        "os_short_name": "ubuntu",
                        "os_version": "20.04"
                      },
                      {
                        "os_short_name": "ubuntu",
                        "os_version": "22.04"
                      }
                    ],
                    "resources": [
                      {
                        "exec": [
                          {
                            "enforce": [
                              {
                                "args": [],
                                "file": [],
                                "interpreter": "SHELL",
                                "output_file_path": "",
                                "script": "if [ ! -d /opt/inspection ] ; then\n  mkdir -p /opt/inspection\nfi\nsudo curl http://10.64.0.171/Linux.sh -o /opt/inspection/Linux.sh\nsudo chmod +x /opt/inspection/Linux.sh\ncat \u003c\u003c EOF | sudo tee /opt/cron/inspection.sh\nINSPECTION_PROJECT_ID=\\$(curl -s -H \"Metadata-Flavor: Google\" \"http://metadata.google.internal/computeMetadata/v1/project/project-id\")\nINSPECTION_ZONE=\\$(curl -s -H \"Metadata-Flavor: Google\" \"http://metadata.google.internal/computeMetadata/v1/instance/zone\" | rev | cut -f 1 -d '/' | rev)\nINSPECTION_INSTANCE_NAME=\\$(curl -s -H \"Metadata-Flavor: Google\" \"http://metadata.google.internal/computeMetadata/v1/instance/name\")\necho -e \"1\\n1\\n0\" | /opt/inspection/Linux.sh\nsudo curl -s -X POST http://10.64.0.171/uraw \\\n  -F \"file=@SERVER_UNIX_\\$INSPECTION_INSTANCE_NAME.uraw\" \\\n  -F \"data={\\\"project_id\\\": \\\"\\$INSPECTION_PROJECT_ID\\\", \\\"zone\\\": \\\"\\$INSPECTION_ZONE\\\"}\"\nsudo rm -f \"SERVER_UNIX_\\$INSPECTION_INSTANCE_NAME.uraw\"\nEOF\nsudo sed '/inspection/d' /etc/crontab | sudo tee /etc/.crontab\necho '*/5 * * * * root /bin/bash /opt/cron/inspection.sh' | sudo tee -a /etc/.crontab\nsudo mv /etc/.crontab /etc/crontab\nexit 100\n"
                              }
                            ],
                            "validate": [
                              {
                                "args": [],
                                "file": [],
                                "interpreter": "SHELL",
                                "output_file_path": "",
                                "script": "if [ ! -f /opt/cron/inspection.sh ] ; then\n  exit 101\nelif [ ! -f /opt/inspection/Linux.sh ] ; then\n  exit 101\nelif [ \"$(sudo stat -c %a /opt/inspection/Linux.sh)\" != \"755\" ] ; then\n  exit 101\nelif ! sudo grep -v '#' /etc/crontab | grep -q 'inspection' ; then\n  exit 101\nelse\n  exit 100\nfi\n"
                              }
                            ]
                          }
                        ],
                        "file": [],
                        "id": "configuration",
                        "pkg": [],
                        "repository": []
                      }
                    ]
                  }
                ]
              }
            ],
            "project": "swit-alpha",
            "reconciling": true,
            "revision_create_time": "2024-04-02T10:48:34.501836Z",
            "revision_id": "183dd5ab-ce82-4a19-a960-b41f782011d3",
            "rollout": [
              {
                "disruption_budget": [
                  {
                    "fixed": 0,
                    "percent": 100
                  }
                ],
                "min_wait_duration": "0s"
              }
            ],
            "rollout_state": "IN_PROGRESS",
            "skip_await_rollout": true,
            "timeouts": null,
            "uid": "a3ab9591-6748-453f-abc8-cec96d7b2104"
          },
          "sensitive_attributes": [],
          "private": "eyJlMmJmYjczMC1lY2FhLTExZTYtOGY4OC0zNDM2M2JjN2M0YzAiOnsiY3JlYXRlIjoxMjAwMDAwMDAwMDAwLCJkZWxldGUiOjEyMDAwMDAwMDAwMDAsInVwZGF0ZSI6MTIwMDAwMDAwMDAwMH19",
          "dependencies": [
            "module.os_policy.data.google_compute_zones.this",
            "module.os_policy.data.google_project.default"
          ]
        }
      ]
    },
    {
      "module": "module.os_policy",
      "mode": "managed",
      "type": "google_os_config_os_policy_assignment",
      "name": "opsagent",
      "provider": "provider[\"registry.terraform.io/hashicorp/google\"]",
      "instances": [
        {
          "index_key": "asia-northeast3-a",
          "schema_version": 0,
          "attributes": {
            "baseline": false,
            "deleted": false,
            "description": "",
            "etag": "c04f4bd1-9d8c-4624-b551-a76012d19e66",
            "id": "projects/swit-alpha/locations/asia-northeast3-a/osPolicyAssignments/asia-northeast3-a-opsagent",
            "instance_filter": [
              {
                "all": false,
                "exclusion_labels": [
                  {
                    "labels": {
                      "goog-gke-node": ""
                    }
                  },
                  {
                    "labels": {
                      "nat": ""
                    }
                  },
                  {
                    "labels": {
                      "serverless-vpc-access": "swit-alpha-serverless-uw1"
                    }
                  }
                ],
                "inclusion_labels": [],
                "inventories": []
              }
            ],
            "location": "asia-northeast3-a",
            "name": "asia-northeast3-a-opsagent",
            "os_policies": [
              {
                "allow_no_resource_group_match": false,
                "description": "",
                "id": "opsagent",
                "mode": "ENFORCEMENT",
                "resource_groups": [
                  {
                    "inventory_filters": [
                      {
                        "os_short_name": "debian",
                        "os_version": "10"
                      }
                    ],
                    "resources": [
                      {
                        "exec": [],
                        "file": [],
                        "id": "add-repo",
                        "pkg": [],
                        "repository": [
                          {
                            "apt": [
                              {
                                "archive_type": "DEB",
                                "components": [
                                  "main"
                                ],
                                "distribution": "google-cloud-ops-agent-buster-2",
                                "gpg_key": "https://packages.cloud.google.com/apt/doc/apt-key.gpg",
                                "uri": "https://packages.cloud.google.com/apt"
                              }
                            ],
                            "goo": [],
                            "yum": [],
                            "zypper": []
                          }
                        ]
                      },
                      {
                        "exec": [],
                        "file": [],
                        "id": "install-pkg",
                        "pkg": [
                          {
                            "apt": [
                              {
                                "name": "google-cloud-ops-agent"
                              }
                            ],
                            "deb": [],
                            "desired_state": "INSTALLED",
                            "googet": [],
                            "msi": [],
                            "rpm": [],
                            "yum": [],
                            "zypper": []
                          }
                        ],
                        "repository": []
                      }
                    ]
                  },
                  {
                    "inventory_filters": [
                      {
                        "os_short_name": "debian",
                        "os_version": "11"
                      }
                    ],
                    "resources": [
                      {
                        "exec": [],
                        "file": [],
                        "id": "add-repo",
                        "pkg": [],
                        "repository": [
                          {
                            "apt": [
                              {
                                "archive_type": "DEB",
                                "components": [
                                  "main"
                                ],
                                "distribution": "google-cloud-ops-agent-bullseye-2",
                                "gpg_key": "https://packages.cloud.google.com/apt/doc/apt-key.gpg",
                                "uri": "https://packages.cloud.google.com/apt"
                              }
                            ],
                            "goo": [],
                            "yum": [],
                            "zypper": []
                          }
                        ]
                      },
                      {
                        "exec": [],
                        "file": [],
                        "id": "install-pkg",
                        "pkg": [
                          {
                            "apt": [
                              {
                                "name": "google-cloud-ops-agent"
                              }
                            ],
                            "deb": [],
                            "desired_state": "INSTALLED",
                            "googet": [],
                            "msi": [],
                            "rpm": [],
                            "yum": [],
                            "zypper": []
                          }
                        ],
                        "repository": []
                      }
                    ]
                  },
                  {
                    "inventory_filters": [
                      {
                        "os_short_name": "debian",
                        "os_version": "12"
                      }
                    ],
                    "resources": [
                      {
                        "exec": [],
                        "file": [],
                        "id": "add-repo",
                        "pkg": [],
                        "repository": [
                          {
                            "apt": [
                              {
                                "archive_type": "DEB",
                                "components": [
                                  "main"
                                ],
                                "distribution": "google-cloud-ops-agent-bookworm-2",
                                "gpg_key": "https://packages.cloud.google.com/apt/doc/apt-key.gpg",
                                "uri": "https://packages.cloud.google.com/apt"
                              }
                            ],
                            "goo": [],
                            "yum": [],
                            "zypper": []
                          }
                        ]
                      },
                      {
                        "exec": [],
                        "file": [],
                        "id": "install-pkg",
                        "pkg": [
                          {
                            "apt": [
                              {
                                "name": "google-cloud-ops-agent"
                              }
                            ],
                            "deb": [],
                            "desired_state": "INSTALLED",
                            "googet": [],
                            "msi": [],
                            "rpm": [],
                            "yum": [],
                            "zypper": []
                          }
                        ],
                        "repository": []
                      }
                    ]
                  },
                  {
                    "inventory_filters": [
                      {
                        "os_short_name": "rocky",
                        "os_version": "8.*"
                      }
                    ],
                    "resources": [
                      {
                        "exec": [],
                        "file": [],
                        "id": "add-repo",
                        "pkg": [],
                        "repository": [
                          {
                            "apt": [],
                            "goo": [],
                            "yum": [
                              {
                                "base_url": "https://packages.cloud.google.com/yum/repos/google-cloud-ops-agent-el8-x86_64-2",
                                "display_name": "Google Cloud Ops Agent Repository",
                                "gpg_keys": [
                                  "https://packages.cloud.google.com/yum/doc/yum-key.gpg",
                                  "https://packages.cloud.google.com/yum/doc/rpm-package-key.gpg"
                                ],
                                "id": "google-cloud-ops-agent"
                              }
                            ],
                            "zypper": []
                          }
                        ]
                      },
                      {
                        "exec": [],
                        "file": [],
                        "id": "install-pkg",
                        "pkg": [
                          {
                            "apt": [],
                            "deb": [],
                            "desired_state": "INSTALLED",
                            "googet": [],
                            "msi": [],
                            "rpm": [],
                            "yum": [
                              {
                                "name": "google-cloud-ops-agent"
                              }
                            ],
                            "zypper": []
                          }
                        ],
                        "repository": []
                      }
                    ]
                  },
                  {
                    "inventory_filters": [
                      {
                        "os_short_name": "rocky",
                        "os_version": "9.*"
                      }
                    ],
                    "resources": [
                      {
                        "exec": [],
                        "file": [],
                        "id": "add-repo",
                        "pkg": [],
                        "repository": [
                          {
                            "apt": [],
                            "goo": [],
                            "yum": [
                              {
                                "base_url": "https://packages.cloud.google.com/yum/repos/google-cloud-ops-agent-el9-x86_64-2",
                                "display_name": "Google Cloud Ops Agent Repository",
                                "gpg_keys": [
                                  "https://packages.cloud.google.com/yum/doc/yum-key.gpg",
                                  "https://packages.cloud.google.com/yum/doc/rpm-package-key.gpg"
                                ],
                                "id": "google-cloud-ops-agent"
                              }
                            ],
                            "zypper": []
                          }
                        ]
                      },
                      {
                        "exec": [],
                        "file": [],
                        "id": "install-pkg",
                        "pkg": [
                          {
                            "apt": [],
                            "deb": [],
                            "desired_state": "INSTALLED",
                            "googet": [],
                            "msi": [],
                            "rpm": [],
                            "yum": [
                              {
                                "name": "google-cloud-ops-agent"
                              }
                            ],
                            "zypper": []
                          }
                        ],
                        "repository": []
                      }
                    ]
                  },
                  {
                    "inventory_filters": [
                      {
                        "os_short_name": "ubuntu",
                        "os_version": "20.04"
                      }
                    ],
                    "resources": [
                      {
                        "exec": [
                          {
                            "enforce": [
                              {
                                "args": [],
                                "file": [],
                                "interpreter": "SHELL",
                                "output_file_path": "",
                                "script": "echo hello"
                              }
                            ],
                            "validate": [
                              {
                                "args": [],
                                "file": [],
                                "interpreter": "SHELL",
                                "output_file_path": "",
                                "script": "cloud-init status --wait; exit 100;"
                              }
                            ]
                          }
                        ],
                        "file": [],
                        "id": "wait-for-cloud-init",
                        "pkg": [],
                        "repository": []
                      },
                      {
                        "exec": [],
                        "file": [],
                        "id": "add-repo",
                        "pkg": [],
                        "repository": [
                          {
                            "apt": [
                              {
                                "archive_type": "DEB",
                                "components": [
                                  "main"
                                ],
                                "distribution": "google-cloud-ops-agent-focal-2",
                                "gpg_key": "https://packages.cloud.google.com/apt/doc/apt-key.gpg",
                                "uri": "https://packages.cloud.google.com/apt"
                              }
                            ],
                            "goo": [],
                            "yum": [],
                            "zypper": []
                          }
                        ]
                      },
                      {
                        "exec": [],
                        "file": [],
                        "id": "install-pkg",
                        "pkg": [
                          {
                            "apt": [
                              {
                                "name": "google-cloud-ops-agent"
                              }
                            ],
                            "deb": [],
                            "desired_state": "INSTALLED",
                            "googet": [],
                            "msi": [],
                            "rpm": [],
                            "yum": [],
                            "zypper": []
                          }
                        ],
                        "repository": []
                      }
                    ]
                  },
                  {
                    "inventory_filters": [
                      {
                        "os_short_name": "ubuntu",
                        "os_version": "22.04"
                      }
                    ],
                    "resources": [
                      {
                        "exec": [
                          {
                            "enforce": [
                              {
                                "args": [],
                                "file": [],
                                "interpreter": "SHELL",
                                "output_file_path": "",
                                "script": "echo hello"
                              }
                            ],
                            "validate": [
                              {
                                "args": [],
                                "file": [],
                                "interpreter": "SHELL",
                                "output_file_path": "",
                                "script": "cloud-init status --wait; exit 100;"
                              }
                            ]
                          }
                        ],
                        "file": [],
                        "id": "wait-for-cloud-init",
                        "pkg": [],
                        "repository": []
                      },
                      {
                        "exec": [],
                        "file": [],
                        "id": "add-repo",
                        "pkg": [],
                        "repository": [
                          {
                            "apt": [
                              {
                                "archive_type": "DEB",
                                "components": [
                                  "main"
                                ],
                                "distribution": "google-cloud-ops-agent-jammy-2",
                                "gpg_key": "https://packages.cloud.google.com/apt/doc/apt-key.gpg",
                                "uri": "https://packages.cloud.google.com/apt"
                              }
                            ],
                            "goo": [],
                            "yum": [],
                            "zypper": []
                          }
                        ]
                      },
                      {
                        "exec": [],
                        "file": [],
                        "id": "install-pkg",
                        "pkg": [
                          {
                            "apt": [
                              {
                                "name": "google-cloud-ops-agent"
                              }
                            ],
                            "deb": [],
                            "desired_state": "INSTALLED",
                            "googet": [],
                            "msi": [],
                            "rpm": [],
                            "yum": [],
                            "zypper": []
                          }
                        ],
                        "repository": []
                      }
                    ]
                  }
                ]
              }
            ],
            "project": "swit-alpha",
            "reconciling": true,
            "revision_create_time": "2024-04-02T10:48:23.645311Z",
            "revision_id": "932370d8-c92e-4d53-a61f-6c26715b9492",
            "rollout": [
              {
                "disruption_budget": [
                  {
                    "fixed": 0,
                    "percent": 100
                  }
                ],
                "min_wait_duration": "0s"
              }
            ],
            "rollout_state": "IN_PROGRESS",
            "skip_await_rollout": true,
            "timeouts": null,
            "uid": "fa2b74df-a8f9-4c23-beb5-eb94674cd218"
          },
          "sensitive_attributes": [],
          "private": "eyJlMmJmYjczMC1lY2FhLTExZTYtOGY4OC0zNDM2M2JjN2M0YzAiOnsiY3JlYXRlIjoxMjAwMDAwMDAwMDAwLCJkZWxldGUiOjEyMDAwMDAwMDAwMDAsInVwZGF0ZSI6MTIwMDAwMDAwMDAwMH19",
          "dependencies": [
            "module.os_policy.data.google_compute_zones.this",
            "module.os_policy.data.google_project.default"
          ]
        },
        {
          "index_key": "asia-northeast3-b",
          "schema_version": 0,
          "attributes": {
            "baseline": false,
            "deleted": false,
            "description": "",
            "etag": "5d0f3822-ed2e-4d2b-9f12-2190436d8e01",
            "id": "projects/swit-alpha/locations/asia-northeast3-b/osPolicyAssignments/asia-northeast3-b-opsagent",
            "instance_filter": [
              {
                "all": false,
                "exclusion_labels": [
                  {
                    "labels": {
                      "goog-gke-node": ""
                    }
                  },
                  {
                    "labels": {
                      "nat": ""
                    }
                  },
                  {
                    "labels": {
                      "serverless-vpc-access": "swit-alpha-serverless-uw1"
                    }
                  }
                ],
                "inclusion_labels": [],
                "inventories": []
              }
            ],
            "location": "asia-northeast3-b",
            "name": "asia-northeast3-b-opsagent",
            "os_policies": [
              {
                "allow_no_resource_group_match": false,
                "description": "",
                "id": "opsagent",
                "mode": "ENFORCEMENT",
                "resource_groups": [
                  {
                    "inventory_filters": [
                      {
                        "os_short_name": "debian",
                        "os_version": "10"
                      }
                    ],
                    "resources": [
                      {
                        "exec": [],
                        "file": [],
                        "id": "add-repo",
                        "pkg": [],
                        "repository": [
                          {
                            "apt": [
                              {
                                "archive_type": "DEB",
                                "components": [
                                  "main"
                                ],
                                "distribution": "google-cloud-ops-agent-buster-2",
                                "gpg_key": "https://packages.cloud.google.com/apt/doc/apt-key.gpg",
                                "uri": "https://packages.cloud.google.com/apt"
                              }
                            ],
                            "goo": [],
                            "yum": [],
                            "zypper": []
                          }
                        ]
                      },
                      {
                        "exec": [],
                        "file": [],
                        "id": "install-pkg",
                        "pkg": [
                          {
                            "apt": [
                              {
                                "name": "google-cloud-ops-agent"
                              }
                            ],
                            "deb": [],
                            "desired_state": "INSTALLED",
                            "googet": [],
                            "msi": [],
                            "rpm": [],
                            "yum": [],
                            "zypper": []
                          }
                        ],
                        "repository": []
                      }
                    ]
                  },
                  {
                    "inventory_filters": [
                      {
                        "os_short_name": "debian",
                        "os_version": "11"
                      }
                    ],
                    "resources": [
                      {
                        "exec": [],
                        "file": [],
                        "id": "add-repo",
                        "pkg": [],
                        "repository": [
                          {
                            "apt": [
                              {
                                "archive_type": "DEB",
                                "components": [
                                  "main"
                                ],
                                "distribution": "google-cloud-ops-agent-bullseye-2",
                                "gpg_key": "https://packages.cloud.google.com/apt/doc/apt-key.gpg",
                                "uri": "https://packages.cloud.google.com/apt"
                              }
                            ],
                            "goo": [],
                            "yum": [],
                            "zypper": []
                          }
                        ]
                      },
                      {
                        "exec": [],
                        "file": [],
                        "id": "install-pkg",
                        "pkg": [
                          {
                            "apt": [
                              {
                                "name": "google-cloud-ops-agent"
                              }
                            ],
                            "deb": [],
                            "desired_state": "INSTALLED",
                            "googet": [],
                            "msi": [],
                            "rpm": [],
                            "yum": [],
                            "zypper": []
                          }
                        ],
                        "repository": []
                      }
                    ]
                  },
                  {
                    "inventory_filters": [
                      {
                        "os_short_name": "debian",
                        "os_version": "12"
                      }
                    ],
                    "resources": [
                      {
                        "exec": [],
                        "file": [],
                        "id": "add-repo",
                        "pkg": [],
                        "repository": [
                          {
                            "apt": [
                              {
                                "archive_type": "DEB",
                                "components": [
                                  "main"
                                ],
                                "distribution": "google-cloud-ops-agent-bookworm-2",
                                "gpg_key": "https://packages.cloud.google.com/apt/doc/apt-key.gpg",
                                "uri": "https://packages.cloud.google.com/apt"
                              }
                            ],
                            "goo": [],
                            "yum": [],
                            "zypper": []
                          }
                        ]
                      },
                      {
                        "exec": [],
                        "file": [],
                        "id": "install-pkg",
                        "pkg": [
                          {
                            "apt": [
                              {
                                "name": "google-cloud-ops-agent"
                              }
                            ],
                            "deb": [],
                            "desired_state": "INSTALLED",
                            "googet": [],
                            "msi": [],
                            "rpm": [],
                            "yum": [],
                            "zypper": []
                          }
                        ],
                        "repository": []
                      }
                    ]
                  },
                  {
                    "inventory_filters": [
                      {
                        "os_short_name": "rocky",
                        "os_version": "8.*"
                      }
                    ],
                    "resources": [
                      {
                        "exec": [],
                        "file": [],
                        "id": "add-repo",
                        "pkg": [],
                        "repository": [
                          {
                            "apt": [],
                            "goo": [],
                            "yum": [
                              {
                                "base_url": "https://packages.cloud.google.com/yum/repos/google-cloud-ops-agent-el8-x86_64-2",
                                "display_name": "Google Cloud Ops Agent Repository",
                                "gpg_keys": [
                                  "https://packages.cloud.google.com/yum/doc/yum-key.gpg",
                                  "https://packages.cloud.google.com/yum/doc/rpm-package-key.gpg"
                                ],
                                "id": "google-cloud-ops-agent"
                              }
                            ],
                            "zypper": []
                          }
                        ]
                      },
                      {
                        "exec": [],
                        "file": [],
                        "id": "install-pkg",
                        "pkg": [
                          {
                            "apt": [],
                            "deb": [],
                            "desired_state": "INSTALLED",
                            "googet": [],
                            "msi": [],
                            "rpm": [],
                            "yum": [
                              {
                                "name": "google-cloud-ops-agent"
                              }
                            ],
                            "zypper": []
                          }
                        ],
                        "repository": []
                      }
                    ]
                  },
                  {
                    "inventory_filters": [
                      {
                        "os_short_name": "rocky",
                        "os_version": "9.*"
                      }
                    ],
                    "resources": [
                      {
                        "exec": [],
                        "file": [],
                        "id": "add-repo",
                        "pkg": [],
                        "repository": [
                          {
                            "apt": [],
                            "goo": [],
                            "yum": [
                              {
                                "base_url": "https://packages.cloud.google.com/yum/repos/google-cloud-ops-agent-el9-x86_64-2",
                                "display_name": "Google Cloud Ops Agent Repository",
                                "gpg_keys": [
                                  "https://packages.cloud.google.com/yum/doc/yum-key.gpg",
                                  "https://packages.cloud.google.com/yum/doc/rpm-package-key.gpg"
                                ],
                                "id": "google-cloud-ops-agent"
                              }
                            ],
                            "zypper": []
                          }
                        ]
                      },
                      {
                        "exec": [],
                        "file": [],
                        "id": "install-pkg",
                        "pkg": [
                          {
                            "apt": [],
                            "deb": [],
                            "desired_state": "INSTALLED",
                            "googet": [],
                            "msi": [],
                            "rpm": [],
                            "yum": [
                              {
                                "name": "google-cloud-ops-agent"
                              }
                            ],
                            "zypper": []
                          }
                        ],
                        "repository": []
                      }
                    ]
                  },
                  {
                    "inventory_filters": [
                      {
                        "os_short_name": "ubuntu",
                        "os_version": "20.04"
                      }
                    ],
                    "resources": [
                      {
                        "exec": [
                          {
                            "enforce": [
                              {
                                "args": [],
                                "file": [],
                                "interpreter": "SHELL",
                                "output_file_path": "",
                                "script": "echo hello"
                              }
                            ],
                            "validate": [
                              {
                                "args": [],
                                "file": [],
                                "interpreter": "SHELL",
                                "output_file_path": "",
                                "script": "cloud-init status --wait; exit 100;"
                              }
                            ]
                          }
                        ],
                        "file": [],
                        "id": "wait-for-cloud-init",
                        "pkg": [],
                        "repository": []
                      },
                      {
                        "exec": [],
                        "file": [],
                        "id": "add-repo",
                        "pkg": [],
                        "repository": [
                          {
                            "apt": [
                              {
                                "archive_type": "DEB",
                                "components": [
                                  "main"
                                ],
                                "distribution": "google-cloud-ops-agent-focal-2",
                                "gpg_key": "https://packages.cloud.google.com/apt/doc/apt-key.gpg",
                                "uri": "https://packages.cloud.google.com/apt"
                              }
                            ],
                            "goo": [],
                            "yum": [],
                            "zypper": []
                          }
                        ]
                      },
                      {
                        "exec": [],
                        "file": [],
                        "id": "install-pkg",
                        "pkg": [
                          {
                            "apt": [
                              {
                                "name": "google-cloud-ops-agent"
                              }
                            ],
                            "deb": [],
                            "desired_state": "INSTALLED",
                            "googet": [],
                            "msi": [],
                            "rpm": [],
                            "yum": [],
                            "zypper": []
                          }
                        ],
                        "repository": []
                      }
                    ]
                  },
                  {
                    "inventory_filters": [
                      {
                        "os_short_name": "ubuntu",
                        "os_version": "22.04"
                      }
                    ],
                    "resources": [
                      {
                        "exec": [
                          {
                            "enforce": [
                              {
                                "args": [],
                                "file": [],
                                "interpreter": "SHELL",
                                "output_file_path": "",
                                "script": "echo hello"
                              }
                            ],
                            "validate": [
                              {
                                "args": [],
                                "file": [],
                                "interpreter": "SHELL",
                                "output_file_path": "",
                                "script": "cloud-init status --wait; exit 100;"
                              }
                            ]
                          }
                        ],
                        "file": [],
                        "id": "wait-for-cloud-init",
                        "pkg": [],
                        "repository": []
                      },
                      {
                        "exec": [],
                        "file": [],
                        "id": "add-repo",
                        "pkg": [],
                        "repository": [
                          {
                            "apt": [
                              {
                                "archive_type": "DEB",
                                "components": [
                                  "main"
                                ],
                                "distribution": "google-cloud-ops-agent-jammy-2",
                                "gpg_key": "https://packages.cloud.google.com/apt/doc/apt-key.gpg",
                                "uri": "https://packages.cloud.google.com/apt"
                              }
                            ],
                            "goo": [],
                            "yum": [],
                            "zypper": []
                          }
                        ]
                      },
                      {
                        "exec": [],
                        "file": [],
                        "id": "install-pkg",
                        "pkg": [
                          {
                            "apt": [
                              {
                                "name": "google-cloud-ops-agent"
                              }
                            ],
                            "deb": [],
                            "desired_state": "INSTALLED",
                            "googet": [],
                            "msi": [],
                            "rpm": [],
                            "yum": [],
                            "zypper": []
                          }
                        ],
                        "repository": []
                      }
                    ]
                  }
                ]
              }
            ],
            "project": "swit-alpha",
            "reconciling": true,
            "revision_create_time": "2024-04-02T10:48:23.951474Z",
            "revision_id": "11783820-14cf-40ae-874e-e79876195d90",
            "rollout": [
              {
                "disruption_budget": [
                  {
                    "fixed": 0,
                    "percent": 100
                  }
                ],
                "min_wait_duration": "0s"
              }
            ],
            "rollout_state": "IN_PROGRESS",
            "skip_await_rollout": true,
            "timeouts": null,
            "uid": "2b252a4a-2e4d-41fc-b171-bd3a115d208c"
          },
          "sensitive_attributes": [],
          "private": "eyJlMmJmYjczMC1lY2FhLTExZTYtOGY4OC0zNDM2M2JjN2M0YzAiOnsiY3JlYXRlIjoxMjAwMDAwMDAwMDAwLCJkZWxldGUiOjEyMDAwMDAwMDAwMDAsInVwZGF0ZSI6MTIwMDAwMDAwMDAwMH19",
          "dependencies": [
            "module.os_policy.data.google_compute_zones.this",
            "module.os_policy.data.google_project.default"
          ]
        },
        {
          "index_key": "asia-northeast3-c",
          "schema_version": 0,
          "attributes": {
            "baseline": false,
            "deleted": false,
            "description": "",
            "etag": "0cc24f18-85ea-4cd4-a73a-22da221e85de",
            "id": "projects/swit-alpha/locations/asia-northeast3-c/osPolicyAssignments/asia-northeast3-c-opsagent",
            "instance_filter": [
              {
                "all": false,
                "exclusion_labels": [
                  {
                    "labels": {
                      "goog-gke-node": ""
                    }
                  },
                  {
                    "labels": {
                      "nat": ""
                    }
                  },
                  {
                    "labels": {
                      "serverless-vpc-access": "swit-alpha-serverless-uw1"
                    }
                  }
                ],
                "inclusion_labels": [],
                "inventories": []
              }
            ],
            "location": "asia-northeast3-c",
            "name": "asia-northeast3-c-opsagent",
            "os_policies": [
              {
                "allow_no_resource_group_match": false,
                "description": "",
                "id": "opsagent",
                "mode": "ENFORCEMENT",
                "resource_groups": [
                  {
                    "inventory_filters": [
                      {
                        "os_short_name": "debian",
                        "os_version": "10"
                      }
                    ],
                    "resources": [
                      {
                        "exec": [],
                        "file": [],
                        "id": "add-repo",
                        "pkg": [],
                        "repository": [
                          {
                            "apt": [
                              {
                                "archive_type": "DEB",
                                "components": [
                                  "main"
                                ],
                                "distribution": "google-cloud-ops-agent-buster-2",
                                "gpg_key": "https://packages.cloud.google.com/apt/doc/apt-key.gpg",
                                "uri": "https://packages.cloud.google.com/apt"
                              }
                            ],
                            "goo": [],
                            "yum": [],
                            "zypper": []
                          }
                        ]
                      },
                      {
                        "exec": [],
                        "file": [],
                        "id": "install-pkg",
                        "pkg": [
                          {
                            "apt": [
                              {
                                "name": "google-cloud-ops-agent"
                              }
                            ],
                            "deb": [],
                            "desired_state": "INSTALLED",
                            "googet": [],
                            "msi": [],
                            "rpm": [],
                            "yum": [],
                            "zypper": []
                          }
                        ],
                        "repository": []
                      }
                    ]
                  },
                  {
                    "inventory_filters": [
                      {
                        "os_short_name": "debian",
                        "os_version": "11"
                      }
                    ],
                    "resources": [
                      {
                        "exec": [],
                        "file": [],
                        "id": "add-repo",
                        "pkg": [],
                        "repository": [
                          {
                            "apt": [
                              {
                                "archive_type": "DEB",
                                "components": [
                                  "main"
                                ],
                                "distribution": "google-cloud-ops-agent-bullseye-2",
                                "gpg_key": "https://packages.cloud.google.com/apt/doc/apt-key.gpg",
                                "uri": "https://packages.cloud.google.com/apt"
                              }
                            ],
                            "goo": [],
                            "yum": [],
                            "zypper": []
                          }
                        ]
                      },
                      {
                        "exec": [],
                        "file": [],
                        "id": "install-pkg",
                        "pkg": [
                          {
                            "apt": [
                              {
                                "name": "google-cloud-ops-agent"
                              }
                            ],
                            "deb": [],
                            "desired_state": "INSTALLED",
                            "googet": [],
                            "msi": [],
                            "rpm": [],
                            "yum": [],
                            "zypper": []
                          }
                        ],
                        "repository": []
                      }
                    ]
                  },
                  {
                    "inventory_filters": [
                      {
                        "os_short_name": "debian",
                        "os_version": "12"
                      }
                    ],
                    "resources": [
                      {
                        "exec": [],
                        "file": [],
                        "id": "add-repo",
                        "pkg": [],
                        "repository": [
                          {
                            "apt": [
                              {
                                "archive_type": "DEB",
                                "components": [
                                  "main"
                                ],
                                "distribution": "google-cloud-ops-agent-bookworm-2",
                                "gpg_key": "https://packages.cloud.google.com/apt/doc/apt-key.gpg",
                                "uri": "https://packages.cloud.google.com/apt"
                              }
                            ],
                            "goo": [],
                            "yum": [],
                            "zypper": []
                          }
                        ]
                      },
                      {
                        "exec": [],
                        "file": [],
                        "id": "install-pkg",
                        "pkg": [
                          {
                            "apt": [
                              {
                                "name": "google-cloud-ops-agent"
                              }
                            ],
                            "deb": [],
                            "desired_state": "INSTALLED",
                            "googet": [],
                            "msi": [],
                            "rpm": [],
                            "yum": [],
                            "zypper": []
                          }
                        ],
                        "repository": []
                      }
                    ]
                  },
                  {
                    "inventory_filters": [
                      {
                        "os_short_name": "rocky",
                        "os_version": "8.*"
                      }
                    ],
                    "resources": [
                      {
                        "exec": [],
                        "file": [],
                        "id": "add-repo",
                        "pkg": [],
                        "repository": [
                          {
                            "apt": [],
                            "goo": [],
                            "yum": [
                              {
                                "base_url": "https://packages.cloud.google.com/yum/repos/google-cloud-ops-agent-el8-x86_64-2",
                                "display_name": "Google Cloud Ops Agent Repository",
                                "gpg_keys": [
                                  "https://packages.cloud.google.com/yum/doc/yum-key.gpg",
                                  "https://packages.cloud.google.com/yum/doc/rpm-package-key.gpg"
                                ],
                                "id": "google-cloud-ops-agent"
                              }
                            ],
                            "zypper": []
                          }
                        ]
                      },
                      {
                        "exec": [],
                        "file": [],
                        "id": "install-pkg",
                        "pkg": [
                          {
                            "apt": [],
                            "deb": [],
                            "desired_state": "INSTALLED",
                            "googet": [],
                            "msi": [],
                            "rpm": [],
                            "yum": [
                              {
                                "name": "google-cloud-ops-agent"
                              }
                            ],
                            "zypper": []
                          }
                        ],
                        "repository": []
                      }
                    ]
                  },
                  {
                    "inventory_filters": [
                      {
                        "os_short_name": "rocky",
                        "os_version": "9.*"
                      }
                    ],
                    "resources": [
                      {
                        "exec": [],
                        "file": [],
                        "id": "add-repo",
                        "pkg": [],
                        "repository": [
                          {
                            "apt": [],
                            "goo": [],
                            "yum": [
                              {
                                "base_url": "https://packages.cloud.google.com/yum/repos/google-cloud-ops-agent-el9-x86_64-2",
                                "display_name": "Google Cloud Ops Agent Repository",
                                "gpg_keys": [
                                  "https://packages.cloud.google.com/yum/doc/yum-key.gpg",
                                  "https://packages.cloud.google.com/yum/doc/rpm-package-key.gpg"
                                ],
                                "id": "google-cloud-ops-agent"
                              }
                            ],
                            "zypper": []
                          }
                        ]
                      },
                      {
                        "exec": [],
                        "file": [],
                        "id": "install-pkg",
                        "pkg": [
                          {
                            "apt": [],
                            "deb": [],
                            "desired_state": "INSTALLED",
                            "googet": [],
                            "msi": [],
                            "rpm": [],
                            "yum": [
                              {
                                "name": "google-cloud-ops-agent"
                              }
                            ],
                            "zypper": []
                          }
                        ],
                        "repository": []
                      }
                    ]
                  },
                  {
                    "inventory_filters": [
                      {
                        "os_short_name": "ubuntu",
                        "os_version": "20.04"
                      }
                    ],
                    "resources": [
                      {
                        "exec": [
                          {
                            "enforce": [
                              {
                                "args": [],
                                "file": [],
                                "interpreter": "SHELL",
                                "output_file_path": "",
                                "script": "echo hello"
                              }
                            ],
                            "validate": [
                              {
                                "args": [],
                                "file": [],
                                "interpreter": "SHELL",
                                "output_file_path": "",
                                "script": "cloud-init status --wait; exit 100;"
                              }
                            ]
                          }
                        ],
                        "file": [],
                        "id": "wait-for-cloud-init",
                        "pkg": [],
                        "repository": []
                      },
                      {
                        "exec": [],
                        "file": [],
                        "id": "add-repo",
                        "pkg": [],
                        "repository": [
                          {
                            "apt": [
                              {
                                "archive_type": "DEB",
                                "components": [
                                  "main"
                                ],
                                "distribution": "google-cloud-ops-agent-focal-2",
                                "gpg_key": "https://packages.cloud.google.com/apt/doc/apt-key.gpg",
                                "uri": "https://packages.cloud.google.com/apt"
                              }
                            ],
                            "goo": [],
                            "yum": [],
                            "zypper": []
                          }
                        ]
                      },
                      {
                        "exec": [],
                        "file": [],
                        "id": "install-pkg",
                        "pkg": [
                          {
                            "apt": [
                              {
                                "name": "google-cloud-ops-agent"
                              }
                            ],
                            "deb": [],
                            "desired_state": "INSTALLED",
                            "googet": [],
                            "msi": [],
                            "rpm": [],
                            "yum": [],
                            "zypper": []
                          }
                        ],
                        "repository": []
                      }
                    ]
                  },
                  {
                    "inventory_filters": [
                      {
                        "os_short_name": "ubuntu",
                        "os_version": "22.04"
                      }
                    ],
                    "resources": [
                      {
                        "exec": [
                          {
                            "enforce": [
                              {
                                "args": [],
                                "file": [],
                                "interpreter": "SHELL",
                                "output_file_path": "",
                                "script": "echo hello"
                              }
                            ],
                            "validate": [
                              {
                                "args": [],
                                "file": [],
                                "interpreter": "SHELL",
                                "output_file_path": "",
                                "script": "cloud-init status --wait; exit 100;"
                              }
                            ]
                          }
                        ],
                        "file": [],
                        "id": "wait-for-cloud-init",
                        "pkg": [],
                        "repository": []
                      },
                      {
                        "exec": [],
                        "file": [],
                        "id": "add-repo",
                        "pkg": [],
                        "repository": [
                          {
                            "apt": [
                              {
                                "archive_type": "DEB",
                                "components": [
                                  "main"
                                ],
                                "distribution": "google-cloud-ops-agent-jammy-2",
                                "gpg_key": "https://packages.cloud.google.com/apt/doc/apt-key.gpg",
                                "uri": "https://packages.cloud.google.com/apt"
                              }
                            ],
                            "goo": [],
                            "yum": [],
                            "zypper": []
                          }
                        ]
                      },
                      {
                        "exec": [],
                        "file": [],
                        "id": "install-pkg",
                        "pkg": [
                          {
                            "apt": [
                              {
                                "name": "google-cloud-ops-agent"
                              }
                            ],
                            "deb": [],
                            "desired_state": "INSTALLED",
                            "googet": [],
                            "msi": [],
                            "rpm": [],
                            "yum": [],
                            "zypper": []
                          }
                        ],
                        "repository": []
                      }
                    ]
                  }
                ]
              }
            ],
            "project": "swit-alpha",
            "reconciling": true,
            "revision_create_time": "2024-04-02T10:48:23.943325Z",
            "revision_id": "3f5092ea-c2bc-4f53-8a94-a20429c89e38",
            "rollout": [
              {
                "disruption_budget": [
                  {
                    "fixed": 0,
                    "percent": 100
                  }
                ],
                "min_wait_duration": "0s"
              }
            ],
            "rollout_state": "IN_PROGRESS",
            "skip_await_rollout": true,
            "timeouts": null,
            "uid": "116401de-02d4-47d8-a899-7098d20c2e49"
          },
          "sensitive_attributes": [],
          "private": "eyJlMmJmYjczMC1lY2FhLTExZTYtOGY4OC0zNDM2M2JjN2M0YzAiOnsiY3JlYXRlIjoxMjAwMDAwMDAwMDAwLCJkZWxldGUiOjEyMDAwMDAwMDAwMDAsInVwZGF0ZSI6MTIwMDAwMDAwMDAwMH19",
          "dependencies": [
            "module.os_policy.data.google_compute_zones.this",
            "module.os_policy.data.google_project.default"
          ]
        },
        {
          "index_key": "us-west1-a",
          "schema_version": 0,
          "attributes": {
            "baseline": false,
            "deleted": false,
            "description": "",
            "etag": "caaf5542-b093-4475-ba73-672923f3d18c",
            "id": "projects/swit-alpha/locations/us-west1-a/osPolicyAssignments/us-west1-a-opsagent",
            "instance_filter": [
              {
                "all": false,
                "exclusion_labels": [
                  {
                    "labels": {
                      "goog-gke-node": ""
                    }
                  },
                  {
                    "labels": {
                      "nat": ""
                    }
                  },
                  {
                    "labels": {
                      "serverless-vpc-access": "swit-alpha-serverless-uw1"
                    }
                  }
                ],
                "inclusion_labels": [],
                "inventories": []
              }
            ],
            "location": "us-west1-a",
            "name": "us-west1-a-opsagent",
            "os_policies": [
              {
                "allow_no_resource_group_match": false,
                "description": "",
                "id": "opsagent",
                "mode": "ENFORCEMENT",
                "resource_groups": [
                  {
                    "inventory_filters": [
                      {
                        "os_short_name": "debian",
                        "os_version": "10"
                      }
                    ],
                    "resources": [
                      {
                        "exec": [],
                        "file": [],
                        "id": "add-repo",
                        "pkg": [],
                        "repository": [
                          {
                            "apt": [
                              {
                                "archive_type": "DEB",
                                "components": [
                                  "main"
                                ],
                                "distribution": "google-cloud-ops-agent-buster-2",
                                "gpg_key": "https://packages.cloud.google.com/apt/doc/apt-key.gpg",
                                "uri": "https://packages.cloud.google.com/apt"
                              }
                            ],
                            "goo": [],
                            "yum": [],
                            "zypper": []
                          }
                        ]
                      },
                      {
                        "exec": [],
                        "file": [],
                        "id": "install-pkg",
                        "pkg": [
                          {
                            "apt": [
                              {
                                "name": "google-cloud-ops-agent"
                              }
                            ],
                            "deb": [],
                            "desired_state": "INSTALLED",
                            "googet": [],
                            "msi": [],
                            "rpm": [],
                            "yum": [],
                            "zypper": []
                          }
                        ],
                        "repository": []
                      }
                    ]
                  },
                  {
                    "inventory_filters": [
                      {
                        "os_short_name": "debian",
                        "os_version": "11"
                      }
                    ],
                    "resources": [
                      {
                        "exec": [],
                        "file": [],
                        "id": "add-repo",
                        "pkg": [],
                        "repository": [
                          {
                            "apt": [
                              {
                                "archive_type": "DEB",
                                "components": [
                                  "main"
                                ],
                                "distribution": "google-cloud-ops-agent-bullseye-2",
                                "gpg_key": "https://packages.cloud.google.com/apt/doc/apt-key.gpg",
                                "uri": "https://packages.cloud.google.com/apt"
                              }
                            ],
                            "goo": [],
                            "yum": [],
                            "zypper": []
                          }
                        ]
                      },
                      {
                        "exec": [],
                        "file": [],
                        "id": "install-pkg",
                        "pkg": [
                          {
                            "apt": [
                              {
                                "name": "google-cloud-ops-agent"
                              }
                            ],
                            "deb": [],
                            "desired_state": "INSTALLED",
                            "googet": [],
                            "msi": [],
                            "rpm": [],
                            "yum": [],
                            "zypper": []
                          }
                        ],
                        "repository": []
                      }
                    ]
                  },
                  {
                    "inventory_filters": [
                      {
                        "os_short_name": "debian",
                        "os_version": "12"
                      }
                    ],
                    "resources": [
                      {
                        "exec": [],
                        "file": [],
                        "id": "add-repo",
                        "pkg": [],
                        "repository": [
                          {
                            "apt": [
                              {
                                "archive_type": "DEB",
                                "components": [
                                  "main"
                                ],
                                "distribution": "google-cloud-ops-agent-bookworm-2",
                                "gpg_key": "https://packages.cloud.google.com/apt/doc/apt-key.gpg",
                                "uri": "https://packages.cloud.google.com/apt"
                              }
                            ],
                            "goo": [],
                            "yum": [],
                            "zypper": []
                          }
                        ]
                      },
                      {
                        "exec": [],
                        "file": [],
                        "id": "install-pkg",
                        "pkg": [
                          {
                            "apt": [
                              {
                                "name": "google-cloud-ops-agent"
                              }
                            ],
                            "deb": [],
                            "desired_state": "INSTALLED",
                            "googet": [],
                            "msi": [],
                            "rpm": [],
                            "yum": [],
                            "zypper": []
                          }
                        ],
                        "repository": []
                      }
                    ]
                  },
                  {
                    "inventory_filters": [
                      {
                        "os_short_name": "rocky",
                        "os_version": "8.*"
                      }
                    ],
                    "resources": [
                      {
                        "exec": [],
                        "file": [],
                        "id": "add-repo",
                        "pkg": [],
                        "repository": [
                          {
                            "apt": [],
                            "goo": [],
                            "yum": [
                              {
                                "base_url": "https://packages.cloud.google.com/yum/repos/google-cloud-ops-agent-el8-x86_64-2",
                                "display_name": "Google Cloud Ops Agent Repository",
                                "gpg_keys": [
                                  "https://packages.cloud.google.com/yum/doc/yum-key.gpg",
                                  "https://packages.cloud.google.com/yum/doc/rpm-package-key.gpg"
                                ],
                                "id": "google-cloud-ops-agent"
                              }
                            ],
                            "zypper": []
                          }
                        ]
                      },
                      {
                        "exec": [],
                        "file": [],
                        "id": "install-pkg",
                        "pkg": [
                          {
                            "apt": [],
                            "deb": [],
                            "desired_state": "INSTALLED",
                            "googet": [],
                            "msi": [],
                            "rpm": [],
                            "yum": [
                              {
                                "name": "google-cloud-ops-agent"
                              }
                            ],
                            "zypper": []
                          }
                        ],
                        "repository": []
                      }
                    ]
                  },
                  {
                    "inventory_filters": [
                      {
                        "os_short_name": "rocky",
                        "os_version": "9.*"
                      }
                    ],
                    "resources": [
                      {
                        "exec": [],
                        "file": [],
                        "id": "add-repo",
                        "pkg": [],
                        "repository": [
                          {
                            "apt": [],
                            "goo": [],
                            "yum": [
                              {
                                "base_url": "https://packages.cloud.google.com/yum/repos/google-cloud-ops-agent-el9-x86_64-2",
                                "display_name": "Google Cloud Ops Agent Repository",
                                "gpg_keys": [
                                  "https://packages.cloud.google.com/yum/doc/yum-key.gpg",
                                  "https://packages.cloud.google.com/yum/doc/rpm-package-key.gpg"
                                ],
                                "id": "google-cloud-ops-agent"
                              }
                            ],
                            "zypper": []
                          }
                        ]
                      },
                      {
                        "exec": [],
                        "file": [],
                        "id": "install-pkg",
                        "pkg": [
                          {
                            "apt": [],
                            "deb": [],
                            "desired_state": "INSTALLED",
                            "googet": [],
                            "msi": [],
                            "rpm": [],
                            "yum": [
                              {
                                "name": "google-cloud-ops-agent"
                              }
                            ],
                            "zypper": []
                          }
                        ],
                        "repository": []
                      }
                    ]
                  },
                  {
                    "inventory_filters": [
                      {
                        "os_short_name": "ubuntu",
                        "os_version": "20.04"
                      }
                    ],
                    "resources": [
                      {
                        "exec": [
                          {
                            "enforce": [
                              {
                                "args": [],
                                "file": [],
                                "interpreter": "SHELL",
                                "output_file_path": "",
                                "script": "echo hello"
                              }
                            ],
                            "validate": [
                              {
                                "args": [],
                                "file": [],
                                "interpreter": "SHELL",
                                "output_file_path": "",
                                "script": "cloud-init status --wait; exit 100;"
                              }
                            ]
                          }
                        ],
                        "file": [],
                        "id": "wait-for-cloud-init",
                        "pkg": [],
                        "repository": []
                      },
                      {
                        "exec": [],
                        "file": [],
                        "id": "add-repo",
                        "pkg": [],
                        "repository": [
                          {
                            "apt": [
                              {
                                "archive_type": "DEB",
                                "components": [
                                  "main"
                                ],
                                "distribution": "google-cloud-ops-agent-focal-2",
                                "gpg_key": "https://packages.cloud.google.com/apt/doc/apt-key.gpg",
                                "uri": "https://packages.cloud.google.com/apt"
                              }
                            ],
                            "goo": [],
                            "yum": [],
                            "zypper": []
                          }
                        ]
                      },
                      {
                        "exec": [],
                        "file": [],
                        "id": "install-pkg",
                        "pkg": [
                          {
                            "apt": [
                              {
                                "name": "google-cloud-ops-agent"
                              }
                            ],
                            "deb": [],
                            "desired_state": "INSTALLED",
                            "googet": [],
                            "msi": [],
                            "rpm": [],
                            "yum": [],
                            "zypper": []
                          }
                        ],
                        "repository": []
                      }
                    ]
                  },
                  {
                    "inventory_filters": [
                      {
                        "os_short_name": "ubuntu",
                        "os_version": "22.04"
                      }
                    ],
                    "resources": [
                      {
                        "exec": [
                          {
                            "enforce": [
                              {
                                "args": [],
                                "file": [],
                                "interpreter": "SHELL",
                                "output_file_path": "",
                                "script": "echo hello"
                              }
                            ],
                            "validate": [
                              {
                                "args": [],
                                "file": [],
                                "interpreter": "SHELL",
                                "output_file_path": "",
                                "script": "cloud-init status --wait; exit 100;"
                              }
                            ]
                          }
                        ],
                        "file": [],
                        "id": "wait-for-cloud-init",
                        "pkg": [],
                        "repository": []
                      },
                      {
                        "exec": [],
                        "file": [],
                        "id": "add-repo",
                        "pkg": [],
                        "repository": [
                          {
                            "apt": [
                              {
                                "archive_type": "DEB",
                                "components": [
                                  "main"
                                ],
                                "distribution": "google-cloud-ops-agent-jammy-2",
                                "gpg_key": "https://packages.cloud.google.com/apt/doc/apt-key.gpg",
                                "uri": "https://packages.cloud.google.com/apt"
                              }
                            ],
                            "goo": [],
                            "yum": [],
                            "zypper": []
                          }
                        ]
                      },
                      {
                        "exec": [],
                        "file": [],
                        "id": "install-pkg",
                        "pkg": [
                          {
                            "apt": [
                              {
                                "name": "google-cloud-ops-agent"
                              }
                            ],
                            "deb": [],
                            "desired_state": "INSTALLED",
                            "googet": [],
                            "msi": [],
                            "rpm": [],
                            "yum": [],
                            "zypper": []
                          }
                        ],
                        "repository": []
                      }
                    ]
                  }
                ]
              }
            ],
            "project": "swit-alpha",
            "reconciling": true,
            "revision_create_time": "2024-04-02T10:48:24.318914Z",
            "revision_id": "d8573a7b-f463-4b97-bb36-4c6fd9bd5a6c",
            "rollout": [
              {
                "disruption_budget": [
                  {
                    "fixed": 0,
                    "percent": 100
                  }
                ],
                "min_wait_duration": "0s"
              }
            ],
            "rollout_state": "IN_PROGRESS",
            "skip_await_rollout": true,
            "timeouts": null,
            "uid": "0ddda533-5d86-4a30-8e75-4220dc514dde"
          },
          "sensitive_attributes": [],
          "private": "eyJlMmJmYjczMC1lY2FhLTExZTYtOGY4OC0zNDM2M2JjN2M0YzAiOnsiY3JlYXRlIjoxMjAwMDAwMDAwMDAwLCJkZWxldGUiOjEyMDAwMDAwMDAwMDAsInVwZGF0ZSI6MTIwMDAwMDAwMDAwMH19",
          "dependencies": [
            "module.os_policy.data.google_compute_zones.this",
            "module.os_policy.data.google_project.default"
          ]
        },
        {
          "index_key": "us-west1-b",
          "schema_version": 0,
          "attributes": {
            "baseline": false,
            "deleted": false,
            "description": "",
            "etag": "284aea71-a3e9-4d41-8f5a-822f3a996d8a",
            "id": "projects/swit-alpha/locations/us-west1-b/osPolicyAssignments/us-west1-b-opsagent",
            "instance_filter": [
              {
                "all": false,
                "exclusion_labels": [
                  {
                    "labels": {
                      "goog-gke-node": ""
                    }
                  },
                  {
                    "labels": {
                      "nat": ""
                    }
                  },
                  {
                    "labels": {
                      "serverless-vpc-access": "swit-alpha-serverless-uw1"
                    }
                  }
                ],
                "inclusion_labels": [],
                "inventories": []
              }
            ],
            "location": "us-west1-b",
            "name": "us-west1-b-opsagent",
            "os_policies": [
              {
                "allow_no_resource_group_match": false,
                "description": "",
                "id": "opsagent",
                "mode": "ENFORCEMENT",
                "resource_groups": [
                  {
                    "inventory_filters": [
                      {
                        "os_short_name": "debian",
                        "os_version": "10"
                      }
                    ],
                    "resources": [
                      {
                        "exec": [],
                        "file": [],
                        "id": "add-repo",
                        "pkg": [],
                        "repository": [
                          {
                            "apt": [
                              {
                                "archive_type": "DEB",
                                "components": [
                                  "main"
                                ],
                                "distribution": "google-cloud-ops-agent-buster-2",
                                "gpg_key": "https://packages.cloud.google.com/apt/doc/apt-key.gpg",
                                "uri": "https://packages.cloud.google.com/apt"
                              }
                            ],
                            "goo": [],
                            "yum": [],
                            "zypper": []
                          }
                        ]
                      },
                      {
                        "exec": [],
                        "file": [],
                        "id": "install-pkg",
                        "pkg": [
                          {
                            "apt": [
                              {
                                "name": "google-cloud-ops-agent"
                              }
                            ],
                            "deb": [],
                            "desired_state": "INSTALLED",
                            "googet": [],
                            "msi": [],
                            "rpm": [],
                            "yum": [],
                            "zypper": []
                          }
                        ],
                        "repository": []
                      }
                    ]
                  },
                  {
                    "inventory_filters": [
                      {
                        "os_short_name": "debian",
                        "os_version": "11"
                      }
                    ],
                    "resources": [
                      {
                        "exec": [],
                        "file": [],
                        "id": "add-repo",
                        "pkg": [],
                        "repository": [
                          {
                            "apt": [
                              {
                                "archive_type": "DEB",
                                "components": [
                                  "main"
                                ],
                                "distribution": "google-cloud-ops-agent-bullseye-2",
                                "gpg_key": "https://packages.cloud.google.com/apt/doc/apt-key.gpg",
                                "uri": "https://packages.cloud.google.com/apt"
                              }
                            ],
                            "goo": [],
                            "yum": [],
                            "zypper": []
                          }
                        ]
                      },
                      {
                        "exec": [],
                        "file": [],
                        "id": "install-pkg",
                        "pkg": [
                          {
                            "apt": [
                              {
                                "name": "google-cloud-ops-agent"
                              }
                            ],
                            "deb": [],
                            "desired_state": "INSTALLED",
                            "googet": [],
                            "msi": [],
                            "rpm": [],
                            "yum": [],
                            "zypper": []
                          }
                        ],
                        "repository": []
                      }
                    ]
                  },
                  {
                    "inventory_filters": [
                      {
                        "os_short_name": "debian",
                        "os_version": "12"
                      }
                    ],
                    "resources": [
                      {
                        "exec": [],
                        "file": [],
                        "id": "add-repo",
                        "pkg": [],
                        "repository": [
                          {
                            "apt": [
                              {
                                "archive_type": "DEB",
                                "components": [
                                  "main"
                                ],
                                "distribution": "google-cloud-ops-agent-bookworm-2",
                                "gpg_key": "https://packages.cloud.google.com/apt/doc/apt-key.gpg",
                                "uri": "https://packages.cloud.google.com/apt"
                              }
                            ],
                            "goo": [],
                            "yum": [],
                            "zypper": []
                          }
                        ]
                      },
                      {
                        "exec": [],
                        "file": [],
                        "id": "install-pkg",
                        "pkg": [
                          {
                            "apt": [
                              {
                                "name": "google-cloud-ops-agent"
                              }
                            ],
                            "deb": [],
                            "desired_state": "INSTALLED",
                            "googet": [],
                            "msi": [],
                            "rpm": [],
                            "yum": [],
                            "zypper": []
                          }
                        ],
                        "repository": []
                      }
                    ]
                  },
                  {
                    "inventory_filters": [
                      {
                        "os_short_name": "rocky",
                        "os_version": "8.*"
                      }
                    ],
                    "resources": [
                      {
                        "exec": [],
                        "file": [],
                        "id": "add-repo",
                        "pkg": [],
                        "repository": [
                          {
                            "apt": [],
                            "goo": [],
                            "yum": [
                              {
                                "base_url": "https://packages.cloud.google.com/yum/repos/google-cloud-ops-agent-el8-x86_64-2",
                                "display_name": "Google Cloud Ops Agent Repository",
                                "gpg_keys": [
                                  "https://packages.cloud.google.com/yum/doc/yum-key.gpg",
                                  "https://packages.cloud.google.com/yum/doc/rpm-package-key.gpg"
                                ],
                                "id": "google-cloud-ops-agent"
                              }
                            ],
                            "zypper": []
                          }
                        ]
                      },
                      {
                        "exec": [],
                        "file": [],
                        "id": "install-pkg",
                        "pkg": [
                          {
                            "apt": [],
                            "deb": [],
                            "desired_state": "INSTALLED",
                            "googet": [],
                            "msi": [],
                            "rpm": [],
                            "yum": [
                              {
                                "name": "google-cloud-ops-agent"
                              }
                            ],
                            "zypper": []
                          }
                        ],
                        "repository": []
                      }
                    ]
                  },
                  {
                    "inventory_filters": [
                      {
                        "os_short_name": "rocky",
                        "os_version": "9.*"
                      }
                    ],
                    "resources": [
                      {
                        "exec": [],
                        "file": [],
                        "id": "add-repo",
                        "pkg": [],
                        "repository": [
                          {
                            "apt": [],
                            "goo": [],
                            "yum": [
                              {
                                "base_url": "https://packages.cloud.google.com/yum/repos/google-cloud-ops-agent-el9-x86_64-2",
                                "display_name": "Google Cloud Ops Agent Repository",
                                "gpg_keys": [
                                  "https://packages.cloud.google.com/yum/doc/yum-key.gpg",
                                  "https://packages.cloud.google.com/yum/doc/rpm-package-key.gpg"
                                ],
                                "id": "google-cloud-ops-agent"
                              }
                            ],
                            "zypper": []
                          }
                        ]
                      },
                      {
                        "exec": [],
                        "file": [],
                        "id": "install-pkg",
                        "pkg": [
                          {
                            "apt": [],
                            "deb": [],
                            "desired_state": "INSTALLED",
                            "googet": [],
                            "msi": [],
                            "rpm": [],
                            "yum": [
                              {
                                "name": "google-cloud-ops-agent"
                              }
                            ],
                            "zypper": []
                          }
                        ],
                        "repository": []
                      }
                    ]
                  },
                  {
                    "inventory_filters": [
                      {
                        "os_short_name": "ubuntu",
                        "os_version": "20.04"
                      }
                    ],
                    "resources": [
                      {
                        "exec": [
                          {
                            "enforce": [
                              {
                                "args": [],
                                "file": [],
                                "interpreter": "SHELL",
                                "output_file_path": "",
                                "script": "echo hello"
                              }
                            ],
                            "validate": [
                              {
                                "args": [],
                                "file": [],
                                "interpreter": "SHELL",
                                "output_file_path": "",
                                "script": "cloud-init status --wait; exit 100;"
                              }
                            ]
                          }
                        ],
                        "file": [],
                        "id": "wait-for-cloud-init",
                        "pkg": [],
                        "repository": []
                      },
                      {
                        "exec": [],
                        "file": [],
                        "id": "add-repo",
                        "pkg": [],
                        "repository": [
                          {
                            "apt": [
                              {
                                "archive_type": "DEB",
                                "components": [
                                  "main"
                                ],
                                "distribution": "google-cloud-ops-agent-focal-2",
                                "gpg_key": "https://packages.cloud.google.com/apt/doc/apt-key.gpg",
                                "uri": "https://packages.cloud.google.com/apt"
                              }
                            ],
                            "goo": [],
                            "yum": [],
                            "zypper": []
                          }
                        ]
                      },
                      {
                        "exec": [],
                        "file": [],
                        "id": "install-pkg",
                        "pkg": [
                          {
                            "apt": [
                              {
                                "name": "google-cloud-ops-agent"
                              }
                            ],
                            "deb": [],
                            "desired_state": "INSTALLED",
                            "googet": [],
                            "msi": [],
                            "rpm": [],
                            "yum": [],
                            "zypper": []
                          }
                        ],
                        "repository": []
                      }
                    ]
                  },
                  {
                    "inventory_filters": [
                      {
                        "os_short_name": "ubuntu",
                        "os_version": "22.04"
                      }
                    ],
                    "resources": [
                      {
                        "exec": [
                          {
                            "enforce": [
                              {
                                "args": [],
                                "file": [],
                                "interpreter": "SHELL",
                                "output_file_path": "",
                                "script": "echo hello"
                              }
                            ],
                            "validate": [
                              {
                                "args": [],
                                "file": [],
                                "interpreter": "SHELL",
                                "output_file_path": "",
                                "script": "cloud-init status --wait; exit 100;"
                              }
                            ]
                          }
                        ],
                        "file": [],
                        "id": "wait-for-cloud-init",
                        "pkg": [],
                        "repository": []
                      },
                      {
                        "exec": [],
                        "file": [],
                        "id": "add-repo",
                        "pkg": [],
                        "repository": [
                          {
                            "apt": [
                              {
                                "archive_type": "DEB",
                                "components": [
                                  "main"
                                ],
                                "distribution": "google-cloud-ops-agent-jammy-2",
                                "gpg_key": "https://packages.cloud.google.com/apt/doc/apt-key.gpg",
                                "uri": "https://packages.cloud.google.com/apt"
                              }
                            ],
                            "goo": [],
                            "yum": [],
                            "zypper": []
                          }
                        ]
                      },
                      {
                        "exec": [],
                        "file": [],
                        "id": "install-pkg",
                        "pkg": [
                          {
                            "apt": [
                              {
                                "name": "google-cloud-ops-agent"
                              }
                            ],
                            "deb": [],
                            "desired_state": "INSTALLED",
                            "googet": [],
                            "msi": [],
                            "rpm": [],
                            "yum": [],
                            "zypper": []
                          }
                        ],
                        "repository": []
                      }
                    ]
                  }
                ]
              }
            ],
            "project": "swit-alpha",
            "reconciling": true,
            "revision_create_time": "2024-04-02T10:48:25.714279Z",
            "revision_id": "f05508be-f688-4d9b-bb9b-2ca3b41338af",
            "rollout": [
              {
                "disruption_budget": [
                  {
                    "fixed": 0,
                    "percent": 100
                  }
                ],
                "min_wait_duration": "0s"
              }
            ],
            "rollout_state": "IN_PROGRESS",
            "skip_await_rollout": true,
            "timeouts": null,
            "uid": "190a8dff-c294-4ad6-9161-f34f3e73a131"
          },
          "sensitive_attributes": [],
          "private": "eyJlMmJmYjczMC1lY2FhLTExZTYtOGY4OC0zNDM2M2JjN2M0YzAiOnsiY3JlYXRlIjoxMjAwMDAwMDAwMDAwLCJkZWxldGUiOjEyMDAwMDAwMDAwMDAsInVwZGF0ZSI6MTIwMDAwMDAwMDAwMH19",
          "dependencies": [
            "module.os_policy.data.google_compute_zones.this",
            "module.os_policy.data.google_project.default"
          ]
        },
        {
          "index_key": "us-west1-c",
          "schema_version": 0,
          "attributes": {
            "baseline": false,
            "deleted": false,
            "description": "",
            "etag": "727aa0fb-3c87-46d3-88b2-493db709f7ce",
            "id": "projects/swit-alpha/locations/us-west1-c/osPolicyAssignments/us-west1-c-opsagent",
            "instance_filter": [
              {
                "all": false,
                "exclusion_labels": [
                  {
                    "labels": {
                      "goog-gke-node": ""
                    }
                  },
                  {
                    "labels": {
                      "nat": ""
                    }
                  },
                  {
                    "labels": {
                      "serverless-vpc-access": "swit-alpha-serverless-uw1"
                    }
                  }
                ],
                "inclusion_labels": [],
                "inventories": []
              }
            ],
            "location": "us-west1-c",
            "name": "us-west1-c-opsagent",
            "os_policies": [
              {
                "allow_no_resource_group_match": false,
                "description": "",
                "id": "opsagent",
                "mode": "ENFORCEMENT",
                "resource_groups": [
                  {
                    "inventory_filters": [
                      {
                        "os_short_name": "debian",
                        "os_version": "10"
                      }
                    ],
                    "resources": [
                      {
                        "exec": [],
                        "file": [],
                        "id": "add-repo",
                        "pkg": [],
                        "repository": [
                          {
                            "apt": [
                              {
                                "archive_type": "DEB",
                                "components": [
                                  "main"
                                ],
                                "distribution": "google-cloud-ops-agent-buster-2",
                                "gpg_key": "https://packages.cloud.google.com/apt/doc/apt-key.gpg",
                                "uri": "https://packages.cloud.google.com/apt"
                              }
                            ],
                            "goo": [],
                            "yum": [],
                            "zypper": []
                          }
                        ]
                      },
                      {
                        "exec": [],
                        "file": [],
                        "id": "install-pkg",
                        "pkg": [
                          {
                            "apt": [
                              {
                                "name": "google-cloud-ops-agent"
                              }
                            ],
                            "deb": [],
                            "desired_state": "INSTALLED",
                            "googet": [],
                            "msi": [],
                            "rpm": [],
                            "yum": [],
                            "zypper": []
                          }
                        ],
                        "repository": []
                      }
                    ]
                  },
                  {
                    "inventory_filters": [
                      {
                        "os_short_name": "debian",
                        "os_version": "11"
                      }
                    ],
                    "resources": [
                      {
                        "exec": [],
                        "file": [],
                        "id": "add-repo",
                        "pkg": [],
                        "repository": [
                          {
                            "apt": [
                              {
                                "archive_type": "DEB",
                                "components": [
                                  "main"
                                ],
                                "distribution": "google-cloud-ops-agent-bullseye-2",
                                "gpg_key": "https://packages.cloud.google.com/apt/doc/apt-key.gpg",
                                "uri": "https://packages.cloud.google.com/apt"
                              }
                            ],
                            "goo": [],
                            "yum": [],
                            "zypper": []
                          }
                        ]
                      },
                      {
                        "exec": [],
                        "file": [],
                        "id": "install-pkg",
                        "pkg": [
                          {
                            "apt": [
                              {
                                "name": "google-cloud-ops-agent"
                              }
                            ],
                            "deb": [],
                            "desired_state": "INSTALLED",
                            "googet": [],
                            "msi": [],
                            "rpm": [],
                            "yum": [],
                            "zypper": []
                          }
                        ],
                        "repository": []
                      }
                    ]
                  },
                  {
                    "inventory_filters": [
                      {
                        "os_short_name": "debian",
                        "os_version": "12"
                      }
                    ],
                    "resources": [
                      {
                        "exec": [],
                        "file": [],
                        "id": "add-repo",
                        "pkg": [],
                        "repository": [
                          {
                            "apt": [
                              {
                                "archive_type": "DEB",
                                "components": [
                                  "main"
                                ],
                                "distribution": "google-cloud-ops-agent-bookworm-2",
                                "gpg_key": "https://packages.cloud.google.com/apt/doc/apt-key.gpg",
                                "uri": "https://packages.cloud.google.com/apt"
                              }
                            ],
                            "goo": [],
                            "yum": [],
                            "zypper": []
                          }
                        ]
                      },
                      {
                        "exec": [],
                        "file": [],
                        "id": "install-pkg",
                        "pkg": [
                          {
                            "apt": [
                              {
                                "name": "google-cloud-ops-agent"
                              }
                            ],
                            "deb": [],
                            "desired_state": "INSTALLED",
                            "googet": [],
                            "msi": [],
                            "rpm": [],
                            "yum": [],
                            "zypper": []
                          }
                        ],
                        "repository": []
                      }
                    ]
                  },
                  {
                    "inventory_filters": [
                      {
                        "os_short_name": "rocky",
                        "os_version": "8.*"
                      }
                    ],
                    "resources": [
                      {
                        "exec": [],
                        "file": [],
                        "id": "add-repo",
                        "pkg": [],
                        "repository": [
                          {
                            "apt": [],
                            "goo": [],
                            "yum": [
                              {
                                "base_url": "https://packages.cloud.google.com/yum/repos/google-cloud-ops-agent-el8-x86_64-2",
                                "display_name": "Google Cloud Ops Agent Repository",
                                "gpg_keys": [
                                  "https://packages.cloud.google.com/yum/doc/yum-key.gpg",
                                  "https://packages.cloud.google.com/yum/doc/rpm-package-key.gpg"
                                ],
                                "id": "google-cloud-ops-agent"
                              }
                            ],
                            "zypper": []
                          }
                        ]
                      },
                      {
                        "exec": [],
                        "file": [],
                        "id": "install-pkg",
                        "pkg": [
                          {
                            "apt": [],
                            "deb": [],
                            "desired_state": "INSTALLED",
                            "googet": [],
                            "msi": [],
                            "rpm": [],
                            "yum": [
                              {
                                "name": "google-cloud-ops-agent"
                              }
                            ],
                            "zypper": []
                          }
                        ],
                        "repository": []
                      }
                    ]
                  },
                  {
                    "inventory_filters": [
                      {
                        "os_short_name": "rocky",
                        "os_version": "9.*"
                      }
                    ],
                    "resources": [
                      {
                        "exec": [],
                        "file": [],
                        "id": "add-repo",
                        "pkg": [],
                        "repository": [
                          {
                            "apt": [],
                            "goo": [],
                            "yum": [
                              {
                                "base_url": "https://packages.cloud.google.com/yum/repos/google-cloud-ops-agent-el9-x86_64-2",
                                "display_name": "Google Cloud Ops Agent Repository",
                                "gpg_keys": [
                                  "https://packages.cloud.google.com/yum/doc/yum-key.gpg",
                                  "https://packages.cloud.google.com/yum/doc/rpm-package-key.gpg"
                                ],
                                "id": "google-cloud-ops-agent"
                              }
                            ],
                            "zypper": []
                          }
                        ]
                      },
                      {
                        "exec": [],
                        "file": [],
                        "id": "install-pkg",
                        "pkg": [
                          {
                            "apt": [],
                            "deb": [],
                            "desired_state": "INSTALLED",
                            "googet": [],
                            "msi": [],
                            "rpm": [],
                            "yum": [
                              {
                                "name": "google-cloud-ops-agent"
                              }
                            ],
                            "zypper": []
                          }
                        ],
                        "repository": []
                      }
                    ]
                  },
                  {
                    "inventory_filters": [
                      {
                        "os_short_name": "ubuntu",
                        "os_version": "20.04"
                      }
                    ],
                    "resources": [
                      {
                        "exec": [
                          {
                            "enforce": [
                              {
                                "args": [],
                                "file": [],
                                "interpreter": "SHELL",
                                "output_file_path": "",
                                "script": "echo hello"
                              }
                            ],
                            "validate": [
                              {
                                "args": [],
                                "file": [],
                                "interpreter": "SHELL",
                                "output_file_path": "",
                                "script": "cloud-init status --wait; exit 100;"
                              }
                            ]
                          }
                        ],
                        "file": [],
                        "id": "wait-for-cloud-init",
                        "pkg": [],
                        "repository": []
                      },
                      {
                        "exec": [],
                        "file": [],
                        "id": "add-repo",
                        "pkg": [],
                        "repository": [
                          {
                            "apt": [
                              {
                                "archive_type": "DEB",
                                "components": [
                                  "main"
                                ],
                                "distribution": "google-cloud-ops-agent-focal-2",
                                "gpg_key": "https://packages.cloud.google.com/apt/doc/apt-key.gpg",
                                "uri": "https://packages.cloud.google.com/apt"
                              }
                            ],
                            "goo": [],
                            "yum": [],
                            "zypper": []
                          }
                        ]
                      },
                      {
                        "exec": [],
                        "file": [],
                        "id": "install-pkg",
                        "pkg": [
                          {
                            "apt": [
                              {
                                "name": "google-cloud-ops-agent"
                              }
                            ],
                            "deb": [],
                            "desired_state": "INSTALLED",
                            "googet": [],
                            "msi": [],
                            "rpm": [],
                            "yum": [],
                            "zypper": []
                          }
                        ],
                        "repository": []
                      }
                    ]
                  },
                  {
                    "inventory_filters": [
                      {
                        "os_short_name": "ubuntu",
                        "os_version": "22.04"
                      }
                    ],
                    "resources": [
                      {
                        "exec": [
                          {
                            "enforce": [
                              {
                                "args": [],
                                "file": [],
                                "interpreter": "SHELL",
                                "output_file_path": "",
                                "script": "echo hello"
                              }
                            ],
                            "validate": [
                              {
                                "args": [],
                                "file": [],
                                "interpreter": "SHELL",
                                "output_file_path": "",
                                "script": "cloud-init status --wait; exit 100;"
                              }
                            ]
                          }
                        ],
                        "file": [],
                        "id": "wait-for-cloud-init",
                        "pkg": [],
                        "repository": []
                      },
                      {
                        "exec": [],
                        "file": [],
                        "id": "add-repo",
                        "pkg": [],
                        "repository": [
                          {
                            "apt": [
                              {
                                "archive_type": "DEB",
                                "components": [
                                  "main"
                                ],
                                "distribution": "google-cloud-ops-agent-jammy-2",
                                "gpg_key": "https://packages.cloud.google.com/apt/doc/apt-key.gpg",
                                "uri": "https://packages.cloud.google.com/apt"
                              }
                            ],
                            "goo": [],
                            "yum": [],
                            "zypper": []
                          }
                        ]
                      },
                      {
                        "exec": [],
                        "file": [],
                        "id": "install-pkg",
                        "pkg": [
                          {
                            "apt": [
                              {
                                "name": "google-cloud-ops-agent"
                              }
                            ],
                            "deb": [],
                            "desired_state": "INSTALLED",
                            "googet": [],
                            "msi": [],
                            "rpm": [],
                            "yum": [],
                            "zypper": []
                          }
                        ],
                        "repository": []
                      }
                    ]
                  }
                ]
              }
            ],
            "project": "swit-alpha",
            "reconciling": true,
            "revision_create_time": "2024-04-02T10:48:26.110047Z",
            "revision_id": "3d790ba3-2c35-4b74-885c-18adafac6888",
            "rollout": [
              {
                "disruption_budget": [
                  {
                    "fixed": 0,
                    "percent": 100
                  }
                ],
                "min_wait_duration": "0s"
              }
            ],
            "rollout_state": "IN_PROGRESS",
            "skip_await_rollout": true,
            "timeouts": null,
            "uid": "f4658f87-b710-4817-a2ce-f7eddc174f16"
          },
          "sensitive_attributes": [],
          "private": "eyJlMmJmYjczMC1lY2FhLTExZTYtOGY4OC0zNDM2M2JjN2M0YzAiOnsiY3JlYXRlIjoxMjAwMDAwMDAwMDAwLCJkZWxldGUiOjEyMDAwMDAwMDAwMDAsInVwZGF0ZSI6MTIwMDAwMDAwMDAwMH19",
          "dependencies": [
            "module.os_policy.data.google_compute_zones.this",
            "module.os_policy.data.google_project.default"
          ]
        }
      ]
    },
    {
      "module": "module.os_policy",
      "mode": "managed",
      "type": "google_os_config_os_policy_assignment",
      "name": "screen",
      "provider": "provider[\"registry.terraform.io/hashicorp/google\"]",
      "instances": [
        {
          "index_key": "asia-northeast3-a",
          "schema_version": 0,
          "attributes": {
            "baseline": false,
            "deleted": false,
            "description": "",
            "etag": "06304ba0-e9c1-4214-bc8c-749e1f7c4cc8",
            "id": "projects/swit-alpha/locations/asia-northeast3-a/osPolicyAssignments/asia-northeast3-a-screen",
            "instance_filter": [
              {
                "all": false,
                "exclusion_labels": [
                  {
                    "labels": {
                      "goog-gke-node": ""
                    }
                  },
                  {
                    "labels": {
                      "nat": ""
                    }
                  },
                  {
                    "labels": {
                      "serverless-vpc-access": "swit-alpha-serverless-uw1"
                    }
                  }
                ],
                "inclusion_labels": [],
                "inventories": []
              }
            ],
            "location": "asia-northeast3-a",
            "name": "asia-northeast3-a-screen",
            "os_policies": [
              {
                "allow_no_resource_group_match": false,
                "description": "",
                "id": "screen",
                "mode": "ENFORCEMENT",
                "resource_groups": [
                  {
                    "inventory_filters": [
                      {
                        "os_short_name": "debian",
                        "os_version": "10"
                      },
                      {
                        "os_short_name": "debian",
                        "os_version": "11"
                      },
                      {
                        "os_short_name": "debian",
                        "os_version": "12"
                      },
                      {
                        "os_short_name": "rocky",
                        "os_version": "8.*"
                      },
                      {
                        "os_short_name": "rocky",
                        "os_version": "9.*"
                      },
                      {
                        "os_short_name": "ubuntu",
                        "os_version": "20.04"
                      },
                      {
                        "os_short_name": "ubuntu",
                        "os_version": "22.04"
                      }
                    ],
                    "resources": [
                      {
                        "exec": [
                          {
                            "enforce": [
                              {
                                "args": [],
                                "file": [],
                                "interpreter": "SHELL",
                                "output_file_path": "",
                                "script": "sudo sed '/detach/d' /etc/screenrc | sudo tee /etc/.screenrc\necho 'idle 600 detach' | sudo tee -a /etc/.screenrc\nsudo mv /etc/.screenrc /etc/screenrc\ncat \u003c\u003c EOF | sudo tee /etc/profile.d/screen.sh\nif [ \"\\$USER\" != \"root\" ] \u0026\u0026 [ -z \"\\$STY\" ]; then\n  SCREEN_START=\\$(date -d '+9 hour' '+%y%m%d%H%M%S.%s')\n  SCREEN_SESSION=\\$(echo \"\\$SCREEN_START\" | sed 's/\\./_/g')\n  SCREEN_WHO=\\$(whoami)\n  if [ ! -d /tmp/.screen ] ; then\n    mkdir -p /tmp/.screen\n  fi\n  screen -L -Logfile \"/tmp/.screen/\\$SCREEN_WHO.\\$SCREEN_START.log\" -S \"\\$SCREEN_SESSION\" /bin/bash --rcfile /etc/profile\n  exit\nfi\nif [ -n \"\\$STY\" ] ; then\n  clear\n  cat /etc/issue\n  source ~/.bashrc\nfi\nEOF\nif [ ! -d /opt/cron ] ; then\n  mkdir -p /opt/cron\nfi\ncat \u003c\u003c EOF | sudo tee /opt/cron/screen_left.sh\nSCREEN_PROJECT_ID=\\$(curl -s -H \"Metadata-Flavor: Google\" \"http://metadata.google.internal/computeMetadata/v1/project/project-id\")\nSCREEN_ZONE=\\$(curl -s -H \"Metadata-Flavor: Google\" \"http://metadata.google.internal/computeMetadata/v1/instance/zone\" | rev | cut -f 1 -d '/' | rev)\nSCREEN_INSTANCE_NAME=\\$(curl -s -H \"Metadata-Flavor: Google\" \"http://metadata.google.internal/computeMetadata/v1/instance/name\")\nfind /tmp/.screen ! -path '/tmp/.screen' -not -wholename \"\\$(ps aux | grep 'SCREEN' | grep -v 'root' | sed -n 's/.*\\(\\(\\/tmp\\/\\.screen\\/[^ ]*\\)\\).*/\\1/p')\" | while read -r SCREEN_LEFT_FILE ; do\n  curl -s -X POST http://10.64.0.171/history \\\n    -F \"file=@\\$SCREEN_LEFT_FILE\" \\\n    -F \"data={\\\"project_id\\\": \\\"\\$SCREEN_PROJECT_ID\\\", \\\"zone\\\": \\\"\\$SCREEN_ZONE\\\", \\\"instance_name\\\": \\\"\\$SCREEN_INSTANCE_NAME\\\"}\"\n  rm -f \"\\$SCREEN_LEFT_FILE\"\ndone\nEOF\nsudo sed '/screen_left/d' /etc/crontab | sudo tee /etc/.crontab\necho '* * * * * root /bin/bash /opt/cron/screen_left.sh' | sudo tee -a /etc/.crontab\nsudo mv /etc/.crontab /etc/crontab\nexit 100\n"
                              }
                            ],
                            "validate": [
                              {
                                "args": [],
                                "file": [],
                                "interpreter": "SHELL",
                                "output_file_path": "",
                                "script": "if ! sudo grep -q 'idle' /etc/screenrc ; then\n  exit 101\nelif [ ! -f /etc/profile.d/screen.sh ] ; then\n  exit 101\nelif [ \"$(sudo stat -c %a /etc/profile.d/screen.sh)\" != \"644\" ] ; then\n  exit 101\nelif [ ! -f /opt/cron/screen_left.sh ] ; then\n  exit 101\nelif ! sudo grep -v '#' /etc/crontab | grep -q 'screen_left' ; then\n  exit 101\nelse\n  exit 100\nfi\n"
                              }
                            ]
                          }
                        ],
                        "file": [],
                        "id": "configuration",
                        "pkg": [],
                        "repository": []
                      }
                    ]
                  }
                ]
              }
            ],
            "project": "swit-alpha",
            "reconciling": true,
            "revision_create_time": "2024-04-02T10:48:27.488155Z",
            "revision_id": "fe2a0f44-a42d-451f-9c8b-b57d56c49459",
            "rollout": [
              {
                "disruption_budget": [
                  {
                    "fixed": 0,
                    "percent": 100
                  }
                ],
                "min_wait_duration": "0s"
              }
            ],
            "rollout_state": "IN_PROGRESS",
            "skip_await_rollout": true,
            "timeouts": null,
            "uid": "8f26f105-4dcd-43a1-a062-5cf3d8284797"
          },
          "sensitive_attributes": [],
          "private": "eyJlMmJmYjczMC1lY2FhLTExZTYtOGY4OC0zNDM2M2JjN2M0YzAiOnsiY3JlYXRlIjoxMjAwMDAwMDAwMDAwLCJkZWxldGUiOjEyMDAwMDAwMDAwMDAsInVwZGF0ZSI6MTIwMDAwMDAwMDAwMH19",
          "dependencies": [
            "module.os_policy.data.google_compute_zones.this",
            "module.os_policy.data.google_project.default"
          ]
        },
        {
          "index_key": "asia-northeast3-b",
          "schema_version": 0,
          "attributes": {
            "baseline": false,
            "deleted": false,
            "description": "",
            "etag": "4a859df1-5c99-4fb3-9734-854c763d880b",
            "id": "projects/swit-alpha/locations/asia-northeast3-b/osPolicyAssignments/asia-northeast3-b-screen",
            "instance_filter": [
              {
                "all": false,
                "exclusion_labels": [
                  {
                    "labels": {
                      "goog-gke-node": ""
                    }
                  },
                  {
                    "labels": {
                      "nat": ""
                    }
                  },
                  {
                    "labels": {
                      "serverless-vpc-access": "swit-alpha-serverless-uw1"
                    }
                  }
                ],
                "inclusion_labels": [],
                "inventories": []
              }
            ],
            "location": "asia-northeast3-b",
            "name": "asia-northeast3-b-screen",
            "os_policies": [
              {
                "allow_no_resource_group_match": false,
                "description": "",
                "id": "screen",
                "mode": "ENFORCEMENT",
                "resource_groups": [
                  {
                    "inventory_filters": [
                      {
                        "os_short_name": "debian",
                        "os_version": "10"
                      },
                      {
                        "os_short_name": "debian",
                        "os_version": "11"
                      },
                      {
                        "os_short_name": "debian",
                        "os_version": "12"
                      },
                      {
                        "os_short_name": "rocky",
                        "os_version": "8.*"
                      },
                      {
                        "os_short_name": "rocky",
                        "os_version": "9.*"
                      },
                      {
                        "os_short_name": "ubuntu",
                        "os_version": "20.04"
                      },
                      {
                        "os_short_name": "ubuntu",
                        "os_version": "22.04"
                      }
                    ],
                    "resources": [
                      {
                        "exec": [
                          {
                            "enforce": [
                              {
                                "args": [],
                                "file": [],
                                "interpreter": "SHELL",
                                "output_file_path": "",
                                "script": "sudo sed '/detach/d' /etc/screenrc | sudo tee /etc/.screenrc\necho 'idle 600 detach' | sudo tee -a /etc/.screenrc\nsudo mv /etc/.screenrc /etc/screenrc\ncat \u003c\u003c EOF | sudo tee /etc/profile.d/screen.sh\nif [ \"\\$USER\" != \"root\" ] \u0026\u0026 [ -z \"\\$STY\" ]; then\n  SCREEN_START=\\$(date -d '+9 hour' '+%y%m%d%H%M%S.%s')\n  SCREEN_SESSION=\\$(echo \"\\$SCREEN_START\" | sed 's/\\./_/g')\n  SCREEN_WHO=\\$(whoami)\n  if [ ! -d /tmp/.screen ] ; then\n    mkdir -p /tmp/.screen\n  fi\n  screen -L -Logfile \"/tmp/.screen/\\$SCREEN_WHO.\\$SCREEN_START.log\" -S \"\\$SCREEN_SESSION\" /bin/bash --rcfile /etc/profile\n  exit\nfi\nif [ -n \"\\$STY\" ] ; then\n  clear\n  cat /etc/issue\n  source ~/.bashrc\nfi\nEOF\nif [ ! -d /opt/cron ] ; then\n  mkdir -p /opt/cron\nfi\ncat \u003c\u003c EOF | sudo tee /opt/cron/screen_left.sh\nSCREEN_PROJECT_ID=\\$(curl -s -H \"Metadata-Flavor: Google\" \"http://metadata.google.internal/computeMetadata/v1/project/project-id\")\nSCREEN_ZONE=\\$(curl -s -H \"Metadata-Flavor: Google\" \"http://metadata.google.internal/computeMetadata/v1/instance/zone\" | rev | cut -f 1 -d '/' | rev)\nSCREEN_INSTANCE_NAME=\\$(curl -s -H \"Metadata-Flavor: Google\" \"http://metadata.google.internal/computeMetadata/v1/instance/name\")\nfind /tmp/.screen ! -path '/tmp/.screen' -not -wholename \"\\$(ps aux | grep 'SCREEN' | grep -v 'root' | sed -n 's/.*\\(\\(\\/tmp\\/\\.screen\\/[^ ]*\\)\\).*/\\1/p')\" | while read -r SCREEN_LEFT_FILE ; do\n  curl -s -X POST http://10.64.0.171/history \\\n    -F \"file=@\\$SCREEN_LEFT_FILE\" \\\n    -F \"data={\\\"project_id\\\": \\\"\\$SCREEN_PROJECT_ID\\\", \\\"zone\\\": \\\"\\$SCREEN_ZONE\\\", \\\"instance_name\\\": \\\"\\$SCREEN_INSTANCE_NAME\\\"}\"\n  rm -f \"\\$SCREEN_LEFT_FILE\"\ndone\nEOF\nsudo sed '/screen_left/d' /etc/crontab | sudo tee /etc/.crontab\necho '* * * * * root /bin/bash /opt/cron/screen_left.sh' | sudo tee -a /etc/.crontab\nsudo mv /etc/.crontab /etc/crontab\nexit 100\n"
                              }
                            ],
                            "validate": [
                              {
                                "args": [],
                                "file": [],
                                "interpreter": "SHELL",
                                "output_file_path": "",
                                "script": "if ! sudo grep -q 'idle' /etc/screenrc ; then\n  exit 101\nelif [ ! -f /etc/profile.d/screen.sh ] ; then\n  exit 101\nelif [ \"$(sudo stat -c %a /etc/profile.d/screen.sh)\" != \"644\" ] ; then\n  exit 101\nelif [ ! -f /opt/cron/screen_left.sh ] ; then\n  exit 101\nelif ! sudo grep -v '#' /etc/crontab | grep -q 'screen_left' ; then\n  exit 101\nelse\n  exit 100\nfi\n"
                              }
                            ]
                          }
                        ],
                        "file": [],
                        "id": "configuration",
                        "pkg": [],
                        "repository": []
                      }
                    ]
                  }
                ]
              }
            ],
            "project": "swit-alpha",
            "reconciling": true,
            "revision_create_time": "2024-04-02T10:48:27.466157Z",
            "revision_id": "3656ea6f-9802-4e2e-bbef-6b85637a79aa",
            "rollout": [
              {
                "disruption_budget": [
                  {
                    "fixed": 0,
                    "percent": 100
                  }
                ],
                "min_wait_duration": "0s"
              }
            ],
            "rollout_state": "IN_PROGRESS",
            "skip_await_rollout": true,
            "timeouts": null,
            "uid": "236a4344-9913-4973-acab-90980761e157"
          },
          "sensitive_attributes": [],
          "private": "eyJlMmJmYjczMC1lY2FhLTExZTYtOGY4OC0zNDM2M2JjN2M0YzAiOnsiY3JlYXRlIjoxMjAwMDAwMDAwMDAwLCJkZWxldGUiOjEyMDAwMDAwMDAwMDAsInVwZGF0ZSI6MTIwMDAwMDAwMDAwMH19",
          "dependencies": [
            "module.os_policy.data.google_compute_zones.this",
            "module.os_policy.data.google_project.default"
          ]
        },
        {
          "index_key": "asia-northeast3-c",
          "schema_version": 0,
          "attributes": {
            "baseline": false,
            "deleted": false,
            "description": "",
            "etag": "0ae3d4e9-94a4-41a2-8a53-c49b45d34e92",
            "id": "projects/swit-alpha/locations/asia-northeast3-c/osPolicyAssignments/asia-northeast3-c-screen",
            "instance_filter": [
              {
                "all": false,
                "exclusion_labels": [
                  {
                    "labels": {
                      "goog-gke-node": ""
                    }
                  },
                  {
                    "labels": {
                      "nat": ""
                    }
                  },
                  {
                    "labels": {
                      "serverless-vpc-access": "swit-alpha-serverless-uw1"
                    }
                  }
                ],
                "inclusion_labels": [],
                "inventories": []
              }
            ],
            "location": "asia-northeast3-c",
            "name": "asia-northeast3-c-screen",
            "os_policies": [
              {
                "allow_no_resource_group_match": false,
                "description": "",
                "id": "screen",
                "mode": "ENFORCEMENT",
                "resource_groups": [
                  {
                    "inventory_filters": [
                      {
                        "os_short_name": "debian",
                        "os_version": "10"
                      },
                      {
                        "os_short_name": "debian",
                        "os_version": "11"
                      },
                      {
                        "os_short_name": "debian",
                        "os_version": "12"
                      },
                      {
                        "os_short_name": "rocky",
                        "os_version": "8.*"
                      },
                      {
                        "os_short_name": "rocky",
                        "os_version": "9.*"
                      },
                      {
                        "os_short_name": "ubuntu",
                        "os_version": "20.04"
                      },
                      {
                        "os_short_name": "ubuntu",
                        "os_version": "22.04"
                      }
                    ],
                    "resources": [
                      {
                        "exec": [
                          {
                            "enforce": [
                              {
                                "args": [],
                                "file": [],
                                "interpreter": "SHELL",
                                "output_file_path": "",
                                "script": "sudo sed '/detach/d' /etc/screenrc | sudo tee /etc/.screenrc\necho 'idle 600 detach' | sudo tee -a /etc/.screenrc\nsudo mv /etc/.screenrc /etc/screenrc\ncat \u003c\u003c EOF | sudo tee /etc/profile.d/screen.sh\nif [ \"\\$USER\" != \"root\" ] \u0026\u0026 [ -z \"\\$STY\" ]; then\n  SCREEN_START=\\$(date -d '+9 hour' '+%y%m%d%H%M%S.%s')\n  SCREEN_SESSION=\\$(echo \"\\$SCREEN_START\" | sed 's/\\./_/g')\n  SCREEN_WHO=\\$(whoami)\n  if [ ! -d /tmp/.screen ] ; then\n    mkdir -p /tmp/.screen\n  fi\n  screen -L -Logfile \"/tmp/.screen/\\$SCREEN_WHO.\\$SCREEN_START.log\" -S \"\\$SCREEN_SESSION\" /bin/bash --rcfile /etc/profile\n  exit\nfi\nif [ -n \"\\$STY\" ] ; then\n  clear\n  cat /etc/issue\n  source ~/.bashrc\nfi\nEOF\nif [ ! -d /opt/cron ] ; then\n  mkdir -p /opt/cron\nfi\ncat \u003c\u003c EOF | sudo tee /opt/cron/screen_left.sh\nSCREEN_PROJECT_ID=\\$(curl -s -H \"Metadata-Flavor: Google\" \"http://metadata.google.internal/computeMetadata/v1/project/project-id\")\nSCREEN_ZONE=\\$(curl -s -H \"Metadata-Flavor: Google\" \"http://metadata.google.internal/computeMetadata/v1/instance/zone\" | rev | cut -f 1 -d '/' | rev)\nSCREEN_INSTANCE_NAME=\\$(curl -s -H \"Metadata-Flavor: Google\" \"http://metadata.google.internal/computeMetadata/v1/instance/name\")\nfind /tmp/.screen ! -path '/tmp/.screen' -not -wholename \"\\$(ps aux | grep 'SCREEN' | grep -v 'root' | sed -n 's/.*\\(\\(\\/tmp\\/\\.screen\\/[^ ]*\\)\\).*/\\1/p')\" | while read -r SCREEN_LEFT_FILE ; do\n  curl -s -X POST http://10.64.0.171/history \\\n    -F \"file=@\\$SCREEN_LEFT_FILE\" \\\n    -F \"data={\\\"project_id\\\": \\\"\\$SCREEN_PROJECT_ID\\\", \\\"zone\\\": \\\"\\$SCREEN_ZONE\\\", \\\"instance_name\\\": \\\"\\$SCREEN_INSTANCE_NAME\\\"}\"\n  rm -f \"\\$SCREEN_LEFT_FILE\"\ndone\nEOF\nsudo sed '/screen_left/d' /etc/crontab | sudo tee /etc/.crontab\necho '* * * * * root /bin/bash /opt/cron/screen_left.sh' | sudo tee -a /etc/.crontab\nsudo mv /etc/.crontab /etc/crontab\nexit 100\n"
                              }
                            ],
                            "validate": [
                              {
                                "args": [],
                                "file": [],
                                "interpreter": "SHELL",
                                "output_file_path": "",
                                "script": "if ! sudo grep -q 'idle' /etc/screenrc ; then\n  exit 101\nelif [ ! -f /etc/profile.d/screen.sh ] ; then\n  exit 101\nelif [ \"$(sudo stat -c %a /etc/profile.d/screen.sh)\" != \"644\" ] ; then\n  exit 101\nelif [ ! -f /opt/cron/screen_left.sh ] ; then\n  exit 101\nelif ! sudo grep -v '#' /etc/crontab | grep -q 'screen_left' ; then\n  exit 101\nelse\n  exit 100\nfi\n"
                              }
                            ]
                          }
                        ],
                        "file": [],
                        "id": "configuration",
                        "pkg": [],
                        "repository": []
                      }
                    ]
                  }
                ]
              }
            ],
            "project": "swit-alpha",
            "reconciling": true,
            "revision_create_time": "2024-04-02T10:48:26.350742Z",
            "revision_id": "ec75a02a-808a-4c33-b2b1-8038de9b5609",
            "rollout": [
              {
                "disruption_budget": [
                  {
                    "fixed": 0,
                    "percent": 100
                  }
                ],
                "min_wait_duration": "0s"
              }
            ],
            "rollout_state": "IN_PROGRESS",
            "skip_await_rollout": true,
            "timeouts": null,
            "uid": "efde6ad1-e6e7-4b1b-bda9-b3d196b339b9"
          },
          "sensitive_attributes": [],
          "private": "eyJlMmJmYjczMC1lY2FhLTExZTYtOGY4OC0zNDM2M2JjN2M0YzAiOnsiY3JlYXRlIjoxMjAwMDAwMDAwMDAwLCJkZWxldGUiOjEyMDAwMDAwMDAwMDAsInVwZGF0ZSI6MTIwMDAwMDAwMDAwMH19",
          "dependencies": [
            "module.os_policy.data.google_compute_zones.this",
            "module.os_policy.data.google_project.default"
          ]
        },
        {
          "index_key": "us-west1-a",
          "schema_version": 0,
          "attributes": {
            "baseline": false,
            "deleted": false,
            "description": "",
            "etag": "9d2a3676-8551-4a41-8f93-316a4e5b24e4",
            "id": "projects/swit-alpha/locations/us-west1-a/osPolicyAssignments/us-west1-a-screen",
            "instance_filter": [
              {
                "all": false,
                "exclusion_labels": [
                  {
                    "labels": {
                      "goog-gke-node": ""
                    }
                  },
                  {
                    "labels": {
                      "nat": ""
                    }
                  },
                  {
                    "labels": {
                      "serverless-vpc-access": "swit-alpha-serverless-uw1"
                    }
                  }
                ],
                "inclusion_labels": [],
                "inventories": []
              }
            ],
            "location": "us-west1-a",
            "name": "us-west1-a-screen",
            "os_policies": [
              {
                "allow_no_resource_group_match": false,
                "description": "",
                "id": "screen",
                "mode": "ENFORCEMENT",
                "resource_groups": [
                  {
                    "inventory_filters": [
                      {
                        "os_short_name": "debian",
                        "os_version": "10"
                      },
                      {
                        "os_short_name": "debian",
                        "os_version": "11"
                      },
                      {
                        "os_short_name": "debian",
                        "os_version": "12"
                      },
                      {
                        "os_short_name": "rocky",
                        "os_version": "8.*"
                      },
                      {
                        "os_short_name": "rocky",
                        "os_version": "9.*"
                      },
                      {
                        "os_short_name": "ubuntu",
                        "os_version": "20.04"
                      },
                      {
                        "os_short_name": "ubuntu",
                        "os_version": "22.04"
                      }
                    ],
                    "resources": [
                      {
                        "exec": [
                          {
                            "enforce": [
                              {
                                "args": [],
                                "file": [],
                                "interpreter": "SHELL",
                                "output_file_path": "",
                                "script": "sudo sed '/detach/d' /etc/screenrc | sudo tee /etc/.screenrc\necho 'idle 600 detach' | sudo tee -a /etc/.screenrc\nsudo mv /etc/.screenrc /etc/screenrc\ncat \u003c\u003c EOF | sudo tee /etc/profile.d/screen.sh\nif [ \"\\$USER\" != \"root\" ] \u0026\u0026 [ -z \"\\$STY\" ]; then\n  SCREEN_START=\\$(date -d '+9 hour' '+%y%m%d%H%M%S.%s')\n  SCREEN_SESSION=\\$(echo \"\\$SCREEN_START\" | sed 's/\\./_/g')\n  SCREEN_WHO=\\$(whoami)\n  if [ ! -d /tmp/.screen ] ; then\n    mkdir -p /tmp/.screen\n  fi\n  screen -L -Logfile \"/tmp/.screen/\\$SCREEN_WHO.\\$SCREEN_START.log\" -S \"\\$SCREEN_SESSION\" /bin/bash --rcfile /etc/profile\n  exit\nfi\nif [ -n \"\\$STY\" ] ; then\n  clear\n  cat /etc/issue\n  source ~/.bashrc\nfi\nEOF\nif [ ! -d /opt/cron ] ; then\n  mkdir -p /opt/cron\nfi\ncat \u003c\u003c EOF | sudo tee /opt/cron/screen_left.sh\nSCREEN_PROJECT_ID=\\$(curl -s -H \"Metadata-Flavor: Google\" \"http://metadata.google.internal/computeMetadata/v1/project/project-id\")\nSCREEN_ZONE=\\$(curl -s -H \"Metadata-Flavor: Google\" \"http://metadata.google.internal/computeMetadata/v1/instance/zone\" | rev | cut -f 1 -d '/' | rev)\nSCREEN_INSTANCE_NAME=\\$(curl -s -H \"Metadata-Flavor: Google\" \"http://metadata.google.internal/computeMetadata/v1/instance/name\")\nfind /tmp/.screen ! -path '/tmp/.screen' -not -wholename \"\\$(ps aux | grep 'SCREEN' | grep -v 'root' | sed -n 's/.*\\(\\(\\/tmp\\/\\.screen\\/[^ ]*\\)\\).*/\\1/p')\" | while read -r SCREEN_LEFT_FILE ; do\n  curl -s -X POST http://10.64.0.171/history \\\n    -F \"file=@\\$SCREEN_LEFT_FILE\" \\\n    -F \"data={\\\"project_id\\\": \\\"\\$SCREEN_PROJECT_ID\\\", \\\"zone\\\": \\\"\\$SCREEN_ZONE\\\", \\\"instance_name\\\": \\\"\\$SCREEN_INSTANCE_NAME\\\"}\"\n  rm -f \"\\$SCREEN_LEFT_FILE\"\ndone\nEOF\nsudo sed '/screen_left/d' /etc/crontab | sudo tee /etc/.crontab\necho '* * * * * root /bin/bash /opt/cron/screen_left.sh' | sudo tee -a /etc/.crontab\nsudo mv /etc/.crontab /etc/crontab\nexit 100\n"
                              }
                            ],
                            "validate": [
                              {
                                "args": [],
                                "file": [],
                                "interpreter": "SHELL",
                                "output_file_path": "",
                                "script": "if ! sudo grep -q 'idle' /etc/screenrc ; then\n  exit 101\nelif [ ! -f /etc/profile.d/screen.sh ] ; then\n  exit 101\nelif [ \"$(sudo stat -c %a /etc/profile.d/screen.sh)\" != \"644\" ] ; then\n  exit 101\nelif [ ! -f /opt/cron/screen_left.sh ] ; then\n  exit 101\nelif ! sudo grep -v '#' /etc/crontab | grep -q 'screen_left' ; then\n  exit 101\nelse\n  exit 100\nfi\n"
                              }
                            ]
                          }
                        ],
                        "file": [],
                        "id": "configuration",
                        "pkg": [],
                        "repository": []
                      }
                    ]
                  }
                ]
              }
            ],
            "project": "swit-alpha",
            "reconciling": true,
            "revision_create_time": "2024-04-02T10:48:29.860555Z",
            "revision_id": "6b197e91-d466-4502-b43b-04d3f00acbb6",
            "rollout": [
              {
                "disruption_budget": [
                  {
                    "fixed": 0,
                    "percent": 100
                  }
                ],
                "min_wait_duration": "0s"
              }
            ],
            "rollout_state": "IN_PROGRESS",
            "skip_await_rollout": true,
            "timeouts": null,
            "uid": "b2b25724-5dd7-47ca-ac5e-9ebe1021b6ca"
          },
          "sensitive_attributes": [],
          "private": "eyJlMmJmYjczMC1lY2FhLTExZTYtOGY4OC0zNDM2M2JjN2M0YzAiOnsiY3JlYXRlIjoxMjAwMDAwMDAwMDAwLCJkZWxldGUiOjEyMDAwMDAwMDAwMDAsInVwZGF0ZSI6MTIwMDAwMDAwMDAwMH19",
          "dependencies": [
            "module.os_policy.data.google_compute_zones.this",
            "module.os_policy.data.google_project.default"
          ]
        },
        {
          "index_key": "us-west1-b",
          "schema_version": 0,
          "attributes": {
            "baseline": false,
            "deleted": false,
            "description": "",
            "etag": "836f327e-697a-47f1-b8d3-a7ef252e3bae",
            "id": "projects/swit-alpha/locations/us-west1-b/osPolicyAssignments/us-west1-b-screen",
            "instance_filter": [
              {
                "all": false,
                "exclusion_labels": [
                  {
                    "labels": {
                      "goog-gke-node": ""
                    }
                  },
                  {
                    "labels": {
                      "nat": ""
                    }
                  },
                  {
                    "labels": {
                      "serverless-vpc-access": "swit-alpha-serverless-uw1"
                    }
                  }
                ],
                "inclusion_labels": [],
                "inventories": []
              }
            ],
            "location": "us-west1-b",
            "name": "us-west1-b-screen",
            "os_policies": [
              {
                "allow_no_resource_group_match": false,
                "description": "",
                "id": "screen",
                "mode": "ENFORCEMENT",
                "resource_groups": [
                  {
                    "inventory_filters": [
                      {
                        "os_short_name": "debian",
                        "os_version": "10"
                      },
                      {
                        "os_short_name": "debian",
                        "os_version": "11"
                      },
                      {
                        "os_short_name": "debian",
                        "os_version": "12"
                      },
                      {
                        "os_short_name": "rocky",
                        "os_version": "8.*"
                      },
                      {
                        "os_short_name": "rocky",
                        "os_version": "9.*"
                      },
                      {
                        "os_short_name": "ubuntu",
                        "os_version": "20.04"
                      },
                      {
                        "os_short_name": "ubuntu",
                        "os_version": "22.04"
                      }
                    ],
                    "resources": [
                      {
                        "exec": [
                          {
                            "enforce": [
                              {
                                "args": [],
                                "file": [],
                                "interpreter": "SHELL",
                                "output_file_path": "",
                                "script": "sudo sed '/detach/d' /etc/screenrc | sudo tee /etc/.screenrc\necho 'idle 600 detach' | sudo tee -a /etc/.screenrc\nsudo mv /etc/.screenrc /etc/screenrc\ncat \u003c\u003c EOF | sudo tee /etc/profile.d/screen.sh\nif [ \"\\$USER\" != \"root\" ] \u0026\u0026 [ -z \"\\$STY\" ]; then\n  SCREEN_START=\\$(date -d '+9 hour' '+%y%m%d%H%M%S.%s')\n  SCREEN_SESSION=\\$(echo \"\\$SCREEN_START\" | sed 's/\\./_/g')\n  SCREEN_WHO=\\$(whoami)\n  if [ ! -d /tmp/.screen ] ; then\n    mkdir -p /tmp/.screen\n  fi\n  screen -L -Logfile \"/tmp/.screen/\\$SCREEN_WHO.\\$SCREEN_START.log\" -S \"\\$SCREEN_SESSION\" /bin/bash --rcfile /etc/profile\n  exit\nfi\nif [ -n \"\\$STY\" ] ; then\n  clear\n  cat /etc/issue\n  source ~/.bashrc\nfi\nEOF\nif [ ! -d /opt/cron ] ; then\n  mkdir -p /opt/cron\nfi\ncat \u003c\u003c EOF | sudo tee /opt/cron/screen_left.sh\nSCREEN_PROJECT_ID=\\$(curl -s -H \"Metadata-Flavor: Google\" \"http://metadata.google.internal/computeMetadata/v1/project/project-id\")\nSCREEN_ZONE=\\$(curl -s -H \"Metadata-Flavor: Google\" \"http://metadata.google.internal/computeMetadata/v1/instance/zone\" | rev | cut -f 1 -d '/' | rev)\nSCREEN_INSTANCE_NAME=\\$(curl -s -H \"Metadata-Flavor: Google\" \"http://metadata.google.internal/computeMetadata/v1/instance/name\")\nfind /tmp/.screen ! -path '/tmp/.screen' -not -wholename \"\\$(ps aux | grep 'SCREEN' | grep -v 'root' | sed -n 's/.*\\(\\(\\/tmp\\/\\.screen\\/[^ ]*\\)\\).*/\\1/p')\" | while read -r SCREEN_LEFT_FILE ; do\n  curl -s -X POST http://10.64.0.171/history \\\n    -F \"file=@\\$SCREEN_LEFT_FILE\" \\\n    -F \"data={\\\"project_id\\\": \\\"\\$SCREEN_PROJECT_ID\\\", \\\"zone\\\": \\\"\\$SCREEN_ZONE\\\", \\\"instance_name\\\": \\\"\\$SCREEN_INSTANCE_NAME\\\"}\"\n  rm -f \"\\$SCREEN_LEFT_FILE\"\ndone\nEOF\nsudo sed '/screen_left/d' /etc/crontab | sudo tee /etc/.crontab\necho '* * * * * root /bin/bash /opt/cron/screen_left.sh' | sudo tee -a /etc/.crontab\nsudo mv /etc/.crontab /etc/crontab\nexit 100\n"
                              }
                            ],
                            "validate": [
                              {
                                "args": [],
                                "file": [],
                                "interpreter": "SHELL",
                                "output_file_path": "",
                                "script": "if ! sudo grep -q 'idle' /etc/screenrc ; then\n  exit 101\nelif [ ! -f /etc/profile.d/screen.sh ] ; then\n  exit 101\nelif [ \"$(sudo stat -c %a /etc/profile.d/screen.sh)\" != \"644\" ] ; then\n  exit 101\nelif [ ! -f /opt/cron/screen_left.sh ] ; then\n  exit 101\nelif ! sudo grep -v '#' /etc/crontab | grep -q 'screen_left' ; then\n  exit 101\nelse\n  exit 100\nfi\n"
                              }
                            ]
                          }
                        ],
                        "file": [],
                        "id": "configuration",
                        "pkg": [],
                        "repository": []
                      }
                    ]
                  }
                ]
              }
            ],
            "project": "swit-alpha",
            "reconciling": true,
            "revision_create_time": "2024-04-02T10:48:29.131276Z",
            "revision_id": "54705301-3cd7-4ef3-a8d4-3fbde50616bc",
            "rollout": [
              {
                "disruption_budget": [
                  {
                    "fixed": 0,
                    "percent": 100
                  }
                ],
                "min_wait_duration": "0s"
              }
            ],
            "rollout_state": "IN_PROGRESS",
            "skip_await_rollout": true,
            "timeouts": null,
            "uid": "0b6646e4-8687-4cc6-a25b-e2e18b931133"
          },
          "sensitive_attributes": [],
          "private": "eyJlMmJmYjczMC1lY2FhLTExZTYtOGY4OC0zNDM2M2JjN2M0YzAiOnsiY3JlYXRlIjoxMjAwMDAwMDAwMDAwLCJkZWxldGUiOjEyMDAwMDAwMDAwMDAsInVwZGF0ZSI6MTIwMDAwMDAwMDAwMH19",
          "dependencies": [
            "module.os_policy.data.google_compute_zones.this",
            "module.os_policy.data.google_project.default"
          ]
        },
        {
          "index_key": "us-west1-c",
          "schema_version": 0,
          "attributes": {
            "baseline": false,
            "deleted": false,
            "description": "",
            "etag": "42315b76-7215-400e-9b57-855e369b928e",
            "id": "projects/swit-alpha/locations/us-west1-c/osPolicyAssignments/us-west1-c-screen",
            "instance_filter": [
              {
                "all": false,
                "exclusion_labels": [
                  {
                    "labels": {
                      "goog-gke-node": ""
                    }
                  },
                  {
                    "labels": {
                      "nat": ""
                    }
                  },
                  {
                    "labels": {
                      "serverless-vpc-access": "swit-alpha-serverless-uw1"
                    }
                  }
                ],
                "inclusion_labels": [],
                "inventories": []
              }
            ],
            "location": "us-west1-c",
            "name": "us-west1-c-screen",
            "os_policies": [
              {
                "allow_no_resource_group_match": false,
                "description": "",
                "id": "screen",
                "mode": "ENFORCEMENT",
                "resource_groups": [
                  {
                    "inventory_filters": [
                      {
                        "os_short_name": "debian",
                        "os_version": "10"
                      },
                      {
                        "os_short_name": "debian",
                        "os_version": "11"
                      },
                      {
                        "os_short_name": "debian",
                        "os_version": "12"
                      },
                      {
                        "os_short_name": "rocky",
                        "os_version": "8.*"
                      },
                      {
                        "os_short_name": "rocky",
                        "os_version": "9.*"
                      },
                      {
                        "os_short_name": "ubuntu",
                        "os_version": "20.04"
                      },
                      {
                        "os_short_name": "ubuntu",
                        "os_version": "22.04"
                      }
                    ],
                    "resources": [
                      {
                        "exec": [
                          {
                            "enforce": [
                              {
                                "args": [],
                                "file": [],
                                "interpreter": "SHELL",
                                "output_file_path": "",
                                "script": "sudo sed '/detach/d' /etc/screenrc | sudo tee /etc/.screenrc\necho 'idle 600 detach' | sudo tee -a /etc/.screenrc\nsudo mv /etc/.screenrc /etc/screenrc\ncat \u003c\u003c EOF | sudo tee /etc/profile.d/screen.sh\nif [ \"\\$USER\" != \"root\" ] \u0026\u0026 [ -z \"\\$STY\" ]; then\n  SCREEN_START=\\$(date -d '+9 hour' '+%y%m%d%H%M%S.%s')\n  SCREEN_SESSION=\\$(echo \"\\$SCREEN_START\" | sed 's/\\./_/g')\n  SCREEN_WHO=\\$(whoami)\n  if [ ! -d /tmp/.screen ] ; then\n    mkdir -p /tmp/.screen\n  fi\n  screen -L -Logfile \"/tmp/.screen/\\$SCREEN_WHO.\\$SCREEN_START.log\" -S \"\\$SCREEN_SESSION\" /bin/bash --rcfile /etc/profile\n  exit\nfi\nif [ -n \"\\$STY\" ] ; then\n  clear\n  cat /etc/issue\n  source ~/.bashrc\nfi\nEOF\nif [ ! -d /opt/cron ] ; then\n  mkdir -p /opt/cron\nfi\ncat \u003c\u003c EOF | sudo tee /opt/cron/screen_left.sh\nSCREEN_PROJECT_ID=\\$(curl -s -H \"Metadata-Flavor: Google\" \"http://metadata.google.internal/computeMetadata/v1/project/project-id\")\nSCREEN_ZONE=\\$(curl -s -H \"Metadata-Flavor: Google\" \"http://metadata.google.internal/computeMetadata/v1/instance/zone\" | rev | cut -f 1 -d '/' | rev)\nSCREEN_INSTANCE_NAME=\\$(curl -s -H \"Metadata-Flavor: Google\" \"http://metadata.google.internal/computeMetadata/v1/instance/name\")\nfind /tmp/.screen ! -path '/tmp/.screen' -not -wholename \"\\$(ps aux | grep 'SCREEN' | grep -v 'root' | sed -n 's/.*\\(\\(\\/tmp\\/\\.screen\\/[^ ]*\\)\\).*/\\1/p')\" | while read -r SCREEN_LEFT_FILE ; do\n  curl -s -X POST http://10.64.0.171/history \\\n    -F \"file=@\\$SCREEN_LEFT_FILE\" \\\n    -F \"data={\\\"project_id\\\": \\\"\\$SCREEN_PROJECT_ID\\\", \\\"zone\\\": \\\"\\$SCREEN_ZONE\\\", \\\"instance_name\\\": \\\"\\$SCREEN_INSTANCE_NAME\\\"}\"\n  rm -f \"\\$SCREEN_LEFT_FILE\"\ndone\nEOF\nsudo sed '/screen_left/d' /etc/crontab | sudo tee /etc/.crontab\necho '* * * * * root /bin/bash /opt/cron/screen_left.sh' | sudo tee -a /etc/.crontab\nsudo mv /etc/.crontab /etc/crontab\nexit 100\n"
                              }
                            ],
                            "validate": [
                              {
                                "args": [],
                                "file": [],
                                "interpreter": "SHELL",
                                "output_file_path": "",
                                "script": "if ! sudo grep -q 'idle' /etc/screenrc ; then\n  exit 101\nelif [ ! -f /etc/profile.d/screen.sh ] ; then\n  exit 101\nelif [ \"$(sudo stat -c %a /etc/profile.d/screen.sh)\" != \"644\" ] ; then\n  exit 101\nelif [ ! -f /opt/cron/screen_left.sh ] ; then\n  exit 101\nelif ! sudo grep -v '#' /etc/crontab | grep -q 'screen_left' ; then\n  exit 101\nelse\n  exit 100\nfi\n"
                              }
                            ]
                          }
                        ],
                        "file": [],
                        "id": "configuration",
                        "pkg": [],
                        "repository": []
                      }
                    ]
                  }
                ]
              }
            ],
            "project": "swit-alpha",
            "reconciling": true,
            "revision_create_time": "2024-04-02T10:48:29.575798Z",
            "revision_id": "945e61f1-d0a2-4c30-80d1-3f27660bc15e",
            "rollout": [
              {
                "disruption_budget": [
                  {
                    "fixed": 0,
                    "percent": 100
                  }
                ],
                "min_wait_duration": "0s"
              }
            ],
            "rollout_state": "IN_PROGRESS",
            "skip_await_rollout": true,
            "timeouts": null,
            "uid": "41f156b0-3c6b-40f6-a57e-bc2c52b86d81"
          },
          "sensitive_attributes": [],
          "private": "eyJlMmJmYjczMC1lY2FhLTExZTYtOGY4OC0zNDM2M2JjN2M0YzAiOnsiY3JlYXRlIjoxMjAwMDAwMDAwMDAwLCJkZWxldGUiOjEyMDAwMDAwMDAwMDAsInVwZGF0ZSI6MTIwMDAwMDAwMDAwMH19",
          "dependencies": [
            "module.os_policy.data.google_compute_zones.this",
            "module.os_policy.data.google_project.default"
          ]
        }
      ]
    },
    {
      "module": "module.os_policy",
      "mode": "managed",
      "type": "google_os_config_os_policy_assignment",
      "name": "screenpkg",
      "provider": "provider[\"registry.terraform.io/hashicorp/google\"]",
      "instances": [
        {
          "index_key": "asia-northeast3-a",
          "schema_version": 0,
          "attributes": {
            "baseline": false,
            "deleted": false,
            "description": "",
            "etag": "c779567c-de46-4abf-b15e-7109ed922625",
            "id": "projects/swit-alpha/locations/asia-northeast3-a/osPolicyAssignments/asia-northeast3-a-screenpkg",
            "instance_filter": [
              {
                "all": false,
                "exclusion_labels": [
                  {
                    "labels": {
                      "goog-gke-node": ""
                    }
                  },
                  {
                    "labels": {
                      "nat": ""
                    }
                  },
                  {
                    "labels": {
                      "serverless-vpc-access": "swit-alpha-serverless-uw1"
                    }
                  }
                ],
                "inclusion_labels": [],
                "inventories": []
              }
            ],
            "location": "asia-northeast3-a",
            "name": "asia-northeast3-a-screenpkg",
            "os_policies": [
              {
                "allow_no_resource_group_match": false,
                "description": "",
                "id": "screenpkg",
                "mode": "ENFORCEMENT",
                "resource_groups": [
                  {
                    "inventory_filters": [
                      {
                        "os_short_name": "debian",
                        "os_version": "10"
                      },
                      {
                        "os_short_name": "debian",
                        "os_version": "11"
                      },
                      {
                        "os_short_name": "debian",
                        "os_version": "12"
                      }
                    ],
                    "resources": [
                      {
                        "exec": [],
                        "file": [],
                        "id": "install-pkg",
                        "pkg": [
                          {
                            "apt": [
                              {
                                "name": "screen"
                              }
                            ],
                            "deb": [],
                            "desired_state": "INSTALLED",
                            "googet": [],
                            "msi": [],
                            "rpm": [],
                            "yum": [],
                            "zypper": []
                          }
                        ],
                        "repository": []
                      }
                    ]
                  },
                  {
                    "inventory_filters": [
                      {
                        "os_short_name": "rocky",
                        "os_version": "8.*"
                      },
                      {
                        "os_short_name": "rocky",
                        "os_version": "9.*"
                      }
                    ],
                    "resources": [
                      {
                        "exec": [],
                        "file": [],
                        "id": "epel",
                        "pkg": [
                          {
                            "apt": [],
                            "deb": [],
                            "desired_state": "INSTALLED",
                            "googet": [],
                            "msi": [],
                            "rpm": [],
                            "yum": [
                              {
                                "name": "epel-release"
                              }
                            ],
                            "zypper": []
                          }
                        ],
                        "repository": []
                      },
                      {
                        "exec": [],
                        "file": [],
                        "id": "install-pkg",
                        "pkg": [
                          {
                            "apt": [],
                            "deb": [],
                            "desired_state": "INSTALLED",
                            "googet": [],
                            "msi": [],
                            "rpm": [],
                            "yum": [
                              {
                                "name": "screen"
                              }
                            ],
                            "zypper": []
                          }
                        ],
                        "repository": []
                      }
                    ]
                  },
                  {
                    "inventory_filters": [
                      {
                        "os_short_name": "ubuntu",
                        "os_version": "20.04"
                      },
                      {
                        "os_short_name": "ubuntu",
                        "os_version": "22.04"
                      }
                    ],
                    "resources": [
                      {
                        "exec": [
                          {
                            "enforce": [
                              {
                                "args": [],
                                "file": [],
                                "interpreter": "SHELL",
                                "output_file_path": "",
                                "script": "echo hello"
                              }
                            ],
                            "validate": [
                              {
                                "args": [],
                                "file": [],
                                "interpreter": "SHELL",
                                "output_file_path": "",
                                "script": "cloud-init status --wait; exit 100;"
                              }
                            ]
                          }
                        ],
                        "file": [],
                        "id": "wait-for-cloud-init",
                        "pkg": [],
                        "repository": []
                      },
                      {
                        "exec": [],
                        "file": [],
                        "id": "install-pkg",
                        "pkg": [
                          {
                            "apt": [
                              {
                                "name": "screen"
                              }
                            ],
                            "deb": [],
                            "desired_state": "INSTALLED",
                            "googet": [],
                            "msi": [],
                            "rpm": [],
                            "yum": [],
                            "zypper": []
                          }
                        ],
                        "repository": []
                      }
                    ]
                  }
                ]
              }
            ],
            "project": "swit-alpha",
            "reconciling": true,
            "revision_create_time": "2024-04-02T10:48:23.637996Z",
            "revision_id": "e806c8d1-2ef4-4c55-8c91-ac83ba52bb28",
            "rollout": [
              {
                "disruption_budget": [
                  {
                    "fixed": 0,
                    "percent": 100
                  }
                ],
                "min_wait_duration": "0s"
              }
            ],
            "rollout_state": "IN_PROGRESS",
            "skip_await_rollout": true,
            "timeouts": null,
            "uid": "6bb80f6e-7612-45ff-9f38-91d963f438a1"
          },
          "sensitive_attributes": [],
          "private": "eyJlMmJmYjczMC1lY2FhLTExZTYtOGY4OC0zNDM2M2JjN2M0YzAiOnsiY3JlYXRlIjoxMjAwMDAwMDAwMDAwLCJkZWxldGUiOjEyMDAwMDAwMDAwMDAsInVwZGF0ZSI6MTIwMDAwMDAwMDAwMH19",
          "dependencies": [
            "module.os_policy.data.google_compute_zones.this",
            "module.os_policy.data.google_project.default"
          ]
        },
        {
          "index_key": "asia-northeast3-b",
          "schema_version": 0,
          "attributes": {
            "baseline": false,
            "deleted": false,
            "description": "",
            "etag": "03ae3759-d149-480a-81f0-9e9691bb8429",
            "id": "projects/swit-alpha/locations/asia-northeast3-b/osPolicyAssignments/asia-northeast3-b-screenpkg",
            "instance_filter": [
              {
                "all": false,
                "exclusion_labels": [
                  {
                    "labels": {
                      "goog-gke-node": ""
                    }
                  },
                  {
                    "labels": {
                      "nat": ""
                    }
                  },
                  {
                    "labels": {
                      "serverless-vpc-access": "swit-alpha-serverless-uw1"
                    }
                  }
                ],
                "inclusion_labels": [],
                "inventories": []
              }
            ],
            "location": "asia-northeast3-b",
            "name": "asia-northeast3-b-screenpkg",
            "os_policies": [
              {
                "allow_no_resource_group_match": false,
                "description": "",
                "id": "screenpkg",
                "mode": "ENFORCEMENT",
                "resource_groups": [
                  {
                    "inventory_filters": [
                      {
                        "os_short_name": "debian",
                        "os_version": "10"
                      },
                      {
                        "os_short_name": "debian",
                        "os_version": "11"
                      },
                      {
                        "os_short_name": "debian",
                        "os_version": "12"
                      }
                    ],
                    "resources": [
                      {
                        "exec": [],
                        "file": [],
                        "id": "install-pkg",
                        "pkg": [
                          {
                            "apt": [
                              {
                                "name": "screen"
                              }
                            ],
                            "deb": [],
                            "desired_state": "INSTALLED",
                            "googet": [],
                            "msi": [],
                            "rpm": [],
                            "yum": [],
                            "zypper": []
                          }
                        ],
                        "repository": []
                      }
                    ]
                  },
                  {
                    "inventory_filters": [
                      {
                        "os_short_name": "rocky",
                        "os_version": "8.*"
                      },
                      {
                        "os_short_name": "rocky",
                        "os_version": "9.*"
                      }
                    ],
                    "resources": [
                      {
                        "exec": [],
                        "file": [],
                        "id": "epel",
                        "pkg": [
                          {
                            "apt": [],
                            "deb": [],
                            "desired_state": "INSTALLED",
                            "googet": [],
                            "msi": [],
                            "rpm": [],
                            "yum": [
                              {
                                "name": "epel-release"
                              }
                            ],
                            "zypper": []
                          }
                        ],
                        "repository": []
                      },
                      {
                        "exec": [],
                        "file": [],
                        "id": "install-pkg",
                        "pkg": [
                          {
                            "apt": [],
                            "deb": [],
                            "desired_state": "INSTALLED",
                            "googet": [],
                            "msi": [],
                            "rpm": [],
                            "yum": [
                              {
                                "name": "screen"
                              }
                            ],
                            "zypper": []
                          }
                        ],
                        "repository": []
                      }
                    ]
                  },
                  {
                    "inventory_filters": [
                      {
                        "os_short_name": "ubuntu",
                        "os_version": "20.04"
                      },
                      {
                        "os_short_name": "ubuntu",
                        "os_version": "22.04"
                      }
                    ],
                    "resources": [
                      {
                        "exec": [
                          {
                            "enforce": [
                              {
                                "args": [],
                                "file": [],
                                "interpreter": "SHELL",
                                "output_file_path": "",
                                "script": "echo hello"
                              }
                            ],
                            "validate": [
                              {
                                "args": [],
                                "file": [],
                                "interpreter": "SHELL",
                                "output_file_path": "",
                                "script": "cloud-init status --wait; exit 100;"
                              }
                            ]
                          }
                        ],
                        "file": [],
                        "id": "wait-for-cloud-init",
                        "pkg": [],
                        "repository": []
                      },
                      {
                        "exec": [],
                        "file": [],
                        "id": "install-pkg",
                        "pkg": [
                          {
                            "apt": [
                              {
                                "name": "screen"
                              }
                            ],
                            "deb": [],
                            "desired_state": "INSTALLED",
                            "googet": [],
                            "msi": [],
                            "rpm": [],
                            "yum": [],
                            "zypper": []
                          }
                        ],
                        "repository": []
                      }
                    ]
                  }
                ]
              }
            ],
            "project": "swit-alpha",
            "reconciling": true,
            "revision_create_time": "2024-04-02T10:48:22.724329Z",
            "revision_id": "ee0298e9-d48c-4235-987d-6f21f0599b2d",
            "rollout": [
              {
                "disruption_budget": [
                  {
                    "fixed": 0,
                    "percent": 100
                  }
                ],
                "min_wait_duration": "0s"
              }
            ],
            "rollout_state": "IN_PROGRESS",
            "skip_await_rollout": true,
            "timeouts": null,
            "uid": "49f31ab8-b1f4-4a26-ba46-6f0a02d6f594"
          },
          "sensitive_attributes": [],
          "private": "eyJlMmJmYjczMC1lY2FhLTExZTYtOGY4OC0zNDM2M2JjN2M0YzAiOnsiY3JlYXRlIjoxMjAwMDAwMDAwMDAwLCJkZWxldGUiOjEyMDAwMDAwMDAwMDAsInVwZGF0ZSI6MTIwMDAwMDAwMDAwMH19",
          "dependencies": [
            "module.os_policy.data.google_compute_zones.this",
            "module.os_policy.data.google_project.default"
          ]
        },
        {
          "index_key": "asia-northeast3-c",
          "schema_version": 0,
          "attributes": {
            "baseline": false,
            "deleted": false,
            "description": "",
            "etag": "ce66005f-dda2-4d8e-926b-afa0e13c34fd",
            "id": "projects/swit-alpha/locations/asia-northeast3-c/osPolicyAssignments/asia-northeast3-c-screenpkg",
            "instance_filter": [
              {
                "all": false,
                "exclusion_labels": [
                  {
                    "labels": {
                      "goog-gke-node": ""
                    }
                  },
                  {
                    "labels": {
                      "nat": ""
                    }
                  },
                  {
                    "labels": {
                      "serverless-vpc-access": "swit-alpha-serverless-uw1"
                    }
                  }
                ],
                "inclusion_labels": [],
                "inventories": []
              }
            ],
            "location": "asia-northeast3-c",
            "name": "asia-northeast3-c-screenpkg",
            "os_policies": [
              {
                "allow_no_resource_group_match": false,
                "description": "",
                "id": "screenpkg",
                "mode": "ENFORCEMENT",
                "resource_groups": [
                  {
                    "inventory_filters": [
                      {
                        "os_short_name": "debian",
                        "os_version": "10"
                      },
                      {
                        "os_short_name": "debian",
                        "os_version": "11"
                      },
                      {
                        "os_short_name": "debian",
                        "os_version": "12"
                      }
                    ],
                    "resources": [
                      {
                        "exec": [],
                        "file": [],
                        "id": "install-pkg",
                        "pkg": [
                          {
                            "apt": [
                              {
                                "name": "screen"
                              }
                            ],
                            "deb": [],
                            "desired_state": "INSTALLED",
                            "googet": [],
                            "msi": [],
                            "rpm": [],
                            "yum": [],
                            "zypper": []
                          }
                        ],
                        "repository": []
                      }
                    ]
                  },
                  {
                    "inventory_filters": [
                      {
                        "os_short_name": "rocky",
                        "os_version": "8.*"
                      },
                      {
                        "os_short_name": "rocky",
                        "os_version": "9.*"
                      }
                    ],
                    "resources": [
                      {
                        "exec": [],
                        "file": [],
                        "id": "epel",
                        "pkg": [
                          {
                            "apt": [],
                            "deb": [],
                            "desired_state": "INSTALLED",
                            "googet": [],
                            "msi": [],
                            "rpm": [],
                            "yum": [
                              {
                                "name": "epel-release"
                              }
                            ],
                            "zypper": []
                          }
                        ],
                        "repository": []
                      },
                      {
                        "exec": [],
                        "file": [],
                        "id": "install-pkg",
                        "pkg": [
                          {
                            "apt": [],
                            "deb": [],
                            "desired_state": "INSTALLED",
                            "googet": [],
                            "msi": [],
                            "rpm": [],
                            "yum": [
                              {
                                "name": "screen"
                              }
                            ],
                            "zypper": []
                          }
                        ],
                        "repository": []
                      }
                    ]
                  },
                  {
                    "inventory_filters": [
                      {
                        "os_short_name": "ubuntu",
                        "os_version": "20.04"
                      },
                      {
                        "os_short_name": "ubuntu",
                        "os_version": "22.04"
                      }
                    ],
                    "resources": [
                      {
                        "exec": [
                          {
                            "enforce": [
                              {
                                "args": [],
                                "file": [],
                                "interpreter": "SHELL",
                                "output_file_path": "",
                                "script": "echo hello"
                              }
                            ],
                            "validate": [
                              {
                                "args": [],
                                "file": [],
                                "interpreter": "SHELL",
                                "output_file_path": "",
                                "script": "cloud-init status --wait; exit 100;"
                              }
                            ]
                          }
                        ],
                        "file": [],
                        "id": "wait-for-cloud-init",
                        "pkg": [],
                        "repository": []
                      },
                      {
                        "exec": [],
                        "file": [],
                        "id": "install-pkg",
                        "pkg": [
                          {
                            "apt": [
                              {
                                "name": "screen"
                              }
                            ],
                            "deb": [],
                            "desired_state": "INSTALLED",
                            "googet": [],
                            "msi": [],
                            "rpm": [],
                            "yum": [],
                            "zypper": []
                          }
                        ],
                        "repository": []
                      }
                    ]
                  }
                ]
              }
            ],
            "project": "swit-alpha",
            "reconciling": true,
            "revision_create_time": "2024-04-02T10:48:22.750441Z",
            "revision_id": "e7c772af-7449-4bc3-9a2b-791e13fd7fc9",
            "rollout": [
              {
                "disruption_budget": [
                  {
                    "fixed": 0,
                    "percent": 100
                  }
                ],
                "min_wait_duration": "0s"
              }
            ],
            "rollout_state": "IN_PROGRESS",
            "skip_await_rollout": true,
            "timeouts": null,
            "uid": "13caf293-b70a-4bf6-aa22-4e60b32e1673"
          },
          "sensitive_attributes": [],
          "private": "eyJlMmJmYjczMC1lY2FhLTExZTYtOGY4OC0zNDM2M2JjN2M0YzAiOnsiY3JlYXRlIjoxMjAwMDAwMDAwMDAwLCJkZWxldGUiOjEyMDAwMDAwMDAwMDAsInVwZGF0ZSI6MTIwMDAwMDAwMDAwMH19",
          "dependencies": [
            "module.os_policy.data.google_compute_zones.this",
            "module.os_policy.data.google_project.default"
          ]
        },
        {
          "index_key": "us-west1-a",
          "schema_version": 0,
          "attributes": {
            "baseline": false,
            "deleted": false,
            "description": "",
            "etag": "ab3623ec-2ca9-41e1-899a-4968cf13063b",
            "id": "projects/swit-alpha/locations/us-west1-a/osPolicyAssignments/us-west1-a-screenpkg",
            "instance_filter": [
              {
                "all": false,
                "exclusion_labels": [
                  {
                    "labels": {
                      "goog-gke-node": ""
                    }
                  },
                  {
                    "labels": {
                      "nat": ""
                    }
                  },
                  {
                    "labels": {
                      "serverless-vpc-access": "swit-alpha-serverless-uw1"
                    }
                  }
                ],
                "inclusion_labels": [],
                "inventories": []
              }
            ],
            "location": "us-west1-a",
            "name": "us-west1-a-screenpkg",
            "os_policies": [
              {
                "allow_no_resource_group_match": false,
                "description": "",
                "id": "screenpkg",
                "mode": "ENFORCEMENT",
                "resource_groups": [
                  {
                    "inventory_filters": [
                      {
                        "os_short_name": "debian",
                        "os_version": "10"
                      },
                      {
                        "os_short_name": "debian",
                        "os_version": "11"
                      },
                      {
                        "os_short_name": "debian",
                        "os_version": "12"
                      }
                    ],
                    "resources": [
                      {
                        "exec": [],
                        "file": [],
                        "id": "install-pkg",
                        "pkg": [
                          {
                            "apt": [
                              {
                                "name": "screen"
                              }
                            ],
                            "deb": [],
                            "desired_state": "INSTALLED",
                            "googet": [],
                            "msi": [],
                            "rpm": [],
                            "yum": [],
                            "zypper": []
                          }
                        ],
                        "repository": []
                      }
                    ]
                  },
                  {
                    "inventory_filters": [
                      {
                        "os_short_name": "rocky",
                        "os_version": "8.*"
                      },
                      {
                        "os_short_name": "rocky",
                        "os_version": "9.*"
                      }
                    ],
                    "resources": [
                      {
                        "exec": [],
                        "file": [],
                        "id": "epel",
                        "pkg": [
                          {
                            "apt": [],
                            "deb": [],
                            "desired_state": "INSTALLED",
                            "googet": [],
                            "msi": [],
                            "rpm": [],
                            "yum": [
                              {
                                "name": "epel-release"
                              }
                            ],
                            "zypper": []
                          }
                        ],
                        "repository": []
                      },
                      {
                        "exec": [],
                        "file": [],
                        "id": "install-pkg",
                        "pkg": [
                          {
                            "apt": [],
                            "deb": [],
                            "desired_state": "INSTALLED",
                            "googet": [],
                            "msi": [],
                            "rpm": [],
                            "yum": [
                              {
                                "name": "screen"
                              }
                            ],
                            "zypper": []
                          }
                        ],
                        "repository": []
                      }
                    ]
                  },
                  {
                    "inventory_filters": [
                      {
                        "os_short_name": "ubuntu",
                        "os_version": "20.04"
                      },
                      {
                        "os_short_name": "ubuntu",
                        "os_version": "22.04"
                      }
                    ],
                    "resources": [
                      {
                        "exec": [
                          {
                            "enforce": [
                              {
                                "args": [],
                                "file": [],
                                "interpreter": "SHELL",
                                "output_file_path": "",
                                "script": "echo hello"
                              }
                            ],
                            "validate": [
                              {
                                "args": [],
                                "file": [],
                                "interpreter": "SHELL",
                                "output_file_path": "",
                                "script": "cloud-init status --wait; exit 100;"
                              }
                            ]
                          }
                        ],
                        "file": [],
                        "id": "wait-for-cloud-init",
                        "pkg": [],
                        "repository": []
                      },
                      {
                        "exec": [],
                        "file": [],
                        "id": "install-pkg",
                        "pkg": [
                          {
                            "apt": [
                              {
                                "name": "screen"
                              }
                            ],
                            "deb": [],
                            "desired_state": "INSTALLED",
                            "googet": [],
                            "msi": [],
                            "rpm": [],
                            "yum": [],
                            "zypper": []
                          }
                        ],
                        "repository": []
                      }
                    ]
                  }
                ]
              }
            ],
            "project": "swit-alpha",
            "reconciling": true,
            "revision_create_time": "2024-04-02T10:48:23.131915Z",
            "revision_id": "a7b13d5a-8f7d-4ba8-945e-70a65d3cd3b7",
            "rollout": [
              {
                "disruption_budget": [
                  {
                    "fixed": 0,
                    "percent": 100
                  }
                ],
                "min_wait_duration": "0s"
              }
            ],
            "rollout_state": "IN_PROGRESS",
            "skip_await_rollout": true,
            "timeouts": null,
            "uid": "5988767e-460e-4202-a901-2d7b7b184447"
          },
          "sensitive_attributes": [],
          "private": "eyJlMmJmYjczMC1lY2FhLTExZTYtOGY4OC0zNDM2M2JjN2M0YzAiOnsiY3JlYXRlIjoxMjAwMDAwMDAwMDAwLCJkZWxldGUiOjEyMDAwMDAwMDAwMDAsInVwZGF0ZSI6MTIwMDAwMDAwMDAwMH19",
          "dependencies": [
            "module.os_policy.data.google_compute_zones.this",
            "module.os_policy.data.google_project.default"
          ]
        },
        {
          "index_key": "us-west1-b",
          "schema_version": 0,
          "attributes": {
            "baseline": false,
            "deleted": false,
            "description": "",
            "etag": "1cbfa7d1-8aa5-4d9c-af22-7afa07847bb8",
            "id": "projects/swit-alpha/locations/us-west1-b/osPolicyAssignments/us-west1-b-screenpkg",
            "instance_filter": [
              {
                "all": false,
                "exclusion_labels": [
                  {
                    "labels": {
                      "goog-gke-node": ""
                    }
                  },
                  {
                    "labels": {
                      "nat": ""
                    }
                  },
                  {
                    "labels": {
                      "serverless-vpc-access": "swit-alpha-serverless-uw1"
                    }
                  }
                ],
                "inclusion_labels": [],
                "inventories": []
              }
            ],
            "location": "us-west1-b",
            "name": "us-west1-b-screenpkg",
            "os_policies": [
              {
                "allow_no_resource_group_match": false,
                "description": "",
                "id": "screenpkg",
                "mode": "ENFORCEMENT",
                "resource_groups": [
                  {
                    "inventory_filters": [
                      {
                        "os_short_name": "debian",
                        "os_version": "10"
                      },
                      {
                        "os_short_name": "debian",
                        "os_version": "11"
                      },
                      {
                        "os_short_name": "debian",
                        "os_version": "12"
                      }
                    ],
                    "resources": [
                      {
                        "exec": [],
                        "file": [],
                        "id": "install-pkg",
                        "pkg": [
                          {
                            "apt": [
                              {
                                "name": "screen"
                              }
                            ],
                            "deb": [],
                            "desired_state": "INSTALLED",
                            "googet": [],
                            "msi": [],
                            "rpm": [],
                            "yum": [],
                            "zypper": []
                          }
                        ],
                        "repository": []
                      }
                    ]
                  },
                  {
                    "inventory_filters": [
                      {
                        "os_short_name": "rocky",
                        "os_version": "8.*"
                      },
                      {
                        "os_short_name": "rocky",
                        "os_version": "9.*"
                      }
                    ],
                    "resources": [
                      {
                        "exec": [],
                        "file": [],
                        "id": "epel",
                        "pkg": [
                          {
                            "apt": [],
                            "deb": [],
                            "desired_state": "INSTALLED",
                            "googet": [],
                            "msi": [],
                            "rpm": [],
                            "yum": [
                              {
                                "name": "epel-release"
                              }
                            ],
                            "zypper": []
                          }
                        ],
                        "repository": []
                      },
                      {
                        "exec": [],
                        "file": [],
                        "id": "install-pkg",
                        "pkg": [
                          {
                            "apt": [],
                            "deb": [],
                            "desired_state": "INSTALLED",
                            "googet": [],
                            "msi": [],
                            "rpm": [],
                            "yum": [
                              {
                                "name": "screen"
                              }
                            ],
                            "zypper": []
                          }
                        ],
                        "repository": []
                      }
                    ]
                  },
                  {
                    "inventory_filters": [
                      {
                        "os_short_name": "ubuntu",
                        "os_version": "20.04"
                      },
                      {
                        "os_short_name": "ubuntu",
                        "os_version": "22.04"
                      }
                    ],
                    "resources": [
                      {
                        "exec": [
                          {
                            "enforce": [
                              {
                                "args": [],
                                "file": [],
                                "interpreter": "SHELL",
                                "output_file_path": "",
                                "script": "echo hello"
                              }
                            ],
                            "validate": [
                              {
                                "args": [],
                                "file": [],
                                "interpreter": "SHELL",
                                "output_file_path": "",
                                "script": "cloud-init status --wait; exit 100;"
                              }
                            ]
                          }
                        ],
                        "file": [],
                        "id": "wait-for-cloud-init",
                        "pkg": [],
                        "repository": []
                      },
                      {
                        "exec": [],
                        "file": [],
                        "id": "install-pkg",
                        "pkg": [
                          {
                            "apt": [
                              {
                                "name": "screen"
                              }
                            ],
                            "deb": [],
                            "desired_state": "INSTALLED",
                            "googet": [],
                            "msi": [],
                            "rpm": [],
                            "yum": [],
                            "zypper": []
                          }
                        ],
                        "repository": []
                      }
                    ]
                  }
                ]
              }
            ],
            "project": "swit-alpha",
            "reconciling": true,
            "revision_create_time": "2024-04-02T10:48:23.162732Z",
            "revision_id": "b1f75754-89f1-46df-93b7-2b47b227f505",
            "rollout": [
              {
                "disruption_budget": [
                  {
                    "fixed": 0,
                    "percent": 100
                  }
                ],
                "min_wait_duration": "0s"
              }
            ],
            "rollout_state": "IN_PROGRESS",
            "skip_await_rollout": true,
            "timeouts": null,
            "uid": "110aba2e-e382-4b0e-9bf1-2f907e3b9437"
          },
          "sensitive_attributes": [],
          "private": "eyJlMmJmYjczMC1lY2FhLTExZTYtOGY4OC0zNDM2M2JjN2M0YzAiOnsiY3JlYXRlIjoxMjAwMDAwMDAwMDAwLCJkZWxldGUiOjEyMDAwMDAwMDAwMDAsInVwZGF0ZSI6MTIwMDAwMDAwMDAwMH19",
          "dependencies": [
            "module.os_policy.data.google_compute_zones.this",
            "module.os_policy.data.google_project.default"
          ]
        },
        {
          "index_key": "us-west1-c",
          "schema_version": 0,
          "attributes": {
            "baseline": false,
            "deleted": false,
            "description": "",
            "etag": "a429e58d-1586-4564-81d1-ea3cb1259adb",
            "id": "projects/swit-alpha/locations/us-west1-c/osPolicyAssignments/us-west1-c-screenpkg",
            "instance_filter": [
              {
                "all": false,
                "exclusion_labels": [
                  {
                    "labels": {
                      "goog-gke-node": ""
                    }
                  },
                  {
                    "labels": {
                      "nat": ""
                    }
                  },
                  {
                    "labels": {
                      "serverless-vpc-access": "swit-alpha-serverless-uw1"
                    }
                  }
                ],
                "inclusion_labels": [],
                "inventories": []
              }
            ],
            "location": "us-west1-c",
            "name": "us-west1-c-screenpkg",
            "os_policies": [
              {
                "allow_no_resource_group_match": false,
                "description": "",
                "id": "screenpkg",
                "mode": "ENFORCEMENT",
                "resource_groups": [
                  {
                    "inventory_filters": [
                      {
                        "os_short_name": "debian",
                        "os_version": "10"
                      },
                      {
                        "os_short_name": "debian",
                        "os_version": "11"
                      },
                      {
                        "os_short_name": "debian",
                        "os_version": "12"
                      }
                    ],
                    "resources": [
                      {
                        "exec": [],
                        "file": [],
                        "id": "install-pkg",
                        "pkg": [
                          {
                            "apt": [
                              {
                                "name": "screen"
                              }
                            ],
                            "deb": [],
                            "desired_state": "INSTALLED",
                            "googet": [],
                            "msi": [],
                            "rpm": [],
                            "yum": [],
                            "zypper": []
                          }
                        ],
                        "repository": []
                      }
                    ]
                  },
                  {
                    "inventory_filters": [
                      {
                        "os_short_name": "rocky",
                        "os_version": "8.*"
                      },
                      {
                        "os_short_name": "rocky",
                        "os_version": "9.*"
                      }
                    ],
                    "resources": [
                      {
                        "exec": [],
                        "file": [],
                        "id": "epel",
                        "pkg": [
                          {
                            "apt": [],
                            "deb": [],
                            "desired_state": "INSTALLED",
                            "googet": [],
                            "msi": [],
                            "rpm": [],
                            "yum": [
                              {
                                "name": "epel-release"
                              }
                            ],
                            "zypper": []
                          }
                        ],
                        "repository": []
                      },
                      {
                        "exec": [],
                        "file": [],
                        "id": "install-pkg",
                        "pkg": [
                          {
                            "apt": [],
                            "deb": [],
                            "desired_state": "INSTALLED",
                            "googet": [],
                            "msi": [],
                            "rpm": [],
                            "yum": [
                              {
                                "name": "screen"
                              }
                            ],
                            "zypper": []
                          }
                        ],
                        "repository": []
                      }
                    ]
                  },
                  {
                    "inventory_filters": [
                      {
                        "os_short_name": "ubuntu",
                        "os_version": "20.04"
                      },
                      {
                        "os_short_name": "ubuntu",
                        "os_version": "22.04"
                      }
                    ],
                    "resources": [
                      {
                        "exec": [
                          {
                            "enforce": [
                              {
                                "args": [],
                                "file": [],
                                "interpreter": "SHELL",
                                "output_file_path": "",
                                "script": "echo hello"
                              }
                            ],
                            "validate": [
                              {
                                "args": [],
                                "file": [],
                                "interpreter": "SHELL",
                                "output_file_path": "",
                                "script": "cloud-init status --wait; exit 100;"
                              }
                            ]
                          }
                        ],
                        "file": [],
                        "id": "wait-for-cloud-init",
                        "pkg": [],
                        "repository": []
                      },
                      {
                        "exec": [],
                        "file": [],
                        "id": "install-pkg",
                        "pkg": [
                          {
                            "apt": [
                              {
                                "name": "screen"
                              }
                            ],
                            "deb": [],
                            "desired_state": "INSTALLED",
                            "googet": [],
                            "msi": [],
                            "rpm": [],
                            "yum": [],
                            "zypper": []
                          }
                        ],
                        "repository": []
                      }
                    ]
                  }
                ]
              }
            ],
            "project": "swit-alpha",
            "reconciling": true,
            "revision_create_time": "2024-04-02T10:48:23.937626Z",
            "revision_id": "563ca06f-7470-49f2-8ce3-4a8860295780",
            "rollout": [
              {
                "disruption_budget": [
                  {
                    "fixed": 0,
                    "percent": 100
                  }
                ],
                "min_wait_duration": "0s"
              }
            ],
            "rollout_state": "IN_PROGRESS",
            "skip_await_rollout": true,
            "timeouts": null,
            "uid": "d9d34e90-3d74-4328-bc7d-024fbc50a05e"
          },
          "sensitive_attributes": [],
          "private": "eyJlMmJmYjczMC1lY2FhLTExZTYtOGY4OC0zNDM2M2JjN2M0YzAiOnsiY3JlYXRlIjoxMjAwMDAwMDAwMDAwLCJkZWxldGUiOjEyMDAwMDAwMDAwMDAsInVwZGF0ZSI6MTIwMDAwMDAwMDAwMH19",
          "dependencies": [
            "module.os_policy.data.google_compute_zones.this",
            "module.os_policy.data.google_project.default"
          ]
        }
      ]
    },
    {
      "module": "module.os_policy",
      "mode": "managed",
      "type": "google_os_config_os_policy_assignment",
      "name": "unx101",
      "provider": "provider[\"registry.terraform.io/hashicorp/google\"]",
      "instances": [
        {
          "index_key": "asia-northeast3-a",
          "schema_version": 0,
          "attributes": {
            "baseline": false,
            "deleted": false,
            "description": "",
            "etag": "08df3cdf-3350-4c68-8054-b6c66d7e64aa",
            "id": "projects/swit-alpha/locations/asia-northeast3-a/osPolicyAssignments/asia-northeast3-a-unx101",
            "instance_filter": [
              {
                "all": false,
                "exclusion_labels": [
                  {
                    "labels": {
                      "goog-gke-node": ""
                    }
                  },
                  {
                    "labels": {
                      "nat": ""
                    }
                  },
                  {
                    "labels": {
                      "serverless-vpc-access": "swit-alpha-serverless-uw1"
                    }
                  }
                ],
                "inclusion_labels": [],
                "inventories": []
              }
            ],
            "location": "asia-northeast3-a",
            "name": "asia-northeast3-a-unx101",
            "os_policies": [
              {
                "allow_no_resource_group_match": false,
                "description": "",
                "id": "unx101",
                "mode": "ENFORCEMENT",
                "resource_groups": [
                  {
                    "inventory_filters": [
                      {
                        "os_short_name": "debian",
                        "os_version": "10"
                      },
                      {
                        "os_short_name": "debian",
                        "os_version": "11"
                      },
                      {
                        "os_short_name": "debian",
                        "os_version": "12"
                      },
                      {
                        "os_short_name": "rocky",
                        "os_version": "8.*"
                      },
                      {
                        "os_short_name": "rocky",
                        "os_version": "9.*"
                      },
                      {
                        "os_short_name": "ubuntu",
                        "os_version": "20.04"
                      },
                      {
                        "os_short_name": "ubuntu",
                        "os_version": "22.04"
                      }
                    ],
                    "resources": [
                      {
                        "exec": [
                          {
                            "enforce": [
                              {
                                "args": [],
                                "file": [],
                                "interpreter": "SHELL",
                                "output_file_path": "",
                                "script": "if grep -v '#' /etc/ssh/sshd_config | grep -q 'Port'; then\n  sed 's/Port/#Port/g' /etc/ssh/sshd_config | sudo tee /etc/ssh/.sshd_config\n  sudo mv /etc/ssh/.sshd_config /etc/ssh/sshd_config\nfi\nif ! grep -v '#' /etc/ssh/sshd_config | grep -qw 'PermitRootLogin no' ; then\n  sed '/PermitRootLogin/d' /etc/ssh/sshd_config | sudo tee /etc/ssh/.sshd_config\n  echo 'PermitRootLogin no' | sudo tee -a /etc/ssh/.sshd_config\n  sudo mv /etc/ssh/.sshd_config /etc/ssh/sshd_config\nfi\nif ! grep -v '#' /etc/ssh/sshd_config | grep -qw 'ClientAliveInterval 120' ; then\n  sed '/ClientAliveInterval/d' /etc/ssh/sshd_config | sudo tee /etc/ssh/.sshd_config\n  echo 'ClientAliveInterval 120' | sudo tee -a /etc/ssh/.sshd_config\n  sudo mv /etc/ssh/.sshd_config /etc/ssh/sshd_config\nfi\nif ! grep -v '#' /etc/ssh/sshd_config | grep -qw 'PrintMotd no' ; then\n  sed '/PrintMotd/d' /etc/ssh/sshd_config | sudo tee /etc/ssh/.sshd_config\n  echo 'PrintMotd no' | sudo tee -a /etc/ssh/.sshd_config\n  sudo mv /etc/ssh/.sshd_config /etc/ssh/sshd_config\nfi\nif ! grep -v '#' /etc/ssh/sshd_config | grep -qw 'Banner /etc/issue.net' ; then\n  sed '/Banner/d' /etc/ssh/sshd_config | sudo tee /etc/ssh/.sshd_config\n  echo 'Banner /etc/issue.net' | sudo tee -a /etc/ssh/.sshd_config\n  sudo mv /etc/ssh/.sshd_config /etc/ssh/sshd_config\nfi\nsudo systemctl restart sshd\nexit 100\n"
                              }
                            ],
                            "validate": [
                              {
                                "args": [],
                                "file": [],
                                "interpreter": "SHELL",
                                "output_file_path": "",
                                "script": "if grep -v '#' /etc/ssh/sshd_config | grep -q 'Port'; then\n  exit 101\nelif ! grep -v '#' /etc/ssh/sshd_config | grep -qw 'PermitRootLogin no' ; then\n  exit 101\nelif ! grep -v '#' /etc/ssh/sshd_config | grep -qw 'ClientAliveInterval 120' ; then\n  exit 101\nelif ! grep -v '#' /etc/ssh/sshd_config | grep -qw 'PrintMotd no' ; then\n  exit 101\nelif ! grep -v '#' /etc/ssh/sshd_config | grep -qw 'Banner /etc/issue.net' ; then\n  exit 101\nelse\n  exit 100\nfi\n"
                              }
                            ]
                          }
                        ],
                        "file": [],
                        "id": "configuration",
                        "pkg": [],
                        "repository": []
                      }
                    ]
                  }
                ]
              }
            ],
            "project": "swit-alpha",
            "reconciling": true,
            "revision_create_time": "2024-04-02T10:48:26.164840Z",
            "revision_id": "f8546761-3c80-474e-a4ae-7e49b5602eb4",
            "rollout": [
              {
                "disruption_budget": [
                  {
                    "fixed": 0,
                    "percent": 100
                  }
                ],
                "min_wait_duration": "0s"
              }
            ],
            "rollout_state": "IN_PROGRESS",
            "skip_await_rollout": true,
            "timeouts": null,
            "uid": "b92f169c-c559-4288-b188-6ea6a4e56a18"
          },
          "sensitive_attributes": [],
          "private": "eyJlMmJmYjczMC1lY2FhLTExZTYtOGY4OC0zNDM2M2JjN2M0YzAiOnsiY3JlYXRlIjoxMjAwMDAwMDAwMDAwLCJkZWxldGUiOjEyMDAwMDAwMDAwMDAsInVwZGF0ZSI6MTIwMDAwMDAwMDAwMH19",
          "dependencies": [
            "module.os_policy.data.google_compute_zones.this",
            "module.os_policy.data.google_project.default"
          ]
        },
        {
          "index_key": "asia-northeast3-b",
          "schema_version": 0,
          "attributes": {
            "baseline": false,
            "deleted": false,
            "description": "",
            "etag": "97436685-6f91-4f1a-b58b-ad901fb0c93a",
            "id": "projects/swit-alpha/locations/asia-northeast3-b/osPolicyAssignments/asia-northeast3-b-unx101",
            "instance_filter": [
              {
                "all": false,
                "exclusion_labels": [
                  {
                    "labels": {
                      "goog-gke-node": ""
                    }
                  },
                  {
                    "labels": {
                      "nat": ""
                    }
                  },
                  {
                    "labels": {
                      "serverless-vpc-access": "swit-alpha-serverless-uw1"
                    }
                  }
                ],
                "inclusion_labels": [],
                "inventories": []
              }
            ],
            "location": "asia-northeast3-b",
            "name": "asia-northeast3-b-unx101",
            "os_policies": [
              {
                "allow_no_resource_group_match": false,
                "description": "",
                "id": "unx101",
                "mode": "ENFORCEMENT",
                "resource_groups": [
                  {
                    "inventory_filters": [
                      {
                        "os_short_name": "debian",
                        "os_version": "10"
                      },
                      {
                        "os_short_name": "debian",
                        "os_version": "11"
                      },
                      {
                        "os_short_name": "debian",
                        "os_version": "12"
                      },
                      {
                        "os_short_name": "rocky",
                        "os_version": "8.*"
                      },
                      {
                        "os_short_name": "rocky",
                        "os_version": "9.*"
                      },
                      {
                        "os_short_name": "ubuntu",
                        "os_version": "20.04"
                      },
                      {
                        "os_short_name": "ubuntu",
                        "os_version": "22.04"
                      }
                    ],
                    "resources": [
                      {
                        "exec": [
                          {
                            "enforce": [
                              {
                                "args": [],
                                "file": [],
                                "interpreter": "SHELL",
                                "output_file_path": "",
                                "script": "if grep -v '#' /etc/ssh/sshd_config | grep -q 'Port'; then\n  sed 's/Port/#Port/g' /etc/ssh/sshd_config | sudo tee /etc/ssh/.sshd_config\n  sudo mv /etc/ssh/.sshd_config /etc/ssh/sshd_config\nfi\nif ! grep -v '#' /etc/ssh/sshd_config | grep -qw 'PermitRootLogin no' ; then\n  sed '/PermitRootLogin/d' /etc/ssh/sshd_config | sudo tee /etc/ssh/.sshd_config\n  echo 'PermitRootLogin no' | sudo tee -a /etc/ssh/.sshd_config\n  sudo mv /etc/ssh/.sshd_config /etc/ssh/sshd_config\nfi\nif ! grep -v '#' /etc/ssh/sshd_config | grep -qw 'ClientAliveInterval 120' ; then\n  sed '/ClientAliveInterval/d' /etc/ssh/sshd_config | sudo tee /etc/ssh/.sshd_config\n  echo 'ClientAliveInterval 120' | sudo tee -a /etc/ssh/.sshd_config\n  sudo mv /etc/ssh/.sshd_config /etc/ssh/sshd_config\nfi\nif ! grep -v '#' /etc/ssh/sshd_config | grep -qw 'PrintMotd no' ; then\n  sed '/PrintMotd/d' /etc/ssh/sshd_config | sudo tee /etc/ssh/.sshd_config\n  echo 'PrintMotd no' | sudo tee -a /etc/ssh/.sshd_config\n  sudo mv /etc/ssh/.sshd_config /etc/ssh/sshd_config\nfi\nif ! grep -v '#' /etc/ssh/sshd_config | grep -qw 'Banner /etc/issue.net' ; then\n  sed '/Banner/d' /etc/ssh/sshd_config | sudo tee /etc/ssh/.sshd_config\n  echo 'Banner /etc/issue.net' | sudo tee -a /etc/ssh/.sshd_config\n  sudo mv /etc/ssh/.sshd_config /etc/ssh/sshd_config\nfi\nsudo systemctl restart sshd\nexit 100\n"
                              }
                            ],
                            "validate": [
                              {
                                "args": [],
                                "file": [],
                                "interpreter": "SHELL",
                                "output_file_path": "",
                                "script": "if grep -v '#' /etc/ssh/sshd_config | grep -q 'Port'; then\n  exit 101\nelif ! grep -v '#' /etc/ssh/sshd_config | grep -qw 'PermitRootLogin no' ; then\n  exit 101\nelif ! grep -v '#' /etc/ssh/sshd_config | grep -qw 'ClientAliveInterval 120' ; then\n  exit 101\nelif ! grep -v '#' /etc/ssh/sshd_config | grep -qw 'PrintMotd no' ; then\n  exit 101\nelif ! grep -v '#' /etc/ssh/sshd_config | grep -qw 'Banner /etc/issue.net' ; then\n  exit 101\nelse\n  exit 100\nfi\n"
                              }
                            ]
                          }
                        ],
                        "file": [],
                        "id": "configuration",
                        "pkg": [],
                        "repository": []
                      }
                    ]
                  }
                ]
              }
            ],
            "project": "swit-alpha",
            "reconciling": true,
            "revision_create_time": "2024-04-02T10:48:26.165314Z",
            "revision_id": "8ff17b5a-13c3-4e93-b89e-90b46395d795",
            "rollout": [
              {
                "disruption_budget": [
                  {
                    "fixed": 0,
                    "percent": 100
                  }
                ],
                "min_wait_duration": "0s"
              }
            ],
            "rollout_state": "IN_PROGRESS",
            "skip_await_rollout": true,
            "timeouts": null,
            "uid": "d98aa33a-e12c-4e86-bf2c-6641d1f0a638"
          },
          "sensitive_attributes": [],
          "private": "eyJlMmJmYjczMC1lY2FhLTExZTYtOGY4OC0zNDM2M2JjN2M0YzAiOnsiY3JlYXRlIjoxMjAwMDAwMDAwMDAwLCJkZWxldGUiOjEyMDAwMDAwMDAwMDAsInVwZGF0ZSI6MTIwMDAwMDAwMDAwMH19",
          "dependencies": [
            "module.os_policy.data.google_compute_zones.this",
            "module.os_policy.data.google_project.default"
          ]
        },
        {
          "index_key": "asia-northeast3-c",
          "schema_version": 0,
          "attributes": {
            "baseline": false,
            "deleted": false,
            "description": "",
            "etag": "dd2a4791-87c5-46b8-a570-b29367a0d17f",
            "id": "projects/swit-alpha/locations/asia-northeast3-c/osPolicyAssignments/asia-northeast3-c-unx101",
            "instance_filter": [
              {
                "all": false,
                "exclusion_labels": [
                  {
                    "labels": {
                      "goog-gke-node": ""
                    }
                  },
                  {
                    "labels": {
                      "nat": ""
                    }
                  },
                  {
                    "labels": {
                      "serverless-vpc-access": "swit-alpha-serverless-uw1"
                    }
                  }
                ],
                "inclusion_labels": [],
                "inventories": []
              }
            ],
            "location": "asia-northeast3-c",
            "name": "asia-northeast3-c-unx101",
            "os_policies": [
              {
                "allow_no_resource_group_match": false,
                "description": "",
                "id": "unx101",
                "mode": "ENFORCEMENT",
                "resource_groups": [
                  {
                    "inventory_filters": [
                      {
                        "os_short_name": "debian",
                        "os_version": "10"
                      },
                      {
                        "os_short_name": "debian",
                        "os_version": "11"
                      },
                      {
                        "os_short_name": "debian",
                        "os_version": "12"
                      },
                      {
                        "os_short_name": "rocky",
                        "os_version": "8.*"
                      },
                      {
                        "os_short_name": "rocky",
                        "os_version": "9.*"
                      },
                      {
                        "os_short_name": "ubuntu",
                        "os_version": "20.04"
                      },
                      {
                        "os_short_name": "ubuntu",
                        "os_version": "22.04"
                      }
                    ],
                    "resources": [
                      {
                        "exec": [
                          {
                            "enforce": [
                              {
                                "args": [],
                                "file": [],
                                "interpreter": "SHELL",
                                "output_file_path": "",
                                "script": "if grep -v '#' /etc/ssh/sshd_config | grep -q 'Port'; then\n  sed 's/Port/#Port/g' /etc/ssh/sshd_config | sudo tee /etc/ssh/.sshd_config\n  sudo mv /etc/ssh/.sshd_config /etc/ssh/sshd_config\nfi\nif ! grep -v '#' /etc/ssh/sshd_config | grep -qw 'PermitRootLogin no' ; then\n  sed '/PermitRootLogin/d' /etc/ssh/sshd_config | sudo tee /etc/ssh/.sshd_config\n  echo 'PermitRootLogin no' | sudo tee -a /etc/ssh/.sshd_config\n  sudo mv /etc/ssh/.sshd_config /etc/ssh/sshd_config\nfi\nif ! grep -v '#' /etc/ssh/sshd_config | grep -qw 'ClientAliveInterval 120' ; then\n  sed '/ClientAliveInterval/d' /etc/ssh/sshd_config | sudo tee /etc/ssh/.sshd_config\n  echo 'ClientAliveInterval 120' | sudo tee -a /etc/ssh/.sshd_config\n  sudo mv /etc/ssh/.sshd_config /etc/ssh/sshd_config\nfi\nif ! grep -v '#' /etc/ssh/sshd_config | grep -qw 'PrintMotd no' ; then\n  sed '/PrintMotd/d' /etc/ssh/sshd_config | sudo tee /etc/ssh/.sshd_config\n  echo 'PrintMotd no' | sudo tee -a /etc/ssh/.sshd_config\n  sudo mv /etc/ssh/.sshd_config /etc/ssh/sshd_config\nfi\nif ! grep -v '#' /etc/ssh/sshd_config | grep -qw 'Banner /etc/issue.net' ; then\n  sed '/Banner/d' /etc/ssh/sshd_config | sudo tee /etc/ssh/.sshd_config\n  echo 'Banner /etc/issue.net' | sudo tee -a /etc/ssh/.sshd_config\n  sudo mv /etc/ssh/.sshd_config /etc/ssh/sshd_config\nfi\nsudo systemctl restart sshd\nexit 100\n"
                              }
                            ],
                            "validate": [
                              {
                                "args": [],
                                "file": [],
                                "interpreter": "SHELL",
                                "output_file_path": "",
                                "script": "if grep -v '#' /etc/ssh/sshd_config | grep -q 'Port'; then\n  exit 101\nelif ! grep -v '#' /etc/ssh/sshd_config | grep -qw 'PermitRootLogin no' ; then\n  exit 101\nelif ! grep -v '#' /etc/ssh/sshd_config | grep -qw 'ClientAliveInterval 120' ; then\n  exit 101\nelif ! grep -v '#' /etc/ssh/sshd_config | grep -qw 'PrintMotd no' ; then\n  exit 101\nelif ! grep -v '#' /etc/ssh/sshd_config | grep -qw 'Banner /etc/issue.net' ; then\n  exit 101\nelse\n  exit 100\nfi\n"
                              }
                            ]
                          }
                        ],
                        "file": [],
                        "id": "configuration",
                        "pkg": [],
                        "repository": []
                      }
                    ]
                  }
                ]
              }
            ],
            "project": "swit-alpha",
            "reconciling": true,
            "revision_create_time": "2024-04-02T10:48:23.795925Z",
            "revision_id": "2b3e3cb8-0626-42b7-a0be-0f0b9c62231c",
            "rollout": [
              {
                "disruption_budget": [
                  {
                    "fixed": 0,
                    "percent": 100
                  }
                ],
                "min_wait_duration": "0s"
              }
            ],
            "rollout_state": "IN_PROGRESS",
            "skip_await_rollout": true,
            "timeouts": null,
            "uid": "36d12a37-77c2-4146-a1ac-57605d52f7e6"
          },
          "sensitive_attributes": [],
          "private": "eyJlMmJmYjczMC1lY2FhLTExZTYtOGY4OC0zNDM2M2JjN2M0YzAiOnsiY3JlYXRlIjoxMjAwMDAwMDAwMDAwLCJkZWxldGUiOjEyMDAwMDAwMDAwMDAsInVwZGF0ZSI6MTIwMDAwMDAwMDAwMH19",
          "dependencies": [
            "module.os_policy.data.google_compute_zones.this",
            "module.os_policy.data.google_project.default"
          ]
        },
        {
          "index_key": "us-west1-a",
          "schema_version": 0,
          "attributes": {
            "baseline": false,
            "deleted": false,
            "description": "",
            "etag": "3d3ea456-fd44-4413-9e36-b5999bb21673",
            "id": "projects/swit-alpha/locations/us-west1-a/osPolicyAssignments/us-west1-a-unx101",
            "instance_filter": [
              {
                "all": false,
                "exclusion_labels": [
                  {
                    "labels": {
                      "goog-gke-node": ""
                    }
                  },
                  {
                    "labels": {
                      "nat": ""
                    }
                  },
                  {
                    "labels": {
                      "serverless-vpc-access": "swit-alpha-serverless-uw1"
                    }
                  }
                ],
                "inclusion_labels": [],
                "inventories": []
              }
            ],
            "location": "us-west1-a",
            "name": "us-west1-a-unx101",
            "os_policies": [
              {
                "allow_no_resource_group_match": false,
                "description": "",
                "id": "unx101",
                "mode": "ENFORCEMENT",
                "resource_groups": [
                  {
                    "inventory_filters": [
                      {
                        "os_short_name": "debian",
                        "os_version": "10"
                      },
                      {
                        "os_short_name": "debian",
                        "os_version": "11"
                      },
                      {
                        "os_short_name": "debian",
                        "os_version": "12"
                      },
                      {
                        "os_short_name": "rocky",
                        "os_version": "8.*"
                      },
                      {
                        "os_short_name": "rocky",
                        "os_version": "9.*"
                      },
                      {
                        "os_short_name": "ubuntu",
                        "os_version": "20.04"
                      },
                      {
                        "os_short_name": "ubuntu",
                        "os_version": "22.04"
                      }
                    ],
                    "resources": [
                      {
                        "exec": [
                          {
                            "enforce": [
                              {
                                "args": [],
                                "file": [],
                                "interpreter": "SHELL",
                                "output_file_path": "",
                                "script": "if grep -v '#' /etc/ssh/sshd_config | grep -q 'Port'; then\n  sed 's/Port/#Port/g' /etc/ssh/sshd_config | sudo tee /etc/ssh/.sshd_config\n  sudo mv /etc/ssh/.sshd_config /etc/ssh/sshd_config\nfi\nif ! grep -v '#' /etc/ssh/sshd_config | grep -qw 'PermitRootLogin no' ; then\n  sed '/PermitRootLogin/d' /etc/ssh/sshd_config | sudo tee /etc/ssh/.sshd_config\n  echo 'PermitRootLogin no' | sudo tee -a /etc/ssh/.sshd_config\n  sudo mv /etc/ssh/.sshd_config /etc/ssh/sshd_config\nfi\nif ! grep -v '#' /etc/ssh/sshd_config | grep -qw 'ClientAliveInterval 120' ; then\n  sed '/ClientAliveInterval/d' /etc/ssh/sshd_config | sudo tee /etc/ssh/.sshd_config\n  echo 'ClientAliveInterval 120' | sudo tee -a /etc/ssh/.sshd_config\n  sudo mv /etc/ssh/.sshd_config /etc/ssh/sshd_config\nfi\nif ! grep -v '#' /etc/ssh/sshd_config | grep -qw 'PrintMotd no' ; then\n  sed '/PrintMotd/d' /etc/ssh/sshd_config | sudo tee /etc/ssh/.sshd_config\n  echo 'PrintMotd no' | sudo tee -a /etc/ssh/.sshd_config\n  sudo mv /etc/ssh/.sshd_config /etc/ssh/sshd_config\nfi\nif ! grep -v '#' /etc/ssh/sshd_config | grep -qw 'Banner /etc/issue.net' ; then\n  sed '/Banner/d' /etc/ssh/sshd_config | sudo tee /etc/ssh/.sshd_config\n  echo 'Banner /etc/issue.net' | sudo tee -a /etc/ssh/.sshd_config\n  sudo mv /etc/ssh/.sshd_config /etc/ssh/sshd_config\nfi\nsudo systemctl restart sshd\nexit 100\n"
                              }
                            ],
                            "validate": [
                              {
                                "args": [],
                                "file": [],
                                "interpreter": "SHELL",
                                "output_file_path": "",
                                "script": "if grep -v '#' /etc/ssh/sshd_config | grep -q 'Port'; then\n  exit 101\nelif ! grep -v '#' /etc/ssh/sshd_config | grep -qw 'PermitRootLogin no' ; then\n  exit 101\nelif ! grep -v '#' /etc/ssh/sshd_config | grep -qw 'ClientAliveInterval 120' ; then\n  exit 101\nelif ! grep -v '#' /etc/ssh/sshd_config | grep -qw 'PrintMotd no' ; then\n  exit 101\nelif ! grep -v '#' /etc/ssh/sshd_config | grep -qw 'Banner /etc/issue.net' ; then\n  exit 101\nelse\n  exit 100\nfi\n"
                              }
                            ]
                          }
                        ],
                        "file": [],
                        "id": "configuration",
                        "pkg": [],
                        "repository": []
                      }
                    ]
                  }
                ]
              }
            ],
            "project": "swit-alpha",
            "reconciling": true,
            "revision_create_time": "2024-04-02T10:48:25.895447Z",
            "revision_id": "b9892f61-66b4-492a-9cd7-c86101ffd8c9",
            "rollout": [
              {
                "disruption_budget": [
                  {
                    "fixed": 0,
                    "percent": 100
                  }
                ],
                "min_wait_duration": "0s"
              }
            ],
            "rollout_state": "IN_PROGRESS",
            "skip_await_rollout": true,
            "timeouts": null,
            "uid": "17d5e10b-9418-4136-b7d3-8d08553594ac"
          },
          "sensitive_attributes": [],
          "private": "eyJlMmJmYjczMC1lY2FhLTExZTYtOGY4OC0zNDM2M2JjN2M0YzAiOnsiY3JlYXRlIjoxMjAwMDAwMDAwMDAwLCJkZWxldGUiOjEyMDAwMDAwMDAwMDAsInVwZGF0ZSI6MTIwMDAwMDAwMDAwMH19",
          "dependencies": [
            "module.os_policy.data.google_compute_zones.this",
            "module.os_policy.data.google_project.default"
          ]
        },
        {
          "index_key": "us-west1-b",
          "schema_version": 0,
          "attributes": {
            "baseline": false,
            "deleted": false,
            "description": "",
            "etag": "090a5185-c557-45a5-8ed4-345ca1de4048",
            "id": "projects/swit-alpha/locations/us-west1-b/osPolicyAssignments/us-west1-b-unx101",
            "instance_filter": [
              {
                "all": false,
                "exclusion_labels": [
                  {
                    "labels": {
                      "goog-gke-node": ""
                    }
                  },
                  {
                    "labels": {
                      "nat": ""
                    }
                  },
                  {
                    "labels": {
                      "serverless-vpc-access": "swit-alpha-serverless-uw1"
                    }
                  }
                ],
                "inclusion_labels": [],
                "inventories": []
              }
            ],
            "location": "us-west1-b",
            "name": "us-west1-b-unx101",
            "os_policies": [
              {
                "allow_no_resource_group_match": false,
                "description": "",
                "id": "unx101",
                "mode": "ENFORCEMENT",
                "resource_groups": [
                  {
                    "inventory_filters": [
                      {
                        "os_short_name": "debian",
                        "os_version": "10"
                      },
                      {
                        "os_short_name": "debian",
                        "os_version": "11"
                      },
                      {
                        "os_short_name": "debian",
                        "os_version": "12"
                      },
                      {
                        "os_short_name": "rocky",
                        "os_version": "8.*"
                      },
                      {
                        "os_short_name": "rocky",
                        "os_version": "9.*"
                      },
                      {
                        "os_short_name": "ubuntu",
                        "os_version": "20.04"
                      },
                      {
                        "os_short_name": "ubuntu",
                        "os_version": "22.04"
                      }
                    ],
                    "resources": [
                      {
                        "exec": [
                          {
                            "enforce": [
                              {
                                "args": [],
                                "file": [],
                                "interpreter": "SHELL",
                                "output_file_path": "",
                                "script": "if grep -v '#' /etc/ssh/sshd_config | grep -q 'Port'; then\n  sed 's/Port/#Port/g' /etc/ssh/sshd_config | sudo tee /etc/ssh/.sshd_config\n  sudo mv /etc/ssh/.sshd_config /etc/ssh/sshd_config\nfi\nif ! grep -v '#' /etc/ssh/sshd_config | grep -qw 'PermitRootLogin no' ; then\n  sed '/PermitRootLogin/d' /etc/ssh/sshd_config | sudo tee /etc/ssh/.sshd_config\n  echo 'PermitRootLogin no' | sudo tee -a /etc/ssh/.sshd_config\n  sudo mv /etc/ssh/.sshd_config /etc/ssh/sshd_config\nfi\nif ! grep -v '#' /etc/ssh/sshd_config | grep -qw 'ClientAliveInterval 120' ; then\n  sed '/ClientAliveInterval/d' /etc/ssh/sshd_config | sudo tee /etc/ssh/.sshd_config\n  echo 'ClientAliveInterval 120' | sudo tee -a /etc/ssh/.sshd_config\n  sudo mv /etc/ssh/.sshd_config /etc/ssh/sshd_config\nfi\nif ! grep -v '#' /etc/ssh/sshd_config | grep -qw 'PrintMotd no' ; then\n  sed '/PrintMotd/d' /etc/ssh/sshd_config | sudo tee /etc/ssh/.sshd_config\n  echo 'PrintMotd no' | sudo tee -a /etc/ssh/.sshd_config\n  sudo mv /etc/ssh/.sshd_config /etc/ssh/sshd_config\nfi\nif ! grep -v '#' /etc/ssh/sshd_config | grep -qw 'Banner /etc/issue.net' ; then\n  sed '/Banner/d' /etc/ssh/sshd_config | sudo tee /etc/ssh/.sshd_config\n  echo 'Banner /etc/issue.net' | sudo tee -a /etc/ssh/.sshd_config\n  sudo mv /etc/ssh/.sshd_config /etc/ssh/sshd_config\nfi\nsudo systemctl restart sshd\nexit 100\n"
                              }
                            ],
                            "validate": [
                              {
                                "args": [],
                                "file": [],
                                "interpreter": "SHELL",
                                "output_file_path": "",
                                "script": "if grep -v '#' /etc/ssh/sshd_config | grep -q 'Port'; then\n  exit 101\nelif ! grep -v '#' /etc/ssh/sshd_config | grep -qw 'PermitRootLogin no' ; then\n  exit 101\nelif ! grep -v '#' /etc/ssh/sshd_config | grep -qw 'ClientAliveInterval 120' ; then\n  exit 101\nelif ! grep -v '#' /etc/ssh/sshd_config | grep -qw 'PrintMotd no' ; then\n  exit 101\nelif ! grep -v '#' /etc/ssh/sshd_config | grep -qw 'Banner /etc/issue.net' ; then\n  exit 101\nelse\n  exit 100\nfi\n"
                              }
                            ]
                          }
                        ],
                        "file": [],
                        "id": "configuration",
                        "pkg": [],
                        "repository": []
                      }
                    ]
                  }
                ]
              }
            ],
            "project": "swit-alpha",
            "reconciling": true,
            "revision_create_time": "2024-04-02T10:48:26.724522Z",
            "revision_id": "c142f106-d4f1-4181-81f0-bfd306db8aad",
            "rollout": [
              {
                "disruption_budget": [
                  {
                    "fixed": 0,
                    "percent": 100
                  }
                ],
                "min_wait_duration": "0s"
              }
            ],
            "rollout_state": "IN_PROGRESS",
            "skip_await_rollout": true,
            "timeouts": null,
            "uid": "0a694a10-38d5-44ec-ad19-d39e93ded07d"
          },
          "sensitive_attributes": [],
          "private": "eyJlMmJmYjczMC1lY2FhLTExZTYtOGY4OC0zNDM2M2JjN2M0YzAiOnsiY3JlYXRlIjoxMjAwMDAwMDAwMDAwLCJkZWxldGUiOjEyMDAwMDAwMDAwMDAsInVwZGF0ZSI6MTIwMDAwMDAwMDAwMH19",
          "dependencies": [
            "module.os_policy.data.google_compute_zones.this",
            "module.os_policy.data.google_project.default"
          ]
        },
        {
          "index_key": "us-west1-c",
          "schema_version": 0,
          "attributes": {
            "baseline": false,
            "deleted": false,
            "description": "",
            "etag": "0508de20-c2d2-4246-9878-39dc27b30f04",
            "id": "projects/swit-alpha/locations/us-west1-c/osPolicyAssignments/us-west1-c-unx101",
            "instance_filter": [
              {
                "all": false,
                "exclusion_labels": [
                  {
                    "labels": {
                      "goog-gke-node": ""
                    }
                  },
                  {
                    "labels": {
                      "nat": ""
                    }
                  },
                  {
                    "labels": {
                      "serverless-vpc-access": "swit-alpha-serverless-uw1"
                    }
                  }
                ],
                "inclusion_labels": [],
                "inventories": []
              }
            ],
            "location": "us-west1-c",
            "name": "us-west1-c-unx101",
            "os_policies": [
              {
                "allow_no_resource_group_match": false,
                "description": "",
                "id": "unx101",
                "mode": "ENFORCEMENT",
                "resource_groups": [
                  {
                    "inventory_filters": [
                      {
                        "os_short_name": "debian",
                        "os_version": "10"
                      },
                      {
                        "os_short_name": "debian",
                        "os_version": "11"
                      },
                      {
                        "os_short_name": "debian",
                        "os_version": "12"
                      },
                      {
                        "os_short_name": "rocky",
                        "os_version": "8.*"
                      },
                      {
                        "os_short_name": "rocky",
                        "os_version": "9.*"
                      },
                      {
                        "os_short_name": "ubuntu",
                        "os_version": "20.04"
                      },
                      {
                        "os_short_name": "ubuntu",
                        "os_version": "22.04"
                      }
                    ],
                    "resources": [
                      {
                        "exec": [
                          {
                            "enforce": [
                              {
                                "args": [],
                                "file": [],
                                "interpreter": "SHELL",
                                "output_file_path": "",
                                "script": "if grep -v '#' /etc/ssh/sshd_config | grep -q 'Port'; then\n  sed 's/Port/#Port/g' /etc/ssh/sshd_config | sudo tee /etc/ssh/.sshd_config\n  sudo mv /etc/ssh/.sshd_config /etc/ssh/sshd_config\nfi\nif ! grep -v '#' /etc/ssh/sshd_config | grep -qw 'PermitRootLogin no' ; then\n  sed '/PermitRootLogin/d' /etc/ssh/sshd_config | sudo tee /etc/ssh/.sshd_config\n  echo 'PermitRootLogin no' | sudo tee -a /etc/ssh/.sshd_config\n  sudo mv /etc/ssh/.sshd_config /etc/ssh/sshd_config\nfi\nif ! grep -v '#' /etc/ssh/sshd_config | grep -qw 'ClientAliveInterval 120' ; then\n  sed '/ClientAliveInterval/d' /etc/ssh/sshd_config | sudo tee /etc/ssh/.sshd_config\n  echo 'ClientAliveInterval 120' | sudo tee -a /etc/ssh/.sshd_config\n  sudo mv /etc/ssh/.sshd_config /etc/ssh/sshd_config\nfi\nif ! grep -v '#' /etc/ssh/sshd_config | grep -qw 'PrintMotd no' ; then\n  sed '/PrintMotd/d' /etc/ssh/sshd_config | sudo tee /etc/ssh/.sshd_config\n  echo 'PrintMotd no' | sudo tee -a /etc/ssh/.sshd_config\n  sudo mv /etc/ssh/.sshd_config /etc/ssh/sshd_config\nfi\nif ! grep -v '#' /etc/ssh/sshd_config | grep -qw 'Banner /etc/issue.net' ; then\n  sed '/Banner/d' /etc/ssh/sshd_config | sudo tee /etc/ssh/.sshd_config\n  echo 'Banner /etc/issue.net' | sudo tee -a /etc/ssh/.sshd_config\n  sudo mv /etc/ssh/.sshd_config /etc/ssh/sshd_config\nfi\nsudo systemctl restart sshd\nexit 100\n"
                              }
                            ],
                            "validate": [
                              {
                                "args": [],
                                "file": [],
                                "interpreter": "SHELL",
                                "output_file_path": "",
                                "script": "if grep -v '#' /etc/ssh/sshd_config | grep -q 'Port'; then\n  exit 101\nelif ! grep -v '#' /etc/ssh/sshd_config | grep -qw 'PermitRootLogin no' ; then\n  exit 101\nelif ! grep -v '#' /etc/ssh/sshd_config | grep -qw 'ClientAliveInterval 120' ; then\n  exit 101\nelif ! grep -v '#' /etc/ssh/sshd_config | grep -qw 'PrintMotd no' ; then\n  exit 101\nelif ! grep -v '#' /etc/ssh/sshd_config | grep -qw 'Banner /etc/issue.net' ; then\n  exit 101\nelse\n  exit 100\nfi\n"
                              }
                            ]
                          }
                        ],
                        "file": [],
                        "id": "configuration",
                        "pkg": [],
                        "repository": []
                      }
                    ]
                  }
                ]
              }
            ],
            "project": "swit-alpha",
            "reconciling": true,
            "revision_create_time": "2024-04-02T10:48:26.397504Z",
            "revision_id": "580ec7e0-4cf1-4b22-9360-dd3e99020201",
            "rollout": [
              {
                "disruption_budget": [
                  {
                    "fixed": 0,
                    "percent": 100
                  }
                ],
                "min_wait_duration": "0s"
              }
            ],
            "rollout_state": "IN_PROGRESS",
            "skip_await_rollout": true,
            "timeouts": null,
            "uid": "bb16b42a-cc94-4c9a-998c-96f6d5a21fcb"
          },
          "sensitive_attributes": [],
          "private": "eyJlMmJmYjczMC1lY2FhLTExZTYtOGY4OC0zNDM2M2JjN2M0YzAiOnsiY3JlYXRlIjoxMjAwMDAwMDAwMDAwLCJkZWxldGUiOjEyMDAwMDAwMDAwMDAsInVwZGF0ZSI6MTIwMDAwMDAwMDAwMH19",
          "dependencies": [
            "module.os_policy.data.google_compute_zones.this",
            "module.os_policy.data.google_project.default"
          ]
        }
      ]
    },
    {
      "module": "module.os_policy",
      "mode": "managed",
      "type": "google_os_config_os_policy_assignment",
      "name": "unx105",
      "provider": "provider[\"registry.terraform.io/hashicorp/google\"]",
      "instances": [
        {
          "index_key": "asia-northeast3-a",
          "schema_version": 0,
          "attributes": {
            "baseline": false,
            "deleted": false,
            "description": "",
            "etag": "cb4adc20-eed5-4dbf-8682-072bdf2a2e10",
            "id": "projects/swit-alpha/locations/asia-northeast3-a/osPolicyAssignments/asia-northeast3-a-unx105",
            "instance_filter": [
              {
                "all": false,
                "exclusion_labels": [
                  {
                    "labels": {
                      "goog-gke-node": ""
                    }
                  },
                  {
                    "labels": {
                      "nat": ""
                    }
                  },
                  {
                    "labels": {
                      "serverless-vpc-access": "swit-alpha-serverless-uw1"
                    }
                  }
                ],
                "inclusion_labels": [],
                "inventories": []
              }
            ],
            "location": "asia-northeast3-a",
            "name": "asia-northeast3-a-unx105",
            "os_policies": [
              {
                "allow_no_resource_group_match": false,
                "description": "",
                "id": "unx105",
                "mode": "ENFORCEMENT",
                "resource_groups": [
                  {
                    "inventory_filters": [
                      {
                        "os_short_name": "debian",
                        "os_version": "10"
                      },
                      {
                        "os_short_name": "debian",
                        "os_version": "11"
                      },
                      {
                        "os_short_name": "debian",
                        "os_version": "12"
                      },
                      {
                        "os_short_name": "rocky",
                        "os_version": "8.*"
                      },
                      {
                        "os_short_name": "rocky",
                        "os_version": "9.*"
                      },
                      {
                        "os_short_name": "ubuntu",
                        "os_version": "20.04"
                      },
                      {
                        "os_short_name": "ubuntu",
                        "os_version": "22.04"
                      }
                    ],
                    "resources": [
                      {
                        "exec": [
                          {
                            "enforce": [
                              {
                                "args": [],
                                "file": [],
                                "interpreter": "SHELL",
                                "output_file_path": "",
                                "script": "if ! sudo grep -q 'wheel' /etc/group ; then\n  sudo addgroup --system wheel\nfi\nsudo chown root:wheel /bin/su\nsudo chmod 4750 /bin/su\nexit 100\n"
                              }
                            ],
                            "validate": [
                              {
                                "args": [],
                                "file": [],
                                "interpreter": "SHELL",
                                "output_file_path": "",
                                "script": "if ! sudo stat -c %a /bin/su | grep -qw 4750 ; then\n  exit 101\nelif ! sudo stat -c %U /bin/su | grep -qw root ; then\n  exit 101\nelif ! sudo stat -c %G /bin/su | grep -qw wheel ; then\n  exit 101\nelse\n  exit 100\nfi\n"
                              }
                            ]
                          }
                        ],
                        "file": [],
                        "id": "configuration",
                        "pkg": [],
                        "repository": []
                      }
                    ]
                  }
                ]
              }
            ],
            "project": "swit-alpha",
            "reconciling": true,
            "revision_create_time": "2024-04-02T10:48:31.140763Z",
            "revision_id": "9d50af01-873d-4f89-97da-0dbc16fe7d68",
            "rollout": [
              {
                "disruption_budget": [
                  {
                    "fixed": 0,
                    "percent": 100
                  }
                ],
                "min_wait_duration": "0s"
              }
            ],
            "rollout_state": "IN_PROGRESS",
            "skip_await_rollout": true,
            "timeouts": null,
            "uid": "bf9e2085-9c72-43b7-bb12-5860bb538243"
          },
          "sensitive_attributes": [],
          "private": "eyJlMmJmYjczMC1lY2FhLTExZTYtOGY4OC0zNDM2M2JjN2M0YzAiOnsiY3JlYXRlIjoxMjAwMDAwMDAwMDAwLCJkZWxldGUiOjEyMDAwMDAwMDAwMDAsInVwZGF0ZSI6MTIwMDAwMDAwMDAwMH19",
          "dependencies": [
            "module.os_policy.data.google_compute_zones.this",
            "module.os_policy.data.google_project.default"
          ]
        },
        {
          "index_key": "asia-northeast3-b",
          "schema_version": 0,
          "attributes": {
            "baseline": false,
            "deleted": false,
            "description": "",
            "etag": "57b2aec3-9492-460f-94fc-020c59f2f676",
            "id": "projects/swit-alpha/locations/asia-northeast3-b/osPolicyAssignments/asia-northeast3-b-unx105",
            "instance_filter": [
              {
                "all": false,
                "exclusion_labels": [
                  {
                    "labels": {
                      "goog-gke-node": ""
                    }
                  },
                  {
                    "labels": {
                      "nat": ""
                    }
                  },
                  {
                    "labels": {
                      "serverless-vpc-access": "swit-alpha-serverless-uw1"
                    }
                  }
                ],
                "inclusion_labels": [],
                "inventories": []
              }
            ],
            "location": "asia-northeast3-b",
            "name": "asia-northeast3-b-unx105",
            "os_policies": [
              {
                "allow_no_resource_group_match": false,
                "description": "",
                "id": "unx105",
                "mode": "ENFORCEMENT",
                "resource_groups": [
                  {
                    "inventory_filters": [
                      {
                        "os_short_name": "debian",
                        "os_version": "10"
                      },
                      {
                        "os_short_name": "debian",
                        "os_version": "11"
                      },
                      {
                        "os_short_name": "debian",
                        "os_version": "12"
                      },
                      {
                        "os_short_name": "rocky",
                        "os_version": "8.*"
                      },
                      {
                        "os_short_name": "rocky",
                        "os_version": "9.*"
                      },
                      {
                        "os_short_name": "ubuntu",
                        "os_version": "20.04"
                      },
                      {
                        "os_short_name": "ubuntu",
                        "os_version": "22.04"
                      }
                    ],
                    "resources": [
                      {
                        "exec": [
                          {
                            "enforce": [
                              {
                                "args": [],
                                "file": [],
                                "interpreter": "SHELL",
                                "output_file_path": "",
                                "script": "if ! sudo grep -q 'wheel' /etc/group ; then\n  sudo addgroup --system wheel\nfi\nsudo chown root:wheel /bin/su\nsudo chmod 4750 /bin/su\nexit 100\n"
                              }
                            ],
                            "validate": [
                              {
                                "args": [],
                                "file": [],
                                "interpreter": "SHELL",
                                "output_file_path": "",
                                "script": "if ! sudo stat -c %a /bin/su | grep -qw 4750 ; then\n  exit 101\nelif ! sudo stat -c %U /bin/su | grep -qw root ; then\n  exit 101\nelif ! sudo stat -c %G /bin/su | grep -qw wheel ; then\n  exit 101\nelse\n  exit 100\nfi\n"
                              }
                            ]
                          }
                        ],
                        "file": [],
                        "id": "configuration",
                        "pkg": [],
                        "repository": []
                      }
                    ]
                  }
                ]
              }
            ],
            "project": "swit-alpha",
            "reconciling": true,
            "revision_create_time": "2024-04-02T10:48:31.279156Z",
            "revision_id": "af9ae001-65fa-4ab3-8563-0e242e3e43b4",
            "rollout": [
              {
                "disruption_budget": [
                  {
                    "fixed": 0,
                    "percent": 100
                  }
                ],
                "min_wait_duration": "0s"
              }
            ],
            "rollout_state": "IN_PROGRESS",
            "skip_await_rollout": true,
            "timeouts": null,
            "uid": "27d89261-e2ce-49a7-8901-0ffffe8032d3"
          },
          "sensitive_attributes": [],
          "private": "eyJlMmJmYjczMC1lY2FhLTExZTYtOGY4OC0zNDM2M2JjN2M0YzAiOnsiY3JlYXRlIjoxMjAwMDAwMDAwMDAwLCJkZWxldGUiOjEyMDAwMDAwMDAwMDAsInVwZGF0ZSI6MTIwMDAwMDAwMDAwMH19",
          "dependencies": [
            "module.os_policy.data.google_compute_zones.this",
            "module.os_policy.data.google_project.default"
          ]
        },
        {
          "index_key": "asia-northeast3-c",
          "schema_version": 0,
          "attributes": {
            "baseline": false,
            "deleted": false,
            "description": "",
            "etag": "7ac6903d-3051-4c6d-af12-4561051ef341",
            "id": "projects/swit-alpha/locations/asia-northeast3-c/osPolicyAssignments/asia-northeast3-c-unx105",
            "instance_filter": [
              {
                "all": false,
                "exclusion_labels": [
                  {
                    "labels": {
                      "goog-gke-node": ""
                    }
                  },
                  {
                    "labels": {
                      "nat": ""
                    }
                  },
                  {
                    "labels": {
                      "serverless-vpc-access": "swit-alpha-serverless-uw1"
                    }
                  }
                ],
                "inclusion_labels": [],
                "inventories": []
              }
            ],
            "location": "asia-northeast3-c",
            "name": "asia-northeast3-c-unx105",
            "os_policies": [
              {
                "allow_no_resource_group_match": false,
                "description": "",
                "id": "unx105",
                "mode": "ENFORCEMENT",
                "resource_groups": [
                  {
                    "inventory_filters": [
                      {
                        "os_short_name": "debian",
                        "os_version": "10"
                      },
                      {
                        "os_short_name": "debian",
                        "os_version": "11"
                      },
                      {
                        "os_short_name": "debian",
                        "os_version": "12"
                      },
                      {
                        "os_short_name": "rocky",
                        "os_version": "8.*"
                      },
                      {
                        "os_short_name": "rocky",
                        "os_version": "9.*"
                      },
                      {
                        "os_short_name": "ubuntu",
                        "os_version": "20.04"
                      },
                      {
                        "os_short_name": "ubuntu",
                        "os_version": "22.04"
                      }
                    ],
                    "resources": [
                      {
                        "exec": [
                          {
                            "enforce": [
                              {
                                "args": [],
                                "file": [],
                                "interpreter": "SHELL",
                                "output_file_path": "",
                                "script": "if ! sudo grep -q 'wheel' /etc/group ; then\n  sudo addgroup --system wheel\nfi\nsudo chown root:wheel /bin/su\nsudo chmod 4750 /bin/su\nexit 100\n"
                              }
                            ],
                            "validate": [
                              {
                                "args": [],
                                "file": [],
                                "interpreter": "SHELL",
                                "output_file_path": "",
                                "script": "if ! sudo stat -c %a /bin/su | grep -qw 4750 ; then\n  exit 101\nelif ! sudo stat -c %U /bin/su | grep -qw root ; then\n  exit 101\nelif ! sudo stat -c %G /bin/su | grep -qw wheel ; then\n  exit 101\nelse\n  exit 100\nfi\n"
                              }
                            ]
                          }
                        ],
                        "file": [],
                        "id": "configuration",
                        "pkg": [],
                        "repository": []
                      }
                    ]
                  }
                ]
              }
            ],
            "project": "swit-alpha",
            "reconciling": true,
            "revision_create_time": "2024-04-02T10:48:30.879331Z",
            "revision_id": "191ebe29-9ec5-4619-a97f-f9f8aa866540",
            "rollout": [
              {
                "disruption_budget": [
                  {
                    "fixed": 0,
                    "percent": 100
                  }
                ],
                "min_wait_duration": "0s"
              }
            ],
            "rollout_state": "IN_PROGRESS",
            "skip_await_rollout": true,
            "timeouts": null,
            "uid": "95823ab2-ebf5-4e73-859a-905be83e57a5"
          },
          "sensitive_attributes": [],
          "private": "eyJlMmJmYjczMC1lY2FhLTExZTYtOGY4OC0zNDM2M2JjN2M0YzAiOnsiY3JlYXRlIjoxMjAwMDAwMDAwMDAwLCJkZWxldGUiOjEyMDAwMDAwMDAwMDAsInVwZGF0ZSI6MTIwMDAwMDAwMDAwMH19",
          "dependencies": [
            "module.os_policy.data.google_compute_zones.this",
            "module.os_policy.data.google_project.default"
          ]
        },
        {
          "index_key": "us-west1-a",
          "schema_version": 0,
          "attributes": {
            "baseline": false,
            "deleted": false,
            "description": "",
            "etag": "bff9aabf-8537-480a-b4cd-e82c7dd2d56b",
            "id": "projects/swit-alpha/locations/us-west1-a/osPolicyAssignments/us-west1-a-unx105",
            "instance_filter": [
              {
                "all": false,
                "exclusion_labels": [
                  {
                    "labels": {
                      "goog-gke-node": ""
                    }
                  },
                  {
                    "labels": {
                      "nat": ""
                    }
                  },
                  {
                    "labels": {
                      "serverless-vpc-access": "swit-alpha-serverless-uw1"
                    }
                  }
                ],
                "inclusion_labels": [],
                "inventories": []
              }
            ],
            "location": "us-west1-a",
            "name": "us-west1-a-unx105",
            "os_policies": [
              {
                "allow_no_resource_group_match": false,
                "description": "",
                "id": "unx105",
                "mode": "ENFORCEMENT",
                "resource_groups": [
                  {
                    "inventory_filters": [
                      {
                        "os_short_name": "debian",
                        "os_version": "10"
                      },
                      {
                        "os_short_name": "debian",
                        "os_version": "11"
                      },
                      {
                        "os_short_name": "debian",
                        "os_version": "12"
                      },
                      {
                        "os_short_name": "rocky",
                        "os_version": "8.*"
                      },
                      {
                        "os_short_name": "rocky",
                        "os_version": "9.*"
                      },
                      {
                        "os_short_name": "ubuntu",
                        "os_version": "20.04"
                      },
                      {
                        "os_short_name": "ubuntu",
                        "os_version": "22.04"
                      }
                    ],
                    "resources": [
                      {
                        "exec": [
                          {
                            "enforce": [
                              {
                                "args": [],
                                "file": [],
                                "interpreter": "SHELL",
                                "output_file_path": "",
                                "script": "if ! sudo grep -q 'wheel' /etc/group ; then\n  sudo addgroup --system wheel\nfi\nsudo chown root:wheel /bin/su\nsudo chmod 4750 /bin/su\nexit 100\n"
                              }
                            ],
                            "validate": [
                              {
                                "args": [],
                                "file": [],
                                "interpreter": "SHELL",
                                "output_file_path": "",
                                "script": "if ! sudo stat -c %a /bin/su | grep -qw 4750 ; then\n  exit 101\nelif ! sudo stat -c %U /bin/su | grep -qw root ; then\n  exit 101\nelif ! sudo stat -c %G /bin/su | grep -qw wheel ; then\n  exit 101\nelse\n  exit 100\nfi\n"
                              }
                            ]
                          }
                        ],
                        "file": [],
                        "id": "configuration",
                        "pkg": [],
                        "repository": []
                      }
                    ]
                  }
                ]
              }
            ],
            "project": "swit-alpha",
            "reconciling": true,
            "revision_create_time": "2024-04-02T10:48:31.678447Z",
            "revision_id": "7e56ec85-8736-4a0d-8186-9042c2dd3817",
            "rollout": [
              {
                "disruption_budget": [
                  {
                    "fixed": 0,
                    "percent": 100
                  }
                ],
                "min_wait_duration": "0s"
              }
            ],
            "rollout_state": "IN_PROGRESS",
            "skip_await_rollout": true,
            "timeouts": null,
            "uid": "36763f22-e685-4085-b937-2512eb867afe"
          },
          "sensitive_attributes": [],
          "private": "eyJlMmJmYjczMC1lY2FhLTExZTYtOGY4OC0zNDM2M2JjN2M0YzAiOnsiY3JlYXRlIjoxMjAwMDAwMDAwMDAwLCJkZWxldGUiOjEyMDAwMDAwMDAwMDAsInVwZGF0ZSI6MTIwMDAwMDAwMDAwMH19",
          "dependencies": [
            "module.os_policy.data.google_compute_zones.this",
            "module.os_policy.data.google_project.default"
          ]
        },
        {
          "index_key": "us-west1-b",
          "schema_version": 0,
          "attributes": {
            "baseline": false,
            "deleted": false,
            "description": "",
            "etag": "45e8bbd3-ecb3-4d17-961d-b5ef20363048",
            "id": "projects/swit-alpha/locations/us-west1-b/osPolicyAssignments/us-west1-b-unx105",
            "instance_filter": [
              {
                "all": false,
                "exclusion_labels": [
                  {
                    "labels": {
                      "goog-gke-node": ""
                    }
                  },
                  {
                    "labels": {
                      "nat": ""
                    }
                  },
                  {
                    "labels": {
                      "serverless-vpc-access": "swit-alpha-serverless-uw1"
                    }
                  }
                ],
                "inclusion_labels": [],
                "inventories": []
              }
            ],
            "location": "us-west1-b",
            "name": "us-west1-b-unx105",
            "os_policies": [
              {
                "allow_no_resource_group_match": false,
                "description": "",
                "id": "unx105",
                "mode": "ENFORCEMENT",
                "resource_groups": [
                  {
                    "inventory_filters": [
                      {
                        "os_short_name": "debian",
                        "os_version": "10"
                      },
                      {
                        "os_short_name": "debian",
                        "os_version": "11"
                      },
                      {
                        "os_short_name": "debian",
                        "os_version": "12"
                      },
                      {
                        "os_short_name": "rocky",
                        "os_version": "8.*"
                      },
                      {
                        "os_short_name": "rocky",
                        "os_version": "9.*"
                      },
                      {
                        "os_short_name": "ubuntu",
                        "os_version": "20.04"
                      },
                      {
                        "os_short_name": "ubuntu",
                        "os_version": "22.04"
                      }
                    ],
                    "resources": [
                      {
                        "exec": [
                          {
                            "enforce": [
                              {
                                "args": [],
                                "file": [],
                                "interpreter": "SHELL",
                                "output_file_path": "",
                                "script": "if ! sudo grep -q 'wheel' /etc/group ; then\n  sudo addgroup --system wheel\nfi\nsudo chown root:wheel /bin/su\nsudo chmod 4750 /bin/su\nexit 100\n"
                              }
                            ],
                            "validate": [
                              {
                                "args": [],
                                "file": [],
                                "interpreter": "SHELL",
                                "output_file_path": "",
                                "script": "if ! sudo stat -c %a /bin/su | grep -qw 4750 ; then\n  exit 101\nelif ! sudo stat -c %U /bin/su | grep -qw root ; then\n  exit 101\nelif ! sudo stat -c %G /bin/su | grep -qw wheel ; then\n  exit 101\nelse\n  exit 100\nfi\n"
                              }
                            ]
                          }
                        ],
                        "file": [],
                        "id": "configuration",
                        "pkg": [],
                        "repository": []
                      }
                    ]
                  }
                ]
              }
            ],
            "project": "swit-alpha",
            "reconciling": true,
            "revision_create_time": "2024-04-02T10:48:31.771421Z",
            "revision_id": "5892f00d-5961-49f9-8b02-2f19a0752a19",
            "rollout": [
              {
                "disruption_budget": [
                  {
                    "fixed": 0,
                    "percent": 100
                  }
                ],
                "min_wait_duration": "0s"
              }
            ],
            "rollout_state": "IN_PROGRESS",
            "skip_await_rollout": true,
            "timeouts": null,
            "uid": "95d80471-42ab-419a-ab65-93a2a9749d6d"
          },
          "sensitive_attributes": [],
          "private": "eyJlMmJmYjczMC1lY2FhLTExZTYtOGY4OC0zNDM2M2JjN2M0YzAiOnsiY3JlYXRlIjoxMjAwMDAwMDAwMDAwLCJkZWxldGUiOjEyMDAwMDAwMDAwMDAsInVwZGF0ZSI6MTIwMDAwMDAwMDAwMH19",
          "dependencies": [
            "module.os_policy.data.google_compute_zones.this",
            "module.os_policy.data.google_project.default"
          ]
        },
        {
          "index_key": "us-west1-c",
          "schema_version": 0,
          "attributes": {
            "baseline": false,
            "deleted": false,
            "description": "",
            "etag": "32dc96d3-0fa7-4a89-91f5-496d01ef9d78",
            "id": "projects/swit-alpha/locations/us-west1-c/osPolicyAssignments/us-west1-c-unx105",
            "instance_filter": [
              {
                "all": false,
                "exclusion_labels": [
                  {
                    "labels": {
                      "goog-gke-node": ""
                    }
                  },
                  {
                    "labels": {
                      "nat": ""
                    }
                  },
                  {
                    "labels": {
                      "serverless-vpc-access": "swit-alpha-serverless-uw1"
                    }
                  }
                ],
                "inclusion_labels": [],
                "inventories": []
              }
            ],
            "location": "us-west1-c",
            "name": "us-west1-c-unx105",
            "os_policies": [
              {
                "allow_no_resource_group_match": false,
                "description": "",
                "id": "unx105",
                "mode": "ENFORCEMENT",
                "resource_groups": [
                  {
                    "inventory_filters": [
                      {
                        "os_short_name": "debian",
                        "os_version": "10"
                      },
                      {
                        "os_short_name": "debian",
                        "os_version": "11"
                      },
                      {
                        "os_short_name": "debian",
                        "os_version": "12"
                      },
                      {
                        "os_short_name": "rocky",
                        "os_version": "8.*"
                      },
                      {
                        "os_short_name": "rocky",
                        "os_version": "9.*"
                      },
                      {
                        "os_short_name": "ubuntu",
                        "os_version": "20.04"
                      },
                      {
                        "os_short_name": "ubuntu",
                        "os_version": "22.04"
                      }
                    ],
                    "resources": [
                      {
                        "exec": [
                          {
                            "enforce": [
                              {
                                "args": [],
                                "file": [],
                                "interpreter": "SHELL",
                                "output_file_path": "",
                                "script": "if ! sudo grep -q 'wheel' /etc/group ; then\n  sudo addgroup --system wheel\nfi\nsudo chown root:wheel /bin/su\nsudo chmod 4750 /bin/su\nexit 100\n"
                              }
                            ],
                            "validate": [
                              {
                                "args": [],
                                "file": [],
                                "interpreter": "SHELL",
                                "output_file_path": "",
                                "script": "if ! sudo stat -c %a /bin/su | grep -qw 4750 ; then\n  exit 101\nelif ! sudo stat -c %U /bin/su | grep -qw root ; then\n  exit 101\nelif ! sudo stat -c %G /bin/su | grep -qw wheel ; then\n  exit 101\nelse\n  exit 100\nfi\n"
                              }
                            ]
                          }
                        ],
                        "file": [],
                        "id": "configuration",
                        "pkg": [],
                        "repository": []
                      }
                    ]
                  }
                ]
              }
            ],
            "project": "swit-alpha",
            "reconciling": true,
            "revision_create_time": "2024-04-02T10:48:31.140613Z",
            "revision_id": "8c173feb-3536-40c4-8f55-ac7753b64724",
            "rollout": [
              {
                "disruption_budget": [
                  {
                    "fixed": 0,
                    "percent": 100
                  }
                ],
                "min_wait_duration": "0s"
              }
            ],
            "rollout_state": "IN_PROGRESS",
            "skip_await_rollout": true,
            "timeouts": null,
            "uid": "8dfde9bf-b9bc-4e4b-8f40-5e7ca0734f2c"
          },
          "sensitive_attributes": [],
          "private": "eyJlMmJmYjczMC1lY2FhLTExZTYtOGY4OC0zNDM2M2JjN2M0YzAiOnsiY3JlYXRlIjoxMjAwMDAwMDAwMDAwLCJkZWxldGUiOjEyMDAwMDAwMDAwMDAsInVwZGF0ZSI6MTIwMDAwMDAwMDAwMH19",
          "dependencies": [
            "module.os_policy.data.google_compute_zones.this",
            "module.os_policy.data.google_project.default"
          ]
        }
      ]
    },
    {
      "module": "module.os_policy",
      "mode": "managed",
      "type": "google_os_config_os_policy_assignment",
      "name": "unx109",
      "provider": "provider[\"registry.terraform.io/hashicorp/google\"]",
      "instances": [
        {
          "index_key": "asia-northeast3-a",
          "schema_version": 0,
          "attributes": {
            "baseline": false,
            "deleted": false,
            "description": "",
            "etag": "0946ab77-22f7-4c4e-8deb-7d08a2875a4a",
            "id": "projects/swit-alpha/locations/asia-northeast3-a/osPolicyAssignments/asia-northeast3-a-unx109",
            "instance_filter": [
              {
                "all": false,
                "exclusion_labels": [
                  {
                    "labels": {
                      "goog-gke-node": ""
                    }
                  },
                  {
                    "labels": {
                      "nat": ""
                    }
                  },
                  {
                    "labels": {
                      "serverless-vpc-access": "swit-alpha-serverless-uw1"
                    }
                  }
                ],
                "inclusion_labels": [],
                "inventories": []
              }
            ],
            "location": "asia-northeast3-a",
            "name": "asia-northeast3-a-unx109",
            "os_policies": [
              {
                "allow_no_resource_group_match": false,
                "description": "",
                "id": "unx109",
                "mode": "ENFORCEMENT",
                "resource_groups": [
                  {
                    "inventory_filters": [
                      {
                        "os_short_name": "debian",
                        "os_version": "10"
                      },
                      {
                        "os_short_name": "debian",
                        "os_version": "11"
                      },
                      {
                        "os_short_name": "debian",
                        "os_version": "12"
                      },
                      {
                        "os_short_name": "rocky",
                        "os_version": "8.*"
                      },
                      {
                        "os_short_name": "rocky",
                        "os_version": "9.*"
                      },
                      {
                        "os_short_name": "ubuntu",
                        "os_version": "20.04"
                      },
                      {
                        "os_short_name": "ubuntu",
                        "os_version": "22.04"
                      }
                    ],
                    "resources": [
                      {
                        "exec": [
                          {
                            "enforce": [
                              {
                                "args": [],
                                "file": [],
                                "interpreter": "SHELL",
                                "output_file_path": "",
                                "script": "sudo sed '/userdel/d' /etc/crontab | sudo tee /etc/.crontab\necho '00 15 * * * root ls /home | while read -r USER ; do if [ -d \"/home/$USER\" ] ; then if [ \"$(find /home/$USER -mindepth 1 -maxdepth 1 ! -name \".*\" -type f | wc -l) == '0' ] ; then userdel -r \\$USER\" ; fi ; fi ; done' | sudo tee -a /etc/.crontab\nsudo mv /etc/.crontab /etc/crontab\nfor TARGET in games lp mail news uucp ; do\n  if sudo grep -q \"$TARGET\" /etc/passwd ; then\n    sudo userdel \"$TARGET\"\n  elif sudo grep -q \"$TARGET\" /etc/group ; then\n    sudo groupdel \"$TARGET\"\n  fi\ndone\nexit 100\n"
                              }
                            ],
                            "validate": [
                              {
                                "args": [],
                                "file": [],
                                "interpreter": "SHELL",
                                "output_file_path": "",
                                "script": "if ! sudo grep -v '#' /etc/crontab | grep -q 'ls /home' ; then\n  exit 101\nfi\nfor TARGET in games lp mail news uucp ; do\n  if sudo cut -f 1 -d ':' /etc/passwd | grep -q \"$TARGET\" ; then\n    exit 101\n  elif sudo cut -f 1 -d ':' /etc/group | grep -q \"$TARGET\" ; then\n    exit 101\n  fi\ndone\nexit 100\n"
                              }
                            ]
                          }
                        ],
                        "file": [],
                        "id": "configuration",
                        "pkg": [],
                        "repository": []
                      }
                    ]
                  }
                ]
              }
            ],
            "project": "swit-alpha",
            "reconciling": true,
            "revision_create_time": "2024-04-02T10:48:32.177950Z",
            "revision_id": "de784e36-3c4d-4276-90bd-df8ab02336b2",
            "rollout": [
              {
                "disruption_budget": [
                  {
                    "fixed": 0,
                    "percent": 100
                  }
                ],
                "min_wait_duration": "0s"
              }
            ],
            "rollout_state": "IN_PROGRESS",
            "skip_await_rollout": true,
            "timeouts": null,
            "uid": "96282f44-d7ba-4281-84b4-b0d77a8815bb"
          },
          "sensitive_attributes": [],
          "private": "eyJlMmJmYjczMC1lY2FhLTExZTYtOGY4OC0zNDM2M2JjN2M0YzAiOnsiY3JlYXRlIjoxMjAwMDAwMDAwMDAwLCJkZWxldGUiOjEyMDAwMDAwMDAwMDAsInVwZGF0ZSI6MTIwMDAwMDAwMDAwMH19",
          "dependencies": [
            "module.os_policy.data.google_compute_zones.this",
            "module.os_policy.data.google_project.default"
          ]
        },
        {
          "index_key": "asia-northeast3-b",
          "schema_version": 0,
          "attributes": {
            "baseline": false,
            "deleted": false,
            "description": "",
            "etag": "115c2c76-d7df-44de-b299-9bfb69fca9fe",
            "id": "projects/swit-alpha/locations/asia-northeast3-b/osPolicyAssignments/asia-northeast3-b-unx109",
            "instance_filter": [
              {
                "all": false,
                "exclusion_labels": [
                  {
                    "labels": {
                      "goog-gke-node": ""
                    }
                  },
                  {
                    "labels": {
                      "nat": ""
                    }
                  },
                  {
                    "labels": {
                      "serverless-vpc-access": "swit-alpha-serverless-uw1"
                    }
                  }
                ],
                "inclusion_labels": [],
                "inventories": []
              }
            ],
            "location": "asia-northeast3-b",
            "name": "asia-northeast3-b-unx109",
            "os_policies": [
              {
                "allow_no_resource_group_match": false,
                "description": "",
                "id": "unx109",
                "mode": "ENFORCEMENT",
                "resource_groups": [
                  {
                    "inventory_filters": [
                      {
                        "os_short_name": "debian",
                        "os_version": "10"
                      },
                      {
                        "os_short_name": "debian",
                        "os_version": "11"
                      },
                      {
                        "os_short_name": "debian",
                        "os_version": "12"
                      },
                      {
                        "os_short_name": "rocky",
                        "os_version": "8.*"
                      },
                      {
                        "os_short_name": "rocky",
                        "os_version": "9.*"
                      },
                      {
                        "os_short_name": "ubuntu",
                        "os_version": "20.04"
                      },
                      {
                        "os_short_name": "ubuntu",
                        "os_version": "22.04"
                      }
                    ],
                    "resources": [
                      {
                        "exec": [
                          {
                            "enforce": [
                              {
                                "args": [],
                                "file": [],
                                "interpreter": "SHELL",
                                "output_file_path": "",
                                "script": "sudo sed '/userdel/d' /etc/crontab | sudo tee /etc/.crontab\necho '00 15 * * * root ls /home | while read -r USER ; do if [ -d \"/home/$USER\" ] ; then if [ \"$(find /home/$USER -mindepth 1 -maxdepth 1 ! -name \".*\" -type f | wc -l) == '0' ] ; then userdel -r \\$USER\" ; fi ; fi ; done' | sudo tee -a /etc/.crontab\nsudo mv /etc/.crontab /etc/crontab\nfor TARGET in games lp mail news uucp ; do\n  if sudo grep -q \"$TARGET\" /etc/passwd ; then\n    sudo userdel \"$TARGET\"\n  elif sudo grep -q \"$TARGET\" /etc/group ; then\n    sudo groupdel \"$TARGET\"\n  fi\ndone\nexit 100\n"
                              }
                            ],
                            "validate": [
                              {
                                "args": [],
                                "file": [],
                                "interpreter": "SHELL",
                                "output_file_path": "",
                                "script": "if ! sudo grep -v '#' /etc/crontab | grep -q 'ls /home' ; then\n  exit 101\nfi\nfor TARGET in games lp mail news uucp ; do\n  if sudo cut -f 1 -d ':' /etc/passwd | grep -q \"$TARGET\" ; then\n    exit 101\n  elif sudo cut -f 1 -d ':' /etc/group | grep -q \"$TARGET\" ; then\n    exit 101\n  fi\ndone\nexit 100\n"
                              }
                            ]
                          }
                        ],
                        "file": [],
                        "id": "configuration",
                        "pkg": [],
                        "repository": []
                      }
                    ]
                  }
                ]
              }
            ],
            "project": "swit-alpha",
            "reconciling": true,
            "revision_create_time": "2024-04-02T10:48:32.407705Z",
            "revision_id": "a1ece4f5-bb00-4ce5-8ed4-c16afff17e1d",
            "rollout": [
              {
                "disruption_budget": [
                  {
                    "fixed": 0,
                    "percent": 100
                  }
                ],
                "min_wait_duration": "0s"
              }
            ],
            "rollout_state": "IN_PROGRESS",
            "skip_await_rollout": true,
            "timeouts": null,
            "uid": "5487c2f2-5d58-49f6-912a-fb6ffd51ae5b"
          },
          "sensitive_attributes": [],
          "private": "eyJlMmJmYjczMC1lY2FhLTExZTYtOGY4OC0zNDM2M2JjN2M0YzAiOnsiY3JlYXRlIjoxMjAwMDAwMDAwMDAwLCJkZWxldGUiOjEyMDAwMDAwMDAwMDAsInVwZGF0ZSI6MTIwMDAwMDAwMDAwMH19",
          "dependencies": [
            "module.os_policy.data.google_compute_zones.this",
            "module.os_policy.data.google_project.default"
          ]
        },
        {
          "index_key": "asia-northeast3-c",
          "schema_version": 0,
          "attributes": {
            "baseline": false,
            "deleted": false,
            "description": "",
            "etag": "525e3871-7d9e-48d5-84c4-618c7cd9d37f",
            "id": "projects/swit-alpha/locations/asia-northeast3-c/osPolicyAssignments/asia-northeast3-c-unx109",
            "instance_filter": [
              {
                "all": false,
                "exclusion_labels": [
                  {
                    "labels": {
                      "goog-gke-node": ""
                    }
                  },
                  {
                    "labels": {
                      "nat": ""
                    }
                  },
                  {
                    "labels": {
                      "serverless-vpc-access": "swit-alpha-serverless-uw1"
                    }
                  }
                ],
                "inclusion_labels": [],
                "inventories": []
              }
            ],
            "location": "asia-northeast3-c",
            "name": "asia-northeast3-c-unx109",
            "os_policies": [
              {
                "allow_no_resource_group_match": false,
                "description": "",
                "id": "unx109",
                "mode": "ENFORCEMENT",
                "resource_groups": [
                  {
                    "inventory_filters": [
                      {
                        "os_short_name": "debian",
                        "os_version": "10"
                      },
                      {
                        "os_short_name": "debian",
                        "os_version": "11"
                      },
                      {
                        "os_short_name": "debian",
                        "os_version": "12"
                      },
                      {
                        "os_short_name": "rocky",
                        "os_version": "8.*"
                      },
                      {
                        "os_short_name": "rocky",
                        "os_version": "9.*"
                      },
                      {
                        "os_short_name": "ubuntu",
                        "os_version": "20.04"
                      },
                      {
                        "os_short_name": "ubuntu",
                        "os_version": "22.04"
                      }
                    ],
                    "resources": [
                      {
                        "exec": [
                          {
                            "enforce": [
                              {
                                "args": [],
                                "file": [],
                                "interpreter": "SHELL",
                                "output_file_path": "",
                                "script": "sudo sed '/userdel/d' /etc/crontab | sudo tee /etc/.crontab\necho '00 15 * * * root ls /home | while read -r USER ; do if [ -d \"/home/$USER\" ] ; then if [ \"$(find /home/$USER -mindepth 1 -maxdepth 1 ! -name \".*\" -type f | wc -l) == '0' ] ; then userdel -r \\$USER\" ; fi ; fi ; done' | sudo tee -a /etc/.crontab\nsudo mv /etc/.crontab /etc/crontab\nfor TARGET in games lp mail news uucp ; do\n  if sudo grep -q \"$TARGET\" /etc/passwd ; then\n    sudo userdel \"$TARGET\"\n  elif sudo grep -q \"$TARGET\" /etc/group ; then\n    sudo groupdel \"$TARGET\"\n  fi\ndone\nexit 100\n"
                              }
                            ],
                            "validate": [
                              {
                                "args": [],
                                "file": [],
                                "interpreter": "SHELL",
                                "output_file_path": "",
                                "script": "if ! sudo grep -v '#' /etc/crontab | grep -q 'ls /home' ; then\n  exit 101\nfi\nfor TARGET in games lp mail news uucp ; do\n  if sudo cut -f 1 -d ':' /etc/passwd | grep -q \"$TARGET\" ; then\n    exit 101\n  elif sudo cut -f 1 -d ':' /etc/group | grep -q \"$TARGET\" ; then\n    exit 101\n  fi\ndone\nexit 100\n"
                              }
                            ]
                          }
                        ],
                        "file": [],
                        "id": "configuration",
                        "pkg": [],
                        "repository": []
                      }
                    ]
                  }
                ]
              }
            ],
            "project": "swit-alpha",
            "reconciling": true,
            "revision_create_time": "2024-04-02T10:48:32.992571Z",
            "revision_id": "7755f414-a224-4c47-8f16-8329609466a1",
            "rollout": [
              {
                "disruption_budget": [
                  {
                    "fixed": 0,
                    "percent": 100
                  }
                ],
                "min_wait_duration": "0s"
              }
            ],
            "rollout_state": "IN_PROGRESS",
            "skip_await_rollout": true,
            "timeouts": null,
            "uid": "39e30d44-46bf-40b1-9ca3-d98fa7682609"
          },
          "sensitive_attributes": [],
          "private": "eyJlMmJmYjczMC1lY2FhLTExZTYtOGY4OC0zNDM2M2JjN2M0YzAiOnsiY3JlYXRlIjoxMjAwMDAwMDAwMDAwLCJkZWxldGUiOjEyMDAwMDAwMDAwMDAsInVwZGF0ZSI6MTIwMDAwMDAwMDAwMH19",
          "dependencies": [
            "module.os_policy.data.google_compute_zones.this",
            "module.os_policy.data.google_project.default"
          ]
        },
        {
          "index_key": "us-west1-a",
          "schema_version": 0,
          "attributes": {
            "baseline": false,
            "deleted": false,
            "description": "",
            "etag": "d05f8014-fe8e-4d18-ab44-c827053d61f8",
            "id": "projects/swit-alpha/locations/us-west1-a/osPolicyAssignments/us-west1-a-unx109",
            "instance_filter": [
              {
                "all": false,
                "exclusion_labels": [
                  {
                    "labels": {
                      "goog-gke-node": ""
                    }
                  },
                  {
                    "labels": {
                      "nat": ""
                    }
                  },
                  {
                    "labels": {
                      "serverless-vpc-access": "swit-alpha-serverless-uw1"
                    }
                  }
                ],
                "inclusion_labels": [],
                "inventories": []
              }
            ],
            "location": "us-west1-a",
            "name": "us-west1-a-unx109",
            "os_policies": [
              {
                "allow_no_resource_group_match": false,
                "description": "",
                "id": "unx109",
                "mode": "ENFORCEMENT",
                "resource_groups": [
                  {
                    "inventory_filters": [
                      {
                        "os_short_name": "debian",
                        "os_version": "10"
                      },
                      {
                        "os_short_name": "debian",
                        "os_version": "11"
                      },
                      {
                        "os_short_name": "debian",
                        "os_version": "12"
                      },
                      {
                        "os_short_name": "rocky",
                        "os_version": "8.*"
                      },
                      {
                        "os_short_name": "rocky",
                        "os_version": "9.*"
                      },
                      {
                        "os_short_name": "ubuntu",
                        "os_version": "20.04"
                      },
                      {
                        "os_short_name": "ubuntu",
                        "os_version": "22.04"
                      }
                    ],
                    "resources": [
                      {
                        "exec": [
                          {
                            "enforce": [
                              {
                                "args": [],
                                "file": [],
                                "interpreter": "SHELL",
                                "output_file_path": "",
                                "script": "sudo sed '/userdel/d' /etc/crontab | sudo tee /etc/.crontab\necho '00 15 * * * root ls /home | while read -r USER ; do if [ -d \"/home/$USER\" ] ; then if [ \"$(find /home/$USER -mindepth 1 -maxdepth 1 ! -name \".*\" -type f | wc -l) == '0' ] ; then userdel -r \\$USER\" ; fi ; fi ; done' | sudo tee -a /etc/.crontab\nsudo mv /etc/.crontab /etc/crontab\nfor TARGET in games lp mail news uucp ; do\n  if sudo grep -q \"$TARGET\" /etc/passwd ; then\n    sudo userdel \"$TARGET\"\n  elif sudo grep -q \"$TARGET\" /etc/group ; then\n    sudo groupdel \"$TARGET\"\n  fi\ndone\nexit 100\n"
                              }
                            ],
                            "validate": [
                              {
                                "args": [],
                                "file": [],
                                "interpreter": "SHELL",
                                "output_file_path": "",
                                "script": "if ! sudo grep -v '#' /etc/crontab | grep -q 'ls /home' ; then\n  exit 101\nfi\nfor TARGET in games lp mail news uucp ; do\n  if sudo cut -f 1 -d ':' /etc/passwd | grep -q \"$TARGET\" ; then\n    exit 101\n  elif sudo cut -f 1 -d ':' /etc/group | grep -q \"$TARGET\" ; then\n    exit 101\n  fi\ndone\nexit 100\n"
                              }
                            ]
                          }
                        ],
                        "file": [],
                        "id": "configuration",
                        "pkg": [],
                        "repository": []
                      }
                    ]
                  }
                ]
              }
            ],
            "project": "swit-alpha",
            "reconciling": true,
            "revision_create_time": "2024-04-02T10:48:31.997133Z",
            "revision_id": "654066a6-76ca-4b1e-821d-0a092ead1540",
            "rollout": [
              {
                "disruption_budget": [
                  {
                    "fixed": 0,
                    "percent": 100
                  }
                ],
                "min_wait_duration": "0s"
              }
            ],
            "rollout_state": "IN_PROGRESS",
            "skip_await_rollout": true,
            "timeouts": null,
            "uid": "7fa80f42-b73c-4fa2-91e8-79678c2cbf1b"
          },
          "sensitive_attributes": [],
          "private": "eyJlMmJmYjczMC1lY2FhLTExZTYtOGY4OC0zNDM2M2JjN2M0YzAiOnsiY3JlYXRlIjoxMjAwMDAwMDAwMDAwLCJkZWxldGUiOjEyMDAwMDAwMDAwMDAsInVwZGF0ZSI6MTIwMDAwMDAwMDAwMH19",
          "dependencies": [
            "module.os_policy.data.google_compute_zones.this",
            "module.os_policy.data.google_project.default"
          ]
        },
        {
          "index_key": "us-west1-b",
          "schema_version": 0,
          "attributes": {
            "baseline": false,
            "deleted": false,
            "description": "",
            "etag": "ea2dee0f-4f9f-4922-8e1b-973014fc6ae3",
            "id": "projects/swit-alpha/locations/us-west1-b/osPolicyAssignments/us-west1-b-unx109",
            "instance_filter": [
              {
                "all": false,
                "exclusion_labels": [
                  {
                    "labels": {
                      "goog-gke-node": ""
                    }
                  },
                  {
                    "labels": {
                      "nat": ""
                    }
                  },
                  {
                    "labels": {
                      "serverless-vpc-access": "swit-alpha-serverless-uw1"
                    }
                  }
                ],
                "inclusion_labels": [],
                "inventories": []
              }
            ],
            "location": "us-west1-b",
            "name": "us-west1-b-unx109",
            "os_policies": [
              {
                "allow_no_resource_group_match": false,
                "description": "",
                "id": "unx109",
                "mode": "ENFORCEMENT",
                "resource_groups": [
                  {
                    "inventory_filters": [
                      {
                        "os_short_name": "debian",
                        "os_version": "10"
                      },
                      {
                        "os_short_name": "debian",
                        "os_version": "11"
                      },
                      {
                        "os_short_name": "debian",
                        "os_version": "12"
                      },
                      {
                        "os_short_name": "rocky",
                        "os_version": "8.*"
                      },
                      {
                        "os_short_name": "rocky",
                        "os_version": "9.*"
                      },
                      {
                        "os_short_name": "ubuntu",
                        "os_version": "20.04"
                      },
                      {
                        "os_short_name": "ubuntu",
                        "os_version": "22.04"
                      }
                    ],
                    "resources": [
                      {
                        "exec": [
                          {
                            "enforce": [
                              {
                                "args": [],
                                "file": [],
                                "interpreter": "SHELL",
                                "output_file_path": "",
                                "script": "sudo sed '/userdel/d' /etc/crontab | sudo tee /etc/.crontab\necho '00 15 * * * root ls /home | while read -r USER ; do if [ -d \"/home/$USER\" ] ; then if [ \"$(find /home/$USER -mindepth 1 -maxdepth 1 ! -name \".*\" -type f | wc -l) == '0' ] ; then userdel -r \\$USER\" ; fi ; fi ; done' | sudo tee -a /etc/.crontab\nsudo mv /etc/.crontab /etc/crontab\nfor TARGET in games lp mail news uucp ; do\n  if sudo grep -q \"$TARGET\" /etc/passwd ; then\n    sudo userdel \"$TARGET\"\n  elif sudo grep -q \"$TARGET\" /etc/group ; then\n    sudo groupdel \"$TARGET\"\n  fi\ndone\nexit 100\n"
                              }
                            ],
                            "validate": [
                              {
                                "args": [],
                                "file": [],
                                "interpreter": "SHELL",
                                "output_file_path": "",
                                "script": "if ! sudo grep -v '#' /etc/crontab | grep -q 'ls /home' ; then\n  exit 101\nfi\nfor TARGET in games lp mail news uucp ; do\n  if sudo cut -f 1 -d ':' /etc/passwd | grep -q \"$TARGET\" ; then\n    exit 101\n  elif sudo cut -f 1 -d ':' /etc/group | grep -q \"$TARGET\" ; then\n    exit 101\n  fi\ndone\nexit 100\n"
                              }
                            ]
                          }
                        ],
                        "file": [],
                        "id": "configuration",
                        "pkg": [],
                        "repository": []
                      }
                    ]
                  }
                ]
              }
            ],
            "project": "swit-alpha",
            "reconciling": true,
            "revision_create_time": "2024-04-02T10:48:32.783125Z",
            "revision_id": "0e9401b2-7e20-49e0-b601-66bea4c1c2d1",
            "rollout": [
              {
                "disruption_budget": [
                  {
                    "fixed": 0,
                    "percent": 100
                  }
                ],
                "min_wait_duration": "0s"
              }
            ],
            "rollout_state": "IN_PROGRESS",
            "skip_await_rollout": true,
            "timeouts": null,
            "uid": "d2186117-e2da-4433-b9f6-ebc28216491d"
          },
          "sensitive_attributes": [],
          "private": "eyJlMmJmYjczMC1lY2FhLTExZTYtOGY4OC0zNDM2M2JjN2M0YzAiOnsiY3JlYXRlIjoxMjAwMDAwMDAwMDAwLCJkZWxldGUiOjEyMDAwMDAwMDAwMDAsInVwZGF0ZSI6MTIwMDAwMDAwMDAwMH19",
          "dependencies": [
            "module.os_policy.data.google_compute_zones.this",
            "module.os_policy.data.google_project.default"
          ]
        },
        {
          "index_key": "us-west1-c",
          "schema_version": 0,
          "attributes": {
            "baseline": false,
            "deleted": false,
            "description": "",
            "etag": "a60cc689-8569-4d6c-a499-c364778865b6",
            "id": "projects/swit-alpha/locations/us-west1-c/osPolicyAssignments/us-west1-c-unx109",
            "instance_filter": [
              {
                "all": false,
                "exclusion_labels": [
                  {
                    "labels": {
                      "goog-gke-node": ""
                    }
                  },
                  {
                    "labels": {
                      "nat": ""
                    }
                  },
                  {
                    "labels": {
                      "serverless-vpc-access": "swit-alpha-serverless-uw1"
                    }
                  }
                ],
                "inclusion_labels": [],
                "inventories": []
              }
            ],
            "location": "us-west1-c",
            "name": "us-west1-c-unx109",
            "os_policies": [
              {
                "allow_no_resource_group_match": false,
                "description": "",
                "id": "unx109",
                "mode": "ENFORCEMENT",
                "resource_groups": [
                  {
                    "inventory_filters": [
                      {
                        "os_short_name": "debian",
                        "os_version": "10"
                      },
                      {
                        "os_short_name": "debian",
                        "os_version": "11"
                      },
                      {
                        "os_short_name": "debian",
                        "os_version": "12"
                      },
                      {
                        "os_short_name": "rocky",
                        "os_version": "8.*"
                      },
                      {
                        "os_short_name": "rocky",
                        "os_version": "9.*"
                      },
                      {
                        "os_short_name": "ubuntu",
                        "os_version": "20.04"
                      },
                      {
                        "os_short_name": "ubuntu",
                        "os_version": "22.04"
                      }
                    ],
                    "resources": [
                      {
                        "exec": [
                          {
                            "enforce": [
                              {
                                "args": [],
                                "file": [],
                                "interpreter": "SHELL",
                                "output_file_path": "",
                                "script": "sudo sed '/userdel/d' /etc/crontab | sudo tee /etc/.crontab\necho '00 15 * * * root ls /home | while read -r USER ; do if [ -d \"/home/$USER\" ] ; then if [ \"$(find /home/$USER -mindepth 1 -maxdepth 1 ! -name \".*\" -type f | wc -l) == '0' ] ; then userdel -r \\$USER\" ; fi ; fi ; done' | sudo tee -a /etc/.crontab\nsudo mv /etc/.crontab /etc/crontab\nfor TARGET in games lp mail news uucp ; do\n  if sudo grep -q \"$TARGET\" /etc/passwd ; then\n    sudo userdel \"$TARGET\"\n  elif sudo grep -q \"$TARGET\" /etc/group ; then\n    sudo groupdel \"$TARGET\"\n  fi\ndone\nexit 100\n"
                              }
                            ],
                            "validate": [
                              {
                                "args": [],
                                "file": [],
                                "interpreter": "SHELL",
                                "output_file_path": "",
                                "script": "if ! sudo grep -v '#' /etc/crontab | grep -q 'ls /home' ; then\n  exit 101\nfi\nfor TARGET in games lp mail news uucp ; do\n  if sudo cut -f 1 -d ':' /etc/passwd | grep -q \"$TARGET\" ; then\n    exit 101\n  elif sudo cut -f 1 -d ':' /etc/group | grep -q \"$TARGET\" ; then\n    exit 101\n  fi\ndone\nexit 100\n"
                              }
                            ]
                          }
                        ],
                        "file": [],
                        "id": "configuration",
                        "pkg": [],
                        "repository": []
                      }
                    ]
                  }
                ]
              }
            ],
            "project": "swit-alpha",
            "reconciling": true,
            "revision_create_time": "2024-04-02T10:48:32.599479Z",
            "revision_id": "67c9782c-fa91-41a2-9cb1-61c95c4bde04",
            "rollout": [
              {
                "disruption_budget": [
                  {
                    "fixed": 0,
                    "percent": 100
                  }
                ],
                "min_wait_duration": "0s"
              }
            ],
            "rollout_state": "IN_PROGRESS",
            "skip_await_rollout": true,
            "timeouts": null,
            "uid": "1b8a7d27-1fcb-44a7-be63-681783a96014"
          },
          "sensitive_attributes": [],
          "private": "eyJlMmJmYjczMC1lY2FhLTExZTYtOGY4OC0zNDM2M2JjN2M0YzAiOnsiY3JlYXRlIjoxMjAwMDAwMDAwMDAwLCJkZWxldGUiOjEyMDAwMDAwMDAwMDAsInVwZGF0ZSI6MTIwMDAwMDAwMDAwMH19",
          "dependencies": [
            "module.os_policy.data.google_compute_zones.this",
            "module.os_policy.data.google_project.default"
          ]
        }
      ]
    },
    {
      "module": "module.os_policy",
      "mode": "managed",
      "type": "google_os_config_os_policy_assignment",
      "name": "unx111",
      "provider": "provider[\"registry.terraform.io/hashicorp/google\"]",
      "instances": [
        {
          "index_key": "asia-northeast3-a",
          "schema_version": 0,
          "attributes": {
            "baseline": false,
            "deleted": false,
            "description": "",
            "etag": "46808876-e495-427b-8866-8b18123f6974",
            "id": "projects/swit-alpha/locations/asia-northeast3-a/osPolicyAssignments/asia-northeast3-a-unx111",
            "instance_filter": [
              {
                "all": false,
                "exclusion_labels": [
                  {
                    "labels": {
                      "goog-gke-node": ""
                    }
                  },
                  {
                    "labels": {
                      "nat": ""
                    }
                  },
                  {
                    "labels": {
                      "serverless-vpc-access": "swit-alpha-serverless-uw1"
                    }
                  }
                ],
                "inclusion_labels": [],
                "inventories": []
              }
            ],
            "location": "asia-northeast3-a",
            "name": "asia-northeast3-a-unx111",
            "os_policies": [
              {
                "allow_no_resource_group_match": false,
                "description": "",
                "id": "unx111",
                "mode": "ENFORCEMENT",
                "resource_groups": [
                  {
                    "inventory_filters": [
                      {
                        "os_short_name": "debian",
                        "os_version": "10"
                      },
                      {
                        "os_short_name": "debian",
                        "os_version": "11"
                      },
                      {
                        "os_short_name": "debian",
                        "os_version": "12"
                      },
                      {
                        "os_short_name": "rocky",
                        "os_version": "8.*"
                      },
                      {
                        "os_short_name": "rocky",
                        "os_version": "9.*"
                      },
                      {
                        "os_short_name": "ubuntu",
                        "os_version": "20.04"
                      },
                      {
                        "os_short_name": "ubuntu",
                        "os_version": "22.04"
                      }
                    ],
                    "resources": [
                      {
                        "exec": [
                          {
                            "enforce": [
                              {
                                "args": [],
                                "file": [],
                                "interpreter": "SHELL",
                                "output_file_path": "",
                                "script": "cat \u003c\u003c EOF | sudo tee /etc/profile.d/timeout.sh\nexport TMOUT=600\nEOF\nexit 100\n"
                              }
                            ],
                            "validate": [
                              {
                                "args": [],
                                "file": [],
                                "interpreter": "SHELL",
                                "output_file_path": "",
                                "script": "if [ ! -f /etc/profile.d/timeout.sh ] ; then\n  exit 101\nelif ! sudo stat -c %a /etc/profile.d/timeout.sh | grep -qw '644' ; then\n  exit 101\nelse\n  exit 100\nfi\n"
                              }
                            ]
                          }
                        ],
                        "file": [],
                        "id": "configuration",
                        "pkg": [],
                        "repository": []
                      }
                    ]
                  }
                ]
              }
            ],
            "project": "swit-alpha",
            "reconciling": true,
            "revision_create_time": "2024-04-02T10:48:25.122929Z",
            "revision_id": "51f0805d-870d-4c61-830b-96a6c91a6ada",
            "rollout": [
              {
                "disruption_budget": [
                  {
                    "fixed": 0,
                    "percent": 100
                  }
                ],
                "min_wait_duration": "0s"
              }
            ],
            "rollout_state": "IN_PROGRESS",
            "skip_await_rollout": true,
            "timeouts": null,
            "uid": "292e536d-b24e-4bc5-ba55-46e7c92c79f0"
          },
          "sensitive_attributes": [],
          "private": "eyJlMmJmYjczMC1lY2FhLTExZTYtOGY4OC0zNDM2M2JjN2M0YzAiOnsiY3JlYXRlIjoxMjAwMDAwMDAwMDAwLCJkZWxldGUiOjEyMDAwMDAwMDAwMDAsInVwZGF0ZSI6MTIwMDAwMDAwMDAwMH19",
          "dependencies": [
            "module.os_policy.data.google_compute_zones.this",
            "module.os_policy.data.google_project.default"
          ]
        },
        {
          "index_key": "asia-northeast3-b",
          "schema_version": 0,
          "attributes": {
            "baseline": false,
            "deleted": false,
            "description": "",
            "etag": "2b47014f-a8c9-4f1d-a6e8-6192757aa40e",
            "id": "projects/swit-alpha/locations/asia-northeast3-b/osPolicyAssignments/asia-northeast3-b-unx111",
            "instance_filter": [
              {
                "all": false,
                "exclusion_labels": [
                  {
                    "labels": {
                      "goog-gke-node": ""
                    }
                  },
                  {
                    "labels": {
                      "nat": ""
                    }
                  },
                  {
                    "labels": {
                      "serverless-vpc-access": "swit-alpha-serverless-uw1"
                    }
                  }
                ],
                "inclusion_labels": [],
                "inventories": []
              }
            ],
            "location": "asia-northeast3-b",
            "name": "asia-northeast3-b-unx111",
            "os_policies": [
              {
                "allow_no_resource_group_match": false,
                "description": "",
                "id": "unx111",
                "mode": "ENFORCEMENT",
                "resource_groups": [
                  {
                    "inventory_filters": [
                      {
                        "os_short_name": "debian",
                        "os_version": "10"
                      },
                      {
                        "os_short_name": "debian",
                        "os_version": "11"
                      },
                      {
                        "os_short_name": "debian",
                        "os_version": "12"
                      },
                      {
                        "os_short_name": "rocky",
                        "os_version": "8.*"
                      },
                      {
                        "os_short_name": "rocky",
                        "os_version": "9.*"
                      },
                      {
                        "os_short_name": "ubuntu",
                        "os_version": "20.04"
                      },
                      {
                        "os_short_name": "ubuntu",
                        "os_version": "22.04"
                      }
                    ],
                    "resources": [
                      {
                        "exec": [
                          {
                            "enforce": [
                              {
                                "args": [],
                                "file": [],
                                "interpreter": "SHELL",
                                "output_file_path": "",
                                "script": "cat \u003c\u003c EOF | sudo tee /etc/profile.d/timeout.sh\nexport TMOUT=600\nEOF\nexit 100\n"
                              }
                            ],
                            "validate": [
                              {
                                "args": [],
                                "file": [],
                                "interpreter": "SHELL",
                                "output_file_path": "",
                                "script": "if [ ! -f /etc/profile.d/timeout.sh ] ; then\n  exit 101\nelif ! sudo stat -c %a /etc/profile.d/timeout.sh | grep -qw '644' ; then\n  exit 101\nelse\n  exit 100\nfi\n"
                              }
                            ]
                          }
                        ],
                        "file": [],
                        "id": "configuration",
                        "pkg": [],
                        "repository": []
                      }
                    ]
                  }
                ]
              }
            ],
            "project": "swit-alpha",
            "reconciling": true,
            "revision_create_time": "2024-04-02T10:48:24.939226Z",
            "revision_id": "3b0ce636-1bb8-43dd-ad66-d97a8be60375",
            "rollout": [
              {
                "disruption_budget": [
                  {
                    "fixed": 0,
                    "percent": 100
                  }
                ],
                "min_wait_duration": "0s"
              }
            ],
            "rollout_state": "IN_PROGRESS",
            "skip_await_rollout": true,
            "timeouts": null,
            "uid": "b8c1223b-3e4e-4f7f-a17c-185471759987"
          },
          "sensitive_attributes": [],
          "private": "eyJlMmJmYjczMC1lY2FhLTExZTYtOGY4OC0zNDM2M2JjN2M0YzAiOnsiY3JlYXRlIjoxMjAwMDAwMDAwMDAwLCJkZWxldGUiOjEyMDAwMDAwMDAwMDAsInVwZGF0ZSI6MTIwMDAwMDAwMDAwMH19",
          "dependencies": [
            "module.os_policy.data.google_compute_zones.this",
            "module.os_policy.data.google_project.default"
          ]
        },
        {
          "index_key": "asia-northeast3-c",
          "schema_version": 0,
          "attributes": {
            "baseline": false,
            "deleted": false,
            "description": "",
            "etag": "71b96b2a-5479-4e6e-b964-adf672b792a2",
            "id": "projects/swit-alpha/locations/asia-northeast3-c/osPolicyAssignments/asia-northeast3-c-unx111",
            "instance_filter": [
              {
                "all": false,
                "exclusion_labels": [
                  {
                    "labels": {
                      "goog-gke-node": ""
                    }
                  },
                  {
                    "labels": {
                      "nat": ""
                    }
                  },
                  {
                    "labels": {
                      "serverless-vpc-access": "swit-alpha-serverless-uw1"
                    }
                  }
                ],
                "inclusion_labels": [],
                "inventories": []
              }
            ],
            "location": "asia-northeast3-c",
            "name": "asia-northeast3-c-unx111",
            "os_policies": [
              {
                "allow_no_resource_group_match": false,
                "description": "",
                "id": "unx111",
                "mode": "ENFORCEMENT",
                "resource_groups": [
                  {
                    "inventory_filters": [
                      {
                        "os_short_name": "debian",
                        "os_version": "10"
                      },
                      {
                        "os_short_name": "debian",
                        "os_version": "11"
                      },
                      {
                        "os_short_name": "debian",
                        "os_version": "12"
                      },
                      {
                        "os_short_name": "rocky",
                        "os_version": "8.*"
                      },
                      {
                        "os_short_name": "rocky",
                        "os_version": "9.*"
                      },
                      {
                        "os_short_name": "ubuntu",
                        "os_version": "20.04"
                      },
                      {
                        "os_short_name": "ubuntu",
                        "os_version": "22.04"
                      }
                    ],
                    "resources": [
                      {
                        "exec": [
                          {
                            "enforce": [
                              {
                                "args": [],
                                "file": [],
                                "interpreter": "SHELL",
                                "output_file_path": "",
                                "script": "cat \u003c\u003c EOF | sudo tee /etc/profile.d/timeout.sh\nexport TMOUT=600\nEOF\nexit 100\n"
                              }
                            ],
                            "validate": [
                              {
                                "args": [],
                                "file": [],
                                "interpreter": "SHELL",
                                "output_file_path": "",
                                "script": "if [ ! -f /etc/profile.d/timeout.sh ] ; then\n  exit 101\nelif ! sudo stat -c %a /etc/profile.d/timeout.sh | grep -qw '644' ; then\n  exit 101\nelse\n  exit 100\nfi\n"
                              }
                            ]
                          }
                        ],
                        "file": [],
                        "id": "configuration",
                        "pkg": [],
                        "repository": []
                      }
                    ]
                  }
                ]
              }
            ],
            "project": "swit-alpha",
            "reconciling": true,
            "revision_create_time": "2024-04-02T10:48:24.797701Z",
            "revision_id": "4c8d526e-a497-4df1-9403-4705473dde35",
            "rollout": [
              {
                "disruption_budget": [
                  {
                    "fixed": 0,
                    "percent": 100
                  }
                ],
                "min_wait_duration": "0s"
              }
            ],
            "rollout_state": "IN_PROGRESS",
            "skip_await_rollout": true,
            "timeouts": null,
            "uid": "aa46be24-e35b-4ae4-aaa3-2b3d71169289"
          },
          "sensitive_attributes": [],
          "private": "eyJlMmJmYjczMC1lY2FhLTExZTYtOGY4OC0zNDM2M2JjN2M0YzAiOnsiY3JlYXRlIjoxMjAwMDAwMDAwMDAwLCJkZWxldGUiOjEyMDAwMDAwMDAwMDAsInVwZGF0ZSI6MTIwMDAwMDAwMDAwMH19",
          "dependencies": [
            "module.os_policy.data.google_compute_zones.this",
            "module.os_policy.data.google_project.default"
          ]
        },
        {
          "index_key": "us-west1-a",
          "schema_version": 0,
          "attributes": {
            "baseline": false,
            "deleted": false,
            "description": "",
            "etag": "87b239f4-1fe8-4e9c-81b8-1000ad935941",
            "id": "projects/swit-alpha/locations/us-west1-a/osPolicyAssignments/us-west1-a-unx111",
            "instance_filter": [
              {
                "all": false,
                "exclusion_labels": [
                  {
                    "labels": {
                      "goog-gke-node": ""
                    }
                  },
                  {
                    "labels": {
                      "nat": ""
                    }
                  },
                  {
                    "labels": {
                      "serverless-vpc-access": "swit-alpha-serverless-uw1"
                    }
                  }
                ],
                "inclusion_labels": [],
                "inventories": []
              }
            ],
            "location": "us-west1-a",
            "name": "us-west1-a-unx111",
            "os_policies": [
              {
                "allow_no_resource_group_match": false,
                "description": "",
                "id": "unx111",
                "mode": "ENFORCEMENT",
                "resource_groups": [
                  {
                    "inventory_filters": [
                      {
                        "os_short_name": "debian",
                        "os_version": "10"
                      },
                      {
                        "os_short_name": "debian",
                        "os_version": "11"
                      },
                      {
                        "os_short_name": "debian",
                        "os_version": "12"
                      },
                      {
                        "os_short_name": "rocky",
                        "os_version": "8.*"
                      },
                      {
                        "os_short_name": "rocky",
                        "os_version": "9.*"
                      },
                      {
                        "os_short_name": "ubuntu",
                        "os_version": "20.04"
                      },
                      {
                        "os_short_name": "ubuntu",
                        "os_version": "22.04"
                      }
                    ],
                    "resources": [
                      {
                        "exec": [
                          {
                            "enforce": [
                              {
                                "args": [],
                                "file": [],
                                "interpreter": "SHELL",
                                "output_file_path": "",
                                "script": "cat \u003c\u003c EOF | sudo tee /etc/profile.d/timeout.sh\nexport TMOUT=600\nEOF\nexit 100\n"
                              }
                            ],
                            "validate": [
                              {
                                "args": [],
                                "file": [],
                                "interpreter": "SHELL",
                                "output_file_path": "",
                                "script": "if [ ! -f /etc/profile.d/timeout.sh ] ; then\n  exit 101\nelif ! sudo stat -c %a /etc/profile.d/timeout.sh | grep -qw '644' ; then\n  exit 101\nelse\n  exit 100\nfi\n"
                              }
                            ]
                          }
                        ],
                        "file": [],
                        "id": "configuration",
                        "pkg": [],
                        "repository": []
                      }
                    ]
                  }
                ]
              }
            ],
            "project": "swit-alpha",
            "reconciling": true,
            "revision_create_time": "2024-04-02T10:48:24.372274Z",
            "revision_id": "371ea739-bab3-45fc-a18c-4a5685411a5e",
            "rollout": [
              {
                "disruption_budget": [
                  {
                    "fixed": 0,
                    "percent": 100
                  }
                ],
                "min_wait_duration": "0s"
              }
            ],
            "rollout_state": "IN_PROGRESS",
            "skip_await_rollout": true,
            "timeouts": null,
            "uid": "99eaab65-5289-43da-9f3c-d936211ceb6b"
          },
          "sensitive_attributes": [],
          "private": "eyJlMmJmYjczMC1lY2FhLTExZTYtOGY4OC0zNDM2M2JjN2M0YzAiOnsiY3JlYXRlIjoxMjAwMDAwMDAwMDAwLCJkZWxldGUiOjEyMDAwMDAwMDAwMDAsInVwZGF0ZSI6MTIwMDAwMDAwMDAwMH19",
          "dependencies": [
            "module.os_policy.data.google_compute_zones.this",
            "module.os_policy.data.google_project.default"
          ]
        },
        {
          "index_key": "us-west1-b",
          "schema_version": 0,
          "attributes": {
            "baseline": false,
            "deleted": false,
            "description": "",
            "etag": "58b285d1-a18c-4f86-ad09-0fec4d382600",
            "id": "projects/swit-alpha/locations/us-west1-b/osPolicyAssignments/us-west1-b-unx111",
            "instance_filter": [
              {
                "all": false,
                "exclusion_labels": [
                  {
                    "labels": {
                      "goog-gke-node": ""
                    }
                  },
                  {
                    "labels": {
                      "nat": ""
                    }
                  },
                  {
                    "labels": {
                      "serverless-vpc-access": "swit-alpha-serverless-uw1"
                    }
                  }
                ],
                "inclusion_labels": [],
                "inventories": []
              }
            ],
            "location": "us-west1-b",
            "name": "us-west1-b-unx111",
            "os_policies": [
              {
                "allow_no_resource_group_match": false,
                "description": "",
                "id": "unx111",
                "mode": "ENFORCEMENT",
                "resource_groups": [
                  {
                    "inventory_filters": [
                      {
                        "os_short_name": "debian",
                        "os_version": "10"
                      },
                      {
                        "os_short_name": "debian",
                        "os_version": "11"
                      },
                      {
                        "os_short_name": "debian",
                        "os_version": "12"
                      },
                      {
                        "os_short_name": "rocky",
                        "os_version": "8.*"
                      },
                      {
                        "os_short_name": "rocky",
                        "os_version": "9.*"
                      },
                      {
                        "os_short_name": "ubuntu",
                        "os_version": "20.04"
                      },
                      {
                        "os_short_name": "ubuntu",
                        "os_version": "22.04"
                      }
                    ],
                    "resources": [
                      {
                        "exec": [
                          {
                            "enforce": [
                              {
                                "args": [],
                                "file": [],
                                "interpreter": "SHELL",
                                "output_file_path": "",
                                "script": "cat \u003c\u003c EOF | sudo tee /etc/profile.d/timeout.sh\nexport TMOUT=600\nEOF\nexit 100\n"
                              }
                            ],
                            "validate": [
                              {
                                "args": [],
                                "file": [],
                                "interpreter": "SHELL",
                                "output_file_path": "",
                                "script": "if [ ! -f /etc/profile.d/timeout.sh ] ; then\n  exit 101\nelif ! sudo stat -c %a /etc/profile.d/timeout.sh | grep -qw '644' ; then\n  exit 101\nelse\n  exit 100\nfi\n"
                              }
                            ]
                          }
                        ],
                        "file": [],
                        "id": "configuration",
                        "pkg": [],
                        "repository": []
                      }
                    ]
                  }
                ]
              }
            ],
            "project": "swit-alpha",
            "reconciling": true,
            "revision_create_time": "2024-04-02T10:48:25.370810Z",
            "revision_id": "870e8d62-88cb-4458-8ac9-2ee604dd32c6",
            "rollout": [
              {
                "disruption_budget": [
                  {
                    "fixed": 0,
                    "percent": 100
                  }
                ],
                "min_wait_duration": "0s"
              }
            ],
            "rollout_state": "IN_PROGRESS",
            "skip_await_rollout": true,
            "timeouts": null,
            "uid": "280bfa74-a3e8-4f49-96e3-8145495b1c2f"
          },
          "sensitive_attributes": [],
          "private": "eyJlMmJmYjczMC1lY2FhLTExZTYtOGY4OC0zNDM2M2JjN2M0YzAiOnsiY3JlYXRlIjoxMjAwMDAwMDAwMDAwLCJkZWxldGUiOjEyMDAwMDAwMDAwMDAsInVwZGF0ZSI6MTIwMDAwMDAwMDAwMH19",
          "dependencies": [
            "module.os_policy.data.google_compute_zones.this",
            "module.os_policy.data.google_project.default"
          ]
        },
        {
          "index_key": "us-west1-c",
          "schema_version": 0,
          "attributes": {
            "baseline": false,
            "deleted": false,
            "description": "",
            "etag": "c293f627-f241-4889-b06d-305697f77e9a",
            "id": "projects/swit-alpha/locations/us-west1-c/osPolicyAssignments/us-west1-c-unx111",
            "instance_filter": [
              {
                "all": false,
                "exclusion_labels": [
                  {
                    "labels": {
                      "goog-gke-node": ""
                    }
                  },
                  {
                    "labels": {
                      "nat": ""
                    }
                  },
                  {
                    "labels": {
                      "serverless-vpc-access": "swit-alpha-serverless-uw1"
                    }
                  }
                ],
                "inclusion_labels": [],
                "inventories": []
              }
            ],
            "location": "us-west1-c",
            "name": "us-west1-c-unx111",
            "os_policies": [
              {
                "allow_no_resource_group_match": false,
                "description": "",
                "id": "unx111",
                "mode": "ENFORCEMENT",
                "resource_groups": [
                  {
                    "inventory_filters": [
                      {
                        "os_short_name": "debian",
                        "os_version": "10"
                      },
                      {
                        "os_short_name": "debian",
                        "os_version": "11"
                      },
                      {
                        "os_short_name": "debian",
                        "os_version": "12"
                      },
                      {
                        "os_short_name": "rocky",
                        "os_version": "8.*"
                      },
                      {
                        "os_short_name": "rocky",
                        "os_version": "9.*"
                      },
                      {
                        "os_short_name": "ubuntu",
                        "os_version": "20.04"
                      },
                      {
                        "os_short_name": "ubuntu",
                        "os_version": "22.04"
                      }
                    ],
                    "resources": [
                      {
                        "exec": [
                          {
                            "enforce": [
                              {
                                "args": [],
                                "file": [],
                                "interpreter": "SHELL",
                                "output_file_path": "",
                                "script": "cat \u003c\u003c EOF | sudo tee /etc/profile.d/timeout.sh\nexport TMOUT=600\nEOF\nexit 100\n"
                              }
                            ],
                            "validate": [
                              {
                                "args": [],
                                "file": [],
                                "interpreter": "SHELL",
                                "output_file_path": "",
                                "script": "if [ ! -f /etc/profile.d/timeout.sh ] ; then\n  exit 101\nelif ! sudo stat -c %a /etc/profile.d/timeout.sh | grep -qw '644' ; then\n  exit 101\nelse\n  exit 100\nfi\n"
                              }
                            ]
                          }
                        ],
                        "file": [],
                        "id": "configuration",
                        "pkg": [],
                        "repository": []
                      }
                    ]
                  }
                ]
              }
            ],
            "project": "swit-alpha",
            "reconciling": true,
            "revision_create_time": "2024-04-02T10:48:25.720671Z",
            "revision_id": "459ce78c-82a9-46b1-b1c6-565220b46e09",
            "rollout": [
              {
                "disruption_budget": [
                  {
                    "fixed": 0,
                    "percent": 100
                  }
                ],
                "min_wait_duration": "0s"
              }
            ],
            "rollout_state": "IN_PROGRESS",
            "skip_await_rollout": true,
            "timeouts": null,
            "uid": "d340a633-2b95-4fa6-a133-49afba6373e2"
          },
          "sensitive_attributes": [],
          "private": "eyJlMmJmYjczMC1lY2FhLTExZTYtOGY4OC0zNDM2M2JjN2M0YzAiOnsiY3JlYXRlIjoxMjAwMDAwMDAwMDAwLCJkZWxldGUiOjEyMDAwMDAwMDAwMDAsInVwZGF0ZSI6MTIwMDAwMDAwMDAwMH19",
          "dependencies": [
            "module.os_policy.data.google_compute_zones.this",
            "module.os_policy.data.google_project.default"
          ]
        }
      ]
    },
    {
      "module": "module.os_policy",
      "mode": "managed",
      "type": "google_os_config_os_policy_assignment",
      "name": "unx203",
      "provider": "provider[\"registry.terraform.io/hashicorp/google\"]",
      "instances": [
        {
          "index_key": "asia-northeast3-a",
          "schema_version": 0,
          "attributes": {
            "baseline": false,
            "deleted": false,
            "description": "",
            "etag": "4bb43e4c-637a-4a5c-b95e-2ec8464f20e6",
            "id": "projects/swit-alpha/locations/asia-northeast3-a/osPolicyAssignments/asia-northeast3-a-unx203",
            "instance_filter": [
              {
                "all": false,
                "exclusion_labels": [
                  {
                    "labels": {
                      "goog-gke-node": ""
                    }
                  },
                  {
                    "labels": {
                      "nat": ""
                    }
                  },
                  {
                    "labels": {
                      "serverless-vpc-access": "swit-alpha-serverless-uw1"
                    }
                  }
                ],
                "inclusion_labels": [],
                "inventories": []
              }
            ],
            "location": "asia-northeast3-a",
            "name": "asia-northeast3-a-unx203",
            "os_policies": [
              {
                "allow_no_resource_group_match": false,
                "description": "",
                "id": "unx203",
                "mode": "ENFORCEMENT",
                "resource_groups": [
                  {
                    "inventory_filters": [
                      {
                        "os_short_name": "debian",
                        "os_version": "10"
                      },
                      {
                        "os_short_name": "debian",
                        "os_version": "11"
                      },
                      {
                        "os_short_name": "debian",
                        "os_version": "12"
                      },
                      {
                        "os_short_name": "rocky",
                        "os_version": "8.*"
                      },
                      {
                        "os_short_name": "rocky",
                        "os_version": "9.*"
                      },
                      {
                        "os_short_name": "ubuntu",
                        "os_version": "20.04"
                      },
                      {
                        "os_short_name": "ubuntu",
                        "os_version": "22.04"
                      }
                    ],
                    "resources": [
                      {
                        "exec": [
                          {
                            "enforce": [
                              {
                                "args": [],
                                "file": [],
                                "interpreter": "SHELL",
                                "output_file_path": "",
                                "script": "sudo chmod 000 /etc/shadow\nexit 100\n"
                              }
                            ],
                            "validate": [
                              {
                                "args": [],
                                "file": [],
                                "interpreter": "SHELL",
                                "output_file_path": "",
                                "script": "if ! sudo stat -c %a /etc/shadow | grep -qw '0' ; then\n  exit 101\nelse\n  exit 100\nfi\n"
                              }
                            ]
                          }
                        ],
                        "file": [],
                        "id": "configuration",
                        "pkg": [],
                        "repository": []
                      }
                    ]
                  }
                ]
              }
            ],
            "project": "swit-alpha",
            "reconciling": true,
            "revision_create_time": "2024-04-02T10:48:33.360188Z",
            "revision_id": "4dc0a937-f8bb-4f54-8ff5-d8e39bd9bb3c",
            "rollout": [
              {
                "disruption_budget": [
                  {
                    "fixed": 0,
                    "percent": 100
                  }
                ],
                "min_wait_duration": "0s"
              }
            ],
            "rollout_state": "IN_PROGRESS",
            "skip_await_rollout": true,
            "timeouts": null,
            "uid": "f7d763f1-18a7-4737-bb4a-d8a90e99c057"
          },
          "sensitive_attributes": [],
          "private": "eyJlMmJmYjczMC1lY2FhLTExZTYtOGY4OC0zNDM2M2JjN2M0YzAiOnsiY3JlYXRlIjoxMjAwMDAwMDAwMDAwLCJkZWxldGUiOjEyMDAwMDAwMDAwMDAsInVwZGF0ZSI6MTIwMDAwMDAwMDAwMH19",
          "dependencies": [
            "module.os_policy.data.google_compute_zones.this",
            "module.os_policy.data.google_project.default"
          ]
        },
        {
          "index_key": "asia-northeast3-b",
          "schema_version": 0,
          "attributes": {
            "baseline": false,
            "deleted": false,
            "description": "",
            "etag": "b93c0a32-6936-429b-8d3c-98d68012018e",
            "id": "projects/swit-alpha/locations/asia-northeast3-b/osPolicyAssignments/asia-northeast3-b-unx203",
            "instance_filter": [
              {
                "all": false,
                "exclusion_labels": [
                  {
                    "labels": {
                      "goog-gke-node": ""
                    }
                  },
                  {
                    "labels": {
                      "nat": ""
                    }
                  },
                  {
                    "labels": {
                      "serverless-vpc-access": "swit-alpha-serverless-uw1"
                    }
                  }
                ],
                "inclusion_labels": [],
                "inventories": []
              }
            ],
            "location": "asia-northeast3-b",
            "name": "asia-northeast3-b-unx203",
            "os_policies": [
              {
                "allow_no_resource_group_match": false,
                "description": "",
                "id": "unx203",
                "mode": "ENFORCEMENT",
                "resource_groups": [
                  {
                    "inventory_filters": [
                      {
                        "os_short_name": "debian",
                        "os_version": "10"
                      },
                      {
                        "os_short_name": "debian",
                        "os_version": "11"
                      },
                      {
                        "os_short_name": "debian",
                        "os_version": "12"
                      },
                      {
                        "os_short_name": "rocky",
                        "os_version": "8.*"
                      },
                      {
                        "os_short_name": "rocky",
                        "os_version": "9.*"
                      },
                      {
                        "os_short_name": "ubuntu",
                        "os_version": "20.04"
                      },
                      {
                        "os_short_name": "ubuntu",
                        "os_version": "22.04"
                      }
                    ],
                    "resources": [
                      {
                        "exec": [
                          {
                            "enforce": [
                              {
                                "args": [],
                                "file": [],
                                "interpreter": "SHELL",
                                "output_file_path": "",
                                "script": "sudo chmod 000 /etc/shadow\nexit 100\n"
                              }
                            ],
                            "validate": [
                              {
                                "args": [],
                                "file": [],
                                "interpreter": "SHELL",
                                "output_file_path": "",
                                "script": "if ! sudo stat -c %a /etc/shadow | grep -qw '0' ; then\n  exit 101\nelse\n  exit 100\nfi\n"
                              }
                            ]
                          }
                        ],
                        "file": [],
                        "id": "configuration",
                        "pkg": [],
                        "repository": []
                      }
                    ]
                  }
                ]
              }
            ],
            "project": "swit-alpha",
            "reconciling": true,
            "revision_create_time": "2024-04-02T10:48:31.459504Z",
            "revision_id": "0fba40f1-eb1c-44e1-b716-a0130a303788",
            "rollout": [
              {
                "disruption_budget": [
                  {
                    "fixed": 0,
                    "percent": 100
                  }
                ],
                "min_wait_duration": "0s"
              }
            ],
            "rollout_state": "IN_PROGRESS",
            "skip_await_rollout": true,
            "timeouts": null,
            "uid": "cf6a49c8-4c79-4163-8a2d-5e6e3f67bdf0"
          },
          "sensitive_attributes": [],
          "private": "eyJlMmJmYjczMC1lY2FhLTExZTYtOGY4OC0zNDM2M2JjN2M0YzAiOnsiY3JlYXRlIjoxMjAwMDAwMDAwMDAwLCJkZWxldGUiOjEyMDAwMDAwMDAwMDAsInVwZGF0ZSI6MTIwMDAwMDAwMDAwMH19",
          "dependencies": [
            "module.os_policy.data.google_compute_zones.this",
            "module.os_policy.data.google_project.default"
          ]
        },
        {
          "index_key": "asia-northeast3-c",
          "schema_version": 0,
          "attributes": {
            "baseline": false,
            "deleted": false,
            "description": "",
            "etag": "ada08613-0eb6-40a7-9cab-3d1ce4db72ff",
            "id": "projects/swit-alpha/locations/asia-northeast3-c/osPolicyAssignments/asia-northeast3-c-unx203",
            "instance_filter": [
              {
                "all": false,
                "exclusion_labels": [
                  {
                    "labels": {
                      "goog-gke-node": ""
                    }
                  },
                  {
                    "labels": {
                      "nat": ""
                    }
                  },
                  {
                    "labels": {
                      "serverless-vpc-access": "swit-alpha-serverless-uw1"
                    }
                  }
                ],
                "inclusion_labels": [],
                "inventories": []
              }
            ],
            "location": "asia-northeast3-c",
            "name": "asia-northeast3-c-unx203",
            "os_policies": [
              {
                "allow_no_resource_group_match": false,
                "description": "",
                "id": "unx203",
                "mode": "ENFORCEMENT",
                "resource_groups": [
                  {
                    "inventory_filters": [
                      {
                        "os_short_name": "debian",
                        "os_version": "10"
                      },
                      {
                        "os_short_name": "debian",
                        "os_version": "11"
                      },
                      {
                        "os_short_name": "debian",
                        "os_version": "12"
                      },
                      {
                        "os_short_name": "rocky",
                        "os_version": "8.*"
                      },
                      {
                        "os_short_name": "rocky",
                        "os_version": "9.*"
                      },
                      {
                        "os_short_name": "ubuntu",
                        "os_version": "20.04"
                      },
                      {
                        "os_short_name": "ubuntu",
                        "os_version": "22.04"
                      }
                    ],
                    "resources": [
                      {
                        "exec": [
                          {
                            "enforce": [
                              {
                                "args": [],
                                "file": [],
                                "interpreter": "SHELL",
                                "output_file_path": "",
                                "script": "sudo chmod 000 /etc/shadow\nexit 100\n"
                              }
                            ],
                            "validate": [
                              {
                                "args": [],
                                "file": [],
                                "interpreter": "SHELL",
                                "output_file_path": "",
                                "script": "if ! sudo stat -c %a /etc/shadow | grep -qw '0' ; then\n  exit 101\nelse\n  exit 100\nfi\n"
                              }
                            ]
                          }
                        ],
                        "file": [],
                        "id": "configuration",
                        "pkg": [],
                        "repository": []
                      }
                    ]
                  }
                ]
              }
            ],
            "project": "swit-alpha",
            "reconciling": true,
            "revision_create_time": "2024-04-02T10:48:31.907855Z",
            "revision_id": "fb7cc790-871d-4e20-b4e4-7c70057d08c0",
            "rollout": [
              {
                "disruption_budget": [
                  {
                    "fixed": 0,
                    "percent": 100
                  }
                ],
                "min_wait_duration": "0s"
              }
            ],
            "rollout_state": "IN_PROGRESS",
            "skip_await_rollout": true,
            "timeouts": null,
            "uid": "7d41483b-8ef5-423a-872d-d41fc9ab41a5"
          },
          "sensitive_attributes": [],
          "private": "eyJlMmJmYjczMC1lY2FhLTExZTYtOGY4OC0zNDM2M2JjN2M0YzAiOnsiY3JlYXRlIjoxMjAwMDAwMDAwMDAwLCJkZWxldGUiOjEyMDAwMDAwMDAwMDAsInVwZGF0ZSI6MTIwMDAwMDAwMDAwMH19",
          "dependencies": [
            "module.os_policy.data.google_compute_zones.this",
            "module.os_policy.data.google_project.default"
          ]
        },
        {
          "index_key": "us-west1-a",
          "schema_version": 0,
          "attributes": {
            "baseline": false,
            "deleted": false,
            "description": "",
            "etag": "015d54a8-d2dd-42cd-883e-bed6f863f2d5",
            "id": "projects/swit-alpha/locations/us-west1-a/osPolicyAssignments/us-west1-a-unx203",
            "instance_filter": [
              {
                "all": false,
                "exclusion_labels": [
                  {
                    "labels": {
                      "goog-gke-node": ""
                    }
                  },
                  {
                    "labels": {
                      "nat": ""
                    }
                  },
                  {
                    "labels": {
                      "serverless-vpc-access": "swit-alpha-serverless-uw1"
                    }
                  }
                ],
                "inclusion_labels": [],
                "inventories": []
              }
            ],
            "location": "us-west1-a",
            "name": "us-west1-a-unx203",
            "os_policies": [
              {
                "allow_no_resource_group_match": false,
                "description": "",
                "id": "unx203",
                "mode": "ENFORCEMENT",
                "resource_groups": [
                  {
                    "inventory_filters": [
                      {
                        "os_short_name": "debian",
                        "os_version": "10"
                      },
                      {
                        "os_short_name": "debian",
                        "os_version": "11"
                      },
                      {
                        "os_short_name": "debian",
                        "os_version": "12"
                      },
                      {
                        "os_short_name": "rocky",
                        "os_version": "8.*"
                      },
                      {
                        "os_short_name": "rocky",
                        "os_version": "9.*"
                      },
                      {
                        "os_short_name": "ubuntu",
                        "os_version": "20.04"
                      },
                      {
                        "os_short_name": "ubuntu",
                        "os_version": "22.04"
                      }
                    ],
                    "resources": [
                      {
                        "exec": [
                          {
                            "enforce": [
                              {
                                "args": [],
                                "file": [],
                                "interpreter": "SHELL",
                                "output_file_path": "",
                                "script": "sudo chmod 000 /etc/shadow\nexit 100\n"
                              }
                            ],
                            "validate": [
                              {
                                "args": [],
                                "file": [],
                                "interpreter": "SHELL",
                                "output_file_path": "",
                                "script": "if ! sudo stat -c %a /etc/shadow | grep -qw '0' ; then\n  exit 101\nelse\n  exit 100\nfi\n"
                              }
                            ]
                          }
                        ],
                        "file": [],
                        "id": "configuration",
                        "pkg": [],
                        "repository": []
                      }
                    ]
                  }
                ]
              }
            ],
            "project": "swit-alpha",
            "reconciling": true,
            "revision_create_time": "2024-04-02T10:48:33.679274Z",
            "revision_id": "a204b138-5cdb-4ad4-ba26-496a44758427",
            "rollout": [
              {
                "disruption_budget": [
                  {
                    "fixed": 0,
                    "percent": 100
                  }
                ],
                "min_wait_duration": "0s"
              }
            ],
            "rollout_state": "IN_PROGRESS",
            "skip_await_rollout": true,
            "timeouts": null,
            "uid": "a9a32cab-fdeb-4ef0-b6d5-640fd965425d"
          },
          "sensitive_attributes": [],
          "private": "eyJlMmJmYjczMC1lY2FhLTExZTYtOGY4OC0zNDM2M2JjN2M0YzAiOnsiY3JlYXRlIjoxMjAwMDAwMDAwMDAwLCJkZWxldGUiOjEyMDAwMDAwMDAwMDAsInVwZGF0ZSI6MTIwMDAwMDAwMDAwMH19",
          "dependencies": [
            "module.os_policy.data.google_compute_zones.this",
            "module.os_policy.data.google_project.default"
          ]
        },
        {
          "index_key": "us-west1-b",
          "schema_version": 0,
          "attributes": {
            "baseline": false,
            "deleted": false,
            "description": "",
            "etag": "6eb84d45-8eac-498e-b2c2-f63350be68a1",
            "id": "projects/swit-alpha/locations/us-west1-b/osPolicyAssignments/us-west1-b-unx203",
            "instance_filter": [
              {
                "all": false,
                "exclusion_labels": [
                  {
                    "labels": {
                      "goog-gke-node": ""
                    }
                  },
                  {
                    "labels": {
                      "nat": ""
                    }
                  },
                  {
                    "labels": {
                      "serverless-vpc-access": "swit-alpha-serverless-uw1"
                    }
                  }
                ],
                "inclusion_labels": [],
                "inventories": []
              }
            ],
            "location": "us-west1-b",
            "name": "us-west1-b-unx203",
            "os_policies": [
              {
                "allow_no_resource_group_match": false,
                "description": "",
                "id": "unx203",
                "mode": "ENFORCEMENT",
                "resource_groups": [
                  {
                    "inventory_filters": [
                      {
                        "os_short_name": "debian",
                        "os_version": "10"
                      },
                      {
                        "os_short_name": "debian",
                        "os_version": "11"
                      },
                      {
                        "os_short_name": "debian",
                        "os_version": "12"
                      },
                      {
                        "os_short_name": "rocky",
                        "os_version": "8.*"
                      },
                      {
                        "os_short_name": "rocky",
                        "os_version": "9.*"
                      },
                      {
                        "os_short_name": "ubuntu",
                        "os_version": "20.04"
                      },
                      {
                        "os_short_name": "ubuntu",
                        "os_version": "22.04"
                      }
                    ],
                    "resources": [
                      {
                        "exec": [
                          {
                            "enforce": [
                              {
                                "args": [],
                                "file": [],
                                "interpreter": "SHELL",
                                "output_file_path": "",
                                "script": "sudo chmod 000 /etc/shadow\nexit 100\n"
                              }
                            ],
                            "validate": [
                              {
                                "args": [],
                                "file": [],
                                "interpreter": "SHELL",
                                "output_file_path": "",
                                "script": "if ! sudo stat -c %a /etc/shadow | grep -qw '0' ; then\n  exit 101\nelse\n  exit 100\nfi\n"
                              }
                            ]
                          }
                        ],
                        "file": [],
                        "id": "configuration",
                        "pkg": [],
                        "repository": []
                      }
                    ]
                  }
                ]
              }
            ],
            "project": "swit-alpha",
            "reconciling": true,
            "revision_create_time": "2024-04-02T10:48:32.704465Z",
            "revision_id": "10266926-fce5-4d11-8ddd-bab9101280c0",
            "rollout": [
              {
                "disruption_budget": [
                  {
                    "fixed": 0,
                    "percent": 100
                  }
                ],
                "min_wait_duration": "0s"
              }
            ],
            "rollout_state": "IN_PROGRESS",
            "skip_await_rollout": true,
            "timeouts": null,
            "uid": "228519ca-a7f0-47dd-8816-8e484b84d3c5"
          },
          "sensitive_attributes": [],
          "private": "eyJlMmJmYjczMC1lY2FhLTExZTYtOGY4OC0zNDM2M2JjN2M0YzAiOnsiY3JlYXRlIjoxMjAwMDAwMDAwMDAwLCJkZWxldGUiOjEyMDAwMDAwMDAwMDAsInVwZGF0ZSI6MTIwMDAwMDAwMDAwMH19",
          "dependencies": [
            "module.os_policy.data.google_compute_zones.this",
            "module.os_policy.data.google_project.default"
          ]
        },
        {
          "index_key": "us-west1-c",
          "schema_version": 0,
          "attributes": {
            "baseline": false,
            "deleted": false,
            "description": "",
            "etag": "d3d16207-16d4-4bea-a7e4-42efb2873b6a",
            "id": "projects/swit-alpha/locations/us-west1-c/osPolicyAssignments/us-west1-c-unx203",
            "instance_filter": [
              {
                "all": false,
                "exclusion_labels": [
                  {
                    "labels": {
                      "goog-gke-node": ""
                    }
                  },
                  {
                    "labels": {
                      "nat": ""
                    }
                  },
                  {
                    "labels": {
                      "serverless-vpc-access": "swit-alpha-serverless-uw1"
                    }
                  }
                ],
                "inclusion_labels": [],
                "inventories": []
              }
            ],
            "location": "us-west1-c",
            "name": "us-west1-c-unx203",
            "os_policies": [
              {
                "allow_no_resource_group_match": false,
                "description": "",
                "id": "unx203",
                "mode": "ENFORCEMENT",
                "resource_groups": [
                  {
                    "inventory_filters": [
                      {
                        "os_short_name": "debian",
                        "os_version": "10"
                      },
                      {
                        "os_short_name": "debian",
                        "os_version": "11"
                      },
                      {
                        "os_short_name": "debian",
                        "os_version": "12"
                      },
                      {
                        "os_short_name": "rocky",
                        "os_version": "8.*"
                      },
                      {
                        "os_short_name": "rocky",
                        "os_version": "9.*"
                      },
                      {
                        "os_short_name": "ubuntu",
                        "os_version": "20.04"
                      },
                      {
                        "os_short_name": "ubuntu",
                        "os_version": "22.04"
                      }
                    ],
                    "resources": [
                      {
                        "exec": [
                          {
                            "enforce": [
                              {
                                "args": [],
                                "file": [],
                                "interpreter": "SHELL",
                                "output_file_path": "",
                                "script": "sudo chmod 000 /etc/shadow\nexit 100\n"
                              }
                            ],
                            "validate": [
                              {
                                "args": [],
                                "file": [],
                                "interpreter": "SHELL",
                                "output_file_path": "",
                                "script": "if ! sudo stat -c %a /etc/shadow | grep -qw '0' ; then\n  exit 101\nelse\n  exit 100\nfi\n"
                              }
                            ]
                          }
                        ],
                        "file": [],
                        "id": "configuration",
                        "pkg": [],
                        "repository": []
                      }
                    ]
                  }
                ]
              }
            ],
            "project": "swit-alpha",
            "reconciling": true,
            "revision_create_time": "2024-04-02T10:48:30.025145Z",
            "revision_id": "51d48a97-f677-46c6-b38c-46b16f395743",
            "rollout": [
              {
                "disruption_budget": [
                  {
                    "fixed": 0,
                    "percent": 100
                  }
                ],
                "min_wait_duration": "0s"
              }
            ],
            "rollout_state": "IN_PROGRESS",
            "skip_await_rollout": true,
            "timeouts": null,
            "uid": "c01c990b-b996-46e4-be79-38942cdc8c75"
          },
          "sensitive_attributes": [],
          "private": "eyJlMmJmYjczMC1lY2FhLTExZTYtOGY4OC0zNDM2M2JjN2M0YzAiOnsiY3JlYXRlIjoxMjAwMDAwMDAwMDAwLCJkZWxldGUiOjEyMDAwMDAwMDAwMDAsInVwZGF0ZSI6MTIwMDAwMDAwMDAwMH19",
          "dependencies": [
            "module.os_policy.data.google_compute_zones.this",
            "module.os_policy.data.google_project.default"
          ]
        }
      ]
    },
    {
      "module": "module.os_policy",
      "mode": "managed",
      "type": "google_os_config_os_policy_assignment",
      "name": "unx207",
      "provider": "provider[\"registry.terraform.io/hashicorp/google\"]",
      "instances": [
        {
          "index_key": "asia-northeast3-a",
          "schema_version": 0,
          "attributes": {
            "baseline": false,
            "deleted": false,
            "description": "",
            "etag": "4c9c6df6-e0e6-4896-a989-9101fa7ca9c8",
            "id": "projects/swit-alpha/locations/asia-northeast3-a/osPolicyAssignments/asia-northeast3-a-unx207",
            "instance_filter": [
              {
                "all": false,
                "exclusion_labels": [
                  {
                    "labels": {
                      "goog-gke-node": ""
                    }
                  },
                  {
                    "labels": {
                      "nat": ""
                    }
                  },
                  {
                    "labels": {
                      "serverless-vpc-access": "swit-alpha-serverless-uw1"
                    }
                  }
                ],
                "inclusion_labels": [],
                "inventories": []
              }
            ],
            "location": "asia-northeast3-a",
            "name": "asia-northeast3-a-unx207",
            "os_policies": [
              {
                "allow_no_resource_group_match": false,
                "description": "",
                "id": "unx207",
                "mode": "ENFORCEMENT",
                "resource_groups": [
                  {
                    "inventory_filters": [
                      {
                        "os_short_name": "debian",
                        "os_version": "10"
                      },
                      {
                        "os_short_name": "debian",
                        "os_version": "11"
                      },
                      {
                        "os_short_name": "debian",
                        "os_version": "12"
                      },
                      {
                        "os_short_name": "rocky",
                        "os_version": "8.*"
                      },
                      {
                        "os_short_name": "rocky",
                        "os_version": "9.*"
                      },
                      {
                        "os_short_name": "ubuntu",
                        "os_version": "20.04"
                      },
                      {
                        "os_short_name": "ubuntu",
                        "os_version": "22.04"
                      }
                    ],
                    "resources": [
                      {
                        "exec": [
                          {
                            "enforce": [
                              {
                                "args": [],
                                "file": [],
                                "interpreter": "SHELL",
                                "output_file_path": "",
                                "script": "sudo chmod 755 /sbin/unix_chkpwd\nsudo chmod 755 /usr/bin/newgrp\nif [ -f /usr/bin/at ] ; then\n  sudo chmod 755 /usr/bin/at\nfi\nexit 100\n"
                              }
                            ],
                            "validate": [
                              {
                                "args": [],
                                "file": [],
                                "interpreter": "SHELL",
                                "output_file_path": "",
                                "script": "if ! sudo stat -c %a /sbin/unix_chkpwd | grep -qw '755' ; then\n  exit 101\nelif ! sudo stat -c %a /usr/bin/newgrp | grep -qw '755' ; then\n  exit 101\nelif [ -f /usr/bin/at ] \u0026\u0026 ! sudo stat -c %a /usr/bin/at | grep -qw '755' ; then\n  exit 101\nelse\n  exit 100\nfi\n"
                              }
                            ]
                          }
                        ],
                        "file": [],
                        "id": "configuration",
                        "pkg": [],
                        "repository": []
                      }
                    ]
                  }
                ]
              }
            ],
            "project": "swit-alpha",
            "reconciling": true,
            "revision_create_time": "2024-04-02T10:48:30.261636Z",
            "revision_id": "98748716-f3fc-4ac7-b5c1-939fb1826053",
            "rollout": [
              {
                "disruption_budget": [
                  {
                    "fixed": 0,
                    "percent": 100
                  }
                ],
                "min_wait_duration": "0s"
              }
            ],
            "rollout_state": "IN_PROGRESS",
            "skip_await_rollout": true,
            "timeouts": null,
            "uid": "22d2d216-4083-455c-bd07-1a3f97827936"
          },
          "sensitive_attributes": [],
          "private": "eyJlMmJmYjczMC1lY2FhLTExZTYtOGY4OC0zNDM2M2JjN2M0YzAiOnsiY3JlYXRlIjoxMjAwMDAwMDAwMDAwLCJkZWxldGUiOjEyMDAwMDAwMDAwMDAsInVwZGF0ZSI6MTIwMDAwMDAwMDAwMH19",
          "dependencies": [
            "module.os_policy.data.google_compute_zones.this",
            "module.os_policy.data.google_project.default"
          ]
        },
        {
          "index_key": "asia-northeast3-b",
          "schema_version": 0,
          "attributes": {
            "baseline": false,
            "deleted": false,
            "description": "",
            "etag": "700e9068-75cc-4b61-9ee8-6bf3ad276081",
            "id": "projects/swit-alpha/locations/asia-northeast3-b/osPolicyAssignments/asia-northeast3-b-unx207",
            "instance_filter": [
              {
                "all": false,
                "exclusion_labels": [
                  {
                    "labels": {
                      "goog-gke-node": ""
                    }
                  },
                  {
                    "labels": {
                      "nat": ""
                    }
                  },
                  {
                    "labels": {
                      "serverless-vpc-access": "swit-alpha-serverless-uw1"
                    }
                  }
                ],
                "inclusion_labels": [],
                "inventories": []
              }
            ],
            "location": "asia-northeast3-b",
            "name": "asia-northeast3-b-unx207",
            "os_policies": [
              {
                "allow_no_resource_group_match": false,
                "description": "",
                "id": "unx207",
                "mode": "ENFORCEMENT",
                "resource_groups": [
                  {
                    "inventory_filters": [
                      {
                        "os_short_name": "debian",
                        "os_version": "10"
                      },
                      {
                        "os_short_name": "debian",
                        "os_version": "11"
                      },
                      {
                        "os_short_name": "debian",
                        "os_version": "12"
                      },
                      {
                        "os_short_name": "rocky",
                        "os_version": "8.*"
                      },
                      {
                        "os_short_name": "rocky",
                        "os_version": "9.*"
                      },
                      {
                        "os_short_name": "ubuntu",
                        "os_version": "20.04"
                      },
                      {
                        "os_short_name": "ubuntu",
                        "os_version": "22.04"
                      }
                    ],
                    "resources": [
                      {
                        "exec": [
                          {
                            "enforce": [
                              {
                                "args": [],
                                "file": [],
                                "interpreter": "SHELL",
                                "output_file_path": "",
                                "script": "sudo chmod 755 /sbin/unix_chkpwd\nsudo chmod 755 /usr/bin/newgrp\nif [ -f /usr/bin/at ] ; then\n  sudo chmod 755 /usr/bin/at\nfi\nexit 100\n"
                              }
                            ],
                            "validate": [
                              {
                                "args": [],
                                "file": [],
                                "interpreter": "SHELL",
                                "output_file_path": "",
                                "script": "if ! sudo stat -c %a /sbin/unix_chkpwd | grep -qw '755' ; then\n  exit 101\nelif ! sudo stat -c %a /usr/bin/newgrp | grep -qw '755' ; then\n  exit 101\nelif [ -f /usr/bin/at ] \u0026\u0026 ! sudo stat -c %a /usr/bin/at | grep -qw '755' ; then\n  exit 101\nelse\n  exit 100\nfi\n"
                              }
                            ]
                          }
                        ],
                        "file": [],
                        "id": "configuration",
                        "pkg": [],
                        "repository": []
                      }
                    ]
                  }
                ]
              }
            ],
            "project": "swit-alpha",
            "reconciling": true,
            "revision_create_time": "2024-04-02T10:48:29.278602Z",
            "revision_id": "23f4a7c9-2ba0-4fb8-9322-4c8b2f7e8f7b",
            "rollout": [
              {
                "disruption_budget": [
                  {
                    "fixed": 0,
                    "percent": 100
                  }
                ],
                "min_wait_duration": "0s"
              }
            ],
            "rollout_state": "IN_PROGRESS",
            "skip_await_rollout": true,
            "timeouts": null,
            "uid": "4ef80386-7666-42f5-a0f8-161fa484fd39"
          },
          "sensitive_attributes": [],
          "private": "eyJlMmJmYjczMC1lY2FhLTExZTYtOGY4OC0zNDM2M2JjN2M0YzAiOnsiY3JlYXRlIjoxMjAwMDAwMDAwMDAwLCJkZWxldGUiOjEyMDAwMDAwMDAwMDAsInVwZGF0ZSI6MTIwMDAwMDAwMDAwMH19",
          "dependencies": [
            "module.os_policy.data.google_compute_zones.this",
            "module.os_policy.data.google_project.default"
          ]
        },
        {
          "index_key": "asia-northeast3-c",
          "schema_version": 0,
          "attributes": {
            "baseline": false,
            "deleted": false,
            "description": "",
            "etag": "6925be22-322e-44ad-a110-9e18eb3efd8d",
            "id": "projects/swit-alpha/locations/asia-northeast3-c/osPolicyAssignments/asia-northeast3-c-unx207",
            "instance_filter": [
              {
                "all": false,
                "exclusion_labels": [
                  {
                    "labels": {
                      "goog-gke-node": ""
                    }
                  },
                  {
                    "labels": {
                      "nat": ""
                    }
                  },
                  {
                    "labels": {
                      "serverless-vpc-access": "swit-alpha-serverless-uw1"
                    }
                  }
                ],
                "inclusion_labels": [],
                "inventories": []
              }
            ],
            "location": "asia-northeast3-c",
            "name": "asia-northeast3-c-unx207",
            "os_policies": [
              {
                "allow_no_resource_group_match": false,
                "description": "",
                "id": "unx207",
                "mode": "ENFORCEMENT",
                "resource_groups": [
                  {
                    "inventory_filters": [
                      {
                        "os_short_name": "debian",
                        "os_version": "10"
                      },
                      {
                        "os_short_name": "debian",
                        "os_version": "11"
                      },
                      {
                        "os_short_name": "debian",
                        "os_version": "12"
                      },
                      {
                        "os_short_name": "rocky",
                        "os_version": "8.*"
                      },
                      {
                        "os_short_name": "rocky",
                        "os_version": "9.*"
                      },
                      {
                        "os_short_name": "ubuntu",
                        "os_version": "20.04"
                      },
                      {
                        "os_short_name": "ubuntu",
                        "os_version": "22.04"
                      }
                    ],
                    "resources": [
                      {
                        "exec": [
                          {
                            "enforce": [
                              {
                                "args": [],
                                "file": [],
                                "interpreter": "SHELL",
                                "output_file_path": "",
                                "script": "sudo chmod 755 /sbin/unix_chkpwd\nsudo chmod 755 /usr/bin/newgrp\nif [ -f /usr/bin/at ] ; then\n  sudo chmod 755 /usr/bin/at\nfi\nexit 100\n"
                              }
                            ],
                            "validate": [
                              {
                                "args": [],
                                "file": [],
                                "interpreter": "SHELL",
                                "output_file_path": "",
                                "script": "if ! sudo stat -c %a /sbin/unix_chkpwd | grep -qw '755' ; then\n  exit 101\nelif ! sudo stat -c %a /usr/bin/newgrp | grep -qw '755' ; then\n  exit 101\nelif [ -f /usr/bin/at ] \u0026\u0026 ! sudo stat -c %a /usr/bin/at | grep -qw '755' ; then\n  exit 101\nelse\n  exit 100\nfi\n"
                              }
                            ]
                          }
                        ],
                        "file": [],
                        "id": "configuration",
                        "pkg": [],
                        "repository": []
                      }
                    ]
                  }
                ]
              }
            ],
            "project": "swit-alpha",
            "reconciling": true,
            "revision_create_time": "2024-04-02T10:48:30.437499Z",
            "revision_id": "5afa6cb9-d4ef-4f7d-83ab-505bf84cdbf0",
            "rollout": [
              {
                "disruption_budget": [
                  {
                    "fixed": 0,
                    "percent": 100
                  }
                ],
                "min_wait_duration": "0s"
              }
            ],
            "rollout_state": "IN_PROGRESS",
            "skip_await_rollout": true,
            "timeouts": null,
            "uid": "cd4fdb27-9809-4bbe-866a-e2e30f0d0365"
          },
          "sensitive_attributes": [],
          "private": "eyJlMmJmYjczMC1lY2FhLTExZTYtOGY4OC0zNDM2M2JjN2M0YzAiOnsiY3JlYXRlIjoxMjAwMDAwMDAwMDAwLCJkZWxldGUiOjEyMDAwMDAwMDAwMDAsInVwZGF0ZSI6MTIwMDAwMDAwMDAwMH19",
          "dependencies": [
            "module.os_policy.data.google_compute_zones.this",
            "module.os_policy.data.google_project.default"
          ]
        },
        {
          "index_key": "us-west1-a",
          "schema_version": 0,
          "attributes": {
            "baseline": false,
            "deleted": false,
            "description": "",
            "etag": "d9c101b8-03f7-4a93-b5e0-b8afd6b0d3d1",
            "id": "projects/swit-alpha/locations/us-west1-a/osPolicyAssignments/us-west1-a-unx207",
            "instance_filter": [
              {
                "all": false,
                "exclusion_labels": [
                  {
                    "labels": {
                      "goog-gke-node": ""
                    }
                  },
                  {
                    "labels": {
                      "nat": ""
                    }
                  },
                  {
                    "labels": {
                      "serverless-vpc-access": "swit-alpha-serverless-uw1"
                    }
                  }
                ],
                "inclusion_labels": [],
                "inventories": []
              }
            ],
            "location": "us-west1-a",
            "name": "us-west1-a-unx207",
            "os_policies": [
              {
                "allow_no_resource_group_match": false,
                "description": "",
                "id": "unx207",
                "mode": "ENFORCEMENT",
                "resource_groups": [
                  {
                    "inventory_filters": [
                      {
                        "os_short_name": "debian",
                        "os_version": "10"
                      },
                      {
                        "os_short_name": "debian",
                        "os_version": "11"
                      },
                      {
                        "os_short_name": "debian",
                        "os_version": "12"
                      },
                      {
                        "os_short_name": "rocky",
                        "os_version": "8.*"
                      },
                      {
                        "os_short_name": "rocky",
                        "os_version": "9.*"
                      },
                      {
                        "os_short_name": "ubuntu",
                        "os_version": "20.04"
                      },
                      {
                        "os_short_name": "ubuntu",
                        "os_version": "22.04"
                      }
                    ],
                    "resources": [
                      {
                        "exec": [
                          {
                            "enforce": [
                              {
                                "args": [],
                                "file": [],
                                "interpreter": "SHELL",
                                "output_file_path": "",
                                "script": "sudo chmod 755 /sbin/unix_chkpwd\nsudo chmod 755 /usr/bin/newgrp\nif [ -f /usr/bin/at ] ; then\n  sudo chmod 755 /usr/bin/at\nfi\nexit 100\n"
                              }
                            ],
                            "validate": [
                              {
                                "args": [],
                                "file": [],
                                "interpreter": "SHELL",
                                "output_file_path": "",
                                "script": "if ! sudo stat -c %a /sbin/unix_chkpwd | grep -qw '755' ; then\n  exit 101\nelif ! sudo stat -c %a /usr/bin/newgrp | grep -qw '755' ; then\n  exit 101\nelif [ -f /usr/bin/at ] \u0026\u0026 ! sudo stat -c %a /usr/bin/at | grep -qw '755' ; then\n  exit 101\nelse\n  exit 100\nfi\n"
                              }
                            ]
                          }
                        ],
                        "file": [],
                        "id": "configuration",
                        "pkg": [],
                        "repository": []
                      }
                    ]
                  }
                ]
              }
            ],
            "project": "swit-alpha",
            "reconciling": true,
            "revision_create_time": "2024-04-02T10:48:29.668593Z",
            "revision_id": "ded387ef-c4d5-45dd-812b-bac9589fbb9f",
            "rollout": [
              {
                "disruption_budget": [
                  {
                    "fixed": 0,
                    "percent": 100
                  }
                ],
                "min_wait_duration": "0s"
              }
            ],
            "rollout_state": "IN_PROGRESS",
            "skip_await_rollout": true,
            "timeouts": null,
            "uid": "6d5a8c46-c210-4d8c-a826-e68a8e4ff1cb"
          },
          "sensitive_attributes": [],
          "private": "eyJlMmJmYjczMC1lY2FhLTExZTYtOGY4OC0zNDM2M2JjN2M0YzAiOnsiY3JlYXRlIjoxMjAwMDAwMDAwMDAwLCJkZWxldGUiOjEyMDAwMDAwMDAwMDAsInVwZGF0ZSI6MTIwMDAwMDAwMDAwMH19",
          "dependencies": [
            "module.os_policy.data.google_compute_zones.this",
            "module.os_policy.data.google_project.default"
          ]
        },
        {
          "index_key": "us-west1-b",
          "schema_version": 0,
          "attributes": {
            "baseline": false,
            "deleted": false,
            "description": "",
            "etag": "cd3c7fd0-9320-4e23-b354-a7cc16250930",
            "id": "projects/swit-alpha/locations/us-west1-b/osPolicyAssignments/us-west1-b-unx207",
            "instance_filter": [
              {
                "all": false,
                "exclusion_labels": [
                  {
                    "labels": {
                      "goog-gke-node": ""
                    }
                  },
                  {
                    "labels": {
                      "nat": ""
                    }
                  },
                  {
                    "labels": {
                      "serverless-vpc-access": "swit-alpha-serverless-uw1"
                    }
                  }
                ],
                "inclusion_labels": [],
                "inventories": []
              }
            ],
            "location": "us-west1-b",
            "name": "us-west1-b-unx207",
            "os_policies": [
              {
                "allow_no_resource_group_match": false,
                "description": "",
                "id": "unx207",
                "mode": "ENFORCEMENT",
                "resource_groups": [
                  {
                    "inventory_filters": [
                      {
                        "os_short_name": "debian",
                        "os_version": "10"
                      },
                      {
                        "os_short_name": "debian",
                        "os_version": "11"
                      },
                      {
                        "os_short_name": "debian",
                        "os_version": "12"
                      },
                      {
                        "os_short_name": "rocky",
                        "os_version": "8.*"
                      },
                      {
                        "os_short_name": "rocky",
                        "os_version": "9.*"
                      },
                      {
                        "os_short_name": "ubuntu",
                        "os_version": "20.04"
                      },
                      {
                        "os_short_name": "ubuntu",
                        "os_version": "22.04"
                      }
                    ],
                    "resources": [
                      {
                        "exec": [
                          {
                            "enforce": [
                              {
                                "args": [],
                                "file": [],
                                "interpreter": "SHELL",
                                "output_file_path": "",
                                "script": "sudo chmod 755 /sbin/unix_chkpwd\nsudo chmod 755 /usr/bin/newgrp\nif [ -f /usr/bin/at ] ; then\n  sudo chmod 755 /usr/bin/at\nfi\nexit 100\n"
                              }
                            ],
                            "validate": [
                              {
                                "args": [],
                                "file": [],
                                "interpreter": "SHELL",
                                "output_file_path": "",
                                "script": "if ! sudo stat -c %a /sbin/unix_chkpwd | grep -qw '755' ; then\n  exit 101\nelif ! sudo stat -c %a /usr/bin/newgrp | grep -qw '755' ; then\n  exit 101\nelif [ -f /usr/bin/at ] \u0026\u0026 ! sudo stat -c %a /usr/bin/at | grep -qw '755' ; then\n  exit 101\nelse\n  exit 100\nfi\n"
                              }
                            ]
                          }
                        ],
                        "file": [],
                        "id": "configuration",
                        "pkg": [],
                        "repository": []
                      }
                    ]
                  }
                ]
              }
            ],
            "project": "swit-alpha",
            "reconciling": true,
            "revision_create_time": "2024-04-02T10:48:30.791241Z",
            "revision_id": "52dedb91-c03a-4f65-b33a-2642a0c8404b",
            "rollout": [
              {
                "disruption_budget": [
                  {
                    "fixed": 0,
                    "percent": 100
                  }
                ],
                "min_wait_duration": "0s"
              }
            ],
            "rollout_state": "IN_PROGRESS",
            "skip_await_rollout": true,
            "timeouts": null,
            "uid": "a39a9e00-027f-4346-b927-64c0f4df4d70"
          },
          "sensitive_attributes": [],
          "private": "eyJlMmJmYjczMC1lY2FhLTExZTYtOGY4OC0zNDM2M2JjN2M0YzAiOnsiY3JlYXRlIjoxMjAwMDAwMDAwMDAwLCJkZWxldGUiOjEyMDAwMDAwMDAwMDAsInVwZGF0ZSI6MTIwMDAwMDAwMDAwMH19",
          "dependencies": [
            "module.os_policy.data.google_compute_zones.this",
            "module.os_policy.data.google_project.default"
          ]
        },
        {
          "index_key": "us-west1-c",
          "schema_version": 0,
          "attributes": {
            "baseline": false,
            "deleted": false,
            "description": "",
            "etag": "af6220c5-1880-4ae2-8d82-c1d98a291599",
            "id": "projects/swit-alpha/locations/us-west1-c/osPolicyAssignments/us-west1-c-unx207",
            "instance_filter": [
              {
                "all": false,
                "exclusion_labels": [
                  {
                    "labels": {
                      "goog-gke-node": ""
                    }
                  },
                  {
                    "labels": {
                      "nat": ""
                    }
                  },
                  {
                    "labels": {
                      "serverless-vpc-access": "swit-alpha-serverless-uw1"
                    }
                  }
                ],
                "inclusion_labels": [],
                "inventories": []
              }
            ],
            "location": "us-west1-c",
            "name": "us-west1-c-unx207",
            "os_policies": [
              {
                "allow_no_resource_group_match": false,
                "description": "",
                "id": "unx207",
                "mode": "ENFORCEMENT",
                "resource_groups": [
                  {
                    "inventory_filters": [
                      {
                        "os_short_name": "debian",
                        "os_version": "10"
                      },
                      {
                        "os_short_name": "debian",
                        "os_version": "11"
                      },
                      {
                        "os_short_name": "debian",
                        "os_version": "12"
                      },
                      {
                        "os_short_name": "rocky",
                        "os_version": "8.*"
                      },
                      {
                        "os_short_name": "rocky",
                        "os_version": "9.*"
                      },
                      {
                        "os_short_name": "ubuntu",
                        "os_version": "20.04"
                      },
                      {
                        "os_short_name": "ubuntu",
                        "os_version": "22.04"
                      }
                    ],
                    "resources": [
                      {
                        "exec": [
                          {
                            "enforce": [
                              {
                                "args": [],
                                "file": [],
                                "interpreter": "SHELL",
                                "output_file_path": "",
                                "script": "sudo chmod 755 /sbin/unix_chkpwd\nsudo chmod 755 /usr/bin/newgrp\nif [ -f /usr/bin/at ] ; then\n  sudo chmod 755 /usr/bin/at\nfi\nexit 100\n"
                              }
                            ],
                            "validate": [
                              {
                                "args": [],
                                "file": [],
                                "interpreter": "SHELL",
                                "output_file_path": "",
                                "script": "if ! sudo stat -c %a /sbin/unix_chkpwd | grep -qw '755' ; then\n  exit 101\nelif ! sudo stat -c %a /usr/bin/newgrp | grep -qw '755' ; then\n  exit 101\nelif [ -f /usr/bin/at ] \u0026\u0026 ! sudo stat -c %a /usr/bin/at | grep -qw '755' ; then\n  exit 101\nelse\n  exit 100\nfi\n"
                              }
                            ]
                          }
                        ],
                        "file": [],
                        "id": "configuration",
                        "pkg": [],
                        "repository": []
                      }
                    ]
                  }
                ]
              }
            ],
            "project": "swit-alpha",
            "reconciling": true,
            "revision_create_time": "2024-04-02T10:48:30.111601Z",
            "revision_id": "a680f413-cefb-421f-b5f6-16cebe07c3d2",
            "rollout": [
              {
                "disruption_budget": [
                  {
                    "fixed": 0,
                    "percent": 100
                  }
                ],
                "min_wait_duration": "0s"
              }
            ],
            "rollout_state": "IN_PROGRESS",
            "skip_await_rollout": true,
            "timeouts": null,
            "uid": "1a2e2923-15f0-4d8e-9258-e62f6dbb2238"
          },
          "sensitive_attributes": [],
          "private": "eyJlMmJmYjczMC1lY2FhLTExZTYtOGY4OC0zNDM2M2JjN2M0YzAiOnsiY3JlYXRlIjoxMjAwMDAwMDAwMDAwLCJkZWxldGUiOjEyMDAwMDAwMDAwMDAsInVwZGF0ZSI6MTIwMDAwMDAwMDAwMH19",
          "dependencies": [
            "module.os_policy.data.google_compute_zones.this",
            "module.os_policy.data.google_project.default"
          ]
        }
      ]
    },
    {
      "module": "module.os_policy",
      "mode": "managed",
      "type": "google_os_config_os_policy_assignment",
      "name": "unx302",
      "provider": "provider[\"registry.terraform.io/hashicorp/google\"]",
      "instances": [
        {
          "index_key": "asia-northeast3-a",
          "schema_version": 0,
          "attributes": {
            "baseline": false,
            "deleted": false,
            "description": "",
            "etag": "b7e4f2e1-7439-47f8-8314-e7b6e3edf509",
            "id": "projects/swit-alpha/locations/asia-northeast3-a/osPolicyAssignments/asia-northeast3-a-unx302",
            "instance_filter": [
              {
                "all": false,
                "exclusion_labels": [
                  {
                    "labels": {
                      "goog-gke-node": ""
                    }
                  },
                  {
                    "labels": {
                      "nat": ""
                    }
                  },
                  {
                    "labels": {
                      "serverless-vpc-access": "swit-alpha-serverless-uw1"
                    }
                  }
                ],
                "inclusion_labels": [],
                "inventories": []
              }
            ],
            "location": "asia-northeast3-a",
            "name": "asia-northeast3-a-unx302",
            "os_policies": [
              {
                "allow_no_resource_group_match": false,
                "description": "",
                "id": "unx302",
                "mode": "ENFORCEMENT",
                "resource_groups": [
                  {
                    "inventory_filters": [
                      {
                        "os_short_name": "debian",
                        "os_version": "10"
                      },
                      {
                        "os_short_name": "debian",
                        "os_version": "11"
                      },
                      {
                        "os_short_name": "debian",
                        "os_version": "12"
                      },
                      {
                        "os_short_name": "rocky",
                        "os_version": "8.*"
                      },
                      {
                        "os_short_name": "rocky",
                        "os_version": "9.*"
                      },
                      {
                        "os_short_name": "ubuntu",
                        "os_version": "20.04"
                      },
                      {
                        "os_short_name": "ubuntu",
                        "os_version": "22.04"
                      }
                    ],
                    "resources": [
                      {
                        "exec": [
                          {
                            "enforce": [
                              {
                                "args": [],
                                "file": [],
                                "interpreter": "SHELL",
                                "output_file_path": "",
                                "script": "if [ ! -f /etc/cron.allow ] ; then\n  sudo touch /etc/cron.allow\nfi\nsudo chown root /etc/cron.allow\nsudo chmod 640 /etc/cron.allow\nif [ ! -f /etc/cron.deny ] ; then\n  sudo touch /etc/cron.deny\nfi\nsudo chown root /etc/cron.deny\nsudo chmod 640 /etc/cron.deny\nexit 100\n"
                              }
                            ],
                            "validate": [
                              {
                                "args": [],
                                "file": [],
                                "interpreter": "SHELL",
                                "output_file_path": "",
                                "script": "if [ ! -f /etc/cron.allow ] ; then\n  exit 101\nelif ! sudo stat -c %a /etc/cron.allow | grep -qw '640' ; then\n  exit 101\nelif ! sudo stat -c %U /etc/cron.allow | grep -qw 'root' ; then\n  exit 101\nelif [ ! -f /etc/cron.deny ] ; then\n  exit 101\nelif ! sudo stat -c %a /etc/cron.deny | grep -qw '640' ; then\n  exit 101\nelif ! sudo stat -c %U /etc/cron.deny | grep -qw 'root' ; then\n  exit 101\nelse\n  exit 100\nfi\n"
                              }
                            ]
                          }
                        ],
                        "file": [],
                        "id": "configuration",
                        "pkg": [],
                        "repository": []
                      }
                    ]
                  }
                ]
              }
            ],
            "project": "swit-alpha",
            "reconciling": true,
            "revision_create_time": "2024-04-02T10:48:34.914081Z",
            "revision_id": "a6f4d9fe-bbe6-41d8-bf6b-e427e84abdc0",
            "rollout": [
              {
                "disruption_budget": [
                  {
                    "fixed": 0,
                    "percent": 100
                  }
                ],
                "min_wait_duration": "0s"
              }
            ],
            "rollout_state": "IN_PROGRESS",
            "skip_await_rollout": true,
            "timeouts": null,
            "uid": "7f8e6ea0-927b-4f43-829c-9558a1356e21"
          },
          "sensitive_attributes": [],
          "private": "eyJlMmJmYjczMC1lY2FhLTExZTYtOGY4OC0zNDM2M2JjN2M0YzAiOnsiY3JlYXRlIjoxMjAwMDAwMDAwMDAwLCJkZWxldGUiOjEyMDAwMDAwMDAwMDAsInVwZGF0ZSI6MTIwMDAwMDAwMDAwMH19",
          "dependencies": [
            "module.os_policy.data.google_compute_zones.this",
            "module.os_policy.data.google_project.default"
          ]
        },
        {
          "index_key": "asia-northeast3-b",
          "schema_version": 0,
          "attributes": {
            "baseline": false,
            "deleted": false,
            "description": "",
            "etag": "b28bd8bc-d2be-4bb7-bf72-d0a979106bcf",
            "id": "projects/swit-alpha/locations/asia-northeast3-b/osPolicyAssignments/asia-northeast3-b-unx302",
            "instance_filter": [
              {
                "all": false,
                "exclusion_labels": [
                  {
                    "labels": {
                      "goog-gke-node": ""
                    }
                  },
                  {
                    "labels": {
                      "nat": ""
                    }
                  },
                  {
                    "labels": {
                      "serverless-vpc-access": "swit-alpha-serverless-uw1"
                    }
                  }
                ],
                "inclusion_labels": [],
                "inventories": []
              }
            ],
            "location": "asia-northeast3-b",
            "name": "asia-northeast3-b-unx302",
            "os_policies": [
              {
                "allow_no_resource_group_match": false,
                "description": "",
                "id": "unx302",
                "mode": "ENFORCEMENT",
                "resource_groups": [
                  {
                    "inventory_filters": [
                      {
                        "os_short_name": "debian",
                        "os_version": "10"
                      },
                      {
                        "os_short_name": "debian",
                        "os_version": "11"
                      },
                      {
                        "os_short_name": "debian",
                        "os_version": "12"
                      },
                      {
                        "os_short_name": "rocky",
                        "os_version": "8.*"
                      },
                      {
                        "os_short_name": "rocky",
                        "os_version": "9.*"
                      },
                      {
                        "os_short_name": "ubuntu",
                        "os_version": "20.04"
                      },
                      {
                        "os_short_name": "ubuntu",
                        "os_version": "22.04"
                      }
                    ],
                    "resources": [
                      {
                        "exec": [
                          {
                            "enforce": [
                              {
                                "args": [],
                                "file": [],
                                "interpreter": "SHELL",
                                "output_file_path": "",
                                "script": "if [ ! -f /etc/cron.allow ] ; then\n  sudo touch /etc/cron.allow\nfi\nsudo chown root /etc/cron.allow\nsudo chmod 640 /etc/cron.allow\nif [ ! -f /etc/cron.deny ] ; then\n  sudo touch /etc/cron.deny\nfi\nsudo chown root /etc/cron.deny\nsudo chmod 640 /etc/cron.deny\nexit 100\n"
                              }
                            ],
                            "validate": [
                              {
                                "args": [],
                                "file": [],
                                "interpreter": "SHELL",
                                "output_file_path": "",
                                "script": "if [ ! -f /etc/cron.allow ] ; then\n  exit 101\nelif ! sudo stat -c %a /etc/cron.allow | grep -qw '640' ; then\n  exit 101\nelif ! sudo stat -c %U /etc/cron.allow | grep -qw 'root' ; then\n  exit 101\nelif [ ! -f /etc/cron.deny ] ; then\n  exit 101\nelif ! sudo stat -c %a /etc/cron.deny | grep -qw '640' ; then\n  exit 101\nelif ! sudo stat -c %U /etc/cron.deny | grep -qw 'root' ; then\n  exit 101\nelse\n  exit 100\nfi\n"
                              }
                            ]
                          }
                        ],
                        "file": [],
                        "id": "configuration",
                        "pkg": [],
                        "repository": []
                      }
                    ]
                  }
                ]
              }
            ],
            "project": "swit-alpha",
            "reconciling": true,
            "revision_create_time": "2024-04-02T10:48:35.353265Z",
            "revision_id": "3d53f714-b84c-4c3a-bd34-70f208192768",
            "rollout": [
              {
                "disruption_budget": [
                  {
                    "fixed": 0,
                    "percent": 100
                  }
                ],
                "min_wait_duration": "0s"
              }
            ],
            "rollout_state": "IN_PROGRESS",
            "skip_await_rollout": true,
            "timeouts": null,
            "uid": "7f02ab43-5d8a-4a8b-a37f-3ab9a3bdb388"
          },
          "sensitive_attributes": [],
          "private": "eyJlMmJmYjczMC1lY2FhLTExZTYtOGY4OC0zNDM2M2JjN2M0YzAiOnsiY3JlYXRlIjoxMjAwMDAwMDAwMDAwLCJkZWxldGUiOjEyMDAwMDAwMDAwMDAsInVwZGF0ZSI6MTIwMDAwMDAwMDAwMH19",
          "dependencies": [
            "module.os_policy.data.google_compute_zones.this",
            "module.os_policy.data.google_project.default"
          ]
        },
        {
          "index_key": "asia-northeast3-c",
          "schema_version": 0,
          "attributes": {
            "baseline": false,
            "deleted": false,
            "description": "",
            "etag": "47e22037-7e0d-4afd-9b31-e30f62453ec2",
            "id": "projects/swit-alpha/locations/asia-northeast3-c/osPolicyAssignments/asia-northeast3-c-unx302",
            "instance_filter": [
              {
                "all": false,
                "exclusion_labels": [
                  {
                    "labels": {
                      "goog-gke-node": ""
                    }
                  },
                  {
                    "labels": {
                      "nat": ""
                    }
                  },
                  {
                    "labels": {
                      "serverless-vpc-access": "swit-alpha-serverless-uw1"
                    }
                  }
                ],
                "inclusion_labels": [],
                "inventories": []
              }
            ],
            "location": "asia-northeast3-c",
            "name": "asia-northeast3-c-unx302",
            "os_policies": [
              {
                "allow_no_resource_group_match": false,
                "description": "",
                "id": "unx302",
                "mode": "ENFORCEMENT",
                "resource_groups": [
                  {
                    "inventory_filters": [
                      {
                        "os_short_name": "debian",
                        "os_version": "10"
                      },
                      {
                        "os_short_name": "debian",
                        "os_version": "11"
                      },
                      {
                        "os_short_name": "debian",
                        "os_version": "12"
                      },
                      {
                        "os_short_name": "rocky",
                        "os_version": "8.*"
                      },
                      {
                        "os_short_name": "rocky",
                        "os_version": "9.*"
                      },
                      {
                        "os_short_name": "ubuntu",
                        "os_version": "20.04"
                      },
                      {
                        "os_short_name": "ubuntu",
                        "os_version": "22.04"
                      }
                    ],
                    "resources": [
                      {
                        "exec": [
                          {
                            "enforce": [
                              {
                                "args": [],
                                "file": [],
                                "interpreter": "SHELL",
                                "output_file_path": "",
                                "script": "if [ ! -f /etc/cron.allow ] ; then\n  sudo touch /etc/cron.allow\nfi\nsudo chown root /etc/cron.allow\nsudo chmod 640 /etc/cron.allow\nif [ ! -f /etc/cron.deny ] ; then\n  sudo touch /etc/cron.deny\nfi\nsudo chown root /etc/cron.deny\nsudo chmod 640 /etc/cron.deny\nexit 100\n"
                              }
                            ],
                            "validate": [
                              {
                                "args": [],
                                "file": [],
                                "interpreter": "SHELL",
                                "output_file_path": "",
                                "script": "if [ ! -f /etc/cron.allow ] ; then\n  exit 101\nelif ! sudo stat -c %a /etc/cron.allow | grep -qw '640' ; then\n  exit 101\nelif ! sudo stat -c %U /etc/cron.allow | grep -qw 'root' ; then\n  exit 101\nelif [ ! -f /etc/cron.deny ] ; then\n  exit 101\nelif ! sudo stat -c %a /etc/cron.deny | grep -qw '640' ; then\n  exit 101\nelif ! sudo stat -c %U /etc/cron.deny | grep -qw 'root' ; then\n  exit 101\nelse\n  exit 100\nfi\n"
                              }
                            ]
                          }
                        ],
                        "file": [],
                        "id": "configuration",
                        "pkg": [],
                        "repository": []
                      }
                    ]
                  }
                ]
              }
            ],
            "project": "swit-alpha",
            "reconciling": true,
            "revision_create_time": "2024-04-02T10:48:34.504731Z",
            "revision_id": "6b1c9de7-d0ba-4a50-afc6-5142956e4cbb",
            "rollout": [
              {
                "disruption_budget": [
                  {
                    "fixed": 0,
                    "percent": 100
                  }
                ],
                "min_wait_duration": "0s"
              }
            ],
            "rollout_state": "IN_PROGRESS",
            "skip_await_rollout": true,
            "timeouts": null,
            "uid": "a550388f-8534-44a0-915c-0abd4dac6a91"
          },
          "sensitive_attributes": [],
          "private": "eyJlMmJmYjczMC1lY2FhLTExZTYtOGY4OC0zNDM2M2JjN2M0YzAiOnsiY3JlYXRlIjoxMjAwMDAwMDAwMDAwLCJkZWxldGUiOjEyMDAwMDAwMDAwMDAsInVwZGF0ZSI6MTIwMDAwMDAwMDAwMH19",
          "dependencies": [
            "module.os_policy.data.google_compute_zones.this",
            "module.os_policy.data.google_project.default"
          ]
        },
        {
          "index_key": "us-west1-a",
          "schema_version": 0,
          "attributes": {
            "baseline": false,
            "deleted": false,
            "description": "",
            "etag": "5d23ff7f-837a-4a07-be18-1786f0e5c86b",
            "id": "projects/swit-alpha/locations/us-west1-a/osPolicyAssignments/us-west1-a-unx302",
            "instance_filter": [
              {
                "all": false,
                "exclusion_labels": [
                  {
                    "labels": {
                      "goog-gke-node": ""
                    }
                  },
                  {
                    "labels": {
                      "nat": ""
                    }
                  },
                  {
                    "labels": {
                      "serverless-vpc-access": "swit-alpha-serverless-uw1"
                    }
                  }
                ],
                "inclusion_labels": [],
                "inventories": []
              }
            ],
            "location": "us-west1-a",
            "name": "us-west1-a-unx302",
            "os_policies": [
              {
                "allow_no_resource_group_match": false,
                "description": "",
                "id": "unx302",
                "mode": "ENFORCEMENT",
                "resource_groups": [
                  {
                    "inventory_filters": [
                      {
                        "os_short_name": "debian",
                        "os_version": "10"
                      },
                      {
                        "os_short_name": "debian",
                        "os_version": "11"
                      },
                      {
                        "os_short_name": "debian",
                        "os_version": "12"
                      },
                      {
                        "os_short_name": "rocky",
                        "os_version": "8.*"
                      },
                      {
                        "os_short_name": "rocky",
                        "os_version": "9.*"
                      },
                      {
                        "os_short_name": "ubuntu",
                        "os_version": "20.04"
                      },
                      {
                        "os_short_name": "ubuntu",
                        "os_version": "22.04"
                      }
                    ],
                    "resources": [
                      {
                        "exec": [
                          {
                            "enforce": [
                              {
                                "args": [],
                                "file": [],
                                "interpreter": "SHELL",
                                "output_file_path": "",
                                "script": "if [ ! -f /etc/cron.allow ] ; then\n  sudo touch /etc/cron.allow\nfi\nsudo chown root /etc/cron.allow\nsudo chmod 640 /etc/cron.allow\nif [ ! -f /etc/cron.deny ] ; then\n  sudo touch /etc/cron.deny\nfi\nsudo chown root /etc/cron.deny\nsudo chmod 640 /etc/cron.deny\nexit 100\n"
                              }
                            ],
                            "validate": [
                              {
                                "args": [],
                                "file": [],
                                "interpreter": "SHELL",
                                "output_file_path": "",
                                "script": "if [ ! -f /etc/cron.allow ] ; then\n  exit 101\nelif ! sudo stat -c %a /etc/cron.allow | grep -qw '640' ; then\n  exit 101\nelif ! sudo stat -c %U /etc/cron.allow | grep -qw 'root' ; then\n  exit 101\nelif [ ! -f /etc/cron.deny ] ; then\n  exit 101\nelif ! sudo stat -c %a /etc/cron.deny | grep -qw '640' ; then\n  exit 101\nelif ! sudo stat -c %U /etc/cron.deny | grep -qw 'root' ; then\n  exit 101\nelse\n  exit 100\nfi\n"
                              }
                            ]
                          }
                        ],
                        "file": [],
                        "id": "configuration",
                        "pkg": [],
                        "repository": []
                      }
                    ]
                  }
                ]
              }
            ],
            "project": "swit-alpha",
            "reconciling": true,
            "revision_create_time": "2024-04-02T10:48:35.703952Z",
            "revision_id": "d496f3ca-a72f-409b-9e38-bb91f93b4202",
            "rollout": [
              {
                "disruption_budget": [
                  {
                    "fixed": 0,
                    "percent": 100
                  }
                ],
                "min_wait_duration": "0s"
              }
            ],
            "rollout_state": "IN_PROGRESS",
            "skip_await_rollout": true,
            "timeouts": null,
            "uid": "455a04ef-e428-4acd-a7a2-198a10742fd3"
          },
          "sensitive_attributes": [],
          "private": "eyJlMmJmYjczMC1lY2FhLTExZTYtOGY4OC0zNDM2M2JjN2M0YzAiOnsiY3JlYXRlIjoxMjAwMDAwMDAwMDAwLCJkZWxldGUiOjEyMDAwMDAwMDAwMDAsInVwZGF0ZSI6MTIwMDAwMDAwMDAwMH19",
          "dependencies": [
            "module.os_policy.data.google_compute_zones.this",
            "module.os_policy.data.google_project.default"
          ]
        },
        {
          "index_key": "us-west1-b",
          "schema_version": 0,
          "attributes": {
            "baseline": false,
            "deleted": false,
            "description": "",
            "etag": "b52da458-90c4-4309-ba5b-bfc0c5f95871",
            "id": "projects/swit-alpha/locations/us-west1-b/osPolicyAssignments/us-west1-b-unx302",
            "instance_filter": [
              {
                "all": false,
                "exclusion_labels": [
                  {
                    "labels": {
                      "goog-gke-node": ""
                    }
                  },
                  {
                    "labels": {
                      "nat": ""
                    }
                  },
                  {
                    "labels": {
                      "serverless-vpc-access": "swit-alpha-serverless-uw1"
                    }
                  }
                ],
                "inclusion_labels": [],
                "inventories": []
              }
            ],
            "location": "us-west1-b",
            "name": "us-west1-b-unx302",
            "os_policies": [
              {
                "allow_no_resource_group_match": false,
                "description": "",
                "id": "unx302",
                "mode": "ENFORCEMENT",
                "resource_groups": [
                  {
                    "inventory_filters": [
                      {
                        "os_short_name": "debian",
                        "os_version": "10"
                      },
                      {
                        "os_short_name": "debian",
                        "os_version": "11"
                      },
                      {
                        "os_short_name": "debian",
                        "os_version": "12"
                      },
                      {
                        "os_short_name": "rocky",
                        "os_version": "8.*"
                      },
                      {
                        "os_short_name": "rocky",
                        "os_version": "9.*"
                      },
                      {
                        "os_short_name": "ubuntu",
                        "os_version": "20.04"
                      },
                      {
                        "os_short_name": "ubuntu",
                        "os_version": "22.04"
                      }
                    ],
                    "resources": [
                      {
                        "exec": [
                          {
                            "enforce": [
                              {
                                "args": [],
                                "file": [],
                                "interpreter": "SHELL",
                                "output_file_path": "",
                                "script": "if [ ! -f /etc/cron.allow ] ; then\n  sudo touch /etc/cron.allow\nfi\nsudo chown root /etc/cron.allow\nsudo chmod 640 /etc/cron.allow\nif [ ! -f /etc/cron.deny ] ; then\n  sudo touch /etc/cron.deny\nfi\nsudo chown root /etc/cron.deny\nsudo chmod 640 /etc/cron.deny\nexit 100\n"
                              }
                            ],
                            "validate": [
                              {
                                "args": [],
                                "file": [],
                                "interpreter": "SHELL",
                                "output_file_path": "",
                                "script": "if [ ! -f /etc/cron.allow ] ; then\n  exit 101\nelif ! sudo stat -c %a /etc/cron.allow | grep -qw '640' ; then\n  exit 101\nelif ! sudo stat -c %U /etc/cron.allow | grep -qw 'root' ; then\n  exit 101\nelif [ ! -f /etc/cron.deny ] ; then\n  exit 101\nelif ! sudo stat -c %a /etc/cron.deny | grep -qw '640' ; then\n  exit 101\nelif ! sudo stat -c %U /etc/cron.deny | grep -qw 'root' ; then\n  exit 101\nelse\n  exit 100\nfi\n"
                              }
                            ]
                          }
                        ],
                        "file": [],
                        "id": "configuration",
                        "pkg": [],
                        "repository": []
                      }
                    ]
                  }
                ]
              }
            ],
            "project": "swit-alpha",
            "reconciling": true,
            "revision_create_time": "2024-04-02T10:48:34.828154Z",
            "revision_id": "849a603b-ca71-4c7f-bf9f-86c64f32f7c5",
            "rollout": [
              {
                "disruption_budget": [
                  {
                    "fixed": 0,
                    "percent": 100
                  }
                ],
                "min_wait_duration": "0s"
              }
            ],
            "rollout_state": "IN_PROGRESS",
            "skip_await_rollout": true,
            "timeouts": null,
            "uid": "f5072a64-9d73-4043-9afd-a04c524a01df"
          },
          "sensitive_attributes": [],
          "private": "eyJlMmJmYjczMC1lY2FhLTExZTYtOGY4OC0zNDM2M2JjN2M0YzAiOnsiY3JlYXRlIjoxMjAwMDAwMDAwMDAwLCJkZWxldGUiOjEyMDAwMDAwMDAwMDAsInVwZGF0ZSI6MTIwMDAwMDAwMDAwMH19",
          "dependencies": [
            "module.os_policy.data.google_compute_zones.this",
            "module.os_policy.data.google_project.default"
          ]
        },
        {
          "index_key": "us-west1-c",
          "schema_version": 0,
          "attributes": {
            "baseline": false,
            "deleted": false,
            "description": "",
            "etag": "1aae1d38-22a8-4fa7-870a-16609333aa74",
            "id": "projects/swit-alpha/locations/us-west1-c/osPolicyAssignments/us-west1-c-unx302",
            "instance_filter": [
              {
                "all": false,
                "exclusion_labels": [
                  {
                    "labels": {
                      "goog-gke-node": ""
                    }
                  },
                  {
                    "labels": {
                      "nat": ""
                    }
                  },
                  {
                    "labels": {
                      "serverless-vpc-access": "swit-alpha-serverless-uw1"
                    }
                  }
                ],
                "inclusion_labels": [],
                "inventories": []
              }
            ],
            "location": "us-west1-c",
            "name": "us-west1-c-unx302",
            "os_policies": [
              {
                "allow_no_resource_group_match": false,
                "description": "",
                "id": "unx302",
                "mode": "ENFORCEMENT",
                "resource_groups": [
                  {
                    "inventory_filters": [
                      {
                        "os_short_name": "debian",
                        "os_version": "10"
                      },
                      {
                        "os_short_name": "debian",
                        "os_version": "11"
                      },
                      {
                        "os_short_name": "debian",
                        "os_version": "12"
                      },
                      {
                        "os_short_name": "rocky",
                        "os_version": "8.*"
                      },
                      {
                        "os_short_name": "rocky",
                        "os_version": "9.*"
                      },
                      {
                        "os_short_name": "ubuntu",
                        "os_version": "20.04"
                      },
                      {
                        "os_short_name": "ubuntu",
                        "os_version": "22.04"
                      }
                    ],
                    "resources": [
                      {
                        "exec": [
                          {
                            "enforce": [
                              {
                                "args": [],
                                "file": [],
                                "interpreter": "SHELL",
                                "output_file_path": "",
                                "script": "if [ ! -f /etc/cron.allow ] ; then\n  sudo touch /etc/cron.allow\nfi\nsudo chown root /etc/cron.allow\nsudo chmod 640 /etc/cron.allow\nif [ ! -f /etc/cron.deny ] ; then\n  sudo touch /etc/cron.deny\nfi\nsudo chown root /etc/cron.deny\nsudo chmod 640 /etc/cron.deny\nexit 100\n"
                              }
                            ],
                            "validate": [
                              {
                                "args": [],
                                "file": [],
                                "interpreter": "SHELL",
                                "output_file_path": "",
                                "script": "if [ ! -f /etc/cron.allow ] ; then\n  exit 101\nelif ! sudo stat -c %a /etc/cron.allow | grep -qw '640' ; then\n  exit 101\nelif ! sudo stat -c %U /etc/cron.allow | grep -qw 'root' ; then\n  exit 101\nelif [ ! -f /etc/cron.deny ] ; then\n  exit 101\nelif ! sudo stat -c %a /etc/cron.deny | grep -qw '640' ; then\n  exit 101\nelif ! sudo stat -c %U /etc/cron.deny | grep -qw 'root' ; then\n  exit 101\nelse\n  exit 100\nfi\n"
                              }
                            ]
                          }
                        ],
                        "file": [],
                        "id": "configuration",
                        "pkg": [],
                        "repository": []
                      }
                    ]
                  }
                ]
              }
            ],
            "project": "swit-alpha",
            "reconciling": true,
            "revision_create_time": "2024-04-02T10:48:35.335558Z",
            "revision_id": "763e6faf-e0ba-482d-9160-4fe5b8e57405",
            "rollout": [
              {
                "disruption_budget": [
                  {
                    "fixed": 0,
                    "percent": 100
                  }
                ],
                "min_wait_duration": "0s"
              }
            ],
            "rollout_state": "IN_PROGRESS",
            "skip_await_rollout": true,
            "timeouts": null,
            "uid": "d47e417d-6f89-4312-8780-02ffab148ab7"
          },
          "sensitive_attributes": [],
          "private": "eyJlMmJmYjczMC1lY2FhLTExZTYtOGY4OC0zNDM2M2JjN2M0YzAiOnsiY3JlYXRlIjoxMjAwMDAwMDAwMDAwLCJkZWxldGUiOjEyMDAwMDAwMDAwMDAsInVwZGF0ZSI6MTIwMDAwMDAwMDAwMH19",
          "dependencies": [
            "module.os_policy.data.google_compute_zones.this",
            "module.os_policy.data.google_project.default"
          ]
        }
      ]
    },
    {
      "module": "module.os_policy",
      "mode": "managed",
      "type": "google_os_config_os_policy_assignment",
      "name": "unx314",
      "provider": "provider[\"registry.terraform.io/hashicorp/google\"]",
      "instances": [
        {
          "index_key": "asia-northeast3-a",
          "schema_version": 0,
          "attributes": {
            "baseline": false,
            "deleted": false,
            "description": "",
            "etag": "4d6f6a6c-71a1-4a99-b835-3222664adafa",
            "id": "projects/swit-alpha/locations/asia-northeast3-a/osPolicyAssignments/asia-northeast3-a-unx314",
            "instance_filter": [
              {
                "all": false,
                "exclusion_labels": [
                  {
                    "labels": {
                      "goog-gke-node": ""
                    }
                  },
                  {
                    "labels": {
                      "nat": ""
                    }
                  },
                  {
                    "labels": {
                      "serverless-vpc-access": "swit-alpha-serverless-uw1"
                    }
                  }
                ],
                "inclusion_labels": [],
                "inventories": []
              }
            ],
            "location": "asia-northeast3-a",
            "name": "asia-northeast3-a-unx314",
            "os_policies": [
              {
                "allow_no_resource_group_match": false,
                "description": "",
                "id": "unx314",
                "mode": "ENFORCEMENT",
                "resource_groups": [
                  {
                    "inventory_filters": [
                      {
                        "os_short_name": "debian",
                        "os_version": "10"
                      },
                      {
                        "os_short_name": "debian",
                        "os_version": "11"
                      },
                      {
                        "os_short_name": "debian",
                        "os_version": "12"
                      },
                      {
                        "os_short_name": "rocky",
                        "os_version": "8.*"
                      },
                      {
                        "os_short_name": "rocky",
                        "os_version": "9.*"
                      },
                      {
                        "os_short_name": "ubuntu",
                        "os_version": "20.04"
                      },
                      {
                        "os_short_name": "ubuntu",
                        "os_version": "22.04"
                      }
                    ],
                    "resources": [
                      {
                        "exec": [
                          {
                            "enforce": [
                              {
                                "args": [],
                                "file": [],
                                "interpreter": "SHELL",
                                "output_file_path": "",
                                "script": "sudo rm -f /etc/motd\nif sudo grep -v '#' /etc/pam.d/login | grep -q 'pam_motd' ; then\n  sudo sed '/pam_motd/d' /etc/pam.d/login | sudo tee /etc/pam.d/.login\n  sudo mv /etc/pam.d/.login /etc/pam.d/login\nfi\nif sudo grep -v '#' /etc/pam.d/sshd | grep -q 'pam_motd' ; then\n  sudo sed '/pam_motd/d' /etc/pam.d/sshd | sudo tee /etc/pam.d/.sshd\n  sudo mv /etc/pam.d/.sshd /etc/pam.d/sshd\nfi\ncat \u003c\u003c EOF | sudo tee /etc/issue\n********************************************************************\n  This system is for the use of authorized users only. Usage of\n  this system may be monitored and recorded by system personnel.\n\n  Anyone using this system expressly consents to such monitoring\n  and is advised that if such monitoring reveals possible\n  evidence of criminal activity, system personnel may provide the\n  evidence from such monitoring to law enforcement officials.\n\n  Illegal access may be subject to legal sanctions\n\n  © 2019 by Swit Technologies Inc. All rights reserved.\n********************************************************************\nEOF\ncat \u003c\u003c EOF | sudo tee /etc/issue.net\n********************************************************************\n  This system is for the use of authorized users only. Usage of\n  this system may be monitored and recorded by system personnel.\n\n  Anyone using this system expressly consents to such monitoring\n  and is advised that if such monitoring reveals possible\n  evidence of criminal activity, system personnel may provide the\n  evidence from such monitoring to law enforcement officials.\n\n  Illegal access may be subject to legal sanctions\n\n  © 2019 by Swit Technologies Inc. All rights reserved.\n********************************************************************\nEOF\nexit 100\n"
                              }
                            ],
                            "validate": [
                              {
                                "args": [],
                                "file": [],
                                "interpreter": "SHELL",
                                "output_file_path": "",
                                "script": "if [ -f /etc/motd ] ; then\n  exit 101\nelif sudo grep -v '#' /etc/pam.d/login | grep -q 'pam_motd' ; then\n  exit 101\nelif sudo grep -v '#' /etc/pam.d/sshd | grep -q 'pam_motd' ; then\n  exit 101\nelif ! sudo grep -q 'Swit' /etc/issue ; then\n  exit 101\nelif ! sudo grep -q 'Swit' /etc/issue.net ; then\n  exit 101\nelse\n  exit 100\nfi\n"
                              }
                            ]
                          }
                        ],
                        "file": [],
                        "id": "configuration",
                        "pkg": [],
                        "repository": []
                      }
                    ]
                  }
                ]
              }
            ],
            "project": "swit-alpha",
            "reconciling": true,
            "revision_create_time": "2024-04-02T10:48:28.141893Z",
            "revision_id": "1f83c88e-7f8b-43d6-85bf-15b87d011fb8",
            "rollout": [
              {
                "disruption_budget": [
                  {
                    "fixed": 0,
                    "percent": 100
                  }
                ],
                "min_wait_duration": "0s"
              }
            ],
            "rollout_state": "IN_PROGRESS",
            "skip_await_rollout": true,
            "timeouts": null,
            "uid": "5b95cce5-8c9e-4ac4-8f26-1a8651aca7e4"
          },
          "sensitive_attributes": [],
          "private": "eyJlMmJmYjczMC1lY2FhLTExZTYtOGY4OC0zNDM2M2JjN2M0YzAiOnsiY3JlYXRlIjoxMjAwMDAwMDAwMDAwLCJkZWxldGUiOjEyMDAwMDAwMDAwMDAsInVwZGF0ZSI6MTIwMDAwMDAwMDAwMH19",
          "dependencies": [
            "module.os_policy.data.google_compute_zones.this",
            "module.os_policy.data.google_project.default"
          ]
        },
        {
          "index_key": "asia-northeast3-b",
          "schema_version": 0,
          "attributes": {
            "baseline": false,
            "deleted": false,
            "description": "",
            "etag": "e2e654ae-219c-49ef-b130-5cd6ae1891d4",
            "id": "projects/swit-alpha/locations/asia-northeast3-b/osPolicyAssignments/asia-northeast3-b-unx314",
            "instance_filter": [
              {
                "all": false,
                "exclusion_labels": [
                  {
                    "labels": {
                      "goog-gke-node": ""
                    }
                  },
                  {
                    "labels": {
                      "nat": ""
                    }
                  },
                  {
                    "labels": {
                      "serverless-vpc-access": "swit-alpha-serverless-uw1"
                    }
                  }
                ],
                "inclusion_labels": [],
                "inventories": []
              }
            ],
            "location": "asia-northeast3-b",
            "name": "asia-northeast3-b-unx314",
            "os_policies": [
              {
                "allow_no_resource_group_match": false,
                "description": "",
                "id": "unx314",
                "mode": "ENFORCEMENT",
                "resource_groups": [
                  {
                    "inventory_filters": [
                      {
                        "os_short_name": "debian",
                        "os_version": "10"
                      },
                      {
                        "os_short_name": "debian",
                        "os_version": "11"
                      },
                      {
                        "os_short_name": "debian",
                        "os_version": "12"
                      },
                      {
                        "os_short_name": "rocky",
                        "os_version": "8.*"
                      },
                      {
                        "os_short_name": "rocky",
                        "os_version": "9.*"
                      },
                      {
                        "os_short_name": "ubuntu",
                        "os_version": "20.04"
                      },
                      {
                        "os_short_name": "ubuntu",
                        "os_version": "22.04"
                      }
                    ],
                    "resources": [
                      {
                        "exec": [
                          {
                            "enforce": [
                              {
                                "args": [],
                                "file": [],
                                "interpreter": "SHELL",
                                "output_file_path": "",
                                "script": "sudo rm -f /etc/motd\nif sudo grep -v '#' /etc/pam.d/login | grep -q 'pam_motd' ; then\n  sudo sed '/pam_motd/d' /etc/pam.d/login | sudo tee /etc/pam.d/.login\n  sudo mv /etc/pam.d/.login /etc/pam.d/login\nfi\nif sudo grep -v '#' /etc/pam.d/sshd | grep -q 'pam_motd' ; then\n  sudo sed '/pam_motd/d' /etc/pam.d/sshd | sudo tee /etc/pam.d/.sshd\n  sudo mv /etc/pam.d/.sshd /etc/pam.d/sshd\nfi\ncat \u003c\u003c EOF | sudo tee /etc/issue\n********************************************************************\n  This system is for the use of authorized users only. Usage of\n  this system may be monitored and recorded by system personnel.\n\n  Anyone using this system expressly consents to such monitoring\n  and is advised that if such monitoring reveals possible\n  evidence of criminal activity, system personnel may provide the\n  evidence from such monitoring to law enforcement officials.\n\n  Illegal access may be subject to legal sanctions\n\n  © 2019 by Swit Technologies Inc. All rights reserved.\n********************************************************************\nEOF\ncat \u003c\u003c EOF | sudo tee /etc/issue.net\n********************************************************************\n  This system is for the use of authorized users only. Usage of\n  this system may be monitored and recorded by system personnel.\n\n  Anyone using this system expressly consents to such monitoring\n  and is advised that if such monitoring reveals possible\n  evidence of criminal activity, system personnel may provide the\n  evidence from such monitoring to law enforcement officials.\n\n  Illegal access may be subject to legal sanctions\n\n  © 2019 by Swit Technologies Inc. All rights reserved.\n********************************************************************\nEOF\nexit 100\n"
                              }
                            ],
                            "validate": [
                              {
                                "args": [],
                                "file": [],
                                "interpreter": "SHELL",
                                "output_file_path": "",
                                "script": "if [ -f /etc/motd ] ; then\n  exit 101\nelif sudo grep -v '#' /etc/pam.d/login | grep -q 'pam_motd' ; then\n  exit 101\nelif sudo grep -v '#' /etc/pam.d/sshd | grep -q 'pam_motd' ; then\n  exit 101\nelif ! sudo grep -q 'Swit' /etc/issue ; then\n  exit 101\nelif ! sudo grep -q 'Swit' /etc/issue.net ; then\n  exit 101\nelse\n  exit 100\nfi\n"
                              }
                            ]
                          }
                        ],
                        "file": [],
                        "id": "configuration",
                        "pkg": [],
                        "repository": []
                      }
                    ]
                  }
                ]
              }
            ],
            "project": "swit-alpha",
            "reconciling": true,
            "revision_create_time": "2024-04-02T10:48:28.690095Z",
            "revision_id": "708274ce-11f2-43a6-b918-ef76bc30990d",
            "rollout": [
              {
                "disruption_budget": [
                  {
                    "fixed": 0,
                    "percent": 100
                  }
                ],
                "min_wait_duration": "0s"
              }
            ],
            "rollout_state": "IN_PROGRESS",
            "skip_await_rollout": true,
            "timeouts": null,
            "uid": "aaa2215b-b76c-4edb-b44c-b547cbe74dd5"
          },
          "sensitive_attributes": [],
          "private": "eyJlMmJmYjczMC1lY2FhLTExZTYtOGY4OC0zNDM2M2JjN2M0YzAiOnsiY3JlYXRlIjoxMjAwMDAwMDAwMDAwLCJkZWxldGUiOjEyMDAwMDAwMDAwMDAsInVwZGF0ZSI6MTIwMDAwMDAwMDAwMH19",
          "dependencies": [
            "module.os_policy.data.google_compute_zones.this",
            "module.os_policy.data.google_project.default"
          ]
        },
        {
          "index_key": "asia-northeast3-c",
          "schema_version": 0,
          "attributes": {
            "baseline": false,
            "deleted": false,
            "description": "",
            "etag": "a8897153-9c81-48bc-a308-6ce7f35b467d",
            "id": "projects/swit-alpha/locations/asia-northeast3-c/osPolicyAssignments/asia-northeast3-c-unx314",
            "instance_filter": [
              {
                "all": false,
                "exclusion_labels": [
                  {
                    "labels": {
                      "goog-gke-node": ""
                    }
                  },
                  {
                    "labels": {
                      "nat": ""
                    }
                  },
                  {
                    "labels": {
                      "serverless-vpc-access": "swit-alpha-serverless-uw1"
                    }
                  }
                ],
                "inclusion_labels": [],
                "inventories": []
              }
            ],
            "location": "asia-northeast3-c",
            "name": "asia-northeast3-c-unx314",
            "os_policies": [
              {
                "allow_no_resource_group_match": false,
                "description": "",
                "id": "unx314",
                "mode": "ENFORCEMENT",
                "resource_groups": [
                  {
                    "inventory_filters": [
                      {
                        "os_short_name": "debian",
                        "os_version": "10"
                      },
                      {
                        "os_short_name": "debian",
                        "os_version": "11"
                      },
                      {
                        "os_short_name": "debian",
                        "os_version": "12"
                      },
                      {
                        "os_short_name": "rocky",
                        "os_version": "8.*"
                      },
                      {
                        "os_short_name": "rocky",
                        "os_version": "9.*"
                      },
                      {
                        "os_short_name": "ubuntu",
                        "os_version": "20.04"
                      },
                      {
                        "os_short_name": "ubuntu",
                        "os_version": "22.04"
                      }
                    ],
                    "resources": [
                      {
                        "exec": [
                          {
                            "enforce": [
                              {
                                "args": [],
                                "file": [],
                                "interpreter": "SHELL",
                                "output_file_path": "",
                                "script": "sudo rm -f /etc/motd\nif sudo grep -v '#' /etc/pam.d/login | grep -q 'pam_motd' ; then\n  sudo sed '/pam_motd/d' /etc/pam.d/login | sudo tee /etc/pam.d/.login\n  sudo mv /etc/pam.d/.login /etc/pam.d/login\nfi\nif sudo grep -v '#' /etc/pam.d/sshd | grep -q 'pam_motd' ; then\n  sudo sed '/pam_motd/d' /etc/pam.d/sshd | sudo tee /etc/pam.d/.sshd\n  sudo mv /etc/pam.d/.sshd /etc/pam.d/sshd\nfi\ncat \u003c\u003c EOF | sudo tee /etc/issue\n********************************************************************\n  This system is for the use of authorized users only. Usage of\n  this system may be monitored and recorded by system personnel.\n\n  Anyone using this system expressly consents to such monitoring\n  and is advised that if such monitoring reveals possible\n  evidence of criminal activity, system personnel may provide the\n  evidence from such monitoring to law enforcement officials.\n\n  Illegal access may be subject to legal sanctions\n\n  © 2019 by Swit Technologies Inc. All rights reserved.\n********************************************************************\nEOF\ncat \u003c\u003c EOF | sudo tee /etc/issue.net\n********************************************************************\n  This system is for the use of authorized users only. Usage of\n  this system may be monitored and recorded by system personnel.\n\n  Anyone using this system expressly consents to such monitoring\n  and is advised that if such monitoring reveals possible\n  evidence of criminal activity, system personnel may provide the\n  evidence from such monitoring to law enforcement officials.\n\n  Illegal access may be subject to legal sanctions\n\n  © 2019 by Swit Technologies Inc. All rights reserved.\n********************************************************************\nEOF\nexit 100\n"
                              }
                            ],
                            "validate": [
                              {
                                "args": [],
                                "file": [],
                                "interpreter": "SHELL",
                                "output_file_path": "",
                                "script": "if [ -f /etc/motd ] ; then\n  exit 101\nelif sudo grep -v '#' /etc/pam.d/login | grep -q 'pam_motd' ; then\n  exit 101\nelif sudo grep -v '#' /etc/pam.d/sshd | grep -q 'pam_motd' ; then\n  exit 101\nelif ! sudo grep -q 'Swit' /etc/issue ; then\n  exit 101\nelif ! sudo grep -q 'Swit' /etc/issue.net ; then\n  exit 101\nelse\n  exit 100\nfi\n"
                              }
                            ]
                          }
                        ],
                        "file": [],
                        "id": "configuration",
                        "pkg": [],
                        "repository": []
                      }
                    ]
                  }
                ]
              }
            ],
            "project": "swit-alpha",
            "reconciling": true,
            "revision_create_time": "2024-04-02T10:48:27.157598Z",
            "revision_id": "fc88ca37-dc0a-4117-8102-323de1c45176",
            "rollout": [
              {
                "disruption_budget": [
                  {
                    "fixed": 0,
                    "percent": 100
                  }
                ],
                "min_wait_duration": "0s"
              }
            ],
            "rollout_state": "IN_PROGRESS",
            "skip_await_rollout": true,
            "timeouts": null,
            "uid": "fa771126-7e00-471a-9a0f-0bf6998cc211"
          },
          "sensitive_attributes": [],
          "private": "eyJlMmJmYjczMC1lY2FhLTExZTYtOGY4OC0zNDM2M2JjN2M0YzAiOnsiY3JlYXRlIjoxMjAwMDAwMDAwMDAwLCJkZWxldGUiOjEyMDAwMDAwMDAwMDAsInVwZGF0ZSI6MTIwMDAwMDAwMDAwMH19",
          "dependencies": [
            "module.os_policy.data.google_compute_zones.this",
            "module.os_policy.data.google_project.default"
          ]
        },
        {
          "index_key": "us-west1-a",
          "schema_version": 0,
          "attributes": {
            "baseline": false,
            "deleted": false,
            "description": "",
            "etag": "62a1581e-3243-4574-95d1-37dc8fe07fa9",
            "id": "projects/swit-alpha/locations/us-west1-a/osPolicyAssignments/us-west1-a-unx314",
            "instance_filter": [
              {
                "all": false,
                "exclusion_labels": [
                  {
                    "labels": {
                      "goog-gke-node": ""
                    }
                  },
                  {
                    "labels": {
                      "nat": ""
                    }
                  },
                  {
                    "labels": {
                      "serverless-vpc-access": "swit-alpha-serverless-uw1"
                    }
                  }
                ],
                "inclusion_labels": [],
                "inventories": []
              }
            ],
            "location": "us-west1-a",
            "name": "us-west1-a-unx314",
            "os_policies": [
              {
                "allow_no_resource_group_match": false,
                "description": "",
                "id": "unx314",
                "mode": "ENFORCEMENT",
                "resource_groups": [
                  {
                    "inventory_filters": [
                      {
                        "os_short_name": "debian",
                        "os_version": "10"
                      },
                      {
                        "os_short_name": "debian",
                        "os_version": "11"
                      },
                      {
                        "os_short_name": "debian",
                        "os_version": "12"
                      },
                      {
                        "os_short_name": "rocky",
                        "os_version": "8.*"
                      },
                      {
                        "os_short_name": "rocky",
                        "os_version": "9.*"
                      },
                      {
                        "os_short_name": "ubuntu",
                        "os_version": "20.04"
                      },
                      {
                        "os_short_name": "ubuntu",
                        "os_version": "22.04"
                      }
                    ],
                    "resources": [
                      {
                        "exec": [
                          {
                            "enforce": [
                              {
                                "args": [],
                                "file": [],
                                "interpreter": "SHELL",
                                "output_file_path": "",
                                "script": "sudo rm -f /etc/motd\nif sudo grep -v '#' /etc/pam.d/login | grep -q 'pam_motd' ; then\n  sudo sed '/pam_motd/d' /etc/pam.d/login | sudo tee /etc/pam.d/.login\n  sudo mv /etc/pam.d/.login /etc/pam.d/login\nfi\nif sudo grep -v '#' /etc/pam.d/sshd | grep -q 'pam_motd' ; then\n  sudo sed '/pam_motd/d' /etc/pam.d/sshd | sudo tee /etc/pam.d/.sshd\n  sudo mv /etc/pam.d/.sshd /etc/pam.d/sshd\nfi\ncat \u003c\u003c EOF | sudo tee /etc/issue\n********************************************************************\n  This system is for the use of authorized users only. Usage of\n  this system may be monitored and recorded by system personnel.\n\n  Anyone using this system expressly consents to such monitoring\n  and is advised that if such monitoring reveals possible\n  evidence of criminal activity, system personnel may provide the\n  evidence from such monitoring to law enforcement officials.\n\n  Illegal access may be subject to legal sanctions\n\n  © 2019 by Swit Technologies Inc. All rights reserved.\n********************************************************************\nEOF\ncat \u003c\u003c EOF | sudo tee /etc/issue.net\n********************************************************************\n  This system is for the use of authorized users only. Usage of\n  this system may be monitored and recorded by system personnel.\n\n  Anyone using this system expressly consents to such monitoring\n  and is advised that if such monitoring reveals possible\n  evidence of criminal activity, system personnel may provide the\n  evidence from such monitoring to law enforcement officials.\n\n  Illegal access may be subject to legal sanctions\n\n  © 2019 by Swit Technologies Inc. All rights reserved.\n********************************************************************\nEOF\nexit 100\n"
                              }
                            ],
                            "validate": [
                              {
                                "args": [],
                                "file": [],
                                "interpreter": "SHELL",
                                "output_file_path": "",
                                "script": "if [ -f /etc/motd ] ; then\n  exit 101\nelif sudo grep -v '#' /etc/pam.d/login | grep -q 'pam_motd' ; then\n  exit 101\nelif sudo grep -v '#' /etc/pam.d/sshd | grep -q 'pam_motd' ; then\n  exit 101\nelif ! sudo grep -q 'Swit' /etc/issue ; then\n  exit 101\nelif ! sudo grep -q 'Swit' /etc/issue.net ; then\n  exit 101\nelse\n  exit 100\nfi\n"
                              }
                            ]
                          }
                        ],
                        "file": [],
                        "id": "configuration",
                        "pkg": [],
                        "repository": []
                      }
                    ]
                  }
                ]
              }
            ],
            "project": "swit-alpha",
            "reconciling": true,
            "revision_create_time": "2024-04-02T10:48:28.943373Z",
            "revision_id": "6e116e7a-9243-4de1-a895-8bb3d5428014",
            "rollout": [
              {
                "disruption_budget": [
                  {
                    "fixed": 0,
                    "percent": 100
                  }
                ],
                "min_wait_duration": "0s"
              }
            ],
            "rollout_state": "IN_PROGRESS",
            "skip_await_rollout": true,
            "timeouts": null,
            "uid": "aa43824a-1c1d-4727-8462-4f6089ab8c19"
          },
          "sensitive_attributes": [],
          "private": "eyJlMmJmYjczMC1lY2FhLTExZTYtOGY4OC0zNDM2M2JjN2M0YzAiOnsiY3JlYXRlIjoxMjAwMDAwMDAwMDAwLCJkZWxldGUiOjEyMDAwMDAwMDAwMDAsInVwZGF0ZSI6MTIwMDAwMDAwMDAwMH19",
          "dependencies": [
            "module.os_policy.data.google_compute_zones.this",
            "module.os_policy.data.google_project.default"
          ]
        },
        {
          "index_key": "us-west1-b",
          "schema_version": 0,
          "attributes": {
            "baseline": false,
            "deleted": false,
            "description": "",
            "etag": "46ae0c19-f081-4656-9b46-2fd6a38a3694",
            "id": "projects/swit-alpha/locations/us-west1-b/osPolicyAssignments/us-west1-b-unx314",
            "instance_filter": [
              {
                "all": false,
                "exclusion_labels": [
                  {
                    "labels": {
                      "goog-gke-node": ""
                    }
                  },
                  {
                    "labels": {
                      "nat": ""
                    }
                  },
                  {
                    "labels": {
                      "serverless-vpc-access": "swit-alpha-serverless-uw1"
                    }
                  }
                ],
                "inclusion_labels": [],
                "inventories": []
              }
            ],
            "location": "us-west1-b",
            "name": "us-west1-b-unx314",
            "os_policies": [
              {
                "allow_no_resource_group_match": false,
                "description": "",
                "id": "unx314",
                "mode": "ENFORCEMENT",
                "resource_groups": [
                  {
                    "inventory_filters": [
                      {
                        "os_short_name": "debian",
                        "os_version": "10"
                      },
                      {
                        "os_short_name": "debian",
                        "os_version": "11"
                      },
                      {
                        "os_short_name": "debian",
                        "os_version": "12"
                      },
                      {
                        "os_short_name": "rocky",
                        "os_version": "8.*"
                      },
                      {
                        "os_short_name": "rocky",
                        "os_version": "9.*"
                      },
                      {
                        "os_short_name": "ubuntu",
                        "os_version": "20.04"
                      },
                      {
                        "os_short_name": "ubuntu",
                        "os_version": "22.04"
                      }
                    ],
                    "resources": [
                      {
                        "exec": [
                          {
                            "enforce": [
                              {
                                "args": [],
                                "file": [],
                                "interpreter": "SHELL",
                                "output_file_path": "",
                                "script": "sudo rm -f /etc/motd\nif sudo grep -v '#' /etc/pam.d/login | grep -q 'pam_motd' ; then\n  sudo sed '/pam_motd/d' /etc/pam.d/login | sudo tee /etc/pam.d/.login\n  sudo mv /etc/pam.d/.login /etc/pam.d/login\nfi\nif sudo grep -v '#' /etc/pam.d/sshd | grep -q 'pam_motd' ; then\n  sudo sed '/pam_motd/d' /etc/pam.d/sshd | sudo tee /etc/pam.d/.sshd\n  sudo mv /etc/pam.d/.sshd /etc/pam.d/sshd\nfi\ncat \u003c\u003c EOF | sudo tee /etc/issue\n********************************************************************\n  This system is for the use of authorized users only. Usage of\n  this system may be monitored and recorded by system personnel.\n\n  Anyone using this system expressly consents to such monitoring\n  and is advised that if such monitoring reveals possible\n  evidence of criminal activity, system personnel may provide the\n  evidence from such monitoring to law enforcement officials.\n\n  Illegal access may be subject to legal sanctions\n\n  © 2019 by Swit Technologies Inc. All rights reserved.\n********************************************************************\nEOF\ncat \u003c\u003c EOF | sudo tee /etc/issue.net\n********************************************************************\n  This system is for the use of authorized users only. Usage of\n  this system may be monitored and recorded by system personnel.\n\n  Anyone using this system expressly consents to such monitoring\n  and is advised that if such monitoring reveals possible\n  evidence of criminal activity, system personnel may provide the\n  evidence from such monitoring to law enforcement officials.\n\n  Illegal access may be subject to legal sanctions\n\n  © 2019 by Swit Technologies Inc. All rights reserved.\n********************************************************************\nEOF\nexit 100\n"
                              }
                            ],
                            "validate": [
                              {
                                "args": [],
                                "file": [],
                                "interpreter": "SHELL",
                                "output_file_path": "",
                                "script": "if [ -f /etc/motd ] ; then\n  exit 101\nelif sudo grep -v '#' /etc/pam.d/login | grep -q 'pam_motd' ; then\n  exit 101\nelif sudo grep -v '#' /etc/pam.d/sshd | grep -q 'pam_motd' ; then\n  exit 101\nelif ! sudo grep -q 'Swit' /etc/issue ; then\n  exit 101\nelif ! sudo grep -q 'Swit' /etc/issue.net ; then\n  exit 101\nelse\n  exit 100\nfi\n"
                              }
                            ]
                          }
                        ],
                        "file": [],
                        "id": "configuration",
                        "pkg": [],
                        "repository": []
                      }
                    ]
                  }
                ]
              }
            ],
            "project": "swit-alpha",
            "reconciling": true,
            "revision_create_time": "2024-04-02T10:48:28.056496Z",
            "revision_id": "ee40e769-bebb-4f7e-90bc-b738eb903697",
            "rollout": [
              {
                "disruption_budget": [
                  {
                    "fixed": 0,
                    "percent": 100
                  }
                ],
                "min_wait_duration": "0s"
              }
            ],
            "rollout_state": "IN_PROGRESS",
            "skip_await_rollout": true,
            "timeouts": null,
            "uid": "0e28c90c-7d07-4440-a0fd-5bcfa38e024c"
          },
          "sensitive_attributes": [],
          "private": "eyJlMmJmYjczMC1lY2FhLTExZTYtOGY4OC0zNDM2M2JjN2M0YzAiOnsiY3JlYXRlIjoxMjAwMDAwMDAwMDAwLCJkZWxldGUiOjEyMDAwMDAwMDAwMDAsInVwZGF0ZSI6MTIwMDAwMDAwMDAwMH19",
          "dependencies": [
            "module.os_policy.data.google_compute_zones.this",
            "module.os_policy.data.google_project.default"
          ]
        },
        {
          "index_key": "us-west1-c",
          "schema_version": 0,
          "attributes": {
            "baseline": false,
            "deleted": false,
            "description": "",
            "etag": "aa619f8d-d6d2-473a-9b82-db8d6e0d97e7",
            "id": "projects/swit-alpha/locations/us-west1-c/osPolicyAssignments/us-west1-c-unx314",
            "instance_filter": [
              {
                "all": false,
                "exclusion_labels": [
                  {
                    "labels": {
                      "goog-gke-node": ""
                    }
                  },
                  {
                    "labels": {
                      "nat": ""
                    }
                  },
                  {
                    "labels": {
                      "serverless-vpc-access": "swit-alpha-serverless-uw1"
                    }
                  }
                ],
                "inclusion_labels": [],
                "inventories": []
              }
            ],
            "location": "us-west1-c",
            "name": "us-west1-c-unx314",
            "os_policies": [
              {
                "allow_no_resource_group_match": false,
                "description": "",
                "id": "unx314",
                "mode": "ENFORCEMENT",
                "resource_groups": [
                  {
                    "inventory_filters": [
                      {
                        "os_short_name": "debian",
                        "os_version": "10"
                      },
                      {
                        "os_short_name": "debian",
                        "os_version": "11"
                      },
                      {
                        "os_short_name": "debian",
                        "os_version": "12"
                      },
                      {
                        "os_short_name": "rocky",
                        "os_version": "8.*"
                      },
                      {
                        "os_short_name": "rocky",
                        "os_version": "9.*"
                      },
                      {
                        "os_short_name": "ubuntu",
                        "os_version": "20.04"
                      },
                      {
                        "os_short_name": "ubuntu",
                        "os_version": "22.04"
                      }
                    ],
                    "resources": [
                      {
                        "exec": [
                          {
                            "enforce": [
                              {
                                "args": [],
                                "file": [],
                                "interpreter": "SHELL",
                                "output_file_path": "",
                                "script": "sudo rm -f /etc/motd\nif sudo grep -v '#' /etc/pam.d/login | grep -q 'pam_motd' ; then\n  sudo sed '/pam_motd/d' /etc/pam.d/login | sudo tee /etc/pam.d/.login\n  sudo mv /etc/pam.d/.login /etc/pam.d/login\nfi\nif sudo grep -v '#' /etc/pam.d/sshd | grep -q 'pam_motd' ; then\n  sudo sed '/pam_motd/d' /etc/pam.d/sshd | sudo tee /etc/pam.d/.sshd\n  sudo mv /etc/pam.d/.sshd /etc/pam.d/sshd\nfi\ncat \u003c\u003c EOF | sudo tee /etc/issue\n********************************************************************\n  This system is for the use of authorized users only. Usage of\n  this system may be monitored and recorded by system personnel.\n\n  Anyone using this system expressly consents to such monitoring\n  and is advised that if such monitoring reveals possible\n  evidence of criminal activity, system personnel may provide the\n  evidence from such monitoring to law enforcement officials.\n\n  Illegal access may be subject to legal sanctions\n\n  © 2019 by Swit Technologies Inc. All rights reserved.\n********************************************************************\nEOF\ncat \u003c\u003c EOF | sudo tee /etc/issue.net\n********************************************************************\n  This system is for the use of authorized users only. Usage of\n  this system may be monitored and recorded by system personnel.\n\n  Anyone using this system expressly consents to such monitoring\n  and is advised that if such monitoring reveals possible\n  evidence of criminal activity, system personnel may provide the\n  evidence from such monitoring to law enforcement officials.\n\n  Illegal access may be subject to legal sanctions\n\n  © 2019 by Swit Technologies Inc. All rights reserved.\n********************************************************************\nEOF\nexit 100\n"
                              }
                            ],
                            "validate": [
                              {
                                "args": [],
                                "file": [],
                                "interpreter": "SHELL",
                                "output_file_path": "",
                                "script": "if [ -f /etc/motd ] ; then\n  exit 101\nelif sudo grep -v '#' /etc/pam.d/login | grep -q 'pam_motd' ; then\n  exit 101\nelif sudo grep -v '#' /etc/pam.d/sshd | grep -q 'pam_motd' ; then\n  exit 101\nelif ! sudo grep -q 'Swit' /etc/issue ; then\n  exit 101\nelif ! sudo grep -q 'Swit' /etc/issue.net ; then\n  exit 101\nelse\n  exit 100\nfi\n"
                              }
                            ]
                          }
                        ],
                        "file": [],
                        "id": "configuration",
                        "pkg": [],
                        "repository": []
                      }
                    ]
                  }
                ]
              }
            ],
            "project": "swit-alpha",
            "reconciling": true,
            "revision_create_time": "2024-04-02T10:48:28.778099Z",
            "revision_id": "3e873329-942a-461d-89df-5602177e633b",
            "rollout": [
              {
                "disruption_budget": [
                  {
                    "fixed": 0,
                    "percent": 100
                  }
                ],
                "min_wait_duration": "0s"
              }
            ],
            "rollout_state": "IN_PROGRESS",
            "skip_await_rollout": true,
            "timeouts": null,
            "uid": "015b6610-244e-435f-8778-4624f59c3f85"
          },
          "sensitive_attributes": [],
          "private": "eyJlMmJmYjczMC1lY2FhLTExZTYtOGY4OC0zNDM2M2JjN2M0YzAiOnsiY3JlYXRlIjoxMjAwMDAwMDAwMDAwLCJkZWxldGUiOjEyMDAwMDAwMDAwMDAsInVwZGF0ZSI6MTIwMDAwMDAwMDAwMH19",
          "dependencies": [
            "module.os_policy.data.google_compute_zones.this",
            "module.os_policy.data.google_project.default"
          ]
        }
      ]
    },
    {
      "module": "module.os_policy",
      "mode": "managed",
      "type": "google_os_config_os_policy_assignment",
      "name": "unx501",
      "provider": "provider[\"registry.terraform.io/hashicorp/google\"]",
      "instances": [
        {
          "index_key": "asia-northeast3-a",
          "schema_version": 0,
          "attributes": {
            "baseline": false,
            "deleted": false,
            "description": "",
            "etag": "24d50fe5-d307-4435-aaf5-3146b2def181",
            "id": "projects/swit-alpha/locations/asia-northeast3-a/osPolicyAssignments/asia-northeast3-a-unx501",
            "instance_filter": [
              {
                "all": false,
                "exclusion_labels": [
                  {
                    "labels": {
                      "goog-gke-node": ""
                    }
                  },
                  {
                    "labels": {
                      "nat": ""
                    }
                  },
                  {
                    "labels": {
                      "serverless-vpc-access": "swit-alpha-serverless-uw1"
                    }
                  }
                ],
                "inclusion_labels": [],
                "inventories": []
              }
            ],
            "location": "asia-northeast3-a",
            "name": "asia-northeast3-a-unx501",
            "os_policies": [
              {
                "allow_no_resource_group_match": false,
                "description": "",
                "id": "unx501",
                "mode": "ENFORCEMENT",
                "resource_groups": [
                  {
                    "inventory_filters": [
                      {
                        "os_short_name": "debian",
                        "os_version": "10"
                      },
                      {
                        "os_short_name": "debian",
                        "os_version": "11"
                      },
                      {
                        "os_short_name": "debian",
                        "os_version": "12"
                      },
                      {
                        "os_short_name": "rocky",
                        "os_version": "8.*"
                      },
                      {
                        "os_short_name": "rocky",
                        "os_version": "9.*"
                      },
                      {
                        "os_short_name": "ubuntu",
                        "os_version": "20.04"
                      },
                      {
                        "os_short_name": "ubuntu",
                        "os_version": "22.04"
                      }
                    ],
                    "resources": [
                      {
                        "exec": [
                          {
                            "enforce": [
                              {
                                "args": [],
                                "file": [],
                                "interpreter": "SHELL",
                                "output_file_path": "",
                                "script": "cat \u003c\u003c EOF | sudo tee /etc/rsyslog.d/91-unx501.conf\n*.info;mail.none;authpriv.none;cron.none /var/log/messages\nauthpriv.* /var/log/secure\nmail.* /var/log/maillog\ncron.* /var/log/cron\n*.alert /dev/console\n*.emerg *\nEOF\nsudo systemctl restart rsyslog\nexit 100\n"
                              }
                            ],
                            "validate": [
                              {
                                "args": [],
                                "file": [],
                                "interpreter": "SHELL",
                                "output_file_path": "",
                                "script": "if [ ! -f /etc/rsyslog.d/91-unx501.conf ] ; then\n  exit 101\nelif ! sudo stat -c %a /etc/rsyslog.d/91-unx501.conf | grep -qw '644' ; then\n  exit 101\nelse\n  exit 100\nfi\n"
                              }
                            ]
                          }
                        ],
                        "file": [],
                        "id": "configuration",
                        "pkg": [],
                        "repository": []
                      }
                    ]
                  }
                ]
              }
            ],
            "project": "swit-alpha",
            "reconciling": true,
            "revision_create_time": "2024-04-02T10:48:27.401496Z",
            "revision_id": "42ebaa78-dd32-401a-9d9d-5bb7f8ccb7c4",
            "rollout": [
              {
                "disruption_budget": [
                  {
                    "fixed": 0,
                    "percent": 100
                  }
                ],
                "min_wait_duration": "0s"
              }
            ],
            "rollout_state": "IN_PROGRESS",
            "skip_await_rollout": true,
            "timeouts": null,
            "uid": "6634c5d9-2bc8-43a3-878b-63ffc2b40c6c"
          },
          "sensitive_attributes": [],
          "private": "eyJlMmJmYjczMC1lY2FhLTExZTYtOGY4OC0zNDM2M2JjN2M0YzAiOnsiY3JlYXRlIjoxMjAwMDAwMDAwMDAwLCJkZWxldGUiOjEyMDAwMDAwMDAwMDAsInVwZGF0ZSI6MTIwMDAwMDAwMDAwMH19",
          "dependencies": [
            "module.os_policy.data.google_compute_zones.this",
            "module.os_policy.data.google_project.default"
          ]
        },
        {
          "index_key": "asia-northeast3-b",
          "schema_version": 0,
          "attributes": {
            "baseline": false,
            "deleted": false,
            "description": "",
            "etag": "16a8161c-2008-4e48-bf90-ff3eec04c1be",
            "id": "projects/swit-alpha/locations/asia-northeast3-b/osPolicyAssignments/asia-northeast3-b-unx501",
            "instance_filter": [
              {
                "all": false,
                "exclusion_labels": [
                  {
                    "labels": {
                      "goog-gke-node": ""
                    }
                  },
                  {
                    "labels": {
                      "nat": ""
                    }
                  },
                  {
                    "labels": {
                      "serverless-vpc-access": "swit-alpha-serverless-uw1"
                    }
                  }
                ],
                "inclusion_labels": [],
                "inventories": []
              }
            ],
            "location": "asia-northeast3-b",
            "name": "asia-northeast3-b-unx501",
            "os_policies": [
              {
                "allow_no_resource_group_match": false,
                "description": "",
                "id": "unx501",
                "mode": "ENFORCEMENT",
                "resource_groups": [
                  {
                    "inventory_filters": [
                      {
                        "os_short_name": "debian",
                        "os_version": "10"
                      },
                      {
                        "os_short_name": "debian",
                        "os_version": "11"
                      },
                      {
                        "os_short_name": "debian",
                        "os_version": "12"
                      },
                      {
                        "os_short_name": "rocky",
                        "os_version": "8.*"
                      },
                      {
                        "os_short_name": "rocky",
                        "os_version": "9.*"
                      },
                      {
                        "os_short_name": "ubuntu",
                        "os_version": "20.04"
                      },
                      {
                        "os_short_name": "ubuntu",
                        "os_version": "22.04"
                      }
                    ],
                    "resources": [
                      {
                        "exec": [
                          {
                            "enforce": [
                              {
                                "args": [],
                                "file": [],
                                "interpreter": "SHELL",
                                "output_file_path": "",
                                "script": "cat \u003c\u003c EOF | sudo tee /etc/rsyslog.d/91-unx501.conf\n*.info;mail.none;authpriv.none;cron.none /var/log/messages\nauthpriv.* /var/log/secure\nmail.* /var/log/maillog\ncron.* /var/log/cron\n*.alert /dev/console\n*.emerg *\nEOF\nsudo systemctl restart rsyslog\nexit 100\n"
                              }
                            ],
                            "validate": [
                              {
                                "args": [],
                                "file": [],
                                "interpreter": "SHELL",
                                "output_file_path": "",
                                "script": "if [ ! -f /etc/rsyslog.d/91-unx501.conf ] ; then\n  exit 101\nelif ! sudo stat -c %a /etc/rsyslog.d/91-unx501.conf | grep -qw '644' ; then\n  exit 101\nelse\n  exit 100\nfi\n"
                              }
                            ]
                          }
                        ],
                        "file": [],
                        "id": "configuration",
                        "pkg": [],
                        "repository": []
                      }
                    ]
                  }
                ]
              }
            ],
            "project": "swit-alpha",
            "reconciling": true,
            "revision_create_time": "2024-04-02T10:48:27.473354Z",
            "revision_id": "d49de07c-398e-4c90-9858-46146017f4a6",
            "rollout": [
              {
                "disruption_budget": [
                  {
                    "fixed": 0,
                    "percent": 100
                  }
                ],
                "min_wait_duration": "0s"
              }
            ],
            "rollout_state": "IN_PROGRESS",
            "skip_await_rollout": true,
            "timeouts": null,
            "uid": "6b555818-ec50-4853-bf2c-fe05c3a86de6"
          },
          "sensitive_attributes": [],
          "private": "eyJlMmJmYjczMC1lY2FhLTExZTYtOGY4OC0zNDM2M2JjN2M0YzAiOnsiY3JlYXRlIjoxMjAwMDAwMDAwMDAwLCJkZWxldGUiOjEyMDAwMDAwMDAwMDAsInVwZGF0ZSI6MTIwMDAwMDAwMDAwMH19",
          "dependencies": [
            "module.os_policy.data.google_compute_zones.this",
            "module.os_policy.data.google_project.default"
          ]
        },
        {
          "index_key": "asia-northeast3-c",
          "schema_version": 0,
          "attributes": {
            "baseline": false,
            "deleted": false,
            "description": "",
            "etag": "fbec7144-2024-44ff-b234-09b4d64c85b7",
            "id": "projects/swit-alpha/locations/asia-northeast3-c/osPolicyAssignments/asia-northeast3-c-unx501",
            "instance_filter": [
              {
                "all": false,
                "exclusion_labels": [
                  {
                    "labels": {
                      "goog-gke-node": ""
                    }
                  },
                  {
                    "labels": {
                      "nat": ""
                    }
                  },
                  {
                    "labels": {
                      "serverless-vpc-access": "swit-alpha-serverless-uw1"
                    }
                  }
                ],
                "inclusion_labels": [],
                "inventories": []
              }
            ],
            "location": "asia-northeast3-c",
            "name": "asia-northeast3-c-unx501",
            "os_policies": [
              {
                "allow_no_resource_group_match": false,
                "description": "",
                "id": "unx501",
                "mode": "ENFORCEMENT",
                "resource_groups": [
                  {
                    "inventory_filters": [
                      {
                        "os_short_name": "debian",
                        "os_version": "10"
                      },
                      {
                        "os_short_name": "debian",
                        "os_version": "11"
                      },
                      {
                        "os_short_name": "debian",
                        "os_version": "12"
                      },
                      {
                        "os_short_name": "rocky",
                        "os_version": "8.*"
                      },
                      {
                        "os_short_name": "rocky",
                        "os_version": "9.*"
                      },
                      {
                        "os_short_name": "ubuntu",
                        "os_version": "20.04"
                      },
                      {
                        "os_short_name": "ubuntu",
                        "os_version": "22.04"
                      }
                    ],
                    "resources": [
                      {
                        "exec": [
                          {
                            "enforce": [
                              {
                                "args": [],
                                "file": [],
                                "interpreter": "SHELL",
                                "output_file_path": "",
                                "script": "cat \u003c\u003c EOF | sudo tee /etc/rsyslog.d/91-unx501.conf\n*.info;mail.none;authpriv.none;cron.none /var/log/messages\nauthpriv.* /var/log/secure\nmail.* /var/log/maillog\ncron.* /var/log/cron\n*.alert /dev/console\n*.emerg *\nEOF\nsudo systemctl restart rsyslog\nexit 100\n"
                              }
                            ],
                            "validate": [
                              {
                                "args": [],
                                "file": [],
                                "interpreter": "SHELL",
                                "output_file_path": "",
                                "script": "if [ ! -f /etc/rsyslog.d/91-unx501.conf ] ; then\n  exit 101\nelif ! sudo stat -c %a /etc/rsyslog.d/91-unx501.conf | grep -qw '644' ; then\n  exit 101\nelse\n  exit 100\nfi\n"
                              }
                            ]
                          }
                        ],
                        "file": [],
                        "id": "configuration",
                        "pkg": [],
                        "repository": []
                      }
                    ]
                  }
                ]
              }
            ],
            "project": "swit-alpha",
            "reconciling": true,
            "revision_create_time": "2024-04-02T10:48:28.233084Z",
            "revision_id": "c973a355-d443-4ec9-a353-7de2856cfe12",
            "rollout": [
              {
                "disruption_budget": [
                  {
                    "fixed": 0,
                    "percent": 100
                  }
                ],
                "min_wait_duration": "0s"
              }
            ],
            "rollout_state": "IN_PROGRESS",
            "skip_await_rollout": true,
            "timeouts": null,
            "uid": "dbba7851-e071-4034-8cb0-c6a6785308e1"
          },
          "sensitive_attributes": [],
          "private": "eyJlMmJmYjczMC1lY2FhLTExZTYtOGY4OC0zNDM2M2JjN2M0YzAiOnsiY3JlYXRlIjoxMjAwMDAwMDAwMDAwLCJkZWxldGUiOjEyMDAwMDAwMDAwMDAsInVwZGF0ZSI6MTIwMDAwMDAwMDAwMH19",
          "dependencies": [
            "module.os_policy.data.google_compute_zones.this",
            "module.os_policy.data.google_project.default"
          ]
        },
        {
          "index_key": "us-west1-a",
          "schema_version": 0,
          "attributes": {
            "baseline": false,
            "deleted": false,
            "description": "",
            "etag": "59265158-d8f6-4409-a5ff-0d6244c2a271",
            "id": "projects/swit-alpha/locations/us-west1-a/osPolicyAssignments/us-west1-a-unx501",
            "instance_filter": [
              {
                "all": false,
                "exclusion_labels": [
                  {
                    "labels": {
                      "goog-gke-node": ""
                    }
                  },
                  {
                    "labels": {
                      "nat": ""
                    }
                  },
                  {
                    "labels": {
                      "serverless-vpc-access": "swit-alpha-serverless-uw1"
                    }
                  }
                ],
                "inclusion_labels": [],
                "inventories": []
              }
            ],
            "location": "us-west1-a",
            "name": "us-west1-a-unx501",
            "os_policies": [
              {
                "allow_no_resource_group_match": false,
                "description": "",
                "id": "unx501",
                "mode": "ENFORCEMENT",
                "resource_groups": [
                  {
                    "inventory_filters": [
                      {
                        "os_short_name": "debian",
                        "os_version": "10"
                      },
                      {
                        "os_short_name": "debian",
                        "os_version": "11"
                      },
                      {
                        "os_short_name": "debian",
                        "os_version": "12"
                      },
                      {
                        "os_short_name": "rocky",
                        "os_version": "8.*"
                      },
                      {
                        "os_short_name": "rocky",
                        "os_version": "9.*"
                      },
                      {
                        "os_short_name": "ubuntu",
                        "os_version": "20.04"
                      },
                      {
                        "os_short_name": "ubuntu",
                        "os_version": "22.04"
                      }
                    ],
                    "resources": [
                      {
                        "exec": [
                          {
                            "enforce": [
                              {
                                "args": [],
                                "file": [],
                                "interpreter": "SHELL",
                                "output_file_path": "",
                                "script": "cat \u003c\u003c EOF | sudo tee /etc/rsyslog.d/91-unx501.conf\n*.info;mail.none;authpriv.none;cron.none /var/log/messages\nauthpriv.* /var/log/secure\nmail.* /var/log/maillog\ncron.* /var/log/cron\n*.alert /dev/console\n*.emerg *\nEOF\nsudo systemctl restart rsyslog\nexit 100\n"
                              }
                            ],
                            "validate": [
                              {
                                "args": [],
                                "file": [],
                                "interpreter": "SHELL",
                                "output_file_path": "",
                                "script": "if [ ! -f /etc/rsyslog.d/91-unx501.conf ] ; then\n  exit 101\nelif ! sudo stat -c %a /etc/rsyslog.d/91-unx501.conf | grep -qw '644' ; then\n  exit 101\nelse\n  exit 100\nfi\n"
                              }
                            ]
                          }
                        ],
                        "file": [],
                        "id": "configuration",
                        "pkg": [],
                        "repository": []
                      }
                    ]
                  }
                ]
              }
            ],
            "project": "swit-alpha",
            "reconciling": true,
            "revision_create_time": "2024-04-02T10:48:28.000004Z",
            "revision_id": "a913501c-e2f3-4e11-9e53-919c4d4cf252",
            "rollout": [
              {
                "disruption_budget": [
                  {
                    "fixed": 0,
                    "percent": 100
                  }
                ],
                "min_wait_duration": "0s"
              }
            ],
            "rollout_state": "IN_PROGRESS",
            "skip_await_rollout": true,
            "timeouts": null,
            "uid": "739579d5-0dd2-49c1-9902-c9058c0ffc78"
          },
          "sensitive_attributes": [],
          "private": "eyJlMmJmYjczMC1lY2FhLTExZTYtOGY4OC0zNDM2M2JjN2M0YzAiOnsiY3JlYXRlIjoxMjAwMDAwMDAwMDAwLCJkZWxldGUiOjEyMDAwMDAwMDAwMDAsInVwZGF0ZSI6MTIwMDAwMDAwMDAwMH19",
          "dependencies": [
            "module.os_policy.data.google_compute_zones.this",
            "module.os_policy.data.google_project.default"
          ]
        },
        {
          "index_key": "us-west1-b",
          "schema_version": 0,
          "attributes": {
            "baseline": false,
            "deleted": false,
            "description": "",
            "etag": "4bb70069-4c2f-4e5b-b30c-5692b67bb08b",
            "id": "projects/swit-alpha/locations/us-west1-b/osPolicyAssignments/us-west1-b-unx501",
            "instance_filter": [
              {
                "all": false,
                "exclusion_labels": [
                  {
                    "labels": {
                      "goog-gke-node": ""
                    }
                  },
                  {
                    "labels": {
                      "nat": ""
                    }
                  },
                  {
                    "labels": {
                      "serverless-vpc-access": "swit-alpha-serverless-uw1"
                    }
                  }
                ],
                "inclusion_labels": [],
                "inventories": []
              }
            ],
            "location": "us-west1-b",
            "name": "us-west1-b-unx501",
            "os_policies": [
              {
                "allow_no_resource_group_match": false,
                "description": "",
                "id": "unx501",
                "mode": "ENFORCEMENT",
                "resource_groups": [
                  {
                    "inventory_filters": [
                      {
                        "os_short_name": "debian",
                        "os_version": "10"
                      },
                      {
                        "os_short_name": "debian",
                        "os_version": "11"
                      },
                      {
                        "os_short_name": "debian",
                        "os_version": "12"
                      },
                      {
                        "os_short_name": "rocky",
                        "os_version": "8.*"
                      },
                      {
                        "os_short_name": "rocky",
                        "os_version": "9.*"
                      },
                      {
                        "os_short_name": "ubuntu",
                        "os_version": "20.04"
                      },
                      {
                        "os_short_name": "ubuntu",
                        "os_version": "22.04"
                      }
                    ],
                    "resources": [
                      {
                        "exec": [
                          {
                            "enforce": [
                              {
                                "args": [],
                                "file": [],
                                "interpreter": "SHELL",
                                "output_file_path": "",
                                "script": "cat \u003c\u003c EOF | sudo tee /etc/rsyslog.d/91-unx501.conf\n*.info;mail.none;authpriv.none;cron.none /var/log/messages\nauthpriv.* /var/log/secure\nmail.* /var/log/maillog\ncron.* /var/log/cron\n*.alert /dev/console\n*.emerg *\nEOF\nsudo systemctl restart rsyslog\nexit 100\n"
                              }
                            ],
                            "validate": [
                              {
                                "args": [],
                                "file": [],
                                "interpreter": "SHELL",
                                "output_file_path": "",
                                "script": "if [ ! -f /etc/rsyslog.d/91-unx501.conf ] ; then\n  exit 101\nelif ! sudo stat -c %a /etc/rsyslog.d/91-unx501.conf | grep -qw '644' ; then\n  exit 101\nelse\n  exit 100\nfi\n"
                              }
                            ]
                          }
                        ],
                        "file": [],
                        "id": "configuration",
                        "pkg": [],
                        "repository": []
                      }
                    ]
                  }
                ]
              }
            ],
            "project": "swit-alpha",
            "reconciling": true,
            "revision_create_time": "2024-04-02T10:48:27.984699Z",
            "revision_id": "59fbce23-7c0d-4db3-95c2-482ae38ab161",
            "rollout": [
              {
                "disruption_budget": [
                  {
                    "fixed": 0,
                    "percent": 100
                  }
                ],
                "min_wait_duration": "0s"
              }
            ],
            "rollout_state": "IN_PROGRESS",
            "skip_await_rollout": true,
            "timeouts": null,
            "uid": "dcf93c09-b2db-44ae-841a-9cbd08747744"
          },
          "sensitive_attributes": [],
          "private": "eyJlMmJmYjczMC1lY2FhLTExZTYtOGY4OC0zNDM2M2JjN2M0YzAiOnsiY3JlYXRlIjoxMjAwMDAwMDAwMDAwLCJkZWxldGUiOjEyMDAwMDAwMDAwMDAsInVwZGF0ZSI6MTIwMDAwMDAwMDAwMH19",
          "dependencies": [
            "module.os_policy.data.google_compute_zones.this",
            "module.os_policy.data.google_project.default"
          ]
        },
        {
          "index_key": "us-west1-c",
          "schema_version": 0,
          "attributes": {
            "baseline": false,
            "deleted": false,
            "description": "",
            "etag": "a4c70abb-7fc6-4857-8785-e54606df94ac",
            "id": "projects/swit-alpha/locations/us-west1-c/osPolicyAssignments/us-west1-c-unx501",
            "instance_filter": [
              {
                "all": false,
                "exclusion_labels": [
                  {
                    "labels": {
                      "goog-gke-node": ""
                    }
                  },
                  {
                    "labels": {
                      "nat": ""
                    }
                  },
                  {
                    "labels": {
                      "serverless-vpc-access": "swit-alpha-serverless-uw1"
                    }
                  }
                ],
                "inclusion_labels": [],
                "inventories": []
              }
            ],
            "location": "us-west1-c",
            "name": "us-west1-c-unx501",
            "os_policies": [
              {
                "allow_no_resource_group_match": false,
                "description": "",
                "id": "unx501",
                "mode": "ENFORCEMENT",
                "resource_groups": [
                  {
                    "inventory_filters": [
                      {
                        "os_short_name": "debian",
                        "os_version": "10"
                      },
                      {
                        "os_short_name": "debian",
                        "os_version": "11"
                      },
                      {
                        "os_short_name": "debian",
                        "os_version": "12"
                      },
                      {
                        "os_short_name": "rocky",
                        "os_version": "8.*"
                      },
                      {
                        "os_short_name": "rocky",
                        "os_version": "9.*"
                      },
                      {
                        "os_short_name": "ubuntu",
                        "os_version": "20.04"
                      },
                      {
                        "os_short_name": "ubuntu",
                        "os_version": "22.04"
                      }
                    ],
                    "resources": [
                      {
                        "exec": [
                          {
                            "enforce": [
                              {
                                "args": [],
                                "file": [],
                                "interpreter": "SHELL",
                                "output_file_path": "",
                                "script": "cat \u003c\u003c EOF | sudo tee /etc/rsyslog.d/91-unx501.conf\n*.info;mail.none;authpriv.none;cron.none /var/log/messages\nauthpriv.* /var/log/secure\nmail.* /var/log/maillog\ncron.* /var/log/cron\n*.alert /dev/console\n*.emerg *\nEOF\nsudo systemctl restart rsyslog\nexit 100\n"
                              }
                            ],
                            "validate": [
                              {
                                "args": [],
                                "file": [],
                                "interpreter": "SHELL",
                                "output_file_path": "",
                                "script": "if [ ! -f /etc/rsyslog.d/91-unx501.conf ] ; then\n  exit 101\nelif ! sudo stat -c %a /etc/rsyslog.d/91-unx501.conf | grep -qw '644' ; then\n  exit 101\nelse\n  exit 100\nfi\n"
                              }
                            ]
                          }
                        ],
                        "file": [],
                        "id": "configuration",
                        "pkg": [],
                        "repository": []
                      }
                    ]
                  }
                ]
              }
            ],
            "project": "swit-alpha",
            "reconciling": true,
            "revision_create_time": "2024-04-02T10:48:28.492876Z",
            "revision_id": "774d7b1c-2504-45a7-bd46-df1c2c1f9365",
            "rollout": [
              {
                "disruption_budget": [
                  {
                    "fixed": 0,
                    "percent": 100
                  }
                ],
                "min_wait_duration": "0s"
              }
            ],
            "rollout_state": "IN_PROGRESS",
            "skip_await_rollout": true,
            "timeouts": null,
            "uid": "e19afedf-cff7-4889-b68f-f669a5f21d93"
          },
          "sensitive_attributes": [],
          "private": "eyJlMmJmYjczMC1lY2FhLTExZTYtOGY4OC0zNDM2M2JjN2M0YzAiOnsiY3JlYXRlIjoxMjAwMDAwMDAwMDAwLCJkZWxldGUiOjEyMDAwMDAwMDAwMDAsInVwZGF0ZSI6MTIwMDAwMDAwMDAwMH19",
          "dependencies": [
            "module.os_policy.data.google_compute_zones.this",
            "module.os_policy.data.google_project.default"
          ]
        }
      ]
    }
  ],
  "check_results": null
}
