{
  "version": 4,
  "terraform_version": "1.5.7",
  "serial": 289,
  "lineage": "6c524404-9309-28b6-5aff-6049ec736db4",
  "outputs": {},
  "resources": [
    {
      "module": "module.os_policy",
      "mode": "data",
      "type": "google_compute_zones",
      "name": "this",
      "provider": "provider[\"registry.terraform.io/hashicorp/google\"]",
      "instances": [
        {
          "index_key": "asia-northeast3",
          "schema_version": 0,
          "attributes": {
            "id": "projects/swit-alpha/regions/asia-northeast3",
            "names": [
              "asia-northeast3-a",
              "asia-northeast3-b",
              "asia-northeast3-c"
            ],
            "project": "swit-alpha",
            "region": "asia-northeast3",
            "status": null
          },
          "sensitive_attributes": []
        },
        {
          "index_key": "us-west1",
          "schema_version": 0,
          "attributes": {
            "id": "projects/swit-alpha/regions/us-west1",
            "names": [
              "us-west1-a",
              "us-west1-b",
              "us-west1-c"
            ],
            "project": "swit-alpha",
            "region": "us-west1",
            "status": null
          },
          "sensitive_attributes": []
        }
      ]
    },
    {
      "module": "module.os_policy",
      "mode": "data",
      "type": "google_project",
      "name": "default",
      "provider": "provider[\"registry.terraform.io/hashicorp/google\"]",
      "instances": [
        {
          "schema_version": 0,
          "attributes": {
            "auto_create_network": null,
            "billing_account": "01197D-D4ABFB-FF02C6",
            "effective_labels": {
              "target": "true"
            },
            "folder_id": "293253156891",
            "id": "projects/swit-alpha",
            "labels": {
              "target": "true"
            },
            "name": "swit-alpha",
            "number": "316604776272",
            "org_id": "",
            "project_id": "swit-alpha",
            "skip_delete": null,
            "terraform_labels": {
              "target": "true"
            }
          },
          "sensitive_attributes": []
        }
      ]
    },
    {
      "module": "module.os_policy",
      "mode": "managed",
      "type": "google_compute_project_metadata",
      "name": "default",
      "provider": "provider[\"registry.terraform.io/hashicorp/google\"]",
      "instances": [
        {
          "schema_version": 0,
          "attributes": {
            "id": "swit-alpha",
            "metadata": {
              "enable-os-inventory": "true",
              "enable-osconfig": "true",
              "enable-oslogin": "true"
            },
            "project": "swit-alpha",
            "timeouts": null
          },
          "sensitive_attributes": [],
          "private": "eyJlMmJmYjczMC1lY2FhLTExZTYtOGY4OC0zNDM2M2JjN2M0YzAiOnsiY3JlYXRlIjoyNDAwMDAwMDAwMDAsImRlbGV0ZSI6MjQwMDAwMDAwMDAwfX0=",
          "dependencies": [
            "module.os_policy.data.google_project.default"
          ]
        }
      ]
    },
    {
      "module": "module.os_policy",
      "mode": "managed",
      "type": "google_os_config_os_policy_assignment",
      "name": "history",
      "provider": "provider[\"registry.terraform.io/hashicorp/google\"]",
      "instances": [
        {
          "index_key": "asia-northeast3-a",
          "schema_version": 0,
          "attributes": {
            "baseline": true,
            "deleted": false,
            "description": "",
            "etag": "8addd191-3307-44f3-80b4-b9affb7cadad",
            "id": "projects/swit-alpha/locations/asia-northeast3-a/osPolicyAssignments/asia-northeast3-a-history",
            "instance_filter": [
              {
                "all": false,
                "exclusion_labels": [
                  {
                    "labels": {
                      "goog-gke-node": ""
                    }
                  },
                  {
                    "labels": {
                      "serverless-vpc-access": "test-serverless-mysql"
                    }
                  },
                  {
                    "labels": {
                      "serverless-vpc-access": "swit-alpha-serverless-uw1"
                    }
                  }
                ],
                "inclusion_labels": [],
                "inventories": []
              }
            ],
            "location": "asia-northeast3-a",
            "name": "asia-northeast3-a-history",
            "os_policies": [
              {
                "allow_no_resource_group_match": false,
                "description": "",
                "id": "history",
                "mode": "ENFORCEMENT",
                "resource_groups": [
                  {
                    "inventory_filters": [
                      {
                        "os_short_name": "debian",
                        "os_version": "10"
                      },
                      {
                        "os_short_name": "debian",
                        "os_version": "11"
                      },
                      {
                        "os_short_name": "debian",
                        "os_version": "12"
                      },
                      {
                        "os_short_name": "rocky",
                        "os_version": "8.*"
                      },
                      {
                        "os_short_name": "rocky",
                        "os_version": "9.*"
                      },
                      {
                        "os_short_name": "ubuntu",
                        "os_version": "20.04"
                      },
                      {
                        "os_short_name": "ubuntu",
                        "os_version": "22.04"
                      }
                    ],
                    "resources": [
                      {
                        "exec": [
                          {
                            "enforce": [
                              {
                                "args": [],
                                "file": [],
                                "interpreter": "SHELL",
                                "output_file_path": "",
                                "script": "cat \u003c\u003c EOF | sudo tee /etc/profile.d/history.sh\nfunction logging {\n  last=\\$(history 1 | sed 's/^[ ]*[0-9]*[ ]*//')\n  who=\\$(whoami)\n  logger -p local0.notice -t history \"\\$who COMMAND: \\$last\"\n}\n\nPROMPT_COMMAND=\"logging\"\nEOF\n\ncat \u003c\u003c EOF | sudo tee /etc/rsyslog.d/89-history.conf\nlocal0.notice /var/log/messages\nEOF\nsudo systemctl restart rsyslog\n\nif [ ! -f /var/log/messages ] ; then\n  sudo touch /var/log/messages\nfi\n\nsudo chown root:adm /var/log/messages\nsudo chmod 640 /var/log/messages\n\nexit 100\n"
                              }
                            ],
                            "validate": [
                              {
                                "args": [],
                                "file": [],
                                "interpreter": "SHELL",
                                "output_file_path": "",
                                "script": "if [ ! -f /etc/profile.d/history.sh ] ; then\n  exit 101\nelif [ \"$(sudo stat -c %a /etc/profile.d/history.sh)\" != \"644\" ] ; then\n  exit 101\nelif [ ! -f /etc/rsyslog.d/89-history.conf ] ; then\n  exit 101\nelif [ \"$(sudo stat -c %a /etc/rsyslog.d/89-history.conf)\" != \"644\" ] ; then\n  exit 101\nelif [ ! -f /var/log/messages ] ; then\n  exit 101\nelif [ \"$(sudo stat -c %a /var/log/messages)\" != \"640\" ] ; then\n  exit 101\nelif [\"$(sudo stat -c %U /var/log/messages)\" != \"root\" ] ; then\n  exit 101\nelif [\"$(sudo stat -c %G /var/log/messages)\" != \"adm\" ] ; then\n  exit 101\nelse\n  exit 100\nfi\n"
                              }
                            ]
                          }
                        ],
                        "file": [],
                        "id": "configuration",
                        "pkg": [],
                        "repository": []
                      }
                    ]
                  }
                ]
              }
            ],
            "project": "swit-alpha",
            "reconciling": false,
            "revision_create_time": "2024-03-20T08:53:06.060836Z",
            "revision_id": "555920f9-e87f-45bb-b33c-5d1030ab3d53",
            "rollout": [
              {
                "disruption_budget": [
                  {
                    "fixed": 0,
                    "percent": 100
                  }
                ],
                "min_wait_duration": "0s"
              }
            ],
            "rollout_state": "SUCCEEDED",
            "skip_await_rollout": true,
            "timeouts": null,
            "uid": "8580d1a0-6b66-4f04-966e-5edc47911745"
          },
          "sensitive_attributes": [],
          "private": "eyJlMmJmYjczMC1lY2FhLTExZTYtOGY4OC0zNDM2M2JjN2M0YzAiOnsiY3JlYXRlIjoxMjAwMDAwMDAwMDAwLCJkZWxldGUiOjEyMDAwMDAwMDAwMDAsInVwZGF0ZSI6MTIwMDAwMDAwMDAwMH19",
          "dependencies": [
            "module.os_policy.data.google_compute_zones.this",
            "module.os_policy.data.google_project.default"
          ]
        },
        {
          "index_key": "asia-northeast3-b",
          "schema_version": 0,
          "attributes": {
            "baseline": true,
            "deleted": false,
            "description": "",
            "etag": "143227e0-2b15-423b-b9c7-ecc92d828930",
            "id": "projects/swit-alpha/locations/asia-northeast3-b/osPolicyAssignments/asia-northeast3-b-history",
            "instance_filter": [
              {
                "all": false,
                "exclusion_labels": [
                  {
                    "labels": {
                      "goog-gke-node": ""
                    }
                  },
                  {
                    "labels": {
                      "serverless-vpc-access": "test-serverless-mysql"
                    }
                  },
                  {
                    "labels": {
                      "serverless-vpc-access": "swit-alpha-serverless-uw1"
                    }
                  }
                ],
                "inclusion_labels": [],
                "inventories": []
              }
            ],
            "location": "asia-northeast3-b",
            "name": "asia-northeast3-b-history",
            "os_policies": [
              {
                "allow_no_resource_group_match": false,
                "description": "",
                "id": "history",
                "mode": "ENFORCEMENT",
                "resource_groups": [
                  {
                    "inventory_filters": [
                      {
                        "os_short_name": "debian",
                        "os_version": "10"
                      },
                      {
                        "os_short_name": "debian",
                        "os_version": "11"
                      },
                      {
                        "os_short_name": "debian",
                        "os_version": "12"
                      },
                      {
                        "os_short_name": "rocky",
                        "os_version": "8.*"
                      },
                      {
                        "os_short_name": "rocky",
                        "os_version": "9.*"
                      },
                      {
                        "os_short_name": "ubuntu",
                        "os_version": "20.04"
                      },
                      {
                        "os_short_name": "ubuntu",
                        "os_version": "22.04"
                      }
                    ],
                    "resources": [
                      {
                        "exec": [
                          {
                            "enforce": [
                              {
                                "args": [],
                                "file": [],
                                "interpreter": "SHELL",
                                "output_file_path": "",
                                "script": "cat \u003c\u003c EOF | sudo tee /etc/profile.d/history.sh\nfunction logging {\n  last=\\$(history 1 | sed 's/^[ ]*[0-9]*[ ]*//')\n  who=\\$(whoami)\n  logger -p local0.notice -t history \"\\$who COMMAND: \\$last\"\n}\n\nPROMPT_COMMAND=\"logging\"\nEOF\n\ncat \u003c\u003c EOF | sudo tee /etc/rsyslog.d/89-history.conf\nlocal0.notice /var/log/messages\nEOF\nsudo systemctl restart rsyslog\n\nif [ ! -f /var/log/messages ] ; then\n  sudo touch /var/log/messages\nfi\n\nsudo chown root:adm /var/log/messages\nsudo chmod 640 /var/log/messages\n\nexit 100\n"
                              }
                            ],
                            "validate": [
                              {
                                "args": [],
                                "file": [],
                                "interpreter": "SHELL",
                                "output_file_path": "",
                                "script": "if [ ! -f /etc/profile.d/history.sh ] ; then\n  exit 101\nelif [ \"$(sudo stat -c %a /etc/profile.d/history.sh)\" != \"644\" ] ; then\n  exit 101\nelif [ ! -f /etc/rsyslog.d/89-history.conf ] ; then\n  exit 101\nelif [ \"$(sudo stat -c %a /etc/rsyslog.d/89-history.conf)\" != \"644\" ] ; then\n  exit 101\nelif [ ! -f /var/log/messages ] ; then\n  exit 101\nelif [ \"$(sudo stat -c %a /var/log/messages)\" != \"640\" ] ; then\n  exit 101\nelif [\"$(sudo stat -c %U /var/log/messages)\" != \"root\" ] ; then\n  exit 101\nelif [\"$(sudo stat -c %G /var/log/messages)\" != \"adm\" ] ; then\n  exit 101\nelse\n  exit 100\nfi\n"
                              }
                            ]
                          }
                        ],
                        "file": [],
                        "id": "configuration",
                        "pkg": [],
                        "repository": []
                      }
                    ]
                  }
                ]
              }
            ],
            "project": "swit-alpha",
            "reconciling": false,
            "revision_create_time": "2024-03-20T08:53:06.060422Z",
            "revision_id": "78fd199b-ee2b-456a-b13c-b4c1334e7b1c",
            "rollout": [
              {
                "disruption_budget": [
                  {
                    "fixed": 0,
                    "percent": 100
                  }
                ],
                "min_wait_duration": "0s"
              }
            ],
            "rollout_state": "SUCCEEDED",
            "skip_await_rollout": true,
            "timeouts": null,
            "uid": "3e7c67ba-7df2-4aa4-a6e9-892383ea0eb0"
          },
          "sensitive_attributes": [],
          "private": "eyJlMmJmYjczMC1lY2FhLTExZTYtOGY4OC0zNDM2M2JjN2M0YzAiOnsiY3JlYXRlIjoxMjAwMDAwMDAwMDAwLCJkZWxldGUiOjEyMDAwMDAwMDAwMDAsInVwZGF0ZSI6MTIwMDAwMDAwMDAwMH19",
          "dependencies": [
            "module.os_policy.data.google_compute_zones.this",
            "module.os_policy.data.google_project.default"
          ]
        },
        {
          "index_key": "asia-northeast3-c",
          "schema_version": 0,
          "attributes": {
            "baseline": true,
            "deleted": false,
            "description": "",
            "etag": "e82af9ff-9346-412a-9a6b-9d4a89f592a5",
            "id": "projects/swit-alpha/locations/asia-northeast3-c/osPolicyAssignments/asia-northeast3-c-history",
            "instance_filter": [
              {
                "all": false,
                "exclusion_labels": [
                  {
                    "labels": {
                      "goog-gke-node": ""
                    }
                  },
                  {
                    "labels": {
                      "serverless-vpc-access": "test-serverless-mysql"
                    }
                  },
                  {
                    "labels": {
                      "serverless-vpc-access": "swit-alpha-serverless-uw1"
                    }
                  }
                ],
                "inclusion_labels": [],
                "inventories": []
              }
            ],
            "location": "asia-northeast3-c",
            "name": "asia-northeast3-c-history",
            "os_policies": [
              {
                "allow_no_resource_group_match": false,
                "description": "",
                "id": "history",
                "mode": "ENFORCEMENT",
                "resource_groups": [
                  {
                    "inventory_filters": [
                      {
                        "os_short_name": "debian",
                        "os_version": "10"
                      },
                      {
                        "os_short_name": "debian",
                        "os_version": "11"
                      },
                      {
                        "os_short_name": "debian",
                        "os_version": "12"
                      },
                      {
                        "os_short_name": "rocky",
                        "os_version": "8.*"
                      },
                      {
                        "os_short_name": "rocky",
                        "os_version": "9.*"
                      },
                      {
                        "os_short_name": "ubuntu",
                        "os_version": "20.04"
                      },
                      {
                        "os_short_name": "ubuntu",
                        "os_version": "22.04"
                      }
                    ],
                    "resources": [
                      {
                        "exec": [
                          {
                            "enforce": [
                              {
                                "args": [],
                                "file": [],
                                "interpreter": "SHELL",
                                "output_file_path": "",
                                "script": "cat \u003c\u003c EOF | sudo tee /etc/profile.d/history.sh\nfunction logging {\n  last=\\$(history 1 | sed 's/^[ ]*[0-9]*[ ]*//')\n  who=\\$(whoami)\n  logger -p local0.notice -t history \"\\$who COMMAND: \\$last\"\n}\n\nPROMPT_COMMAND=\"logging\"\nEOF\n\ncat \u003c\u003c EOF | sudo tee /etc/rsyslog.d/89-history.conf\nlocal0.notice /var/log/messages\nEOF\nsudo systemctl restart rsyslog\n\nif [ ! -f /var/log/messages ] ; then\n  sudo touch /var/log/messages\nfi\n\nsudo chown root:adm /var/log/messages\nsudo chmod 640 /var/log/messages\n\nexit 100\n"
                              }
                            ],
                            "validate": [
                              {
                                "args": [],
                                "file": [],
                                "interpreter": "SHELL",
                                "output_file_path": "",
                                "script": "if [ ! -f /etc/profile.d/history.sh ] ; then\n  exit 101\nelif [ \"$(sudo stat -c %a /etc/profile.d/history.sh)\" != \"644\" ] ; then\n  exit 101\nelif [ ! -f /etc/rsyslog.d/89-history.conf ] ; then\n  exit 101\nelif [ \"$(sudo stat -c %a /etc/rsyslog.d/89-history.conf)\" != \"644\" ] ; then\n  exit 101\nelif [ ! -f /var/log/messages ] ; then\n  exit 101\nelif [ \"$(sudo stat -c %a /var/log/messages)\" != \"640\" ] ; then\n  exit 101\nelif [\"$(sudo stat -c %U /var/log/messages)\" != \"root\" ] ; then\n  exit 101\nelif [\"$(sudo stat -c %G /var/log/messages)\" != \"adm\" ] ; then\n  exit 101\nelse\n  exit 100\nfi\n"
                              }
                            ]
                          }
                        ],
                        "file": [],
                        "id": "configuration",
                        "pkg": [],
                        "repository": []
                      }
                    ]
                  }
                ]
              }
            ],
            "project": "swit-alpha",
            "reconciling": false,
            "revision_create_time": "2024-03-20T08:53:06.063274Z",
            "revision_id": "e7fb58fe-3176-4acf-8de2-402a2c731919",
            "rollout": [
              {
                "disruption_budget": [
                  {
                    "fixed": 0,
                    "percent": 100
                  }
                ],
                "min_wait_duration": "0s"
              }
            ],
            "rollout_state": "SUCCEEDED",
            "skip_await_rollout": true,
            "timeouts": null,
            "uid": "d2a8885d-3692-41b2-b6df-274ae54d7e49"
          },
          "sensitive_attributes": [],
          "private": "eyJlMmJmYjczMC1lY2FhLTExZTYtOGY4OC0zNDM2M2JjN2M0YzAiOnsiY3JlYXRlIjoxMjAwMDAwMDAwMDAwLCJkZWxldGUiOjEyMDAwMDAwMDAwMDAsInVwZGF0ZSI6MTIwMDAwMDAwMDAwMH19",
          "dependencies": [
            "module.os_policy.data.google_compute_zones.this",
            "module.os_policy.data.google_project.default"
          ]
        },
        {
          "index_key": "us-west1-a",
          "schema_version": 0,
          "attributes": {
            "baseline": true,
            "deleted": false,
            "description": "",
            "etag": "71f4d41e-eaa8-468f-94c8-5f522af9b455",
            "id": "projects/swit-alpha/locations/us-west1-a/osPolicyAssignments/us-west1-a-history",
            "instance_filter": [
              {
                "all": false,
                "exclusion_labels": [
                  {
                    "labels": {
                      "goog-gke-node": ""
                    }
                  },
                  {
                    "labels": {
                      "serverless-vpc-access": "test-serverless-mysql"
                    }
                  },
                  {
                    "labels": {
                      "serverless-vpc-access": "swit-alpha-serverless-uw1"
                    }
                  }
                ],
                "inclusion_labels": [],
                "inventories": []
              }
            ],
            "location": "us-west1-a",
            "name": "us-west1-a-history",
            "os_policies": [
              {
                "allow_no_resource_group_match": false,
                "description": "",
                "id": "history",
                "mode": "ENFORCEMENT",
                "resource_groups": [
                  {
                    "inventory_filters": [
                      {
                        "os_short_name": "debian",
                        "os_version": "10"
                      },
                      {
                        "os_short_name": "debian",
                        "os_version": "11"
                      },
                      {
                        "os_short_name": "debian",
                        "os_version": "12"
                      },
                      {
                        "os_short_name": "rocky",
                        "os_version": "8.*"
                      },
                      {
                        "os_short_name": "rocky",
                        "os_version": "9.*"
                      },
                      {
                        "os_short_name": "ubuntu",
                        "os_version": "20.04"
                      },
                      {
                        "os_short_name": "ubuntu",
                        "os_version": "22.04"
                      }
                    ],
                    "resources": [
                      {
                        "exec": [
                          {
                            "enforce": [
                              {
                                "args": [],
                                "file": [],
                                "interpreter": "SHELL",
                                "output_file_path": "",
                                "script": "cat \u003c\u003c EOF | sudo tee /etc/profile.d/history.sh\nfunction logging {\n  last=\\$(history 1 | sed 's/^[ ]*[0-9]*[ ]*//')\n  who=\\$(whoami)\n  logger -p local0.notice -t history \"\\$who COMMAND: \\$last\"\n}\n\nPROMPT_COMMAND=\"logging\"\nEOF\n\ncat \u003c\u003c EOF | sudo tee /etc/rsyslog.d/89-history.conf\nlocal0.notice /var/log/messages\nEOF\nsudo systemctl restart rsyslog\n\nif [ ! -f /var/log/messages ] ; then\n  sudo touch /var/log/messages\nfi\n\nsudo chown root:adm /var/log/messages\nsudo chmod 640 /var/log/messages\n\nexit 100\n"
                              }
                            ],
                            "validate": [
                              {
                                "args": [],
                                "file": [],
                                "interpreter": "SHELL",
                                "output_file_path": "",
                                "script": "if [ ! -f /etc/profile.d/history.sh ] ; then\n  exit 101\nelif [ \"$(sudo stat -c %a /etc/profile.d/history.sh)\" != \"644\" ] ; then\n  exit 101\nelif [ ! -f /etc/rsyslog.d/89-history.conf ] ; then\n  exit 101\nelif [ \"$(sudo stat -c %a /etc/rsyslog.d/89-history.conf)\" != \"644\" ] ; then\n  exit 101\nelif [ ! -f /var/log/messages ] ; then\n  exit 101\nelif [ \"$(sudo stat -c %a /var/log/messages)\" != \"640\" ] ; then\n  exit 101\nelif [\"$(sudo stat -c %U /var/log/messages)\" != \"root\" ] ; then\n  exit 101\nelif [\"$(sudo stat -c %G /var/log/messages)\" != \"adm\" ] ; then\n  exit 101\nelse\n  exit 100\nfi\n"
                              }
                            ]
                          }
                        ],
                        "file": [],
                        "id": "configuration",
                        "pkg": [],
                        "repository": []
                      }
                    ]
                  }
                ]
              }
            ],
            "project": "swit-alpha",
            "reconciling": false,
            "revision_create_time": "2024-03-20T08:53:06.464295Z",
            "revision_id": "a7cd44ab-e225-402a-bb45-f14a02e5e5ce",
            "rollout": [
              {
                "disruption_budget": [
                  {
                    "fixed": 0,
                    "percent": 100
                  }
                ],
                "min_wait_duration": "0s"
              }
            ],
            "rollout_state": "SUCCEEDED",
            "skip_await_rollout": true,
            "timeouts": null,
            "uid": "5fe08971-d368-4e0f-a86e-ce1976e3ff1e"
          },
          "sensitive_attributes": [],
          "private": "eyJlMmJmYjczMC1lY2FhLTExZTYtOGY4OC0zNDM2M2JjN2M0YzAiOnsiY3JlYXRlIjoxMjAwMDAwMDAwMDAwLCJkZWxldGUiOjEyMDAwMDAwMDAwMDAsInVwZGF0ZSI6MTIwMDAwMDAwMDAwMH19",
          "dependencies": [
            "module.os_policy.data.google_compute_zones.this",
            "module.os_policy.data.google_project.default"
          ]
        },
        {
          "index_key": "us-west1-b",
          "schema_version": 0,
          "attributes": {
            "baseline": true,
            "deleted": false,
            "description": "",
            "etag": "a373671d-de64-4650-9b55-b50ae599cf32",
            "id": "projects/swit-alpha/locations/us-west1-b/osPolicyAssignments/us-west1-b-history",
            "instance_filter": [
              {
                "all": false,
                "exclusion_labels": [
                  {
                    "labels": {
                      "goog-gke-node": ""
                    }
                  },
                  {
                    "labels": {
                      "serverless-vpc-access": "test-serverless-mysql"
                    }
                  },
                  {
                    "labels": {
                      "serverless-vpc-access": "swit-alpha-serverless-uw1"
                    }
                  }
                ],
                "inclusion_labels": [],
                "inventories": []
              }
            ],
            "location": "us-west1-b",
            "name": "us-west1-b-history",
            "os_policies": [
              {
                "allow_no_resource_group_match": false,
                "description": "",
                "id": "history",
                "mode": "ENFORCEMENT",
                "resource_groups": [
                  {
                    "inventory_filters": [
                      {
                        "os_short_name": "debian",
                        "os_version": "10"
                      },
                      {
                        "os_short_name": "debian",
                        "os_version": "11"
                      },
                      {
                        "os_short_name": "debian",
                        "os_version": "12"
                      },
                      {
                        "os_short_name": "rocky",
                        "os_version": "8.*"
                      },
                      {
                        "os_short_name": "rocky",
                        "os_version": "9.*"
                      },
                      {
                        "os_short_name": "ubuntu",
                        "os_version": "20.04"
                      },
                      {
                        "os_short_name": "ubuntu",
                        "os_version": "22.04"
                      }
                    ],
                    "resources": [
                      {
                        "exec": [
                          {
                            "enforce": [
                              {
                                "args": [],
                                "file": [],
                                "interpreter": "SHELL",
                                "output_file_path": "",
                                "script": "cat \u003c\u003c EOF | sudo tee /etc/profile.d/history.sh\nfunction logging {\n  last=\\$(history 1 | sed 's/^[ ]*[0-9]*[ ]*//')\n  who=\\$(whoami)\n  logger -p local0.notice -t history \"\\$who COMMAND: \\$last\"\n}\n\nPROMPT_COMMAND=\"logging\"\nEOF\n\ncat \u003c\u003c EOF | sudo tee /etc/rsyslog.d/89-history.conf\nlocal0.notice /var/log/messages\nEOF\nsudo systemctl restart rsyslog\n\nif [ ! -f /var/log/messages ] ; then\n  sudo touch /var/log/messages\nfi\n\nsudo chown root:adm /var/log/messages\nsudo chmod 640 /var/log/messages\n\nexit 100\n"
                              }
                            ],
                            "validate": [
                              {
                                "args": [],
                                "file": [],
                                "interpreter": "SHELL",
                                "output_file_path": "",
                                "script": "if [ ! -f /etc/profile.d/history.sh ] ; then\n  exit 101\nelif [ \"$(sudo stat -c %a /etc/profile.d/history.sh)\" != \"644\" ] ; then\n  exit 101\nelif [ ! -f /etc/rsyslog.d/89-history.conf ] ; then\n  exit 101\nelif [ \"$(sudo stat -c %a /etc/rsyslog.d/89-history.conf)\" != \"644\" ] ; then\n  exit 101\nelif [ ! -f /var/log/messages ] ; then\n  exit 101\nelif [ \"$(sudo stat -c %a /var/log/messages)\" != \"640\" ] ; then\n  exit 101\nelif [\"$(sudo stat -c %U /var/log/messages)\" != \"root\" ] ; then\n  exit 101\nelif [\"$(sudo stat -c %G /var/log/messages)\" != \"adm\" ] ; then\n  exit 101\nelse\n  exit 100\nfi\n"
                              }
                            ]
                          }
                        ],
                        "file": [],
                        "id": "configuration",
                        "pkg": [],
                        "repository": []
                      }
                    ]
                  }
                ]
              }
            ],
            "project": "swit-alpha",
            "reconciling": false,
            "revision_create_time": "2024-03-20T08:53:06.448360Z",
            "revision_id": "dfef7dbb-18c0-441a-aa94-c0e6bfd426c4",
            "rollout": [
              {
                "disruption_budget": [
                  {
                    "fixed": 0,
                    "percent": 100
                  }
                ],
                "min_wait_duration": "0s"
              }
            ],
            "rollout_state": "SUCCEEDED",
            "skip_await_rollout": true,
            "timeouts": null,
            "uid": "2205ed98-c566-44d4-832d-98ad5ad889b7"
          },
          "sensitive_attributes": [],
          "private": "eyJlMmJmYjczMC1lY2FhLTExZTYtOGY4OC0zNDM2M2JjN2M0YzAiOnsiY3JlYXRlIjoxMjAwMDAwMDAwMDAwLCJkZWxldGUiOjEyMDAwMDAwMDAwMDAsInVwZGF0ZSI6MTIwMDAwMDAwMDAwMH19",
          "dependencies": [
            "module.os_policy.data.google_compute_zones.this",
            "module.os_policy.data.google_project.default"
          ]
        },
        {
          "index_key": "us-west1-c",
          "schema_version": 0,
          "attributes": {
            "baseline": true,
            "deleted": false,
            "description": "",
            "etag": "b327af85-b33b-41f9-9ff3-3b6b0910d71a",
            "id": "projects/swit-alpha/locations/us-west1-c/osPolicyAssignments/us-west1-c-history",
            "instance_filter": [
              {
                "all": false,
                "exclusion_labels": [
                  {
                    "labels": {
                      "goog-gke-node": ""
                    }
                  },
                  {
                    "labels": {
                      "serverless-vpc-access": "test-serverless-mysql"
                    }
                  },
                  {
                    "labels": {
                      "serverless-vpc-access": "swit-alpha-serverless-uw1"
                    }
                  }
                ],
                "inclusion_labels": [],
                "inventories": []
              }
            ],
            "location": "us-west1-c",
            "name": "us-west1-c-history",
            "os_policies": [
              {
                "allow_no_resource_group_match": false,
                "description": "",
                "id": "history",
                "mode": "ENFORCEMENT",
                "resource_groups": [
                  {
                    "inventory_filters": [
                      {
                        "os_short_name": "debian",
                        "os_version": "10"
                      },
                      {
                        "os_short_name": "debian",
                        "os_version": "11"
                      },
                      {
                        "os_short_name": "debian",
                        "os_version": "12"
                      },
                      {
                        "os_short_name": "rocky",
                        "os_version": "8.*"
                      },
                      {
                        "os_short_name": "rocky",
                        "os_version": "9.*"
                      },
                      {
                        "os_short_name": "ubuntu",
                        "os_version": "20.04"
                      },
                      {
                        "os_short_name": "ubuntu",
                        "os_version": "22.04"
                      }
                    ],
                    "resources": [
                      {
                        "exec": [
                          {
                            "enforce": [
                              {
                                "args": [],
                                "file": [],
                                "interpreter": "SHELL",
                                "output_file_path": "",
                                "script": "cat \u003c\u003c EOF | sudo tee /etc/profile.d/history.sh\nfunction logging {\n  last=\\$(history 1 | sed 's/^[ ]*[0-9]*[ ]*//')\n  who=\\$(whoami)\n  logger -p local0.notice -t history \"\\$who COMMAND: \\$last\"\n}\n\nPROMPT_COMMAND=\"logging\"\nEOF\n\ncat \u003c\u003c EOF | sudo tee /etc/rsyslog.d/89-history.conf\nlocal0.notice /var/log/messages\nEOF\nsudo systemctl restart rsyslog\n\nif [ ! -f /var/log/messages ] ; then\n  sudo touch /var/log/messages\nfi\n\nsudo chown root:adm /var/log/messages\nsudo chmod 640 /var/log/messages\n\nexit 100\n"
                              }
                            ],
                            "validate": [
                              {
                                "args": [],
                                "file": [],
                                "interpreter": "SHELL",
                                "output_file_path": "",
                                "script": "if [ ! -f /etc/profile.d/history.sh ] ; then\n  exit 101\nelif [ \"$(sudo stat -c %a /etc/profile.d/history.sh)\" != \"644\" ] ; then\n  exit 101\nelif [ ! -f /etc/rsyslog.d/89-history.conf ] ; then\n  exit 101\nelif [ \"$(sudo stat -c %a /etc/rsyslog.d/89-history.conf)\" != \"644\" ] ; then\n  exit 101\nelif [ ! -f /var/log/messages ] ; then\n  exit 101\nelif [ \"$(sudo stat -c %a /var/log/messages)\" != \"640\" ] ; then\n  exit 101\nelif [\"$(sudo stat -c %U /var/log/messages)\" != \"root\" ] ; then\n  exit 101\nelif [\"$(sudo stat -c %G /var/log/messages)\" != \"adm\" ] ; then\n  exit 101\nelse\n  exit 100\nfi\n"
                              }
                            ]
                          }
                        ],
                        "file": [],
                        "id": "configuration",
                        "pkg": [],
                        "repository": []
                      }
                    ]
                  }
                ]
              }
            ],
            "project": "swit-alpha",
            "reconciling": false,
            "revision_create_time": "2024-03-20T08:53:06.450630Z",
            "revision_id": "9294802e-9ba7-4a9b-8d2b-a52f6baebafe",
            "rollout": [
              {
                "disruption_budget": [
                  {
                    "fixed": 0,
                    "percent": 100
                  }
                ],
                "min_wait_duration": "0s"
              }
            ],
            "rollout_state": "SUCCEEDED",
            "skip_await_rollout": true,
            "timeouts": null,
            "uid": "cdbe8b80-5af0-4bbe-b5de-178c2a34e998"
          },
          "sensitive_attributes": [],
          "private": "eyJlMmJmYjczMC1lY2FhLTExZTYtOGY4OC0zNDM2M2JjN2M0YzAiOnsiY3JlYXRlIjoxMjAwMDAwMDAwMDAwLCJkZWxldGUiOjEyMDAwMDAwMDAwMDAsInVwZGF0ZSI6MTIwMDAwMDAwMDAwMH19",
          "dependencies": [
            "module.os_policy.data.google_compute_zones.this",
            "module.os_policy.data.google_project.default"
          ]
        }
      ]
    },
    {
      "module": "module.os_policy",
      "mode": "managed",
      "type": "google_os_config_os_policy_assignment",
      "name": "hostname",
      "provider": "provider[\"registry.terraform.io/hashicorp/google\"]",
      "instances": [
        {
          "index_key": "asia-northeast3-a",
          "schema_version": 0,
          "attributes": {
            "baseline": true,
            "deleted": false,
            "description": "",
            "etag": "864cfb2c-887a-4857-b500-d1eb0fa5eb11",
            "id": "projects/swit-alpha/locations/asia-northeast3-a/osPolicyAssignments/asia-northeast3-a-hostname",
            "instance_filter": [
              {
                "all": false,
                "exclusion_labels": [
                  {
                    "labels": {
                      "goog-gke-node": ""
                    }
                  },
                  {
                    "labels": {
                      "serverless-vpc-access": "test-serverless-mysql"
                    }
                  },
                  {
                    "labels": {
                      "serverless-vpc-access": "swit-alpha-serverless-uw1"
                    }
                  }
                ],
                "inclusion_labels": [],
                "inventories": []
              }
            ],
            "location": "asia-northeast3-a",
            "name": "asia-northeast3-a-hostname",
            "os_policies": [
              {
                "allow_no_resource_group_match": false,
                "description": "",
                "id": "hostname",
                "mode": "ENFORCEMENT",
                "resource_groups": [
                  {
                    "inventory_filters": [
                      {
                        "os_short_name": "debian",
                        "os_version": "10"
                      },
                      {
                        "os_short_name": "debian",
                        "os_version": "11"
                      },
                      {
                        "os_short_name": "debian",
                        "os_version": "12"
                      },
                      {
                        "os_short_name": "rocky",
                        "os_version": "8.*"
                      },
                      {
                        "os_short_name": "rocky",
                        "os_version": "9.*"
                      },
                      {
                        "os_short_name": "ubuntu",
                        "os_version": "20.04"
                      },
                      {
                        "os_short_name": "ubuntu",
                        "os_version": "22.04"
                      }
                    ],
                    "resources": [
                      {
                        "exec": [
                          {
                            "enforce": [
                              {
                                "args": [],
                                "file": [],
                                "interpreter": "SHELL",
                                "output_file_path": "",
                                "script": "metadata_hostname=$(curl -H \"Metadata-Flavor: Google\" \"http://metadata.google.internal/computeMetadata/v1/instance/name\")\nsudo hostnamectl set-hostname \"$metadata_hostname\"\nexit 100\n"
                              }
                            ],
                            "validate": [
                              {
                                "args": [],
                                "file": [],
                                "interpreter": "SHELL",
                                "output_file_path": "",
                                "script": "metadata_hostname=$(curl -H \"Metadata-Flavor: Google\" \"http://metadata.google.internal/computeMetadata/v1/instance/name\")\nhostname=$(hostname)\nif [ \"$metadata_hostname\" != \"$hostname\" ] ; then\n  exit 101\nelse\n  exit 100\nfi\n"
                              }
                            ]
                          }
                        ],
                        "file": [],
                        "id": "configuration",
                        "pkg": [],
                        "repository": []
                      }
                    ]
                  }
                ]
              }
            ],
            "project": "swit-alpha",
            "reconciling": false,
            "revision_create_time": "2024-03-13T14:09:32.281913Z",
            "revision_id": "d942bae9-eda3-4711-bfb5-3e0b2e3af0dc",
            "rollout": [
              {
                "disruption_budget": [
                  {
                    "fixed": 0,
                    "percent": 100
                  }
                ],
                "min_wait_duration": "0s"
              }
            ],
            "rollout_state": "SUCCEEDED",
            "skip_await_rollout": true,
            "timeouts": null,
            "uid": "ce1b8b05-0360-4b3e-8537-8dccdbebd084"
          },
          "sensitive_attributes": [],
          "private": "eyJlMmJmYjczMC1lY2FhLTExZTYtOGY4OC0zNDM2M2JjN2M0YzAiOnsiY3JlYXRlIjoxMjAwMDAwMDAwMDAwLCJkZWxldGUiOjEyMDAwMDAwMDAwMDAsInVwZGF0ZSI6MTIwMDAwMDAwMDAwMH19",
          "dependencies": [
            "module.os_policy.data.google_compute_zones.this",
            "module.os_policy.data.google_project.default"
          ]
        },
        {
          "index_key": "asia-northeast3-b",
          "schema_version": 0,
          "attributes": {
            "baseline": true,
            "deleted": false,
            "description": "",
            "etag": "3af3d57d-1a8e-4f0a-874c-5b98e98584d7",
            "id": "projects/swit-alpha/locations/asia-northeast3-b/osPolicyAssignments/asia-northeast3-b-hostname",
            "instance_filter": [
              {
                "all": false,
                "exclusion_labels": [
                  {
                    "labels": {
                      "goog-gke-node": ""
                    }
                  },
                  {
                    "labels": {
                      "serverless-vpc-access": "test-serverless-mysql"
                    }
                  },
                  {
                    "labels": {
                      "serverless-vpc-access": "swit-alpha-serverless-uw1"
                    }
                  }
                ],
                "inclusion_labels": [],
                "inventories": []
              }
            ],
            "location": "asia-northeast3-b",
            "name": "asia-northeast3-b-hostname",
            "os_policies": [
              {
                "allow_no_resource_group_match": false,
                "description": "",
                "id": "hostname",
                "mode": "ENFORCEMENT",
                "resource_groups": [
                  {
                    "inventory_filters": [
                      {
                        "os_short_name": "debian",
                        "os_version": "10"
                      },
                      {
                        "os_short_name": "debian",
                        "os_version": "11"
                      },
                      {
                        "os_short_name": "debian",
                        "os_version": "12"
                      },
                      {
                        "os_short_name": "rocky",
                        "os_version": "8.*"
                      },
                      {
                        "os_short_name": "rocky",
                        "os_version": "9.*"
                      },
                      {
                        "os_short_name": "ubuntu",
                        "os_version": "20.04"
                      },
                      {
                        "os_short_name": "ubuntu",
                        "os_version": "22.04"
                      }
                    ],
                    "resources": [
                      {
                        "exec": [
                          {
                            "enforce": [
                              {
                                "args": [],
                                "file": [],
                                "interpreter": "SHELL",
                                "output_file_path": "",
                                "script": "metadata_hostname=$(curl -H \"Metadata-Flavor: Google\" \"http://metadata.google.internal/computeMetadata/v1/instance/name\")\nsudo hostnamectl set-hostname \"$metadata_hostname\"\nexit 100\n"
                              }
                            ],
                            "validate": [
                              {
                                "args": [],
                                "file": [],
                                "interpreter": "SHELL",
                                "output_file_path": "",
                                "script": "metadata_hostname=$(curl -H \"Metadata-Flavor: Google\" \"http://metadata.google.internal/computeMetadata/v1/instance/name\")\nhostname=$(hostname)\nif [ \"$metadata_hostname\" != \"$hostname\" ] ; then\n  exit 101\nelse\n  exit 100\nfi\n"
                              }
                            ]
                          }
                        ],
                        "file": [],
                        "id": "configuration",
                        "pkg": [],
                        "repository": []
                      }
                    ]
                  }
                ]
              }
            ],
            "project": "swit-alpha",
            "reconciling": false,
            "revision_create_time": "2024-03-13T14:09:32.292245Z",
            "revision_id": "9afe5a82-3d48-41e4-87da-3bef63e1c5a1",
            "rollout": [
              {
                "disruption_budget": [
                  {
                    "fixed": 0,
                    "percent": 100
                  }
                ],
                "min_wait_duration": "0s"
              }
            ],
            "rollout_state": "SUCCEEDED",
            "skip_await_rollout": true,
            "timeouts": null,
            "uid": "73286184-75c2-45c8-b953-efb98d85d767"
          },
          "sensitive_attributes": [],
          "private": "eyJlMmJmYjczMC1lY2FhLTExZTYtOGY4OC0zNDM2M2JjN2M0YzAiOnsiY3JlYXRlIjoxMjAwMDAwMDAwMDAwLCJkZWxldGUiOjEyMDAwMDAwMDAwMDAsInVwZGF0ZSI6MTIwMDAwMDAwMDAwMH19",
          "dependencies": [
            "module.os_policy.data.google_compute_zones.this",
            "module.os_policy.data.google_project.default"
          ]
        },
        {
          "index_key": "asia-northeast3-c",
          "schema_version": 0,
          "attributes": {
            "baseline": true,
            "deleted": false,
            "description": "",
            "etag": "1a27bb35-c995-4c93-b4d1-87e2faa80b37",
            "id": "projects/swit-alpha/locations/asia-northeast3-c/osPolicyAssignments/asia-northeast3-c-hostname",
            "instance_filter": [
              {
                "all": false,
                "exclusion_labels": [
                  {
                    "labels": {
                      "goog-gke-node": ""
                    }
                  },
                  {
                    "labels": {
                      "serverless-vpc-access": "test-serverless-mysql"
                    }
                  },
                  {
                    "labels": {
                      "serverless-vpc-access": "swit-alpha-serverless-uw1"
                    }
                  }
                ],
                "inclusion_labels": [],
                "inventories": []
              }
            ],
            "location": "asia-northeast3-c",
            "name": "asia-northeast3-c-hostname",
            "os_policies": [
              {
                "allow_no_resource_group_match": false,
                "description": "",
                "id": "hostname",
                "mode": "ENFORCEMENT",
                "resource_groups": [
                  {
                    "inventory_filters": [
                      {
                        "os_short_name": "debian",
                        "os_version": "10"
                      },
                      {
                        "os_short_name": "debian",
                        "os_version": "11"
                      },
                      {
                        "os_short_name": "debian",
                        "os_version": "12"
                      },
                      {
                        "os_short_name": "rocky",
                        "os_version": "8.*"
                      },
                      {
                        "os_short_name": "rocky",
                        "os_version": "9.*"
                      },
                      {
                        "os_short_name": "ubuntu",
                        "os_version": "20.04"
                      },
                      {
                        "os_short_name": "ubuntu",
                        "os_version": "22.04"
                      }
                    ],
                    "resources": [
                      {
                        "exec": [
                          {
                            "enforce": [
                              {
                                "args": [],
                                "file": [],
                                "interpreter": "SHELL",
                                "output_file_path": "",
                                "script": "metadata_hostname=$(curl -H \"Metadata-Flavor: Google\" \"http://metadata.google.internal/computeMetadata/v1/instance/name\")\nsudo hostnamectl set-hostname \"$metadata_hostname\"\nexit 100\n"
                              }
                            ],
                            "validate": [
                              {
                                "args": [],
                                "file": [],
                                "interpreter": "SHELL",
                                "output_file_path": "",
                                "script": "metadata_hostname=$(curl -H \"Metadata-Flavor: Google\" \"http://metadata.google.internal/computeMetadata/v1/instance/name\")\nhostname=$(hostname)\nif [ \"$metadata_hostname\" != \"$hostname\" ] ; then\n  exit 101\nelse\n  exit 100\nfi\n"
                              }
                            ]
                          }
                        ],
                        "file": [],
                        "id": "configuration",
                        "pkg": [],
                        "repository": []
                      }
                    ]
                  }
                ]
              }
            ],
            "project": "swit-alpha",
            "reconciling": false,
            "revision_create_time": "2024-03-13T14:09:32.305421Z",
            "revision_id": "4e0aa91b-e56a-4c26-8fcd-4c33580296a3",
            "rollout": [
              {
                "disruption_budget": [
                  {
                    "fixed": 0,
                    "percent": 100
                  }
                ],
                "min_wait_duration": "0s"
              }
            ],
            "rollout_state": "SUCCEEDED",
            "skip_await_rollout": true,
            "timeouts": null,
            "uid": "fb5c089e-b5e4-4d92-94e0-8f81d18916bd"
          },
          "sensitive_attributes": [],
          "private": "eyJlMmJmYjczMC1lY2FhLTExZTYtOGY4OC0zNDM2M2JjN2M0YzAiOnsiY3JlYXRlIjoxMjAwMDAwMDAwMDAwLCJkZWxldGUiOjEyMDAwMDAwMDAwMDAsInVwZGF0ZSI6MTIwMDAwMDAwMDAwMH19",
          "dependencies": [
            "module.os_policy.data.google_compute_zones.this",
            "module.os_policy.data.google_project.default"
          ]
        },
        {
          "index_key": "us-west1-a",
          "schema_version": 0,
          "attributes": {
            "baseline": true,
            "deleted": false,
            "description": "",
            "etag": "ce809362-87e9-4a62-9ded-3796115ea48a",
            "id": "projects/swit-alpha/locations/us-west1-a/osPolicyAssignments/us-west1-a-hostname",
            "instance_filter": [
              {
                "all": false,
                "exclusion_labels": [
                  {
                    "labels": {
                      "goog-gke-node": ""
                    }
                  },
                  {
                    "labels": {
                      "serverless-vpc-access": "test-serverless-mysql"
                    }
                  },
                  {
                    "labels": {
                      "serverless-vpc-access": "swit-alpha-serverless-uw1"
                    }
                  }
                ],
                "inclusion_labels": [],
                "inventories": []
              }
            ],
            "location": "us-west1-a",
            "name": "us-west1-a-hostname",
            "os_policies": [
              {
                "allow_no_resource_group_match": false,
                "description": "",
                "id": "hostname",
                "mode": "ENFORCEMENT",
                "resource_groups": [
                  {
                    "inventory_filters": [
                      {
                        "os_short_name": "debian",
                        "os_version": "10"
                      },
                      {
                        "os_short_name": "debian",
                        "os_version": "11"
                      },
                      {
                        "os_short_name": "debian",
                        "os_version": "12"
                      },
                      {
                        "os_short_name": "rocky",
                        "os_version": "8.*"
                      },
                      {
                        "os_short_name": "rocky",
                        "os_version": "9.*"
                      },
                      {
                        "os_short_name": "ubuntu",
                        "os_version": "20.04"
                      },
                      {
                        "os_short_name": "ubuntu",
                        "os_version": "22.04"
                      }
                    ],
                    "resources": [
                      {
                        "exec": [
                          {
                            "enforce": [
                              {
                                "args": [],
                                "file": [],
                                "interpreter": "SHELL",
                                "output_file_path": "",
                                "script": "metadata_hostname=$(curl -H \"Metadata-Flavor: Google\" \"http://metadata.google.internal/computeMetadata/v1/instance/name\")\nsudo hostnamectl set-hostname \"$metadata_hostname\"\nexit 100\n"
                              }
                            ],
                            "validate": [
                              {
                                "args": [],
                                "file": [],
                                "interpreter": "SHELL",
                                "output_file_path": "",
                                "script": "metadata_hostname=$(curl -H \"Metadata-Flavor: Google\" \"http://metadata.google.internal/computeMetadata/v1/instance/name\")\nhostname=$(hostname)\nif [ \"$metadata_hostname\" != \"$hostname\" ] ; then\n  exit 101\nelse\n  exit 100\nfi\n"
                              }
                            ]
                          }
                        ],
                        "file": [],
                        "id": "configuration",
                        "pkg": [],
                        "repository": []
                      }
                    ]
                  }
                ]
              }
            ],
            "project": "swit-alpha",
            "reconciling": false,
            "revision_create_time": "2024-03-13T14:09:32.748148Z",
            "revision_id": "65f53346-1e3f-4a15-9fd4-7ba2d5008bce",
            "rollout": [
              {
                "disruption_budget": [
                  {
                    "fixed": 0,
                    "percent": 100
                  }
                ],
                "min_wait_duration": "0s"
              }
            ],
            "rollout_state": "SUCCEEDED",
            "skip_await_rollout": true,
            "timeouts": null,
            "uid": "084e101d-7619-420e-a543-ecce251bfbc3"
          },
          "sensitive_attributes": [],
          "private": "eyJlMmJmYjczMC1lY2FhLTExZTYtOGY4OC0zNDM2M2JjN2M0YzAiOnsiY3JlYXRlIjoxMjAwMDAwMDAwMDAwLCJkZWxldGUiOjEyMDAwMDAwMDAwMDAsInVwZGF0ZSI6MTIwMDAwMDAwMDAwMH19",
          "dependencies": [
            "module.os_policy.data.google_compute_zones.this",
            "module.os_policy.data.google_project.default"
          ]
        },
        {
          "index_key": "us-west1-b",
          "schema_version": 0,
          "attributes": {
            "baseline": true,
            "deleted": false,
            "description": "",
            "etag": "ec00a01d-f7e9-43cb-86a2-de9b50845199",
            "id": "projects/swit-alpha/locations/us-west1-b/osPolicyAssignments/us-west1-b-hostname",
            "instance_filter": [
              {
                "all": false,
                "exclusion_labels": [
                  {
                    "labels": {
                      "goog-gke-node": ""
                    }
                  },
                  {
                    "labels": {
                      "serverless-vpc-access": "test-serverless-mysql"
                    }
                  },
                  {
                    "labels": {
                      "serverless-vpc-access": "swit-alpha-serverless-uw1"
                    }
                  }
                ],
                "inclusion_labels": [],
                "inventories": []
              }
            ],
            "location": "us-west1-b",
            "name": "us-west1-b-hostname",
            "os_policies": [
              {
                "allow_no_resource_group_match": false,
                "description": "",
                "id": "hostname",
                "mode": "ENFORCEMENT",
                "resource_groups": [
                  {
                    "inventory_filters": [
                      {
                        "os_short_name": "debian",
                        "os_version": "10"
                      },
                      {
                        "os_short_name": "debian",
                        "os_version": "11"
                      },
                      {
                        "os_short_name": "debian",
                        "os_version": "12"
                      },
                      {
                        "os_short_name": "rocky",
                        "os_version": "8.*"
                      },
                      {
                        "os_short_name": "rocky",
                        "os_version": "9.*"
                      },
                      {
                        "os_short_name": "ubuntu",
                        "os_version": "20.04"
                      },
                      {
                        "os_short_name": "ubuntu",
                        "os_version": "22.04"
                      }
                    ],
                    "resources": [
                      {
                        "exec": [
                          {
                            "enforce": [
                              {
                                "args": [],
                                "file": [],
                                "interpreter": "SHELL",
                                "output_file_path": "",
                                "script": "metadata_hostname=$(curl -H \"Metadata-Flavor: Google\" \"http://metadata.google.internal/computeMetadata/v1/instance/name\")\nsudo hostnamectl set-hostname \"$metadata_hostname\"\nexit 100\n"
                              }
                            ],
                            "validate": [
                              {
                                "args": [],
                                "file": [],
                                "interpreter": "SHELL",
                                "output_file_path": "",
                                "script": "metadata_hostname=$(curl -H \"Metadata-Flavor: Google\" \"http://metadata.google.internal/computeMetadata/v1/instance/name\")\nhostname=$(hostname)\nif [ \"$metadata_hostname\" != \"$hostname\" ] ; then\n  exit 101\nelse\n  exit 100\nfi\n"
                              }
                            ]
                          }
                        ],
                        "file": [],
                        "id": "configuration",
                        "pkg": [],
                        "repository": []
                      }
                    ]
                  }
                ]
              }
            ],
            "project": "swit-alpha",
            "reconciling": false,
            "revision_create_time": "2024-03-13T14:09:32.707500Z",
            "revision_id": "55ffb2ac-93cc-4163-af20-a035b00da0c3",
            "rollout": [
              {
                "disruption_budget": [
                  {
                    "fixed": 0,
                    "percent": 100
                  }
                ],
                "min_wait_duration": "0s"
              }
            ],
            "rollout_state": "SUCCEEDED",
            "skip_await_rollout": true,
            "timeouts": null,
            "uid": "638be161-b945-41f3-bb49-82c37f18fda5"
          },
          "sensitive_attributes": [],
          "private": "eyJlMmJmYjczMC1lY2FhLTExZTYtOGY4OC0zNDM2M2JjN2M0YzAiOnsiY3JlYXRlIjoxMjAwMDAwMDAwMDAwLCJkZWxldGUiOjEyMDAwMDAwMDAwMDAsInVwZGF0ZSI6MTIwMDAwMDAwMDAwMH19",
          "dependencies": [
            "module.os_policy.data.google_compute_zones.this",
            "module.os_policy.data.google_project.default"
          ]
        },
        {
          "index_key": "us-west1-c",
          "schema_version": 0,
          "attributes": {
            "baseline": true,
            "deleted": false,
            "description": "",
            "etag": "2a9e4e6a-ab31-448a-a53d-47dcbf7c017b",
            "id": "projects/swit-alpha/locations/us-west1-c/osPolicyAssignments/us-west1-c-hostname",
            "instance_filter": [
              {
                "all": false,
                "exclusion_labels": [
                  {
                    "labels": {
                      "goog-gke-node": ""
                    }
                  },
                  {
                    "labels": {
                      "serverless-vpc-access": "test-serverless-mysql"
                    }
                  },
                  {
                    "labels": {
                      "serverless-vpc-access": "swit-alpha-serverless-uw1"
                    }
                  }
                ],
                "inclusion_labels": [],
                "inventories": []
              }
            ],
            "location": "us-west1-c",
            "name": "us-west1-c-hostname",
            "os_policies": [
              {
                "allow_no_resource_group_match": false,
                "description": "",
                "id": "hostname",
                "mode": "ENFORCEMENT",
                "resource_groups": [
                  {
                    "inventory_filters": [
                      {
                        "os_short_name": "debian",
                        "os_version": "10"
                      },
                      {
                        "os_short_name": "debian",
                        "os_version": "11"
                      },
                      {
                        "os_short_name": "debian",
                        "os_version": "12"
                      },
                      {
                        "os_short_name": "rocky",
                        "os_version": "8.*"
                      },
                      {
                        "os_short_name": "rocky",
                        "os_version": "9.*"
                      },
                      {
                        "os_short_name": "ubuntu",
                        "os_version": "20.04"
                      },
                      {
                        "os_short_name": "ubuntu",
                        "os_version": "22.04"
                      }
                    ],
                    "resources": [
                      {
                        "exec": [
                          {
                            "enforce": [
                              {
                                "args": [],
                                "file": [],
                                "interpreter": "SHELL",
                                "output_file_path": "",
                                "script": "metadata_hostname=$(curl -H \"Metadata-Flavor: Google\" \"http://metadata.google.internal/computeMetadata/v1/instance/name\")\nsudo hostnamectl set-hostname \"$metadata_hostname\"\nexit 100\n"
                              }
                            ],
                            "validate": [
                              {
                                "args": [],
                                "file": [],
                                "interpreter": "SHELL",
                                "output_file_path": "",
                                "script": "metadata_hostname=$(curl -H \"Metadata-Flavor: Google\" \"http://metadata.google.internal/computeMetadata/v1/instance/name\")\nhostname=$(hostname)\nif [ \"$metadata_hostname\" != \"$hostname\" ] ; then\n  exit 101\nelse\n  exit 100\nfi\n"
                              }
                            ]
                          }
                        ],
                        "file": [],
                        "id": "configuration",
                        "pkg": [],
                        "repository": []
                      }
                    ]
                  }
                ]
              }
            ],
            "project": "swit-alpha",
            "reconciling": false,
            "revision_create_time": "2024-03-13T14:09:32.674156Z",
            "revision_id": "c07b5b48-3815-4517-a77d-5593efaf03af",
            "rollout": [
              {
                "disruption_budget": [
                  {
                    "fixed": 0,
                    "percent": 100
                  }
                ],
                "min_wait_duration": "0s"
              }
            ],
            "rollout_state": "SUCCEEDED",
            "skip_await_rollout": true,
            "timeouts": null,
            "uid": "e5753a5b-359d-47f9-8297-c9539c647549"
          },
          "sensitive_attributes": [],
          "private": "eyJlMmJmYjczMC1lY2FhLTExZTYtOGY4OC0zNDM2M2JjN2M0YzAiOnsiY3JlYXRlIjoxMjAwMDAwMDAwMDAwLCJkZWxldGUiOjEyMDAwMDAwMDAwMDAsInVwZGF0ZSI6MTIwMDAwMDAwMDAwMH19",
          "dependencies": [
            "module.os_policy.data.google_compute_zones.this",
            "module.os_policy.data.google_project.default"
          ]
        }
      ]
    },
    {
      "module": "module.os_policy",
      "mode": "managed",
      "type": "google_os_config_os_policy_assignment",
      "name": "opsagent",
      "provider": "provider[\"registry.terraform.io/hashicorp/google\"]",
      "instances": [
        {
          "index_key": "asia-northeast3-a",
          "schema_version": 0,
          "attributes": {
            "baseline": true,
            "deleted": false,
            "description": "",
            "etag": "5d2a3c16-8665-48da-8c26-8e9dfa89e574",
            "id": "projects/swit-alpha/locations/asia-northeast3-a/osPolicyAssignments/asia-northeast3-a-opsagent",
            "instance_filter": [
              {
                "all": false,
                "exclusion_labels": [
                  {
                    "labels": {
                      "goog-gke-node": ""
                    }
                  },
                  {
                    "labels": {
                      "serverless-vpc-access": "test-serverless-mysql"
                    }
                  },
                  {
                    "labels": {
                      "serverless-vpc-access": "swit-alpha-serverless-uw1"
                    }
                  }
                ],
                "inclusion_labels": [],
                "inventories": []
              }
            ],
            "location": "asia-northeast3-a",
            "name": "asia-northeast3-a-opsagent",
            "os_policies": [
              {
                "allow_no_resource_group_match": false,
                "description": "",
                "id": "opsagent",
                "mode": "ENFORCEMENT",
                "resource_groups": [
                  {
                    "inventory_filters": [
                      {
                        "os_short_name": "debian",
                        "os_version": "10"
                      }
                    ],
                    "resources": [
                      {
                        "exec": [],
                        "file": [],
                        "id": "add-repo",
                        "pkg": [],
                        "repository": [
                          {
                            "apt": [
                              {
                                "archive_type": "DEB",
                                "components": [
                                  "main"
                                ],
                                "distribution": "google-cloud-ops-agent-buster-2",
                                "gpg_key": "https://packages.cloud.google.com/apt/doc/apt-key.gpg",
                                "uri": "https://packages.cloud.google.com/apt"
                              }
                            ],
                            "goo": [],
                            "yum": [],
                            "zypper": []
                          }
                        ]
                      },
                      {
                        "exec": [],
                        "file": [],
                        "id": "install-pkg",
                        "pkg": [
                          {
                            "apt": [
                              {
                                "name": "google-cloud-ops-agent"
                              }
                            ],
                            "deb": [],
                            "desired_state": "INSTALLED",
                            "googet": [],
                            "msi": [],
                            "rpm": [],
                            "yum": [],
                            "zypper": []
                          }
                        ],
                        "repository": []
                      }
                    ]
                  },
                  {
                    "inventory_filters": [
                      {
                        "os_short_name": "debian",
                        "os_version": "11"
                      }
                    ],
                    "resources": [
                      {
                        "exec": [],
                        "file": [],
                        "id": "add-repo",
                        "pkg": [],
                        "repository": [
                          {
                            "apt": [
                              {
                                "archive_type": "DEB",
                                "components": [
                                  "main"
                                ],
                                "distribution": "google-cloud-ops-agent-bullseye-2",
                                "gpg_key": "https://packages.cloud.google.com/apt/doc/apt-key.gpg",
                                "uri": "https://packages.cloud.google.com/apt"
                              }
                            ],
                            "goo": [],
                            "yum": [],
                            "zypper": []
                          }
                        ]
                      },
                      {
                        "exec": [],
                        "file": [],
                        "id": "install-pkg",
                        "pkg": [
                          {
                            "apt": [
                              {
                                "name": "google-cloud-ops-agent"
                              }
                            ],
                            "deb": [],
                            "desired_state": "INSTALLED",
                            "googet": [],
                            "msi": [],
                            "rpm": [],
                            "yum": [],
                            "zypper": []
                          }
                        ],
                        "repository": []
                      }
                    ]
                  },
                  {
                    "inventory_filters": [
                      {
                        "os_short_name": "debian",
                        "os_version": "12"
                      }
                    ],
                    "resources": [
                      {
                        "exec": [],
                        "file": [],
                        "id": "add-repo",
                        "pkg": [],
                        "repository": [
                          {
                            "apt": [
                              {
                                "archive_type": "DEB",
                                "components": [
                                  "main"
                                ],
                                "distribution": "google-cloud-ops-agent-bookworm-2",
                                "gpg_key": "https://packages.cloud.google.com/apt/doc/apt-key.gpg",
                                "uri": "https://packages.cloud.google.com/apt"
                              }
                            ],
                            "goo": [],
                            "yum": [],
                            "zypper": []
                          }
                        ]
                      },
                      {
                        "exec": [],
                        "file": [],
                        "id": "install-pkg",
                        "pkg": [
                          {
                            "apt": [
                              {
                                "name": "google-cloud-ops-agent"
                              }
                            ],
                            "deb": [],
                            "desired_state": "INSTALLED",
                            "googet": [],
                            "msi": [],
                            "rpm": [],
                            "yum": [],
                            "zypper": []
                          }
                        ],
                        "repository": []
                      }
                    ]
                  },
                  {
                    "inventory_filters": [
                      {
                        "os_short_name": "rocky",
                        "os_version": "8.*"
                      }
                    ],
                    "resources": [
                      {
                        "exec": [],
                        "file": [],
                        "id": "add-repo",
                        "pkg": [],
                        "repository": [
                          {
                            "apt": [],
                            "goo": [],
                            "yum": [
                              {
                                "base_url": "https://packages.cloud.google.com/yum/repos/google-cloud-ops-agent-el8-x86_64-2",
                                "display_name": "Google Cloud Ops Agent Repository",
                                "gpg_keys": [
                                  "https://packages.cloud.google.com/yum/doc/yum-key.gpg",
                                  "https://packages.cloud.google.com/yum/doc/rpm-package-key.gpg"
                                ],
                                "id": "google-cloud-ops-agent"
                              }
                            ],
                            "zypper": []
                          }
                        ]
                      },
                      {
                        "exec": [],
                        "file": [],
                        "id": "install-pkg",
                        "pkg": [
                          {
                            "apt": [],
                            "deb": [],
                            "desired_state": "INSTALLED",
                            "googet": [],
                            "msi": [],
                            "rpm": [],
                            "yum": [
                              {
                                "name": "google-cloud-ops-agent"
                              }
                            ],
                            "zypper": []
                          }
                        ],
                        "repository": []
                      }
                    ]
                  },
                  {
                    "inventory_filters": [
                      {
                        "os_short_name": "rocky",
                        "os_version": "9.*"
                      }
                    ],
                    "resources": [
                      {
                        "exec": [],
                        "file": [],
                        "id": "add-repo",
                        "pkg": [],
                        "repository": [
                          {
                            "apt": [],
                            "goo": [],
                            "yum": [
                              {
                                "base_url": "https://packages.cloud.google.com/yum/repos/google-cloud-ops-agent-el9-x86_64-2",
                                "display_name": "Google Cloud Ops Agent Repository",
                                "gpg_keys": [
                                  "https://packages.cloud.google.com/yum/doc/yum-key.gpg",
                                  "https://packages.cloud.google.com/yum/doc/rpm-package-key.gpg"
                                ],
                                "id": "google-cloud-ops-agent"
                              }
                            ],
                            "zypper": []
                          }
                        ]
                      },
                      {
                        "exec": [],
                        "file": [],
                        "id": "install-pkg",
                        "pkg": [
                          {
                            "apt": [],
                            "deb": [],
                            "desired_state": "INSTALLED",
                            "googet": [],
                            "msi": [],
                            "rpm": [],
                            "yum": [
                              {
                                "name": "google-cloud-ops-agent"
                              }
                            ],
                            "zypper": []
                          }
                        ],
                        "repository": []
                      }
                    ]
                  },
                  {
                    "inventory_filters": [
                      {
                        "os_short_name": "ubuntu",
                        "os_version": "20.04"
                      }
                    ],
                    "resources": [
                      {
                        "exec": [
                          {
                            "enforce": [
                              {
                                "args": [],
                                "file": [],
                                "interpreter": "SHELL",
                                "output_file_path": "",
                                "script": "echo hello"
                              }
                            ],
                            "validate": [
                              {
                                "args": [],
                                "file": [],
                                "interpreter": "SHELL",
                                "output_file_path": "",
                                "script": "cloud-init status --wait; exit 100;"
                              }
                            ]
                          }
                        ],
                        "file": [],
                        "id": "wait-for-cloud-init",
                        "pkg": [],
                        "repository": []
                      },
                      {
                        "exec": [],
                        "file": [],
                        "id": "add-repo",
                        "pkg": [],
                        "repository": [
                          {
                            "apt": [
                              {
                                "archive_type": "DEB",
                                "components": [
                                  "main"
                                ],
                                "distribution": "google-cloud-ops-agent-focal-2",
                                "gpg_key": "https://packages.cloud.google.com/apt/doc/apt-key.gpg",
                                "uri": "https://packages.cloud.google.com/apt"
                              }
                            ],
                            "goo": [],
                            "yum": [],
                            "zypper": []
                          }
                        ]
                      },
                      {
                        "exec": [],
                        "file": [],
                        "id": "install-pkg",
                        "pkg": [
                          {
                            "apt": [
                              {
                                "name": "google-cloud-ops-agent"
                              }
                            ],
                            "deb": [],
                            "desired_state": "INSTALLED",
                            "googet": [],
                            "msi": [],
                            "rpm": [],
                            "yum": [],
                            "zypper": []
                          }
                        ],
                        "repository": []
                      }
                    ]
                  },
                  {
                    "inventory_filters": [
                      {
                        "os_short_name": "ubuntu",
                        "os_version": "22.04"
                      }
                    ],
                    "resources": [
                      {
                        "exec": [
                          {
                            "enforce": [
                              {
                                "args": [],
                                "file": [],
                                "interpreter": "SHELL",
                                "output_file_path": "",
                                "script": "echo hello"
                              }
                            ],
                            "validate": [
                              {
                                "args": [],
                                "file": [],
                                "interpreter": "SHELL",
                                "output_file_path": "",
                                "script": "cloud-init status --wait; exit 100;"
                              }
                            ]
                          }
                        ],
                        "file": [],
                        "id": "wait-for-cloud-init",
                        "pkg": [],
                        "repository": []
                      },
                      {
                        "exec": [],
                        "file": [],
                        "id": "add-repo",
                        "pkg": [],
                        "repository": [
                          {
                            "apt": [
                              {
                                "archive_type": "DEB",
                                "components": [
                                  "main"
                                ],
                                "distribution": "google-cloud-ops-agent-jammy-2",
                                "gpg_key": "https://packages.cloud.google.com/apt/doc/apt-key.gpg",
                                "uri": "https://packages.cloud.google.com/apt"
                              }
                            ],
                            "goo": [],
                            "yum": [],
                            "zypper": []
                          }
                        ]
                      },
                      {
                        "exec": [],
                        "file": [],
                        "id": "install-pkg",
                        "pkg": [
                          {
                            "apt": [
                              {
                                "name": "google-cloud-ops-agent"
                              }
                            ],
                            "deb": [],
                            "desired_state": "INSTALLED",
                            "googet": [],
                            "msi": [],
                            "rpm": [],
                            "yum": [],
                            "zypper": []
                          }
                        ],
                        "repository": []
                      }
                    ]
                  }
                ]
              }
            ],
            "project": "swit-alpha",
            "reconciling": false,
            "revision_create_time": "2024-03-11T13:59:14.595358Z",
            "revision_id": "5714c254-9257-4dd7-b8cb-02e855b795f4",
            "rollout": [
              {
                "disruption_budget": [
                  {
                    "fixed": 0,
                    "percent": 100
                  }
                ],
                "min_wait_duration": "0s"
              }
            ],
            "rollout_state": "SUCCEEDED",
            "skip_await_rollout": true,
            "timeouts": null,
            "uid": "fa2b74df-a8f9-4c23-beb5-eb94674cd218"
          },
          "sensitive_attributes": [],
          "private": "eyJlMmJmYjczMC1lY2FhLTExZTYtOGY4OC0zNDM2M2JjN2M0YzAiOnsiY3JlYXRlIjoxMjAwMDAwMDAwMDAwLCJkZWxldGUiOjEyMDAwMDAwMDAwMDAsInVwZGF0ZSI6MTIwMDAwMDAwMDAwMH19",
          "dependencies": [
            "module.os_policy.data.google_compute_zones.this",
            "module.os_policy.data.google_project.default"
          ]
        },
        {
          "index_key": "asia-northeast3-b",
          "schema_version": 0,
          "attributes": {
            "baseline": true,
            "deleted": false,
            "description": "",
            "etag": "c1e9a5f1-c0cf-419a-a5e2-a21cddd9e0e0",
            "id": "projects/swit-alpha/locations/asia-northeast3-b/osPolicyAssignments/asia-northeast3-b-opsagent",
            "instance_filter": [
              {
                "all": false,
                "exclusion_labels": [
                  {
                    "labels": {
                      "goog-gke-node": ""
                    }
                  },
                  {
                    "labels": {
                      "serverless-vpc-access": "test-serverless-mysql"
                    }
                  },
                  {
                    "labels": {
                      "serverless-vpc-access": "swit-alpha-serverless-uw1"
                    }
                  }
                ],
                "inclusion_labels": [],
                "inventories": []
              }
            ],
            "location": "asia-northeast3-b",
            "name": "asia-northeast3-b-opsagent",
            "os_policies": [
              {
                "allow_no_resource_group_match": false,
                "description": "",
                "id": "opsagent",
                "mode": "ENFORCEMENT",
                "resource_groups": [
                  {
                    "inventory_filters": [
                      {
                        "os_short_name": "debian",
                        "os_version": "10"
                      }
                    ],
                    "resources": [
                      {
                        "exec": [],
                        "file": [],
                        "id": "add-repo",
                        "pkg": [],
                        "repository": [
                          {
                            "apt": [
                              {
                                "archive_type": "DEB",
                                "components": [
                                  "main"
                                ],
                                "distribution": "google-cloud-ops-agent-buster-2",
                                "gpg_key": "https://packages.cloud.google.com/apt/doc/apt-key.gpg",
                                "uri": "https://packages.cloud.google.com/apt"
                              }
                            ],
                            "goo": [],
                            "yum": [],
                            "zypper": []
                          }
                        ]
                      },
                      {
                        "exec": [],
                        "file": [],
                        "id": "install-pkg",
                        "pkg": [
                          {
                            "apt": [
                              {
                                "name": "google-cloud-ops-agent"
                              }
                            ],
                            "deb": [],
                            "desired_state": "INSTALLED",
                            "googet": [],
                            "msi": [],
                            "rpm": [],
                            "yum": [],
                            "zypper": []
                          }
                        ],
                        "repository": []
                      }
                    ]
                  },
                  {
                    "inventory_filters": [
                      {
                        "os_short_name": "debian",
                        "os_version": "11"
                      }
                    ],
                    "resources": [
                      {
                        "exec": [],
                        "file": [],
                        "id": "add-repo",
                        "pkg": [],
                        "repository": [
                          {
                            "apt": [
                              {
                                "archive_type": "DEB",
                                "components": [
                                  "main"
                                ],
                                "distribution": "google-cloud-ops-agent-bullseye-2",
                                "gpg_key": "https://packages.cloud.google.com/apt/doc/apt-key.gpg",
                                "uri": "https://packages.cloud.google.com/apt"
                              }
                            ],
                            "goo": [],
                            "yum": [],
                            "zypper": []
                          }
                        ]
                      },
                      {
                        "exec": [],
                        "file": [],
                        "id": "install-pkg",
                        "pkg": [
                          {
                            "apt": [
                              {
                                "name": "google-cloud-ops-agent"
                              }
                            ],
                            "deb": [],
                            "desired_state": "INSTALLED",
                            "googet": [],
                            "msi": [],
                            "rpm": [],
                            "yum": [],
                            "zypper": []
                          }
                        ],
                        "repository": []
                      }
                    ]
                  },
                  {
                    "inventory_filters": [
                      {
                        "os_short_name": "debian",
                        "os_version": "12"
                      }
                    ],
                    "resources": [
                      {
                        "exec": [],
                        "file": [],
                        "id": "add-repo",
                        "pkg": [],
                        "repository": [
                          {
                            "apt": [
                              {
                                "archive_type": "DEB",
                                "components": [
                                  "main"
                                ],
                                "distribution": "google-cloud-ops-agent-bookworm-2",
                                "gpg_key": "https://packages.cloud.google.com/apt/doc/apt-key.gpg",
                                "uri": "https://packages.cloud.google.com/apt"
                              }
                            ],
                            "goo": [],
                            "yum": [],
                            "zypper": []
                          }
                        ]
                      },
                      {
                        "exec": [],
                        "file": [],
                        "id": "install-pkg",
                        "pkg": [
                          {
                            "apt": [
                              {
                                "name": "google-cloud-ops-agent"
                              }
                            ],
                            "deb": [],
                            "desired_state": "INSTALLED",
                            "googet": [],
                            "msi": [],
                            "rpm": [],
                            "yum": [],
                            "zypper": []
                          }
                        ],
                        "repository": []
                      }
                    ]
                  },
                  {
                    "inventory_filters": [
                      {
                        "os_short_name": "rocky",
                        "os_version": "8.*"
                      }
                    ],
                    "resources": [
                      {
                        "exec": [],
                        "file": [],
                        "id": "add-repo",
                        "pkg": [],
                        "repository": [
                          {
                            "apt": [],
                            "goo": [],
                            "yum": [
                              {
                                "base_url": "https://packages.cloud.google.com/yum/repos/google-cloud-ops-agent-el8-x86_64-2",
                                "display_name": "Google Cloud Ops Agent Repository",
                                "gpg_keys": [
                                  "https://packages.cloud.google.com/yum/doc/yum-key.gpg",
                                  "https://packages.cloud.google.com/yum/doc/rpm-package-key.gpg"
                                ],
                                "id": "google-cloud-ops-agent"
                              }
                            ],
                            "zypper": []
                          }
                        ]
                      },
                      {
                        "exec": [],
                        "file": [],
                        "id": "install-pkg",
                        "pkg": [
                          {
                            "apt": [],
                            "deb": [],
                            "desired_state": "INSTALLED",
                            "googet": [],
                            "msi": [],
                            "rpm": [],
                            "yum": [
                              {
                                "name": "google-cloud-ops-agent"
                              }
                            ],
                            "zypper": []
                          }
                        ],
                        "repository": []
                      }
                    ]
                  },
                  {
                    "inventory_filters": [
                      {
                        "os_short_name": "rocky",
                        "os_version": "9.*"
                      }
                    ],
                    "resources": [
                      {
                        "exec": [],
                        "file": [],
                        "id": "add-repo",
                        "pkg": [],
                        "repository": [
                          {
                            "apt": [],
                            "goo": [],
                            "yum": [
                              {
                                "base_url": "https://packages.cloud.google.com/yum/repos/google-cloud-ops-agent-el9-x86_64-2",
                                "display_name": "Google Cloud Ops Agent Repository",
                                "gpg_keys": [
                                  "https://packages.cloud.google.com/yum/doc/yum-key.gpg",
                                  "https://packages.cloud.google.com/yum/doc/rpm-package-key.gpg"
                                ],
                                "id": "google-cloud-ops-agent"
                              }
                            ],
                            "zypper": []
                          }
                        ]
                      },
                      {
                        "exec": [],
                        "file": [],
                        "id": "install-pkg",
                        "pkg": [
                          {
                            "apt": [],
                            "deb": [],
                            "desired_state": "INSTALLED",
                            "googet": [],
                            "msi": [],
                            "rpm": [],
                            "yum": [
                              {
                                "name": "google-cloud-ops-agent"
                              }
                            ],
                            "zypper": []
                          }
                        ],
                        "repository": []
                      }
                    ]
                  },
                  {
                    "inventory_filters": [
                      {
                        "os_short_name": "ubuntu",
                        "os_version": "20.04"
                      }
                    ],
                    "resources": [
                      {
                        "exec": [
                          {
                            "enforce": [
                              {
                                "args": [],
                                "file": [],
                                "interpreter": "SHELL",
                                "output_file_path": "",
                                "script": "echo hello"
                              }
                            ],
                            "validate": [
                              {
                                "args": [],
                                "file": [],
                                "interpreter": "SHELL",
                                "output_file_path": "",
                                "script": "cloud-init status --wait; exit 100;"
                              }
                            ]
                          }
                        ],
                        "file": [],
                        "id": "wait-for-cloud-init",
                        "pkg": [],
                        "repository": []
                      },
                      {
                        "exec": [],
                        "file": [],
                        "id": "add-repo",
                        "pkg": [],
                        "repository": [
                          {
                            "apt": [
                              {
                                "archive_type": "DEB",
                                "components": [
                                  "main"
                                ],
                                "distribution": "google-cloud-ops-agent-focal-2",
                                "gpg_key": "https://packages.cloud.google.com/apt/doc/apt-key.gpg",
                                "uri": "https://packages.cloud.google.com/apt"
                              }
                            ],
                            "goo": [],
                            "yum": [],
                            "zypper": []
                          }
                        ]
                      },
                      {
                        "exec": [],
                        "file": [],
                        "id": "install-pkg",
                        "pkg": [
                          {
                            "apt": [
                              {
                                "name": "google-cloud-ops-agent"
                              }
                            ],
                            "deb": [],
                            "desired_state": "INSTALLED",
                            "googet": [],
                            "msi": [],
                            "rpm": [],
                            "yum": [],
                            "zypper": []
                          }
                        ],
                        "repository": []
                      }
                    ]
                  },
                  {
                    "inventory_filters": [
                      {
                        "os_short_name": "ubuntu",
                        "os_version": "22.04"
                      }
                    ],
                    "resources": [
                      {
                        "exec": [
                          {
                            "enforce": [
                              {
                                "args": [],
                                "file": [],
                                "interpreter": "SHELL",
                                "output_file_path": "",
                                "script": "echo hello"
                              }
                            ],
                            "validate": [
                              {
                                "args": [],
                                "file": [],
                                "interpreter": "SHELL",
                                "output_file_path": "",
                                "script": "cloud-init status --wait; exit 100;"
                              }
                            ]
                          }
                        ],
                        "file": [],
                        "id": "wait-for-cloud-init",
                        "pkg": [],
                        "repository": []
                      },
                      {
                        "exec": [],
                        "file": [],
                        "id": "add-repo",
                        "pkg": [],
                        "repository": [
                          {
                            "apt": [
                              {
                                "archive_type": "DEB",
                                "components": [
                                  "main"
                                ],
                                "distribution": "google-cloud-ops-agent-jammy-2",
                                "gpg_key": "https://packages.cloud.google.com/apt/doc/apt-key.gpg",
                                "uri": "https://packages.cloud.google.com/apt"
                              }
                            ],
                            "goo": [],
                            "yum": [],
                            "zypper": []
                          }
                        ]
                      },
                      {
                        "exec": [],
                        "file": [],
                        "id": "install-pkg",
                        "pkg": [
                          {
                            "apt": [
                              {
                                "name": "google-cloud-ops-agent"
                              }
                            ],
                            "deb": [],
                            "desired_state": "INSTALLED",
                            "googet": [],
                            "msi": [],
                            "rpm": [],
                            "yum": [],
                            "zypper": []
                          }
                        ],
                        "repository": []
                      }
                    ]
                  }
                ]
              }
            ],
            "project": "swit-alpha",
            "reconciling": false,
            "revision_create_time": "2024-03-11T13:59:14.570743Z",
            "revision_id": "15aef1d5-6771-4d0a-bcd6-0afc1066e681",
            "rollout": [
              {
                "disruption_budget": [
                  {
                    "fixed": 0,
                    "percent": 100
                  }
                ],
                "min_wait_duration": "0s"
              }
            ],
            "rollout_state": "SUCCEEDED",
            "skip_await_rollout": true,
            "timeouts": null,
            "uid": "2b252a4a-2e4d-41fc-b171-bd3a115d208c"
          },
          "sensitive_attributes": [],
          "private": "eyJlMmJmYjczMC1lY2FhLTExZTYtOGY4OC0zNDM2M2JjN2M0YzAiOnsiY3JlYXRlIjoxMjAwMDAwMDAwMDAwLCJkZWxldGUiOjEyMDAwMDAwMDAwMDAsInVwZGF0ZSI6MTIwMDAwMDAwMDAwMH19",
          "dependencies": [
            "module.os_policy.data.google_compute_zones.this",
            "module.os_policy.data.google_project.default"
          ]
        },
        {
          "index_key": "asia-northeast3-c",
          "schema_version": 0,
          "attributes": {
            "baseline": true,
            "deleted": false,
            "description": "",
            "etag": "9ff284be-b878-4de7-996a-5c290a47beab",
            "id": "projects/swit-alpha/locations/asia-northeast3-c/osPolicyAssignments/asia-northeast3-c-opsagent",
            "instance_filter": [
              {
                "all": false,
                "exclusion_labels": [
                  {
                    "labels": {
                      "goog-gke-node": ""
                    }
                  },
                  {
                    "labels": {
                      "serverless-vpc-access": "test-serverless-mysql"
                    }
                  },
                  {
                    "labels": {
                      "serverless-vpc-access": "swit-alpha-serverless-uw1"
                    }
                  }
                ],
                "inclusion_labels": [],
                "inventories": []
              }
            ],
            "location": "asia-northeast3-c",
            "name": "asia-northeast3-c-opsagent",
            "os_policies": [
              {
                "allow_no_resource_group_match": false,
                "description": "",
                "id": "opsagent",
                "mode": "ENFORCEMENT",
                "resource_groups": [
                  {
                    "inventory_filters": [
                      {
                        "os_short_name": "debian",
                        "os_version": "10"
                      }
                    ],
                    "resources": [
                      {
                        "exec": [],
                        "file": [],
                        "id": "add-repo",
                        "pkg": [],
                        "repository": [
                          {
                            "apt": [
                              {
                                "archive_type": "DEB",
                                "components": [
                                  "main"
                                ],
                                "distribution": "google-cloud-ops-agent-buster-2",
                                "gpg_key": "https://packages.cloud.google.com/apt/doc/apt-key.gpg",
                                "uri": "https://packages.cloud.google.com/apt"
                              }
                            ],
                            "goo": [],
                            "yum": [],
                            "zypper": []
                          }
                        ]
                      },
                      {
                        "exec": [],
                        "file": [],
                        "id": "install-pkg",
                        "pkg": [
                          {
                            "apt": [
                              {
                                "name": "google-cloud-ops-agent"
                              }
                            ],
                            "deb": [],
                            "desired_state": "INSTALLED",
                            "googet": [],
                            "msi": [],
                            "rpm": [],
                            "yum": [],
                            "zypper": []
                          }
                        ],
                        "repository": []
                      }
                    ]
                  },
                  {
                    "inventory_filters": [
                      {
                        "os_short_name": "debian",
                        "os_version": "11"
                      }
                    ],
                    "resources": [
                      {
                        "exec": [],
                        "file": [],
                        "id": "add-repo",
                        "pkg": [],
                        "repository": [
                          {
                            "apt": [
                              {
                                "archive_type": "DEB",
                                "components": [
                                  "main"
                                ],
                                "distribution": "google-cloud-ops-agent-bullseye-2",
                                "gpg_key": "https://packages.cloud.google.com/apt/doc/apt-key.gpg",
                                "uri": "https://packages.cloud.google.com/apt"
                              }
                            ],
                            "goo": [],
                            "yum": [],
                            "zypper": []
                          }
                        ]
                      },
                      {
                        "exec": [],
                        "file": [],
                        "id": "install-pkg",
                        "pkg": [
                          {
                            "apt": [
                              {
                                "name": "google-cloud-ops-agent"
                              }
                            ],
                            "deb": [],
                            "desired_state": "INSTALLED",
                            "googet": [],
                            "msi": [],
                            "rpm": [],
                            "yum": [],
                            "zypper": []
                          }
                        ],
                        "repository": []
                      }
                    ]
                  },
                  {
                    "inventory_filters": [
                      {
                        "os_short_name": "debian",
                        "os_version": "12"
                      }
                    ],
                    "resources": [
                      {
                        "exec": [],
                        "file": [],
                        "id": "add-repo",
                        "pkg": [],
                        "repository": [
                          {
                            "apt": [
                              {
                                "archive_type": "DEB",
                                "components": [
                                  "main"
                                ],
                                "distribution": "google-cloud-ops-agent-bookworm-2",
                                "gpg_key": "https://packages.cloud.google.com/apt/doc/apt-key.gpg",
                                "uri": "https://packages.cloud.google.com/apt"
                              }
                            ],
                            "goo": [],
                            "yum": [],
                            "zypper": []
                          }
                        ]
                      },
                      {
                        "exec": [],
                        "file": [],
                        "id": "install-pkg",
                        "pkg": [
                          {
                            "apt": [
                              {
                                "name": "google-cloud-ops-agent"
                              }
                            ],
                            "deb": [],
                            "desired_state": "INSTALLED",
                            "googet": [],
                            "msi": [],
                            "rpm": [],
                            "yum": [],
                            "zypper": []
                          }
                        ],
                        "repository": []
                      }
                    ]
                  },
                  {
                    "inventory_filters": [
                      {
                        "os_short_name": "rocky",
                        "os_version": "8.*"
                      }
                    ],
                    "resources": [
                      {
                        "exec": [],
                        "file": [],
                        "id": "add-repo",
                        "pkg": [],
                        "repository": [
                          {
                            "apt": [],
                            "goo": [],
                            "yum": [
                              {
                                "base_url": "https://packages.cloud.google.com/yum/repos/google-cloud-ops-agent-el8-x86_64-2",
                                "display_name": "Google Cloud Ops Agent Repository",
                                "gpg_keys": [
                                  "https://packages.cloud.google.com/yum/doc/yum-key.gpg",
                                  "https://packages.cloud.google.com/yum/doc/rpm-package-key.gpg"
                                ],
                                "id": "google-cloud-ops-agent"
                              }
                            ],
                            "zypper": []
                          }
                        ]
                      },
                      {
                        "exec": [],
                        "file": [],
                        "id": "install-pkg",
                        "pkg": [
                          {
                            "apt": [],
                            "deb": [],
                            "desired_state": "INSTALLED",
                            "googet": [],
                            "msi": [],
                            "rpm": [],
                            "yum": [
                              {
                                "name": "google-cloud-ops-agent"
                              }
                            ],
                            "zypper": []
                          }
                        ],
                        "repository": []
                      }
                    ]
                  },
                  {
                    "inventory_filters": [
                      {
                        "os_short_name": "rocky",
                        "os_version": "9.*"
                      }
                    ],
                    "resources": [
                      {
                        "exec": [],
                        "file": [],
                        "id": "add-repo",
                        "pkg": [],
                        "repository": [
                          {
                            "apt": [],
                            "goo": [],
                            "yum": [
                              {
                                "base_url": "https://packages.cloud.google.com/yum/repos/google-cloud-ops-agent-el9-x86_64-2",
                                "display_name": "Google Cloud Ops Agent Repository",
                                "gpg_keys": [
                                  "https://packages.cloud.google.com/yum/doc/yum-key.gpg",
                                  "https://packages.cloud.google.com/yum/doc/rpm-package-key.gpg"
                                ],
                                "id": "google-cloud-ops-agent"
                              }
                            ],
                            "zypper": []
                          }
                        ]
                      },
                      {
                        "exec": [],
                        "file": [],
                        "id": "install-pkg",
                        "pkg": [
                          {
                            "apt": [],
                            "deb": [],
                            "desired_state": "INSTALLED",
                            "googet": [],
                            "msi": [],
                            "rpm": [],
                            "yum": [
                              {
                                "name": "google-cloud-ops-agent"
                              }
                            ],
                            "zypper": []
                          }
                        ],
                        "repository": []
                      }
                    ]
                  },
                  {
                    "inventory_filters": [
                      {
                        "os_short_name": "ubuntu",
                        "os_version": "20.04"
                      }
                    ],
                    "resources": [
                      {
                        "exec": [
                          {
                            "enforce": [
                              {
                                "args": [],
                                "file": [],
                                "interpreter": "SHELL",
                                "output_file_path": "",
                                "script": "echo hello"
                              }
                            ],
                            "validate": [
                              {
                                "args": [],
                                "file": [],
                                "interpreter": "SHELL",
                                "output_file_path": "",
                                "script": "cloud-init status --wait; exit 100;"
                              }
                            ]
                          }
                        ],
                        "file": [],
                        "id": "wait-for-cloud-init",
                        "pkg": [],
                        "repository": []
                      },
                      {
                        "exec": [],
                        "file": [],
                        "id": "add-repo",
                        "pkg": [],
                        "repository": [
                          {
                            "apt": [
                              {
                                "archive_type": "DEB",
                                "components": [
                                  "main"
                                ],
                                "distribution": "google-cloud-ops-agent-focal-2",
                                "gpg_key": "https://packages.cloud.google.com/apt/doc/apt-key.gpg",
                                "uri": "https://packages.cloud.google.com/apt"
                              }
                            ],
                            "goo": [],
                            "yum": [],
                            "zypper": []
                          }
                        ]
                      },
                      {
                        "exec": [],
                        "file": [],
                        "id": "install-pkg",
                        "pkg": [
                          {
                            "apt": [
                              {
                                "name": "google-cloud-ops-agent"
                              }
                            ],
                            "deb": [],
                            "desired_state": "INSTALLED",
                            "googet": [],
                            "msi": [],
                            "rpm": [],
                            "yum": [],
                            "zypper": []
                          }
                        ],
                        "repository": []
                      }
                    ]
                  },
                  {
                    "inventory_filters": [
                      {
                        "os_short_name": "ubuntu",
                        "os_version": "22.04"
                      }
                    ],
                    "resources": [
                      {
                        "exec": [
                          {
                            "enforce": [
                              {
                                "args": [],
                                "file": [],
                                "interpreter": "SHELL",
                                "output_file_path": "",
                                "script": "echo hello"
                              }
                            ],
                            "validate": [
                              {
                                "args": [],
                                "file": [],
                                "interpreter": "SHELL",
                                "output_file_path": "",
                                "script": "cloud-init status --wait; exit 100;"
                              }
                            ]
                          }
                        ],
                        "file": [],
                        "id": "wait-for-cloud-init",
                        "pkg": [],
                        "repository": []
                      },
                      {
                        "exec": [],
                        "file": [],
                        "id": "add-repo",
                        "pkg": [],
                        "repository": [
                          {
                            "apt": [
                              {
                                "archive_type": "DEB",
                                "components": [
                                  "main"
                                ],
                                "distribution": "google-cloud-ops-agent-jammy-2",
                                "gpg_key": "https://packages.cloud.google.com/apt/doc/apt-key.gpg",
                                "uri": "https://packages.cloud.google.com/apt"
                              }
                            ],
                            "goo": [],
                            "yum": [],
                            "zypper": []
                          }
                        ]
                      },
                      {
                        "exec": [],
                        "file": [],
                        "id": "install-pkg",
                        "pkg": [
                          {
                            "apt": [
                              {
                                "name": "google-cloud-ops-agent"
                              }
                            ],
                            "deb": [],
                            "desired_state": "INSTALLED",
                            "googet": [],
                            "msi": [],
                            "rpm": [],
                            "yum": [],
                            "zypper": []
                          }
                        ],
                        "repository": []
                      }
                    ]
                  }
                ]
              }
            ],
            "project": "swit-alpha",
            "reconciling": false,
            "revision_create_time": "2024-03-11T13:59:14.567926Z",
            "revision_id": "97e2a7e4-be40-4528-8bf9-9ecc87c5f262",
            "rollout": [
              {
                "disruption_budget": [
                  {
                    "fixed": 0,
                    "percent": 100
                  }
                ],
                "min_wait_duration": "0s"
              }
            ],
            "rollout_state": "SUCCEEDED",
            "skip_await_rollout": true,
            "timeouts": null,
            "uid": "116401de-02d4-47d8-a899-7098d20c2e49"
          },
          "sensitive_attributes": [],
          "private": "eyJlMmJmYjczMC1lY2FhLTExZTYtOGY4OC0zNDM2M2JjN2M0YzAiOnsiY3JlYXRlIjoxMjAwMDAwMDAwMDAwLCJkZWxldGUiOjEyMDAwMDAwMDAwMDAsInVwZGF0ZSI6MTIwMDAwMDAwMDAwMH19",
          "dependencies": [
            "module.os_policy.data.google_compute_zones.this",
            "module.os_policy.data.google_project.default"
          ]
        },
        {
          "index_key": "us-west1-a",
          "schema_version": 0,
          "attributes": {
            "baseline": true,
            "deleted": false,
            "description": "",
            "etag": "350b72ea-b890-41d5-a906-4d29187175db",
            "id": "projects/swit-alpha/locations/us-west1-a/osPolicyAssignments/us-west1-a-opsagent",
            "instance_filter": [
              {
                "all": false,
                "exclusion_labels": [
                  {
                    "labels": {
                      "goog-gke-node": ""
                    }
                  },
                  {
                    "labels": {
                      "serverless-vpc-access": "test-serverless-mysql"
                    }
                  },
                  {
                    "labels": {
                      "serverless-vpc-access": "swit-alpha-serverless-uw1"
                    }
                  }
                ],
                "inclusion_labels": [],
                "inventories": []
              }
            ],
            "location": "us-west1-a",
            "name": "us-west1-a-opsagent",
            "os_policies": [
              {
                "allow_no_resource_group_match": false,
                "description": "",
                "id": "opsagent",
                "mode": "ENFORCEMENT",
                "resource_groups": [
                  {
                    "inventory_filters": [
                      {
                        "os_short_name": "debian",
                        "os_version": "10"
                      }
                    ],
                    "resources": [
                      {
                        "exec": [],
                        "file": [],
                        "id": "add-repo",
                        "pkg": [],
                        "repository": [
                          {
                            "apt": [
                              {
                                "archive_type": "DEB",
                                "components": [
                                  "main"
                                ],
                                "distribution": "google-cloud-ops-agent-buster-2",
                                "gpg_key": "https://packages.cloud.google.com/apt/doc/apt-key.gpg",
                                "uri": "https://packages.cloud.google.com/apt"
                              }
                            ],
                            "goo": [],
                            "yum": [],
                            "zypper": []
                          }
                        ]
                      },
                      {
                        "exec": [],
                        "file": [],
                        "id": "install-pkg",
                        "pkg": [
                          {
                            "apt": [
                              {
                                "name": "google-cloud-ops-agent"
                              }
                            ],
                            "deb": [],
                            "desired_state": "INSTALLED",
                            "googet": [],
                            "msi": [],
                            "rpm": [],
                            "yum": [],
                            "zypper": []
                          }
                        ],
                        "repository": []
                      }
                    ]
                  },
                  {
                    "inventory_filters": [
                      {
                        "os_short_name": "debian",
                        "os_version": "11"
                      }
                    ],
                    "resources": [
                      {
                        "exec": [],
                        "file": [],
                        "id": "add-repo",
                        "pkg": [],
                        "repository": [
                          {
                            "apt": [
                              {
                                "archive_type": "DEB",
                                "components": [
                                  "main"
                                ],
                                "distribution": "google-cloud-ops-agent-bullseye-2",
                                "gpg_key": "https://packages.cloud.google.com/apt/doc/apt-key.gpg",
                                "uri": "https://packages.cloud.google.com/apt"
                              }
                            ],
                            "goo": [],
                            "yum": [],
                            "zypper": []
                          }
                        ]
                      },
                      {
                        "exec": [],
                        "file": [],
                        "id": "install-pkg",
                        "pkg": [
                          {
                            "apt": [
                              {
                                "name": "google-cloud-ops-agent"
                              }
                            ],
                            "deb": [],
                            "desired_state": "INSTALLED",
                            "googet": [],
                            "msi": [],
                            "rpm": [],
                            "yum": [],
                            "zypper": []
                          }
                        ],
                        "repository": []
                      }
                    ]
                  },
                  {
                    "inventory_filters": [
                      {
                        "os_short_name": "debian",
                        "os_version": "12"
                      }
                    ],
                    "resources": [
                      {
                        "exec": [],
                        "file": [],
                        "id": "add-repo",
                        "pkg": [],
                        "repository": [
                          {
                            "apt": [
                              {
                                "archive_type": "DEB",
                                "components": [
                                  "main"
                                ],
                                "distribution": "google-cloud-ops-agent-bookworm-2",
                                "gpg_key": "https://packages.cloud.google.com/apt/doc/apt-key.gpg",
                                "uri": "https://packages.cloud.google.com/apt"
                              }
                            ],
                            "goo": [],
                            "yum": [],
                            "zypper": []
                          }
                        ]
                      },
                      {
                        "exec": [],
                        "file": [],
                        "id": "install-pkg",
                        "pkg": [
                          {
                            "apt": [
                              {
                                "name": "google-cloud-ops-agent"
                              }
                            ],
                            "deb": [],
                            "desired_state": "INSTALLED",
                            "googet": [],
                            "msi": [],
                            "rpm": [],
                            "yum": [],
                            "zypper": []
                          }
                        ],
                        "repository": []
                      }
                    ]
                  },
                  {
                    "inventory_filters": [
                      {
                        "os_short_name": "rocky",
                        "os_version": "8.*"
                      }
                    ],
                    "resources": [
                      {
                        "exec": [],
                        "file": [],
                        "id": "add-repo",
                        "pkg": [],
                        "repository": [
                          {
                            "apt": [],
                            "goo": [],
                            "yum": [
                              {
                                "base_url": "https://packages.cloud.google.com/yum/repos/google-cloud-ops-agent-el8-x86_64-2",
                                "display_name": "Google Cloud Ops Agent Repository",
                                "gpg_keys": [
                                  "https://packages.cloud.google.com/yum/doc/yum-key.gpg",
                                  "https://packages.cloud.google.com/yum/doc/rpm-package-key.gpg"
                                ],
                                "id": "google-cloud-ops-agent"
                              }
                            ],
                            "zypper": []
                          }
                        ]
                      },
                      {
                        "exec": [],
                        "file": [],
                        "id": "install-pkg",
                        "pkg": [
                          {
                            "apt": [],
                            "deb": [],
                            "desired_state": "INSTALLED",
                            "googet": [],
                            "msi": [],
                            "rpm": [],
                            "yum": [
                              {
                                "name": "google-cloud-ops-agent"
                              }
                            ],
                            "zypper": []
                          }
                        ],
                        "repository": []
                      }
                    ]
                  },
                  {
                    "inventory_filters": [
                      {
                        "os_short_name": "rocky",
                        "os_version": "9.*"
                      }
                    ],
                    "resources": [
                      {
                        "exec": [],
                        "file": [],
                        "id": "add-repo",
                        "pkg": [],
                        "repository": [
                          {
                            "apt": [],
                            "goo": [],
                            "yum": [
                              {
                                "base_url": "https://packages.cloud.google.com/yum/repos/google-cloud-ops-agent-el9-x86_64-2",
                                "display_name": "Google Cloud Ops Agent Repository",
                                "gpg_keys": [
                                  "https://packages.cloud.google.com/yum/doc/yum-key.gpg",
                                  "https://packages.cloud.google.com/yum/doc/rpm-package-key.gpg"
                                ],
                                "id": "google-cloud-ops-agent"
                              }
                            ],
                            "zypper": []
                          }
                        ]
                      },
                      {
                        "exec": [],
                        "file": [],
                        "id": "install-pkg",
                        "pkg": [
                          {
                            "apt": [],
                            "deb": [],
                            "desired_state": "INSTALLED",
                            "googet": [],
                            "msi": [],
                            "rpm": [],
                            "yum": [
                              {
                                "name": "google-cloud-ops-agent"
                              }
                            ],
                            "zypper": []
                          }
                        ],
                        "repository": []
                      }
                    ]
                  },
                  {
                    "inventory_filters": [
                      {
                        "os_short_name": "ubuntu",
                        "os_version": "20.04"
                      }
                    ],
                    "resources": [
                      {
                        "exec": [
                          {
                            "enforce": [
                              {
                                "args": [],
                                "file": [],
                                "interpreter": "SHELL",
                                "output_file_path": "",
                                "script": "echo hello"
                              }
                            ],
                            "validate": [
                              {
                                "args": [],
                                "file": [],
                                "interpreter": "SHELL",
                                "output_file_path": "",
                                "script": "cloud-init status --wait; exit 100;"
                              }
                            ]
                          }
                        ],
                        "file": [],
                        "id": "wait-for-cloud-init",
                        "pkg": [],
                        "repository": []
                      },
                      {
                        "exec": [],
                        "file": [],
                        "id": "add-repo",
                        "pkg": [],
                        "repository": [
                          {
                            "apt": [
                              {
                                "archive_type": "DEB",
                                "components": [
                                  "main"
                                ],
                                "distribution": "google-cloud-ops-agent-focal-2",
                                "gpg_key": "https://packages.cloud.google.com/apt/doc/apt-key.gpg",
                                "uri": "https://packages.cloud.google.com/apt"
                              }
                            ],
                            "goo": [],
                            "yum": [],
                            "zypper": []
                          }
                        ]
                      },
                      {
                        "exec": [],
                        "file": [],
                        "id": "install-pkg",
                        "pkg": [
                          {
                            "apt": [
                              {
                                "name": "google-cloud-ops-agent"
                              }
                            ],
                            "deb": [],
                            "desired_state": "INSTALLED",
                            "googet": [],
                            "msi": [],
                            "rpm": [],
                            "yum": [],
                            "zypper": []
                          }
                        ],
                        "repository": []
                      }
                    ]
                  },
                  {
                    "inventory_filters": [
                      {
                        "os_short_name": "ubuntu",
                        "os_version": "22.04"
                      }
                    ],
                    "resources": [
                      {
                        "exec": [
                          {
                            "enforce": [
                              {
                                "args": [],
                                "file": [],
                                "interpreter": "SHELL",
                                "output_file_path": "",
                                "script": "echo hello"
                              }
                            ],
                            "validate": [
                              {
                                "args": [],
                                "file": [],
                                "interpreter": "SHELL",
                                "output_file_path": "",
                                "script": "cloud-init status --wait; exit 100;"
                              }
                            ]
                          }
                        ],
                        "file": [],
                        "id": "wait-for-cloud-init",
                        "pkg": [],
                        "repository": []
                      },
                      {
                        "exec": [],
                        "file": [],
                        "id": "add-repo",
                        "pkg": [],
                        "repository": [
                          {
                            "apt": [
                              {
                                "archive_type": "DEB",
                                "components": [
                                  "main"
                                ],
                                "distribution": "google-cloud-ops-agent-jammy-2",
                                "gpg_key": "https://packages.cloud.google.com/apt/doc/apt-key.gpg",
                                "uri": "https://packages.cloud.google.com/apt"
                              }
                            ],
                            "goo": [],
                            "yum": [],
                            "zypper": []
                          }
                        ]
                      },
                      {
                        "exec": [],
                        "file": [],
                        "id": "install-pkg",
                        "pkg": [
                          {
                            "apt": [
                              {
                                "name": "google-cloud-ops-agent"
                              }
                            ],
                            "deb": [],
                            "desired_state": "INSTALLED",
                            "googet": [],
                            "msi": [],
                            "rpm": [],
                            "yum": [],
                            "zypper": []
                          }
                        ],
                        "repository": []
                      }
                    ]
                  }
                ]
              }
            ],
            "project": "swit-alpha",
            "reconciling": false,
            "revision_create_time": "2024-03-11T13:59:16.050057Z",
            "revision_id": "12e87a68-9f87-49d1-b4a8-b823d4a60ac7",
            "rollout": [
              {
                "disruption_budget": [
                  {
                    "fixed": 0,
                    "percent": 100
                  }
                ],
                "min_wait_duration": "0s"
              }
            ],
            "rollout_state": "SUCCEEDED",
            "skip_await_rollout": true,
            "timeouts": null,
            "uid": "0ddda533-5d86-4a30-8e75-4220dc514dde"
          },
          "sensitive_attributes": [],
          "private": "eyJlMmJmYjczMC1lY2FhLTExZTYtOGY4OC0zNDM2M2JjN2M0YzAiOnsiY3JlYXRlIjoxMjAwMDAwMDAwMDAwLCJkZWxldGUiOjEyMDAwMDAwMDAwMDAsInVwZGF0ZSI6MTIwMDAwMDAwMDAwMH19",
          "dependencies": [
            "module.os_policy.data.google_compute_zones.this",
            "module.os_policy.data.google_project.default"
          ]
        },
        {
          "index_key": "us-west1-b",
          "schema_version": 0,
          "attributes": {
            "baseline": true,
            "deleted": false,
            "description": "",
            "etag": "33c10047-af6f-43bc-b1c0-f74a76559fb7",
            "id": "projects/swit-alpha/locations/us-west1-b/osPolicyAssignments/us-west1-b-opsagent",
            "instance_filter": [
              {
                "all": false,
                "exclusion_labels": [
                  {
                    "labels": {
                      "goog-gke-node": ""
                    }
                  },
                  {
                    "labels": {
                      "serverless-vpc-access": "test-serverless-mysql"
                    }
                  },
                  {
                    "labels": {
                      "serverless-vpc-access": "swit-alpha-serverless-uw1"
                    }
                  }
                ],
                "inclusion_labels": [],
                "inventories": []
              }
            ],
            "location": "us-west1-b",
            "name": "us-west1-b-opsagent",
            "os_policies": [
              {
                "allow_no_resource_group_match": false,
                "description": "",
                "id": "opsagent",
                "mode": "ENFORCEMENT",
                "resource_groups": [
                  {
                    "inventory_filters": [
                      {
                        "os_short_name": "debian",
                        "os_version": "10"
                      }
                    ],
                    "resources": [
                      {
                        "exec": [],
                        "file": [],
                        "id": "add-repo",
                        "pkg": [],
                        "repository": [
                          {
                            "apt": [
                              {
                                "archive_type": "DEB",
                                "components": [
                                  "main"
                                ],
                                "distribution": "google-cloud-ops-agent-buster-2",
                                "gpg_key": "https://packages.cloud.google.com/apt/doc/apt-key.gpg",
                                "uri": "https://packages.cloud.google.com/apt"
                              }
                            ],
                            "goo": [],
                            "yum": [],
                            "zypper": []
                          }
                        ]
                      },
                      {
                        "exec": [],
                        "file": [],
                        "id": "install-pkg",
                        "pkg": [
                          {
                            "apt": [
                              {
                                "name": "google-cloud-ops-agent"
                              }
                            ],
                            "deb": [],
                            "desired_state": "INSTALLED",
                            "googet": [],
                            "msi": [],
                            "rpm": [],
                            "yum": [],
                            "zypper": []
                          }
                        ],
                        "repository": []
                      }
                    ]
                  },
                  {
                    "inventory_filters": [
                      {
                        "os_short_name": "debian",
                        "os_version": "11"
                      }
                    ],
                    "resources": [
                      {
                        "exec": [],
                        "file": [],
                        "id": "add-repo",
                        "pkg": [],
                        "repository": [
                          {
                            "apt": [
                              {
                                "archive_type": "DEB",
                                "components": [
                                  "main"
                                ],
                                "distribution": "google-cloud-ops-agent-bullseye-2",
                                "gpg_key": "https://packages.cloud.google.com/apt/doc/apt-key.gpg",
                                "uri": "https://packages.cloud.google.com/apt"
                              }
                            ],
                            "goo": [],
                            "yum": [],
                            "zypper": []
                          }
                        ]
                      },
                      {
                        "exec": [],
                        "file": [],
                        "id": "install-pkg",
                        "pkg": [
                          {
                            "apt": [
                              {
                                "name": "google-cloud-ops-agent"
                              }
                            ],
                            "deb": [],
                            "desired_state": "INSTALLED",
                            "googet": [],
                            "msi": [],
                            "rpm": [],
                            "yum": [],
                            "zypper": []
                          }
                        ],
                        "repository": []
                      }
                    ]
                  },
                  {
                    "inventory_filters": [
                      {
                        "os_short_name": "debian",
                        "os_version": "12"
                      }
                    ],
                    "resources": [
                      {
                        "exec": [],
                        "file": [],
                        "id": "add-repo",
                        "pkg": [],
                        "repository": [
                          {
                            "apt": [
                              {
                                "archive_type": "DEB",
                                "components": [
                                  "main"
                                ],
                                "distribution": "google-cloud-ops-agent-bookworm-2",
                                "gpg_key": "https://packages.cloud.google.com/apt/doc/apt-key.gpg",
                                "uri": "https://packages.cloud.google.com/apt"
                              }
                            ],
                            "goo": [],
                            "yum": [],
                            "zypper": []
                          }
                        ]
                      },
                      {
                        "exec": [],
                        "file": [],
                        "id": "install-pkg",
                        "pkg": [
                          {
                            "apt": [
                              {
                                "name": "google-cloud-ops-agent"
                              }
                            ],
                            "deb": [],
                            "desired_state": "INSTALLED",
                            "googet": [],
                            "msi": [],
                            "rpm": [],
                            "yum": [],
                            "zypper": []
                          }
                        ],
                        "repository": []
                      }
                    ]
                  },
                  {
                    "inventory_filters": [
                      {
                        "os_short_name": "rocky",
                        "os_version": "8.*"
                      }
                    ],
                    "resources": [
                      {
                        "exec": [],
                        "file": [],
                        "id": "add-repo",
                        "pkg": [],
                        "repository": [
                          {
                            "apt": [],
                            "goo": [],
                            "yum": [
                              {
                                "base_url": "https://packages.cloud.google.com/yum/repos/google-cloud-ops-agent-el8-x86_64-2",
                                "display_name": "Google Cloud Ops Agent Repository",
                                "gpg_keys": [
                                  "https://packages.cloud.google.com/yum/doc/yum-key.gpg",
                                  "https://packages.cloud.google.com/yum/doc/rpm-package-key.gpg"
                                ],
                                "id": "google-cloud-ops-agent"
                              }
                            ],
                            "zypper": []
                          }
                        ]
                      },
                      {
                        "exec": [],
                        "file": [],
                        "id": "install-pkg",
                        "pkg": [
                          {
                            "apt": [],
                            "deb": [],
                            "desired_state": "INSTALLED",
                            "googet": [],
                            "msi": [],
                            "rpm": [],
                            "yum": [
                              {
                                "name": "google-cloud-ops-agent"
                              }
                            ],
                            "zypper": []
                          }
                        ],
                        "repository": []
                      }
                    ]
                  },
                  {
                    "inventory_filters": [
                      {
                        "os_short_name": "rocky",
                        "os_version": "9.*"
                      }
                    ],
                    "resources": [
                      {
                        "exec": [],
                        "file": [],
                        "id": "add-repo",
                        "pkg": [],
                        "repository": [
                          {
                            "apt": [],
                            "goo": [],
                            "yum": [
                              {
                                "base_url": "https://packages.cloud.google.com/yum/repos/google-cloud-ops-agent-el9-x86_64-2",
                                "display_name": "Google Cloud Ops Agent Repository",
                                "gpg_keys": [
                                  "https://packages.cloud.google.com/yum/doc/yum-key.gpg",
                                  "https://packages.cloud.google.com/yum/doc/rpm-package-key.gpg"
                                ],
                                "id": "google-cloud-ops-agent"
                              }
                            ],
                            "zypper": []
                          }
                        ]
                      },
                      {
                        "exec": [],
                        "file": [],
                        "id": "install-pkg",
                        "pkg": [
                          {
                            "apt": [],
                            "deb": [],
                            "desired_state": "INSTALLED",
                            "googet": [],
                            "msi": [],
                            "rpm": [],
                            "yum": [
                              {
                                "name": "google-cloud-ops-agent"
                              }
                            ],
                            "zypper": []
                          }
                        ],
                        "repository": []
                      }
                    ]
                  },
                  {
                    "inventory_filters": [
                      {
                        "os_short_name": "ubuntu",
                        "os_version": "20.04"
                      }
                    ],
                    "resources": [
                      {
                        "exec": [
                          {
                            "enforce": [
                              {
                                "args": [],
                                "file": [],
                                "interpreter": "SHELL",
                                "output_file_path": "",
                                "script": "echo hello"
                              }
                            ],
                            "validate": [
                              {
                                "args": [],
                                "file": [],
                                "interpreter": "SHELL",
                                "output_file_path": "",
                                "script": "cloud-init status --wait; exit 100;"
                              }
                            ]
                          }
                        ],
                        "file": [],
                        "id": "wait-for-cloud-init",
                        "pkg": [],
                        "repository": []
                      },
                      {
                        "exec": [],
                        "file": [],
                        "id": "add-repo",
                        "pkg": [],
                        "repository": [
                          {
                            "apt": [
                              {
                                "archive_type": "DEB",
                                "components": [
                                  "main"
                                ],
                                "distribution": "google-cloud-ops-agent-focal-2",
                                "gpg_key": "https://packages.cloud.google.com/apt/doc/apt-key.gpg",
                                "uri": "https://packages.cloud.google.com/apt"
                              }
                            ],
                            "goo": [],
                            "yum": [],
                            "zypper": []
                          }
                        ]
                      },
                      {
                        "exec": [],
                        "file": [],
                        "id": "install-pkg",
                        "pkg": [
                          {
                            "apt": [
                              {
                                "name": "google-cloud-ops-agent"
                              }
                            ],
                            "deb": [],
                            "desired_state": "INSTALLED",
                            "googet": [],
                            "msi": [],
                            "rpm": [],
                            "yum": [],
                            "zypper": []
                          }
                        ],
                        "repository": []
                      }
                    ]
                  },
                  {
                    "inventory_filters": [
                      {
                        "os_short_name": "ubuntu",
                        "os_version": "22.04"
                      }
                    ],
                    "resources": [
                      {
                        "exec": [
                          {
                            "enforce": [
                              {
                                "args": [],
                                "file": [],
                                "interpreter": "SHELL",
                                "output_file_path": "",
                                "script": "echo hello"
                              }
                            ],
                            "validate": [
                              {
                                "args": [],
                                "file": [],
                                "interpreter": "SHELL",
                                "output_file_path": "",
                                "script": "cloud-init status --wait; exit 100;"
                              }
                            ]
                          }
                        ],
                        "file": [],
                        "id": "wait-for-cloud-init",
                        "pkg": [],
                        "repository": []
                      },
                      {
                        "exec": [],
                        "file": [],
                        "id": "add-repo",
                        "pkg": [],
                        "repository": [
                          {
                            "apt": [
                              {
                                "archive_type": "DEB",
                                "components": [
                                  "main"
                                ],
                                "distribution": "google-cloud-ops-agent-jammy-2",
                                "gpg_key": "https://packages.cloud.google.com/apt/doc/apt-key.gpg",
                                "uri": "https://packages.cloud.google.com/apt"
                              }
                            ],
                            "goo": [],
                            "yum": [],
                            "zypper": []
                          }
                        ]
                      },
                      {
                        "exec": [],
                        "file": [],
                        "id": "install-pkg",
                        "pkg": [
                          {
                            "apt": [
                              {
                                "name": "google-cloud-ops-agent"
                              }
                            ],
                            "deb": [],
                            "desired_state": "INSTALLED",
                            "googet": [],
                            "msi": [],
                            "rpm": [],
                            "yum": [],
                            "zypper": []
                          }
                        ],
                        "repository": []
                      }
                    ]
                  }
                ]
              }
            ],
            "project": "swit-alpha",
            "reconciling": false,
            "revision_create_time": "2024-03-11T13:59:16.151485Z",
            "revision_id": "6a3272fd-4282-4dd1-b5a5-98704e4f316b",
            "rollout": [
              {
                "disruption_budget": [
                  {
                    "fixed": 0,
                    "percent": 100
                  }
                ],
                "min_wait_duration": "0s"
              }
            ],
            "rollout_state": "SUCCEEDED",
            "skip_await_rollout": true,
            "timeouts": null,
            "uid": "190a8dff-c294-4ad6-9161-f34f3e73a131"
          },
          "sensitive_attributes": [],
          "private": "eyJlMmJmYjczMC1lY2FhLTExZTYtOGY4OC0zNDM2M2JjN2M0YzAiOnsiY3JlYXRlIjoxMjAwMDAwMDAwMDAwLCJkZWxldGUiOjEyMDAwMDAwMDAwMDAsInVwZGF0ZSI6MTIwMDAwMDAwMDAwMH19",
          "dependencies": [
            "module.os_policy.data.google_compute_zones.this",
            "module.os_policy.data.google_project.default"
          ]
        },
        {
          "index_key": "us-west1-c",
          "schema_version": 0,
          "attributes": {
            "baseline": true,
            "deleted": false,
            "description": "",
            "etag": "55538bcb-334a-459d-820e-b1abe2808503",
            "id": "projects/swit-alpha/locations/us-west1-c/osPolicyAssignments/us-west1-c-opsagent",
            "instance_filter": [
              {
                "all": false,
                "exclusion_labels": [
                  {
                    "labels": {
                      "goog-gke-node": ""
                    }
                  },
                  {
                    "labels": {
                      "serverless-vpc-access": "test-serverless-mysql"
                    }
                  },
                  {
                    "labels": {
                      "serverless-vpc-access": "swit-alpha-serverless-uw1"
                    }
                  }
                ],
                "inclusion_labels": [],
                "inventories": []
              }
            ],
            "location": "us-west1-c",
            "name": "us-west1-c-opsagent",
            "os_policies": [
              {
                "allow_no_resource_group_match": false,
                "description": "",
                "id": "opsagent",
                "mode": "ENFORCEMENT",
                "resource_groups": [
                  {
                    "inventory_filters": [
                      {
                        "os_short_name": "debian",
                        "os_version": "10"
                      }
                    ],
                    "resources": [
                      {
                        "exec": [],
                        "file": [],
                        "id": "add-repo",
                        "pkg": [],
                        "repository": [
                          {
                            "apt": [
                              {
                                "archive_type": "DEB",
                                "components": [
                                  "main"
                                ],
                                "distribution": "google-cloud-ops-agent-buster-2",
                                "gpg_key": "https://packages.cloud.google.com/apt/doc/apt-key.gpg",
                                "uri": "https://packages.cloud.google.com/apt"
                              }
                            ],
                            "goo": [],
                            "yum": [],
                            "zypper": []
                          }
                        ]
                      },
                      {
                        "exec": [],
                        "file": [],
                        "id": "install-pkg",
                        "pkg": [
                          {
                            "apt": [
                              {
                                "name": "google-cloud-ops-agent"
                              }
                            ],
                            "deb": [],
                            "desired_state": "INSTALLED",
                            "googet": [],
                            "msi": [],
                            "rpm": [],
                            "yum": [],
                            "zypper": []
                          }
                        ],
                        "repository": []
                      }
                    ]
                  },
                  {
                    "inventory_filters": [
                      {
                        "os_short_name": "debian",
                        "os_version": "11"
                      }
                    ],
                    "resources": [
                      {
                        "exec": [],
                        "file": [],
                        "id": "add-repo",
                        "pkg": [],
                        "repository": [
                          {
                            "apt": [
                              {
                                "archive_type": "DEB",
                                "components": [
                                  "main"
                                ],
                                "distribution": "google-cloud-ops-agent-bullseye-2",
                                "gpg_key": "https://packages.cloud.google.com/apt/doc/apt-key.gpg",
                                "uri": "https://packages.cloud.google.com/apt"
                              }
                            ],
                            "goo": [],
                            "yum": [],
                            "zypper": []
                          }
                        ]
                      },
                      {
                        "exec": [],
                        "file": [],
                        "id": "install-pkg",
                        "pkg": [
                          {
                            "apt": [
                              {
                                "name": "google-cloud-ops-agent"
                              }
                            ],
                            "deb": [],
                            "desired_state": "INSTALLED",
                            "googet": [],
                            "msi": [],
                            "rpm": [],
                            "yum": [],
                            "zypper": []
                          }
                        ],
                        "repository": []
                      }
                    ]
                  },
                  {
                    "inventory_filters": [
                      {
                        "os_short_name": "debian",
                        "os_version": "12"
                      }
                    ],
                    "resources": [
                      {
                        "exec": [],
                        "file": [],
                        "id": "add-repo",
                        "pkg": [],
                        "repository": [
                          {
                            "apt": [
                              {
                                "archive_type": "DEB",
                                "components": [
                                  "main"
                                ],
                                "distribution": "google-cloud-ops-agent-bookworm-2",
                                "gpg_key": "https://packages.cloud.google.com/apt/doc/apt-key.gpg",
                                "uri": "https://packages.cloud.google.com/apt"
                              }
                            ],
                            "goo": [],
                            "yum": [],
                            "zypper": []
                          }
                        ]
                      },
                      {
                        "exec": [],
                        "file": [],
                        "id": "install-pkg",
                        "pkg": [
                          {
                            "apt": [
                              {
                                "name": "google-cloud-ops-agent"
                              }
                            ],
                            "deb": [],
                            "desired_state": "INSTALLED",
                            "googet": [],
                            "msi": [],
                            "rpm": [],
                            "yum": [],
                            "zypper": []
                          }
                        ],
                        "repository": []
                      }
                    ]
                  },
                  {
                    "inventory_filters": [
                      {
                        "os_short_name": "rocky",
                        "os_version": "8.*"
                      }
                    ],
                    "resources": [
                      {
                        "exec": [],
                        "file": [],
                        "id": "add-repo",
                        "pkg": [],
                        "repository": [
                          {
                            "apt": [],
                            "goo": [],
                            "yum": [
                              {
                                "base_url": "https://packages.cloud.google.com/yum/repos/google-cloud-ops-agent-el8-x86_64-2",
                                "display_name": "Google Cloud Ops Agent Repository",
                                "gpg_keys": [
                                  "https://packages.cloud.google.com/yum/doc/yum-key.gpg",
                                  "https://packages.cloud.google.com/yum/doc/rpm-package-key.gpg"
                                ],
                                "id": "google-cloud-ops-agent"
                              }
                            ],
                            "zypper": []
                          }
                        ]
                      },
                      {
                        "exec": [],
                        "file": [],
                        "id": "install-pkg",
                        "pkg": [
                          {
                            "apt": [],
                            "deb": [],
                            "desired_state": "INSTALLED",
                            "googet": [],
                            "msi": [],
                            "rpm": [],
                            "yum": [
                              {
                                "name": "google-cloud-ops-agent"
                              }
                            ],
                            "zypper": []
                          }
                        ],
                        "repository": []
                      }
                    ]
                  },
                  {
                    "inventory_filters": [
                      {
                        "os_short_name": "rocky",
                        "os_version": "9.*"
                      }
                    ],
                    "resources": [
                      {
                        "exec": [],
                        "file": [],
                        "id": "add-repo",
                        "pkg": [],
                        "repository": [
                          {
                            "apt": [],
                            "goo": [],
                            "yum": [
                              {
                                "base_url": "https://packages.cloud.google.com/yum/repos/google-cloud-ops-agent-el9-x86_64-2",
                                "display_name": "Google Cloud Ops Agent Repository",
                                "gpg_keys": [
                                  "https://packages.cloud.google.com/yum/doc/yum-key.gpg",
                                  "https://packages.cloud.google.com/yum/doc/rpm-package-key.gpg"
                                ],
                                "id": "google-cloud-ops-agent"
                              }
                            ],
                            "zypper": []
                          }
                        ]
                      },
                      {
                        "exec": [],
                        "file": [],
                        "id": "install-pkg",
                        "pkg": [
                          {
                            "apt": [],
                            "deb": [],
                            "desired_state": "INSTALLED",
                            "googet": [],
                            "msi": [],
                            "rpm": [],
                            "yum": [
                              {
                                "name": "google-cloud-ops-agent"
                              }
                            ],
                            "zypper": []
                          }
                        ],
                        "repository": []
                      }
                    ]
                  },
                  {
                    "inventory_filters": [
                      {
                        "os_short_name": "ubuntu",
                        "os_version": "20.04"
                      }
                    ],
                    "resources": [
                      {
                        "exec": [
                          {
                            "enforce": [
                              {
                                "args": [],
                                "file": [],
                                "interpreter": "SHELL",
                                "output_file_path": "",
                                "script": "echo hello"
                              }
                            ],
                            "validate": [
                              {
                                "args": [],
                                "file": [],
                                "interpreter": "SHELL",
                                "output_file_path": "",
                                "script": "cloud-init status --wait; exit 100;"
                              }
                            ]
                          }
                        ],
                        "file": [],
                        "id": "wait-for-cloud-init",
                        "pkg": [],
                        "repository": []
                      },
                      {
                        "exec": [],
                        "file": [],
                        "id": "add-repo",
                        "pkg": [],
                        "repository": [
                          {
                            "apt": [
                              {
                                "archive_type": "DEB",
                                "components": [
                                  "main"
                                ],
                                "distribution": "google-cloud-ops-agent-focal-2",
                                "gpg_key": "https://packages.cloud.google.com/apt/doc/apt-key.gpg",
                                "uri": "https://packages.cloud.google.com/apt"
                              }
                            ],
                            "goo": [],
                            "yum": [],
                            "zypper": []
                          }
                        ]
                      },
                      {
                        "exec": [],
                        "file": [],
                        "id": "install-pkg",
                        "pkg": [
                          {
                            "apt": [
                              {
                                "name": "google-cloud-ops-agent"
                              }
                            ],
                            "deb": [],
                            "desired_state": "INSTALLED",
                            "googet": [],
                            "msi": [],
                            "rpm": [],
                            "yum": [],
                            "zypper": []
                          }
                        ],
                        "repository": []
                      }
                    ]
                  },
                  {
                    "inventory_filters": [
                      {
                        "os_short_name": "ubuntu",
                        "os_version": "22.04"
                      }
                    ],
                    "resources": [
                      {
                        "exec": [
                          {
                            "enforce": [
                              {
                                "args": [],
                                "file": [],
                                "interpreter": "SHELL",
                                "output_file_path": "",
                                "script": "echo hello"
                              }
                            ],
                            "validate": [
                              {
                                "args": [],
                                "file": [],
                                "interpreter": "SHELL",
                                "output_file_path": "",
                                "script": "cloud-init status --wait; exit 100;"
                              }
                            ]
                          }
                        ],
                        "file": [],
                        "id": "wait-for-cloud-init",
                        "pkg": [],
                        "repository": []
                      },
                      {
                        "exec": [],
                        "file": [],
                        "id": "add-repo",
                        "pkg": [],
                        "repository": [
                          {
                            "apt": [
                              {
                                "archive_type": "DEB",
                                "components": [
                                  "main"
                                ],
                                "distribution": "google-cloud-ops-agent-jammy-2",
                                "gpg_key": "https://packages.cloud.google.com/apt/doc/apt-key.gpg",
                                "uri": "https://packages.cloud.google.com/apt"
                              }
                            ],
                            "goo": [],
                            "yum": [],
                            "zypper": []
                          }
                        ]
                      },
                      {
                        "exec": [],
                        "file": [],
                        "id": "install-pkg",
                        "pkg": [
                          {
                            "apt": [
                              {
                                "name": "google-cloud-ops-agent"
                              }
                            ],
                            "deb": [],
                            "desired_state": "INSTALLED",
                            "googet": [],
                            "msi": [],
                            "rpm": [],
                            "yum": [],
                            "zypper": []
                          }
                        ],
                        "repository": []
                      }
                    ]
                  }
                ]
              }
            ],
            "project": "swit-alpha",
            "reconciling": false,
            "revision_create_time": "2024-03-11T13:59:15.055509Z",
            "revision_id": "1254bd8b-0642-48f4-8cf8-e8563d92078f",
            "rollout": [
              {
                "disruption_budget": [
                  {
                    "fixed": 0,
                    "percent": 100
                  }
                ],
                "min_wait_duration": "0s"
              }
            ],
            "rollout_state": "SUCCEEDED",
            "skip_await_rollout": true,
            "timeouts": null,
            "uid": "f4658f87-b710-4817-a2ce-f7eddc174f16"
          },
          "sensitive_attributes": [],
          "private": "eyJlMmJmYjczMC1lY2FhLTExZTYtOGY4OC0zNDM2M2JjN2M0YzAiOnsiY3JlYXRlIjoxMjAwMDAwMDAwMDAwLCJkZWxldGUiOjEyMDAwMDAwMDAwMDAsInVwZGF0ZSI6MTIwMDAwMDAwMDAwMH19",
          "dependencies": [
            "module.os_policy.data.google_compute_zones.this",
            "module.os_policy.data.google_project.default"
          ]
        }
      ]
    },
    {
      "module": "module.os_policy",
      "mode": "managed",
      "type": "google_os_config_os_policy_assignment",
      "name": "unx101",
      "provider": "provider[\"registry.terraform.io/hashicorp/google\"]",
      "instances": [
        {
          "index_key": "asia-northeast3-a",
          "schema_version": 0,
          "attributes": {
            "baseline": true,
            "deleted": false,
            "description": "",
            "etag": "ba402e88-8a88-419f-9724-4bd0f6d244be",
            "id": "projects/swit-alpha/locations/asia-northeast3-a/osPolicyAssignments/asia-northeast3-a-unx101",
            "instance_filter": [
              {
                "all": false,
                "exclusion_labels": [
                  {
                    "labels": {
                      "goog-gke-node": ""
                    }
                  },
                  {
                    "labels": {
                      "serverless-vpc-access": "test-serverless-mysql"
                    }
                  },
                  {
                    "labels": {
                      "serverless-vpc-access": "swit-alpha-serverless-uw1"
                    }
                  }
                ],
                "inclusion_labels": [],
                "inventories": []
              }
            ],
            "location": "asia-northeast3-a",
            "name": "asia-northeast3-a-unx101",
            "os_policies": [
              {
                "allow_no_resource_group_match": false,
                "description": "",
                "id": "unx101",
                "mode": "ENFORCEMENT",
                "resource_groups": [
                  {
                    "inventory_filters": [
                      {
                        "os_short_name": "debian",
                        "os_version": "10"
                      },
                      {
                        "os_short_name": "debian",
                        "os_version": "11"
                      },
                      {
                        "os_short_name": "debian",
                        "os_version": "12"
                      },
                      {
                        "os_short_name": "rocky",
                        "os_version": "8.*"
                      },
                      {
                        "os_short_name": "rocky",
                        "os_version": "9.*"
                      },
                      {
                        "os_short_name": "ubuntu",
                        "os_version": "20.04"
                      },
                      {
                        "os_short_name": "ubuntu",
                        "os_version": "22.04"
                      }
                    ],
                    "resources": [
                      {
                        "exec": [
                          {
                            "enforce": [
                              {
                                "args": [],
                                "file": [],
                                "interpreter": "SHELL",
                                "output_file_path": "",
                                "script": "if grep -v '#' /etc/ssh/sshd_config | grep -q 'Port'; then\n  sed 's/Port/#Port/g' /etc/ssh/sshd_config | sudo tee /etc/ssh/.sshd_config\n  sudo mv /etc/ssh/.sshd_config /etc/ssh/sshd_config\nfi\nif ! grep -v '#' /etc/ssh/sshd_config | grep -qw 'PermitRootLogin no' ; then\n  sed '/PermitRootLogin/d' /etc/ssh/sshd_config | sudo tee /etc/ssh/.sshd_config\n  echo 'PermitRootLogin no' | sudo tee -a /etc/ssh/.sshd_config\n  sudo mv /etc/ssh/.sshd_config /etc/ssh/sshd_config\nfi\nif ! grep -v '#' /etc/ssh/sshd_config | grep -qw 'ClientAliveInterval 120' ; then\n  sed '/ClientAliveInterval/d' /etc/ssh/sshd_config | sudo tee /etc/ssh/.sshd_config\n  echo 'ClientAliveInterval 120' | sudo tee -a /etc/ssh/.sshd_config\n  sudo mv /etc/ssh/.sshd_config /etc/ssh/sshd_config\nfi\nif ! grep -v '#' /etc/ssh/sshd_config | grep -qw 'PrintMotd no' ; then\n  sed '/PrintMotd/d' /etc/ssh/sshd_config | sudo tee /etc/ssh/.sshd_config\n  echo 'PrintMotd no' | sudo tee -a /etc/ssh/.sshd_config\n  sudo mv /etc/ssh/.sshd_config /etc/ssh/sshd_config\nfi\nif ! grep -v '#' /etc/ssh/sshd_config | grep -qw 'Banner /etc/issue.net' ; then\n  sed '/Banner/d' /etc/ssh/sshd_config | sudo tee /etc/ssh/.sshd_config\n  echo 'Banner /etc/issue.net' | sudo tee -a /etc/ssh/.sshd_config\n  sudo mv /etc/ssh/.sshd_config /etc/ssh/sshd_config\nfi\nsudo systemctl restart sshd\nexit 100\n"
                              }
                            ],
                            "validate": [
                              {
                                "args": [],
                                "file": [],
                                "interpreter": "SHELL",
                                "output_file_path": "",
                                "script": "if grep -v '#' /etc/ssh/sshd_config | grep -q 'Port'; then\n  exit 101\nelif ! grep -v '#' /etc/ssh/sshd_config | grep -qw 'PermitRootLogin no' ; then\n  exit 101\nelif ! grep -v '#' /etc/ssh/sshd_config | grep -qw 'ClientAliveInterval 120' ; then\n  exit 101\nelif ! grep -v '#' /etc/ssh/sshd_config | grep -qw 'PrintMotd no' ; then\n  exit 101\nelif ! grep -v '#' /etc/ssh/sshd_config | grep -qw 'Banner /etc/issue.net' ; then\n  exit 101\nelse\n  exit 100\nfi\n"
                              }
                            ]
                          }
                        ],
                        "file": [],
                        "id": "configuration",
                        "pkg": [],
                        "repository": []
                      }
                    ]
                  }
                ]
              }
            ],
            "project": "swit-alpha",
            "reconciling": false,
            "revision_create_time": "2024-03-13T15:21:04.420773Z",
            "revision_id": "a156576f-19f5-4896-a8a5-caf246227b5f",
            "rollout": [
              {
                "disruption_budget": [
                  {
                    "fixed": 0,
                    "percent": 100
                  }
                ],
                "min_wait_duration": "0s"
              }
            ],
            "rollout_state": "SUCCEEDED",
            "skip_await_rollout": true,
            "timeouts": null,
            "uid": "b92f169c-c559-4288-b188-6ea6a4e56a18"
          },
          "sensitive_attributes": [],
          "private": "eyJlMmJmYjczMC1lY2FhLTExZTYtOGY4OC0zNDM2M2JjN2M0YzAiOnsiY3JlYXRlIjoxMjAwMDAwMDAwMDAwLCJkZWxldGUiOjEyMDAwMDAwMDAwMDAsInVwZGF0ZSI6MTIwMDAwMDAwMDAwMH19",
          "dependencies": [
            "module.os_policy.data.google_compute_zones.this",
            "module.os_policy.data.google_project.default"
          ]
        },
        {
          "index_key": "asia-northeast3-b",
          "schema_version": 0,
          "attributes": {
            "baseline": true,
            "deleted": false,
            "description": "",
            "etag": "ab7c8d72-1210-4270-9a2e-542d938f6be2",
            "id": "projects/swit-alpha/locations/asia-northeast3-b/osPolicyAssignments/asia-northeast3-b-unx101",
            "instance_filter": [
              {
                "all": false,
                "exclusion_labels": [
                  {
                    "labels": {
                      "goog-gke-node": ""
                    }
                  },
                  {
                    "labels": {
                      "serverless-vpc-access": "test-serverless-mysql"
                    }
                  },
                  {
                    "labels": {
                      "serverless-vpc-access": "swit-alpha-serverless-uw1"
                    }
                  }
                ],
                "inclusion_labels": [],
                "inventories": []
              }
            ],
            "location": "asia-northeast3-b",
            "name": "asia-northeast3-b-unx101",
            "os_policies": [
              {
                "allow_no_resource_group_match": false,
                "description": "",
                "id": "unx101",
                "mode": "ENFORCEMENT",
                "resource_groups": [
                  {
                    "inventory_filters": [
                      {
                        "os_short_name": "debian",
                        "os_version": "10"
                      },
                      {
                        "os_short_name": "debian",
                        "os_version": "11"
                      },
                      {
                        "os_short_name": "debian",
                        "os_version": "12"
                      },
                      {
                        "os_short_name": "rocky",
                        "os_version": "8.*"
                      },
                      {
                        "os_short_name": "rocky",
                        "os_version": "9.*"
                      },
                      {
                        "os_short_name": "ubuntu",
                        "os_version": "20.04"
                      },
                      {
                        "os_short_name": "ubuntu",
                        "os_version": "22.04"
                      }
                    ],
                    "resources": [
                      {
                        "exec": [
                          {
                            "enforce": [
                              {
                                "args": [],
                                "file": [],
                                "interpreter": "SHELL",
                                "output_file_path": "",
                                "script": "if grep -v '#' /etc/ssh/sshd_config | grep -q 'Port'; then\n  sed 's/Port/#Port/g' /etc/ssh/sshd_config | sudo tee /etc/ssh/.sshd_config\n  sudo mv /etc/ssh/.sshd_config /etc/ssh/sshd_config\nfi\nif ! grep -v '#' /etc/ssh/sshd_config | grep -qw 'PermitRootLogin no' ; then\n  sed '/PermitRootLogin/d' /etc/ssh/sshd_config | sudo tee /etc/ssh/.sshd_config\n  echo 'PermitRootLogin no' | sudo tee -a /etc/ssh/.sshd_config\n  sudo mv /etc/ssh/.sshd_config /etc/ssh/sshd_config\nfi\nif ! grep -v '#' /etc/ssh/sshd_config | grep -qw 'ClientAliveInterval 120' ; then\n  sed '/ClientAliveInterval/d' /etc/ssh/sshd_config | sudo tee /etc/ssh/.sshd_config\n  echo 'ClientAliveInterval 120' | sudo tee -a /etc/ssh/.sshd_config\n  sudo mv /etc/ssh/.sshd_config /etc/ssh/sshd_config\nfi\nif ! grep -v '#' /etc/ssh/sshd_config | grep -qw 'PrintMotd no' ; then\n  sed '/PrintMotd/d' /etc/ssh/sshd_config | sudo tee /etc/ssh/.sshd_config\n  echo 'PrintMotd no' | sudo tee -a /etc/ssh/.sshd_config\n  sudo mv /etc/ssh/.sshd_config /etc/ssh/sshd_config\nfi\nif ! grep -v '#' /etc/ssh/sshd_config | grep -qw 'Banner /etc/issue.net' ; then\n  sed '/Banner/d' /etc/ssh/sshd_config | sudo tee /etc/ssh/.sshd_config\n  echo 'Banner /etc/issue.net' | sudo tee -a /etc/ssh/.sshd_config\n  sudo mv /etc/ssh/.sshd_config /etc/ssh/sshd_config\nfi\nsudo systemctl restart sshd\nexit 100\n"
                              }
                            ],
                            "validate": [
                              {
                                "args": [],
                                "file": [],
                                "interpreter": "SHELL",
                                "output_file_path": "",
                                "script": "if grep -v '#' /etc/ssh/sshd_config | grep -q 'Port'; then\n  exit 101\nelif ! grep -v '#' /etc/ssh/sshd_config | grep -qw 'PermitRootLogin no' ; then\n  exit 101\nelif ! grep -v '#' /etc/ssh/sshd_config | grep -qw 'ClientAliveInterval 120' ; then\n  exit 101\nelif ! grep -v '#' /etc/ssh/sshd_config | grep -qw 'PrintMotd no' ; then\n  exit 101\nelif ! grep -v '#' /etc/ssh/sshd_config | grep -qw 'Banner /etc/issue.net' ; then\n  exit 101\nelse\n  exit 100\nfi\n"
                              }
                            ]
                          }
                        ],
                        "file": [],
                        "id": "configuration",
                        "pkg": [],
                        "repository": []
                      }
                    ]
                  }
                ]
              }
            ],
            "project": "swit-alpha",
            "reconciling": false,
            "revision_create_time": "2024-03-13T15:21:04.416089Z",
            "revision_id": "4a9f3a7a-064c-44d0-847f-2fffb65f79be",
            "rollout": [
              {
                "disruption_budget": [
                  {
                    "fixed": 0,
                    "percent": 100
                  }
                ],
                "min_wait_duration": "0s"
              }
            ],
            "rollout_state": "SUCCEEDED",
            "skip_await_rollout": true,
            "timeouts": null,
            "uid": "d98aa33a-e12c-4e86-bf2c-6641d1f0a638"
          },
          "sensitive_attributes": [],
          "private": "eyJlMmJmYjczMC1lY2FhLTExZTYtOGY4OC0zNDM2M2JjN2M0YzAiOnsiY3JlYXRlIjoxMjAwMDAwMDAwMDAwLCJkZWxldGUiOjEyMDAwMDAwMDAwMDAsInVwZGF0ZSI6MTIwMDAwMDAwMDAwMH19",
          "dependencies": [
            "module.os_policy.data.google_compute_zones.this",
            "module.os_policy.data.google_project.default"
          ]
        },
        {
          "index_key": "asia-northeast3-c",
          "schema_version": 0,
          "attributes": {
            "baseline": true,
            "deleted": false,
            "description": "",
            "etag": "067cb2a4-2bec-4c77-b4a6-ffd84b7be52b",
            "id": "projects/swit-alpha/locations/asia-northeast3-c/osPolicyAssignments/asia-northeast3-c-unx101",
            "instance_filter": [
              {
                "all": false,
                "exclusion_labels": [
                  {
                    "labels": {
                      "goog-gke-node": ""
                    }
                  },
                  {
                    "labels": {
                      "serverless-vpc-access": "test-serverless-mysql"
                    }
                  },
                  {
                    "labels": {
                      "serverless-vpc-access": "swit-alpha-serverless-uw1"
                    }
                  }
                ],
                "inclusion_labels": [],
                "inventories": []
              }
            ],
            "location": "asia-northeast3-c",
            "name": "asia-northeast3-c-unx101",
            "os_policies": [
              {
                "allow_no_resource_group_match": false,
                "description": "",
                "id": "unx101",
                "mode": "ENFORCEMENT",
                "resource_groups": [
                  {
                    "inventory_filters": [
                      {
                        "os_short_name": "debian",
                        "os_version": "10"
                      },
                      {
                        "os_short_name": "debian",
                        "os_version": "11"
                      },
                      {
                        "os_short_name": "debian",
                        "os_version": "12"
                      },
                      {
                        "os_short_name": "rocky",
                        "os_version": "8.*"
                      },
                      {
                        "os_short_name": "rocky",
                        "os_version": "9.*"
                      },
                      {
                        "os_short_name": "ubuntu",
                        "os_version": "20.04"
                      },
                      {
                        "os_short_name": "ubuntu",
                        "os_version": "22.04"
                      }
                    ],
                    "resources": [
                      {
                        "exec": [
                          {
                            "enforce": [
                              {
                                "args": [],
                                "file": [],
                                "interpreter": "SHELL",
                                "output_file_path": "",
                                "script": "if grep -v '#' /etc/ssh/sshd_config | grep -q 'Port'; then\n  sed 's/Port/#Port/g' /etc/ssh/sshd_config | sudo tee /etc/ssh/.sshd_config\n  sudo mv /etc/ssh/.sshd_config /etc/ssh/sshd_config\nfi\nif ! grep -v '#' /etc/ssh/sshd_config | grep -qw 'PermitRootLogin no' ; then\n  sed '/PermitRootLogin/d' /etc/ssh/sshd_config | sudo tee /etc/ssh/.sshd_config\n  echo 'PermitRootLogin no' | sudo tee -a /etc/ssh/.sshd_config\n  sudo mv /etc/ssh/.sshd_config /etc/ssh/sshd_config\nfi\nif ! grep -v '#' /etc/ssh/sshd_config | grep -qw 'ClientAliveInterval 120' ; then\n  sed '/ClientAliveInterval/d' /etc/ssh/sshd_config | sudo tee /etc/ssh/.sshd_config\n  echo 'ClientAliveInterval 120' | sudo tee -a /etc/ssh/.sshd_config\n  sudo mv /etc/ssh/.sshd_config /etc/ssh/sshd_config\nfi\nif ! grep -v '#' /etc/ssh/sshd_config | grep -qw 'PrintMotd no' ; then\n  sed '/PrintMotd/d' /etc/ssh/sshd_config | sudo tee /etc/ssh/.sshd_config\n  echo 'PrintMotd no' | sudo tee -a /etc/ssh/.sshd_config\n  sudo mv /etc/ssh/.sshd_config /etc/ssh/sshd_config\nfi\nif ! grep -v '#' /etc/ssh/sshd_config | grep -qw 'Banner /etc/issue.net' ; then\n  sed '/Banner/d' /etc/ssh/sshd_config | sudo tee /etc/ssh/.sshd_config\n  echo 'Banner /etc/issue.net' | sudo tee -a /etc/ssh/.sshd_config\n  sudo mv /etc/ssh/.sshd_config /etc/ssh/sshd_config\nfi\nsudo systemctl restart sshd\nexit 100\n"
                              }
                            ],
                            "validate": [
                              {
                                "args": [],
                                "file": [],
                                "interpreter": "SHELL",
                                "output_file_path": "",
                                "script": "if grep -v '#' /etc/ssh/sshd_config | grep -q 'Port'; then\n  exit 101\nelif ! grep -v '#' /etc/ssh/sshd_config | grep -qw 'PermitRootLogin no' ; then\n  exit 101\nelif ! grep -v '#' /etc/ssh/sshd_config | grep -qw 'ClientAliveInterval 120' ; then\n  exit 101\nelif ! grep -v '#' /etc/ssh/sshd_config | grep -qw 'PrintMotd no' ; then\n  exit 101\nelif ! grep -v '#' /etc/ssh/sshd_config | grep -qw 'Banner /etc/issue.net' ; then\n  exit 101\nelse\n  exit 100\nfi\n"
                              }
                            ]
                          }
                        ],
                        "file": [],
                        "id": "configuration",
                        "pkg": [],
                        "repository": []
                      }
                    ]
                  }
                ]
              }
            ],
            "project": "swit-alpha",
            "reconciling": false,
            "revision_create_time": "2024-03-13T15:21:04.434958Z",
            "revision_id": "4628636b-7d11-4bbf-ab66-cdae4aad8b06",
            "rollout": [
              {
                "disruption_budget": [
                  {
                    "fixed": 0,
                    "percent": 100
                  }
                ],
                "min_wait_duration": "0s"
              }
            ],
            "rollout_state": "SUCCEEDED",
            "skip_await_rollout": true,
            "timeouts": null,
            "uid": "36d12a37-77c2-4146-a1ac-57605d52f7e6"
          },
          "sensitive_attributes": [],
          "private": "eyJlMmJmYjczMC1lY2FhLTExZTYtOGY4OC0zNDM2M2JjN2M0YzAiOnsiY3JlYXRlIjoxMjAwMDAwMDAwMDAwLCJkZWxldGUiOjEyMDAwMDAwMDAwMDAsInVwZGF0ZSI6MTIwMDAwMDAwMDAwMH19",
          "dependencies": [
            "module.os_policy.data.google_compute_zones.this",
            "module.os_policy.data.google_project.default"
          ]
        },
        {
          "index_key": "us-west1-a",
          "schema_version": 0,
          "attributes": {
            "baseline": true,
            "deleted": false,
            "description": "",
            "etag": "fba3a69b-907d-44f1-9173-7a6346c7371c",
            "id": "projects/swit-alpha/locations/us-west1-a/osPolicyAssignments/us-west1-a-unx101",
            "instance_filter": [
              {
                "all": false,
                "exclusion_labels": [
                  {
                    "labels": {
                      "goog-gke-node": ""
                    }
                  },
                  {
                    "labels": {
                      "serverless-vpc-access": "test-serverless-mysql"
                    }
                  },
                  {
                    "labels": {
                      "serverless-vpc-access": "swit-alpha-serverless-uw1"
                    }
                  }
                ],
                "inclusion_labels": [],
                "inventories": []
              }
            ],
            "location": "us-west1-a",
            "name": "us-west1-a-unx101",
            "os_policies": [
              {
                "allow_no_resource_group_match": false,
                "description": "",
                "id": "unx101",
                "mode": "ENFORCEMENT",
                "resource_groups": [
                  {
                    "inventory_filters": [
                      {
                        "os_short_name": "debian",
                        "os_version": "10"
                      },
                      {
                        "os_short_name": "debian",
                        "os_version": "11"
                      },
                      {
                        "os_short_name": "debian",
                        "os_version": "12"
                      },
                      {
                        "os_short_name": "rocky",
                        "os_version": "8.*"
                      },
                      {
                        "os_short_name": "rocky",
                        "os_version": "9.*"
                      },
                      {
                        "os_short_name": "ubuntu",
                        "os_version": "20.04"
                      },
                      {
                        "os_short_name": "ubuntu",
                        "os_version": "22.04"
                      }
                    ],
                    "resources": [
                      {
                        "exec": [
                          {
                            "enforce": [
                              {
                                "args": [],
                                "file": [],
                                "interpreter": "SHELL",
                                "output_file_path": "",
                                "script": "if grep -v '#' /etc/ssh/sshd_config | grep -q 'Port'; then\n  sed 's/Port/#Port/g' /etc/ssh/sshd_config | sudo tee /etc/ssh/.sshd_config\n  sudo mv /etc/ssh/.sshd_config /etc/ssh/sshd_config\nfi\nif ! grep -v '#' /etc/ssh/sshd_config | grep -qw 'PermitRootLogin no' ; then\n  sed '/PermitRootLogin/d' /etc/ssh/sshd_config | sudo tee /etc/ssh/.sshd_config\n  echo 'PermitRootLogin no' | sudo tee -a /etc/ssh/.sshd_config\n  sudo mv /etc/ssh/.sshd_config /etc/ssh/sshd_config\nfi\nif ! grep -v '#' /etc/ssh/sshd_config | grep -qw 'ClientAliveInterval 120' ; then\n  sed '/ClientAliveInterval/d' /etc/ssh/sshd_config | sudo tee /etc/ssh/.sshd_config\n  echo 'ClientAliveInterval 120' | sudo tee -a /etc/ssh/.sshd_config\n  sudo mv /etc/ssh/.sshd_config /etc/ssh/sshd_config\nfi\nif ! grep -v '#' /etc/ssh/sshd_config | grep -qw 'PrintMotd no' ; then\n  sed '/PrintMotd/d' /etc/ssh/sshd_config | sudo tee /etc/ssh/.sshd_config\n  echo 'PrintMotd no' | sudo tee -a /etc/ssh/.sshd_config\n  sudo mv /etc/ssh/.sshd_config /etc/ssh/sshd_config\nfi\nif ! grep -v '#' /etc/ssh/sshd_config | grep -qw 'Banner /etc/issue.net' ; then\n  sed '/Banner/d' /etc/ssh/sshd_config | sudo tee /etc/ssh/.sshd_config\n  echo 'Banner /etc/issue.net' | sudo tee -a /etc/ssh/.sshd_config\n  sudo mv /etc/ssh/.sshd_config /etc/ssh/sshd_config\nfi\nsudo systemctl restart sshd\nexit 100\n"
                              }
                            ],
                            "validate": [
                              {
                                "args": [],
                                "file": [],
                                "interpreter": "SHELL",
                                "output_file_path": "",
                                "script": "if grep -v '#' /etc/ssh/sshd_config | grep -q 'Port'; then\n  exit 101\nelif ! grep -v '#' /etc/ssh/sshd_config | grep -qw 'PermitRootLogin no' ; then\n  exit 101\nelif ! grep -v '#' /etc/ssh/sshd_config | grep -qw 'ClientAliveInterval 120' ; then\n  exit 101\nelif ! grep -v '#' /etc/ssh/sshd_config | grep -qw 'PrintMotd no' ; then\n  exit 101\nelif ! grep -v '#' /etc/ssh/sshd_config | grep -qw 'Banner /etc/issue.net' ; then\n  exit 101\nelse\n  exit 100\nfi\n"
                              }
                            ]
                          }
                        ],
                        "file": [],
                        "id": "configuration",
                        "pkg": [],
                        "repository": []
                      }
                    ]
                  }
                ]
              }
            ],
            "project": "swit-alpha",
            "reconciling": false,
            "revision_create_time": "2024-03-13T15:21:04.821534Z",
            "revision_id": "f31fb9ad-207e-4e25-8781-513e3be25722",
            "rollout": [
              {
                "disruption_budget": [
                  {
                    "fixed": 0,
                    "percent": 100
                  }
                ],
                "min_wait_duration": "0s"
              }
            ],
            "rollout_state": "SUCCEEDED",
            "skip_await_rollout": true,
            "timeouts": null,
            "uid": "17d5e10b-9418-4136-b7d3-8d08553594ac"
          },
          "sensitive_attributes": [],
          "private": "eyJlMmJmYjczMC1lY2FhLTExZTYtOGY4OC0zNDM2M2JjN2M0YzAiOnsiY3JlYXRlIjoxMjAwMDAwMDAwMDAwLCJkZWxldGUiOjEyMDAwMDAwMDAwMDAsInVwZGF0ZSI6MTIwMDAwMDAwMDAwMH19",
          "dependencies": [
            "module.os_policy.data.google_compute_zones.this",
            "module.os_policy.data.google_project.default"
          ]
        },
        {
          "index_key": "us-west1-b",
          "schema_version": 0,
          "attributes": {
            "baseline": true,
            "deleted": false,
            "description": "",
            "etag": "14db0feb-f849-4a25-aab3-cd4a386566cc",
            "id": "projects/swit-alpha/locations/us-west1-b/osPolicyAssignments/us-west1-b-unx101",
            "instance_filter": [
              {
                "all": false,
                "exclusion_labels": [
                  {
                    "labels": {
                      "goog-gke-node": ""
                    }
                  },
                  {
                    "labels": {
                      "serverless-vpc-access": "test-serverless-mysql"
                    }
                  },
                  {
                    "labels": {
                      "serverless-vpc-access": "swit-alpha-serverless-uw1"
                    }
                  }
                ],
                "inclusion_labels": [],
                "inventories": []
              }
            ],
            "location": "us-west1-b",
            "name": "us-west1-b-unx101",
            "os_policies": [
              {
                "allow_no_resource_group_match": false,
                "description": "",
                "id": "unx101",
                "mode": "ENFORCEMENT",
                "resource_groups": [
                  {
                    "inventory_filters": [
                      {
                        "os_short_name": "debian",
                        "os_version": "10"
                      },
                      {
                        "os_short_name": "debian",
                        "os_version": "11"
                      },
                      {
                        "os_short_name": "debian",
                        "os_version": "12"
                      },
                      {
                        "os_short_name": "rocky",
                        "os_version": "8.*"
                      },
                      {
                        "os_short_name": "rocky",
                        "os_version": "9.*"
                      },
                      {
                        "os_short_name": "ubuntu",
                        "os_version": "20.04"
                      },
                      {
                        "os_short_name": "ubuntu",
                        "os_version": "22.04"
                      }
                    ],
                    "resources": [
                      {
                        "exec": [
                          {
                            "enforce": [
                              {
                                "args": [],
                                "file": [],
                                "interpreter": "SHELL",
                                "output_file_path": "",
                                "script": "if grep -v '#' /etc/ssh/sshd_config | grep -q 'Port'; then\n  sed 's/Port/#Port/g' /etc/ssh/sshd_config | sudo tee /etc/ssh/.sshd_config\n  sudo mv /etc/ssh/.sshd_config /etc/ssh/sshd_config\nfi\nif ! grep -v '#' /etc/ssh/sshd_config | grep -qw 'PermitRootLogin no' ; then\n  sed '/PermitRootLogin/d' /etc/ssh/sshd_config | sudo tee /etc/ssh/.sshd_config\n  echo 'PermitRootLogin no' | sudo tee -a /etc/ssh/.sshd_config\n  sudo mv /etc/ssh/.sshd_config /etc/ssh/sshd_config\nfi\nif ! grep -v '#' /etc/ssh/sshd_config | grep -qw 'ClientAliveInterval 120' ; then\n  sed '/ClientAliveInterval/d' /etc/ssh/sshd_config | sudo tee /etc/ssh/.sshd_config\n  echo 'ClientAliveInterval 120' | sudo tee -a /etc/ssh/.sshd_config\n  sudo mv /etc/ssh/.sshd_config /etc/ssh/sshd_config\nfi\nif ! grep -v '#' /etc/ssh/sshd_config | grep -qw 'PrintMotd no' ; then\n  sed '/PrintMotd/d' /etc/ssh/sshd_config | sudo tee /etc/ssh/.sshd_config\n  echo 'PrintMotd no' | sudo tee -a /etc/ssh/.sshd_config\n  sudo mv /etc/ssh/.sshd_config /etc/ssh/sshd_config\nfi\nif ! grep -v '#' /etc/ssh/sshd_config | grep -qw 'Banner /etc/issue.net' ; then\n  sed '/Banner/d' /etc/ssh/sshd_config | sudo tee /etc/ssh/.sshd_config\n  echo 'Banner /etc/issue.net' | sudo tee -a /etc/ssh/.sshd_config\n  sudo mv /etc/ssh/.sshd_config /etc/ssh/sshd_config\nfi\nsudo systemctl restart sshd\nexit 100\n"
                              }
                            ],
                            "validate": [
                              {
                                "args": [],
                                "file": [],
                                "interpreter": "SHELL",
                                "output_file_path": "",
                                "script": "if grep -v '#' /etc/ssh/sshd_config | grep -q 'Port'; then\n  exit 101\nelif ! grep -v '#' /etc/ssh/sshd_config | grep -qw 'PermitRootLogin no' ; then\n  exit 101\nelif ! grep -v '#' /etc/ssh/sshd_config | grep -qw 'ClientAliveInterval 120' ; then\n  exit 101\nelif ! grep -v '#' /etc/ssh/sshd_config | grep -qw 'PrintMotd no' ; then\n  exit 101\nelif ! grep -v '#' /etc/ssh/sshd_config | grep -qw 'Banner /etc/issue.net' ; then\n  exit 101\nelse\n  exit 100\nfi\n"
                              }
                            ]
                          }
                        ],
                        "file": [],
                        "id": "configuration",
                        "pkg": [],
                        "repository": []
                      }
                    ]
                  }
                ]
              }
            ],
            "project": "swit-alpha",
            "reconciling": false,
            "revision_create_time": "2024-03-13T15:21:04.844203Z",
            "revision_id": "56fa79c4-0fce-4cf9-a83a-fa15ce5d45c2",
            "rollout": [
              {
                "disruption_budget": [
                  {
                    "fixed": 0,
                    "percent": 100
                  }
                ],
                "min_wait_duration": "0s"
              }
            ],
            "rollout_state": "SUCCEEDED",
            "skip_await_rollout": true,
            "timeouts": null,
            "uid": "0a694a10-38d5-44ec-ad19-d39e93ded07d"
          },
          "sensitive_attributes": [],
          "private": "eyJlMmJmYjczMC1lY2FhLTExZTYtOGY4OC0zNDM2M2JjN2M0YzAiOnsiY3JlYXRlIjoxMjAwMDAwMDAwMDAwLCJkZWxldGUiOjEyMDAwMDAwMDAwMDAsInVwZGF0ZSI6MTIwMDAwMDAwMDAwMH19",
          "dependencies": [
            "module.os_policy.data.google_compute_zones.this",
            "module.os_policy.data.google_project.default"
          ]
        },
        {
          "index_key": "us-west1-c",
          "schema_version": 0,
          "attributes": {
            "baseline": true,
            "deleted": false,
            "description": "",
            "etag": "23623dc7-6e45-4751-9e9e-ce6367268e49",
            "id": "projects/swit-alpha/locations/us-west1-c/osPolicyAssignments/us-west1-c-unx101",
            "instance_filter": [
              {
                "all": false,
                "exclusion_labels": [
                  {
                    "labels": {
                      "goog-gke-node": ""
                    }
                  },
                  {
                    "labels": {
                      "serverless-vpc-access": "test-serverless-mysql"
                    }
                  },
                  {
                    "labels": {
                      "serverless-vpc-access": "swit-alpha-serverless-uw1"
                    }
                  }
                ],
                "inclusion_labels": [],
                "inventories": []
              }
            ],
            "location": "us-west1-c",
            "name": "us-west1-c-unx101",
            "os_policies": [
              {
                "allow_no_resource_group_match": false,
                "description": "",
                "id": "unx101",
                "mode": "ENFORCEMENT",
                "resource_groups": [
                  {
                    "inventory_filters": [
                      {
                        "os_short_name": "debian",
                        "os_version": "10"
                      },
                      {
                        "os_short_name": "debian",
                        "os_version": "11"
                      },
                      {
                        "os_short_name": "debian",
                        "os_version": "12"
                      },
                      {
                        "os_short_name": "rocky",
                        "os_version": "8.*"
                      },
                      {
                        "os_short_name": "rocky",
                        "os_version": "9.*"
                      },
                      {
                        "os_short_name": "ubuntu",
                        "os_version": "20.04"
                      },
                      {
                        "os_short_name": "ubuntu",
                        "os_version": "22.04"
                      }
                    ],
                    "resources": [
                      {
                        "exec": [
                          {
                            "enforce": [
                              {
                                "args": [],
                                "file": [],
                                "interpreter": "SHELL",
                                "output_file_path": "",
                                "script": "if grep -v '#' /etc/ssh/sshd_config | grep -q 'Port'; then\n  sed 's/Port/#Port/g' /etc/ssh/sshd_config | sudo tee /etc/ssh/.sshd_config\n  sudo mv /etc/ssh/.sshd_config /etc/ssh/sshd_config\nfi\nif ! grep -v '#' /etc/ssh/sshd_config | grep -qw 'PermitRootLogin no' ; then\n  sed '/PermitRootLogin/d' /etc/ssh/sshd_config | sudo tee /etc/ssh/.sshd_config\n  echo 'PermitRootLogin no' | sudo tee -a /etc/ssh/.sshd_config\n  sudo mv /etc/ssh/.sshd_config /etc/ssh/sshd_config\nfi\nif ! grep -v '#' /etc/ssh/sshd_config | grep -qw 'ClientAliveInterval 120' ; then\n  sed '/ClientAliveInterval/d' /etc/ssh/sshd_config | sudo tee /etc/ssh/.sshd_config\n  echo 'ClientAliveInterval 120' | sudo tee -a /etc/ssh/.sshd_config\n  sudo mv /etc/ssh/.sshd_config /etc/ssh/sshd_config\nfi\nif ! grep -v '#' /etc/ssh/sshd_config | grep -qw 'PrintMotd no' ; then\n  sed '/PrintMotd/d' /etc/ssh/sshd_config | sudo tee /etc/ssh/.sshd_config\n  echo 'PrintMotd no' | sudo tee -a /etc/ssh/.sshd_config\n  sudo mv /etc/ssh/.sshd_config /etc/ssh/sshd_config\nfi\nif ! grep -v '#' /etc/ssh/sshd_config | grep -qw 'Banner /etc/issue.net' ; then\n  sed '/Banner/d' /etc/ssh/sshd_config | sudo tee /etc/ssh/.sshd_config\n  echo 'Banner /etc/issue.net' | sudo tee -a /etc/ssh/.sshd_config\n  sudo mv /etc/ssh/.sshd_config /etc/ssh/sshd_config\nfi\nsudo systemctl restart sshd\nexit 100\n"
                              }
                            ],
                            "validate": [
                              {
                                "args": [],
                                "file": [],
                                "interpreter": "SHELL",
                                "output_file_path": "",
                                "script": "if grep -v '#' /etc/ssh/sshd_config | grep -q 'Port'; then\n  exit 101\nelif ! grep -v '#' /etc/ssh/sshd_config | grep -qw 'PermitRootLogin no' ; then\n  exit 101\nelif ! grep -v '#' /etc/ssh/sshd_config | grep -qw 'ClientAliveInterval 120' ; then\n  exit 101\nelif ! grep -v '#' /etc/ssh/sshd_config | grep -qw 'PrintMotd no' ; then\n  exit 101\nelif ! grep -v '#' /etc/ssh/sshd_config | grep -qw 'Banner /etc/issue.net' ; then\n  exit 101\nelse\n  exit 100\nfi\n"
                              }
                            ]
                          }
                        ],
                        "file": [],
                        "id": "configuration",
                        "pkg": [],
                        "repository": []
                      }
                    ]
                  }
                ]
              }
            ],
            "project": "swit-alpha",
            "reconciling": false,
            "revision_create_time": "2024-03-13T15:21:04.829623Z",
            "revision_id": "e40bb38e-1d82-45fe-aac3-228557a112d4",
            "rollout": [
              {
                "disruption_budget": [
                  {
                    "fixed": 0,
                    "percent": 100
                  }
                ],
                "min_wait_duration": "0s"
              }
            ],
            "rollout_state": "SUCCEEDED",
            "skip_await_rollout": true,
            "timeouts": null,
            "uid": "bb16b42a-cc94-4c9a-998c-96f6d5a21fcb"
          },
          "sensitive_attributes": [],
          "private": "eyJlMmJmYjczMC1lY2FhLTExZTYtOGY4OC0zNDM2M2JjN2M0YzAiOnsiY3JlYXRlIjoxMjAwMDAwMDAwMDAwLCJkZWxldGUiOjEyMDAwMDAwMDAwMDAsInVwZGF0ZSI6MTIwMDAwMDAwMDAwMH19",
          "dependencies": [
            "module.os_policy.data.google_compute_zones.this",
            "module.os_policy.data.google_project.default"
          ]
        }
      ]
    },
    {
      "module": "module.os_policy",
      "mode": "managed",
      "type": "google_os_config_os_policy_assignment",
      "name": "unx105",
      "provider": "provider[\"registry.terraform.io/hashicorp/google\"]",
      "instances": [
        {
          "index_key": "asia-northeast3-a",
          "schema_version": 0,
          "attributes": {
            "baseline": false,
            "deleted": false,
            "description": "",
            "etag": "8b8b5c78-38b4-437d-b8a1-53b80fba6e2f",
            "id": "projects/swit-alpha/locations/asia-northeast3-a/osPolicyAssignments/asia-northeast3-a-unx105",
            "instance_filter": [
              {
                "all": false,
                "exclusion_labels": [
                  {
                    "labels": {
                      "goog-gke-node": ""
                    }
                  },
                  {
                    "labels": {
                      "serverless-vpc-access": "test-serverless-mysql"
                    }
                  },
                  {
                    "labels": {
                      "serverless-vpc-access": "swit-alpha-serverless-uw1"
                    }
                  }
                ],
                "inclusion_labels": [],
                "inventories": []
              }
            ],
            "location": "asia-northeast3-a",
            "name": "asia-northeast3-a-unx105",
            "os_policies": [
              {
                "allow_no_resource_group_match": false,
                "description": "",
                "id": "unx105",
                "mode": "ENFORCEMENT",
                "resource_groups": [
                  {
                    "inventory_filters": [
                      {
                        "os_short_name": "debian",
                        "os_version": "10"
                      },
                      {
                        "os_short_name": "debian",
                        "os_version": "11"
                      },
                      {
                        "os_short_name": "debian",
                        "os_version": "12"
                      },
                      {
                        "os_short_name": "rocky",
                        "os_version": "8.*"
                      },
                      {
                        "os_short_name": "rocky",
                        "os_version": "9.*"
                      },
                      {
                        "os_short_name": "ubuntu",
                        "os_version": "20.04"
                      },
                      {
                        "os_short_name": "ubuntu",
                        "os_version": "22.04"
                      }
                    ],
                    "resources": [
                      {
                        "exec": [
                          {
                            "enforce": [
                              {
                                "args": [],
                                "file": [],
                                "interpreter": "SHELL",
                                "output_file_path": "",
                                "script": "if ! sudo grep -q 'wheel' /etc/group ; then\n  sudo addgroup --system wheel\nfi\nsudo chown root:wheel /bin/su\nsudo chmod 4750 /bin/su\nexit 100\n"
                              }
                            ],
                            "validate": [
                              {
                                "args": [],
                                "file": [],
                                "interpreter": "SHELL",
                                "output_file_path": "",
                                "script": "if ! sudo stat -c %a /bin/su | grep -qw 4750 ; then\n  exit 101\nelif ! sudo stat -c %U /bin/su | grep -qw root ; then\n  exit 101\nelif ! sudo stat -c %G /bin/su | grep -qw wheel ; then\n  exit 101\nelse\n  exit 100\nfi\n"
                              }
                            ]
                          }
                        ],
                        "file": [],
                        "id": "configuration",
                        "pkg": [],
                        "repository": []
                      }
                    ]
                  }
                ]
              }
            ],
            "project": "swit-alpha",
            "reconciling": true,
            "revision_create_time": "2024-03-28T09:34:42.934244Z",
            "revision_id": "40c0c062-8001-48da-999d-a648d845fafa",
            "rollout": [
              {
                "disruption_budget": [
                  {
                    "fixed": 0,
                    "percent": 100
                  }
                ],
                "min_wait_duration": "0s"
              }
            ],
            "rollout_state": "IN_PROGRESS",
            "skip_await_rollout": true,
            "timeouts": null,
            "uid": "bf9e2085-9c72-43b7-bb12-5860bb538243"
          },
          "sensitive_attributes": [],
          "private": "eyJlMmJmYjczMC1lY2FhLTExZTYtOGY4OC0zNDM2M2JjN2M0YzAiOnsiY3JlYXRlIjoxMjAwMDAwMDAwMDAwLCJkZWxldGUiOjEyMDAwMDAwMDAwMDAsInVwZGF0ZSI6MTIwMDAwMDAwMDAwMH19",
          "dependencies": [
            "module.os_policy.data.google_compute_zones.this",
            "module.os_policy.data.google_project.default"
          ]
        },
        {
          "index_key": "asia-northeast3-b",
          "schema_version": 0,
          "attributes": {
            "baseline": false,
            "deleted": false,
            "description": "",
            "etag": "3115b20a-e28f-457f-8d5b-976380a692a6",
            "id": "projects/swit-alpha/locations/asia-northeast3-b/osPolicyAssignments/asia-northeast3-b-unx105",
            "instance_filter": [
              {
                "all": false,
                "exclusion_labels": [
                  {
                    "labels": {
                      "goog-gke-node": ""
                    }
                  },
                  {
                    "labels": {
                      "serverless-vpc-access": "test-serverless-mysql"
                    }
                  },
                  {
                    "labels": {
                      "serverless-vpc-access": "swit-alpha-serverless-uw1"
                    }
                  }
                ],
                "inclusion_labels": [],
                "inventories": []
              }
            ],
            "location": "asia-northeast3-b",
            "name": "asia-northeast3-b-unx105",
            "os_policies": [
              {
                "allow_no_resource_group_match": false,
                "description": "",
                "id": "unx105",
                "mode": "ENFORCEMENT",
                "resource_groups": [
                  {
                    "inventory_filters": [
                      {
                        "os_short_name": "debian",
                        "os_version": "10"
                      },
                      {
                        "os_short_name": "debian",
                        "os_version": "11"
                      },
                      {
                        "os_short_name": "debian",
                        "os_version": "12"
                      },
                      {
                        "os_short_name": "rocky",
                        "os_version": "8.*"
                      },
                      {
                        "os_short_name": "rocky",
                        "os_version": "9.*"
                      },
                      {
                        "os_short_name": "ubuntu",
                        "os_version": "20.04"
                      },
                      {
                        "os_short_name": "ubuntu",
                        "os_version": "22.04"
                      }
                    ],
                    "resources": [
                      {
                        "exec": [
                          {
                            "enforce": [
                              {
                                "args": [],
                                "file": [],
                                "interpreter": "SHELL",
                                "output_file_path": "",
                                "script": "if ! sudo grep -q 'wheel' /etc/group ; then\n  sudo addgroup --system wheel\nfi\nsudo chown root:wheel /bin/su\nsudo chmod 4750 /bin/su\nexit 100\n"
                              }
                            ],
                            "validate": [
                              {
                                "args": [],
                                "file": [],
                                "interpreter": "SHELL",
                                "output_file_path": "",
                                "script": "if ! sudo stat -c %a /bin/su | grep -qw 4750 ; then\n  exit 101\nelif ! sudo stat -c %U /bin/su | grep -qw root ; then\n  exit 101\nelif ! sudo stat -c %G /bin/su | grep -qw wheel ; then\n  exit 101\nelse\n  exit 100\nfi\n"
                              }
                            ]
                          }
                        ],
                        "file": [],
                        "id": "configuration",
                        "pkg": [],
                        "repository": []
                      }
                    ]
                  }
                ]
              }
            ],
            "project": "swit-alpha",
            "reconciling": true,
            "revision_create_time": "2024-03-28T09:34:42.935220Z",
            "revision_id": "fa10a7e6-f889-412c-9f74-582ebfd39a58",
            "rollout": [
              {
                "disruption_budget": [
                  {
                    "fixed": 0,
                    "percent": 100
                  }
                ],
                "min_wait_duration": "0s"
              }
            ],
            "rollout_state": "IN_PROGRESS",
            "skip_await_rollout": true,
            "timeouts": null,
            "uid": "27d89261-e2ce-49a7-8901-0ffffe8032d3"
          },
          "sensitive_attributes": [],
          "private": "eyJlMmJmYjczMC1lY2FhLTExZTYtOGY4OC0zNDM2M2JjN2M0YzAiOnsiY3JlYXRlIjoxMjAwMDAwMDAwMDAwLCJkZWxldGUiOjEyMDAwMDAwMDAwMDAsInVwZGF0ZSI6MTIwMDAwMDAwMDAwMH19",
          "dependencies": [
            "module.os_policy.data.google_compute_zones.this",
            "module.os_policy.data.google_project.default"
          ]
        },
        {
          "index_key": "asia-northeast3-c",
          "schema_version": 0,
          "attributes": {
            "baseline": false,
            "deleted": false,
            "description": "",
            "etag": "60b80a50-f13e-422a-ada7-1e401a3fa45a",
            "id": "projects/swit-alpha/locations/asia-northeast3-c/osPolicyAssignments/asia-northeast3-c-unx105",
            "instance_filter": [
              {
                "all": false,
                "exclusion_labels": [
                  {
                    "labels": {
                      "goog-gke-node": ""
                    }
                  },
                  {
                    "labels": {
                      "serverless-vpc-access": "test-serverless-mysql"
                    }
                  },
                  {
                    "labels": {
                      "serverless-vpc-access": "swit-alpha-serverless-uw1"
                    }
                  }
                ],
                "inclusion_labels": [],
                "inventories": []
              }
            ],
            "location": "asia-northeast3-c",
            "name": "asia-northeast3-c-unx105",
            "os_policies": [
              {
                "allow_no_resource_group_match": false,
                "description": "",
                "id": "unx105",
                "mode": "ENFORCEMENT",
                "resource_groups": [
                  {
                    "inventory_filters": [
                      {
                        "os_short_name": "debian",
                        "os_version": "10"
                      },
                      {
                        "os_short_name": "debian",
                        "os_version": "11"
                      },
                      {
                        "os_short_name": "debian",
                        "os_version": "12"
                      },
                      {
                        "os_short_name": "rocky",
                        "os_version": "8.*"
                      },
                      {
                        "os_short_name": "rocky",
                        "os_version": "9.*"
                      },
                      {
                        "os_short_name": "ubuntu",
                        "os_version": "20.04"
                      },
                      {
                        "os_short_name": "ubuntu",
                        "os_version": "22.04"
                      }
                    ],
                    "resources": [
                      {
                        "exec": [
                          {
                            "enforce": [
                              {
                                "args": [],
                                "file": [],
                                "interpreter": "SHELL",
                                "output_file_path": "",
                                "script": "if ! sudo grep -q 'wheel' /etc/group ; then\n  sudo addgroup --system wheel\nfi\nsudo chown root:wheel /bin/su\nsudo chmod 4750 /bin/su\nexit 100\n"
                              }
                            ],
                            "validate": [
                              {
                                "args": [],
                                "file": [],
                                "interpreter": "SHELL",
                                "output_file_path": "",
                                "script": "if ! sudo stat -c %a /bin/su | grep -qw 4750 ; then\n  exit 101\nelif ! sudo stat -c %U /bin/su | grep -qw root ; then\n  exit 101\nelif ! sudo stat -c %G /bin/su | grep -qw wheel ; then\n  exit 101\nelse\n  exit 100\nfi\n"
                              }
                            ]
                          }
                        ],
                        "file": [],
                        "id": "configuration",
                        "pkg": [],
                        "repository": []
                      }
                    ]
                  }
                ]
              }
            ],
            "project": "swit-alpha",
            "reconciling": true,
            "revision_create_time": "2024-03-28T09:34:42.981092Z",
            "revision_id": "312d129a-c77f-49c9-b2d0-66d180223830",
            "rollout": [
              {
                "disruption_budget": [
                  {
                    "fixed": 0,
                    "percent": 100
                  }
                ],
                "min_wait_duration": "0s"
              }
            ],
            "rollout_state": "IN_PROGRESS",
            "skip_await_rollout": true,
            "timeouts": null,
            "uid": "95823ab2-ebf5-4e73-859a-905be83e57a5"
          },
          "sensitive_attributes": [],
          "private": "eyJlMmJmYjczMC1lY2FhLTExZTYtOGY4OC0zNDM2M2JjN2M0YzAiOnsiY3JlYXRlIjoxMjAwMDAwMDAwMDAwLCJkZWxldGUiOjEyMDAwMDAwMDAwMDAsInVwZGF0ZSI6MTIwMDAwMDAwMDAwMH19",
          "dependencies": [
            "module.os_policy.data.google_compute_zones.this",
            "module.os_policy.data.google_project.default"
          ]
        },
        {
          "index_key": "us-west1-a",
          "schema_version": 0,
          "attributes": {
            "baseline": false,
            "deleted": false,
            "description": "",
            "etag": "710879fb-fff8-4908-b7e4-243accfebdb7",
            "id": "projects/swit-alpha/locations/us-west1-a/osPolicyAssignments/us-west1-a-unx105",
            "instance_filter": [
              {
                "all": false,
                "exclusion_labels": [
                  {
                    "labels": {
                      "goog-gke-node": ""
                    }
                  },
                  {
                    "labels": {
                      "serverless-vpc-access": "test-serverless-mysql"
                    }
                  },
                  {
                    "labels": {
                      "serverless-vpc-access": "swit-alpha-serverless-uw1"
                    }
                  }
                ],
                "inclusion_labels": [],
                "inventories": []
              }
            ],
            "location": "us-west1-a",
            "name": "us-west1-a-unx105",
            "os_policies": [
              {
                "allow_no_resource_group_match": false,
                "description": "",
                "id": "unx105",
                "mode": "ENFORCEMENT",
                "resource_groups": [
                  {
                    "inventory_filters": [
                      {
                        "os_short_name": "debian",
                        "os_version": "10"
                      },
                      {
                        "os_short_name": "debian",
                        "os_version": "11"
                      },
                      {
                        "os_short_name": "debian",
                        "os_version": "12"
                      },
                      {
                        "os_short_name": "rocky",
                        "os_version": "8.*"
                      },
                      {
                        "os_short_name": "rocky",
                        "os_version": "9.*"
                      },
                      {
                        "os_short_name": "ubuntu",
                        "os_version": "20.04"
                      },
                      {
                        "os_short_name": "ubuntu",
                        "os_version": "22.04"
                      }
                    ],
                    "resources": [
                      {
                        "exec": [
                          {
                            "enforce": [
                              {
                                "args": [],
                                "file": [],
                                "interpreter": "SHELL",
                                "output_file_path": "",
                                "script": "if ! sudo grep -q 'wheel' /etc/group ; then\n  sudo addgroup --system wheel\nfi\nsudo chown root:wheel /bin/su\nsudo chmod 4750 /bin/su\nexit 100\n"
                              }
                            ],
                            "validate": [
                              {
                                "args": [],
                                "file": [],
                                "interpreter": "SHELL",
                                "output_file_path": "",
                                "script": "if ! sudo stat -c %a /bin/su | grep -qw 4750 ; then\n  exit 101\nelif ! sudo stat -c %U /bin/su | grep -qw root ; then\n  exit 101\nelif ! sudo stat -c %G /bin/su | grep -qw wheel ; then\n  exit 101\nelse\n  exit 100\nfi\n"
                              }
                            ]
                          }
                        ],
                        "file": [],
                        "id": "configuration",
                        "pkg": [],
                        "repository": []
                      }
                    ]
                  }
                ]
              }
            ],
            "project": "swit-alpha",
            "reconciling": true,
            "revision_create_time": "2024-03-28T09:34:43.382340Z",
            "revision_id": "35763f10-3cb2-4443-bef5-76d28c8bd94b",
            "rollout": [
              {
                "disruption_budget": [
                  {
                    "fixed": 0,
                    "percent": 100
                  }
                ],
                "min_wait_duration": "0s"
              }
            ],
            "rollout_state": "IN_PROGRESS",
            "skip_await_rollout": true,
            "timeouts": null,
            "uid": "36763f22-e685-4085-b937-2512eb867afe"
          },
          "sensitive_attributes": [],
          "private": "eyJlMmJmYjczMC1lY2FhLTExZTYtOGY4OC0zNDM2M2JjN2M0YzAiOnsiY3JlYXRlIjoxMjAwMDAwMDAwMDAwLCJkZWxldGUiOjEyMDAwMDAwMDAwMDAsInVwZGF0ZSI6MTIwMDAwMDAwMDAwMH19",
          "dependencies": [
            "module.os_policy.data.google_compute_zones.this",
            "module.os_policy.data.google_project.default"
          ]
        },
        {
          "index_key": "us-west1-b",
          "schema_version": 0,
          "attributes": {
            "baseline": false,
            "deleted": false,
            "description": "",
            "etag": "f9e55eba-c52f-4a69-bd6e-0e130bb2716e",
            "id": "projects/swit-alpha/locations/us-west1-b/osPolicyAssignments/us-west1-b-unx105",
            "instance_filter": [
              {
                "all": false,
                "exclusion_labels": [
                  {
                    "labels": {
                      "goog-gke-node": ""
                    }
                  },
                  {
                    "labels": {
                      "serverless-vpc-access": "test-serverless-mysql"
                    }
                  },
                  {
                    "labels": {
                      "serverless-vpc-access": "swit-alpha-serverless-uw1"
                    }
                  }
                ],
                "inclusion_labels": [],
                "inventories": []
              }
            ],
            "location": "us-west1-b",
            "name": "us-west1-b-unx105",
            "os_policies": [
              {
                "allow_no_resource_group_match": false,
                "description": "",
                "id": "unx105",
                "mode": "ENFORCEMENT",
                "resource_groups": [
                  {
                    "inventory_filters": [
                      {
                        "os_short_name": "debian",
                        "os_version": "10"
                      },
                      {
                        "os_short_name": "debian",
                        "os_version": "11"
                      },
                      {
                        "os_short_name": "debian",
                        "os_version": "12"
                      },
                      {
                        "os_short_name": "rocky",
                        "os_version": "8.*"
                      },
                      {
                        "os_short_name": "rocky",
                        "os_version": "9.*"
                      },
                      {
                        "os_short_name": "ubuntu",
                        "os_version": "20.04"
                      },
                      {
                        "os_short_name": "ubuntu",
                        "os_version": "22.04"
                      }
                    ],
                    "resources": [
                      {
                        "exec": [
                          {
                            "enforce": [
                              {
                                "args": [],
                                "file": [],
                                "interpreter": "SHELL",
                                "output_file_path": "",
                                "script": "if ! sudo grep -q 'wheel' /etc/group ; then\n  sudo addgroup --system wheel\nfi\nsudo chown root:wheel /bin/su\nsudo chmod 4750 /bin/su\nexit 100\n"
                              }
                            ],
                            "validate": [
                              {
                                "args": [],
                                "file": [],
                                "interpreter": "SHELL",
                                "output_file_path": "",
                                "script": "if ! sudo stat -c %a /bin/su | grep -qw 4750 ; then\n  exit 101\nelif ! sudo stat -c %U /bin/su | grep -qw root ; then\n  exit 101\nelif ! sudo stat -c %G /bin/su | grep -qw wheel ; then\n  exit 101\nelse\n  exit 100\nfi\n"
                              }
                            ]
                          }
                        ],
                        "file": [],
                        "id": "configuration",
                        "pkg": [],
                        "repository": []
                      }
                    ]
                  }
                ]
              }
            ],
            "project": "swit-alpha",
            "reconciling": true,
            "revision_create_time": "2024-03-28T09:34:43.391748Z",
            "revision_id": "a8cef371-86d0-41da-9c84-a64c0958f49e",
            "rollout": [
              {
                "disruption_budget": [
                  {
                    "fixed": 0,
                    "percent": 100
                  }
                ],
                "min_wait_duration": "0s"
              }
            ],
            "rollout_state": "IN_PROGRESS",
            "skip_await_rollout": true,
            "timeouts": null,
            "uid": "95d80471-42ab-419a-ab65-93a2a9749d6d"
          },
          "sensitive_attributes": [],
          "private": "eyJlMmJmYjczMC1lY2FhLTExZTYtOGY4OC0zNDM2M2JjN2M0YzAiOnsiY3JlYXRlIjoxMjAwMDAwMDAwMDAwLCJkZWxldGUiOjEyMDAwMDAwMDAwMDAsInVwZGF0ZSI6MTIwMDAwMDAwMDAwMH19",
          "dependencies": [
            "module.os_policy.data.google_compute_zones.this",
            "module.os_policy.data.google_project.default"
          ]
        },
        {
          "index_key": "us-west1-c",
          "schema_version": 0,
          "attributes": {
            "baseline": false,
            "deleted": false,
            "description": "",
            "etag": "e3d85b89-7a5e-4308-878e-b2df858faf92",
            "id": "projects/swit-alpha/locations/us-west1-c/osPolicyAssignments/us-west1-c-unx105",
            "instance_filter": [
              {
                "all": false,
                "exclusion_labels": [
                  {
                    "labels": {
                      "goog-gke-node": ""
                    }
                  },
                  {
                    "labels": {
                      "serverless-vpc-access": "test-serverless-mysql"
                    }
                  },
                  {
                    "labels": {
                      "serverless-vpc-access": "swit-alpha-serverless-uw1"
                    }
                  }
                ],
                "inclusion_labels": [],
                "inventories": []
              }
            ],
            "location": "us-west1-c",
            "name": "us-west1-c-unx105",
            "os_policies": [
              {
                "allow_no_resource_group_match": false,
                "description": "",
                "id": "unx105",
                "mode": "ENFORCEMENT",
                "resource_groups": [
                  {
                    "inventory_filters": [
                      {
                        "os_short_name": "debian",
                        "os_version": "10"
                      },
                      {
                        "os_short_name": "debian",
                        "os_version": "11"
                      },
                      {
                        "os_short_name": "debian",
                        "os_version": "12"
                      },
                      {
                        "os_short_name": "rocky",
                        "os_version": "8.*"
                      },
                      {
                        "os_short_name": "rocky",
                        "os_version": "9.*"
                      },
                      {
                        "os_short_name": "ubuntu",
                        "os_version": "20.04"
                      },
                      {
                        "os_short_name": "ubuntu",
                        "os_version": "22.04"
                      }
                    ],
                    "resources": [
                      {
                        "exec": [
                          {
                            "enforce": [
                              {
                                "args": [],
                                "file": [],
                                "interpreter": "SHELL",
                                "output_file_path": "",
                                "script": "if ! sudo grep -q 'wheel' /etc/group ; then\n  sudo addgroup --system wheel\nfi\nsudo chown root:wheel /bin/su\nsudo chmod 4750 /bin/su\nexit 100\n"
                              }
                            ],
                            "validate": [
                              {
                                "args": [],
                                "file": [],
                                "interpreter": "SHELL",
                                "output_file_path": "",
                                "script": "if ! sudo stat -c %a /bin/su | grep -qw 4750 ; then\n  exit 101\nelif ! sudo stat -c %U /bin/su | grep -qw root ; then\n  exit 101\nelif ! sudo stat -c %G /bin/su | grep -qw wheel ; then\n  exit 101\nelse\n  exit 100\nfi\n"
                              }
                            ]
                          }
                        ],
                        "file": [],
                        "id": "configuration",
                        "pkg": [],
                        "repository": []
                      }
                    ]
                  }
                ]
              }
            ],
            "project": "swit-alpha",
            "reconciling": true,
            "revision_create_time": "2024-03-28T09:34:43.351392Z",
            "revision_id": "a00cfc95-e5c1-43d9-9985-dd6b1afc9e20",
            "rollout": [
              {
                "disruption_budget": [
                  {
                    "fixed": 0,
                    "percent": 100
                  }
                ],
                "min_wait_duration": "0s"
              }
            ],
            "rollout_state": "IN_PROGRESS",
            "skip_await_rollout": true,
            "timeouts": null,
            "uid": "8dfde9bf-b9bc-4e4b-8f40-5e7ca0734f2c"
          },
          "sensitive_attributes": [],
          "private": "eyJlMmJmYjczMC1lY2FhLTExZTYtOGY4OC0zNDM2M2JjN2M0YzAiOnsiY3JlYXRlIjoxMjAwMDAwMDAwMDAwLCJkZWxldGUiOjEyMDAwMDAwMDAwMDAsInVwZGF0ZSI6MTIwMDAwMDAwMDAwMH19",
          "dependencies": [
            "module.os_policy.data.google_compute_zones.this",
            "module.os_policy.data.google_project.default"
          ]
        }
      ]
    },
    {
      "module": "module.os_policy",
      "mode": "managed",
      "type": "google_os_config_os_policy_assignment",
      "name": "unx109",
      "provider": "provider[\"registry.terraform.io/hashicorp/google\"]",
      "instances": [
        {
          "index_key": "asia-northeast3-a",
          "schema_version": 0,
          "attributes": {
            "baseline": true,
            "deleted": false,
            "description": "",
            "etag": "1979c496-765b-4d09-9e72-ba615f68e053",
            "id": "projects/swit-alpha/locations/asia-northeast3-a/osPolicyAssignments/asia-northeast3-a-unx109",
            "instance_filter": [
              {
                "all": false,
                "exclusion_labels": [
                  {
                    "labels": {
                      "goog-gke-node": ""
                    }
                  },
                  {
                    "labels": {
                      "serverless-vpc-access": "test-serverless-mysql"
                    }
                  },
                  {
                    "labels": {
                      "serverless-vpc-access": "swit-alpha-serverless-uw1"
                    }
                  }
                ],
                "inclusion_labels": [],
                "inventories": []
              }
            ],
            "location": "asia-northeast3-a",
            "name": "asia-northeast3-a-unx109",
            "os_policies": [
              {
                "allow_no_resource_group_match": false,
                "description": "",
                "id": "unx109",
                "mode": "ENFORCEMENT",
                "resource_groups": [
                  {
                    "inventory_filters": [
                      {
                        "os_short_name": "debian",
                        "os_version": "10"
                      },
                      {
                        "os_short_name": "debian",
                        "os_version": "11"
                      },
                      {
                        "os_short_name": "debian",
                        "os_version": "12"
                      },
                      {
                        "os_short_name": "rocky",
                        "os_version": "8.*"
                      },
                      {
                        "os_short_name": "rocky",
                        "os_version": "9.*"
                      },
                      {
                        "os_short_name": "ubuntu",
                        "os_version": "20.04"
                      },
                      {
                        "os_short_name": "ubuntu",
                        "os_version": "22.04"
                      }
                    ],
                    "resources": [
                      {
                        "exec": [
                          {
                            "enforce": [
                              {
                                "args": [],
                                "file": [],
                                "interpreter": "SHELL",
                                "output_file_path": "",
                                "script": "sudo crontab -l | sed '/userdel/d' | sudo crontab -\necho '15 00 * * * ls /home | while read -r user ; do if [ -d \"/home/$user\" ] ; then if [ \"$(find /home/$user -mindepth 1 -maxdepth 1 ! -name \".*\" -type f | wc -l) == '0' ] ; then userdel -r \\$user\" ; fi ; fi ; done' | sudo crontab -\nfor target in games lp mail news uudp ; then\n  if sudo grep -q \"$target\" /etc/passwd ; then\n    sudo userdel -r \"$target\"\n  elif sudo grep -q \"$target\" /etc/group ; then\n    sudo groupdel \"$target\"\n  fi\nfi\nexit 100\n"
                              }
                            ],
                            "validate": [
                              {
                                "args": [],
                                "file": [],
                                "interpreter": "SHELL",
                                "output_file_path": "",
                                "script": "if ! sudo crontab -l | grep -v '#' | grep -q 'ls /home' ; then\n  exit 101\nelif sudo cut -f 1 -d ':' /etc/passwd | grep -q 'games' ; then\n  exit 101\nelif sudo cut -f 1 -d ':' /etc/passwd | grep -q 'lp' ; then\n  exit 101\nelif sudo cut -f 1 -d ':' /etc/passwd | grep -q 'mail' ; then\n  exit 101\nelif sudo cut -f 1 -d ':' /etc/passwd | grep -q 'news' ; then\n  exit 101\nelif sudo cut -f 1 -d ':' /etc/passwd | grep -q 'uucp' ; then\n  exit 101\nelif sudo cut -f 1 -d ':' /etc/group | grep -q 'games' ; then\n  exit 101\nelif sudo cut -f 1 -d ':' /etc/group | grep -q 'lp' ; then\n  exit 101\nelif sudo cut -f 1 -d ':' /etc/group | grep -q 'mail' ; then\n  exit 101\nelif sudo cut -f 1 -d ':' /etc/group | grep -q 'news' ; then\n  exit 101\nelif sudo cut -f 1 -d ':' /etc/group | grep -q 'uucp' ; then\n  exit 101\nelse\n  exit 100\nfi\n"
                              }
                            ]
                          }
                        ],
                        "file": [],
                        "id": "configuration",
                        "pkg": [],
                        "repository": []
                      }
                    ]
                  }
                ]
              }
            ],
            "project": "swit-alpha",
            "reconciling": false,
            "revision_create_time": "2024-03-28T08:38:15.814377Z",
            "revision_id": "ce5323a8-973f-4112-86bc-0b4b859b5ab7",
            "rollout": [
              {
                "disruption_budget": [
                  {
                    "fixed": 0,
                    "percent": 100
                  }
                ],
                "min_wait_duration": "0s"
              }
            ],
            "rollout_state": "SUCCEEDED",
            "skip_await_rollout": true,
            "timeouts": null,
            "uid": "96282f44-d7ba-4281-84b4-b0d77a8815bb"
          },
          "sensitive_attributes": [],
          "private": "eyJlMmJmYjczMC1lY2FhLTExZTYtOGY4OC0zNDM2M2JjN2M0YzAiOnsiY3JlYXRlIjoxMjAwMDAwMDAwMDAwLCJkZWxldGUiOjEyMDAwMDAwMDAwMDAsInVwZGF0ZSI6MTIwMDAwMDAwMDAwMH19",
          "dependencies": [
            "module.os_policy.data.google_compute_zones.this",
            "module.os_policy.data.google_project.default"
          ]
        },
        {
          "index_key": "asia-northeast3-b",
          "schema_version": 0,
          "attributes": {
            "baseline": true,
            "deleted": false,
            "description": "",
            "etag": "cffd9eea-0d15-450a-9860-af437f027008",
            "id": "projects/swit-alpha/locations/asia-northeast3-b/osPolicyAssignments/asia-northeast3-b-unx109",
            "instance_filter": [
              {
                "all": false,
                "exclusion_labels": [
                  {
                    "labels": {
                      "goog-gke-node": ""
                    }
                  },
                  {
                    "labels": {
                      "serverless-vpc-access": "test-serverless-mysql"
                    }
                  },
                  {
                    "labels": {
                      "serverless-vpc-access": "swit-alpha-serverless-uw1"
                    }
                  }
                ],
                "inclusion_labels": [],
                "inventories": []
              }
            ],
            "location": "asia-northeast3-b",
            "name": "asia-northeast3-b-unx109",
            "os_policies": [
              {
                "allow_no_resource_group_match": false,
                "description": "",
                "id": "unx109",
                "mode": "ENFORCEMENT",
                "resource_groups": [
                  {
                    "inventory_filters": [
                      {
                        "os_short_name": "debian",
                        "os_version": "10"
                      },
                      {
                        "os_short_name": "debian",
                        "os_version": "11"
                      },
                      {
                        "os_short_name": "debian",
                        "os_version": "12"
                      },
                      {
                        "os_short_name": "rocky",
                        "os_version": "8.*"
                      },
                      {
                        "os_short_name": "rocky",
                        "os_version": "9.*"
                      },
                      {
                        "os_short_name": "ubuntu",
                        "os_version": "20.04"
                      },
                      {
                        "os_short_name": "ubuntu",
                        "os_version": "22.04"
                      }
                    ],
                    "resources": [
                      {
                        "exec": [
                          {
                            "enforce": [
                              {
                                "args": [],
                                "file": [],
                                "interpreter": "SHELL",
                                "output_file_path": "",
                                "script": "sudo crontab -l | sed '/userdel/d' | sudo crontab -\necho '15 00 * * * ls /home | while read -r user ; do if [ -d \"/home/$user\" ] ; then if [ \"$(find /home/$user -mindepth 1 -maxdepth 1 ! -name \".*\" -type f | wc -l) == '0' ] ; then userdel -r \\$user\" ; fi ; fi ; done' | sudo crontab -\nfor target in games lp mail news uudp ; then\n  if sudo grep -q \"$target\" /etc/passwd ; then\n    sudo userdel -r \"$target\"\n  elif sudo grep -q \"$target\" /etc/group ; then\n    sudo groupdel \"$target\"\n  fi\nfi\nexit 100\n"
                              }
                            ],
                            "validate": [
                              {
                                "args": [],
                                "file": [],
                                "interpreter": "SHELL",
                                "output_file_path": "",
                                "script": "if ! sudo crontab -l | grep -v '#' | grep -q 'ls /home' ; then\n  exit 101\nelif sudo cut -f 1 -d ':' /etc/passwd | grep -q 'games' ; then\n  exit 101\nelif sudo cut -f 1 -d ':' /etc/passwd | grep -q 'lp' ; then\n  exit 101\nelif sudo cut -f 1 -d ':' /etc/passwd | grep -q 'mail' ; then\n  exit 101\nelif sudo cut -f 1 -d ':' /etc/passwd | grep -q 'news' ; then\n  exit 101\nelif sudo cut -f 1 -d ':' /etc/passwd | grep -q 'uucp' ; then\n  exit 101\nelif sudo cut -f 1 -d ':' /etc/group | grep -q 'games' ; then\n  exit 101\nelif sudo cut -f 1 -d ':' /etc/group | grep -q 'lp' ; then\n  exit 101\nelif sudo cut -f 1 -d ':' /etc/group | grep -q 'mail' ; then\n  exit 101\nelif sudo cut -f 1 -d ':' /etc/group | grep -q 'news' ; then\n  exit 101\nelif sudo cut -f 1 -d ':' /etc/group | grep -q 'uucp' ; then\n  exit 101\nelse\n  exit 100\nfi\n"
                              }
                            ]
                          }
                        ],
                        "file": [],
                        "id": "configuration",
                        "pkg": [],
                        "repository": []
                      }
                    ]
                  }
                ]
              }
            ],
            "project": "swit-alpha",
            "reconciling": false,
            "revision_create_time": "2024-03-28T08:38:15.834171Z",
            "revision_id": "3913381f-2924-435a-ae05-07742c6beffc",
            "rollout": [
              {
                "disruption_budget": [
                  {
                    "fixed": 0,
                    "percent": 100
                  }
                ],
                "min_wait_duration": "0s"
              }
            ],
            "rollout_state": "SUCCEEDED",
            "skip_await_rollout": true,
            "timeouts": null,
            "uid": "5487c2f2-5d58-49f6-912a-fb6ffd51ae5b"
          },
          "sensitive_attributes": [],
          "private": "eyJlMmJmYjczMC1lY2FhLTExZTYtOGY4OC0zNDM2M2JjN2M0YzAiOnsiY3JlYXRlIjoxMjAwMDAwMDAwMDAwLCJkZWxldGUiOjEyMDAwMDAwMDAwMDAsInVwZGF0ZSI6MTIwMDAwMDAwMDAwMH19",
          "dependencies": [
            "module.os_policy.data.google_compute_zones.this",
            "module.os_policy.data.google_project.default"
          ]
        },
        {
          "index_key": "asia-northeast3-c",
          "schema_version": 0,
          "attributes": {
            "baseline": true,
            "deleted": false,
            "description": "",
            "etag": "9cd9977e-5e9f-43e4-985a-102f63d87d75",
            "id": "projects/swit-alpha/locations/asia-northeast3-c/osPolicyAssignments/asia-northeast3-c-unx109",
            "instance_filter": [
              {
                "all": false,
                "exclusion_labels": [
                  {
                    "labels": {
                      "goog-gke-node": ""
                    }
                  },
                  {
                    "labels": {
                      "serverless-vpc-access": "test-serverless-mysql"
                    }
                  },
                  {
                    "labels": {
                      "serverless-vpc-access": "swit-alpha-serverless-uw1"
                    }
                  }
                ],
                "inclusion_labels": [],
                "inventories": []
              }
            ],
            "location": "asia-northeast3-c",
            "name": "asia-northeast3-c-unx109",
            "os_policies": [
              {
                "allow_no_resource_group_match": false,
                "description": "",
                "id": "unx109",
                "mode": "ENFORCEMENT",
                "resource_groups": [
                  {
                    "inventory_filters": [
                      {
                        "os_short_name": "debian",
                        "os_version": "10"
                      },
                      {
                        "os_short_name": "debian",
                        "os_version": "11"
                      },
                      {
                        "os_short_name": "debian",
                        "os_version": "12"
                      },
                      {
                        "os_short_name": "rocky",
                        "os_version": "8.*"
                      },
                      {
                        "os_short_name": "rocky",
                        "os_version": "9.*"
                      },
                      {
                        "os_short_name": "ubuntu",
                        "os_version": "20.04"
                      },
                      {
                        "os_short_name": "ubuntu",
                        "os_version": "22.04"
                      }
                    ],
                    "resources": [
                      {
                        "exec": [
                          {
                            "enforce": [
                              {
                                "args": [],
                                "file": [],
                                "interpreter": "SHELL",
                                "output_file_path": "",
                                "script": "sudo crontab -l | sed '/userdel/d' | sudo crontab -\necho '15 00 * * * ls /home | while read -r user ; do if [ -d \"/home/$user\" ] ; then if [ \"$(find /home/$user -mindepth 1 -maxdepth 1 ! -name \".*\" -type f | wc -l) == '0' ] ; then userdel -r \\$user\" ; fi ; fi ; done' | sudo crontab -\nfor target in games lp mail news uudp ; then\n  if sudo grep -q \"$target\" /etc/passwd ; then\n    sudo userdel -r \"$target\"\n  elif sudo grep -q \"$target\" /etc/group ; then\n    sudo groupdel \"$target\"\n  fi\nfi\nexit 100\n"
                              }
                            ],
                            "validate": [
                              {
                                "args": [],
                                "file": [],
                                "interpreter": "SHELL",
                                "output_file_path": "",
                                "script": "if ! sudo crontab -l | grep -v '#' | grep -q 'ls /home' ; then\n  exit 101\nelif sudo cut -f 1 -d ':' /etc/passwd | grep -q 'games' ; then\n  exit 101\nelif sudo cut -f 1 -d ':' /etc/passwd | grep -q 'lp' ; then\n  exit 101\nelif sudo cut -f 1 -d ':' /etc/passwd | grep -q 'mail' ; then\n  exit 101\nelif sudo cut -f 1 -d ':' /etc/passwd | grep -q 'news' ; then\n  exit 101\nelif sudo cut -f 1 -d ':' /etc/passwd | grep -q 'uucp' ; then\n  exit 101\nelif sudo cut -f 1 -d ':' /etc/group | grep -q 'games' ; then\n  exit 101\nelif sudo cut -f 1 -d ':' /etc/group | grep -q 'lp' ; then\n  exit 101\nelif sudo cut -f 1 -d ':' /etc/group | grep -q 'mail' ; then\n  exit 101\nelif sudo cut -f 1 -d ':' /etc/group | grep -q 'news' ; then\n  exit 101\nelif sudo cut -f 1 -d ':' /etc/group | grep -q 'uucp' ; then\n  exit 101\nelse\n  exit 100\nfi\n"
                              }
                            ]
                          }
                        ],
                        "file": [],
                        "id": "configuration",
                        "pkg": [],
                        "repository": []
                      }
                    ]
                  }
                ]
              }
            ],
            "project": "swit-alpha",
            "reconciling": false,
            "revision_create_time": "2024-03-28T08:38:15.837276Z",
            "revision_id": "78b47a72-baec-4994-952b-46186e764cc2",
            "rollout": [
              {
                "disruption_budget": [
                  {
                    "fixed": 0,
                    "percent": 100
                  }
                ],
                "min_wait_duration": "0s"
              }
            ],
            "rollout_state": "SUCCEEDED",
            "skip_await_rollout": true,
            "timeouts": null,
            "uid": "39e30d44-46bf-40b1-9ca3-d98fa7682609"
          },
          "sensitive_attributes": [],
          "private": "eyJlMmJmYjczMC1lY2FhLTExZTYtOGY4OC0zNDM2M2JjN2M0YzAiOnsiY3JlYXRlIjoxMjAwMDAwMDAwMDAwLCJkZWxldGUiOjEyMDAwMDAwMDAwMDAsInVwZGF0ZSI6MTIwMDAwMDAwMDAwMH19",
          "dependencies": [
            "module.os_policy.data.google_compute_zones.this",
            "module.os_policy.data.google_project.default"
          ]
        },
        {
          "index_key": "us-west1-a",
          "schema_version": 0,
          "attributes": {
            "baseline": true,
            "deleted": false,
            "description": "",
            "etag": "0937b13b-75bd-43b8-a3ca-c331b2535e00",
            "id": "projects/swit-alpha/locations/us-west1-a/osPolicyAssignments/us-west1-a-unx109",
            "instance_filter": [
              {
                "all": false,
                "exclusion_labels": [
                  {
                    "labels": {
                      "goog-gke-node": ""
                    }
                  },
                  {
                    "labels": {
                      "serverless-vpc-access": "test-serverless-mysql"
                    }
                  },
                  {
                    "labels": {
                      "serverless-vpc-access": "swit-alpha-serverless-uw1"
                    }
                  }
                ],
                "inclusion_labels": [],
                "inventories": []
              }
            ],
            "location": "us-west1-a",
            "name": "us-west1-a-unx109",
            "os_policies": [
              {
                "allow_no_resource_group_match": false,
                "description": "",
                "id": "unx109",
                "mode": "ENFORCEMENT",
                "resource_groups": [
                  {
                    "inventory_filters": [
                      {
                        "os_short_name": "debian",
                        "os_version": "10"
                      },
                      {
                        "os_short_name": "debian",
                        "os_version": "11"
                      },
                      {
                        "os_short_name": "debian",
                        "os_version": "12"
                      },
                      {
                        "os_short_name": "rocky",
                        "os_version": "8.*"
                      },
                      {
                        "os_short_name": "rocky",
                        "os_version": "9.*"
                      },
                      {
                        "os_short_name": "ubuntu",
                        "os_version": "20.04"
                      },
                      {
                        "os_short_name": "ubuntu",
                        "os_version": "22.04"
                      }
                    ],
                    "resources": [
                      {
                        "exec": [
                          {
                            "enforce": [
                              {
                                "args": [],
                                "file": [],
                                "interpreter": "SHELL",
                                "output_file_path": "",
                                "script": "sudo crontab -l | sed '/userdel/d' | sudo crontab -\necho '15 00 * * * ls /home | while read -r user ; do if [ -d \"/home/$user\" ] ; then if [ \"$(find /home/$user -mindepth 1 -maxdepth 1 ! -name \".*\" -type f | wc -l) == '0' ] ; then userdel -r \\$user\" ; fi ; fi ; done' | sudo crontab -\nfor target in games lp mail news uudp ; then\n  if sudo grep -q \"$target\" /etc/passwd ; then\n    sudo userdel -r \"$target\"\n  elif sudo grep -q \"$target\" /etc/group ; then\n    sudo groupdel \"$target\"\n  fi\nfi\nexit 100\n"
                              }
                            ],
                            "validate": [
                              {
                                "args": [],
                                "file": [],
                                "interpreter": "SHELL",
                                "output_file_path": "",
                                "script": "if ! sudo crontab -l | grep -v '#' | grep -q 'ls /home' ; then\n  exit 101\nelif sudo cut -f 1 -d ':' /etc/passwd | grep -q 'games' ; then\n  exit 101\nelif sudo cut -f 1 -d ':' /etc/passwd | grep -q 'lp' ; then\n  exit 101\nelif sudo cut -f 1 -d ':' /etc/passwd | grep -q 'mail' ; then\n  exit 101\nelif sudo cut -f 1 -d ':' /etc/passwd | grep -q 'news' ; then\n  exit 101\nelif sudo cut -f 1 -d ':' /etc/passwd | grep -q 'uucp' ; then\n  exit 101\nelif sudo cut -f 1 -d ':' /etc/group | grep -q 'games' ; then\n  exit 101\nelif sudo cut -f 1 -d ':' /etc/group | grep -q 'lp' ; then\n  exit 101\nelif sudo cut -f 1 -d ':' /etc/group | grep -q 'mail' ; then\n  exit 101\nelif sudo cut -f 1 -d ':' /etc/group | grep -q 'news' ; then\n  exit 101\nelif sudo cut -f 1 -d ':' /etc/group | grep -q 'uucp' ; then\n  exit 101\nelse\n  exit 100\nfi\n"
                              }
                            ]
                          }
                        ],
                        "file": [],
                        "id": "configuration",
                        "pkg": [],
                        "repository": []
                      }
                    ]
                  }
                ]
              }
            ],
            "project": "swit-alpha",
            "reconciling": false,
            "revision_create_time": "2024-03-28T08:38:16.221766Z",
            "revision_id": "41cca2e8-b7eb-4653-94f7-a4a48fb60cd7",
            "rollout": [
              {
                "disruption_budget": [
                  {
                    "fixed": 0,
                    "percent": 100
                  }
                ],
                "min_wait_duration": "0s"
              }
            ],
            "rollout_state": "SUCCEEDED",
            "skip_await_rollout": true,
            "timeouts": null,
            "uid": "7fa80f42-b73c-4fa2-91e8-79678c2cbf1b"
          },
          "sensitive_attributes": [],
          "private": "eyJlMmJmYjczMC1lY2FhLTExZTYtOGY4OC0zNDM2M2JjN2M0YzAiOnsiY3JlYXRlIjoxMjAwMDAwMDAwMDAwLCJkZWxldGUiOjEyMDAwMDAwMDAwMDAsInVwZGF0ZSI6MTIwMDAwMDAwMDAwMH19",
          "dependencies": [
            "module.os_policy.data.google_compute_zones.this",
            "module.os_policy.data.google_project.default"
          ]
        },
        {
          "index_key": "us-west1-b",
          "schema_version": 0,
          "attributes": {
            "baseline": true,
            "deleted": false,
            "description": "",
            "etag": "349d6d0b-840a-4d83-a7e6-2e3e814b996e",
            "id": "projects/swit-alpha/locations/us-west1-b/osPolicyAssignments/us-west1-b-unx109",
            "instance_filter": [
              {
                "all": false,
                "exclusion_labels": [
                  {
                    "labels": {
                      "goog-gke-node": ""
                    }
                  },
                  {
                    "labels": {
                      "serverless-vpc-access": "test-serverless-mysql"
                    }
                  },
                  {
                    "labels": {
                      "serverless-vpc-access": "swit-alpha-serverless-uw1"
                    }
                  }
                ],
                "inclusion_labels": [],
                "inventories": []
              }
            ],
            "location": "us-west1-b",
            "name": "us-west1-b-unx109",
            "os_policies": [
              {
                "allow_no_resource_group_match": false,
                "description": "",
                "id": "unx109",
                "mode": "ENFORCEMENT",
                "resource_groups": [
                  {
                    "inventory_filters": [
                      {
                        "os_short_name": "debian",
                        "os_version": "10"
                      },
                      {
                        "os_short_name": "debian",
                        "os_version": "11"
                      },
                      {
                        "os_short_name": "debian",
                        "os_version": "12"
                      },
                      {
                        "os_short_name": "rocky",
                        "os_version": "8.*"
                      },
                      {
                        "os_short_name": "rocky",
                        "os_version": "9.*"
                      },
                      {
                        "os_short_name": "ubuntu",
                        "os_version": "20.04"
                      },
                      {
                        "os_short_name": "ubuntu",
                        "os_version": "22.04"
                      }
                    ],
                    "resources": [
                      {
                        "exec": [
                          {
                            "enforce": [
                              {
                                "args": [],
                                "file": [],
                                "interpreter": "SHELL",
                                "output_file_path": "",
                                "script": "sudo crontab -l | sed '/userdel/d' | sudo crontab -\necho '15 00 * * * ls /home | while read -r user ; do if [ -d \"/home/$user\" ] ; then if [ \"$(find /home/$user -mindepth 1 -maxdepth 1 ! -name \".*\" -type f | wc -l) == '0' ] ; then userdel -r \\$user\" ; fi ; fi ; done' | sudo crontab -\nfor target in games lp mail news uudp ; then\n  if sudo grep -q \"$target\" /etc/passwd ; then\n    sudo userdel -r \"$target\"\n  elif sudo grep -q \"$target\" /etc/group ; then\n    sudo groupdel \"$target\"\n  fi\nfi\nexit 100\n"
                              }
                            ],
                            "validate": [
                              {
                                "args": [],
                                "file": [],
                                "interpreter": "SHELL",
                                "output_file_path": "",
                                "script": "if ! sudo crontab -l | grep -v '#' | grep -q 'ls /home' ; then\n  exit 101\nelif sudo cut -f 1 -d ':' /etc/passwd | grep -q 'games' ; then\n  exit 101\nelif sudo cut -f 1 -d ':' /etc/passwd | grep -q 'lp' ; then\n  exit 101\nelif sudo cut -f 1 -d ':' /etc/passwd | grep -q 'mail' ; then\n  exit 101\nelif sudo cut -f 1 -d ':' /etc/passwd | grep -q 'news' ; then\n  exit 101\nelif sudo cut -f 1 -d ':' /etc/passwd | grep -q 'uucp' ; then\n  exit 101\nelif sudo cut -f 1 -d ':' /etc/group | grep -q 'games' ; then\n  exit 101\nelif sudo cut -f 1 -d ':' /etc/group | grep -q 'lp' ; then\n  exit 101\nelif sudo cut -f 1 -d ':' /etc/group | grep -q 'mail' ; then\n  exit 101\nelif sudo cut -f 1 -d ':' /etc/group | grep -q 'news' ; then\n  exit 101\nelif sudo cut -f 1 -d ':' /etc/group | grep -q 'uucp' ; then\n  exit 101\nelse\n  exit 100\nfi\n"
                              }
                            ]
                          }
                        ],
                        "file": [],
                        "id": "configuration",
                        "pkg": [],
                        "repository": []
                      }
                    ]
                  }
                ]
              }
            ],
            "project": "swit-alpha",
            "reconciling": false,
            "revision_create_time": "2024-03-28T08:38:16.234677Z",
            "revision_id": "f758db85-424e-4ac6-9b60-8a05adca1d51",
            "rollout": [
              {
                "disruption_budget": [
                  {
                    "fixed": 0,
                    "percent": 100
                  }
                ],
                "min_wait_duration": "0s"
              }
            ],
            "rollout_state": "SUCCEEDED",
            "skip_await_rollout": true,
            "timeouts": null,
            "uid": "d2186117-e2da-4433-b9f6-ebc28216491d"
          },
          "sensitive_attributes": [],
          "private": "eyJlMmJmYjczMC1lY2FhLTExZTYtOGY4OC0zNDM2M2JjN2M0YzAiOnsiY3JlYXRlIjoxMjAwMDAwMDAwMDAwLCJkZWxldGUiOjEyMDAwMDAwMDAwMDAsInVwZGF0ZSI6MTIwMDAwMDAwMDAwMH19",
          "dependencies": [
            "module.os_policy.data.google_compute_zones.this",
            "module.os_policy.data.google_project.default"
          ]
        },
        {
          "index_key": "us-west1-c",
          "schema_version": 0,
          "attributes": {
            "baseline": true,
            "deleted": false,
            "description": "",
            "etag": "5dfb648f-faf8-4d05-a727-21f8f2c66cbc",
            "id": "projects/swit-alpha/locations/us-west1-c/osPolicyAssignments/us-west1-c-unx109",
            "instance_filter": [
              {
                "all": false,
                "exclusion_labels": [
                  {
                    "labels": {
                      "goog-gke-node": ""
                    }
                  },
                  {
                    "labels": {
                      "serverless-vpc-access": "test-serverless-mysql"
                    }
                  },
                  {
                    "labels": {
                      "serverless-vpc-access": "swit-alpha-serverless-uw1"
                    }
                  }
                ],
                "inclusion_labels": [],
                "inventories": []
              }
            ],
            "location": "us-west1-c",
            "name": "us-west1-c-unx109",
            "os_policies": [
              {
                "allow_no_resource_group_match": false,
                "description": "",
                "id": "unx109",
                "mode": "ENFORCEMENT",
                "resource_groups": [
                  {
                    "inventory_filters": [
                      {
                        "os_short_name": "debian",
                        "os_version": "10"
                      },
                      {
                        "os_short_name": "debian",
                        "os_version": "11"
                      },
                      {
                        "os_short_name": "debian",
                        "os_version": "12"
                      },
                      {
                        "os_short_name": "rocky",
                        "os_version": "8.*"
                      },
                      {
                        "os_short_name": "rocky",
                        "os_version": "9.*"
                      },
                      {
                        "os_short_name": "ubuntu",
                        "os_version": "20.04"
                      },
                      {
                        "os_short_name": "ubuntu",
                        "os_version": "22.04"
                      }
                    ],
                    "resources": [
                      {
                        "exec": [
                          {
                            "enforce": [
                              {
                                "args": [],
                                "file": [],
                                "interpreter": "SHELL",
                                "output_file_path": "",
                                "script": "sudo crontab -l | sed '/userdel/d' | sudo crontab -\necho '15 00 * * * ls /home | while read -r user ; do if [ -d \"/home/$user\" ] ; then if [ \"$(find /home/$user -mindepth 1 -maxdepth 1 ! -name \".*\" -type f | wc -l) == '0' ] ; then userdel -r \\$user\" ; fi ; fi ; done' | sudo crontab -\nfor target in games lp mail news uudp ; then\n  if sudo grep -q \"$target\" /etc/passwd ; then\n    sudo userdel -r \"$target\"\n  elif sudo grep -q \"$target\" /etc/group ; then\n    sudo groupdel \"$target\"\n  fi\nfi\nexit 100\n"
                              }
                            ],
                            "validate": [
                              {
                                "args": [],
                                "file": [],
                                "interpreter": "SHELL",
                                "output_file_path": "",
                                "script": "if ! sudo crontab -l | grep -v '#' | grep -q 'ls /home' ; then\n  exit 101\nelif sudo cut -f 1 -d ':' /etc/passwd | grep -q 'games' ; then\n  exit 101\nelif sudo cut -f 1 -d ':' /etc/passwd | grep -q 'lp' ; then\n  exit 101\nelif sudo cut -f 1 -d ':' /etc/passwd | grep -q 'mail' ; then\n  exit 101\nelif sudo cut -f 1 -d ':' /etc/passwd | grep -q 'news' ; then\n  exit 101\nelif sudo cut -f 1 -d ':' /etc/passwd | grep -q 'uucp' ; then\n  exit 101\nelif sudo cut -f 1 -d ':' /etc/group | grep -q 'games' ; then\n  exit 101\nelif sudo cut -f 1 -d ':' /etc/group | grep -q 'lp' ; then\n  exit 101\nelif sudo cut -f 1 -d ':' /etc/group | grep -q 'mail' ; then\n  exit 101\nelif sudo cut -f 1 -d ':' /etc/group | grep -q 'news' ; then\n  exit 101\nelif sudo cut -f 1 -d ':' /etc/group | grep -q 'uucp' ; then\n  exit 101\nelse\n  exit 100\nfi\n"
                              }
                            ]
                          }
                        ],
                        "file": [],
                        "id": "configuration",
                        "pkg": [],
                        "repository": []
                      }
                    ]
                  }
                ]
              }
            ],
            "project": "swit-alpha",
            "reconciling": false,
            "revision_create_time": "2024-03-28T08:38:16.254497Z",
            "revision_id": "9963dd08-be4d-4e17-b644-f1a874ec0259",
            "rollout": [
              {
                "disruption_budget": [
                  {
                    "fixed": 0,
                    "percent": 100
                  }
                ],
                "min_wait_duration": "0s"
              }
            ],
            "rollout_state": "SUCCEEDED",
            "skip_await_rollout": true,
            "timeouts": null,
            "uid": "1b8a7d27-1fcb-44a7-be63-681783a96014"
          },
          "sensitive_attributes": [],
          "private": "eyJlMmJmYjczMC1lY2FhLTExZTYtOGY4OC0zNDM2M2JjN2M0YzAiOnsiY3JlYXRlIjoxMjAwMDAwMDAwMDAwLCJkZWxldGUiOjEyMDAwMDAwMDAwMDAsInVwZGF0ZSI6MTIwMDAwMDAwMDAwMH19",
          "dependencies": [
            "module.os_policy.data.google_compute_zones.this",
            "module.os_policy.data.google_project.default"
          ]
        }
      ]
    },
    {
      "module": "module.os_policy",
      "mode": "managed",
      "type": "google_os_config_os_policy_assignment",
      "name": "unx111",
      "provider": "provider[\"registry.terraform.io/hashicorp/google\"]",
      "instances": [
        {
          "index_key": "asia-northeast3-a",
          "schema_version": 0,
          "attributes": {
            "baseline": true,
            "deleted": false,
            "description": "",
            "etag": "382cc382-c5e5-40f0-91e5-c40a9d7c3bbc",
            "id": "projects/swit-alpha/locations/asia-northeast3-a/osPolicyAssignments/asia-northeast3-a-unx111",
            "instance_filter": [
              {
                "all": false,
                "exclusion_labels": [
                  {
                    "labels": {
                      "goog-gke-node": ""
                    }
                  },
                  {
                    "labels": {
                      "serverless-vpc-access": "test-serverless-mysql"
                    }
                  },
                  {
                    "labels": {
                      "serverless-vpc-access": "swit-alpha-serverless-uw1"
                    }
                  }
                ],
                "inclusion_labels": [],
                "inventories": []
              }
            ],
            "location": "asia-northeast3-a",
            "name": "asia-northeast3-a-unx111",
            "os_policies": [
              {
                "allow_no_resource_group_match": false,
                "description": "",
                "id": "unx111",
                "mode": "ENFORCEMENT",
                "resource_groups": [
                  {
                    "inventory_filters": [
                      {
                        "os_short_name": "debian",
                        "os_version": "10"
                      },
                      {
                        "os_short_name": "debian",
                        "os_version": "11"
                      },
                      {
                        "os_short_name": "debian",
                        "os_version": "12"
                      },
                      {
                        "os_short_name": "rocky",
                        "os_version": "8.*"
                      },
                      {
                        "os_short_name": "rocky",
                        "os_version": "9.*"
                      },
                      {
                        "os_short_name": "ubuntu",
                        "os_version": "20.04"
                      },
                      {
                        "os_short_name": "ubuntu",
                        "os_version": "22.04"
                      }
                    ],
                    "resources": [
                      {
                        "exec": [
                          {
                            "enforce": [
                              {
                                "args": [],
                                "file": [],
                                "interpreter": "SHELL",
                                "output_file_path": "",
                                "script": "cat \u003c\u003c EOF | sudo tee /etc/profile.d/timeout.sh\nexport TMOUT=600\nEOF\nexit 100\n"
                              }
                            ],
                            "validate": [
                              {
                                "args": [],
                                "file": [],
                                "interpreter": "SHELL",
                                "output_file_path": "",
                                "script": "if [ ! -f /etc/profile.d/timeout.sh ] ; then\n  exit 101\nelif ! sudo stat -c %a /etc/profile.d/timeout.sh | grep -qw '644' ; then\n  exit 101\nelse\n  exit 100\nfi\n"
                              }
                            ]
                          }
                        ],
                        "file": [],
                        "id": "configuration",
                        "pkg": [],
                        "repository": []
                      }
                    ]
                  }
                ]
              }
            ],
            "project": "swit-alpha",
            "reconciling": false,
            "revision_create_time": "2024-03-13T14:35:18.711125Z",
            "revision_id": "e3fd1033-d4f6-4134-a3be-5ef999d29876",
            "rollout": [
              {
                "disruption_budget": [
                  {
                    "fixed": 0,
                    "percent": 100
                  }
                ],
                "min_wait_duration": "0s"
              }
            ],
            "rollout_state": "SUCCEEDED",
            "skip_await_rollout": true,
            "timeouts": null,
            "uid": "292e536d-b24e-4bc5-ba55-46e7c92c79f0"
          },
          "sensitive_attributes": [],
          "private": "eyJlMmJmYjczMC1lY2FhLTExZTYtOGY4OC0zNDM2M2JjN2M0YzAiOnsiY3JlYXRlIjoxMjAwMDAwMDAwMDAwLCJkZWxldGUiOjEyMDAwMDAwMDAwMDAsInVwZGF0ZSI6MTIwMDAwMDAwMDAwMH19",
          "dependencies": [
            "module.os_policy.data.google_compute_zones.this",
            "module.os_policy.data.google_project.default"
          ]
        },
        {
          "index_key": "asia-northeast3-b",
          "schema_version": 0,
          "attributes": {
            "baseline": true,
            "deleted": false,
            "description": "",
            "etag": "4c540b14-f350-4b0d-a632-b80ceadb8c37",
            "id": "projects/swit-alpha/locations/asia-northeast3-b/osPolicyAssignments/asia-northeast3-b-unx111",
            "instance_filter": [
              {
                "all": false,
                "exclusion_labels": [
                  {
                    "labels": {
                      "goog-gke-node": ""
                    }
                  },
                  {
                    "labels": {
                      "serverless-vpc-access": "test-serverless-mysql"
                    }
                  },
                  {
                    "labels": {
                      "serverless-vpc-access": "swit-alpha-serverless-uw1"
                    }
                  }
                ],
                "inclusion_labels": [],
                "inventories": []
              }
            ],
            "location": "asia-northeast3-b",
            "name": "asia-northeast3-b-unx111",
            "os_policies": [
              {
                "allow_no_resource_group_match": false,
                "description": "",
                "id": "unx111",
                "mode": "ENFORCEMENT",
                "resource_groups": [
                  {
                    "inventory_filters": [
                      {
                        "os_short_name": "debian",
                        "os_version": "10"
                      },
                      {
                        "os_short_name": "debian",
                        "os_version": "11"
                      },
                      {
                        "os_short_name": "debian",
                        "os_version": "12"
                      },
                      {
                        "os_short_name": "rocky",
                        "os_version": "8.*"
                      },
                      {
                        "os_short_name": "rocky",
                        "os_version": "9.*"
                      },
                      {
                        "os_short_name": "ubuntu",
                        "os_version": "20.04"
                      },
                      {
                        "os_short_name": "ubuntu",
                        "os_version": "22.04"
                      }
                    ],
                    "resources": [
                      {
                        "exec": [
                          {
                            "enforce": [
                              {
                                "args": [],
                                "file": [],
                                "interpreter": "SHELL",
                                "output_file_path": "",
                                "script": "cat \u003c\u003c EOF | sudo tee /etc/profile.d/timeout.sh\nexport TMOUT=600\nEOF\nexit 100\n"
                              }
                            ],
                            "validate": [
                              {
                                "args": [],
                                "file": [],
                                "interpreter": "SHELL",
                                "output_file_path": "",
                                "script": "if [ ! -f /etc/profile.d/timeout.sh ] ; then\n  exit 101\nelif ! sudo stat -c %a /etc/profile.d/timeout.sh | grep -qw '644' ; then\n  exit 101\nelse\n  exit 100\nfi\n"
                              }
                            ]
                          }
                        ],
                        "file": [],
                        "id": "configuration",
                        "pkg": [],
                        "repository": []
                      }
                    ]
                  }
                ]
              }
            ],
            "project": "swit-alpha",
            "reconciling": false,
            "revision_create_time": "2024-03-13T14:35:19.799622Z",
            "revision_id": "eab15b76-16b5-4141-833d-6e9e27d4cd6a",
            "rollout": [
              {
                "disruption_budget": [
                  {
                    "fixed": 0,
                    "percent": 100
                  }
                ],
                "min_wait_duration": "0s"
              }
            ],
            "rollout_state": "SUCCEEDED",
            "skip_await_rollout": true,
            "timeouts": null,
            "uid": "b8c1223b-3e4e-4f7f-a17c-185471759987"
          },
          "sensitive_attributes": [],
          "private": "eyJlMmJmYjczMC1lY2FhLTExZTYtOGY4OC0zNDM2M2JjN2M0YzAiOnsiY3JlYXRlIjoxMjAwMDAwMDAwMDAwLCJkZWxldGUiOjEyMDAwMDAwMDAwMDAsInVwZGF0ZSI6MTIwMDAwMDAwMDAwMH19",
          "dependencies": [
            "module.os_policy.data.google_compute_zones.this",
            "module.os_policy.data.google_project.default"
          ]
        },
        {
          "index_key": "asia-northeast3-c",
          "schema_version": 0,
          "attributes": {
            "baseline": true,
            "deleted": false,
            "description": "",
            "etag": "8545ee75-2404-42f8-a5ad-73250323e30a",
            "id": "projects/swit-alpha/locations/asia-northeast3-c/osPolicyAssignments/asia-northeast3-c-unx111",
            "instance_filter": [
              {
                "all": false,
                "exclusion_labels": [
                  {
                    "labels": {
                      "goog-gke-node": ""
                    }
                  },
                  {
                    "labels": {
                      "serverless-vpc-access": "test-serverless-mysql"
                    }
                  },
                  {
                    "labels": {
                      "serverless-vpc-access": "swit-alpha-serverless-uw1"
                    }
                  }
                ],
                "inclusion_labels": [],
                "inventories": []
              }
            ],
            "location": "asia-northeast3-c",
            "name": "asia-northeast3-c-unx111",
            "os_policies": [
              {
                "allow_no_resource_group_match": false,
                "description": "",
                "id": "unx111",
                "mode": "ENFORCEMENT",
                "resource_groups": [
                  {
                    "inventory_filters": [
                      {
                        "os_short_name": "debian",
                        "os_version": "10"
                      },
                      {
                        "os_short_name": "debian",
                        "os_version": "11"
                      },
                      {
                        "os_short_name": "debian",
                        "os_version": "12"
                      },
                      {
                        "os_short_name": "rocky",
                        "os_version": "8.*"
                      },
                      {
                        "os_short_name": "rocky",
                        "os_version": "9.*"
                      },
                      {
                        "os_short_name": "ubuntu",
                        "os_version": "20.04"
                      },
                      {
                        "os_short_name": "ubuntu",
                        "os_version": "22.04"
                      }
                    ],
                    "resources": [
                      {
                        "exec": [
                          {
                            "enforce": [
                              {
                                "args": [],
                                "file": [],
                                "interpreter": "SHELL",
                                "output_file_path": "",
                                "script": "cat \u003c\u003c EOF | sudo tee /etc/profile.d/timeout.sh\nexport TMOUT=600\nEOF\nexit 100\n"
                              }
                            ],
                            "validate": [
                              {
                                "args": [],
                                "file": [],
                                "interpreter": "SHELL",
                                "output_file_path": "",
                                "script": "if [ ! -f /etc/profile.d/timeout.sh ] ; then\n  exit 101\nelif ! sudo stat -c %a /etc/profile.d/timeout.sh | grep -qw '644' ; then\n  exit 101\nelse\n  exit 100\nfi\n"
                              }
                            ]
                          }
                        ],
                        "file": [],
                        "id": "configuration",
                        "pkg": [],
                        "repository": []
                      }
                    ]
                  }
                ]
              }
            ],
            "project": "swit-alpha",
            "reconciling": false,
            "revision_create_time": "2024-03-13T14:35:18.692205Z",
            "revision_id": "6ba109c4-d247-4f13-aaca-9197a67f932c",
            "rollout": [
              {
                "disruption_budget": [
                  {
                    "fixed": 0,
                    "percent": 100
                  }
                ],
                "min_wait_duration": "0s"
              }
            ],
            "rollout_state": "SUCCEEDED",
            "skip_await_rollout": true,
            "timeouts": null,
            "uid": "aa46be24-e35b-4ae4-aaa3-2b3d71169289"
          },
          "sensitive_attributes": [],
          "private": "eyJlMmJmYjczMC1lY2FhLTExZTYtOGY4OC0zNDM2M2JjN2M0YzAiOnsiY3JlYXRlIjoxMjAwMDAwMDAwMDAwLCJkZWxldGUiOjEyMDAwMDAwMDAwMDAsInVwZGF0ZSI6MTIwMDAwMDAwMDAwMH19",
          "dependencies": [
            "module.os_policy.data.google_compute_zones.this",
            "module.os_policy.data.google_project.default"
          ]
        },
        {
          "index_key": "us-west1-a",
          "schema_version": 0,
          "attributes": {
            "baseline": true,
            "deleted": false,
            "description": "",
            "etag": "cfbed15b-bb11-4ad7-a7be-00da89728080",
            "id": "projects/swit-alpha/locations/us-west1-a/osPolicyAssignments/us-west1-a-unx111",
            "instance_filter": [
              {
                "all": false,
                "exclusion_labels": [
                  {
                    "labels": {
                      "goog-gke-node": ""
                    }
                  },
                  {
                    "labels": {
                      "serverless-vpc-access": "test-serverless-mysql"
                    }
                  },
                  {
                    "labels": {
                      "serverless-vpc-access": "swit-alpha-serverless-uw1"
                    }
                  }
                ],
                "inclusion_labels": [],
                "inventories": []
              }
            ],
            "location": "us-west1-a",
            "name": "us-west1-a-unx111",
            "os_policies": [
              {
                "allow_no_resource_group_match": false,
                "description": "",
                "id": "unx111",
                "mode": "ENFORCEMENT",
                "resource_groups": [
                  {
                    "inventory_filters": [
                      {
                        "os_short_name": "debian",
                        "os_version": "10"
                      },
                      {
                        "os_short_name": "debian",
                        "os_version": "11"
                      },
                      {
                        "os_short_name": "debian",
                        "os_version": "12"
                      },
                      {
                        "os_short_name": "rocky",
                        "os_version": "8.*"
                      },
                      {
                        "os_short_name": "rocky",
                        "os_version": "9.*"
                      },
                      {
                        "os_short_name": "ubuntu",
                        "os_version": "20.04"
                      },
                      {
                        "os_short_name": "ubuntu",
                        "os_version": "22.04"
                      }
                    ],
                    "resources": [
                      {
                        "exec": [
                          {
                            "enforce": [
                              {
                                "args": [],
                                "file": [],
                                "interpreter": "SHELL",
                                "output_file_path": "",
                                "script": "cat \u003c\u003c EOF | sudo tee /etc/profile.d/timeout.sh\nexport TMOUT=600\nEOF\nexit 100\n"
                              }
                            ],
                            "validate": [
                              {
                                "args": [],
                                "file": [],
                                "interpreter": "SHELL",
                                "output_file_path": "",
                                "script": "if [ ! -f /etc/profile.d/timeout.sh ] ; then\n  exit 101\nelif ! sudo stat -c %a /etc/profile.d/timeout.sh | grep -qw '644' ; then\n  exit 101\nelse\n  exit 100\nfi\n"
                              }
                            ]
                          }
                        ],
                        "file": [],
                        "id": "configuration",
                        "pkg": [],
                        "repository": []
                      }
                    ]
                  }
                ]
              }
            ],
            "project": "swit-alpha",
            "reconciling": false,
            "revision_create_time": "2024-03-13T14:35:20.267765Z",
            "revision_id": "179a946b-217c-404b-97ae-033a9961156d",
            "rollout": [
              {
                "disruption_budget": [
                  {
                    "fixed": 0,
                    "percent": 100
                  }
                ],
                "min_wait_duration": "0s"
              }
            ],
            "rollout_state": "SUCCEEDED",
            "skip_await_rollout": true,
            "timeouts": null,
            "uid": "99eaab65-5289-43da-9f3c-d936211ceb6b"
          },
          "sensitive_attributes": [],
          "private": "eyJlMmJmYjczMC1lY2FhLTExZTYtOGY4OC0zNDM2M2JjN2M0YzAiOnsiY3JlYXRlIjoxMjAwMDAwMDAwMDAwLCJkZWxldGUiOjEyMDAwMDAwMDAwMDAsInVwZGF0ZSI6MTIwMDAwMDAwMDAwMH19",
          "dependencies": [
            "module.os_policy.data.google_compute_zones.this",
            "module.os_policy.data.google_project.default"
          ]
        },
        {
          "index_key": "us-west1-b",
          "schema_version": 0,
          "attributes": {
            "baseline": true,
            "deleted": false,
            "description": "",
            "etag": "55ed5bc9-2c77-4ae1-863d-2eae5ffc73e3",
            "id": "projects/swit-alpha/locations/us-west1-b/osPolicyAssignments/us-west1-b-unx111",
            "instance_filter": [
              {
                "all": false,
                "exclusion_labels": [
                  {
                    "labels": {
                      "goog-gke-node": ""
                    }
                  },
                  {
                    "labels": {
                      "serverless-vpc-access": "test-serverless-mysql"
                    }
                  },
                  {
                    "labels": {
                      "serverless-vpc-access": "swit-alpha-serverless-uw1"
                    }
                  }
                ],
                "inclusion_labels": [],
                "inventories": []
              }
            ],
            "location": "us-west1-b",
            "name": "us-west1-b-unx111",
            "os_policies": [
              {
                "allow_no_resource_group_match": false,
                "description": "",
                "id": "unx111",
                "mode": "ENFORCEMENT",
                "resource_groups": [
                  {
                    "inventory_filters": [
                      {
                        "os_short_name": "debian",
                        "os_version": "10"
                      },
                      {
                        "os_short_name": "debian",
                        "os_version": "11"
                      },
                      {
                        "os_short_name": "debian",
                        "os_version": "12"
                      },
                      {
                        "os_short_name": "rocky",
                        "os_version": "8.*"
                      },
                      {
                        "os_short_name": "rocky",
                        "os_version": "9.*"
                      },
                      {
                        "os_short_name": "ubuntu",
                        "os_version": "20.04"
                      },
                      {
                        "os_short_name": "ubuntu",
                        "os_version": "22.04"
                      }
                    ],
                    "resources": [
                      {
                        "exec": [
                          {
                            "enforce": [
                              {
                                "args": [],
                                "file": [],
                                "interpreter": "SHELL",
                                "output_file_path": "",
                                "script": "cat \u003c\u003c EOF | sudo tee /etc/profile.d/timeout.sh\nexport TMOUT=600\nEOF\nexit 100\n"
                              }
                            ],
                            "validate": [
                              {
                                "args": [],
                                "file": [],
                                "interpreter": "SHELL",
                                "output_file_path": "",
                                "script": "if [ ! -f /etc/profile.d/timeout.sh ] ; then\n  exit 101\nelif ! sudo stat -c %a /etc/profile.d/timeout.sh | grep -qw '644' ; then\n  exit 101\nelse\n  exit 100\nfi\n"
                              }
                            ]
                          }
                        ],
                        "file": [],
                        "id": "configuration",
                        "pkg": [],
                        "repository": []
                      }
                    ]
                  }
                ]
              }
            ],
            "project": "swit-alpha",
            "reconciling": false,
            "revision_create_time": "2024-03-13T14:35:20.380721Z",
            "revision_id": "39d0f034-5d35-40de-a739-412908f4a4ad",
            "rollout": [
              {
                "disruption_budget": [
                  {
                    "fixed": 0,
                    "percent": 100
                  }
                ],
                "min_wait_duration": "0s"
              }
            ],
            "rollout_state": "SUCCEEDED",
            "skip_await_rollout": true,
            "timeouts": null,
            "uid": "280bfa74-a3e8-4f49-96e3-8145495b1c2f"
          },
          "sensitive_attributes": [],
          "private": "eyJlMmJmYjczMC1lY2FhLTExZTYtOGY4OC0zNDM2M2JjN2M0YzAiOnsiY3JlYXRlIjoxMjAwMDAwMDAwMDAwLCJkZWxldGUiOjEyMDAwMDAwMDAwMDAsInVwZGF0ZSI6MTIwMDAwMDAwMDAwMH19",
          "dependencies": [
            "module.os_policy.data.google_compute_zones.this",
            "module.os_policy.data.google_project.default"
          ]
        },
        {
          "index_key": "us-west1-c",
          "schema_version": 0,
          "attributes": {
            "baseline": true,
            "deleted": false,
            "description": "",
            "etag": "bc4dd441-92f2-42f7-b0ef-e02682688184",
            "id": "projects/swit-alpha/locations/us-west1-c/osPolicyAssignments/us-west1-c-unx111",
            "instance_filter": [
              {
                "all": false,
                "exclusion_labels": [
                  {
                    "labels": {
                      "goog-gke-node": ""
                    }
                  },
                  {
                    "labels": {
                      "serverless-vpc-access": "test-serverless-mysql"
                    }
                  },
                  {
                    "labels": {
                      "serverless-vpc-access": "swit-alpha-serverless-uw1"
                    }
                  }
                ],
                "inclusion_labels": [],
                "inventories": []
              }
            ],
            "location": "us-west1-c",
            "name": "us-west1-c-unx111",
            "os_policies": [
              {
                "allow_no_resource_group_match": false,
                "description": "",
                "id": "unx111",
                "mode": "ENFORCEMENT",
                "resource_groups": [
                  {
                    "inventory_filters": [
                      {
                        "os_short_name": "debian",
                        "os_version": "10"
                      },
                      {
                        "os_short_name": "debian",
                        "os_version": "11"
                      },
                      {
                        "os_short_name": "debian",
                        "os_version": "12"
                      },
                      {
                        "os_short_name": "rocky",
                        "os_version": "8.*"
                      },
                      {
                        "os_short_name": "rocky",
                        "os_version": "9.*"
                      },
                      {
                        "os_short_name": "ubuntu",
                        "os_version": "20.04"
                      },
                      {
                        "os_short_name": "ubuntu",
                        "os_version": "22.04"
                      }
                    ],
                    "resources": [
                      {
                        "exec": [
                          {
                            "enforce": [
                              {
                                "args": [],
                                "file": [],
                                "interpreter": "SHELL",
                                "output_file_path": "",
                                "script": "cat \u003c\u003c EOF | sudo tee /etc/profile.d/timeout.sh\nexport TMOUT=600\nEOF\nexit 100\n"
                              }
                            ],
                            "validate": [
                              {
                                "args": [],
                                "file": [],
                                "interpreter": "SHELL",
                                "output_file_path": "",
                                "script": "if [ ! -f /etc/profile.d/timeout.sh ] ; then\n  exit 101\nelif ! sudo stat -c %a /etc/profile.d/timeout.sh | grep -qw '644' ; then\n  exit 101\nelse\n  exit 100\nfi\n"
                              }
                            ]
                          }
                        ],
                        "file": [],
                        "id": "configuration",
                        "pkg": [],
                        "repository": []
                      }
                    ]
                  }
                ]
              }
            ],
            "project": "swit-alpha",
            "reconciling": false,
            "revision_create_time": "2024-03-13T14:35:18.946503Z",
            "revision_id": "026b7295-4acc-44ed-af30-ba9b13ec8eaf",
            "rollout": [
              {
                "disruption_budget": [
                  {
                    "fixed": 0,
                    "percent": 100
                  }
                ],
                "min_wait_duration": "0s"
              }
            ],
            "rollout_state": "SUCCEEDED",
            "skip_await_rollout": true,
            "timeouts": null,
            "uid": "d340a633-2b95-4fa6-a133-49afba6373e2"
          },
          "sensitive_attributes": [],
          "private": "eyJlMmJmYjczMC1lY2FhLTExZTYtOGY4OC0zNDM2M2JjN2M0YzAiOnsiY3JlYXRlIjoxMjAwMDAwMDAwMDAwLCJkZWxldGUiOjEyMDAwMDAwMDAwMDAsInVwZGF0ZSI6MTIwMDAwMDAwMDAwMH19",
          "dependencies": [
            "module.os_policy.data.google_compute_zones.this",
            "module.os_policy.data.google_project.default"
          ]
        }
      ]
    },
    {
      "module": "module.os_policy",
      "mode": "managed",
      "type": "google_os_config_os_policy_assignment",
      "name": "unx203",
      "provider": "provider[\"registry.terraform.io/hashicorp/google\"]",
      "instances": [
        {
          "index_key": "asia-northeast3-a",
          "schema_version": 0,
          "attributes": {
            "baseline": true,
            "deleted": false,
            "description": "",
            "etag": "3c66b3e6-2bc1-427c-bd0a-0e6f5153f1cc",
            "id": "projects/swit-alpha/locations/asia-northeast3-a/osPolicyAssignments/asia-northeast3-a-unx203",
            "instance_filter": [
              {
                "all": false,
                "exclusion_labels": [
                  {
                    "labels": {
                      "goog-gke-node": ""
                    }
                  },
                  {
                    "labels": {
                      "serverless-vpc-access": "test-serverless-mysql"
                    }
                  },
                  {
                    "labels": {
                      "serverless-vpc-access": "swit-alpha-serverless-uw1"
                    }
                  }
                ],
                "inclusion_labels": [],
                "inventories": []
              }
            ],
            "location": "asia-northeast3-a",
            "name": "asia-northeast3-a-unx203",
            "os_policies": [
              {
                "allow_no_resource_group_match": false,
                "description": "",
                "id": "unx203",
                "mode": "ENFORCEMENT",
                "resource_groups": [
                  {
                    "inventory_filters": [
                      {
                        "os_short_name": "debian",
                        "os_version": "10"
                      },
                      {
                        "os_short_name": "debian",
                        "os_version": "11"
                      },
                      {
                        "os_short_name": "debian",
                        "os_version": "12"
                      },
                      {
                        "os_short_name": "rocky",
                        "os_version": "8.*"
                      },
                      {
                        "os_short_name": "rocky",
                        "os_version": "9.*"
                      },
                      {
                        "os_short_name": "ubuntu",
                        "os_version": "20.04"
                      },
                      {
                        "os_short_name": "ubuntu",
                        "os_version": "22.04"
                      }
                    ],
                    "resources": [
                      {
                        "exec": [
                          {
                            "enforce": [
                              {
                                "args": [],
                                "file": [],
                                "interpreter": "SHELL",
                                "output_file_path": "",
                                "script": "sudo chmod 000 /etc/shadow\nexit 100\n"
                              }
                            ],
                            "validate": [
                              {
                                "args": [],
                                "file": [],
                                "interpreter": "SHELL",
                                "output_file_path": "",
                                "script": "if ! sudo stat -c %a /etc/shadow | grep -qw '0' ; then\n  exit 101\nelse\n  exit 100\nfi\n"
                              }
                            ]
                          }
                        ],
                        "file": [],
                        "id": "configuration",
                        "pkg": [],
                        "repository": []
                      }
                    ]
                  }
                ]
              }
            ],
            "project": "swit-alpha",
            "reconciling": false,
            "revision_create_time": "2024-03-13T14:35:18.754893Z",
            "revision_id": "a38d0af0-1b48-48db-a2b8-b2bd777ca757",
            "rollout": [
              {
                "disruption_budget": [
                  {
                    "fixed": 0,
                    "percent": 100
                  }
                ],
                "min_wait_duration": "0s"
              }
            ],
            "rollout_state": "SUCCEEDED",
            "skip_await_rollout": true,
            "timeouts": null,
            "uid": "f7d763f1-18a7-4737-bb4a-d8a90e99c057"
          },
          "sensitive_attributes": [],
          "private": "eyJlMmJmYjczMC1lY2FhLTExZTYtOGY4OC0zNDM2M2JjN2M0YzAiOnsiY3JlYXRlIjoxMjAwMDAwMDAwMDAwLCJkZWxldGUiOjEyMDAwMDAwMDAwMDAsInVwZGF0ZSI6MTIwMDAwMDAwMDAwMH19",
          "dependencies": [
            "module.os_policy.data.google_compute_zones.this",
            "module.os_policy.data.google_project.default"
          ]
        },
        {
          "index_key": "asia-northeast3-b",
          "schema_version": 0,
          "attributes": {
            "baseline": true,
            "deleted": false,
            "description": "",
            "etag": "767e7576-2e58-48d0-aede-5a3156b90689",
            "id": "projects/swit-alpha/locations/asia-northeast3-b/osPolicyAssignments/asia-northeast3-b-unx203",
            "instance_filter": [
              {
                "all": false,
                "exclusion_labels": [
                  {
                    "labels": {
                      "goog-gke-node": ""
                    }
                  },
                  {
                    "labels": {
                      "serverless-vpc-access": "test-serverless-mysql"
                    }
                  },
                  {
                    "labels": {
                      "serverless-vpc-access": "swit-alpha-serverless-uw1"
                    }
                  }
                ],
                "inclusion_labels": [],
                "inventories": []
              }
            ],
            "location": "asia-northeast3-b",
            "name": "asia-northeast3-b-unx203",
            "os_policies": [
              {
                "allow_no_resource_group_match": false,
                "description": "",
                "id": "unx203",
                "mode": "ENFORCEMENT",
                "resource_groups": [
                  {
                    "inventory_filters": [
                      {
                        "os_short_name": "debian",
                        "os_version": "10"
                      },
                      {
                        "os_short_name": "debian",
                        "os_version": "11"
                      },
                      {
                        "os_short_name": "debian",
                        "os_version": "12"
                      },
                      {
                        "os_short_name": "rocky",
                        "os_version": "8.*"
                      },
                      {
                        "os_short_name": "rocky",
                        "os_version": "9.*"
                      },
                      {
                        "os_short_name": "ubuntu",
                        "os_version": "20.04"
                      },
                      {
                        "os_short_name": "ubuntu",
                        "os_version": "22.04"
                      }
                    ],
                    "resources": [
                      {
                        "exec": [
                          {
                            "enforce": [
                              {
                                "args": [],
                                "file": [],
                                "interpreter": "SHELL",
                                "output_file_path": "",
                                "script": "sudo chmod 000 /etc/shadow\nexit 100\n"
                              }
                            ],
                            "validate": [
                              {
                                "args": [],
                                "file": [],
                                "interpreter": "SHELL",
                                "output_file_path": "",
                                "script": "if ! sudo stat -c %a /etc/shadow | grep -qw '0' ; then\n  exit 101\nelse\n  exit 100\nfi\n"
                              }
                            ]
                          }
                        ],
                        "file": [],
                        "id": "configuration",
                        "pkg": [],
                        "repository": []
                      }
                    ]
                  }
                ]
              }
            ],
            "project": "swit-alpha",
            "reconciling": false,
            "revision_create_time": "2024-03-13T14:35:21.527730Z",
            "revision_id": "aa2051a1-778e-4021-9374-823815885d4f",
            "rollout": [
              {
                "disruption_budget": [
                  {
                    "fixed": 0,
                    "percent": 100
                  }
                ],
                "min_wait_duration": "0s"
              }
            ],
            "rollout_state": "SUCCEEDED",
            "skip_await_rollout": true,
            "timeouts": null,
            "uid": "cf6a49c8-4c79-4163-8a2d-5e6e3f67bdf0"
          },
          "sensitive_attributes": [],
          "private": "eyJlMmJmYjczMC1lY2FhLTExZTYtOGY4OC0zNDM2M2JjN2M0YzAiOnsiY3JlYXRlIjoxMjAwMDAwMDAwMDAwLCJkZWxldGUiOjEyMDAwMDAwMDAwMDAsInVwZGF0ZSI6MTIwMDAwMDAwMDAwMH19",
          "dependencies": [
            "module.os_policy.data.google_compute_zones.this",
            "module.os_policy.data.google_project.default"
          ]
        },
        {
          "index_key": "asia-northeast3-c",
          "schema_version": 0,
          "attributes": {
            "baseline": true,
            "deleted": false,
            "description": "",
            "etag": "ab69b04f-176b-4479-97e9-a97f2d3e42b2",
            "id": "projects/swit-alpha/locations/asia-northeast3-c/osPolicyAssignments/asia-northeast3-c-unx203",
            "instance_filter": [
              {
                "all": false,
                "exclusion_labels": [
                  {
                    "labels": {
                      "goog-gke-node": ""
                    }
                  },
                  {
                    "labels": {
                      "serverless-vpc-access": "test-serverless-mysql"
                    }
                  },
                  {
                    "labels": {
                      "serverless-vpc-access": "swit-alpha-serverless-uw1"
                    }
                  }
                ],
                "inclusion_labels": [],
                "inventories": []
              }
            ],
            "location": "asia-northeast3-c",
            "name": "asia-northeast3-c-unx203",
            "os_policies": [
              {
                "allow_no_resource_group_match": false,
                "description": "",
                "id": "unx203",
                "mode": "ENFORCEMENT",
                "resource_groups": [
                  {
                    "inventory_filters": [
                      {
                        "os_short_name": "debian",
                        "os_version": "10"
                      },
                      {
                        "os_short_name": "debian",
                        "os_version": "11"
                      },
                      {
                        "os_short_name": "debian",
                        "os_version": "12"
                      },
                      {
                        "os_short_name": "rocky",
                        "os_version": "8.*"
                      },
                      {
                        "os_short_name": "rocky",
                        "os_version": "9.*"
                      },
                      {
                        "os_short_name": "ubuntu",
                        "os_version": "20.04"
                      },
                      {
                        "os_short_name": "ubuntu",
                        "os_version": "22.04"
                      }
                    ],
                    "resources": [
                      {
                        "exec": [
                          {
                            "enforce": [
                              {
                                "args": [],
                                "file": [],
                                "interpreter": "SHELL",
                                "output_file_path": "",
                                "script": "sudo chmod 000 /etc/shadow\nexit 100\n"
                              }
                            ],
                            "validate": [
                              {
                                "args": [],
                                "file": [],
                                "interpreter": "SHELL",
                                "output_file_path": "",
                                "script": "if ! sudo stat -c %a /etc/shadow | grep -qw '0' ; then\n  exit 101\nelse\n  exit 100\nfi\n"
                              }
                            ]
                          }
                        ],
                        "file": [],
                        "id": "configuration",
                        "pkg": [],
                        "repository": []
                      }
                    ]
                  }
                ]
              }
            ],
            "project": "swit-alpha",
            "reconciling": false,
            "revision_create_time": "2024-03-13T14:35:22.190384Z",
            "revision_id": "07afdc9b-1bbd-4bb0-9703-1c9f9c972cc8",
            "rollout": [
              {
                "disruption_budget": [
                  {
                    "fixed": 0,
                    "percent": 100
                  }
                ],
                "min_wait_duration": "0s"
              }
            ],
            "rollout_state": "SUCCEEDED",
            "skip_await_rollout": true,
            "timeouts": null,
            "uid": "7d41483b-8ef5-423a-872d-d41fc9ab41a5"
          },
          "sensitive_attributes": [],
          "private": "eyJlMmJmYjczMC1lY2FhLTExZTYtOGY4OC0zNDM2M2JjN2M0YzAiOnsiY3JlYXRlIjoxMjAwMDAwMDAwMDAwLCJkZWxldGUiOjEyMDAwMDAwMDAwMDAsInVwZGF0ZSI6MTIwMDAwMDAwMDAwMH19",
          "dependencies": [
            "module.os_policy.data.google_compute_zones.this",
            "module.os_policy.data.google_project.default"
          ]
        },
        {
          "index_key": "us-west1-a",
          "schema_version": 0,
          "attributes": {
            "baseline": true,
            "deleted": false,
            "description": "",
            "etag": "3271dec4-1c6e-4b87-a461-ba65daef3bc2",
            "id": "projects/swit-alpha/locations/us-west1-a/osPolicyAssignments/us-west1-a-unx203",
            "instance_filter": [
              {
                "all": false,
                "exclusion_labels": [
                  {
                    "labels": {
                      "goog-gke-node": ""
                    }
                  },
                  {
                    "labels": {
                      "serverless-vpc-access": "test-serverless-mysql"
                    }
                  },
                  {
                    "labels": {
                      "serverless-vpc-access": "swit-alpha-serverless-uw1"
                    }
                  }
                ],
                "inclusion_labels": [],
                "inventories": []
              }
            ],
            "location": "us-west1-a",
            "name": "us-west1-a-unx203",
            "os_policies": [
              {
                "allow_no_resource_group_match": false,
                "description": "",
                "id": "unx203",
                "mode": "ENFORCEMENT",
                "resource_groups": [
                  {
                    "inventory_filters": [
                      {
                        "os_short_name": "debian",
                        "os_version": "10"
                      },
                      {
                        "os_short_name": "debian",
                        "os_version": "11"
                      },
                      {
                        "os_short_name": "debian",
                        "os_version": "12"
                      },
                      {
                        "os_short_name": "rocky",
                        "os_version": "8.*"
                      },
                      {
                        "os_short_name": "rocky",
                        "os_version": "9.*"
                      },
                      {
                        "os_short_name": "ubuntu",
                        "os_version": "20.04"
                      },
                      {
                        "os_short_name": "ubuntu",
                        "os_version": "22.04"
                      }
                    ],
                    "resources": [
                      {
                        "exec": [
                          {
                            "enforce": [
                              {
                                "args": [],
                                "file": [],
                                "interpreter": "SHELL",
                                "output_file_path": "",
                                "script": "sudo chmod 000 /etc/shadow\nexit 100\n"
                              }
                            ],
                            "validate": [
                              {
                                "args": [],
                                "file": [],
                                "interpreter": "SHELL",
                                "output_file_path": "",
                                "script": "if ! sudo stat -c %a /etc/shadow | grep -qw '0' ; then\n  exit 101\nelse\n  exit 100\nfi\n"
                              }
                            ]
                          }
                        ],
                        "file": [],
                        "id": "configuration",
                        "pkg": [],
                        "repository": []
                      }
                    ]
                  }
                ]
              }
            ],
            "project": "swit-alpha",
            "reconciling": false,
            "revision_create_time": "2024-03-13T14:35:22.541638Z",
            "revision_id": "434b0b85-1e45-4890-b744-370ab1222ea2",
            "rollout": [
              {
                "disruption_budget": [
                  {
                    "fixed": 0,
                    "percent": 100
                  }
                ],
                "min_wait_duration": "0s"
              }
            ],
            "rollout_state": "SUCCEEDED",
            "skip_await_rollout": true,
            "timeouts": null,
            "uid": "a9a32cab-fdeb-4ef0-b6d5-640fd965425d"
          },
          "sensitive_attributes": [],
          "private": "eyJlMmJmYjczMC1lY2FhLTExZTYtOGY4OC0zNDM2M2JjN2M0YzAiOnsiY3JlYXRlIjoxMjAwMDAwMDAwMDAwLCJkZWxldGUiOjEyMDAwMDAwMDAwMDAsInVwZGF0ZSI6MTIwMDAwMDAwMDAwMH19",
          "dependencies": [
            "module.os_policy.data.google_compute_zones.this",
            "module.os_policy.data.google_project.default"
          ]
        },
        {
          "index_key": "us-west1-b",
          "schema_version": 0,
          "attributes": {
            "baseline": true,
            "deleted": false,
            "description": "",
            "etag": "3c4b0664-d6cd-48e2-a754-23889fba6fe7",
            "id": "projects/swit-alpha/locations/us-west1-b/osPolicyAssignments/us-west1-b-unx203",
            "instance_filter": [
              {
                "all": false,
                "exclusion_labels": [
                  {
                    "labels": {
                      "goog-gke-node": ""
                    }
                  },
                  {
                    "labels": {
                      "serverless-vpc-access": "test-serverless-mysql"
                    }
                  },
                  {
                    "labels": {
                      "serverless-vpc-access": "swit-alpha-serverless-uw1"
                    }
                  }
                ],
                "inclusion_labels": [],
                "inventories": []
              }
            ],
            "location": "us-west1-b",
            "name": "us-west1-b-unx203",
            "os_policies": [
              {
                "allow_no_resource_group_match": false,
                "description": "",
                "id": "unx203",
                "mode": "ENFORCEMENT",
                "resource_groups": [
                  {
                    "inventory_filters": [
                      {
                        "os_short_name": "debian",
                        "os_version": "10"
                      },
                      {
                        "os_short_name": "debian",
                        "os_version": "11"
                      },
                      {
                        "os_short_name": "debian",
                        "os_version": "12"
                      },
                      {
                        "os_short_name": "rocky",
                        "os_version": "8.*"
                      },
                      {
                        "os_short_name": "rocky",
                        "os_version": "9.*"
                      },
                      {
                        "os_short_name": "ubuntu",
                        "os_version": "20.04"
                      },
                      {
                        "os_short_name": "ubuntu",
                        "os_version": "22.04"
                      }
                    ],
                    "resources": [
                      {
                        "exec": [
                          {
                            "enforce": [
                              {
                                "args": [],
                                "file": [],
                                "interpreter": "SHELL",
                                "output_file_path": "",
                                "script": "sudo chmod 000 /etc/shadow\nexit 100\n"
                              }
                            ],
                            "validate": [
                              {
                                "args": [],
                                "file": [],
                                "interpreter": "SHELL",
                                "output_file_path": "",
                                "script": "if ! sudo stat -c %a /etc/shadow | grep -qw '0' ; then\n  exit 101\nelse\n  exit 100\nfi\n"
                              }
                            ]
                          }
                        ],
                        "file": [],
                        "id": "configuration",
                        "pkg": [],
                        "repository": []
                      }
                    ]
                  }
                ]
              }
            ],
            "project": "swit-alpha",
            "reconciling": false,
            "revision_create_time": "2024-03-13T14:35:22.517951Z",
            "revision_id": "f6dbcec3-5b13-48a7-843b-684c9bbefcb4",
            "rollout": [
              {
                "disruption_budget": [
                  {
                    "fixed": 0,
                    "percent": 100
                  }
                ],
                "min_wait_duration": "0s"
              }
            ],
            "rollout_state": "SUCCEEDED",
            "skip_await_rollout": true,
            "timeouts": null,
            "uid": "228519ca-a7f0-47dd-8816-8e484b84d3c5"
          },
          "sensitive_attributes": [],
          "private": "eyJlMmJmYjczMC1lY2FhLTExZTYtOGY4OC0zNDM2M2JjN2M0YzAiOnsiY3JlYXRlIjoxMjAwMDAwMDAwMDAwLCJkZWxldGUiOjEyMDAwMDAwMDAwMDAsInVwZGF0ZSI6MTIwMDAwMDAwMDAwMH19",
          "dependencies": [
            "module.os_policy.data.google_compute_zones.this",
            "module.os_policy.data.google_project.default"
          ]
        },
        {
          "index_key": "us-west1-c",
          "schema_version": 0,
          "attributes": {
            "baseline": true,
            "deleted": false,
            "description": "",
            "etag": "2f839cff-96e3-4922-ab9b-ea2221fc4b17",
            "id": "projects/swit-alpha/locations/us-west1-c/osPolicyAssignments/us-west1-c-unx203",
            "instance_filter": [
              {
                "all": false,
                "exclusion_labels": [
                  {
                    "labels": {
                      "goog-gke-node": ""
                    }
                  },
                  {
                    "labels": {
                      "serverless-vpc-access": "test-serverless-mysql"
                    }
                  },
                  {
                    "labels": {
                      "serverless-vpc-access": "swit-alpha-serverless-uw1"
                    }
                  }
                ],
                "inclusion_labels": [],
                "inventories": []
              }
            ],
            "location": "us-west1-c",
            "name": "us-west1-c-unx203",
            "os_policies": [
              {
                "allow_no_resource_group_match": false,
                "description": "",
                "id": "unx203",
                "mode": "ENFORCEMENT",
                "resource_groups": [
                  {
                    "inventory_filters": [
                      {
                        "os_short_name": "debian",
                        "os_version": "10"
                      },
                      {
                        "os_short_name": "debian",
                        "os_version": "11"
                      },
                      {
                        "os_short_name": "debian",
                        "os_version": "12"
                      },
                      {
                        "os_short_name": "rocky",
                        "os_version": "8.*"
                      },
                      {
                        "os_short_name": "rocky",
                        "os_version": "9.*"
                      },
                      {
                        "os_short_name": "ubuntu",
                        "os_version": "20.04"
                      },
                      {
                        "os_short_name": "ubuntu",
                        "os_version": "22.04"
                      }
                    ],
                    "resources": [
                      {
                        "exec": [
                          {
                            "enforce": [
                              {
                                "args": [],
                                "file": [],
                                "interpreter": "SHELL",
                                "output_file_path": "",
                                "script": "sudo chmod 000 /etc/shadow\nexit 100\n"
                              }
                            ],
                            "validate": [
                              {
                                "args": [],
                                "file": [],
                                "interpreter": "SHELL",
                                "output_file_path": "",
                                "script": "if ! sudo stat -c %a /etc/shadow | grep -qw '0' ; then\n  exit 101\nelse\n  exit 100\nfi\n"
                              }
                            ]
                          }
                        ],
                        "file": [],
                        "id": "configuration",
                        "pkg": [],
                        "repository": []
                      }
                    ]
                  }
                ]
              }
            ],
            "project": "swit-alpha",
            "reconciling": false,
            "revision_create_time": "2024-03-13T14:35:22.427681Z",
            "revision_id": "f899522d-ba23-4b86-8d68-58420b6432f5",
            "rollout": [
              {
                "disruption_budget": [
                  {
                    "fixed": 0,
                    "percent": 100
                  }
                ],
                "min_wait_duration": "0s"
              }
            ],
            "rollout_state": "SUCCEEDED",
            "skip_await_rollout": true,
            "timeouts": null,
            "uid": "c01c990b-b996-46e4-be79-38942cdc8c75"
          },
          "sensitive_attributes": [],
          "private": "eyJlMmJmYjczMC1lY2FhLTExZTYtOGY4OC0zNDM2M2JjN2M0YzAiOnsiY3JlYXRlIjoxMjAwMDAwMDAwMDAwLCJkZWxldGUiOjEyMDAwMDAwMDAwMDAsInVwZGF0ZSI6MTIwMDAwMDAwMDAwMH19",
          "dependencies": [
            "module.os_policy.data.google_compute_zones.this",
            "module.os_policy.data.google_project.default"
          ]
        }
      ]
    },
    {
      "module": "module.os_policy",
      "mode": "managed",
      "type": "google_os_config_os_policy_assignment",
      "name": "unx207",
      "provider": "provider[\"registry.terraform.io/hashicorp/google\"]",
      "instances": [
        {
          "index_key": "asia-northeast3-a",
          "schema_version": 0,
          "attributes": {
            "baseline": true,
            "deleted": false,
            "description": "",
            "etag": "04917bb5-75ad-4323-9bd8-bbfc4cf2bc0a",
            "id": "projects/swit-alpha/locations/asia-northeast3-a/osPolicyAssignments/asia-northeast3-a-unx207",
            "instance_filter": [
              {
                "all": false,
                "exclusion_labels": [
                  {
                    "labels": {
                      "goog-gke-node": ""
                    }
                  },
                  {
                    "labels": {
                      "serverless-vpc-access": "test-serverless-mysql"
                    }
                  },
                  {
                    "labels": {
                      "serverless-vpc-access": "swit-alpha-serverless-uw1"
                    }
                  }
                ],
                "inclusion_labels": [],
                "inventories": []
              }
            ],
            "location": "asia-northeast3-a",
            "name": "asia-northeast3-a-unx207",
            "os_policies": [
              {
                "allow_no_resource_group_match": false,
                "description": "",
                "id": "unx207",
                "mode": "ENFORCEMENT",
                "resource_groups": [
                  {
                    "inventory_filters": [
                      {
                        "os_short_name": "debian",
                        "os_version": "10"
                      },
                      {
                        "os_short_name": "debian",
                        "os_version": "11"
                      },
                      {
                        "os_short_name": "debian",
                        "os_version": "12"
                      },
                      {
                        "os_short_name": "rocky",
                        "os_version": "8.*"
                      },
                      {
                        "os_short_name": "rocky",
                        "os_version": "9.*"
                      },
                      {
                        "os_short_name": "ubuntu",
                        "os_version": "20.04"
                      },
                      {
                        "os_short_name": "ubuntu",
                        "os_version": "22.04"
                      }
                    ],
                    "resources": [
                      {
                        "exec": [
                          {
                            "enforce": [
                              {
                                "args": [],
                                "file": [],
                                "interpreter": "SHELL",
                                "output_file_path": "",
                                "script": "sudo chmod 755 /sbin/unix_chkpwd\nsudo chmod 755 /usr/bin/newgrp\nif [ -f /usr/bin/at ] ; then\n  sudo chmod 755 /usr/bin/at\nfi\nexit 100\n"
                              }
                            ],
                            "validate": [
                              {
                                "args": [],
                                "file": [],
                                "interpreter": "SHELL",
                                "output_file_path": "",
                                "script": "if ! sudo stat -c %a /sbin/unix_chkpwd | grep -qw '755' ; then\n  exit 101\nelif ! sudo stat -c %a /usr/bin/newgrp | grep -qw '755' ; then\n  exit 101\nelif [ -f /usr/bin/at ] \u0026\u0026 ! sudo stat -c %a /usr/bin/at | grep -qw '755' ; then\n  exit 101\nelse\n  exit 100\nfi\n"
                              }
                            ]
                          }
                        ],
                        "file": [],
                        "id": "configuration",
                        "pkg": [],
                        "repository": []
                      }
                    ]
                  }
                ]
              }
            ],
            "project": "swit-alpha",
            "reconciling": false,
            "revision_create_time": "2024-03-28T08:41:38.963857Z",
            "revision_id": "48cb31b4-880b-491b-ac4c-fa44c29d529c",
            "rollout": [
              {
                "disruption_budget": [
                  {
                    "fixed": 0,
                    "percent": 100
                  }
                ],
                "min_wait_duration": "0s"
              }
            ],
            "rollout_state": "SUCCEEDED",
            "skip_await_rollout": true,
            "timeouts": null,
            "uid": "22d2d216-4083-455c-bd07-1a3f97827936"
          },
          "sensitive_attributes": [],
          "private": "eyJlMmJmYjczMC1lY2FhLTExZTYtOGY4OC0zNDM2M2JjN2M0YzAiOnsiY3JlYXRlIjoxMjAwMDAwMDAwMDAwLCJkZWxldGUiOjEyMDAwMDAwMDAwMDAsInVwZGF0ZSI6MTIwMDAwMDAwMDAwMH19",
          "dependencies": [
            "module.os_policy.data.google_compute_zones.this",
            "module.os_policy.data.google_project.default"
          ]
        },
        {
          "index_key": "asia-northeast3-b",
          "schema_version": 0,
          "attributes": {
            "baseline": true,
            "deleted": false,
            "description": "",
            "etag": "1e7f9db8-c3d2-431b-9426-8a18644475d8",
            "id": "projects/swit-alpha/locations/asia-northeast3-b/osPolicyAssignments/asia-northeast3-b-unx207",
            "instance_filter": [
              {
                "all": false,
                "exclusion_labels": [
                  {
                    "labels": {
                      "goog-gke-node": ""
                    }
                  },
                  {
                    "labels": {
                      "serverless-vpc-access": "test-serverless-mysql"
                    }
                  },
                  {
                    "labels": {
                      "serverless-vpc-access": "swit-alpha-serverless-uw1"
                    }
                  }
                ],
                "inclusion_labels": [],
                "inventories": []
              }
            ],
            "location": "asia-northeast3-b",
            "name": "asia-northeast3-b-unx207",
            "os_policies": [
              {
                "allow_no_resource_group_match": false,
                "description": "",
                "id": "unx207",
                "mode": "ENFORCEMENT",
                "resource_groups": [
                  {
                    "inventory_filters": [
                      {
                        "os_short_name": "debian",
                        "os_version": "10"
                      },
                      {
                        "os_short_name": "debian",
                        "os_version": "11"
                      },
                      {
                        "os_short_name": "debian",
                        "os_version": "12"
                      },
                      {
                        "os_short_name": "rocky",
                        "os_version": "8.*"
                      },
                      {
                        "os_short_name": "rocky",
                        "os_version": "9.*"
                      },
                      {
                        "os_short_name": "ubuntu",
                        "os_version": "20.04"
                      },
                      {
                        "os_short_name": "ubuntu",
                        "os_version": "22.04"
                      }
                    ],
                    "resources": [
                      {
                        "exec": [
                          {
                            "enforce": [
                              {
                                "args": [],
                                "file": [],
                                "interpreter": "SHELL",
                                "output_file_path": "",
                                "script": "sudo chmod 755 /sbin/unix_chkpwd\nsudo chmod 755 /usr/bin/newgrp\nif [ -f /usr/bin/at ] ; then\n  sudo chmod 755 /usr/bin/at\nfi\nexit 100\n"
                              }
                            ],
                            "validate": [
                              {
                                "args": [],
                                "file": [],
                                "interpreter": "SHELL",
                                "output_file_path": "",
                                "script": "if ! sudo stat -c %a /sbin/unix_chkpwd | grep -qw '755' ; then\n  exit 101\nelif ! sudo stat -c %a /usr/bin/newgrp | grep -qw '755' ; then\n  exit 101\nelif [ -f /usr/bin/at ] \u0026\u0026 ! sudo stat -c %a /usr/bin/at | grep -qw '755' ; then\n  exit 101\nelse\n  exit 100\nfi\n"
                              }
                            ]
                          }
                        ],
                        "file": [],
                        "id": "configuration",
                        "pkg": [],
                        "repository": []
                      }
                    ]
                  }
                ]
              }
            ],
            "project": "swit-alpha",
            "reconciling": false,
            "revision_create_time": "2024-03-28T08:41:38.971718Z",
            "revision_id": "847ca868-5375-4054-b348-f94628669831",
            "rollout": [
              {
                "disruption_budget": [
                  {
                    "fixed": 0,
                    "percent": 100
                  }
                ],
                "min_wait_duration": "0s"
              }
            ],
            "rollout_state": "SUCCEEDED",
            "skip_await_rollout": true,
            "timeouts": null,
            "uid": "4ef80386-7666-42f5-a0f8-161fa484fd39"
          },
          "sensitive_attributes": [],
          "private": "eyJlMmJmYjczMC1lY2FhLTExZTYtOGY4OC0zNDM2M2JjN2M0YzAiOnsiY3JlYXRlIjoxMjAwMDAwMDAwMDAwLCJkZWxldGUiOjEyMDAwMDAwMDAwMDAsInVwZGF0ZSI6MTIwMDAwMDAwMDAwMH19",
          "dependencies": [
            "module.os_policy.data.google_compute_zones.this",
            "module.os_policy.data.google_project.default"
          ]
        },
        {
          "index_key": "asia-northeast3-c",
          "schema_version": 0,
          "attributes": {
            "baseline": true,
            "deleted": false,
            "description": "",
            "etag": "99fce0c9-c7c2-4896-b569-61f92f0a1ebf",
            "id": "projects/swit-alpha/locations/asia-northeast3-c/osPolicyAssignments/asia-northeast3-c-unx207",
            "instance_filter": [
              {
                "all": false,
                "exclusion_labels": [
                  {
                    "labels": {
                      "goog-gke-node": ""
                    }
                  },
                  {
                    "labels": {
                      "serverless-vpc-access": "test-serverless-mysql"
                    }
                  },
                  {
                    "labels": {
                      "serverless-vpc-access": "swit-alpha-serverless-uw1"
                    }
                  }
                ],
                "inclusion_labels": [],
                "inventories": []
              }
            ],
            "location": "asia-northeast3-c",
            "name": "asia-northeast3-c-unx207",
            "os_policies": [
              {
                "allow_no_resource_group_match": false,
                "description": "",
                "id": "unx207",
                "mode": "ENFORCEMENT",
                "resource_groups": [
                  {
                    "inventory_filters": [
                      {
                        "os_short_name": "debian",
                        "os_version": "10"
                      },
                      {
                        "os_short_name": "debian",
                        "os_version": "11"
                      },
                      {
                        "os_short_name": "debian",
                        "os_version": "12"
                      },
                      {
                        "os_short_name": "rocky",
                        "os_version": "8.*"
                      },
                      {
                        "os_short_name": "rocky",
                        "os_version": "9.*"
                      },
                      {
                        "os_short_name": "ubuntu",
                        "os_version": "20.04"
                      },
                      {
                        "os_short_name": "ubuntu",
                        "os_version": "22.04"
                      }
                    ],
                    "resources": [
                      {
                        "exec": [
                          {
                            "enforce": [
                              {
                                "args": [],
                                "file": [],
                                "interpreter": "SHELL",
                                "output_file_path": "",
                                "script": "sudo chmod 755 /sbin/unix_chkpwd\nsudo chmod 755 /usr/bin/newgrp\nif [ -f /usr/bin/at ] ; then\n  sudo chmod 755 /usr/bin/at\nfi\nexit 100\n"
                              }
                            ],
                            "validate": [
                              {
                                "args": [],
                                "file": [],
                                "interpreter": "SHELL",
                                "output_file_path": "",
                                "script": "if ! sudo stat -c %a /sbin/unix_chkpwd | grep -qw '755' ; then\n  exit 101\nelif ! sudo stat -c %a /usr/bin/newgrp | grep -qw '755' ; then\n  exit 101\nelif [ -f /usr/bin/at ] \u0026\u0026 ! sudo stat -c %a /usr/bin/at | grep -qw '755' ; then\n  exit 101\nelse\n  exit 100\nfi\n"
                              }
                            ]
                          }
                        ],
                        "file": [],
                        "id": "configuration",
                        "pkg": [],
                        "repository": []
                      }
                    ]
                  }
                ]
              }
            ],
            "project": "swit-alpha",
            "reconciling": false,
            "revision_create_time": "2024-03-28T08:41:38.976765Z",
            "revision_id": "58e87838-5302-47f1-b218-fad114b6d945",
            "rollout": [
              {
                "disruption_budget": [
                  {
                    "fixed": 0,
                    "percent": 100
                  }
                ],
                "min_wait_duration": "0s"
              }
            ],
            "rollout_state": "SUCCEEDED",
            "skip_await_rollout": true,
            "timeouts": null,
            "uid": "cd4fdb27-9809-4bbe-866a-e2e30f0d0365"
          },
          "sensitive_attributes": [],
          "private": "eyJlMmJmYjczMC1lY2FhLTExZTYtOGY4OC0zNDM2M2JjN2M0YzAiOnsiY3JlYXRlIjoxMjAwMDAwMDAwMDAwLCJkZWxldGUiOjEyMDAwMDAwMDAwMDAsInVwZGF0ZSI6MTIwMDAwMDAwMDAwMH19",
          "dependencies": [
            "module.os_policy.data.google_compute_zones.this",
            "module.os_policy.data.google_project.default"
          ]
        },
        {
          "index_key": "us-west1-a",
          "schema_version": 0,
          "attributes": {
            "baseline": true,
            "deleted": false,
            "description": "",
            "etag": "19efa1b2-193c-40f4-af07-dbddf43b4800",
            "id": "projects/swit-alpha/locations/us-west1-a/osPolicyAssignments/us-west1-a-unx207",
            "instance_filter": [
              {
                "all": false,
                "exclusion_labels": [
                  {
                    "labels": {
                      "goog-gke-node": ""
                    }
                  },
                  {
                    "labels": {
                      "serverless-vpc-access": "test-serverless-mysql"
                    }
                  },
                  {
                    "labels": {
                      "serverless-vpc-access": "swit-alpha-serverless-uw1"
                    }
                  }
                ],
                "inclusion_labels": [],
                "inventories": []
              }
            ],
            "location": "us-west1-a",
            "name": "us-west1-a-unx207",
            "os_policies": [
              {
                "allow_no_resource_group_match": false,
                "description": "",
                "id": "unx207",
                "mode": "ENFORCEMENT",
                "resource_groups": [
                  {
                    "inventory_filters": [
                      {
                        "os_short_name": "debian",
                        "os_version": "10"
                      },
                      {
                        "os_short_name": "debian",
                        "os_version": "11"
                      },
                      {
                        "os_short_name": "debian",
                        "os_version": "12"
                      },
                      {
                        "os_short_name": "rocky",
                        "os_version": "8.*"
                      },
                      {
                        "os_short_name": "rocky",
                        "os_version": "9.*"
                      },
                      {
                        "os_short_name": "ubuntu",
                        "os_version": "20.04"
                      },
                      {
                        "os_short_name": "ubuntu",
                        "os_version": "22.04"
                      }
                    ],
                    "resources": [
                      {
                        "exec": [
                          {
                            "enforce": [
                              {
                                "args": [],
                                "file": [],
                                "interpreter": "SHELL",
                                "output_file_path": "",
                                "script": "sudo chmod 755 /sbin/unix_chkpwd\nsudo chmod 755 /usr/bin/newgrp\nif [ -f /usr/bin/at ] ; then\n  sudo chmod 755 /usr/bin/at\nfi\nexit 100\n"
                              }
                            ],
                            "validate": [
                              {
                                "args": [],
                                "file": [],
                                "interpreter": "SHELL",
                                "output_file_path": "",
                                "script": "if ! sudo stat -c %a /sbin/unix_chkpwd | grep -qw '755' ; then\n  exit 101\nelif ! sudo stat -c %a /usr/bin/newgrp | grep -qw '755' ; then\n  exit 101\nelif [ -f /usr/bin/at ] \u0026\u0026 ! sudo stat -c %a /usr/bin/at | grep -qw '755' ; then\n  exit 101\nelse\n  exit 100\nfi\n"
                              }
                            ]
                          }
                        ],
                        "file": [],
                        "id": "configuration",
                        "pkg": [],
                        "repository": []
                      }
                    ]
                  }
                ]
              }
            ],
            "project": "swit-alpha",
            "reconciling": false,
            "revision_create_time": "2024-03-28T08:41:39.385669Z",
            "revision_id": "9f192ccb-70a4-4eea-9083-8b3a6a384f67",
            "rollout": [
              {
                "disruption_budget": [
                  {
                    "fixed": 0,
                    "percent": 100
                  }
                ],
                "min_wait_duration": "0s"
              }
            ],
            "rollout_state": "SUCCEEDED",
            "skip_await_rollout": true,
            "timeouts": null,
            "uid": "6d5a8c46-c210-4d8c-a826-e68a8e4ff1cb"
          },
          "sensitive_attributes": [],
          "private": "eyJlMmJmYjczMC1lY2FhLTExZTYtOGY4OC0zNDM2M2JjN2M0YzAiOnsiY3JlYXRlIjoxMjAwMDAwMDAwMDAwLCJkZWxldGUiOjEyMDAwMDAwMDAwMDAsInVwZGF0ZSI6MTIwMDAwMDAwMDAwMH19",
          "dependencies": [
            "module.os_policy.data.google_compute_zones.this",
            "module.os_policy.data.google_project.default"
          ]
        },
        {
          "index_key": "us-west1-b",
          "schema_version": 0,
          "attributes": {
            "baseline": true,
            "deleted": false,
            "description": "",
            "etag": "70d4190e-33df-4eab-952b-58c29ed9465f",
            "id": "projects/swit-alpha/locations/us-west1-b/osPolicyAssignments/us-west1-b-unx207",
            "instance_filter": [
              {
                "all": false,
                "exclusion_labels": [
                  {
                    "labels": {
                      "goog-gke-node": ""
                    }
                  },
                  {
                    "labels": {
                      "serverless-vpc-access": "test-serverless-mysql"
                    }
                  },
                  {
                    "labels": {
                      "serverless-vpc-access": "swit-alpha-serverless-uw1"
                    }
                  }
                ],
                "inclusion_labels": [],
                "inventories": []
              }
            ],
            "location": "us-west1-b",
            "name": "us-west1-b-unx207",
            "os_policies": [
              {
                "allow_no_resource_group_match": false,
                "description": "",
                "id": "unx207",
                "mode": "ENFORCEMENT",
                "resource_groups": [
                  {
                    "inventory_filters": [
                      {
                        "os_short_name": "debian",
                        "os_version": "10"
                      },
                      {
                        "os_short_name": "debian",
                        "os_version": "11"
                      },
                      {
                        "os_short_name": "debian",
                        "os_version": "12"
                      },
                      {
                        "os_short_name": "rocky",
                        "os_version": "8.*"
                      },
                      {
                        "os_short_name": "rocky",
                        "os_version": "9.*"
                      },
                      {
                        "os_short_name": "ubuntu",
                        "os_version": "20.04"
                      },
                      {
                        "os_short_name": "ubuntu",
                        "os_version": "22.04"
                      }
                    ],
                    "resources": [
                      {
                        "exec": [
                          {
                            "enforce": [
                              {
                                "args": [],
                                "file": [],
                                "interpreter": "SHELL",
                                "output_file_path": "",
                                "script": "sudo chmod 755 /sbin/unix_chkpwd\nsudo chmod 755 /usr/bin/newgrp\nif [ -f /usr/bin/at ] ; then\n  sudo chmod 755 /usr/bin/at\nfi\nexit 100\n"
                              }
                            ],
                            "validate": [
                              {
                                "args": [],
                                "file": [],
                                "interpreter": "SHELL",
                                "output_file_path": "",
                                "script": "if ! sudo stat -c %a /sbin/unix_chkpwd | grep -qw '755' ; then\n  exit 101\nelif ! sudo stat -c %a /usr/bin/newgrp | grep -qw '755' ; then\n  exit 101\nelif [ -f /usr/bin/at ] \u0026\u0026 ! sudo stat -c %a /usr/bin/at | grep -qw '755' ; then\n  exit 101\nelse\n  exit 100\nfi\n"
                              }
                            ]
                          }
                        ],
                        "file": [],
                        "id": "configuration",
                        "pkg": [],
                        "repository": []
                      }
                    ]
                  }
                ]
              }
            ],
            "project": "swit-alpha",
            "reconciling": false,
            "revision_create_time": "2024-03-28T08:41:39.362959Z",
            "revision_id": "5dd7b7fc-5ab6-443f-a530-0c0a951b12d1",
            "rollout": [
              {
                "disruption_budget": [
                  {
                    "fixed": 0,
                    "percent": 100
                  }
                ],
                "min_wait_duration": "0s"
              }
            ],
            "rollout_state": "SUCCEEDED",
            "skip_await_rollout": true,
            "timeouts": null,
            "uid": "a39a9e00-027f-4346-b927-64c0f4df4d70"
          },
          "sensitive_attributes": [],
          "private": "eyJlMmJmYjczMC1lY2FhLTExZTYtOGY4OC0zNDM2M2JjN2M0YzAiOnsiY3JlYXRlIjoxMjAwMDAwMDAwMDAwLCJkZWxldGUiOjEyMDAwMDAwMDAwMDAsInVwZGF0ZSI6MTIwMDAwMDAwMDAwMH19",
          "dependencies": [
            "module.os_policy.data.google_compute_zones.this",
            "module.os_policy.data.google_project.default"
          ]
        },
        {
          "index_key": "us-west1-c",
          "schema_version": 0,
          "attributes": {
            "baseline": true,
            "deleted": false,
            "description": "",
            "etag": "fd70732d-bf86-4574-99d4-32a576f74433",
            "id": "projects/swit-alpha/locations/us-west1-c/osPolicyAssignments/us-west1-c-unx207",
            "instance_filter": [
              {
                "all": false,
                "exclusion_labels": [
                  {
                    "labels": {
                      "goog-gke-node": ""
                    }
                  },
                  {
                    "labels": {
                      "serverless-vpc-access": "test-serverless-mysql"
                    }
                  },
                  {
                    "labels": {
                      "serverless-vpc-access": "swit-alpha-serverless-uw1"
                    }
                  }
                ],
                "inclusion_labels": [],
                "inventories": []
              }
            ],
            "location": "us-west1-c",
            "name": "us-west1-c-unx207",
            "os_policies": [
              {
                "allow_no_resource_group_match": false,
                "description": "",
                "id": "unx207",
                "mode": "ENFORCEMENT",
                "resource_groups": [
                  {
                    "inventory_filters": [
                      {
                        "os_short_name": "debian",
                        "os_version": "10"
                      },
                      {
                        "os_short_name": "debian",
                        "os_version": "11"
                      },
                      {
                        "os_short_name": "debian",
                        "os_version": "12"
                      },
                      {
                        "os_short_name": "rocky",
                        "os_version": "8.*"
                      },
                      {
                        "os_short_name": "rocky",
                        "os_version": "9.*"
                      },
                      {
                        "os_short_name": "ubuntu",
                        "os_version": "20.04"
                      },
                      {
                        "os_short_name": "ubuntu",
                        "os_version": "22.04"
                      }
                    ],
                    "resources": [
                      {
                        "exec": [
                          {
                            "enforce": [
                              {
                                "args": [],
                                "file": [],
                                "interpreter": "SHELL",
                                "output_file_path": "",
                                "script": "sudo chmod 755 /sbin/unix_chkpwd\nsudo chmod 755 /usr/bin/newgrp\nif [ -f /usr/bin/at ] ; then\n  sudo chmod 755 /usr/bin/at\nfi\nexit 100\n"
                              }
                            ],
                            "validate": [
                              {
                                "args": [],
                                "file": [],
                                "interpreter": "SHELL",
                                "output_file_path": "",
                                "script": "if ! sudo stat -c %a /sbin/unix_chkpwd | grep -qw '755' ; then\n  exit 101\nelif ! sudo stat -c %a /usr/bin/newgrp | grep -qw '755' ; then\n  exit 101\nelif [ -f /usr/bin/at ] \u0026\u0026 ! sudo stat -c %a /usr/bin/at | grep -qw '755' ; then\n  exit 101\nelse\n  exit 100\nfi\n"
                              }
                            ]
                          }
                        ],
                        "file": [],
                        "id": "configuration",
                        "pkg": [],
                        "repository": []
                      }
                    ]
                  }
                ]
              }
            ],
            "project": "swit-alpha",
            "reconciling": false,
            "revision_create_time": "2024-03-28T08:41:39.423871Z",
            "revision_id": "141bc8ee-b235-4381-9a7c-c50752217555",
            "rollout": [
              {
                "disruption_budget": [
                  {
                    "fixed": 0,
                    "percent": 100
                  }
                ],
                "min_wait_duration": "0s"
              }
            ],
            "rollout_state": "SUCCEEDED",
            "skip_await_rollout": true,
            "timeouts": null,
            "uid": "1a2e2923-15f0-4d8e-9258-e62f6dbb2238"
          },
          "sensitive_attributes": [],
          "private": "eyJlMmJmYjczMC1lY2FhLTExZTYtOGY4OC0zNDM2M2JjN2M0YzAiOnsiY3JlYXRlIjoxMjAwMDAwMDAwMDAwLCJkZWxldGUiOjEyMDAwMDAwMDAwMDAsInVwZGF0ZSI6MTIwMDAwMDAwMDAwMH19",
          "dependencies": [
            "module.os_policy.data.google_compute_zones.this",
            "module.os_policy.data.google_project.default"
          ]
        }
      ]
    },
    {
      "module": "module.os_policy",
      "mode": "managed",
      "type": "google_os_config_os_policy_assignment",
      "name": "unx302",
      "provider": "provider[\"registry.terraform.io/hashicorp/google\"]",
      "instances": [
        {
          "index_key": "asia-northeast3-a",
          "schema_version": 0,
          "attributes": {
            "baseline": true,
            "deleted": false,
            "description": "",
            "etag": "31b50566-97c5-4821-ac26-c4bfe101370c",
            "id": "projects/swit-alpha/locations/asia-northeast3-a/osPolicyAssignments/asia-northeast3-a-unx302",
            "instance_filter": [
              {
                "all": false,
                "exclusion_labels": [
                  {
                    "labels": {
                      "goog-gke-node": ""
                    }
                  },
                  {
                    "labels": {
                      "serverless-vpc-access": "test-serverless-mysql"
                    }
                  },
                  {
                    "labels": {
                      "serverless-vpc-access": "swit-alpha-serverless-uw1"
                    }
                  }
                ],
                "inclusion_labels": [],
                "inventories": []
              }
            ],
            "location": "asia-northeast3-a",
            "name": "asia-northeast3-a-unx302",
            "os_policies": [
              {
                "allow_no_resource_group_match": false,
                "description": "",
                "id": "unx302",
                "mode": "ENFORCEMENT",
                "resource_groups": [
                  {
                    "inventory_filters": [
                      {
                        "os_short_name": "debian",
                        "os_version": "10"
                      },
                      {
                        "os_short_name": "debian",
                        "os_version": "11"
                      },
                      {
                        "os_short_name": "debian",
                        "os_version": "12"
                      },
                      {
                        "os_short_name": "rocky",
                        "os_version": "8.*"
                      },
                      {
                        "os_short_name": "rocky",
                        "os_version": "9.*"
                      },
                      {
                        "os_short_name": "ubuntu",
                        "os_version": "20.04"
                      },
                      {
                        "os_short_name": "ubuntu",
                        "os_version": "22.04"
                      }
                    ],
                    "resources": [
                      {
                        "exec": [
                          {
                            "enforce": [
                              {
                                "args": [],
                                "file": [],
                                "interpreter": "SHELL",
                                "output_file_path": "",
                                "script": "if [ ! -f /etc/cron.allow ] ; then\n  sudo touch /etc/cron.allow\nfi\nsudo chown root /etc/cron.allow\nsudo chmod 640 /etc/cron.allow\nif [ ! -f /etc/cron.deny ] ; then\n  sudo touch /etc/cron.deny\nfi\nsudo chown root /etc/cron.deny\nsudo chmod 640 /etc/cron.deny\nexit 100\n"
                              }
                            ],
                            "validate": [
                              {
                                "args": [],
                                "file": [],
                                "interpreter": "SHELL",
                                "output_file_path": "",
                                "script": "if [ ! -f /etc/cron.allow ] ; then\n  exit 101\nelif ! sudo stat -c %a /etc/cron.allow | grep -qw '640' ; then\n  exit 101\nelif ! sudo stat -c %U /etc/cron.allow | grep -qw 'root' ; then\n  exit 101\nelif [ ! -f /etc/cron.deny ] ; then\n  exit 101\nelif ! sudo stat -c %a /etc/cron.deny | grep -qw '640' ; then\n  exit 101\nelif ! sudo stat -c %U /etc/cron.deny | grep -qw 'root' ; then\n  exit 101\nelse\n  exit 100\nfi\n"
                              }
                            ]
                          }
                        ],
                        "file": [],
                        "id": "configuration",
                        "pkg": [],
                        "repository": []
                      }
                    ]
                  }
                ]
              }
            ],
            "project": "swit-alpha",
            "reconciling": false,
            "revision_create_time": "2024-03-28T08:46:56.749424Z",
            "revision_id": "47225e6c-930d-4ae9-a6e9-1380ed843cd0",
            "rollout": [
              {
                "disruption_budget": [
                  {
                    "fixed": 0,
                    "percent": 100
                  }
                ],
                "min_wait_duration": "0s"
              }
            ],
            "rollout_state": "SUCCEEDED",
            "skip_await_rollout": true,
            "timeouts": null,
            "uid": "7f8e6ea0-927b-4f43-829c-9558a1356e21"
          },
          "sensitive_attributes": [],
          "private": "eyJlMmJmYjczMC1lY2FhLTExZTYtOGY4OC0zNDM2M2JjN2M0YzAiOnsiY3JlYXRlIjoxMjAwMDAwMDAwMDAwLCJkZWxldGUiOjEyMDAwMDAwMDAwMDAsInVwZGF0ZSI6MTIwMDAwMDAwMDAwMH19",
          "dependencies": [
            "module.os_policy.data.google_compute_zones.this",
            "module.os_policy.data.google_project.default"
          ]
        },
        {
          "index_key": "asia-northeast3-b",
          "schema_version": 0,
          "attributes": {
            "baseline": true,
            "deleted": false,
            "description": "",
            "etag": "4c4f1b48-1795-46df-933f-90eeffe411db",
            "id": "projects/swit-alpha/locations/asia-northeast3-b/osPolicyAssignments/asia-northeast3-b-unx302",
            "instance_filter": [
              {
                "all": false,
                "exclusion_labels": [
                  {
                    "labels": {
                      "goog-gke-node": ""
                    }
                  },
                  {
                    "labels": {
                      "serverless-vpc-access": "test-serverless-mysql"
                    }
                  },
                  {
                    "labels": {
                      "serverless-vpc-access": "swit-alpha-serverless-uw1"
                    }
                  }
                ],
                "inclusion_labels": [],
                "inventories": []
              }
            ],
            "location": "asia-northeast3-b",
            "name": "asia-northeast3-b-unx302",
            "os_policies": [
              {
                "allow_no_resource_group_match": false,
                "description": "",
                "id": "unx302",
                "mode": "ENFORCEMENT",
                "resource_groups": [
                  {
                    "inventory_filters": [
                      {
                        "os_short_name": "debian",
                        "os_version": "10"
                      },
                      {
                        "os_short_name": "debian",
                        "os_version": "11"
                      },
                      {
                        "os_short_name": "debian",
                        "os_version": "12"
                      },
                      {
                        "os_short_name": "rocky",
                        "os_version": "8.*"
                      },
                      {
                        "os_short_name": "rocky",
                        "os_version": "9.*"
                      },
                      {
                        "os_short_name": "ubuntu",
                        "os_version": "20.04"
                      },
                      {
                        "os_short_name": "ubuntu",
                        "os_version": "22.04"
                      }
                    ],
                    "resources": [
                      {
                        "exec": [
                          {
                            "enforce": [
                              {
                                "args": [],
                                "file": [],
                                "interpreter": "SHELL",
                                "output_file_path": "",
                                "script": "if [ ! -f /etc/cron.allow ] ; then\n  sudo touch /etc/cron.allow\nfi\nsudo chown root /etc/cron.allow\nsudo chmod 640 /etc/cron.allow\nif [ ! -f /etc/cron.deny ] ; then\n  sudo touch /etc/cron.deny\nfi\nsudo chown root /etc/cron.deny\nsudo chmod 640 /etc/cron.deny\nexit 100\n"
                              }
                            ],
                            "validate": [
                              {
                                "args": [],
                                "file": [],
                                "interpreter": "SHELL",
                                "output_file_path": "",
                                "script": "if [ ! -f /etc/cron.allow ] ; then\n  exit 101\nelif ! sudo stat -c %a /etc/cron.allow | grep -qw '640' ; then\n  exit 101\nelif ! sudo stat -c %U /etc/cron.allow | grep -qw 'root' ; then\n  exit 101\nelif [ ! -f /etc/cron.deny ] ; then\n  exit 101\nelif ! sudo stat -c %a /etc/cron.deny | grep -qw '640' ; then\n  exit 101\nelif ! sudo stat -c %U /etc/cron.deny | grep -qw 'root' ; then\n  exit 101\nelse\n  exit 100\nfi\n"
                              }
                            ]
                          }
                        ],
                        "file": [],
                        "id": "configuration",
                        "pkg": [],
                        "repository": []
                      }
                    ]
                  }
                ]
              }
            ],
            "project": "swit-alpha",
            "reconciling": false,
            "revision_create_time": "2024-03-28T08:46:56.759448Z",
            "revision_id": "c96ba6cc-ab58-4376-aca5-fabc05844e59",
            "rollout": [
              {
                "disruption_budget": [
                  {
                    "fixed": 0,
                    "percent": 100
                  }
                ],
                "min_wait_duration": "0s"
              }
            ],
            "rollout_state": "SUCCEEDED",
            "skip_await_rollout": true,
            "timeouts": null,
            "uid": "7f02ab43-5d8a-4a8b-a37f-3ab9a3bdb388"
          },
          "sensitive_attributes": [],
          "private": "eyJlMmJmYjczMC1lY2FhLTExZTYtOGY4OC0zNDM2M2JjN2M0YzAiOnsiY3JlYXRlIjoxMjAwMDAwMDAwMDAwLCJkZWxldGUiOjEyMDAwMDAwMDAwMDAsInVwZGF0ZSI6MTIwMDAwMDAwMDAwMH19",
          "dependencies": [
            "module.os_policy.data.google_compute_zones.this",
            "module.os_policy.data.google_project.default"
          ]
        },
        {
          "index_key": "asia-northeast3-c",
          "schema_version": 0,
          "attributes": {
            "baseline": true,
            "deleted": false,
            "description": "",
            "etag": "7781e74e-c8fc-4d12-984f-327949df96f6",
            "id": "projects/swit-alpha/locations/asia-northeast3-c/osPolicyAssignments/asia-northeast3-c-unx302",
            "instance_filter": [
              {
                "all": false,
                "exclusion_labels": [
                  {
                    "labels": {
                      "goog-gke-node": ""
                    }
                  },
                  {
                    "labels": {
                      "serverless-vpc-access": "test-serverless-mysql"
                    }
                  },
                  {
                    "labels": {
                      "serverless-vpc-access": "swit-alpha-serverless-uw1"
                    }
                  }
                ],
                "inclusion_labels": [],
                "inventories": []
              }
            ],
            "location": "asia-northeast3-c",
            "name": "asia-northeast3-c-unx302",
            "os_policies": [
              {
                "allow_no_resource_group_match": false,
                "description": "",
                "id": "unx302",
                "mode": "ENFORCEMENT",
                "resource_groups": [
                  {
                    "inventory_filters": [
                      {
                        "os_short_name": "debian",
                        "os_version": "10"
                      },
                      {
                        "os_short_name": "debian",
                        "os_version": "11"
                      },
                      {
                        "os_short_name": "debian",
                        "os_version": "12"
                      },
                      {
                        "os_short_name": "rocky",
                        "os_version": "8.*"
                      },
                      {
                        "os_short_name": "rocky",
                        "os_version": "9.*"
                      },
                      {
                        "os_short_name": "ubuntu",
                        "os_version": "20.04"
                      },
                      {
                        "os_short_name": "ubuntu",
                        "os_version": "22.04"
                      }
                    ],
                    "resources": [
                      {
                        "exec": [
                          {
                            "enforce": [
                              {
                                "args": [],
                                "file": [],
                                "interpreter": "SHELL",
                                "output_file_path": "",
                                "script": "if [ ! -f /etc/cron.allow ] ; then\n  sudo touch /etc/cron.allow\nfi\nsudo chown root /etc/cron.allow\nsudo chmod 640 /etc/cron.allow\nif [ ! -f /etc/cron.deny ] ; then\n  sudo touch /etc/cron.deny\nfi\nsudo chown root /etc/cron.deny\nsudo chmod 640 /etc/cron.deny\nexit 100\n"
                              }
                            ],
                            "validate": [
                              {
                                "args": [],
                                "file": [],
                                "interpreter": "SHELL",
                                "output_file_path": "",
                                "script": "if [ ! -f /etc/cron.allow ] ; then\n  exit 101\nelif ! sudo stat -c %a /etc/cron.allow | grep -qw '640' ; then\n  exit 101\nelif ! sudo stat -c %U /etc/cron.allow | grep -qw 'root' ; then\n  exit 101\nelif [ ! -f /etc/cron.deny ] ; then\n  exit 101\nelif ! sudo stat -c %a /etc/cron.deny | grep -qw '640' ; then\n  exit 101\nelif ! sudo stat -c %U /etc/cron.deny | grep -qw 'root' ; then\n  exit 101\nelse\n  exit 100\nfi\n"
                              }
                            ]
                          }
                        ],
                        "file": [],
                        "id": "configuration",
                        "pkg": [],
                        "repository": []
                      }
                    ]
                  }
                ]
              }
            ],
            "project": "swit-alpha",
            "reconciling": false,
            "revision_create_time": "2024-03-28T08:46:56.616134Z",
            "revision_id": "46032cab-d434-4f56-bcf1-fb18a600c1f8",
            "rollout": [
              {
                "disruption_budget": [
                  {
                    "fixed": 0,
                    "percent": 100
                  }
                ],
                "min_wait_duration": "0s"
              }
            ],
            "rollout_state": "SUCCEEDED",
            "skip_await_rollout": true,
            "timeouts": null,
            "uid": "a550388f-8534-44a0-915c-0abd4dac6a91"
          },
          "sensitive_attributes": [],
          "private": "eyJlMmJmYjczMC1lY2FhLTExZTYtOGY4OC0zNDM2M2JjN2M0YzAiOnsiY3JlYXRlIjoxMjAwMDAwMDAwMDAwLCJkZWxldGUiOjEyMDAwMDAwMDAwMDAsInVwZGF0ZSI6MTIwMDAwMDAwMDAwMH19",
          "dependencies": [
            "module.os_policy.data.google_compute_zones.this",
            "module.os_policy.data.google_project.default"
          ]
        },
        {
          "index_key": "us-west1-a",
          "schema_version": 0,
          "attributes": {
            "baseline": true,
            "deleted": false,
            "description": "",
            "etag": "c81d08db-26da-4723-a552-331471e671ad",
            "id": "projects/swit-alpha/locations/us-west1-a/osPolicyAssignments/us-west1-a-unx302",
            "instance_filter": [
              {
                "all": false,
                "exclusion_labels": [
                  {
                    "labels": {
                      "goog-gke-node": ""
                    }
                  },
                  {
                    "labels": {
                      "serverless-vpc-access": "test-serverless-mysql"
                    }
                  },
                  {
                    "labels": {
                      "serverless-vpc-access": "swit-alpha-serverless-uw1"
                    }
                  }
                ],
                "inclusion_labels": [],
                "inventories": []
              }
            ],
            "location": "us-west1-a",
            "name": "us-west1-a-unx302",
            "os_policies": [
              {
                "allow_no_resource_group_match": false,
                "description": "",
                "id": "unx302",
                "mode": "ENFORCEMENT",
                "resource_groups": [
                  {
                    "inventory_filters": [
                      {
                        "os_short_name": "debian",
                        "os_version": "10"
                      },
                      {
                        "os_short_name": "debian",
                        "os_version": "11"
                      },
                      {
                        "os_short_name": "debian",
                        "os_version": "12"
                      },
                      {
                        "os_short_name": "rocky",
                        "os_version": "8.*"
                      },
                      {
                        "os_short_name": "rocky",
                        "os_version": "9.*"
                      },
                      {
                        "os_short_name": "ubuntu",
                        "os_version": "20.04"
                      },
                      {
                        "os_short_name": "ubuntu",
                        "os_version": "22.04"
                      }
                    ],
                    "resources": [
                      {
                        "exec": [
                          {
                            "enforce": [
                              {
                                "args": [],
                                "file": [],
                                "interpreter": "SHELL",
                                "output_file_path": "",
                                "script": "if [ ! -f /etc/cron.allow ] ; then\n  sudo touch /etc/cron.allow\nfi\nsudo chown root /etc/cron.allow\nsudo chmod 640 /etc/cron.allow\nif [ ! -f /etc/cron.deny ] ; then\n  sudo touch /etc/cron.deny\nfi\nsudo chown root /etc/cron.deny\nsudo chmod 640 /etc/cron.deny\nexit 100\n"
                              }
                            ],
                            "validate": [
                              {
                                "args": [],
                                "file": [],
                                "interpreter": "SHELL",
                                "output_file_path": "",
                                "script": "if [ ! -f /etc/cron.allow ] ; then\n  exit 101\nelif ! sudo stat -c %a /etc/cron.allow | grep -qw '640' ; then\n  exit 101\nelif ! sudo stat -c %U /etc/cron.allow | grep -qw 'root' ; then\n  exit 101\nelif [ ! -f /etc/cron.deny ] ; then\n  exit 101\nelif ! sudo stat -c %a /etc/cron.deny | grep -qw '640' ; then\n  exit 101\nelif ! sudo stat -c %U /etc/cron.deny | grep -qw 'root' ; then\n  exit 101\nelse\n  exit 100\nfi\n"
                              }
                            ]
                          }
                        ],
                        "file": [],
                        "id": "configuration",
                        "pkg": [],
                        "repository": []
                      }
                    ]
                  }
                ]
              }
            ],
            "project": "swit-alpha",
            "reconciling": false,
            "revision_create_time": "2024-03-28T08:46:57.168275Z",
            "revision_id": "5129b894-8a27-41ef-8883-c2a88738103e",
            "rollout": [
              {
                "disruption_budget": [
                  {
                    "fixed": 0,
                    "percent": 100
                  }
                ],
                "min_wait_duration": "0s"
              }
            ],
            "rollout_state": "SUCCEEDED",
            "skip_await_rollout": true,
            "timeouts": null,
            "uid": "455a04ef-e428-4acd-a7a2-198a10742fd3"
          },
          "sensitive_attributes": [],
          "private": "eyJlMmJmYjczMC1lY2FhLTExZTYtOGY4OC0zNDM2M2JjN2M0YzAiOnsiY3JlYXRlIjoxMjAwMDAwMDAwMDAwLCJkZWxldGUiOjEyMDAwMDAwMDAwMDAsInVwZGF0ZSI6MTIwMDAwMDAwMDAwMH19",
          "dependencies": [
            "module.os_policy.data.google_compute_zones.this",
            "module.os_policy.data.google_project.default"
          ]
        },
        {
          "index_key": "us-west1-b",
          "schema_version": 0,
          "attributes": {
            "baseline": true,
            "deleted": false,
            "description": "",
            "etag": "018c1eae-fcd1-4d69-9565-c583d833e606",
            "id": "projects/swit-alpha/locations/us-west1-b/osPolicyAssignments/us-west1-b-unx302",
            "instance_filter": [
              {
                "all": false,
                "exclusion_labels": [
                  {
                    "labels": {
                      "goog-gke-node": ""
                    }
                  },
                  {
                    "labels": {
                      "serverless-vpc-access": "test-serverless-mysql"
                    }
                  },
                  {
                    "labels": {
                      "serverless-vpc-access": "swit-alpha-serverless-uw1"
                    }
                  }
                ],
                "inclusion_labels": [],
                "inventories": []
              }
            ],
            "location": "us-west1-b",
            "name": "us-west1-b-unx302",
            "os_policies": [
              {
                "allow_no_resource_group_match": false,
                "description": "",
                "id": "unx302",
                "mode": "ENFORCEMENT",
                "resource_groups": [
                  {
                    "inventory_filters": [
                      {
                        "os_short_name": "debian",
                        "os_version": "10"
                      },
                      {
                        "os_short_name": "debian",
                        "os_version": "11"
                      },
                      {
                        "os_short_name": "debian",
                        "os_version": "12"
                      },
                      {
                        "os_short_name": "rocky",
                        "os_version": "8.*"
                      },
                      {
                        "os_short_name": "rocky",
                        "os_version": "9.*"
                      },
                      {
                        "os_short_name": "ubuntu",
                        "os_version": "20.04"
                      },
                      {
                        "os_short_name": "ubuntu",
                        "os_version": "22.04"
                      }
                    ],
                    "resources": [
                      {
                        "exec": [
                          {
                            "enforce": [
                              {
                                "args": [],
                                "file": [],
                                "interpreter": "SHELL",
                                "output_file_path": "",
                                "script": "if [ ! -f /etc/cron.allow ] ; then\n  sudo touch /etc/cron.allow\nfi\nsudo chown root /etc/cron.allow\nsudo chmod 640 /etc/cron.allow\nif [ ! -f /etc/cron.deny ] ; then\n  sudo touch /etc/cron.deny\nfi\nsudo chown root /etc/cron.deny\nsudo chmod 640 /etc/cron.deny\nexit 100\n"
                              }
                            ],
                            "validate": [
                              {
                                "args": [],
                                "file": [],
                                "interpreter": "SHELL",
                                "output_file_path": "",
                                "script": "if [ ! -f /etc/cron.allow ] ; then\n  exit 101\nelif ! sudo stat -c %a /etc/cron.allow | grep -qw '640' ; then\n  exit 101\nelif ! sudo stat -c %U /etc/cron.allow | grep -qw 'root' ; then\n  exit 101\nelif [ ! -f /etc/cron.deny ] ; then\n  exit 101\nelif ! sudo stat -c %a /etc/cron.deny | grep -qw '640' ; then\n  exit 101\nelif ! sudo stat -c %U /etc/cron.deny | grep -qw 'root' ; then\n  exit 101\nelse\n  exit 100\nfi\n"
                              }
                            ]
                          }
                        ],
                        "file": [],
                        "id": "configuration",
                        "pkg": [],
                        "repository": []
                      }
                    ]
                  }
                ]
              }
            ],
            "project": "swit-alpha",
            "reconciling": false,
            "revision_create_time": "2024-03-28T08:46:57.151857Z",
            "revision_id": "b3d33501-1563-4782-b9af-317fb9a82232",
            "rollout": [
              {
                "disruption_budget": [
                  {
                    "fixed": 0,
                    "percent": 100
                  }
                ],
                "min_wait_duration": "0s"
              }
            ],
            "rollout_state": "SUCCEEDED",
            "skip_await_rollout": true,
            "timeouts": null,
            "uid": "f5072a64-9d73-4043-9afd-a04c524a01df"
          },
          "sensitive_attributes": [],
          "private": "eyJlMmJmYjczMC1lY2FhLTExZTYtOGY4OC0zNDM2M2JjN2M0YzAiOnsiY3JlYXRlIjoxMjAwMDAwMDAwMDAwLCJkZWxldGUiOjEyMDAwMDAwMDAwMDAsInVwZGF0ZSI6MTIwMDAwMDAwMDAwMH19",
          "dependencies": [
            "module.os_policy.data.google_compute_zones.this",
            "module.os_policy.data.google_project.default"
          ]
        },
        {
          "index_key": "us-west1-c",
          "schema_version": 0,
          "attributes": {
            "baseline": true,
            "deleted": false,
            "description": "",
            "etag": "0f5a72b0-0c5e-49d4-a8a9-954f206e9d83",
            "id": "projects/swit-alpha/locations/us-west1-c/osPolicyAssignments/us-west1-c-unx302",
            "instance_filter": [
              {
                "all": false,
                "exclusion_labels": [
                  {
                    "labels": {
                      "goog-gke-node": ""
                    }
                  },
                  {
                    "labels": {
                      "serverless-vpc-access": "test-serverless-mysql"
                    }
                  },
                  {
                    "labels": {
                      "serverless-vpc-access": "swit-alpha-serverless-uw1"
                    }
                  }
                ],
                "inclusion_labels": [],
                "inventories": []
              }
            ],
            "location": "us-west1-c",
            "name": "us-west1-c-unx302",
            "os_policies": [
              {
                "allow_no_resource_group_match": false,
                "description": "",
                "id": "unx302",
                "mode": "ENFORCEMENT",
                "resource_groups": [
                  {
                    "inventory_filters": [
                      {
                        "os_short_name": "debian",
                        "os_version": "10"
                      },
                      {
                        "os_short_name": "debian",
                        "os_version": "11"
                      },
                      {
                        "os_short_name": "debian",
                        "os_version": "12"
                      },
                      {
                        "os_short_name": "rocky",
                        "os_version": "8.*"
                      },
                      {
                        "os_short_name": "rocky",
                        "os_version": "9.*"
                      },
                      {
                        "os_short_name": "ubuntu",
                        "os_version": "20.04"
                      },
                      {
                        "os_short_name": "ubuntu",
                        "os_version": "22.04"
                      }
                    ],
                    "resources": [
                      {
                        "exec": [
                          {
                            "enforce": [
                              {
                                "args": [],
                                "file": [],
                                "interpreter": "SHELL",
                                "output_file_path": "",
                                "script": "if [ ! -f /etc/cron.allow ] ; then\n  sudo touch /etc/cron.allow\nfi\nsudo chown root /etc/cron.allow\nsudo chmod 640 /etc/cron.allow\nif [ ! -f /etc/cron.deny ] ; then\n  sudo touch /etc/cron.deny\nfi\nsudo chown root /etc/cron.deny\nsudo chmod 640 /etc/cron.deny\nexit 100\n"
                              }
                            ],
                            "validate": [
                              {
                                "args": [],
                                "file": [],
                                "interpreter": "SHELL",
                                "output_file_path": "",
                                "script": "if [ ! -f /etc/cron.allow ] ; then\n  exit 101\nelif ! sudo stat -c %a /etc/cron.allow | grep -qw '640' ; then\n  exit 101\nelif ! sudo stat -c %U /etc/cron.allow | grep -qw 'root' ; then\n  exit 101\nelif [ ! -f /etc/cron.deny ] ; then\n  exit 101\nelif ! sudo stat -c %a /etc/cron.deny | grep -qw '640' ; then\n  exit 101\nelif ! sudo stat -c %U /etc/cron.deny | grep -qw 'root' ; then\n  exit 101\nelse\n  exit 100\nfi\n"
                              }
                            ]
                          }
                        ],
                        "file": [],
                        "id": "configuration",
                        "pkg": [],
                        "repository": []
                      }
                    ]
                  }
                ]
              }
            ],
            "project": "swit-alpha",
            "reconciling": false,
            "revision_create_time": "2024-03-28T08:46:57.181662Z",
            "revision_id": "ec775d48-e6fb-4ef5-b39b-6c709513b59c",
            "rollout": [
              {
                "disruption_budget": [
                  {
                    "fixed": 0,
                    "percent": 100
                  }
                ],
                "min_wait_duration": "0s"
              }
            ],
            "rollout_state": "SUCCEEDED",
            "skip_await_rollout": true,
            "timeouts": null,
            "uid": "d47e417d-6f89-4312-8780-02ffab148ab7"
          },
          "sensitive_attributes": [],
          "private": "eyJlMmJmYjczMC1lY2FhLTExZTYtOGY4OC0zNDM2M2JjN2M0YzAiOnsiY3JlYXRlIjoxMjAwMDAwMDAwMDAwLCJkZWxldGUiOjEyMDAwMDAwMDAwMDAsInVwZGF0ZSI6MTIwMDAwMDAwMDAwMH19",
          "dependencies": [
            "module.os_policy.data.google_compute_zones.this",
            "module.os_policy.data.google_project.default"
          ]
        }
      ]
    },
    {
      "module": "module.os_policy",
      "mode": "managed",
      "type": "google_os_config_os_policy_assignment",
      "name": "unx314",
      "provider": "provider[\"registry.terraform.io/hashicorp/google\"]",
      "instances": [
        {
          "index_key": "asia-northeast3-a",
          "schema_version": 0,
          "attributes": {
            "baseline": true,
            "deleted": false,
            "description": "",
            "etag": "56be1c13-56e7-425c-a4a1-07a26459f0eb",
            "id": "projects/swit-alpha/locations/asia-northeast3-a/osPolicyAssignments/asia-northeast3-a-unx314",
            "instance_filter": [
              {
                "all": false,
                "exclusion_labels": [
                  {
                    "labels": {
                      "goog-gke-node": ""
                    }
                  },
                  {
                    "labels": {
                      "serverless-vpc-access": "test-serverless-mysql"
                    }
                  },
                  {
                    "labels": {
                      "serverless-vpc-access": "swit-alpha-serverless-uw1"
                    }
                  }
                ],
                "inclusion_labels": [],
                "inventories": []
              }
            ],
            "location": "asia-northeast3-a",
            "name": "asia-northeast3-a-unx314",
            "os_policies": [
              {
                "allow_no_resource_group_match": false,
                "description": "",
                "id": "unx314",
                "mode": "ENFORCEMENT",
                "resource_groups": [
                  {
                    "inventory_filters": [
                      {
                        "os_short_name": "debian",
                        "os_version": "10"
                      },
                      {
                        "os_short_name": "debian",
                        "os_version": "11"
                      },
                      {
                        "os_short_name": "debian",
                        "os_version": "12"
                      },
                      {
                        "os_short_name": "rocky",
                        "os_version": "8.*"
                      },
                      {
                        "os_short_name": "rocky",
                        "os_version": "9.*"
                      },
                      {
                        "os_short_name": "ubuntu",
                        "os_version": "20.04"
                      },
                      {
                        "os_short_name": "ubuntu",
                        "os_version": "22.04"
                      }
                    ],
                    "resources": [
                      {
                        "exec": [
                          {
                            "enforce": [
                              {
                                "args": [],
                                "file": [],
                                "interpreter": "SHELL",
                                "output_file_path": "",
                                "script": "sudo rm -f /etc/motd\nif sudo grep -v '#' /etc/pam.d/login | grep -q 'pam_motd' ; then\n  sudo sed '/pam_motd/d' /etc/pam.d/login | sudo tee /etc/pam.d/.login\n  sudo mv /etc/pam.d/.login /etc/pam.d/login\nfi\nif sudo grep -v '#' /etc/pam.d/sshd | grep -q 'pam_motd' ; then\n  sudo sed '/pam_motd/d' /etc/pam.d/sshd | sudo tee /etc/pam.d/.sshd\n  sudo mv /etc/pam.d/.sshd /etc/pam.d/sshd\nfi\ncat \u003c\u003c EOF | sudo tee /etc/issue\n********************************************************************\n  This system is for the use of authorized users only. Usage of\n  this system may be monitored and recorded by system personnel.\n\n  Anyone using this system expressly consents to such monitoring\n  and is advised that if such monitoring reveals possible\n  evidence of criminal activity, system personnel may provide the\n  evidence from such monitoring to law enforcement officials.\n\n  Illegal access may be subject to legal sanctions\n\n  © 2019 by Swit Technologies Inc. All rights reserved.\n********************************************************************\nEOF\ncat \u003c\u003c EOF | sudo tee /etc/issue.net\n********************************************************************\n  This system is for the use of authorized users only. Usage of\n  this system may be monitored and recorded by system personnel.\n\n  Anyone using this system expressly consents to such monitoring\n  and is advised that if such monitoring reveals possible\n  evidence of criminal activity, system personnel may provide the\n  evidence from such monitoring to law enforcement officials.\n\n  Illegal access may be subject to legal sanctions\n\n  © 2019 by Swit Technologies Inc. All rights reserved.\n********************************************************************\nEOF\nexit 100\n"
                              }
                            ],
                            "validate": [
                              {
                                "args": [],
                                "file": [],
                                "interpreter": "SHELL",
                                "output_file_path": "",
                                "script": "if [ -f /etc/motd ] ; then\n  exit 101\nelif sudo grep -v '#' /etc/pam.d/login | grep -q 'pam_motd' ; then\n  exit 101\nelif sudo grep -v '#' /etc/pam.d/sshd | grep -q 'pam_motd' ; then\n  exit 101\nelif ! sudo grep -q 'Swit' /etc/issue ; then\n  exit 101\nelif ! sudo grep -q 'Swit' /etc/issue.net ; then\n  exit 101\nelse\n  exit 100\nfi\n"
                              }
                            ]
                          }
                        ],
                        "file": [],
                        "id": "configuration",
                        "pkg": [],
                        "repository": []
                      }
                    ]
                  }
                ]
              }
            ],
            "project": "swit-alpha",
            "reconciling": false,
            "revision_create_time": "2024-03-28T08:49:22.197376Z",
            "revision_id": "f1121522-e905-4e75-a6e0-9e27119e27b7",
            "rollout": [
              {
                "disruption_budget": [
                  {
                    "fixed": 0,
                    "percent": 100
                  }
                ],
                "min_wait_duration": "0s"
              }
            ],
            "rollout_state": "SUCCEEDED",
            "skip_await_rollout": true,
            "timeouts": null,
            "uid": "5b95cce5-8c9e-4ac4-8f26-1a8651aca7e4"
          },
          "sensitive_attributes": [],
          "private": "eyJlMmJmYjczMC1lY2FhLTExZTYtOGY4OC0zNDM2M2JjN2M0YzAiOnsiY3JlYXRlIjoxMjAwMDAwMDAwMDAwLCJkZWxldGUiOjEyMDAwMDAwMDAwMDAsInVwZGF0ZSI6MTIwMDAwMDAwMDAwMH19",
          "dependencies": [
            "module.os_policy.data.google_compute_zones.this",
            "module.os_policy.data.google_project.default"
          ]
        },
        {
          "index_key": "asia-northeast3-b",
          "schema_version": 0,
          "attributes": {
            "baseline": true,
            "deleted": false,
            "description": "",
            "etag": "abd9ba2b-0cdf-47c2-adf0-89f3cac690e1",
            "id": "projects/swit-alpha/locations/asia-northeast3-b/osPolicyAssignments/asia-northeast3-b-unx314",
            "instance_filter": [
              {
                "all": false,
                "exclusion_labels": [
                  {
                    "labels": {
                      "goog-gke-node": ""
                    }
                  },
                  {
                    "labels": {
                      "serverless-vpc-access": "test-serverless-mysql"
                    }
                  },
                  {
                    "labels": {
                      "serverless-vpc-access": "swit-alpha-serverless-uw1"
                    }
                  }
                ],
                "inclusion_labels": [],
                "inventories": []
              }
            ],
            "location": "asia-northeast3-b",
            "name": "asia-northeast3-b-unx314",
            "os_policies": [
              {
                "allow_no_resource_group_match": false,
                "description": "",
                "id": "unx314",
                "mode": "ENFORCEMENT",
                "resource_groups": [
                  {
                    "inventory_filters": [
                      {
                        "os_short_name": "debian",
                        "os_version": "10"
                      },
                      {
                        "os_short_name": "debian",
                        "os_version": "11"
                      },
                      {
                        "os_short_name": "debian",
                        "os_version": "12"
                      },
                      {
                        "os_short_name": "rocky",
                        "os_version": "8.*"
                      },
                      {
                        "os_short_name": "rocky",
                        "os_version": "9.*"
                      },
                      {
                        "os_short_name": "ubuntu",
                        "os_version": "20.04"
                      },
                      {
                        "os_short_name": "ubuntu",
                        "os_version": "22.04"
                      }
                    ],
                    "resources": [
                      {
                        "exec": [
                          {
                            "enforce": [
                              {
                                "args": [],
                                "file": [],
                                "interpreter": "SHELL",
                                "output_file_path": "",
                                "script": "sudo rm -f /etc/motd\nif sudo grep -v '#' /etc/pam.d/login | grep -q 'pam_motd' ; then\n  sudo sed '/pam_motd/d' /etc/pam.d/login | sudo tee /etc/pam.d/.login\n  sudo mv /etc/pam.d/.login /etc/pam.d/login\nfi\nif sudo grep -v '#' /etc/pam.d/sshd | grep -q 'pam_motd' ; then\n  sudo sed '/pam_motd/d' /etc/pam.d/sshd | sudo tee /etc/pam.d/.sshd\n  sudo mv /etc/pam.d/.sshd /etc/pam.d/sshd\nfi\ncat \u003c\u003c EOF | sudo tee /etc/issue\n********************************************************************\n  This system is for the use of authorized users only. Usage of\n  this system may be monitored and recorded by system personnel.\n\n  Anyone using this system expressly consents to such monitoring\n  and is advised that if such monitoring reveals possible\n  evidence of criminal activity, system personnel may provide the\n  evidence from such monitoring to law enforcement officials.\n\n  Illegal access may be subject to legal sanctions\n\n  © 2019 by Swit Technologies Inc. All rights reserved.\n********************************************************************\nEOF\ncat \u003c\u003c EOF | sudo tee /etc/issue.net\n********************************************************************\n  This system is for the use of authorized users only. Usage of\n  this system may be monitored and recorded by system personnel.\n\n  Anyone using this system expressly consents to such monitoring\n  and is advised that if such monitoring reveals possible\n  evidence of criminal activity, system personnel may provide the\n  evidence from such monitoring to law enforcement officials.\n\n  Illegal access may be subject to legal sanctions\n\n  © 2019 by Swit Technologies Inc. All rights reserved.\n********************************************************************\nEOF\nexit 100\n"
                              }
                            ],
                            "validate": [
                              {
                                "args": [],
                                "file": [],
                                "interpreter": "SHELL",
                                "output_file_path": "",
                                "script": "if [ -f /etc/motd ] ; then\n  exit 101\nelif sudo grep -v '#' /etc/pam.d/login | grep -q 'pam_motd' ; then\n  exit 101\nelif sudo grep -v '#' /etc/pam.d/sshd | grep -q 'pam_motd' ; then\n  exit 101\nelif ! sudo grep -q 'Swit' /etc/issue ; then\n  exit 101\nelif ! sudo grep -q 'Swit' /etc/issue.net ; then\n  exit 101\nelse\n  exit 100\nfi\n"
                              }
                            ]
                          }
                        ],
                        "file": [],
                        "id": "configuration",
                        "pkg": [],
                        "repository": []
                      }
                    ]
                  }
                ]
              }
            ],
            "project": "swit-alpha",
            "reconciling": false,
            "revision_create_time": "2024-03-28T08:49:22.016722Z",
            "revision_id": "c9c822a6-e521-4859-9f39-8ae32455fd39",
            "rollout": [
              {
                "disruption_budget": [
                  {
                    "fixed": 0,
                    "percent": 100
                  }
                ],
                "min_wait_duration": "0s"
              }
            ],
            "rollout_state": "SUCCEEDED",
            "skip_await_rollout": true,
            "timeouts": null,
            "uid": "aaa2215b-b76c-4edb-b44c-b547cbe74dd5"
          },
          "sensitive_attributes": [],
          "private": "eyJlMmJmYjczMC1lY2FhLTExZTYtOGY4OC0zNDM2M2JjN2M0YzAiOnsiY3JlYXRlIjoxMjAwMDAwMDAwMDAwLCJkZWxldGUiOjEyMDAwMDAwMDAwMDAsInVwZGF0ZSI6MTIwMDAwMDAwMDAwMH19",
          "dependencies": [
            "module.os_policy.data.google_compute_zones.this",
            "module.os_policy.data.google_project.default"
          ]
        },
        {
          "index_key": "asia-northeast3-c",
          "schema_version": 0,
          "attributes": {
            "baseline": true,
            "deleted": false,
            "description": "",
            "etag": "634407f7-8f57-4219-86f9-90d69a1a9c99",
            "id": "projects/swit-alpha/locations/asia-northeast3-c/osPolicyAssignments/asia-northeast3-c-unx314",
            "instance_filter": [
              {
                "all": false,
                "exclusion_labels": [
                  {
                    "labels": {
                      "goog-gke-node": ""
                    }
                  },
                  {
                    "labels": {
                      "serverless-vpc-access": "test-serverless-mysql"
                    }
                  },
                  {
                    "labels": {
                      "serverless-vpc-access": "swit-alpha-serverless-uw1"
                    }
                  }
                ],
                "inclusion_labels": [],
                "inventories": []
              }
            ],
            "location": "asia-northeast3-c",
            "name": "asia-northeast3-c-unx314",
            "os_policies": [
              {
                "allow_no_resource_group_match": false,
                "description": "",
                "id": "unx314",
                "mode": "ENFORCEMENT",
                "resource_groups": [
                  {
                    "inventory_filters": [
                      {
                        "os_short_name": "debian",
                        "os_version": "10"
                      },
                      {
                        "os_short_name": "debian",
                        "os_version": "11"
                      },
                      {
                        "os_short_name": "debian",
                        "os_version": "12"
                      },
                      {
                        "os_short_name": "rocky",
                        "os_version": "8.*"
                      },
                      {
                        "os_short_name": "rocky",
                        "os_version": "9.*"
                      },
                      {
                        "os_short_name": "ubuntu",
                        "os_version": "20.04"
                      },
                      {
                        "os_short_name": "ubuntu",
                        "os_version": "22.04"
                      }
                    ],
                    "resources": [
                      {
                        "exec": [
                          {
                            "enforce": [
                              {
                                "args": [],
                                "file": [],
                                "interpreter": "SHELL",
                                "output_file_path": "",
                                "script": "sudo rm -f /etc/motd\nif sudo grep -v '#' /etc/pam.d/login | grep -q 'pam_motd' ; then\n  sudo sed '/pam_motd/d' /etc/pam.d/login | sudo tee /etc/pam.d/.login\n  sudo mv /etc/pam.d/.login /etc/pam.d/login\nfi\nif sudo grep -v '#' /etc/pam.d/sshd | grep -q 'pam_motd' ; then\n  sudo sed '/pam_motd/d' /etc/pam.d/sshd | sudo tee /etc/pam.d/.sshd\n  sudo mv /etc/pam.d/.sshd /etc/pam.d/sshd\nfi\ncat \u003c\u003c EOF | sudo tee /etc/issue\n********************************************************************\n  This system is for the use of authorized users only. Usage of\n  this system may be monitored and recorded by system personnel.\n\n  Anyone using this system expressly consents to such monitoring\n  and is advised that if such monitoring reveals possible\n  evidence of criminal activity, system personnel may provide the\n  evidence from such monitoring to law enforcement officials.\n\n  Illegal access may be subject to legal sanctions\n\n  © 2019 by Swit Technologies Inc. All rights reserved.\n********************************************************************\nEOF\ncat \u003c\u003c EOF | sudo tee /etc/issue.net\n********************************************************************\n  This system is for the use of authorized users only. Usage of\n  this system may be monitored and recorded by system personnel.\n\n  Anyone using this system expressly consents to such monitoring\n  and is advised that if such monitoring reveals possible\n  evidence of criminal activity, system personnel may provide the\n  evidence from such monitoring to law enforcement officials.\n\n  Illegal access may be subject to legal sanctions\n\n  © 2019 by Swit Technologies Inc. All rights reserved.\n********************************************************************\nEOF\nexit 100\n"
                              }
                            ],
                            "validate": [
                              {
                                "args": [],
                                "file": [],
                                "interpreter": "SHELL",
                                "output_file_path": "",
                                "script": "if [ -f /etc/motd ] ; then\n  exit 101\nelif sudo grep -v '#' /etc/pam.d/login | grep -q 'pam_motd' ; then\n  exit 101\nelif sudo grep -v '#' /etc/pam.d/sshd | grep -q 'pam_motd' ; then\n  exit 101\nelif ! sudo grep -q 'Swit' /etc/issue ; then\n  exit 101\nelif ! sudo grep -q 'Swit' /etc/issue.net ; then\n  exit 101\nelse\n  exit 100\nfi\n"
                              }
                            ]
                          }
                        ],
                        "file": [],
                        "id": "configuration",
                        "pkg": [],
                        "repository": []
                      }
                    ]
                  }
                ]
              }
            ],
            "project": "swit-alpha",
            "reconciling": false,
            "revision_create_time": "2024-03-28T08:49:22.232415Z",
            "revision_id": "76f23d95-2be4-48a8-9f32-993e0e7d0927",
            "rollout": [
              {
                "disruption_budget": [
                  {
                    "fixed": 0,
                    "percent": 100
                  }
                ],
                "min_wait_duration": "0s"
              }
            ],
            "rollout_state": "SUCCEEDED",
            "skip_await_rollout": true,
            "timeouts": null,
            "uid": "fa771126-7e00-471a-9a0f-0bf6998cc211"
          },
          "sensitive_attributes": [],
          "private": "eyJlMmJmYjczMC1lY2FhLTExZTYtOGY4OC0zNDM2M2JjN2M0YzAiOnsiY3JlYXRlIjoxMjAwMDAwMDAwMDAwLCJkZWxldGUiOjEyMDAwMDAwMDAwMDAsInVwZGF0ZSI6MTIwMDAwMDAwMDAwMH19",
          "dependencies": [
            "module.os_policy.data.google_compute_zones.this",
            "module.os_policy.data.google_project.default"
          ]
        },
        {
          "index_key": "us-west1-a",
          "schema_version": 0,
          "attributes": {
            "baseline": true,
            "deleted": false,
            "description": "",
            "etag": "7004c236-f7c9-4e77-be27-83ebf61a7590",
            "id": "projects/swit-alpha/locations/us-west1-a/osPolicyAssignments/us-west1-a-unx314",
            "instance_filter": [
              {
                "all": false,
                "exclusion_labels": [
                  {
                    "labels": {
                      "goog-gke-node": ""
                    }
                  },
                  {
                    "labels": {
                      "serverless-vpc-access": "test-serverless-mysql"
                    }
                  },
                  {
                    "labels": {
                      "serverless-vpc-access": "swit-alpha-serverless-uw1"
                    }
                  }
                ],
                "inclusion_labels": [],
                "inventories": []
              }
            ],
            "location": "us-west1-a",
            "name": "us-west1-a-unx314",
            "os_policies": [
              {
                "allow_no_resource_group_match": false,
                "description": "",
                "id": "unx314",
                "mode": "ENFORCEMENT",
                "resource_groups": [
                  {
                    "inventory_filters": [
                      {
                        "os_short_name": "debian",
                        "os_version": "10"
                      },
                      {
                        "os_short_name": "debian",
                        "os_version": "11"
                      },
                      {
                        "os_short_name": "debian",
                        "os_version": "12"
                      },
                      {
                        "os_short_name": "rocky",
                        "os_version": "8.*"
                      },
                      {
                        "os_short_name": "rocky",
                        "os_version": "9.*"
                      },
                      {
                        "os_short_name": "ubuntu",
                        "os_version": "20.04"
                      },
                      {
                        "os_short_name": "ubuntu",
                        "os_version": "22.04"
                      }
                    ],
                    "resources": [
                      {
                        "exec": [
                          {
                            "enforce": [
                              {
                                "args": [],
                                "file": [],
                                "interpreter": "SHELL",
                                "output_file_path": "",
                                "script": "sudo rm -f /etc/motd\nif sudo grep -v '#' /etc/pam.d/login | grep -q 'pam_motd' ; then\n  sudo sed '/pam_motd/d' /etc/pam.d/login | sudo tee /etc/pam.d/.login\n  sudo mv /etc/pam.d/.login /etc/pam.d/login\nfi\nif sudo grep -v '#' /etc/pam.d/sshd | grep -q 'pam_motd' ; then\n  sudo sed '/pam_motd/d' /etc/pam.d/sshd | sudo tee /etc/pam.d/.sshd\n  sudo mv /etc/pam.d/.sshd /etc/pam.d/sshd\nfi\ncat \u003c\u003c EOF | sudo tee /etc/issue\n********************************************************************\n  This system is for the use of authorized users only. Usage of\n  this system may be monitored and recorded by system personnel.\n\n  Anyone using this system expressly consents to such monitoring\n  and is advised that if such monitoring reveals possible\n  evidence of criminal activity, system personnel may provide the\n  evidence from such monitoring to law enforcement officials.\n\n  Illegal access may be subject to legal sanctions\n\n  © 2019 by Swit Technologies Inc. All rights reserved.\n********************************************************************\nEOF\ncat \u003c\u003c EOF | sudo tee /etc/issue.net\n********************************************************************\n  This system is for the use of authorized users only. Usage of\n  this system may be monitored and recorded by system personnel.\n\n  Anyone using this system expressly consents to such monitoring\n  and is advised that if such monitoring reveals possible\n  evidence of criminal activity, system personnel may provide the\n  evidence from such monitoring to law enforcement officials.\n\n  Illegal access may be subject to legal sanctions\n\n  © 2019 by Swit Technologies Inc. All rights reserved.\n********************************************************************\nEOF\nexit 100\n"
                              }
                            ],
                            "validate": [
                              {
                                "args": [],
                                "file": [],
                                "interpreter": "SHELL",
                                "output_file_path": "",
                                "script": "if [ -f /etc/motd ] ; then\n  exit 101\nelif sudo grep -v '#' /etc/pam.d/login | grep -q 'pam_motd' ; then\n  exit 101\nelif sudo grep -v '#' /etc/pam.d/sshd | grep -q 'pam_motd' ; then\n  exit 101\nelif ! sudo grep -q 'Swit' /etc/issue ; then\n  exit 101\nelif ! sudo grep -q 'Swit' /etc/issue.net ; then\n  exit 101\nelse\n  exit 100\nfi\n"
                              }
                            ]
                          }
                        ],
                        "file": [],
                        "id": "configuration",
                        "pkg": [],
                        "repository": []
                      }
                    ]
                  }
                ]
              }
            ],
            "project": "swit-alpha",
            "reconciling": false,
            "revision_create_time": "2024-03-28T08:49:22.612698Z",
            "revision_id": "0f1ce84a-267e-44d5-9a9a-3e9878dc88c8",
            "rollout": [
              {
                "disruption_budget": [
                  {
                    "fixed": 0,
                    "percent": 100
                  }
                ],
                "min_wait_duration": "0s"
              }
            ],
            "rollout_state": "SUCCEEDED",
            "skip_await_rollout": true,
            "timeouts": null,
            "uid": "aa43824a-1c1d-4727-8462-4f6089ab8c19"
          },
          "sensitive_attributes": [],
          "private": "eyJlMmJmYjczMC1lY2FhLTExZTYtOGY4OC0zNDM2M2JjN2M0YzAiOnsiY3JlYXRlIjoxMjAwMDAwMDAwMDAwLCJkZWxldGUiOjEyMDAwMDAwMDAwMDAsInVwZGF0ZSI6MTIwMDAwMDAwMDAwMH19",
          "dependencies": [
            "module.os_policy.data.google_compute_zones.this",
            "module.os_policy.data.google_project.default"
          ]
        },
        {
          "index_key": "us-west1-b",
          "schema_version": 0,
          "attributes": {
            "baseline": true,
            "deleted": false,
            "description": "",
            "etag": "7f288660-36ae-4ae9-a1a1-449ddd652782",
            "id": "projects/swit-alpha/locations/us-west1-b/osPolicyAssignments/us-west1-b-unx314",
            "instance_filter": [
              {
                "all": false,
                "exclusion_labels": [
                  {
                    "labels": {
                      "goog-gke-node": ""
                    }
                  },
                  {
                    "labels": {
                      "serverless-vpc-access": "test-serverless-mysql"
                    }
                  },
                  {
                    "labels": {
                      "serverless-vpc-access": "swit-alpha-serverless-uw1"
                    }
                  }
                ],
                "inclusion_labels": [],
                "inventories": []
              }
            ],
            "location": "us-west1-b",
            "name": "us-west1-b-unx314",
            "os_policies": [
              {
                "allow_no_resource_group_match": false,
                "description": "",
                "id": "unx314",
                "mode": "ENFORCEMENT",
                "resource_groups": [
                  {
                    "inventory_filters": [
                      {
                        "os_short_name": "debian",
                        "os_version": "10"
                      },
                      {
                        "os_short_name": "debian",
                        "os_version": "11"
                      },
                      {
                        "os_short_name": "debian",
                        "os_version": "12"
                      },
                      {
                        "os_short_name": "rocky",
                        "os_version": "8.*"
                      },
                      {
                        "os_short_name": "rocky",
                        "os_version": "9.*"
                      },
                      {
                        "os_short_name": "ubuntu",
                        "os_version": "20.04"
                      },
                      {
                        "os_short_name": "ubuntu",
                        "os_version": "22.04"
                      }
                    ],
                    "resources": [
                      {
                        "exec": [
                          {
                            "enforce": [
                              {
                                "args": [],
                                "file": [],
                                "interpreter": "SHELL",
                                "output_file_path": "",
                                "script": "sudo rm -f /etc/motd\nif sudo grep -v '#' /etc/pam.d/login | grep -q 'pam_motd' ; then\n  sudo sed '/pam_motd/d' /etc/pam.d/login | sudo tee /etc/pam.d/.login\n  sudo mv /etc/pam.d/.login /etc/pam.d/login\nfi\nif sudo grep -v '#' /etc/pam.d/sshd | grep -q 'pam_motd' ; then\n  sudo sed '/pam_motd/d' /etc/pam.d/sshd | sudo tee /etc/pam.d/.sshd\n  sudo mv /etc/pam.d/.sshd /etc/pam.d/sshd\nfi\ncat \u003c\u003c EOF | sudo tee /etc/issue\n********************************************************************\n  This system is for the use of authorized users only. Usage of\n  this system may be monitored and recorded by system personnel.\n\n  Anyone using this system expressly consents to such monitoring\n  and is advised that if such monitoring reveals possible\n  evidence of criminal activity, system personnel may provide the\n  evidence from such monitoring to law enforcement officials.\n\n  Illegal access may be subject to legal sanctions\n\n  © 2019 by Swit Technologies Inc. All rights reserved.\n********************************************************************\nEOF\ncat \u003c\u003c EOF | sudo tee /etc/issue.net\n********************************************************************\n  This system is for the use of authorized users only. Usage of\n  this system may be monitored and recorded by system personnel.\n\n  Anyone using this system expressly consents to such monitoring\n  and is advised that if such monitoring reveals possible\n  evidence of criminal activity, system personnel may provide the\n  evidence from such monitoring to law enforcement officials.\n\n  Illegal access may be subject to legal sanctions\n\n  © 2019 by Swit Technologies Inc. All rights reserved.\n********************************************************************\nEOF\nexit 100\n"
                              }
                            ],
                            "validate": [
                              {
                                "args": [],
                                "file": [],
                                "interpreter": "SHELL",
                                "output_file_path": "",
                                "script": "if [ -f /etc/motd ] ; then\n  exit 101\nelif sudo grep -v '#' /etc/pam.d/login | grep -q 'pam_motd' ; then\n  exit 101\nelif sudo grep -v '#' /etc/pam.d/sshd | grep -q 'pam_motd' ; then\n  exit 101\nelif ! sudo grep -q 'Swit' /etc/issue ; then\n  exit 101\nelif ! sudo grep -q 'Swit' /etc/issue.net ; then\n  exit 101\nelse\n  exit 100\nfi\n"
                              }
                            ]
                          }
                        ],
                        "file": [],
                        "id": "configuration",
                        "pkg": [],
                        "repository": []
                      }
                    ]
                  }
                ]
              }
            ],
            "project": "swit-alpha",
            "reconciling": false,
            "revision_create_time": "2024-03-28T08:49:22.618063Z",
            "revision_id": "a32ce0f4-fb13-4af6-a5c0-19ec7cb5c81e",
            "rollout": [
              {
                "disruption_budget": [
                  {
                    "fixed": 0,
                    "percent": 100
                  }
                ],
                "min_wait_duration": "0s"
              }
            ],
            "rollout_state": "SUCCEEDED",
            "skip_await_rollout": true,
            "timeouts": null,
            "uid": "0e28c90c-7d07-4440-a0fd-5bcfa38e024c"
          },
          "sensitive_attributes": [],
          "private": "eyJlMmJmYjczMC1lY2FhLTExZTYtOGY4OC0zNDM2M2JjN2M0YzAiOnsiY3JlYXRlIjoxMjAwMDAwMDAwMDAwLCJkZWxldGUiOjEyMDAwMDAwMDAwMDAsInVwZGF0ZSI6MTIwMDAwMDAwMDAwMH19",
          "dependencies": [
            "module.os_policy.data.google_compute_zones.this",
            "module.os_policy.data.google_project.default"
          ]
        },
        {
          "index_key": "us-west1-c",
          "schema_version": 0,
          "attributes": {
            "baseline": true,
            "deleted": false,
            "description": "",
            "etag": "5fd6da74-4d20-4874-b9b4-1716b8844169",
            "id": "projects/swit-alpha/locations/us-west1-c/osPolicyAssignments/us-west1-c-unx314",
            "instance_filter": [
              {
                "all": false,
                "exclusion_labels": [
                  {
                    "labels": {
                      "goog-gke-node": ""
                    }
                  },
                  {
                    "labels": {
                      "serverless-vpc-access": "test-serverless-mysql"
                    }
                  },
                  {
                    "labels": {
                      "serverless-vpc-access": "swit-alpha-serverless-uw1"
                    }
                  }
                ],
                "inclusion_labels": [],
                "inventories": []
              }
            ],
            "location": "us-west1-c",
            "name": "us-west1-c-unx314",
            "os_policies": [
              {
                "allow_no_resource_group_match": false,
                "description": "",
                "id": "unx314",
                "mode": "ENFORCEMENT",
                "resource_groups": [
                  {
                    "inventory_filters": [
                      {
                        "os_short_name": "debian",
                        "os_version": "10"
                      },
                      {
                        "os_short_name": "debian",
                        "os_version": "11"
                      },
                      {
                        "os_short_name": "debian",
                        "os_version": "12"
                      },
                      {
                        "os_short_name": "rocky",
                        "os_version": "8.*"
                      },
                      {
                        "os_short_name": "rocky",
                        "os_version": "9.*"
                      },
                      {
                        "os_short_name": "ubuntu",
                        "os_version": "20.04"
                      },
                      {
                        "os_short_name": "ubuntu",
                        "os_version": "22.04"
                      }
                    ],
                    "resources": [
                      {
                        "exec": [
                          {
                            "enforce": [
                              {
                                "args": [],
                                "file": [],
                                "interpreter": "SHELL",
                                "output_file_path": "",
                                "script": "sudo rm -f /etc/motd\nif sudo grep -v '#' /etc/pam.d/login | grep -q 'pam_motd' ; then\n  sudo sed '/pam_motd/d' /etc/pam.d/login | sudo tee /etc/pam.d/.login\n  sudo mv /etc/pam.d/.login /etc/pam.d/login\nfi\nif sudo grep -v '#' /etc/pam.d/sshd | grep -q 'pam_motd' ; then\n  sudo sed '/pam_motd/d' /etc/pam.d/sshd | sudo tee /etc/pam.d/.sshd\n  sudo mv /etc/pam.d/.sshd /etc/pam.d/sshd\nfi\ncat \u003c\u003c EOF | sudo tee /etc/issue\n********************************************************************\n  This system is for the use of authorized users only. Usage of\n  this system may be monitored and recorded by system personnel.\n\n  Anyone using this system expressly consents to such monitoring\n  and is advised that if such monitoring reveals possible\n  evidence of criminal activity, system personnel may provide the\n  evidence from such monitoring to law enforcement officials.\n\n  Illegal access may be subject to legal sanctions\n\n  © 2019 by Swit Technologies Inc. All rights reserved.\n********************************************************************\nEOF\ncat \u003c\u003c EOF | sudo tee /etc/issue.net\n********************************************************************\n  This system is for the use of authorized users only. Usage of\n  this system may be monitored and recorded by system personnel.\n\n  Anyone using this system expressly consents to such monitoring\n  and is advised that if such monitoring reveals possible\n  evidence of criminal activity, system personnel may provide the\n  evidence from such monitoring to law enforcement officials.\n\n  Illegal access may be subject to legal sanctions\n\n  © 2019 by Swit Technologies Inc. All rights reserved.\n********************************************************************\nEOF\nexit 100\n"
                              }
                            ],
                            "validate": [
                              {
                                "args": [],
                                "file": [],
                                "interpreter": "SHELL",
                                "output_file_path": "",
                                "script": "if [ -f /etc/motd ] ; then\n  exit 101\nelif sudo grep -v '#' /etc/pam.d/login | grep -q 'pam_motd' ; then\n  exit 101\nelif sudo grep -v '#' /etc/pam.d/sshd | grep -q 'pam_motd' ; then\n  exit 101\nelif ! sudo grep -q 'Swit' /etc/issue ; then\n  exit 101\nelif ! sudo grep -q 'Swit' /etc/issue.net ; then\n  exit 101\nelse\n  exit 100\nfi\n"
                              }
                            ]
                          }
                        ],
                        "file": [],
                        "id": "configuration",
                        "pkg": [],
                        "repository": []
                      }
                    ]
                  }
                ]
              }
            ],
            "project": "swit-alpha",
            "reconciling": false,
            "revision_create_time": "2024-03-28T08:49:22.637940Z",
            "revision_id": "3d6b8ba6-dd82-4e4a-9d1c-fedec9b333d9",
            "rollout": [
              {
                "disruption_budget": [
                  {
                    "fixed": 0,
                    "percent": 100
                  }
                ],
                "min_wait_duration": "0s"
              }
            ],
            "rollout_state": "SUCCEEDED",
            "skip_await_rollout": true,
            "timeouts": null,
            "uid": "015b6610-244e-435f-8778-4624f59c3f85"
          },
          "sensitive_attributes": [],
          "private": "eyJlMmJmYjczMC1lY2FhLTExZTYtOGY4OC0zNDM2M2JjN2M0YzAiOnsiY3JlYXRlIjoxMjAwMDAwMDAwMDAwLCJkZWxldGUiOjEyMDAwMDAwMDAwMDAsInVwZGF0ZSI6MTIwMDAwMDAwMDAwMH19",
          "dependencies": [
            "module.os_policy.data.google_compute_zones.this",
            "module.os_policy.data.google_project.default"
          ]
        }
      ]
    },
    {
      "module": "module.os_policy",
      "mode": "managed",
      "type": "google_os_config_os_policy_assignment",
      "name": "unx501",
      "provider": "provider[\"registry.terraform.io/hashicorp/google\"]",
      "instances": [
        {
          "index_key": "asia-northeast3-a",
          "schema_version": 0,
          "attributes": {
            "baseline": true,
            "deleted": false,
            "description": "",
            "etag": "f1f93390-7ff6-41d3-8831-203b453ca774",
            "id": "projects/swit-alpha/locations/asia-northeast3-a/osPolicyAssignments/asia-northeast3-a-unx501",
            "instance_filter": [
              {
                "all": false,
                "exclusion_labels": [
                  {
                    "labels": {
                      "goog-gke-node": ""
                    }
                  },
                  {
                    "labels": {
                      "serverless-vpc-access": "test-serverless-mysql"
                    }
                  },
                  {
                    "labels": {
                      "serverless-vpc-access": "swit-alpha-serverless-uw1"
                    }
                  }
                ],
                "inclusion_labels": [],
                "inventories": []
              }
            ],
            "location": "asia-northeast3-a",
            "name": "asia-northeast3-a-unx501",
            "os_policies": [
              {
                "allow_no_resource_group_match": false,
                "description": "",
                "id": "unx501",
                "mode": "ENFORCEMENT",
                "resource_groups": [
                  {
                    "inventory_filters": [
                      {
                        "os_short_name": "debian",
                        "os_version": "10"
                      },
                      {
                        "os_short_name": "debian",
                        "os_version": "11"
                      },
                      {
                        "os_short_name": "debian",
                        "os_version": "12"
                      },
                      {
                        "os_short_name": "rocky",
                        "os_version": "8.*"
                      },
                      {
                        "os_short_name": "rocky",
                        "os_version": "9.*"
                      },
                      {
                        "os_short_name": "ubuntu",
                        "os_version": "20.04"
                      },
                      {
                        "os_short_name": "ubuntu",
                        "os_version": "22.04"
                      }
                    ],
                    "resources": [
                      {
                        "exec": [
                          {
                            "enforce": [
                              {
                                "args": [],
                                "file": [],
                                "interpreter": "SHELL",
                                "output_file_path": "",
                                "script": "cat \u003c\u003c EOF | sudo tee /etc/rsyslog.d/91-unx501.conf1\n*.info;mail.none;authpriv.none;cron.none /var/log/messages\nauthpriv.* /var/log/secure\nmail.* /var/log/maillog\ncron.* /var/log/cron\n*.alert /dev/console\n*.emerg *\nEOF\nsudo systemctl restart rsyslog\nexit 100\n"
                              }
                            ],
                            "validate": [
                              {
                                "args": [],
                                "file": [],
                                "interpreter": "SHELL",
                                "output_file_path": "",
                                "script": "if [ ! -f /etc/rsyslog.d/91-unx501.conf ] ; then\n  exit 101\nelif ! sudo stat -c %a /etc/rsyslog.d/91-unx501.conf | grep -qw '644' ; then\n  exit 101\nelse\n  exit 100\nfi\n"
                              }
                            ]
                          }
                        ],
                        "file": [],
                        "id": "configuration",
                        "pkg": [],
                        "repository": []
                      }
                    ]
                  }
                ]
              }
            ],
            "project": "swit-alpha",
            "reconciling": false,
            "revision_create_time": "2024-03-28T08:52:01.874916Z",
            "revision_id": "e72feb23-c5c2-418a-a112-1e9b1b3268db",
            "rollout": [
              {
                "disruption_budget": [
                  {
                    "fixed": 0,
                    "percent": 100
                  }
                ],
                "min_wait_duration": "0s"
              }
            ],
            "rollout_state": "SUCCEEDED",
            "skip_await_rollout": true,
            "timeouts": null,
            "uid": "6634c5d9-2bc8-43a3-878b-63ffc2b40c6c"
          },
          "sensitive_attributes": [],
          "private": "eyJlMmJmYjczMC1lY2FhLTExZTYtOGY4OC0zNDM2M2JjN2M0YzAiOnsiY3JlYXRlIjoxMjAwMDAwMDAwMDAwLCJkZWxldGUiOjEyMDAwMDAwMDAwMDAsInVwZGF0ZSI6MTIwMDAwMDAwMDAwMH19",
          "dependencies": [
            "module.os_policy.data.google_compute_zones.this",
            "module.os_policy.data.google_project.default"
          ]
        },
        {
          "index_key": "asia-northeast3-b",
          "schema_version": 0,
          "attributes": {
            "baseline": true,
            "deleted": false,
            "description": "",
            "etag": "c9c90dc9-1674-4b19-96c9-bc7107a28302",
            "id": "projects/swit-alpha/locations/asia-northeast3-b/osPolicyAssignments/asia-northeast3-b-unx501",
            "instance_filter": [
              {
                "all": false,
                "exclusion_labels": [
                  {
                    "labels": {
                      "goog-gke-node": ""
                    }
                  },
                  {
                    "labels": {
                      "serverless-vpc-access": "test-serverless-mysql"
                    }
                  },
                  {
                    "labels": {
                      "serverless-vpc-access": "swit-alpha-serverless-uw1"
                    }
                  }
                ],
                "inclusion_labels": [],
                "inventories": []
              }
            ],
            "location": "asia-northeast3-b",
            "name": "asia-northeast3-b-unx501",
            "os_policies": [
              {
                "allow_no_resource_group_match": false,
                "description": "",
                "id": "unx501",
                "mode": "ENFORCEMENT",
                "resource_groups": [
                  {
                    "inventory_filters": [
                      {
                        "os_short_name": "debian",
                        "os_version": "10"
                      },
                      {
                        "os_short_name": "debian",
                        "os_version": "11"
                      },
                      {
                        "os_short_name": "debian",
                        "os_version": "12"
                      },
                      {
                        "os_short_name": "rocky",
                        "os_version": "8.*"
                      },
                      {
                        "os_short_name": "rocky",
                        "os_version": "9.*"
                      },
                      {
                        "os_short_name": "ubuntu",
                        "os_version": "20.04"
                      },
                      {
                        "os_short_name": "ubuntu",
                        "os_version": "22.04"
                      }
                    ],
                    "resources": [
                      {
                        "exec": [
                          {
                            "enforce": [
                              {
                                "args": [],
                                "file": [],
                                "interpreter": "SHELL",
                                "output_file_path": "",
                                "script": "cat \u003c\u003c EOF | sudo tee /etc/rsyslog.d/91-unx501.conf1\n*.info;mail.none;authpriv.none;cron.none /var/log/messages\nauthpriv.* /var/log/secure\nmail.* /var/log/maillog\ncron.* /var/log/cron\n*.alert /dev/console\n*.emerg *\nEOF\nsudo systemctl restart rsyslog\nexit 100\n"
                              }
                            ],
                            "validate": [
                              {
                                "args": [],
                                "file": [],
                                "interpreter": "SHELL",
                                "output_file_path": "",
                                "script": "if [ ! -f /etc/rsyslog.d/91-unx501.conf ] ; then\n  exit 101\nelif ! sudo stat -c %a /etc/rsyslog.d/91-unx501.conf | grep -qw '644' ; then\n  exit 101\nelse\n  exit 100\nfi\n"
                              }
                            ]
                          }
                        ],
                        "file": [],
                        "id": "configuration",
                        "pkg": [],
                        "repository": []
                      }
                    ]
                  }
                ]
              }
            ],
            "project": "swit-alpha",
            "reconciling": false,
            "revision_create_time": "2024-03-28T08:52:01.896157Z",
            "revision_id": "3a70cf12-41f5-404c-a108-c0ee095534fb",
            "rollout": [
              {
                "disruption_budget": [
                  {
                    "fixed": 0,
                    "percent": 100
                  }
                ],
                "min_wait_duration": "0s"
              }
            ],
            "rollout_state": "SUCCEEDED",
            "skip_await_rollout": true,
            "timeouts": null,
            "uid": "6b555818-ec50-4853-bf2c-fe05c3a86de6"
          },
          "sensitive_attributes": [],
          "private": "eyJlMmJmYjczMC1lY2FhLTExZTYtOGY4OC0zNDM2M2JjN2M0YzAiOnsiY3JlYXRlIjoxMjAwMDAwMDAwMDAwLCJkZWxldGUiOjEyMDAwMDAwMDAwMDAsInVwZGF0ZSI6MTIwMDAwMDAwMDAwMH19",
          "dependencies": [
            "module.os_policy.data.google_compute_zones.this",
            "module.os_policy.data.google_project.default"
          ]
        },
        {
          "index_key": "asia-northeast3-c",
          "schema_version": 0,
          "attributes": {
            "baseline": true,
            "deleted": false,
            "description": "",
            "etag": "9aeb1fea-1d4c-4dca-93b9-9828e9b322d4",
            "id": "projects/swit-alpha/locations/asia-northeast3-c/osPolicyAssignments/asia-northeast3-c-unx501",
            "instance_filter": [
              {
                "all": false,
                "exclusion_labels": [
                  {
                    "labels": {
                      "goog-gke-node": ""
                    }
                  },
                  {
                    "labels": {
                      "serverless-vpc-access": "test-serverless-mysql"
                    }
                  },
                  {
                    "labels": {
                      "serverless-vpc-access": "swit-alpha-serverless-uw1"
                    }
                  }
                ],
                "inclusion_labels": [],
                "inventories": []
              }
            ],
            "location": "asia-northeast3-c",
            "name": "asia-northeast3-c-unx501",
            "os_policies": [
              {
                "allow_no_resource_group_match": false,
                "description": "",
                "id": "unx501",
                "mode": "ENFORCEMENT",
                "resource_groups": [
                  {
                    "inventory_filters": [
                      {
                        "os_short_name": "debian",
                        "os_version": "10"
                      },
                      {
                        "os_short_name": "debian",
                        "os_version": "11"
                      },
                      {
                        "os_short_name": "debian",
                        "os_version": "12"
                      },
                      {
                        "os_short_name": "rocky",
                        "os_version": "8.*"
                      },
                      {
                        "os_short_name": "rocky",
                        "os_version": "9.*"
                      },
                      {
                        "os_short_name": "ubuntu",
                        "os_version": "20.04"
                      },
                      {
                        "os_short_name": "ubuntu",
                        "os_version": "22.04"
                      }
                    ],
                    "resources": [
                      {
                        "exec": [
                          {
                            "enforce": [
                              {
                                "args": [],
                                "file": [],
                                "interpreter": "SHELL",
                                "output_file_path": "",
                                "script": "cat \u003c\u003c EOF | sudo tee /etc/rsyslog.d/91-unx501.conf1\n*.info;mail.none;authpriv.none;cron.none /var/log/messages\nauthpriv.* /var/log/secure\nmail.* /var/log/maillog\ncron.* /var/log/cron\n*.alert /dev/console\n*.emerg *\nEOF\nsudo systemctl restart rsyslog\nexit 100\n"
                              }
                            ],
                            "validate": [
                              {
                                "args": [],
                                "file": [],
                                "interpreter": "SHELL",
                                "output_file_path": "",
                                "script": "if [ ! -f /etc/rsyslog.d/91-unx501.conf ] ; then\n  exit 101\nelif ! sudo stat -c %a /etc/rsyslog.d/91-unx501.conf | grep -qw '644' ; then\n  exit 101\nelse\n  exit 100\nfi\n"
                              }
                            ]
                          }
                        ],
                        "file": [],
                        "id": "configuration",
                        "pkg": [],
                        "repository": []
                      }
                    ]
                  }
                ]
              }
            ],
            "project": "swit-alpha",
            "reconciling": false,
            "revision_create_time": "2024-03-28T08:52:01.871947Z",
            "revision_id": "0ba2db90-966a-481a-bdfb-4cdcc3618ba7",
            "rollout": [
              {
                "disruption_budget": [
                  {
                    "fixed": 0,
                    "percent": 100
                  }
                ],
                "min_wait_duration": "0s"
              }
            ],
            "rollout_state": "SUCCEEDED",
            "skip_await_rollout": true,
            "timeouts": null,
            "uid": "dbba7851-e071-4034-8cb0-c6a6785308e1"
          },
          "sensitive_attributes": [],
          "private": "eyJlMmJmYjczMC1lY2FhLTExZTYtOGY4OC0zNDM2M2JjN2M0YzAiOnsiY3JlYXRlIjoxMjAwMDAwMDAwMDAwLCJkZWxldGUiOjEyMDAwMDAwMDAwMDAsInVwZGF0ZSI6MTIwMDAwMDAwMDAwMH19",
          "dependencies": [
            "module.os_policy.data.google_compute_zones.this",
            "module.os_policy.data.google_project.default"
          ]
        },
        {
          "index_key": "us-west1-a",
          "schema_version": 0,
          "attributes": {
            "baseline": true,
            "deleted": false,
            "description": "",
            "etag": "f78f4b50-75c3-45ee-820b-8d86e0707722",
            "id": "projects/swit-alpha/locations/us-west1-a/osPolicyAssignments/us-west1-a-unx501",
            "instance_filter": [
              {
                "all": false,
                "exclusion_labels": [
                  {
                    "labels": {
                      "goog-gke-node": ""
                    }
                  },
                  {
                    "labels": {
                      "serverless-vpc-access": "test-serverless-mysql"
                    }
                  },
                  {
                    "labels": {
                      "serverless-vpc-access": "swit-alpha-serverless-uw1"
                    }
                  }
                ],
                "inclusion_labels": [],
                "inventories": []
              }
            ],
            "location": "us-west1-a",
            "name": "us-west1-a-unx501",
            "os_policies": [
              {
                "allow_no_resource_group_match": false,
                "description": "",
                "id": "unx501",
                "mode": "ENFORCEMENT",
                "resource_groups": [
                  {
                    "inventory_filters": [
                      {
                        "os_short_name": "debian",
                        "os_version": "10"
                      },
                      {
                        "os_short_name": "debian",
                        "os_version": "11"
                      },
                      {
                        "os_short_name": "debian",
                        "os_version": "12"
                      },
                      {
                        "os_short_name": "rocky",
                        "os_version": "8.*"
                      },
                      {
                        "os_short_name": "rocky",
                        "os_version": "9.*"
                      },
                      {
                        "os_short_name": "ubuntu",
                        "os_version": "20.04"
                      },
                      {
                        "os_short_name": "ubuntu",
                        "os_version": "22.04"
                      }
                    ],
                    "resources": [
                      {
                        "exec": [
                          {
                            "enforce": [
                              {
                                "args": [],
                                "file": [],
                                "interpreter": "SHELL",
                                "output_file_path": "",
                                "script": "cat \u003c\u003c EOF | sudo tee /etc/rsyslog.d/91-unx501.conf1\n*.info;mail.none;authpriv.none;cron.none /var/log/messages\nauthpriv.* /var/log/secure\nmail.* /var/log/maillog\ncron.* /var/log/cron\n*.alert /dev/console\n*.emerg *\nEOF\nsudo systemctl restart rsyslog\nexit 100\n"
                              }
                            ],
                            "validate": [
                              {
                                "args": [],
                                "file": [],
                                "interpreter": "SHELL",
                                "output_file_path": "",
                                "script": "if [ ! -f /etc/rsyslog.d/91-unx501.conf ] ; then\n  exit 101\nelif ! sudo stat -c %a /etc/rsyslog.d/91-unx501.conf | grep -qw '644' ; then\n  exit 101\nelse\n  exit 100\nfi\n"
                              }
                            ]
                          }
                        ],
                        "file": [],
                        "id": "configuration",
                        "pkg": [],
                        "repository": []
                      }
                    ]
                  }
                ]
              }
            ],
            "project": "swit-alpha",
            "reconciling": false,
            "revision_create_time": "2024-03-28T08:52:02.287555Z",
            "revision_id": "9b0177ae-d184-43c7-82fb-5d774555a8c8",
            "rollout": [
              {
                "disruption_budget": [
                  {
                    "fixed": 0,
                    "percent": 100
                  }
                ],
                "min_wait_duration": "0s"
              }
            ],
            "rollout_state": "SUCCEEDED",
            "skip_await_rollout": true,
            "timeouts": null,
            "uid": "739579d5-0dd2-49c1-9902-c9058c0ffc78"
          },
          "sensitive_attributes": [],
          "private": "eyJlMmJmYjczMC1lY2FhLTExZTYtOGY4OC0zNDM2M2JjN2M0YzAiOnsiY3JlYXRlIjoxMjAwMDAwMDAwMDAwLCJkZWxldGUiOjEyMDAwMDAwMDAwMDAsInVwZGF0ZSI6MTIwMDAwMDAwMDAwMH19",
          "dependencies": [
            "module.os_policy.data.google_compute_zones.this",
            "module.os_policy.data.google_project.default"
          ]
        },
        {
          "index_key": "us-west1-b",
          "schema_version": 0,
          "attributes": {
            "baseline": true,
            "deleted": false,
            "description": "",
            "etag": "edc50fe2-f81f-4ee3-9789-9ec887a77c09",
            "id": "projects/swit-alpha/locations/us-west1-b/osPolicyAssignments/us-west1-b-unx501",
            "instance_filter": [
              {
                "all": false,
                "exclusion_labels": [
                  {
                    "labels": {
                      "goog-gke-node": ""
                    }
                  },
                  {
                    "labels": {
                      "serverless-vpc-access": "test-serverless-mysql"
                    }
                  },
                  {
                    "labels": {
                      "serverless-vpc-access": "swit-alpha-serverless-uw1"
                    }
                  }
                ],
                "inclusion_labels": [],
                "inventories": []
              }
            ],
            "location": "us-west1-b",
            "name": "us-west1-b-unx501",
            "os_policies": [
              {
                "allow_no_resource_group_match": false,
                "description": "",
                "id": "unx501",
                "mode": "ENFORCEMENT",
                "resource_groups": [
                  {
                    "inventory_filters": [
                      {
                        "os_short_name": "debian",
                        "os_version": "10"
                      },
                      {
                        "os_short_name": "debian",
                        "os_version": "11"
                      },
                      {
                        "os_short_name": "debian",
                        "os_version": "12"
                      },
                      {
                        "os_short_name": "rocky",
                        "os_version": "8.*"
                      },
                      {
                        "os_short_name": "rocky",
                        "os_version": "9.*"
                      },
                      {
                        "os_short_name": "ubuntu",
                        "os_version": "20.04"
                      },
                      {
                        "os_short_name": "ubuntu",
                        "os_version": "22.04"
                      }
                    ],
                    "resources": [
                      {
                        "exec": [
                          {
                            "enforce": [
                              {
                                "args": [],
                                "file": [],
                                "interpreter": "SHELL",
                                "output_file_path": "",
                                "script": "cat \u003c\u003c EOF | sudo tee /etc/rsyslog.d/91-unx501.conf1\n*.info;mail.none;authpriv.none;cron.none /var/log/messages\nauthpriv.* /var/log/secure\nmail.* /var/log/maillog\ncron.* /var/log/cron\n*.alert /dev/console\n*.emerg *\nEOF\nsudo systemctl restart rsyslog\nexit 100\n"
                              }
                            ],
                            "validate": [
                              {
                                "args": [],
                                "file": [],
                                "interpreter": "SHELL",
                                "output_file_path": "",
                                "script": "if [ ! -f /etc/rsyslog.d/91-unx501.conf ] ; then\n  exit 101\nelif ! sudo stat -c %a /etc/rsyslog.d/91-unx501.conf | grep -qw '644' ; then\n  exit 101\nelse\n  exit 100\nfi\n"
                              }
                            ]
                          }
                        ],
                        "file": [],
                        "id": "configuration",
                        "pkg": [],
                        "repository": []
                      }
                    ]
                  }
                ]
              }
            ],
            "project": "swit-alpha",
            "reconciling": false,
            "revision_create_time": "2024-03-28T08:52:02.261257Z",
            "revision_id": "f35b6ea7-0d82-4a2b-9f54-c4c989d7e1cc",
            "rollout": [
              {
                "disruption_budget": [
                  {
                    "fixed": 0,
                    "percent": 100
                  }
                ],
                "min_wait_duration": "0s"
              }
            ],
            "rollout_state": "SUCCEEDED",
            "skip_await_rollout": true,
            "timeouts": null,
            "uid": "dcf93c09-b2db-44ae-841a-9cbd08747744"
          },
          "sensitive_attributes": [],
          "private": "eyJlMmJmYjczMC1lY2FhLTExZTYtOGY4OC0zNDM2M2JjN2M0YzAiOnsiY3JlYXRlIjoxMjAwMDAwMDAwMDAwLCJkZWxldGUiOjEyMDAwMDAwMDAwMDAsInVwZGF0ZSI6MTIwMDAwMDAwMDAwMH19",
          "dependencies": [
            "module.os_policy.data.google_compute_zones.this",
            "module.os_policy.data.google_project.default"
          ]
        },
        {
          "index_key": "us-west1-c",
          "schema_version": 0,
          "attributes": {
            "baseline": true,
            "deleted": false,
            "description": "",
            "etag": "9570fa57-c8ef-4388-bbb7-c278b793583c",
            "id": "projects/swit-alpha/locations/us-west1-c/osPolicyAssignments/us-west1-c-unx501",
            "instance_filter": [
              {
                "all": false,
                "exclusion_labels": [
                  {
                    "labels": {
                      "goog-gke-node": ""
                    }
                  },
                  {
                    "labels": {
                      "serverless-vpc-access": "test-serverless-mysql"
                    }
                  },
                  {
                    "labels": {
                      "serverless-vpc-access": "swit-alpha-serverless-uw1"
                    }
                  }
                ],
                "inclusion_labels": [],
                "inventories": []
              }
            ],
            "location": "us-west1-c",
            "name": "us-west1-c-unx501",
            "os_policies": [
              {
                "allow_no_resource_group_match": false,
                "description": "",
                "id": "unx501",
                "mode": "ENFORCEMENT",
                "resource_groups": [
                  {
                    "inventory_filters": [
                      {
                        "os_short_name": "debian",
                        "os_version": "10"
                      },
                      {
                        "os_short_name": "debian",
                        "os_version": "11"
                      },
                      {
                        "os_short_name": "debian",
                        "os_version": "12"
                      },
                      {
                        "os_short_name": "rocky",
                        "os_version": "8.*"
                      },
                      {
                        "os_short_name": "rocky",
                        "os_version": "9.*"
                      },
                      {
                        "os_short_name": "ubuntu",
                        "os_version": "20.04"
                      },
                      {
                        "os_short_name": "ubuntu",
                        "os_version": "22.04"
                      }
                    ],
                    "resources": [
                      {
                        "exec": [
                          {
                            "enforce": [
                              {
                                "args": [],
                                "file": [],
                                "interpreter": "SHELL",
                                "output_file_path": "",
                                "script": "cat \u003c\u003c EOF | sudo tee /etc/rsyslog.d/91-unx501.conf1\n*.info;mail.none;authpriv.none;cron.none /var/log/messages\nauthpriv.* /var/log/secure\nmail.* /var/log/maillog\ncron.* /var/log/cron\n*.alert /dev/console\n*.emerg *\nEOF\nsudo systemctl restart rsyslog\nexit 100\n"
                              }
                            ],
                            "validate": [
                              {
                                "args": [],
                                "file": [],
                                "interpreter": "SHELL",
                                "output_file_path": "",
                                "script": "if [ ! -f /etc/rsyslog.d/91-unx501.conf ] ; then\n  exit 101\nelif ! sudo stat -c %a /etc/rsyslog.d/91-unx501.conf | grep -qw '644' ; then\n  exit 101\nelse\n  exit 100\nfi\n"
                              }
                            ]
                          }
                        ],
                        "file": [],
                        "id": "configuration",
                        "pkg": [],
                        "repository": []
                      }
                    ]
                  }
                ]
              }
            ],
            "project": "swit-alpha",
            "reconciling": false,
            "revision_create_time": "2024-03-28T08:52:02.264192Z",
            "revision_id": "de3aa53a-fbab-4dc6-aa3c-f2ccd07abbd0",
            "rollout": [
              {
                "disruption_budget": [
                  {
                    "fixed": 0,
                    "percent": 100
                  }
                ],
                "min_wait_duration": "0s"
              }
            ],
            "rollout_state": "SUCCEEDED",
            "skip_await_rollout": true,
            "timeouts": null,
            "uid": "e19afedf-cff7-4889-b68f-f669a5f21d93"
          },
          "sensitive_attributes": [],
          "private": "eyJlMmJmYjczMC1lY2FhLTExZTYtOGY4OC0zNDM2M2JjN2M0YzAiOnsiY3JlYXRlIjoxMjAwMDAwMDAwMDAwLCJkZWxldGUiOjEyMDAwMDAwMDAwMDAsInVwZGF0ZSI6MTIwMDAwMDAwMDAwMH19",
          "dependencies": [
            "module.os_policy.data.google_compute_zones.this",
            "module.os_policy.data.google_project.default"
          ]
        }
      ]
    }
  ],
  "check_results": null
}
